{
  "version": 4,
  "terraform_version": "1.6.4",
  "serial": 239,
  "lineage": "cdcb6e68-9790-e1ca-9570-112a7a658bcb",
  "outputs": {
    "databricks_studio_url": {
      "value": "https://adb-356941338561125.5.azuredatabricks.net",
      "type": "string"
    },
    "datafactory_studio_url": {
      "value": "https://adf.azure.com/en/home",
      "type": "string"
    },
    "synapse_studio_url": {
      "value": "https://web.azuresynapse.net?workspace=%2fsubscriptions%2f28b08140-f0c6-4a37-94d7-45edc468886d%2fresourceGroups%2fbigdatax3e8pb1yv5_rg%2fproviders%2fMicrosoft.Synapse%2fworkspaces%2fsynapse-workspace-bigdatax3e8pb1yv5",
      "type": "string"
    }
  },
  "resources": [
    {
      "mode": "data",
      "type": "archive_file",
      "name": "function",
      "provider": "provider[\"registry.terraform.io/hashicorp/archive\"]",
      "instances": [
        {
          "schema_version": 0,
          "attributes": {
            "exclude_symlink_directories": null,
            "excludes": null,
            "id": "a0bc4dcbaf907e21c5990fded805e99423e8cda6",
            "output_base64sha256": "YptYyYzaaribt1QVXbMNFtVEsTQQADglFm6BUuIz/eg=",
            "output_base64sha512": "eSwGI7JdPlh2uV6uiHAI73EFbUdx4iyz4seRdlLyUw7sq44WACC9ifnGeybMZbniJUrbHMfC2klTHkC8aZBS0w==",
            "output_file_mode": null,
            "output_md5": "135bb692c12b83307fd9238b5caecad5",
            "output_path": "../../function.zip",
            "output_sha": "a0bc4dcbaf907e21c5990fded805e99423e8cda6",
            "output_sha256": "629b58c98cda6ab89bb754155db30d16d544b13410003825166e8152e233fde8",
            "output_sha512": "792c0623b25d3e5876b95eae887008ef71056d4771e22cb3e2c7917652f2530eecab8e160020bd89f9c67b26cc65b9e2254adb1cc7c2da49531e40bc699052d3",
            "output_size": 36744,
            "source": [],
            "source_content": null,
            "source_content_filename": null,
            "source_dir": "../../function/target/azure-functions/observation-generator",
            "source_file": null,
            "type": "zip"
          },
          "sensitive_attributes": []
        }
      ]
    },
    {
      "mode": "data",
      "type": "azuread_client_config",
      "name": "current",
      "provider": "provider[\"registry.terraform.io/hashicorp/azuread\"]",
      "instances": [
        {
          "schema_version": 0,
          "attributes": {
            "client_id": "04b07795-8ddb-461a-bbee-02f9e1bf7b46",
            "id": "349f24ea-f393-48c0-a0b5-31d041139cb4-04b07795-8ddb-461a-bbee-02f9e1bf7b46-662169e8-7af6-4b12-a00a-0e288b59bdc4",
            "object_id": "662169e8-7af6-4b12-a00a-0e288b59bdc4",
            "tenant_id": "349f24ea-f393-48c0-a0b5-31d041139cb4",
            "timeouts": null
          },
          "sensitive_attributes": []
        }
      ]
    },
    {
      "mode": "data",
      "type": "databricks_current_user",
      "name": "current",
      "provider": "provider[\"registry.terraform.io/databricks/databricks\"]",
      "instances": [
        {
          "schema_version": 0,
          "attributes": {
            "alphanumeric": "d_marudau",
            "external_id": "662169e8-7af6-4b12-a00a-0e288b59bdc4",
            "home": "/Users/d.marudau@gmail.com",
            "id": "8997746600307349",
            "repos": "/Repos/d.marudau@gmail.com",
            "user_name": "d.marudau@gmail.com",
            "workspace_url": "https://adb-356941338561125.5.azuredatabricks.net"
          },
          "sensitive_attributes": []
        }
      ]
    },
    {
      "mode": "data",
      "type": "databricks_node_type",
      "name": "smallest",
      "provider": "provider[\"registry.terraform.io/databricks/databricks\"]",
      "instances": [
        {
          "schema_version": 0,
          "attributes": {
            "category": null,
            "gb_per_core": null,
            "graviton": null,
            "id": "Standard_D4plds_v6",
            "is_io_cache_enabled": null,
            "local_disk": true,
            "min_cores": null,
            "min_gpus": null,
            "min_memory_gb": null,
            "photon_driver_capable": null,
            "photon_worker_capable": null,
            "support_port_forwarding": null,
            "vcpu": null
          },
          "sensitive_attributes": []
        }
      ]
    },
    {
      "mode": "data",
      "type": "databricks_spark_version",
      "name": "latest",
      "provider": "provider[\"registry.terraform.io/databricks/databricks\"]",
      "instances": [
        {
          "schema_version": 0,
          "attributes": {
            "beta": null,
            "genomics": null,
            "gpu": null,
            "graviton": null,
            "id": "15.4.x-scala2.12",
            "latest": true,
            "long_term_support": true,
            "ml": null,
            "photon": null,
            "scala": "2.12",
            "spark_version": null
          },
          "sensitive_attributes": []
        }
      ]
    },
    {
      "mode": "managed",
      "type": "azuread_application",
      "name": "databricks_service_application",
      "provider": "provider[\"registry.terraform.io/hashicorp/azuread\"]",
      "instances": [
        {
          "schema_version": 2,
          "attributes": {
            "api": [
              {
                "known_client_applications": [],
                "mapped_claims_enabled": false,
                "oauth2_permission_scope": [],
                "requested_access_token_version": 1
              }
            ],
            "app_role": [],
            "app_role_ids": {},
            "application_id": "a20da45c-38b4-4e8a-a816-968e3f0d7bc4",
            "client_id": "a20da45c-38b4-4e8a-a816-968e3f0d7bc4",
            "description": "",
            "device_only_auth_enabled": false,
            "disabled_by_microsoft": "\u003cnil\u003e",
            "display_name": "databricks_service_applicationbigdatax3e8pb1yv5",
            "fallback_public_client_enabled": false,
            "feature_tags": [
              {
                "custom_single_sign_on": false,
                "enterprise": false,
                "gallery": false,
                "hide": false
              }
            ],
            "group_membership_claims": null,
            "id": "/applications/044bb2eb-0733-4816-803b-37d95f2ac7bc",
            "identifier_uris": [
              "api://databricks_service_applicationbigdatax3e8pb1yv5"
            ],
            "logo_image": "",
            "logo_url": "",
            "marketing_url": "",
            "notes": "",
            "oauth2_permission_scope_ids": {},
            "oauth2_post_response_required": false,
            "object_id": "044bb2eb-0733-4816-803b-37d95f2ac7bc",
            "optional_claims": [
              {
                "access_token": [],
                "id_token": [],
                "saml2_token": []
              }
            ],
            "owners": [
              "662169e8-7af6-4b12-a00a-0e288b59bdc4"
            ],
            "prevent_duplicate_names": false,
            "privacy_statement_url": "",
            "public_client": [
              {
                "redirect_uris": []
              }
            ],
            "publisher_domain": "dmarudaugmail.onmicrosoft.com",
            "required_resource_access": [],
            "service_management_reference": "",
            "sign_in_audience": "AzureADMyOrg",
            "single_page_application": [
              {
                "redirect_uris": []
              }
            ],
            "support_url": "",
            "tags": [],
            "template_id": "",
            "terms_of_service_url": "",
            "timeouts": null,
            "web": [
              {
                "homepage_url": "",
                "implicit_grant": [
                  {
                    "access_token_issuance_enabled": false,
                    "id_token_issuance_enabled": false
                  }
                ],
                "logout_url": "",
                "redirect_uris": []
              }
            ]
          },
          "sensitive_attributes": [],
          "private": "eyJlMmJmYjczMC1lY2FhLTExZTYtOGY4OC0zNDM2M2JjN2M0YzAiOnsiY3JlYXRlIjo2MDAwMDAwMDAwMDAsImRlbGV0ZSI6MzAwMDAwMDAwMDAwLCJyZWFkIjozMDAwMDAwMDAwMDAsInVwZGF0ZSI6NjAwMDAwMDAwMDAwfSwic2NoZW1hX3ZlcnNpb24iOiIyIn0=",
          "dependencies": [
            "data.azuread_client_config.current",
            "random_string.random_prefix"
          ]
        }
      ]
    },
    {
      "mode": "managed",
      "type": "azuread_service_principal",
      "name": "aad_service_sp",
      "provider": "provider[\"registry.terraform.io/hashicorp/azuread\"]",
      "instances": [
        {
          "schema_version": 0,
          "attributes": {
            "account_enabled": true,
            "alternative_names": null,
            "app_role_assignment_required": false,
            "app_role_ids": {},
            "app_roles": [],
            "application_id": "a20da45c-38b4-4e8a-a816-968e3f0d7bc4",
            "application_tenant_id": "349f24ea-f393-48c0-a0b5-31d041139cb4",
            "client_id": "a20da45c-38b4-4e8a-a816-968e3f0d7bc4",
            "description": "",
            "display_name": "databricks_service_applicationbigdatax3e8pb1yv5",
            "feature_tags": [
              {
                "custom_single_sign_on": false,
                "enterprise": false,
                "gallery": false,
                "hide": false
              }
            ],
            "features": [
              {
                "custom_single_sign_on_app": false,
                "enterprise_application": false,
                "gallery_application": false,
                "visible_to_users": true
              }
            ],
            "homepage_url": "",
            "id": "3c459c7e-d81a-4431-9cc6-539fe783f675",
            "login_url": "",
            "logout_url": "",
            "notes": "",
            "notification_email_addresses": null,
            "oauth2_permission_scope_ids": {},
            "oauth2_permission_scopes": [],
            "object_id": "3c459c7e-d81a-4431-9cc6-539fe783f675",
            "owners": [
              "662169e8-7af6-4b12-a00a-0e288b59bdc4"
            ],
            "preferred_single_sign_on_mode": "",
            "redirect_uris": [],
            "saml_metadata_url": "",
            "saml_single_sign_on": [
              {
                "relay_state": ""
              }
            ],
            "service_principal_names": [
              "api://databricks_service_applicationbigdatax3e8pb1yv5"
            ],
            "sign_in_audience": "AzureADMyOrg",
            "tags": [],
            "timeouts": null,
            "type": "Application",
            "use_existing": null
          },
          "sensitive_attributes": [],
          "private": "eyJlMmJmYjczMC1lY2FhLTExZTYtOGY4OC0zNDM2M2JjN2M0YzAiOnsiY3JlYXRlIjo2MDAwMDAwMDAwMDAsImRlbGV0ZSI6MzAwMDAwMDAwMDAwLCJyZWFkIjozMDAwMDAwMDAwMDAsInVwZGF0ZSI6NjAwMDAwMDAwMDAwfX0=",
          "dependencies": [
            "azuread_application.databricks_service_application",
            "data.azuread_client_config.current",
            "random_string.random_prefix"
          ]
        }
      ]
    },
    {
      "mode": "managed",
      "type": "azuread_service_principal_password",
      "name": "service_sp_pswd",
      "provider": "provider[\"registry.terraform.io/hashicorp/azuread\"]",
      "instances": [
        {
          "schema_version": 1,
          "attributes": {
            "display_name": null,
            "end_date": "2026-11-04T13:46:36Z",
            "end_date_relative": null,
            "id": "3c459c7e-d81a-4431-9cc6-539fe783f675/password/ef30173d-d0d1-4023-8538-e2faf1973684",
            "key_id": "ef30173d-d0d1-4023-8538-e2faf1973684",
            "rotate_when_changed": null,
            "service_principal_id": "3c459c7e-d81a-4431-9cc6-539fe783f675",
            "start_date": "2024-11-04T13:46:36Z",
            "timeouts": null,
            "value": "X6i8Q~6D6gApOKCpu2vSeBSuIXKO-jWuTc2oObU_"
          },
          "sensitive_attributes": [],
          "private": "eyJlMmJmYjczMC1lY2FhLTExZTYtOGY4OC0zNDM2M2JjN2M0YzAiOnsiY3JlYXRlIjozMDAwMDAwMDAwMDAsImRlbGV0ZSI6MzAwMDAwMDAwMDAwLCJyZWFkIjozMDAwMDAwMDAwMDAsInVwZGF0ZSI6MzAwMDAwMDAwMDAwfSwic2NoZW1hX3ZlcnNpb24iOiIxIn0=",
          "dependencies": [
            "azuread_application.databricks_service_application",
            "azuread_service_principal.aad_service_sp",
            "data.azuread_client_config.current",
            "random_string.random_prefix"
          ]
        }
      ]
    },
    {
      "mode": "managed",
      "type": "azurerm_data_factory",
      "name": "data_factory",
      "provider": "provider[\"registry.terraform.io/hashicorp/azurerm\"]",
      "instances": [
        {
          "schema_version": 2,
          "attributes": {
            "customer_managed_key_id": "",
            "customer_managed_key_identity_id": "",
            "github_configuration": [],
            "global_parameter": [],
            "id": "/subscriptions/28b08140-f0c6-4a37-94d7-45edc468886d/resourceGroups/bigdatax3e8pb1yv5_rg/providers/Microsoft.DataFactory/factories/data-factory-bigdatax3e8pb1yv5",
            "identity": [
              {
                "identity_ids": null,
                "principal_id": "59750769-b80f-4a5e-b399-a930cb9a43bd",
                "tenant_id": "349f24ea-f393-48c0-a0b5-31d041139cb4",
                "type": "SystemAssigned"
              }
            ],
            "location": "northeurope",
            "managed_virtual_network_enabled": false,
            "name": "data-factory-bigdatax3e8pb1yv5",
            "public_network_enabled": true,
            "purview_id": "",
            "resource_group_name": "bigdatax3e8pb1yv5_rg",
            "tags": {
              "Environment": "Big Data Reference Lab"
            },
            "timeouts": null,
            "vsts_configuration": []
          },
          "sensitive_attributes": [],
          "private": "eyJlMmJmYjczMC1lY2FhLTExZTYtOGY4OC0zNDM2M2JjN2M0YzAiOnsiY3JlYXRlIjoxODAwMDAwMDAwMDAwLCJkZWxldGUiOjE4MDAwMDAwMDAwMDAsInJlYWQiOjMwMDAwMDAwMDAwMCwidXBkYXRlIjoxODAwMDAwMDAwMDAwfSwic2NoZW1hX3ZlcnNpb24iOiIyIn0=",
          "dependencies": [
            "azurerm_resource_group.resource_group",
            "random_string.random_prefix"
          ]
        }
      ]
    },
    {
      "mode": "managed",
      "type": "azurerm_data_factory_linked_service_azure_blob_storage",
      "name": "patient_blob_data_source_linked_service",
      "provider": "provider[\"registry.terraform.io/hashicorp/azurerm\"]",
      "instances": [
        {
          "schema_version": 0,
          "attributes": {
            "additional_properties": null,
            "annotations": null,
            "connection_string": null,
            "connection_string_insecure": null,
            "data_factory_id": "/subscriptions/28b08140-f0c6-4a37-94d7-45edc468886d/resourceGroups/bigdatax3e8pb1yv5_rg/providers/Microsoft.DataFactory/factories/data-factory-bigdatax3e8pb1yv5",
            "description": "",
            "id": "/subscriptions/28b08140-f0c6-4a37-94d7-45edc468886d/resourceGroups/bigdatax3e8pb1yv5_rg/providers/Microsoft.DataFactory/factories/data-factory-bigdatax3e8pb1yv5/linkedservices/blobSourceBlobStorageLinkedService",
            "integration_runtime_name": null,
            "key_vault_sas_token": [],
            "name": "blobSourceBlobStorageLinkedService",
            "parameters": null,
            "sas_uri": null,
            "service_endpoint": "https://sourcebigdatax3e8pb1yv5.blob.core.windows.net",
            "service_principal_id": null,
            "service_principal_key": null,
            "service_principal_linked_key_vault_key": [],
            "storage_kind": "",
            "tenant_id": null,
            "timeouts": null,
            "use_managed_identity": true
          },
          "sensitive_attributes": [],
          "private": "eyJlMmJmYjczMC1lY2FhLTExZTYtOGY4OC0zNDM2M2JjN2M0YzAiOnsiY3JlYXRlIjoxODAwMDAwMDAwMDAwLCJkZWxldGUiOjE4MDAwMDAwMDAwMDAsInJlYWQiOjMwMDAwMDAwMDAwMCwidXBkYXRlIjoxODAwMDAwMDAwMDAwfX0=",
          "dependencies": [
            "azurerm_data_factory.data_factory",
            "azurerm_resource_group.resource_group",
            "azurerm_storage_account.source_storage_account",
            "random_string.random_prefix"
          ]
        }
      ]
    },
    {
      "mode": "managed",
      "type": "azurerm_data_factory_linked_service_azure_databricks",
      "name": "databricks_cluster_linked_servie",
      "provider": "provider[\"registry.terraform.io/hashicorp/azurerm\"]",
      "instances": [
        {
          "schema_version": 0,
          "attributes": {
            "access_token": null,
            "adb_domain": "https://adb-356941338561125.5.azuredatabricks.net",
            "additional_properties": null,
            "annotations": null,
            "data_factory_id": "/subscriptions/28b08140-f0c6-4a37-94d7-45edc468886d/resourceGroups/bigdatax3e8pb1yv5_rg/providers/Microsoft.DataFactory/factories/data-factory-bigdatax3e8pb1yv5",
            "description": "",
            "existing_cluster_id": "1104-134938-vfoymik6",
            "id": "/subscriptions/28b08140-f0c6-4a37-94d7-45edc468886d/resourceGroups/bigdatax3e8pb1yv5_rg/providers/Microsoft.DataFactory/factories/data-factory-bigdatax3e8pb1yv5/linkedservices/databricksClusterLinkedService",
            "instance_pool": [],
            "integration_runtime_name": null,
            "key_vault_password": [],
            "msi_work_space_resource_id": "/subscriptions/28b08140-f0c6-4a37-94d7-45edc468886d/resourceGroups/bigdatax3e8pb1yv5_rg/providers/Microsoft.Databricks/workspaces/databricks-workspace-bigdatax3e8pb1yv5",
            "name": "databricksClusterLinkedService",
            "new_cluster_config": [],
            "parameters": null,
            "timeouts": null
          },
          "sensitive_attributes": [],
          "private": "eyJlMmJmYjczMC1lY2FhLTExZTYtOGY4OC0zNDM2M2JjN2M0YzAiOnsiY3JlYXRlIjoxODAwMDAwMDAwMDAwLCJkZWxldGUiOjE4MDAwMDAwMDAwMDAsInJlYWQiOjMwMDAwMDAwMDAwMCwidXBkYXRlIjoxODAwMDAwMDAwMDAwfX0=",
          "dependencies": [
            "azurerm_data_factory.data_factory",
            "azurerm_databricks_workspace.databricks_workspace",
            "azurerm_resource_group.resource_group",
            "data.databricks_spark_version.latest",
            "databricks_cluster.databricks_cluster",
            "random_string.random_prefix"
          ]
        }
      ]
    },
    {
      "mode": "managed",
      "type": "azurerm_data_factory_linked_service_data_lake_storage_gen2",
      "name": "datalake_linked_service",
      "provider": "provider[\"registry.terraform.io/hashicorp/azurerm\"]",
      "instances": [
        {
          "schema_version": 0,
          "attributes": {
            "additional_properties": null,
            "annotations": null,
            "data_factory_id": "/subscriptions/28b08140-f0c6-4a37-94d7-45edc468886d/resourceGroups/bigdatax3e8pb1yv5_rg/providers/Microsoft.DataFactory/factories/data-factory-bigdatax3e8pb1yv5",
            "description": "",
            "id": "/subscriptions/28b08140-f0c6-4a37-94d7-45edc468886d/resourceGroups/bigdatax3e8pb1yv5_rg/providers/Microsoft.DataFactory/factories/data-factory-bigdatax3e8pb1yv5/linkedservices/datalakeLinkedService",
            "integration_runtime_name": null,
            "name": "datalakeLinkedService",
            "parameters": null,
            "service_principal_id": null,
            "service_principal_key": null,
            "storage_account_key": null,
            "tenant": null,
            "timeouts": null,
            "url": "https://datalakebigdatax3e8pb1yv.dfs.core.windows.net/",
            "use_managed_identity": true
          },
          "sensitive_attributes": [],
          "private": "eyJlMmJmYjczMC1lY2FhLTExZTYtOGY4OC0zNDM2M2JjN2M0YzAiOnsiY3JlYXRlIjoxODAwMDAwMDAwMDAwLCJkZWxldGUiOjE4MDAwMDAwMDAwMDAsInJlYWQiOjMwMDAwMDAwMDAwMCwidXBkYXRlIjoxODAwMDAwMDAwMDAwfX0=",
          "dependencies": [
            "azurerm_data_factory.data_factory",
            "azurerm_resource_group.resource_group",
            "azurerm_storage_account.datalake_storage_account",
            "random_string.random_prefix"
          ]
        }
      ]
    },
    {
      "mode": "managed",
      "type": "azurerm_data_factory_linked_service_key_vault",
      "name": "key_vault_linked_service",
      "provider": "provider[\"registry.terraform.io/hashicorp/azurerm\"]",
      "instances": [
        {
          "schema_version": 0,
          "attributes": {
            "additional_properties": null,
            "annotations": null,
            "data_factory_id": "/subscriptions/28b08140-f0c6-4a37-94d7-45edc468886d/resourceGroups/bigdatax3e8pb1yv5_rg/providers/Microsoft.DataFactory/factories/data-factory-bigdatax3e8pb1yv5",
            "description": "",
            "id": "/subscriptions/28b08140-f0c6-4a37-94d7-45edc468886d/resourceGroups/bigdatax3e8pb1yv5_rg/providers/Microsoft.DataFactory/factories/data-factory-bigdatax3e8pb1yv5/linkedservices/keyVaultLinkedService",
            "integration_runtime_name": null,
            "key_vault_id": "/subscriptions/28b08140-f0c6-4a37-94d7-45edc468886d/resourceGroups/bigdatax3e8pb1yv5_rg/providers/Microsoft.KeyVault/vaults/bigdatax3e8pb1yv5-kv",
            "name": "keyVaultLinkedService",
            "parameters": null,
            "timeouts": null
          },
          "sensitive_attributes": [],
          "private": "eyJlMmJmYjczMC1lY2FhLTExZTYtOGY4OC0zNDM2M2JjN2M0YzAiOnsiY3JlYXRlIjoxODAwMDAwMDAwMDAwLCJkZWxldGUiOjE4MDAwMDAwMDAwMDAsInJlYWQiOjMwMDAwMDAwMDAwMCwidXBkYXRlIjoxODAwMDAwMDAwMDAwfX0=",
          "dependencies": [
            "azurerm_data_factory.data_factory",
            "azurerm_key_vault.key_vault",
            "azurerm_resource_group.resource_group",
            "data.azuread_client_config.current",
            "random_string.random_prefix"
          ]
        }
      ]
    },
    {
      "mode": "managed",
      "type": "azurerm_databricks_workspace",
      "name": "databricks_workspace",
      "provider": "provider[\"registry.terraform.io/hashicorp/azurerm\"]",
      "instances": [
        {
          "schema_version": 0,
          "attributes": {
            "custom_parameters": [
              {
                "machine_learning_workspace_id": "",
                "nat_gateway_name": "",
                "no_public_ip": false,
                "private_subnet_name": "",
                "private_subnet_network_security_group_association_id": "",
                "public_ip_name": "nat-gw-public-ip",
                "public_subnet_name": "",
                "public_subnet_network_security_group_association_id": "",
                "storage_account_name": "dbstoragej2gxugnmbhjqg",
                "storage_account_sku_name": "Standard_GRS",
                "virtual_network_id": "",
                "vnet_address_prefix": "10.139"
              }
            ],
            "customer_managed_key_enabled": false,
            "disk_encryption_set_id": null,
            "id": "/subscriptions/28b08140-f0c6-4a37-94d7-45edc468886d/resourceGroups/bigdatax3e8pb1yv5_rg/providers/Microsoft.Databricks/workspaces/databricks-workspace-bigdatax3e8pb1yv5",
            "infrastructure_encryption_enabled": false,
            "load_balancer_backend_address_pool_id": "",
            "location": "northeurope",
            "managed_disk_cmk_key_vault_key_id": null,
            "managed_disk_cmk_rotation_to_latest_version_enabled": null,
            "managed_disk_identity": [],
            "managed_resource_group_id": "/subscriptions/28b08140-f0c6-4a37-94d7-45edc468886d/resourceGroups/adb_bigdatax3e8pb1yv5_rg",
            "managed_resource_group_name": "adb_bigdatax3e8pb1yv5_rg",
            "managed_services_cmk_key_vault_key_id": null,
            "name": "databricks-workspace-bigdatax3e8pb1yv5",
            "network_security_group_rules_required": null,
            "public_network_access_enabled": true,
            "resource_group_name": "bigdatax3e8pb1yv5_rg",
            "sku": "standard",
            "storage_account_identity": [],
            "tags": {
              "Environment": "Big Data Reference Lab"
            },
            "timeouts": null,
            "workspace_id": "356941338561125",
            "workspace_url": "adb-356941338561125.5.azuredatabricks.net"
          },
          "sensitive_attributes": [],
          "private": "eyJlMmJmYjczMC1lY2FhLTExZTYtOGY4OC0zNDM2M2JjN2M0YzAiOnsiY3JlYXRlIjoxODAwMDAwMDAwMDAwLCJkZWxldGUiOjE4MDAwMDAwMDAwMDAsInJlYWQiOjMwMDAwMDAwMDAwMCwidXBkYXRlIjoxODAwMDAwMDAwMDAwfX0=",
          "dependencies": [
            "azurerm_resource_group.resource_group",
            "random_string.random_prefix"
          ]
        }
      ]
    },
    {
      "mode": "managed",
      "type": "azurerm_eventhub",
      "name": "observation_eventhub",
      "provider": "provider[\"registry.terraform.io/hashicorp/azurerm\"]",
      "instances": [
        {
          "schema_version": 0,
          "attributes": {
            "capture_description": [],
            "id": "/subscriptions/28b08140-f0c6-4a37-94d7-45edc468886d/resourceGroups/bigdatax3e8pb1yv5_rg/providers/Microsoft.EventHub/namespaces/marudau-big-data-eventhub-namespace/eventhubs/marudau-observation-generator-event-hub",
            "message_retention": 1,
            "name": "marudau-observation-generator-event-hub",
            "namespace_name": "marudau-big-data-eventhub-namespace",
            "partition_count": 1,
            "partition_ids": [
              "0"
            ],
            "resource_group_name": "bigdatax3e8pb1yv5_rg",
            "status": "Active",
            "timeouts": null
          },
          "sensitive_attributes": [],
          "private": "eyJlMmJmYjczMC1lY2FhLTExZTYtOGY4OC0zNDM2M2JjN2M0YzAiOnsiY3JlYXRlIjoxODAwMDAwMDAwMDAwLCJkZWxldGUiOjE4MDAwMDAwMDAwMDAsInJlYWQiOjMwMDAwMDAwMDAwMCwidXBkYXRlIjoxODAwMDAwMDAwMDAwfX0=",
          "dependencies": [
            "azurerm_eventhub_namespace.eventhub_namespace",
            "azurerm_resource_group.resource_group",
            "random_string.random_prefix"
          ]
        }
      ]
    },
    {
      "mode": "managed",
      "type": "azurerm_eventhub",
      "name": "target_observation_eventhub",
      "provider": "provider[\"registry.terraform.io/hashicorp/azurerm\"]",
      "instances": [
        {
          "schema_version": 0,
          "attributes": {
            "capture_description": [],
            "id": "/subscriptions/28b08140-f0c6-4a37-94d7-45edc468886d/resourceGroups/bigdatax3e8pb1yv5_rg/providers/Microsoft.EventHub/namespaces/marudau-big-data-eventhub-namespace/eventhubs/marudau-target-event-hub",
            "message_retention": 1,
            "name": "marudau-target-event-hub",
            "namespace_name": "marudau-big-data-eventhub-namespace",
            "partition_count": 1,
            "partition_ids": [
              "0"
            ],
            "resource_group_name": "bigdatax3e8pb1yv5_rg",
            "status": "Active",
            "timeouts": null
          },
          "sensitive_attributes": [],
          "private": "eyJlMmJmYjczMC1lY2FhLTExZTYtOGY4OC0zNDM2M2JjN2M0YzAiOnsiY3JlYXRlIjoxODAwMDAwMDAwMDAwLCJkZWxldGUiOjE4MDAwMDAwMDAwMDAsInJlYWQiOjMwMDAwMDAwMDAwMCwidXBkYXRlIjoxODAwMDAwMDAwMDAwfX0=",
          "dependencies": [
            "azurerm_eventhub_namespace.eventhub_namespace",
            "azurerm_resource_group.resource_group",
            "random_string.random_prefix"
          ]
        }
      ]
    },
    {
      "mode": "managed",
      "type": "azurerm_eventhub_authorization_rule",
      "name": "observation_eventhub_auth_rule",
      "provider": "provider[\"registry.terraform.io/hashicorp/azurerm\"]",
      "instances": [
        {
          "schema_version": 1,
          "attributes": {
            "eventhub_name": "marudau-observation-generator-event-hub",
            "id": "/subscriptions/28b08140-f0c6-4a37-94d7-45edc468886d/resourceGroups/bigdatax3e8pb1yv5_rg/providers/Microsoft.EventHub/namespaces/marudau-big-data-eventhub-namespace/eventhubs/marudau-observation-generator-event-hub/authorizationRules/marudau-accessPolicy",
            "listen": true,
            "manage": true,
            "name": "marudau-accessPolicy",
            "namespace_name": "marudau-big-data-eventhub-namespace",
            "primary_connection_string": "Endpoint=sb://marudau-big-data-eventhub-namespace.servicebus.windows.net/;SharedAccessKeyName=marudau-accessPolicy;SharedAccessKey=U9QN49UR51pNceccYdNAPCCzNCKuxMXZV+AEhJumhhQ=;EntityPath=marudau-observation-generator-event-hub",
            "primary_connection_string_alias": "",
            "primary_key": "U9QN49UR51pNceccYdNAPCCzNCKuxMXZV+AEhJumhhQ=",
            "resource_group_name": "bigdatax3e8pb1yv5_rg",
            "secondary_connection_string": "Endpoint=sb://marudau-big-data-eventhub-namespace.servicebus.windows.net/;SharedAccessKeyName=marudau-accessPolicy;SharedAccessKey=CljJJvEul9WihcMspxkJ2WD9rj4BmYwLE+AEhNGuU0w=;EntityPath=marudau-observation-generator-event-hub",
            "secondary_connection_string_alias": "",
            "secondary_key": "CljJJvEul9WihcMspxkJ2WD9rj4BmYwLE+AEhNGuU0w=",
            "send": true,
            "timeouts": null
          },
          "sensitive_attributes": [],
          "private": "eyJlMmJmYjczMC1lY2FhLTExZTYtOGY4OC0zNDM2M2JjN2M0YzAiOnsiY3JlYXRlIjoxODAwMDAwMDAwMDAwLCJkZWxldGUiOjE4MDAwMDAwMDAwMDAsInJlYWQiOjMwMDAwMDAwMDAwMCwidXBkYXRlIjoxODAwMDAwMDAwMDAwfSwic2NoZW1hX3ZlcnNpb24iOiIxIn0=",
          "dependencies": [
            "azurerm_eventhub.observation_eventhub",
            "azurerm_eventhub_namespace.eventhub_namespace",
            "azurerm_resource_group.resource_group",
            "random_string.random_prefix"
          ]
        }
      ]
    },
    {
      "mode": "managed",
      "type": "azurerm_eventhub_authorization_rule",
      "name": "target_observation_eventhub_auth_rule",
      "provider": "provider[\"registry.terraform.io/hashicorp/azurerm\"]",
      "instances": [
        {
          "schema_version": 1,
          "attributes": {
            "eventhub_name": "marudau-target-event-hub",
            "id": "/subscriptions/28b08140-f0c6-4a37-94d7-45edc468886d/resourceGroups/bigdatax3e8pb1yv5_rg/providers/Microsoft.EventHub/namespaces/marudau-big-data-eventhub-namespace/eventhubs/marudau-target-event-hub/authorizationRules/marudau-accessPolicy",
            "listen": true,
            "manage": true,
            "name": "marudau-accessPolicy",
            "namespace_name": "marudau-big-data-eventhub-namespace",
            "primary_connection_string": "Endpoint=sb://marudau-big-data-eventhub-namespace.servicebus.windows.net/;SharedAccessKeyName=marudau-accessPolicy;SharedAccessKey=MZDQ1I1pGhLxpJJygw3o0PZxFQo11xA78+AEhD1t+zg=;EntityPath=marudau-target-event-hub",
            "primary_connection_string_alias": "",
            "primary_key": "MZDQ1I1pGhLxpJJygw3o0PZxFQo11xA78+AEhD1t+zg=",
            "resource_group_name": "bigdatax3e8pb1yv5_rg",
            "secondary_connection_string": "Endpoint=sb://marudau-big-data-eventhub-namespace.servicebus.windows.net/;SharedAccessKeyName=marudau-accessPolicy;SharedAccessKey=SesvyVof/1PyTirniqTqvq58E+QuN4u33+AEhKQomPo=;EntityPath=marudau-target-event-hub",
            "secondary_connection_string_alias": "",
            "secondary_key": "SesvyVof/1PyTirniqTqvq58E+QuN4u33+AEhKQomPo=",
            "send": true,
            "timeouts": null
          },
          "sensitive_attributes": [],
          "private": "eyJlMmJmYjczMC1lY2FhLTExZTYtOGY4OC0zNDM2M2JjN2M0YzAiOnsiY3JlYXRlIjoxODAwMDAwMDAwMDAwLCJkZWxldGUiOjE4MDAwMDAwMDAwMDAsInJlYWQiOjMwMDAwMDAwMDAwMCwidXBkYXRlIjoxODAwMDAwMDAwMDAwfSwic2NoZW1hX3ZlcnNpb24iOiIxIn0=",
          "dependencies": [
            "azurerm_eventhub.target_observation_eventhub",
            "azurerm_eventhub_namespace.eventhub_namespace",
            "azurerm_resource_group.resource_group",
            "random_string.random_prefix"
          ]
        }
      ]
    },
    {
      "mode": "managed",
      "type": "azurerm_eventhub_namespace",
      "name": "eventhub_namespace",
      "provider": "provider[\"registry.terraform.io/hashicorp/azurerm\"]",
      "instances": [
        {
          "schema_version": 0,
          "attributes": {
            "auto_inflate_enabled": false,
            "capacity": 1,
            "dedicated_cluster_id": "",
            "default_primary_connection_string": "Endpoint=sb://marudau-big-data-eventhub-namespace.servicebus.windows.net/;SharedAccessKeyName=RootManageSharedAccessKey;SharedAccessKey=jXla4gFSikxPaK+uFU4eMt6yhvaADW31m+AEhL6+5Jo=",
            "default_primary_connection_string_alias": "",
            "default_primary_key": "jXla4gFSikxPaK+uFU4eMt6yhvaADW31m+AEhL6+5Jo=",
            "default_secondary_connection_string": "Endpoint=sb://marudau-big-data-eventhub-namespace.servicebus.windows.net/;SharedAccessKeyName=RootManageSharedAccessKey;SharedAccessKey=w6rG3R81EUu8tdz7/G95oBtJFXIEKmol9+AEhJYhLRQ=",
            "default_secondary_connection_string_alias": "",
            "default_secondary_key": "w6rG3R81EUu8tdz7/G95oBtJFXIEKmol9+AEhJYhLRQ=",
            "id": "/subscriptions/28b08140-f0c6-4a37-94d7-45edc468886d/resourceGroups/bigdatax3e8pb1yv5_rg/providers/Microsoft.EventHub/namespaces/marudau-big-data-eventhub-namespace",
            "identity": [
              {
                "identity_ids": null,
                "principal_id": "c3060e40-a7b7-4c0f-a327-b0640aae23b3",
                "tenant_id": "349f24ea-f393-48c0-a0b5-31d041139cb4",
                "type": "SystemAssigned"
              }
            ],
            "local_authentication_enabled": true,
            "location": "northeurope",
            "maximum_throughput_units": 0,
            "minimum_tls_version": "1.2",
            "name": "marudau-big-data-eventhub-namespace",
            "network_rulesets": [
              {
                "default_action": "Allow",
                "ip_rule": [],
                "public_network_access_enabled": true,
                "trusted_service_access_enabled": false,
                "virtual_network_rule": []
              }
            ],
            "public_network_access_enabled": true,
            "resource_group_name": "bigdatax3e8pb1yv5_rg",
            "sku": "Basic",
            "tags": {
              "Environment": "Big Data Reference Lab"
            },
            "timeouts": null,
            "zone_redundant": false
          },
          "sensitive_attributes": [],
          "private": "eyJlMmJmYjczMC1lY2FhLTExZTYtOGY4OC0zNDM2M2JjN2M0YzAiOnsiY3JlYXRlIjoxODAwMDAwMDAwMDAwLCJkZWxldGUiOjE4MDAwMDAwMDAwMDAsInJlYWQiOjMwMDAwMDAwMDAwMCwidXBkYXRlIjoxODAwMDAwMDAwMDAwfX0=",
          "dependencies": [
            "azurerm_resource_group.resource_group",
            "random_string.random_prefix"
          ]
        }
      ]
    },
    {
      "mode": "managed",
      "type": "azurerm_key_vault",
      "name": "key_vault",
      "provider": "provider[\"registry.terraform.io/hashicorp/azurerm\"]",
      "instances": [
        {
          "schema_version": 2,
          "attributes": {
            "access_policy": [],
            "contact": [],
            "enable_rbac_authorization": false,
            "enabled_for_deployment": false,
            "enabled_for_disk_encryption": false,
            "enabled_for_template_deployment": false,
            "id": "/subscriptions/28b08140-f0c6-4a37-94d7-45edc468886d/resourceGroups/bigdatax3e8pb1yv5_rg/providers/Microsoft.KeyVault/vaults/bigdatax3e8pb1yv5-kv",
            "location": "northeurope",
            "name": "bigdatax3e8pb1yv5-kv",
            "network_acls": [
              {
                "bypass": "AzureServices",
                "default_action": "Allow",
                "ip_rules": [],
                "virtual_network_subnet_ids": []
              }
            ],
            "public_network_access_enabled": true,
            "purge_protection_enabled": false,
            "resource_group_name": "bigdatax3e8pb1yv5_rg",
            "sku_name": "standard",
            "soft_delete_retention_days": 90,
            "tags": {
              "Environment": "Big Data Reference Lab"
            },
            "tenant_id": "349f24ea-f393-48c0-a0b5-31d041139cb4",
            "timeouts": null,
            "vault_uri": "https://bigdatax3e8pb1yv5-kv.vault.azure.net/"
          },
          "sensitive_attributes": [],
          "private": "eyJlMmJmYjczMC1lY2FhLTExZTYtOGY4OC0zNDM2M2JjN2M0YzAiOnsiY3JlYXRlIjoxODAwMDAwMDAwMDAwLCJkZWxldGUiOjE4MDAwMDAwMDAwMDAsInJlYWQiOjMwMDAwMDAwMDAwMCwidXBkYXRlIjoxODAwMDAwMDAwMDAwfSwic2NoZW1hX3ZlcnNpb24iOiIyIn0=",
          "dependencies": [
            "azurerm_resource_group.resource_group",
            "data.azuread_client_config.current",
            "random_string.random_prefix"
          ]
        }
      ]
    },
    {
      "mode": "managed",
      "type": "azurerm_key_vault_access_policy",
      "name": "adb_keyvault_policy",
      "provider": "provider[\"registry.terraform.io/hashicorp/azurerm\"]",
      "instances": [
        {
          "schema_version": 0,
          "attributes": {
            "application_id": null,
            "certificate_permissions": null,
            "id": "/subscriptions/28b08140-f0c6-4a37-94d7-45edc468886d/resourceGroups/bigdatax3e8pb1yv5_rg/providers/Microsoft.KeyVault/vaults/bigdatax3e8pb1yv5-kv/objectId/3c459c7e-d81a-4431-9cc6-539fe783f675",
            "key_permissions": null,
            "key_vault_id": "/subscriptions/28b08140-f0c6-4a37-94d7-45edc468886d/resourceGroups/bigdatax3e8pb1yv5_rg/providers/Microsoft.KeyVault/vaults/bigdatax3e8pb1yv5-kv",
            "object_id": "3c459c7e-d81a-4431-9cc6-539fe783f675",
            "secret_permissions": [
              "Get",
              "List",
              "Set",
              "Delete",
              "Recover",
              "Purge"
            ],
            "storage_permissions": null,
            "tenant_id": "349f24ea-f393-48c0-a0b5-31d041139cb4",
            "timeouts": null
          },
          "sensitive_attributes": [],
          "private": "eyJlMmJmYjczMC1lY2FhLTExZTYtOGY4OC0zNDM2M2JjN2M0YzAiOnsiY3JlYXRlIjoxODAwMDAwMDAwMDAwLCJkZWxldGUiOjE4MDAwMDAwMDAwMDAsInJlYWQiOjMwMDAwMDAwMDAwMCwidXBkYXRlIjoxODAwMDAwMDAwMDAwfX0=",
          "dependencies": [
            "azuread_application.databricks_service_application",
            "azuread_service_principal.aad_service_sp",
            "azurerm_key_vault.key_vault",
            "azurerm_resource_group.resource_group",
            "data.azuread_client_config.current",
            "random_string.random_prefix"
          ]
        }
      ]
    },
    {
      "mode": "managed",
      "type": "azurerm_key_vault_access_policy",
      "name": "deployer_keyvault_policy",
      "provider": "provider[\"registry.terraform.io/hashicorp/azurerm\"]",
      "instances": [
        {
          "schema_version": 0,
          "attributes": {
            "application_id": null,
            "certificate_permissions": null,
            "id": "/subscriptions/28b08140-f0c6-4a37-94d7-45edc468886d/resourceGroups/bigdatax3e8pb1yv5_rg/providers/Microsoft.KeyVault/vaults/bigdatax3e8pb1yv5-kv/objectId/662169e8-7af6-4b12-a00a-0e288b59bdc4",
            "key_permissions": null,
            "key_vault_id": "/subscriptions/28b08140-f0c6-4a37-94d7-45edc468886d/resourceGroups/bigdatax3e8pb1yv5_rg/providers/Microsoft.KeyVault/vaults/bigdatax3e8pb1yv5-kv",
            "object_id": "662169e8-7af6-4b12-a00a-0e288b59bdc4",
            "secret_permissions": [
              "Get",
              "List",
              "Set",
              "Delete",
              "Recover",
              "Purge"
            ],
            "storage_permissions": null,
            "tenant_id": "349f24ea-f393-48c0-a0b5-31d041139cb4",
            "timeouts": null
          },
          "sensitive_attributes": [],
          "private": "eyJlMmJmYjczMC1lY2FhLTExZTYtOGY4OC0zNDM2M2JjN2M0YzAiOnsiY3JlYXRlIjoxODAwMDAwMDAwMDAwLCJkZWxldGUiOjE4MDAwMDAwMDAwMDAsInJlYWQiOjMwMDAwMDAwMDAwMCwidXBkYXRlIjoxODAwMDAwMDAwMDAwfX0=",
          "dependencies": [
            "azurerm_key_vault.key_vault",
            "azurerm_resource_group.resource_group",
            "data.azuread_client_config.current",
            "random_string.random_prefix"
          ]
        }
      ]
    },
    {
      "mode": "managed",
      "type": "azurerm_key_vault_access_policy",
      "name": "df_keyvault_policy",
      "provider": "provider[\"registry.terraform.io/hashicorp/azurerm\"]",
      "instances": [
        {
          "schema_version": 0,
          "attributes": {
            "application_id": null,
            "certificate_permissions": null,
            "id": "/subscriptions/28b08140-f0c6-4a37-94d7-45edc468886d/resourceGroups/bigdatax3e8pb1yv5_rg/providers/Microsoft.KeyVault/vaults/bigdatax3e8pb1yv5-kv/objectId/59750769-b80f-4a5e-b399-a930cb9a43bd",
            "key_permissions": null,
            "key_vault_id": "/subscriptions/28b08140-f0c6-4a37-94d7-45edc468886d/resourceGroups/bigdatax3e8pb1yv5_rg/providers/Microsoft.KeyVault/vaults/bigdatax3e8pb1yv5-kv",
            "object_id": "59750769-b80f-4a5e-b399-a930cb9a43bd",
            "secret_permissions": [
              "Get",
              "List",
              "Set",
              "Delete",
              "Recover",
              "Purge"
            ],
            "storage_permissions": null,
            "tenant_id": "349f24ea-f393-48c0-a0b5-31d041139cb4",
            "timeouts": null
          },
          "sensitive_attributes": [],
          "private": "eyJlMmJmYjczMC1lY2FhLTExZTYtOGY4OC0zNDM2M2JjN2M0YzAiOnsiY3JlYXRlIjoxODAwMDAwMDAwMDAwLCJkZWxldGUiOjE4MDAwMDAwMDAwMDAsInJlYWQiOjMwMDAwMDAwMDAwMCwidXBkYXRlIjoxODAwMDAwMDAwMDAwfX0=",
          "dependencies": [
            "azurerm_data_factory.data_factory",
            "azurerm_key_vault.key_vault",
            "azurerm_resource_group.resource_group",
            "data.azuread_client_config.current",
            "random_string.random_prefix"
          ]
        }
      ]
    },
    {
      "mode": "managed",
      "type": "azurerm_key_vault_secret",
      "name": "adb_client_id",
      "provider": "provider[\"registry.terraform.io/hashicorp/azurerm\"]",
      "instances": [
        {
          "schema_version": 0,
          "attributes": {
            "content_type": "",
            "expiration_date": null,
            "id": "https://bigdatax3e8pb1yv5-kv.vault.azure.net/secrets/client-id/3925e5962f8d4804bbd701e525ea9262",
            "key_vault_id": "/subscriptions/28b08140-f0c6-4a37-94d7-45edc468886d/resourceGroups/bigdatax3e8pb1yv5_rg/providers/Microsoft.KeyVault/vaults/bigdatax3e8pb1yv5-kv",
            "name": "client-id",
            "not_before_date": null,
            "resource_id": "/subscriptions/28b08140-f0c6-4a37-94d7-45edc468886d/resourceGroups/bigdatax3e8pb1yv5_rg/providers/Microsoft.KeyVault/vaults/bigdatax3e8pb1yv5-kv/secrets/client-id/versions/3925e5962f8d4804bbd701e525ea9262",
            "resource_versionless_id": "/subscriptions/28b08140-f0c6-4a37-94d7-45edc468886d/resourceGroups/bigdatax3e8pb1yv5_rg/providers/Microsoft.KeyVault/vaults/bigdatax3e8pb1yv5-kv/secrets/client-id",
            "tags": null,
            "timeouts": null,
            "value": "a20da45c-38b4-4e8a-a816-968e3f0d7bc4",
            "version": "3925e5962f8d4804bbd701e525ea9262",
            "versionless_id": "https://bigdatax3e8pb1yv5-kv.vault.azure.net/secrets/client-id"
          },
          "sensitive_attributes": [],
          "private": "eyJlMmJmYjczMC1lY2FhLTExZTYtOGY4OC0zNDM2M2JjN2M0YzAiOnsiY3JlYXRlIjoxODAwMDAwMDAwMDAwLCJkZWxldGUiOjE4MDAwMDAwMDAwMDAsInJlYWQiOjE4MDAwMDAwMDAwMDAsInVwZGF0ZSI6MTgwMDAwMDAwMDAwMH19",
          "dependencies": [
            "azuread_application.databricks_service_application",
            "azuread_service_principal.aad_service_sp",
            "azurerm_key_vault.key_vault",
            "azurerm_key_vault_access_policy.deployer_keyvault_policy",
            "azurerm_resource_group.resource_group",
            "data.azuread_client_config.current",
            "random_string.random_prefix"
          ]
        }
      ]
    },
    {
      "mode": "managed",
      "type": "azurerm_key_vault_secret",
      "name": "adb_client_secret",
      "provider": "provider[\"registry.terraform.io/hashicorp/azurerm\"]",
      "instances": [
        {
          "schema_version": 0,
          "attributes": {
            "content_type": "",
            "expiration_date": null,
            "id": "https://bigdatax3e8pb1yv5-kv.vault.azure.net/secrets/client-secret/94c70b19dbc3495db0cdf5fb5f3631e6",
            "key_vault_id": "/subscriptions/28b08140-f0c6-4a37-94d7-45edc468886d/resourceGroups/bigdatax3e8pb1yv5_rg/providers/Microsoft.KeyVault/vaults/bigdatax3e8pb1yv5-kv",
            "name": "client-secret",
            "not_before_date": null,
            "resource_id": "/subscriptions/28b08140-f0c6-4a37-94d7-45edc468886d/resourceGroups/bigdatax3e8pb1yv5_rg/providers/Microsoft.KeyVault/vaults/bigdatax3e8pb1yv5-kv/secrets/client-secret/versions/94c70b19dbc3495db0cdf5fb5f3631e6",
            "resource_versionless_id": "/subscriptions/28b08140-f0c6-4a37-94d7-45edc468886d/resourceGroups/bigdatax3e8pb1yv5_rg/providers/Microsoft.KeyVault/vaults/bigdatax3e8pb1yv5-kv/secrets/client-secret",
            "tags": null,
            "timeouts": null,
            "value": "X6i8Q~6D6gApOKCpu2vSeBSuIXKO-jWuTc2oObU_",
            "version": "94c70b19dbc3495db0cdf5fb5f3631e6",
            "versionless_id": "https://bigdatax3e8pb1yv5-kv.vault.azure.net/secrets/client-secret"
          },
          "sensitive_attributes": [
            [
              {
                "type": "get_attr",
                "value": "value"
              }
            ]
          ],
          "private": "eyJlMmJmYjczMC1lY2FhLTExZTYtOGY4OC0zNDM2M2JjN2M0YzAiOnsiY3JlYXRlIjoxODAwMDAwMDAwMDAwLCJkZWxldGUiOjE4MDAwMDAwMDAwMDAsInJlYWQiOjE4MDAwMDAwMDAwMDAsInVwZGF0ZSI6MTgwMDAwMDAwMDAwMH19",
          "dependencies": [
            "azuread_application.databricks_service_application",
            "azuread_service_principal.aad_service_sp",
            "azuread_service_principal_password.service_sp_pswd",
            "azurerm_key_vault.key_vault",
            "azurerm_key_vault_access_policy.deployer_keyvault_policy",
            "azurerm_resource_group.resource_group",
            "data.azuread_client_config.current",
            "random_string.random_prefix"
          ]
        }
      ]
    },
    {
      "mode": "managed",
      "type": "azurerm_key_vault_secret",
      "name": "adb_tenant_id",
      "provider": "provider[\"registry.terraform.io/hashicorp/azurerm\"]",
      "instances": [
        {
          "schema_version": 0,
          "attributes": {
            "content_type": "",
            "expiration_date": null,
            "id": "https://bigdatax3e8pb1yv5-kv.vault.azure.net/secrets/client-tenant-id/d9078265cf734b6896b0c654ca1872fc",
            "key_vault_id": "/subscriptions/28b08140-f0c6-4a37-94d7-45edc468886d/resourceGroups/bigdatax3e8pb1yv5_rg/providers/Microsoft.KeyVault/vaults/bigdatax3e8pb1yv5-kv",
            "name": "client-tenant-id",
            "not_before_date": null,
            "resource_id": "/subscriptions/28b08140-f0c6-4a37-94d7-45edc468886d/resourceGroups/bigdatax3e8pb1yv5_rg/providers/Microsoft.KeyVault/vaults/bigdatax3e8pb1yv5-kv/secrets/client-tenant-id/versions/d9078265cf734b6896b0c654ca1872fc",
            "resource_versionless_id": "/subscriptions/28b08140-f0c6-4a37-94d7-45edc468886d/resourceGroups/bigdatax3e8pb1yv5_rg/providers/Microsoft.KeyVault/vaults/bigdatax3e8pb1yv5-kv/secrets/client-tenant-id",
            "tags": null,
            "timeouts": null,
            "value": "349f24ea-f393-48c0-a0b5-31d041139cb4",
            "version": "d9078265cf734b6896b0c654ca1872fc",
            "versionless_id": "https://bigdatax3e8pb1yv5-kv.vault.azure.net/secrets/client-tenant-id"
          },
          "sensitive_attributes": [],
          "private": "eyJlMmJmYjczMC1lY2FhLTExZTYtOGY4OC0zNDM2M2JjN2M0YzAiOnsiY3JlYXRlIjoxODAwMDAwMDAwMDAwLCJkZWxldGUiOjE4MDAwMDAwMDAwMDAsInJlYWQiOjE4MDAwMDAwMDAwMDAsInVwZGF0ZSI6MTgwMDAwMDAwMDAwMH19",
          "dependencies": [
            "azurerm_key_vault.key_vault",
            "azurerm_key_vault_access_policy.deployer_keyvault_policy",
            "azurerm_resource_group.resource_group",
            "data.azuread_client_config.current",
            "random_string.random_prefix"
          ]
        }
      ]
    },
    {
      "mode": "managed",
      "type": "azurerm_key_vault_secret",
      "name": "blob_connection_account_name",
      "provider": "provider[\"registry.terraform.io/hashicorp/azurerm\"]",
      "instances": [
        {
          "schema_version": 0,
          "attributes": {
            "content_type": "",
            "expiration_date": null,
            "id": "https://bigdatax3e8pb1yv5-kv.vault.azure.net/secrets/blob-storage-account-name/725c1f3660de4adb866b96dd3eeec365",
            "key_vault_id": "/subscriptions/28b08140-f0c6-4a37-94d7-45edc468886d/resourceGroups/bigdatax3e8pb1yv5_rg/providers/Microsoft.KeyVault/vaults/bigdatax3e8pb1yv5-kv",
            "name": "blob-storage-account-name",
            "not_before_date": null,
            "resource_id": "/subscriptions/28b08140-f0c6-4a37-94d7-45edc468886d/resourceGroups/bigdatax3e8pb1yv5_rg/providers/Microsoft.KeyVault/vaults/bigdatax3e8pb1yv5-kv/secrets/blob-storage-account-name/versions/725c1f3660de4adb866b96dd3eeec365",
            "resource_versionless_id": "/subscriptions/28b08140-f0c6-4a37-94d7-45edc468886d/resourceGroups/bigdatax3e8pb1yv5_rg/providers/Microsoft.KeyVault/vaults/bigdatax3e8pb1yv5-kv/secrets/blob-storage-account-name",
            "tags": null,
            "timeouts": null,
            "value": "sourcebigdatax3e8pb1yv5",
            "version": "725c1f3660de4adb866b96dd3eeec365",
            "versionless_id": "https://bigdatax3e8pb1yv5-kv.vault.azure.net/secrets/blob-storage-account-name"
          },
          "sensitive_attributes": [],
          "private": "eyJlMmJmYjczMC1lY2FhLTExZTYtOGY4OC0zNDM2M2JjN2M0YzAiOnsiY3JlYXRlIjoxODAwMDAwMDAwMDAwLCJkZWxldGUiOjE4MDAwMDAwMDAwMDAsInJlYWQiOjE4MDAwMDAwMDAwMDAsInVwZGF0ZSI6MTgwMDAwMDAwMDAwMH19",
          "dependencies": [
            "azurerm_key_vault.key_vault",
            "azurerm_key_vault_access_policy.deployer_keyvault_policy",
            "azurerm_resource_group.resource_group",
            "azurerm_storage_account.source_storage_account",
            "data.azuread_client_config.current",
            "random_string.random_prefix"
          ]
        }
      ]
    },
    {
      "mode": "managed",
      "type": "azurerm_key_vault_secret",
      "name": "blob_connection_string_secret",
      "provider": "provider[\"registry.terraform.io/hashicorp/azurerm\"]",
      "instances": [
        {
          "schema_version": 0,
          "attributes": {
            "content_type": "",
            "expiration_date": null,
            "id": "https://bigdatax3e8pb1yv5-kv.vault.azure.net/secrets/blob-storage-access-key/e8892fe8e0784e5b9eca6ceb37a4dc1f",
            "key_vault_id": "/subscriptions/28b08140-f0c6-4a37-94d7-45edc468886d/resourceGroups/bigdatax3e8pb1yv5_rg/providers/Microsoft.KeyVault/vaults/bigdatax3e8pb1yv5-kv",
            "name": "blob-storage-access-key",
            "not_before_date": null,
            "resource_id": "/subscriptions/28b08140-f0c6-4a37-94d7-45edc468886d/resourceGroups/bigdatax3e8pb1yv5_rg/providers/Microsoft.KeyVault/vaults/bigdatax3e8pb1yv5-kv/secrets/blob-storage-access-key/versions/e8892fe8e0784e5b9eca6ceb37a4dc1f",
            "resource_versionless_id": "/subscriptions/28b08140-f0c6-4a37-94d7-45edc468886d/resourceGroups/bigdatax3e8pb1yv5_rg/providers/Microsoft.KeyVault/vaults/bigdatax3e8pb1yv5-kv/secrets/blob-storage-access-key",
            "tags": null,
            "timeouts": null,
            "value": "DefaultEndpointsProtocol=https;AccountName=sourcebigdatax3e8pb1yv5;AccountKey=2TwFY6/hTiYcECCV8iFq1DW58N8lnRPGAlgGVePK6wih7cBlro7jkCLxcLfpKmek3SbKc1osxhdD+AStxtW4Gw==;EndpointSuffix=core.windows.net",
            "version": "e8892fe8e0784e5b9eca6ceb37a4dc1f",
            "versionless_id": "https://bigdatax3e8pb1yv5-kv.vault.azure.net/secrets/blob-storage-access-key"
          },
          "sensitive_attributes": [
            [
              {
                "type": "get_attr",
                "value": "value"
              }
            ]
          ],
          "private": "eyJlMmJmYjczMC1lY2FhLTExZTYtOGY4OC0zNDM2M2JjN2M0YzAiOnsiY3JlYXRlIjoxODAwMDAwMDAwMDAwLCJkZWxldGUiOjE4MDAwMDAwMDAwMDAsInJlYWQiOjE4MDAwMDAwMDAwMDAsInVwZGF0ZSI6MTgwMDAwMDAwMDAwMH19",
          "dependencies": [
            "azurerm_key_vault.key_vault",
            "azurerm_key_vault_access_policy.deployer_keyvault_policy",
            "azurerm_resource_group.resource_group",
            "azurerm_storage_account.source_storage_account",
            "data.azuread_client_config.current",
            "random_string.random_prefix"
          ]
        }
      ]
    },
    {
      "mode": "managed",
      "type": "azurerm_key_vault_secret",
      "name": "datalake-access-key-secret",
      "provider": "provider[\"registry.terraform.io/hashicorp/azurerm\"]",
      "instances": [
        {
          "schema_version": 0,
          "attributes": {
            "content_type": "",
            "expiration_date": null,
            "id": "https://bigdatax3e8pb1yv5-kv.vault.azure.net/secrets/datalake-access-key/f605c6373cad4d8ba259d3c442c70a48",
            "key_vault_id": "/subscriptions/28b08140-f0c6-4a37-94d7-45edc468886d/resourceGroups/bigdatax3e8pb1yv5_rg/providers/Microsoft.KeyVault/vaults/bigdatax3e8pb1yv5-kv",
            "name": "datalake-access-key",
            "not_before_date": null,
            "resource_id": "/subscriptions/28b08140-f0c6-4a37-94d7-45edc468886d/resourceGroups/bigdatax3e8pb1yv5_rg/providers/Microsoft.KeyVault/vaults/bigdatax3e8pb1yv5-kv/secrets/datalake-access-key/versions/f605c6373cad4d8ba259d3c442c70a48",
            "resource_versionless_id": "/subscriptions/28b08140-f0c6-4a37-94d7-45edc468886d/resourceGroups/bigdatax3e8pb1yv5_rg/providers/Microsoft.KeyVault/vaults/bigdatax3e8pb1yv5-kv/secrets/datalake-access-key",
            "tags": null,
            "timeouts": null,
            "value": "evaB2mJpWwyBm7WTUqcqko6szLcEisUAYnDbhsDJ0sCjZnUbrWbLz8LbhkaRg2J6GBFwOQJubplk+ASthM9jfA==",
            "version": "f605c6373cad4d8ba259d3c442c70a48",
            "versionless_id": "https://bigdatax3e8pb1yv5-kv.vault.azure.net/secrets/datalake-access-key"
          },
          "sensitive_attributes": [
            [
              {
                "type": "get_attr",
                "value": "value"
              }
            ]
          ],
          "private": "eyJlMmJmYjczMC1lY2FhLTExZTYtOGY4OC0zNDM2M2JjN2M0YzAiOnsiY3JlYXRlIjoxODAwMDAwMDAwMDAwLCJkZWxldGUiOjE4MDAwMDAwMDAwMDAsInJlYWQiOjE4MDAwMDAwMDAwMDAsInVwZGF0ZSI6MTgwMDAwMDAwMDAwMH19",
          "dependencies": [
            "azurerm_key_vault.key_vault",
            "azurerm_key_vault_access_policy.deployer_keyvault_policy",
            "azurerm_resource_group.resource_group",
            "azurerm_storage_account.datalake_storage_account",
            "data.azuread_client_config.current",
            "random_string.random_prefix"
          ]
        }
      ]
    },
    {
      "mode": "managed",
      "type": "azurerm_key_vault_secret",
      "name": "source_event_hub_connection_string_secret",
      "provider": "provider[\"registry.terraform.io/hashicorp/azurerm\"]",
      "instances": [
        {
          "schema_version": 0,
          "attributes": {
            "content_type": "",
            "expiration_date": null,
            "id": "https://bigdatax3e8pb1yv5-kv.vault.azure.net/secrets/marudau-source-eventhub-connection-string/0483efafc0d3444ab85051c35e7f1353",
            "key_vault_id": "/subscriptions/28b08140-f0c6-4a37-94d7-45edc468886d/resourceGroups/bigdatax3e8pb1yv5_rg/providers/Microsoft.KeyVault/vaults/bigdatax3e8pb1yv5-kv",
            "name": "marudau-source-eventhub-connection-string",
            "not_before_date": null,
            "resource_id": "/subscriptions/28b08140-f0c6-4a37-94d7-45edc468886d/resourceGroups/bigdatax3e8pb1yv5_rg/providers/Microsoft.KeyVault/vaults/bigdatax3e8pb1yv5-kv/secrets/marudau-source-eventhub-connection-string/versions/0483efafc0d3444ab85051c35e7f1353",
            "resource_versionless_id": "/subscriptions/28b08140-f0c6-4a37-94d7-45edc468886d/resourceGroups/bigdatax3e8pb1yv5_rg/providers/Microsoft.KeyVault/vaults/bigdatax3e8pb1yv5-kv/secrets/marudau-source-eventhub-connection-string",
            "tags": null,
            "timeouts": null,
            "value": "Endpoint=sb://marudau-big-data-eventhub-namespace.servicebus.windows.net/;SharedAccessKeyName=marudau-accessPolicy;SharedAccessKey=U9QN49UR51pNceccYdNAPCCzNCKuxMXZV+AEhJumhhQ=;EntityPath=marudau-observation-generator-event-hub",
            "version": "0483efafc0d3444ab85051c35e7f1353",
            "versionless_id": "https://bigdatax3e8pb1yv5-kv.vault.azure.net/secrets/marudau-source-eventhub-connection-string"
          },
          "sensitive_attributes": [
            [
              {
                "type": "get_attr",
                "value": "value"
              }
            ]
          ],
          "private": "eyJlMmJmYjczMC1lY2FhLTExZTYtOGY4OC0zNDM2M2JjN2M0YzAiOnsiY3JlYXRlIjoxODAwMDAwMDAwMDAwLCJkZWxldGUiOjE4MDAwMDAwMDAwMDAsInJlYWQiOjE4MDAwMDAwMDAwMDAsInVwZGF0ZSI6MTgwMDAwMDAwMDAwMH19",
          "dependencies": [
            "azurerm_eventhub.observation_eventhub",
            "azurerm_eventhub_authorization_rule.observation_eventhub_auth_rule",
            "azurerm_eventhub_namespace.eventhub_namespace",
            "azurerm_key_vault.key_vault",
            "azurerm_key_vault_access_policy.deployer_keyvault_policy",
            "azurerm_resource_group.resource_group",
            "data.azuread_client_config.current",
            "random_string.random_prefix"
          ]
        }
      ]
    },
    {
      "mode": "managed",
      "type": "azurerm_key_vault_secret",
      "name": "target_event_hub_connection_string_secret",
      "provider": "provider[\"registry.terraform.io/hashicorp/azurerm\"]",
      "instances": [
        {
          "schema_version": 0,
          "attributes": {
            "content_type": "",
            "expiration_date": null,
            "id": "https://bigdatax3e8pb1yv5-kv.vault.azure.net/secrets/marudau-target-eventhub-connection-string/e595585babac416489f99320dc8ccb78",
            "key_vault_id": "/subscriptions/28b08140-f0c6-4a37-94d7-45edc468886d/resourceGroups/bigdatax3e8pb1yv5_rg/providers/Microsoft.KeyVault/vaults/bigdatax3e8pb1yv5-kv",
            "name": "marudau-target-eventhub-connection-string",
            "not_before_date": null,
            "resource_id": "/subscriptions/28b08140-f0c6-4a37-94d7-45edc468886d/resourceGroups/bigdatax3e8pb1yv5_rg/providers/Microsoft.KeyVault/vaults/bigdatax3e8pb1yv5-kv/secrets/marudau-target-eventhub-connection-string/versions/e595585babac416489f99320dc8ccb78",
            "resource_versionless_id": "/subscriptions/28b08140-f0c6-4a37-94d7-45edc468886d/resourceGroups/bigdatax3e8pb1yv5_rg/providers/Microsoft.KeyVault/vaults/bigdatax3e8pb1yv5-kv/secrets/marudau-target-eventhub-connection-string",
            "tags": null,
            "timeouts": null,
            "value": "Endpoint=sb://marudau-big-data-eventhub-namespace.servicebus.windows.net/;SharedAccessKeyName=marudau-accessPolicy;SharedAccessKey=MZDQ1I1pGhLxpJJygw3o0PZxFQo11xA78+AEhD1t+zg=;EntityPath=marudau-target-event-hub",
            "version": "e595585babac416489f99320dc8ccb78",
            "versionless_id": "https://bigdatax3e8pb1yv5-kv.vault.azure.net/secrets/marudau-target-eventhub-connection-string"
          },
          "sensitive_attributes": [
            [
              {
                "type": "get_attr",
                "value": "value"
              }
            ]
          ],
          "private": "eyJlMmJmYjczMC1lY2FhLTExZTYtOGY4OC0zNDM2M2JjN2M0YzAiOnsiY3JlYXRlIjoxODAwMDAwMDAwMDAwLCJkZWxldGUiOjE4MDAwMDAwMDAwMDAsInJlYWQiOjE4MDAwMDAwMDAwMDAsInVwZGF0ZSI6MTgwMDAwMDAwMDAwMH19",
          "dependencies": [
            "azurerm_eventhub.target_observation_eventhub",
            "azurerm_eventhub_authorization_rule.target_observation_eventhub_auth_rule",
            "azurerm_eventhub_namespace.eventhub_namespace",
            "azurerm_key_vault.key_vault",
            "azurerm_key_vault_access_policy.deployer_keyvault_policy",
            "azurerm_resource_group.resource_group",
            "data.azuread_client_config.current",
            "random_string.random_prefix"
          ]
        }
      ]
    },
    {
      "mode": "managed",
      "type": "azurerm_linux_function_app",
      "name": "observation_function",
      "provider": "provider[\"registry.terraform.io/hashicorp/azurerm\"]",
      "instances": [
        {
          "schema_version": 0,
          "attributes": {
            "app_settings": {
              "WEBSITE_RUN_FROM_PACKAGE": "https://sourcebigdatax3e8pb1yv5.blob.core.windows.net/custom-function-releases/functions-135bb6.zip",
              "accessPolicy": "Endpoint=sb://marudau-big-data-eventhub-namespace.servicebus.windows.net/;SharedAccessKeyName=marudau-accessPolicy;SharedAccessKey=U9QN49UR51pNceccYdNAPCCzNCKuxMXZV+AEhJumhhQ=;EntityPath=marudau-observation-generator-event-hub"
            },
            "auth_settings": [],
            "auth_settings_v2": [],
            "backup": [],
            "builtin_logging_enabled": true,
            "client_certificate_enabled": false,
            "client_certificate_exclusion_paths": "",
            "client_certificate_mode": "Optional",
            "connection_string": [
              {
                "name": "accessPolicy",
                "type": "EventHub",
                "value": "Endpoint=sb://marudau-big-data-eventhub-namespace.servicebus.windows.net/;SharedAccessKeyName=marudau-accessPolicy;SharedAccessKey=U9QN49UR51pNceccYdNAPCCzNCKuxMXZV+AEhJumhhQ=;EntityPath=marudau-observation-generator-event-hub"
              }
            ],
            "content_share_force_disabled": false,
            "custom_domain_verification_id": "C775CD49C5FF3EB1C2D59D6F90FA143BCA55263638242C2F770729A8664EF43D",
            "daily_memory_time_quota": 0,
            "default_hostname": "marudau-observation-generator-function-app.azurewebsites.net",
            "enabled": true,
            "functions_extension_version": "~4",
            "hosting_environment_id": "",
            "https_only": false,
            "id": "/subscriptions/28b08140-f0c6-4a37-94d7-45edc468886d/resourceGroups/bigdatax3e8pb1yv5_rg/providers/Microsoft.Web/sites/marudau-observation-generator-function-app",
            "identity": [
              {
                "identity_ids": null,
                "principal_id": "41b2a482-c63e-4f36-8e7d-0df57a64c93c",
                "tenant_id": "349f24ea-f393-48c0-a0b5-31d041139cb4",
                "type": "SystemAssigned"
              }
            ],
            "key_vault_reference_identity_id": "SystemAssigned",
            "kind": "functionapp,linux",
            "location": "northeurope",
            "name": "marudau-observation-generator-function-app",
            "outbound_ip_address_list": [
              "52.178.157.85",
              "52.178.154.170",
              "52.178.159.233",
              "52.178.157.162",
              "52.178.158.175"
            ],
            "outbound_ip_addresses": "52.178.157.85,52.178.154.170,52.178.159.233,52.178.157.162,52.178.158.175",
            "possible_outbound_ip_address_list": [
              "52.178.157.85",
              "52.178.154.170",
              "52.178.159.233",
              "52.178.157.162",
              "52.138.179.135",
              "52.169.12.39",
              "20.67.161.194",
              "20.67.161.249",
              "20.67.163.248",
              "20.67.164.8",
              "20.67.166.245",
              "20.67.167.165",
              "20.107.131.199",
              "20.234.72.202",
              "20.234.72.240",
              "20.234.76.254",
              "20.234.78.56",
              "20.234.78.158",
              "52.178.158.175"
            ],
            "possible_outbound_ip_addresses": "52.178.157.85,52.178.154.170,52.178.159.233,52.178.157.162,52.138.179.135,52.169.12.39,20.67.161.194,20.67.161.249,20.67.163.248,20.67.164.8,20.67.166.245,20.67.167.165,20.107.131.199,20.234.72.202,20.234.72.240,20.234.76.254,20.234.78.56,20.234.78.158,52.178.158.175",
            "public_network_access_enabled": true,
            "resource_group_name": "bigdatax3e8pb1yv5_rg",
            "service_plan_id": "/subscriptions/28b08140-f0c6-4a37-94d7-45edc468886d/resourceGroups/bigdatax3e8pb1yv5_rg/providers/Microsoft.Web/serverfarms/app-service-plan",
            "site_config": [
              {
                "always_on": false,
                "api_definition_url": "",
                "api_management_api_id": "",
                "app_command_line": "",
                "app_scale_limit": 200,
                "app_service_logs": [],
                "application_insights_connection_string": "",
                "application_insights_key": "",
                "application_stack": [
                  {
                    "docker": [],
                    "dotnet_version": "",
                    "java_version": "17",
                    "node_version": "",
                    "powershell_core_version": "",
                    "python_version": "",
                    "use_custom_runtime": false,
                    "use_dotnet_isolated_runtime": false
                  }
                ],
                "container_registry_managed_identity_client_id": "",
                "container_registry_use_managed_identity": false,
                "cors": [],
                "default_documents": [
                  "Default.htm",
                  "Default.html",
                  "Default.asp",
                  "index.htm",
                  "index.html",
                  "iisstart.htm",
                  "default.aspx",
                  "index.php"
                ],
                "detailed_error_logging_enabled": false,
                "elastic_instance_minimum": 0,
                "ftps_state": "Disabled",
                "health_check_eviction_time_in_min": 0,
                "health_check_path": "",
                "http2_enabled": false,
                "ip_restriction": [],
                "linux_fx_version": "JAVA|17",
                "load_balancing_mode": "LeastRequests",
                "managed_pipeline_mode": "Integrated",
                "minimum_tls_version": "1.2",
                "pre_warmed_instance_count": 0,
                "remote_debugging_enabled": false,
                "remote_debugging_version": "",
                "runtime_scale_monitoring_enabled": false,
                "scm_ip_restriction": [],
                "scm_minimum_tls_version": "1.2",
                "scm_type": "None",
                "scm_use_main_ip_restriction": false,
                "use_32_bit_worker": false,
                "vnet_route_all_enabled": false,
                "websockets_enabled": false,
                "worker_count": 1
              }
            ],
            "site_credential": [
              {
                "name": "$marudau-observation-generator-function-app",
                "password": "Af5xEy2Zt8qxcmoXl2ZAyMkweKkHmE1M4Ybjdr7xe9u1mxSgqSahA7uvDPdk"
              }
            ],
            "sticky_settings": [],
            "storage_account": [],
            "storage_account_access_key": "2TwFY6/hTiYcECCV8iFq1DW58N8lnRPGAlgGVePK6wih7cBlro7jkCLxcLfpKmek3SbKc1osxhdD+AStxtW4Gw==",
            "storage_account_name": "sourcebigdatax3e8pb1yv5",
            "storage_key_vault_secret_id": "",
            "storage_uses_managed_identity": false,
            "tags": {
              "Environment": "Big Data Reference Lab"
            },
            "timeouts": null,
            "virtual_network_subnet_id": "",
            "zip_deploy_file": ""
          },
          "sensitive_attributes": [
            [
              {
                "type": "get_attr",
                "value": "connection_string"
              }
            ],
            [
              {
                "type": "get_attr",
                "value": "app_settings"
              },
              {
                "type": "index",
                "value": {
                  "value": "accessPolicy",
                  "type": "string"
                }
              }
            ],
            [
              {
                "type": "get_attr",
                "value": "storage_account_access_key"
              }
            ]
          ],
          "private": "eyJlMmJmYjczMC1lY2FhLTExZTYtOGY4OC0zNDM2M2JjN2M0YzAiOnsiY3JlYXRlIjoxODAwMDAwMDAwMDAwLCJkZWxldGUiOjE4MDAwMDAwMDAwMDAsInJlYWQiOjMwMDAwMDAwMDAwMCwidXBkYXRlIjoxODAwMDAwMDAwMDAwfX0=",
          "dependencies": [
            "azurerm_eventhub.observation_eventhub",
            "azurerm_eventhub_authorization_rule.observation_eventhub_auth_rule",
            "azurerm_eventhub_namespace.eventhub_namespace",
            "azurerm_resource_group.resource_group",
            "azurerm_service_plan.service_plan",
            "azurerm_storage_account.source_storage_account",
            "azurerm_storage_blob.storage_blob_function",
            "azurerm_storage_container.storage_container_function",
            "data.archive_file.function",
            "random_string.random_prefix"
          ]
        }
      ]
    },
    {
      "mode": "managed",
      "type": "azurerm_resource_group",
      "name": "resource_group",
      "provider": "provider[\"registry.terraform.io/hashicorp/azurerm\"]",
      "instances": [
        {
          "schema_version": 0,
          "attributes": {
            "id": "/subscriptions/28b08140-f0c6-4a37-94d7-45edc468886d/resourceGroups/bigdatax3e8pb1yv5_rg",
            "location": "northeurope",
            "managed_by": "",
            "name": "bigdatax3e8pb1yv5_rg",
            "tags": null,
            "timeouts": null
          },
          "sensitive_attributes": [],
          "private": "eyJlMmJmYjczMC1lY2FhLTExZTYtOGY4OC0zNDM2M2JjN2M0YzAiOnsiY3JlYXRlIjo1NDAwMDAwMDAwMDAwLCJkZWxldGUiOjU0MDAwMDAwMDAwMDAsInJlYWQiOjMwMDAwMDAwMDAwMCwidXBkYXRlIjo1NDAwMDAwMDAwMDAwfX0=",
          "dependencies": [
            "random_string.random_prefix"
          ]
        }
      ]
    },
    {
      "mode": "managed",
      "type": "azurerm_role_assignment",
      "name": "databricks_dl_role_assignment",
      "provider": "provider[\"registry.terraform.io/hashicorp/azurerm\"]",
      "instances": [
        {
          "index_key": "Contributor",
          "schema_version": 0,
          "attributes": {
            "condition": "",
            "condition_version": "",
            "delegated_managed_identity_resource_id": "",
            "description": "",
            "id": "/subscriptions/28b08140-f0c6-4a37-94d7-45edc468886d/resourceGroups/bigdatax3e8pb1yv5_rg/providers/Microsoft.Storage/storageAccounts/datalakebigdatax3e8pb1yv/providers/Microsoft.Authorization/roleAssignments/f03507f9-8d05-d25f-424d-256833e89bc8",
            "name": "f03507f9-8d05-d25f-424d-256833e89bc8",
            "principal_id": "3c459c7e-d81a-4431-9cc6-539fe783f675",
            "principal_type": "ServicePrincipal",
            "role_definition_id": "/subscriptions/28b08140-f0c6-4a37-94d7-45edc468886d/providers/Microsoft.Authorization/roleDefinitions/b24988ac-6180-42a0-ab88-20f7382dd24c",
            "role_definition_name": "Contributor",
            "scope": "/subscriptions/28b08140-f0c6-4a37-94d7-45edc468886d/resourceGroups/bigdatax3e8pb1yv5_rg/providers/Microsoft.Storage/storageAccounts/datalakebigdatax3e8pb1yv",
            "skip_service_principal_aad_check": null,
            "timeouts": null
          },
          "sensitive_attributes": [],
          "private": "eyJlMmJmYjczMC1lY2FhLTExZTYtOGY4OC0zNDM2M2JjN2M0YzAiOnsiY3JlYXRlIjoxODAwMDAwMDAwMDAwLCJkZWxldGUiOjE4MDAwMDAwMDAwMDAsInJlYWQiOjMwMDAwMDAwMDAwMCwidXBkYXRlIjoxODAwMDAwMDAwMDAwfX0=",
          "dependencies": [
            "azuread_application.databricks_service_application",
            "azuread_service_principal.aad_service_sp",
            "azurerm_resource_group.resource_group",
            "azurerm_storage_account.datalake_storage_account",
            "data.azuread_client_config.current",
            "random_string.random_prefix"
          ]
        },
        {
          "index_key": "Storage Blob Data Owner",
          "schema_version": 0,
          "attributes": {
            "condition": "",
            "condition_version": "",
            "delegated_managed_identity_resource_id": "",
            "description": "",
            "id": "/subscriptions/28b08140-f0c6-4a37-94d7-45edc468886d/resourceGroups/bigdatax3e8pb1yv5_rg/providers/Microsoft.Storage/storageAccounts/datalakebigdatax3e8pb1yv/providers/Microsoft.Authorization/roleAssignments/298b9826-d6d8-fbb3-4b54-8c58670c2577",
            "name": "298b9826-d6d8-fbb3-4b54-8c58670c2577",
            "principal_id": "3c459c7e-d81a-4431-9cc6-539fe783f675",
            "principal_type": "ServicePrincipal",
            "role_definition_id": "/subscriptions/28b08140-f0c6-4a37-94d7-45edc468886d/providers/Microsoft.Authorization/roleDefinitions/b7e6dc6d-f1e8-4753-8033-0f276bb0955b",
            "role_definition_name": "Storage Blob Data Owner",
            "scope": "/subscriptions/28b08140-f0c6-4a37-94d7-45edc468886d/resourceGroups/bigdatax3e8pb1yv5_rg/providers/Microsoft.Storage/storageAccounts/datalakebigdatax3e8pb1yv",
            "skip_service_principal_aad_check": null,
            "timeouts": null
          },
          "sensitive_attributes": [],
          "private": "eyJlMmJmYjczMC1lY2FhLTExZTYtOGY4OC0zNDM2M2JjN2M0YzAiOnsiY3JlYXRlIjoxODAwMDAwMDAwMDAwLCJkZWxldGUiOjE4MDAwMDAwMDAwMDAsInJlYWQiOjMwMDAwMDAwMDAwMCwidXBkYXRlIjoxODAwMDAwMDAwMDAwfX0=",
          "dependencies": [
            "azuread_application.databricks_service_application",
            "azuread_service_principal.aad_service_sp",
            "azurerm_resource_group.resource_group",
            "azurerm_storage_account.datalake_storage_account",
            "data.azuread_client_config.current",
            "random_string.random_prefix"
          ]
        }
      ]
    },
    {
      "mode": "managed",
      "type": "azurerm_role_assignment",
      "name": "deployer_databricks_role_assignement",
      "provider": "provider[\"registry.terraform.io/hashicorp/azurerm\"]",
      "instances": [
        {
          "index_key": "Contributor",
          "schema_version": 0,
          "attributes": {
            "condition": "",
            "condition_version": "",
            "delegated_managed_identity_resource_id": "",
            "description": "",
            "id": "/subscriptions/28b08140-f0c6-4a37-94d7-45edc468886d/resourceGroups/bigdatax3e8pb1yv5_rg/providers/Microsoft.Databricks/workspaces/databricks-workspace-bigdatax3e8pb1yv5/providers/Microsoft.Authorization/roleAssignments/f6351afa-8d03-ba22-4aa4-528bb6d69446",
            "name": "f6351afa-8d03-ba22-4aa4-528bb6d69446",
            "principal_id": "662169e8-7af6-4b12-a00a-0e288b59bdc4",
            "principal_type": "User",
            "role_definition_id": "/subscriptions/28b08140-f0c6-4a37-94d7-45edc468886d/providers/Microsoft.Authorization/roleDefinitions/b24988ac-6180-42a0-ab88-20f7382dd24c",
            "role_definition_name": "Contributor",
            "scope": "/subscriptions/28b08140-f0c6-4a37-94d7-45edc468886d/resourceGroups/bigdatax3e8pb1yv5_rg/providers/Microsoft.Databricks/workspaces/databricks-workspace-bigdatax3e8pb1yv5",
            "skip_service_principal_aad_check": null,
            "timeouts": null
          },
          "sensitive_attributes": [],
          "private": "eyJlMmJmYjczMC1lY2FhLTExZTYtOGY4OC0zNDM2M2JjN2M0YzAiOnsiY3JlYXRlIjoxODAwMDAwMDAwMDAwLCJkZWxldGUiOjE4MDAwMDAwMDAwMDAsInJlYWQiOjMwMDAwMDAwMDAwMCwidXBkYXRlIjoxODAwMDAwMDAwMDAwfX0=",
          "dependencies": [
            "azurerm_databricks_workspace.databricks_workspace",
            "azurerm_resource_group.resource_group",
            "data.azuread_client_config.current",
            "random_string.random_prefix"
          ]
        },
        {
          "index_key": "Storage Blob Data Owner",
          "schema_version": 0,
          "attributes": {
            "condition": "",
            "condition_version": "",
            "delegated_managed_identity_resource_id": "",
            "description": "",
            "id": "/subscriptions/28b08140-f0c6-4a37-94d7-45edc468886d/resourceGroups/bigdatax3e8pb1yv5_rg/providers/Microsoft.Databricks/workspaces/databricks-workspace-bigdatax3e8pb1yv5/providers/Microsoft.Authorization/roleAssignments/0a8ddb1f-11c1-6317-911e-eb9e48a06679",
            "name": "0a8ddb1f-11c1-6317-911e-eb9e48a06679",
            "principal_id": "662169e8-7af6-4b12-a00a-0e288b59bdc4",
            "principal_type": "User",
            "role_definition_id": "/subscriptions/28b08140-f0c6-4a37-94d7-45edc468886d/providers/Microsoft.Authorization/roleDefinitions/b7e6dc6d-f1e8-4753-8033-0f276bb0955b",
            "role_definition_name": "Storage Blob Data Owner",
            "scope": "/subscriptions/28b08140-f0c6-4a37-94d7-45edc468886d/resourceGroups/bigdatax3e8pb1yv5_rg/providers/Microsoft.Databricks/workspaces/databricks-workspace-bigdatax3e8pb1yv5",
            "skip_service_principal_aad_check": null,
            "timeouts": null
          },
          "sensitive_attributes": [],
          "private": "eyJlMmJmYjczMC1lY2FhLTExZTYtOGY4OC0zNDM2M2JjN2M0YzAiOnsiY3JlYXRlIjoxODAwMDAwMDAwMDAwLCJkZWxldGUiOjE4MDAwMDAwMDAwMDAsInJlYWQiOjMwMDAwMDAwMDAwMCwidXBkYXRlIjoxODAwMDAwMDAwMDAwfX0=",
          "dependencies": [
            "azurerm_databricks_workspace.databricks_workspace",
            "azurerm_resource_group.resource_group",
            "data.azuread_client_config.current",
            "random_string.random_prefix"
          ]
        }
      ]
    },
    {
      "mode": "managed",
      "type": "azurerm_role_assignment",
      "name": "df_databricks_role_assignement",
      "provider": "provider[\"registry.terraform.io/hashicorp/azurerm\"]",
      "instances": [
        {
          "index_key": "Contributor",
          "schema_version": 0,
          "attributes": {
            "condition": "",
            "condition_version": "",
            "delegated_managed_identity_resource_id": "",
            "description": "",
            "id": "/subscriptions/28b08140-f0c6-4a37-94d7-45edc468886d/resourceGroups/bigdatax3e8pb1yv5_rg/providers/Microsoft.Databricks/workspaces/databricks-workspace-bigdatax3e8pb1yv5/providers/Microsoft.Authorization/roleAssignments/77546e10-4842-2182-c2ac-9141ab060b40",
            "name": "77546e10-4842-2182-c2ac-9141ab060b40",
            "principal_id": "59750769-b80f-4a5e-b399-a930cb9a43bd",
            "principal_type": "ServicePrincipal",
            "role_definition_id": "/subscriptions/28b08140-f0c6-4a37-94d7-45edc468886d/providers/Microsoft.Authorization/roleDefinitions/b24988ac-6180-42a0-ab88-20f7382dd24c",
            "role_definition_name": "Contributor",
            "scope": "/subscriptions/28b08140-f0c6-4a37-94d7-45edc468886d/resourceGroups/bigdatax3e8pb1yv5_rg/providers/Microsoft.Databricks/workspaces/databricks-workspace-bigdatax3e8pb1yv5",
            "skip_service_principal_aad_check": null,
            "timeouts": null
          },
          "sensitive_attributes": [],
          "private": "eyJlMmJmYjczMC1lY2FhLTExZTYtOGY4OC0zNDM2M2JjN2M0YzAiOnsiY3JlYXRlIjoxODAwMDAwMDAwMDAwLCJkZWxldGUiOjE4MDAwMDAwMDAwMDAsInJlYWQiOjMwMDAwMDAwMDAwMCwidXBkYXRlIjoxODAwMDAwMDAwMDAwfX0=",
          "dependencies": [
            "azurerm_data_factory.data_factory",
            "azurerm_databricks_workspace.databricks_workspace",
            "azurerm_resource_group.resource_group",
            "random_string.random_prefix"
          ]
        },
        {
          "index_key": "Storage Blob Data Owner",
          "schema_version": 0,
          "attributes": {
            "condition": "",
            "condition_version": "",
            "delegated_managed_identity_resource_id": "",
            "description": "",
            "id": "/subscriptions/28b08140-f0c6-4a37-94d7-45edc468886d/resourceGroups/bigdatax3e8pb1yv5_rg/providers/Microsoft.Databricks/workspaces/databricks-workspace-bigdatax3e8pb1yv5/providers/Microsoft.Authorization/roleAssignments/2248acf8-f0a2-6a08-3642-d111dd027473",
            "name": "2248acf8-f0a2-6a08-3642-d111dd027473",
            "principal_id": "59750769-b80f-4a5e-b399-a930cb9a43bd",
            "principal_type": "ServicePrincipal",
            "role_definition_id": "/subscriptions/28b08140-f0c6-4a37-94d7-45edc468886d/providers/Microsoft.Authorization/roleDefinitions/b7e6dc6d-f1e8-4753-8033-0f276bb0955b",
            "role_definition_name": "Storage Blob Data Owner",
            "scope": "/subscriptions/28b08140-f0c6-4a37-94d7-45edc468886d/resourceGroups/bigdatax3e8pb1yv5_rg/providers/Microsoft.Databricks/workspaces/databricks-workspace-bigdatax3e8pb1yv5",
            "skip_service_principal_aad_check": null,
            "timeouts": null
          },
          "sensitive_attributes": [],
          "private": "eyJlMmJmYjczMC1lY2FhLTExZTYtOGY4OC0zNDM2M2JjN2M0YzAiOnsiY3JlYXRlIjoxODAwMDAwMDAwMDAwLCJkZWxldGUiOjE4MDAwMDAwMDAwMDAsInJlYWQiOjMwMDAwMDAwMDAwMCwidXBkYXRlIjoxODAwMDAwMDAwMDAwfX0=",
          "dependencies": [
            "azurerm_data_factory.data_factory",
            "azurerm_databricks_workspace.databricks_workspace",
            "azurerm_resource_group.resource_group",
            "random_string.random_prefix"
          ]
        }
      ]
    },
    {
      "mode": "managed",
      "type": "azurerm_role_assignment",
      "name": "df_datalake_role_assignement",
      "provider": "provider[\"registry.terraform.io/hashicorp/azurerm\"]",
      "instances": [
        {
          "index_key": "Contributor",
          "schema_version": 0,
          "attributes": {
            "condition": "",
            "condition_version": "",
            "delegated_managed_identity_resource_id": "",
            "description": "",
            "id": "/subscriptions/28b08140-f0c6-4a37-94d7-45edc468886d/resourceGroups/bigdatax3e8pb1yv5_rg/providers/Microsoft.Storage/storageAccounts/datalakebigdatax3e8pb1yv/providers/Microsoft.Authorization/roleAssignments/0f70dff2-8b5d-d7e7-77d4-b6a57b62ce1e",
            "name": "0f70dff2-8b5d-d7e7-77d4-b6a57b62ce1e",
            "principal_id": "59750769-b80f-4a5e-b399-a930cb9a43bd",
            "principal_type": "ServicePrincipal",
            "role_definition_id": "/subscriptions/28b08140-f0c6-4a37-94d7-45edc468886d/providers/Microsoft.Authorization/roleDefinitions/b24988ac-6180-42a0-ab88-20f7382dd24c",
            "role_definition_name": "Contributor",
            "scope": "/subscriptions/28b08140-f0c6-4a37-94d7-45edc468886d/resourceGroups/bigdatax3e8pb1yv5_rg/providers/Microsoft.Storage/storageAccounts/datalakebigdatax3e8pb1yv",
            "skip_service_principal_aad_check": null,
            "timeouts": null
          },
          "sensitive_attributes": [],
          "private": "eyJlMmJmYjczMC1lY2FhLTExZTYtOGY4OC0zNDM2M2JjN2M0YzAiOnsiY3JlYXRlIjoxODAwMDAwMDAwMDAwLCJkZWxldGUiOjE4MDAwMDAwMDAwMDAsInJlYWQiOjMwMDAwMDAwMDAwMCwidXBkYXRlIjoxODAwMDAwMDAwMDAwfX0=",
          "dependencies": [
            "azurerm_data_factory.data_factory",
            "azurerm_resource_group.resource_group",
            "azurerm_storage_account.datalake_storage_account",
            "random_string.random_prefix"
          ]
        },
        {
          "index_key": "Storage Blob Data Owner",
          "schema_version": 0,
          "attributes": {
            "condition": "",
            "condition_version": "",
            "delegated_managed_identity_resource_id": "",
            "description": "",
            "id": "/subscriptions/28b08140-f0c6-4a37-94d7-45edc468886d/resourceGroups/bigdatax3e8pb1yv5_rg/providers/Microsoft.Storage/storageAccounts/datalakebigdatax3e8pb1yv/providers/Microsoft.Authorization/roleAssignments/37dea8d7-9d7f-12e1-33c7-af26bdf34c65",
            "name": "37dea8d7-9d7f-12e1-33c7-af26bdf34c65",
            "principal_id": "59750769-b80f-4a5e-b399-a930cb9a43bd",
            "principal_type": "ServicePrincipal",
            "role_definition_id": "/subscriptions/28b08140-f0c6-4a37-94d7-45edc468886d/providers/Microsoft.Authorization/roleDefinitions/b7e6dc6d-f1e8-4753-8033-0f276bb0955b",
            "role_definition_name": "Storage Blob Data Owner",
            "scope": "/subscriptions/28b08140-f0c6-4a37-94d7-45edc468886d/resourceGroups/bigdatax3e8pb1yv5_rg/providers/Microsoft.Storage/storageAccounts/datalakebigdatax3e8pb1yv",
            "skip_service_principal_aad_check": null,
            "timeouts": null
          },
          "sensitive_attributes": [],
          "private": "eyJlMmJmYjczMC1lY2FhLTExZTYtOGY4OC0zNDM2M2JjN2M0YzAiOnsiY3JlYXRlIjoxODAwMDAwMDAwMDAwLCJkZWxldGUiOjE4MDAwMDAwMDAwMDAsInJlYWQiOjMwMDAwMDAwMDAwMCwidXBkYXRlIjoxODAwMDAwMDAwMDAwfX0=",
          "dependencies": [
            "azurerm_data_factory.data_factory",
            "azurerm_resource_group.resource_group",
            "azurerm_storage_account.datalake_storage_account",
            "random_string.random_prefix"
          ]
        }
      ]
    },
    {
      "mode": "managed",
      "type": "azurerm_role_assignment",
      "name": "df_owner_role_assignement",
      "provider": "provider[\"registry.terraform.io/hashicorp/azurerm\"]",
      "instances": [
        {
          "schema_version": 0,
          "attributes": {
            "condition": "",
            "condition_version": "",
            "delegated_managed_identity_resource_id": "",
            "description": "",
            "id": "/subscriptions/28b08140-f0c6-4a37-94d7-45edc468886d/resourceGroups/bigdatax3e8pb1yv5_rg/providers/Microsoft.DataFactory/factories/data-factory-bigdatax3e8pb1yv5/providers/Microsoft.Authorization/roleAssignments/ddc28f88-3371-6c78-7020-6f8ccbc04505",
            "name": "ddc28f88-3371-6c78-7020-6f8ccbc04505",
            "principal_id": "662169e8-7af6-4b12-a00a-0e288b59bdc4",
            "principal_type": "User",
            "role_definition_id": "/subscriptions/28b08140-f0c6-4a37-94d7-45edc468886d/providers/Microsoft.Authorization/roleDefinitions/8e3af657-a8ff-443c-a75c-2fe8c4bcb635",
            "role_definition_name": "Owner",
            "scope": "/subscriptions/28b08140-f0c6-4a37-94d7-45edc468886d/resourceGroups/bigdatax3e8pb1yv5_rg/providers/Microsoft.DataFactory/factories/data-factory-bigdatax3e8pb1yv5",
            "skip_service_principal_aad_check": null,
            "timeouts": null
          },
          "sensitive_attributes": [],
          "private": "eyJlMmJmYjczMC1lY2FhLTExZTYtOGY4OC0zNDM2M2JjN2M0YzAiOnsiY3JlYXRlIjoxODAwMDAwMDAwMDAwLCJkZWxldGUiOjE4MDAwMDAwMDAwMDAsInJlYWQiOjMwMDAwMDAwMDAwMCwidXBkYXRlIjoxODAwMDAwMDAwMDAwfX0=",
          "dependencies": [
            "azurerm_data_factory.data_factory",
            "azurerm_resource_group.resource_group",
            "data.azuread_client_config.current",
            "random_string.random_prefix"
          ]
        }
      ]
    },
    {
      "mode": "managed",
      "type": "azurerm_role_assignment",
      "name": "df_source_role_assignement",
      "provider": "provider[\"registry.terraform.io/hashicorp/azurerm\"]",
      "instances": [
        {
          "index_key": "Contributor",
          "schema_version": 0,
          "attributes": {
            "condition": "",
            "condition_version": "",
            "delegated_managed_identity_resource_id": "",
            "description": "",
            "id": "/subscriptions/28b08140-f0c6-4a37-94d7-45edc468886d/resourceGroups/bigdatax3e8pb1yv5_rg/providers/Microsoft.Storage/storageAccounts/sourcebigdatax3e8pb1yv5/providers/Microsoft.Authorization/roleAssignments/8ce185b4-3850-45be-e39e-732dc58e9ad8",
            "name": "8ce185b4-3850-45be-e39e-732dc58e9ad8",
            "principal_id": "59750769-b80f-4a5e-b399-a930cb9a43bd",
            "principal_type": "ServicePrincipal",
            "role_definition_id": "/subscriptions/28b08140-f0c6-4a37-94d7-45edc468886d/providers/Microsoft.Authorization/roleDefinitions/b24988ac-6180-42a0-ab88-20f7382dd24c",
            "role_definition_name": "Contributor",
            "scope": "/subscriptions/28b08140-f0c6-4a37-94d7-45edc468886d/resourceGroups/bigdatax3e8pb1yv5_rg/providers/Microsoft.Storage/storageAccounts/sourcebigdatax3e8pb1yv5",
            "skip_service_principal_aad_check": null,
            "timeouts": null
          },
          "sensitive_attributes": [],
          "private": "eyJlMmJmYjczMC1lY2FhLTExZTYtOGY4OC0zNDM2M2JjN2M0YzAiOnsiY3JlYXRlIjoxODAwMDAwMDAwMDAwLCJkZWxldGUiOjE4MDAwMDAwMDAwMDAsInJlYWQiOjMwMDAwMDAwMDAwMCwidXBkYXRlIjoxODAwMDAwMDAwMDAwfX0=",
          "dependencies": [
            "azurerm_data_factory.data_factory",
            "azurerm_resource_group.resource_group",
            "azurerm_storage_account.source_storage_account",
            "random_string.random_prefix"
          ]
        },
        {
          "index_key": "Storage Blob Data Owner",
          "schema_version": 0,
          "attributes": {
            "condition": "",
            "condition_version": "",
            "delegated_managed_identity_resource_id": "",
            "description": "",
            "id": "/subscriptions/28b08140-f0c6-4a37-94d7-45edc468886d/resourceGroups/bigdatax3e8pb1yv5_rg/providers/Microsoft.Storage/storageAccounts/sourcebigdatax3e8pb1yv5/providers/Microsoft.Authorization/roleAssignments/bf43fc29-4c82-e30c-8075-fa636623c4ca",
            "name": "bf43fc29-4c82-e30c-8075-fa636623c4ca",
            "principal_id": "59750769-b80f-4a5e-b399-a930cb9a43bd",
            "principal_type": "ServicePrincipal",
            "role_definition_id": "/subscriptions/28b08140-f0c6-4a37-94d7-45edc468886d/providers/Microsoft.Authorization/roleDefinitions/b7e6dc6d-f1e8-4753-8033-0f276bb0955b",
            "role_definition_name": "Storage Blob Data Owner",
            "scope": "/subscriptions/28b08140-f0c6-4a37-94d7-45edc468886d/resourceGroups/bigdatax3e8pb1yv5_rg/providers/Microsoft.Storage/storageAccounts/sourcebigdatax3e8pb1yv5",
            "skip_service_principal_aad_check": null,
            "timeouts": null
          },
          "sensitive_attributes": [],
          "private": "eyJlMmJmYjczMC1lY2FhLTExZTYtOGY4OC0zNDM2M2JjN2M0YzAiOnsiY3JlYXRlIjoxODAwMDAwMDAwMDAwLCJkZWxldGUiOjE4MDAwMDAwMDAwMDAsInJlYWQiOjMwMDAwMDAwMDAwMCwidXBkYXRlIjoxODAwMDAwMDAwMDAwfX0=",
          "dependencies": [
            "azurerm_data_factory.data_factory",
            "azurerm_resource_group.resource_group",
            "azurerm_storage_account.source_storage_account",
            "random_string.random_prefix"
          ]
        }
      ]
    },
    {
      "mode": "managed",
      "type": "azurerm_role_assignment",
      "name": "observation_fn_role_assignement",
      "provider": "provider[\"registry.terraform.io/hashicorp/azurerm\"]",
      "instances": [
        {
          "schema_version": 0,
          "attributes": {
            "condition": "",
            "condition_version": "",
            "delegated_managed_identity_resource_id": "",
            "description": "",
            "id": "/subscriptions/28b08140-f0c6-4a37-94d7-45edc468886d/resourceGroups/bigdatax3e8pb1yv5_rg/providers/Microsoft.EventHub/namespaces/marudau-big-data-eventhub-namespace/eventhubs/marudau-observation-generator-event-hub/providers/Microsoft.Authorization/roleAssignments/f272bec9-2c36-316f-61eb-929cf26ce955",
            "name": "f272bec9-2c36-316f-61eb-929cf26ce955",
            "principal_id": "41b2a482-c63e-4f36-8e7d-0df57a64c93c",
            "principal_type": "ServicePrincipal",
            "role_definition_id": "/subscriptions/28b08140-f0c6-4a37-94d7-45edc468886d/providers/Microsoft.Authorization/roleDefinitions/b24988ac-6180-42a0-ab88-20f7382dd24c",
            "role_definition_name": "Contributor",
            "scope": "/subscriptions/28b08140-f0c6-4a37-94d7-45edc468886d/resourceGroups/bigdatax3e8pb1yv5_rg/providers/Microsoft.EventHub/namespaces/marudau-big-data-eventhub-namespace/eventhubs/marudau-observation-generator-event-hub",
            "skip_service_principal_aad_check": null,
            "timeouts": null
          },
          "sensitive_attributes": [],
          "private": "eyJlMmJmYjczMC1lY2FhLTExZTYtOGY4OC0zNDM2M2JjN2M0YzAiOnsiY3JlYXRlIjoxODAwMDAwMDAwMDAwLCJkZWxldGUiOjE4MDAwMDAwMDAwMDAsInJlYWQiOjMwMDAwMDAwMDAwMCwidXBkYXRlIjoxODAwMDAwMDAwMDAwfX0=",
          "dependencies": [
            "azurerm_eventhub.observation_eventhub",
            "azurerm_eventhub_authorization_rule.observation_eventhub_auth_rule",
            "azurerm_eventhub_namespace.eventhub_namespace",
            "azurerm_linux_function_app.observation_function",
            "azurerm_resource_group.resource_group",
            "azurerm_service_plan.service_plan",
            "azurerm_storage_account.source_storage_account",
            "azurerm_storage_blob.storage_blob_function",
            "azurerm_storage_container.storage_container_function",
            "data.archive_file.function",
            "random_string.random_prefix"
          ]
        }
      ]
    },
    {
      "mode": "managed",
      "type": "azurerm_role_assignment",
      "name": "role_assignment_storage",
      "provider": "provider[\"registry.terraform.io/hashicorp/azurerm\"]",
      "instances": [
        {
          "schema_version": 0,
          "attributes": {
            "condition": "",
            "condition_version": "",
            "delegated_managed_identity_resource_id": "",
            "description": "",
            "id": "/subscriptions/28b08140-f0c6-4a37-94d7-45edc468886d/resourceGroups/bigdatax3e8pb1yv5_rg/providers/Microsoft.Storage/storageAccounts/sourcebigdatax3e8pb1yv5/providers/Microsoft.Authorization/roleAssignments/30fdbe74-ce40-e21f-1384-91bea60e32e2",
            "name": "30fdbe74-ce40-e21f-1384-91bea60e32e2",
            "principal_id": "41b2a482-c63e-4f36-8e7d-0df57a64c93c",
            "principal_type": "ServicePrincipal",
            "role_definition_id": "/subscriptions/28b08140-f0c6-4a37-94d7-45edc468886d/providers/Microsoft.Authorization/roleDefinitions/ba92f5b4-2d11-453d-a403-e96b0029c9fe",
            "role_definition_name": "Storage Blob Data Contributor",
            "scope": "/subscriptions/28b08140-f0c6-4a37-94d7-45edc468886d/resourceGroups/bigdatax3e8pb1yv5_rg/providers/Microsoft.Storage/storageAccounts/sourcebigdatax3e8pb1yv5",
            "skip_service_principal_aad_check": null,
            "timeouts": null
          },
          "sensitive_attributes": [],
          "private": "eyJlMmJmYjczMC1lY2FhLTExZTYtOGY4OC0zNDM2M2JjN2M0YzAiOnsiY3JlYXRlIjoxODAwMDAwMDAwMDAwLCJkZWxldGUiOjE4MDAwMDAwMDAwMDAsInJlYWQiOjMwMDAwMDAwMDAwMCwidXBkYXRlIjoxODAwMDAwMDAwMDAwfX0=",
          "dependencies": [
            "azurerm_eventhub.observation_eventhub",
            "azurerm_eventhub_authorization_rule.observation_eventhub_auth_rule",
            "azurerm_eventhub_namespace.eventhub_namespace",
            "azurerm_linux_function_app.observation_function",
            "azurerm_resource_group.resource_group",
            "azurerm_service_plan.service_plan",
            "azurerm_storage_account.source_storage_account",
            "azurerm_storage_blob.storage_blob_function",
            "azurerm_storage_container.storage_container_function",
            "data.archive_file.function",
            "random_string.random_prefix"
          ]
        }
      ]
    },
    {
      "mode": "managed",
      "type": "azurerm_role_assignment",
      "name": "stream_analytics_event_hub_role_assignement",
      "provider": "provider[\"registry.terraform.io/hashicorp/azurerm\"]",
      "instances": [
        {
          "index_key": "Azure Event Hubs Data Owner",
          "schema_version": 0,
          "attributes": {
            "condition": "",
            "condition_version": "",
            "delegated_managed_identity_resource_id": "",
            "description": "",
            "id": "/subscriptions/28b08140-f0c6-4a37-94d7-45edc468886d/resourceGroups/bigdatax3e8pb1yv5_rg/providers/Microsoft.EventHub/namespaces/marudau-big-data-eventhub-namespace/eventhubs/marudau-target-event-hub/providers/Microsoft.Authorization/roleAssignments/86de5050-5299-2dc7-57f1-6dfd3b27f382",
            "name": "86de5050-5299-2dc7-57f1-6dfd3b27f382",
            "principal_id": "d4fe515a-a939-4d1a-99c6-1bed65ad856b",
            "principal_type": "ServicePrincipal",
            "role_definition_id": "/subscriptions/28b08140-f0c6-4a37-94d7-45edc468886d/providers/Microsoft.Authorization/roleDefinitions/f526a384-b230-433a-b45c-95f59c4a2dec",
            "role_definition_name": "Azure Event Hubs Data Owner",
            "scope": "/subscriptions/28b08140-f0c6-4a37-94d7-45edc468886d/resourceGroups/bigdatax3e8pb1yv5_rg/providers/Microsoft.EventHub/namespaces/marudau-big-data-eventhub-namespace/eventhubs/marudau-target-event-hub",
            "skip_service_principal_aad_check": null,
            "timeouts": null
          },
          "sensitive_attributes": [],
          "private": "eyJlMmJmYjczMC1lY2FhLTExZTYtOGY4OC0zNDM2M2JjN2M0YzAiOnsiY3JlYXRlIjoxODAwMDAwMDAwMDAwLCJkZWxldGUiOjE4MDAwMDAwMDAwMDAsInJlYWQiOjMwMDAwMDAwMDAwMCwidXBkYXRlIjoxODAwMDAwMDAwMDAwfX0=",
          "dependencies": [
            "azurerm_eventhub.target_observation_eventhub",
            "azurerm_eventhub_namespace.eventhub_namespace",
            "azurerm_resource_group.resource_group",
            "azurerm_stream_analytics_job.stream_analytics_job",
            "random_string.random_prefix"
          ]
        },
        {
          "index_key": "Contributor",
          "schema_version": 0,
          "attributes": {
            "condition": "",
            "condition_version": "",
            "delegated_managed_identity_resource_id": "",
            "description": "",
            "id": "/subscriptions/28b08140-f0c6-4a37-94d7-45edc468886d/resourceGroups/bigdatax3e8pb1yv5_rg/providers/Microsoft.EventHub/namespaces/marudau-big-data-eventhub-namespace/eventhubs/marudau-target-event-hub/providers/Microsoft.Authorization/roleAssignments/92010e76-0cb3-0509-733a-dd63c3c597ba",
            "name": "92010e76-0cb3-0509-733a-dd63c3c597ba",
            "principal_id": "d4fe515a-a939-4d1a-99c6-1bed65ad856b",
            "principal_type": "ServicePrincipal",
            "role_definition_id": "/subscriptions/28b08140-f0c6-4a37-94d7-45edc468886d/providers/Microsoft.Authorization/roleDefinitions/b24988ac-6180-42a0-ab88-20f7382dd24c",
            "role_definition_name": "Contributor",
            "scope": "/subscriptions/28b08140-f0c6-4a37-94d7-45edc468886d/resourceGroups/bigdatax3e8pb1yv5_rg/providers/Microsoft.EventHub/namespaces/marudau-big-data-eventhub-namespace/eventhubs/marudau-target-event-hub",
            "skip_service_principal_aad_check": null,
            "timeouts": null
          },
          "sensitive_attributes": [],
          "private": "eyJlMmJmYjczMC1lY2FhLTExZTYtOGY4OC0zNDM2M2JjN2M0YzAiOnsiY3JlYXRlIjoxODAwMDAwMDAwMDAwLCJkZWxldGUiOjE4MDAwMDAwMDAwMDAsInJlYWQiOjMwMDAwMDAwMDAwMCwidXBkYXRlIjoxODAwMDAwMDAwMDAwfX0=",
          "dependencies": [
            "azurerm_eventhub.target_observation_eventhub",
            "azurerm_eventhub_namespace.eventhub_namespace",
            "azurerm_resource_group.resource_group",
            "azurerm_stream_analytics_job.stream_analytics_job",
            "random_string.random_prefix"
          ]
        }
      ]
    },
    {
      "mode": "managed",
      "type": "azurerm_role_assignment",
      "name": "synapse_datalake_role_assignement",
      "provider": "provider[\"registry.terraform.io/hashicorp/azurerm\"]",
      "instances": [
        {
          "index_key": "Contributor",
          "schema_version": 0,
          "attributes": {
            "condition": "",
            "condition_version": "",
            "delegated_managed_identity_resource_id": "",
            "description": "",
            "id": "/subscriptions/28b08140-f0c6-4a37-94d7-45edc468886d/resourceGroups/bigdatax3e8pb1yv5_rg/providers/Microsoft.Storage/storageAccounts/datalakebigdatax3e8pb1yv/providers/Microsoft.Authorization/roleAssignments/82970902-559c-d3b5-c26c-5bafb0252a87",
            "name": "82970902-559c-d3b5-c26c-5bafb0252a87",
            "principal_id": "81c57d45-8c90-4036-889f-4733e3a768cd",
            "principal_type": "ServicePrincipal",
            "role_definition_id": "/subscriptions/28b08140-f0c6-4a37-94d7-45edc468886d/providers/Microsoft.Authorization/roleDefinitions/b24988ac-6180-42a0-ab88-20f7382dd24c",
            "role_definition_name": "Contributor",
            "scope": "/subscriptions/28b08140-f0c6-4a37-94d7-45edc468886d/resourceGroups/bigdatax3e8pb1yv5_rg/providers/Microsoft.Storage/storageAccounts/datalakebigdatax3e8pb1yv",
            "skip_service_principal_aad_check": null,
            "timeouts": null
          },
          "sensitive_attributes": [],
          "private": "eyJlMmJmYjczMC1lY2FhLTExZTYtOGY4OC0zNDM2M2JjN2M0YzAiOnsiY3JlYXRlIjoxODAwMDAwMDAwMDAwLCJkZWxldGUiOjE4MDAwMDAwMDAwMDAsInJlYWQiOjMwMDAwMDAwMDAwMCwidXBkYXRlIjoxODAwMDAwMDAwMDAwfX0=",
          "dependencies": [
            "azurerm_resource_group.resource_group",
            "azurerm_role_assignment.user_datalake_role_assignement",
            "azurerm_storage_account.datalake_storage_account",
            "azurerm_storage_data_lake_gen2_filesystem.adls",
            "azurerm_synapse_workspace.synapse_workspace",
            "data.azuread_client_config.current",
            "random_string.random_prefix",
            "time_sleep.role_assignment_sleep"
          ]
        },
        {
          "index_key": "Storage Blob Data Owner",
          "schema_version": 0,
          "attributes": {
            "condition": "",
            "condition_version": "",
            "delegated_managed_identity_resource_id": "",
            "description": "",
            "id": "/subscriptions/28b08140-f0c6-4a37-94d7-45edc468886d/resourceGroups/bigdatax3e8pb1yv5_rg/providers/Microsoft.Storage/storageAccounts/datalakebigdatax3e8pb1yv/providers/Microsoft.Authorization/roleAssignments/7faa1007-0f6d-8e02-25ca-3492a28dd91b",
            "name": "7faa1007-0f6d-8e02-25ca-3492a28dd91b",
            "principal_id": "81c57d45-8c90-4036-889f-4733e3a768cd",
            "principal_type": "ServicePrincipal",
            "role_definition_id": "/subscriptions/28b08140-f0c6-4a37-94d7-45edc468886d/providers/Microsoft.Authorization/roleDefinitions/b7e6dc6d-f1e8-4753-8033-0f276bb0955b",
            "role_definition_name": "Storage Blob Data Owner",
            "scope": "/subscriptions/28b08140-f0c6-4a37-94d7-45edc468886d/resourceGroups/bigdatax3e8pb1yv5_rg/providers/Microsoft.Storage/storageAccounts/datalakebigdatax3e8pb1yv",
            "skip_service_principal_aad_check": null,
            "timeouts": null
          },
          "sensitive_attributes": [],
          "private": "eyJlMmJmYjczMC1lY2FhLTExZTYtOGY4OC0zNDM2M2JjN2M0YzAiOnsiY3JlYXRlIjoxODAwMDAwMDAwMDAwLCJkZWxldGUiOjE4MDAwMDAwMDAwMDAsInJlYWQiOjMwMDAwMDAwMDAwMCwidXBkYXRlIjoxODAwMDAwMDAwMDAwfX0=",
          "dependencies": [
            "azurerm_resource_group.resource_group",
            "azurerm_role_assignment.user_datalake_role_assignement",
            "azurerm_storage_account.datalake_storage_account",
            "azurerm_storage_data_lake_gen2_filesystem.adls",
            "azurerm_synapse_workspace.synapse_workspace",
            "data.azuread_client_config.current",
            "random_string.random_prefix",
            "time_sleep.role_assignment_sleep"
          ]
        }
      ]
    },
    {
      "mode": "managed",
      "type": "azurerm_role_assignment",
      "name": "synapse_workspace_owner_role_assignment",
      "provider": "provider[\"registry.terraform.io/hashicorp/azurerm\"]",
      "instances": [
        {
          "schema_version": 0,
          "attributes": {
            "condition": "",
            "condition_version": "",
            "delegated_managed_identity_resource_id": "",
            "description": "",
            "id": "/subscriptions/28b08140-f0c6-4a37-94d7-45edc468886d/resourceGroups/bigdatax3e8pb1yv5_rg/providers/Microsoft.Synapse/workspaces/synapse-workspace-bigdatax3e8pb1yv5/providers/Microsoft.Authorization/roleAssignments/bda49a60-be11-0f75-c97d-ad0b5bae99a7",
            "name": "bda49a60-be11-0f75-c97d-ad0b5bae99a7",
            "principal_id": "662169e8-7af6-4b12-a00a-0e288b59bdc4",
            "principal_type": "User",
            "role_definition_id": "/subscriptions/28b08140-f0c6-4a37-94d7-45edc468886d/providers/Microsoft.Authorization/roleDefinitions/8e3af657-a8ff-443c-a75c-2fe8c4bcb635",
            "role_definition_name": "Owner",
            "scope": "/subscriptions/28b08140-f0c6-4a37-94d7-45edc468886d/resourceGroups/bigdatax3e8pb1yv5_rg/providers/Microsoft.Synapse/workspaces/synapse-workspace-bigdatax3e8pb1yv5",
            "skip_service_principal_aad_check": null,
            "timeouts": null
          },
          "sensitive_attributes": [],
          "private": "eyJlMmJmYjczMC1lY2FhLTExZTYtOGY4OC0zNDM2M2JjN2M0YzAiOnsiY3JlYXRlIjoxODAwMDAwMDAwMDAwLCJkZWxldGUiOjE4MDAwMDAwMDAwMDAsInJlYWQiOjMwMDAwMDAwMDAwMCwidXBkYXRlIjoxODAwMDAwMDAwMDAwfX0=",
          "dependencies": [
            "azurerm_resource_group.resource_group",
            "azurerm_role_assignment.user_datalake_role_assignement",
            "azurerm_storage_account.datalake_storage_account",
            "azurerm_storage_data_lake_gen2_filesystem.adls",
            "azurerm_synapse_workspace.synapse_workspace",
            "data.azuread_client_config.current",
            "random_string.random_prefix",
            "time_sleep.role_assignment_sleep"
          ]
        }
      ]
    },
    {
      "mode": "managed",
      "type": "azurerm_role_assignment",
      "name": "user_datalake_role_assignement",
      "provider": "provider[\"registry.terraform.io/hashicorp/azurerm\"]",
      "instances": [
        {
          "index_key": "Contributor",
          "schema_version": 0,
          "attributes": {
            "condition": "",
            "condition_version": "",
            "delegated_managed_identity_resource_id": "",
            "description": "",
            "id": "/subscriptions/28b08140-f0c6-4a37-94d7-45edc468886d/resourceGroups/bigdatax3e8pb1yv5_rg/providers/Microsoft.Storage/storageAccounts/datalakebigdatax3e8pb1yv/providers/Microsoft.Authorization/roleAssignments/80764dfa-ff2e-1826-31cc-f67479c1be52",
            "name": "80764dfa-ff2e-1826-31cc-f67479c1be52",
            "principal_id": "662169e8-7af6-4b12-a00a-0e288b59bdc4",
            "principal_type": "User",
            "role_definition_id": "/subscriptions/28b08140-f0c6-4a37-94d7-45edc468886d/providers/Microsoft.Authorization/roleDefinitions/b24988ac-6180-42a0-ab88-20f7382dd24c",
            "role_definition_name": "Contributor",
            "scope": "/subscriptions/28b08140-f0c6-4a37-94d7-45edc468886d/resourceGroups/bigdatax3e8pb1yv5_rg/providers/Microsoft.Storage/storageAccounts/datalakebigdatax3e8pb1yv",
            "skip_service_principal_aad_check": null,
            "timeouts": null
          },
          "sensitive_attributes": [],
          "private": "eyJlMmJmYjczMC1lY2FhLTExZTYtOGY4OC0zNDM2M2JjN2M0YzAiOnsiY3JlYXRlIjoxODAwMDAwMDAwMDAwLCJkZWxldGUiOjE4MDAwMDAwMDAwMDAsInJlYWQiOjMwMDAwMDAwMDAwMCwidXBkYXRlIjoxODAwMDAwMDAwMDAwfX0=",
          "dependencies": [
            "azurerm_resource_group.resource_group",
            "azurerm_storage_account.datalake_storage_account",
            "data.azuread_client_config.current",
            "random_string.random_prefix"
          ]
        },
        {
          "index_key": "Storage Blob Data Owner",
          "schema_version": 0,
          "attributes": {
            "condition": "",
            "condition_version": "",
            "delegated_managed_identity_resource_id": "",
            "description": "",
            "id": "/subscriptions/28b08140-f0c6-4a37-94d7-45edc468886d/resourceGroups/bigdatax3e8pb1yv5_rg/providers/Microsoft.Storage/storageAccounts/datalakebigdatax3e8pb1yv/providers/Microsoft.Authorization/roleAssignments/128d5bb9-790b-5840-90c3-c43afbb712e6",
            "name": "128d5bb9-790b-5840-90c3-c43afbb712e6",
            "principal_id": "662169e8-7af6-4b12-a00a-0e288b59bdc4",
            "principal_type": "User",
            "role_definition_id": "/subscriptions/28b08140-f0c6-4a37-94d7-45edc468886d/providers/Microsoft.Authorization/roleDefinitions/b7e6dc6d-f1e8-4753-8033-0f276bb0955b",
            "role_definition_name": "Storage Blob Data Owner",
            "scope": "/subscriptions/28b08140-f0c6-4a37-94d7-45edc468886d/resourceGroups/bigdatax3e8pb1yv5_rg/providers/Microsoft.Storage/storageAccounts/datalakebigdatax3e8pb1yv",
            "skip_service_principal_aad_check": null,
            "timeouts": null
          },
          "sensitive_attributes": [],
          "private": "eyJlMmJmYjczMC1lY2FhLTExZTYtOGY4OC0zNDM2M2JjN2M0YzAiOnsiY3JlYXRlIjoxODAwMDAwMDAwMDAwLCJkZWxldGUiOjE4MDAwMDAwMDAwMDAsInJlYWQiOjMwMDAwMDAwMDAwMCwidXBkYXRlIjoxODAwMDAwMDAwMDAwfX0=",
          "dependencies": [
            "azurerm_resource_group.resource_group",
            "azurerm_storage_account.datalake_storage_account",
            "data.azuread_client_config.current",
            "random_string.random_prefix"
          ]
        }
      ]
    },
    {
      "mode": "managed",
      "type": "azurerm_service_plan",
      "name": "service_plan",
      "provider": "provider[\"registry.terraform.io/hashicorp/azurerm\"]",
      "instances": [
        {
          "schema_version": 0,
          "attributes": {
            "app_service_environment_id": "",
            "id": "/subscriptions/28b08140-f0c6-4a37-94d7-45edc468886d/resourceGroups/bigdatax3e8pb1yv5_rg/providers/Microsoft.Web/serverfarms/app-service-plan",
            "kind": "functionapp",
            "location": "northeurope",
            "maximum_elastic_worker_count": 1,
            "name": "app-service-plan",
            "os_type": "Linux",
            "per_site_scaling_enabled": false,
            "reserved": true,
            "resource_group_name": "bigdatax3e8pb1yv5_rg",
            "sku_name": "Y1",
            "tags": {
              "Environment": "Big Data Reference Lab"
            },
            "timeouts": null,
            "worker_count": 0,
            "zone_balancing_enabled": false
          },
          "sensitive_attributes": [],
          "private": "eyJlMmJmYjczMC1lY2FhLTExZTYtOGY4OC0zNDM2M2JjN2M0YzAiOnsiY3JlYXRlIjozNjAwMDAwMDAwMDAwLCJkZWxldGUiOjM2MDAwMDAwMDAwMDAsInJlYWQiOjMwMDAwMDAwMDAwMCwidXBkYXRlIjozNjAwMDAwMDAwMDAwfX0=",
          "dependencies": [
            "azurerm_resource_group.resource_group",
            "random_string.random_prefix"
          ]
        }
      ]
    },
    {
      "mode": "managed",
      "type": "azurerm_storage_account",
      "name": "datalake_storage_account",
      "provider": "provider[\"registry.terraform.io/hashicorp/azurerm\"]",
      "instances": [
        {
          "schema_version": 4,
          "attributes": {
            "access_tier": "Hot",
            "account_kind": "StorageV2",
            "account_replication_type": "LRS",
            "account_tier": "Standard",
            "allow_nested_items_to_be_public": true,
            "allowed_copy_scope": "",
            "azure_files_authentication": [],
            "blob_properties": [
              {
                "change_feed_enabled": false,
                "change_feed_retention_in_days": 0,
                "container_delete_retention_policy": [],
                "cors_rule": [],
                "default_service_version": "",
                "delete_retention_policy": [],
                "last_access_time_enabled": false,
                "restore_policy": [],
                "versioning_enabled": false
              }
            ],
            "cross_tenant_replication_enabled": true,
            "custom_domain": [],
            "customer_managed_key": [],
            "default_to_oauth_authentication": false,
            "edge_zone": "",
            "enable_https_traffic_only": true,
            "id": "/subscriptions/28b08140-f0c6-4a37-94d7-45edc468886d/resourceGroups/bigdatax3e8pb1yv5_rg/providers/Microsoft.Storage/storageAccounts/datalakebigdatax3e8pb1yv",
            "identity": [],
            "immutability_policy": [],
            "infrastructure_encryption_enabled": false,
            "is_hns_enabled": true,
            "large_file_share_enabled": null,
            "location": "northeurope",
            "min_tls_version": "TLS1_2",
            "name": "datalakebigdatax3e8pb1yv",
            "network_rules": [
              {
                "bypass": [
                  "AzureServices"
                ],
                "default_action": "Allow",
                "ip_rules": [],
                "private_link_access": [],
                "virtual_network_subnet_ids": []
              }
            ],
            "nfsv3_enabled": false,
            "primary_access_key": "evaB2mJpWwyBm7WTUqcqko6szLcEisUAYnDbhsDJ0sCjZnUbrWbLz8LbhkaRg2J6GBFwOQJubplk+ASthM9jfA==",
            "primary_blob_connection_string": "DefaultEndpointsProtocol=https;BlobEndpoint=https://datalakebigdatax3e8pb1yv.blob.core.windows.net/;AccountName=datalakebigdatax3e8pb1yv;AccountKey=evaB2mJpWwyBm7WTUqcqko6szLcEisUAYnDbhsDJ0sCjZnUbrWbLz8LbhkaRg2J6GBFwOQJubplk+ASthM9jfA==",
            "primary_blob_endpoint": "https://datalakebigdatax3e8pb1yv.blob.core.windows.net/",
            "primary_blob_host": "datalakebigdatax3e8pb1yv.blob.core.windows.net",
            "primary_connection_string": "DefaultEndpointsProtocol=https;AccountName=datalakebigdatax3e8pb1yv;AccountKey=evaB2mJpWwyBm7WTUqcqko6szLcEisUAYnDbhsDJ0sCjZnUbrWbLz8LbhkaRg2J6GBFwOQJubplk+ASthM9jfA==;EndpointSuffix=core.windows.net",
            "primary_dfs_endpoint": "https://datalakebigdatax3e8pb1yv.dfs.core.windows.net/",
            "primary_dfs_host": "datalakebigdatax3e8pb1yv.dfs.core.windows.net",
            "primary_file_endpoint": "https://datalakebigdatax3e8pb1yv.file.core.windows.net/",
            "primary_file_host": "datalakebigdatax3e8pb1yv.file.core.windows.net",
            "primary_location": "northeurope",
            "primary_queue_endpoint": "https://datalakebigdatax3e8pb1yv.queue.core.windows.net/",
            "primary_queue_host": "datalakebigdatax3e8pb1yv.queue.core.windows.net",
            "primary_table_endpoint": "https://datalakebigdatax3e8pb1yv.table.core.windows.net/",
            "primary_table_host": "datalakebigdatax3e8pb1yv.table.core.windows.net",
            "primary_web_endpoint": "https://datalakebigdatax3e8pb1yv.z16.web.core.windows.net/",
            "primary_web_host": "datalakebigdatax3e8pb1yv.z16.web.core.windows.net",
            "public_network_access_enabled": true,
            "queue_encryption_key_type": "Service",
            "queue_properties": [
              {
                "cors_rule": [],
                "hour_metrics": [
                  {
                    "enabled": true,
                    "include_apis": true,
                    "retention_policy_days": 7,
                    "version": "1.0"
                  }
                ],
                "logging": [
                  {
                    "delete": false,
                    "read": false,
                    "retention_policy_days": 0,
                    "version": "1.0",
                    "write": false
                  }
                ],
                "minute_metrics": [
                  {
                    "enabled": false,
                    "include_apis": false,
                    "retention_policy_days": 0,
                    "version": "1.0"
                  }
                ]
              }
            ],
            "resource_group_name": "bigdatax3e8pb1yv5_rg",
            "routing": [],
            "sas_policy": [],
            "secondary_access_key": "unp/Iyxsc6nSyB+PGP3ZqTGPqR4+Pz1niQA+K38fo3XRIHLz1uDVYzUju2xcYti0IJk9+cxPW9UN+AStK+pX3g==",
            "secondary_blob_connection_string": "",
            "secondary_blob_endpoint": null,
            "secondary_blob_host": null,
            "secondary_connection_string": "DefaultEndpointsProtocol=https;AccountName=datalakebigdatax3e8pb1yv;AccountKey=unp/Iyxsc6nSyB+PGP3ZqTGPqR4+Pz1niQA+K38fo3XRIHLz1uDVYzUju2xcYti0IJk9+cxPW9UN+AStK+pX3g==;EndpointSuffix=core.windows.net",
            "secondary_dfs_endpoint": null,
            "secondary_dfs_host": null,
            "secondary_file_endpoint": null,
            "secondary_file_host": null,
            "secondary_location": "",
            "secondary_queue_endpoint": null,
            "secondary_queue_host": null,
            "secondary_table_endpoint": null,
            "secondary_table_host": null,
            "secondary_web_endpoint": null,
            "secondary_web_host": null,
            "sftp_enabled": false,
            "share_properties": [
              {
                "cors_rule": [],
                "retention_policy": [
                  {
                    "days": 7
                  }
                ],
                "smb": []
              }
            ],
            "shared_access_key_enabled": true,
            "static_website": [],
            "table_encryption_key_type": "Service",
            "tags": {
              "Environment": "Big Data Reference Lab"
            },
            "timeouts": null
          },
          "sensitive_attributes": [],
          "private": "eyJlMmJmYjczMC1lY2FhLTExZTYtOGY4OC0zNDM2M2JjN2M0YzAiOnsiY3JlYXRlIjozNjAwMDAwMDAwMDAwLCJkZWxldGUiOjM2MDAwMDAwMDAwMDAsInJlYWQiOjMwMDAwMDAwMDAwMCwidXBkYXRlIjozNjAwMDAwMDAwMDAwfSwic2NoZW1hX3ZlcnNpb24iOiI0In0=",
          "dependencies": [
            "azurerm_resource_group.resource_group",
            "random_string.random_prefix"
          ]
        }
      ]
    },
    {
      "mode": "managed",
      "type": "azurerm_storage_account",
      "name": "source_storage_account",
      "provider": "provider[\"registry.terraform.io/hashicorp/azurerm\"]",
      "instances": [
        {
          "schema_version": 4,
          "attributes": {
            "access_tier": "Hot",
            "account_kind": "StorageV2",
            "account_replication_type": "LRS",
            "account_tier": "Standard",
            "allow_nested_items_to_be_public": true,
            "allowed_copy_scope": "",
            "azure_files_authentication": [],
            "blob_properties": [
              {
                "change_feed_enabled": false,
                "change_feed_retention_in_days": 0,
                "container_delete_retention_policy": [],
                "cors_rule": [],
                "default_service_version": "",
                "delete_retention_policy": [],
                "last_access_time_enabled": false,
                "restore_policy": [],
                "versioning_enabled": false
              }
            ],
            "cross_tenant_replication_enabled": true,
            "custom_domain": [],
            "customer_managed_key": [],
            "default_to_oauth_authentication": false,
            "edge_zone": "",
            "enable_https_traffic_only": true,
            "id": "/subscriptions/28b08140-f0c6-4a37-94d7-45edc468886d/resourceGroups/bigdatax3e8pb1yv5_rg/providers/Microsoft.Storage/storageAccounts/sourcebigdatax3e8pb1yv5",
            "identity": [],
            "immutability_policy": [],
            "infrastructure_encryption_enabled": false,
            "is_hns_enabled": true,
            "large_file_share_enabled": null,
            "location": "northeurope",
            "min_tls_version": "TLS1_2",
            "name": "sourcebigdatax3e8pb1yv5",
            "network_rules": [
              {
                "bypass": [
                  "AzureServices"
                ],
                "default_action": "Allow",
                "ip_rules": [],
                "private_link_access": [],
                "virtual_network_subnet_ids": []
              }
            ],
            "nfsv3_enabled": false,
            "primary_access_key": "2TwFY6/hTiYcECCV8iFq1DW58N8lnRPGAlgGVePK6wih7cBlro7jkCLxcLfpKmek3SbKc1osxhdD+AStxtW4Gw==",
            "primary_blob_connection_string": "DefaultEndpointsProtocol=https;BlobEndpoint=https://sourcebigdatax3e8pb1yv5.blob.core.windows.net/;AccountName=sourcebigdatax3e8pb1yv5;AccountKey=2TwFY6/hTiYcECCV8iFq1DW58N8lnRPGAlgGVePK6wih7cBlro7jkCLxcLfpKmek3SbKc1osxhdD+AStxtW4Gw==",
            "primary_blob_endpoint": "https://sourcebigdatax3e8pb1yv5.blob.core.windows.net/",
            "primary_blob_host": "sourcebigdatax3e8pb1yv5.blob.core.windows.net",
            "primary_connection_string": "DefaultEndpointsProtocol=https;AccountName=sourcebigdatax3e8pb1yv5;AccountKey=2TwFY6/hTiYcECCV8iFq1DW58N8lnRPGAlgGVePK6wih7cBlro7jkCLxcLfpKmek3SbKc1osxhdD+AStxtW4Gw==;EndpointSuffix=core.windows.net",
            "primary_dfs_endpoint": "https://sourcebigdatax3e8pb1yv5.dfs.core.windows.net/",
            "primary_dfs_host": "sourcebigdatax3e8pb1yv5.dfs.core.windows.net",
            "primary_file_endpoint": "https://sourcebigdatax3e8pb1yv5.file.core.windows.net/",
            "primary_file_host": "sourcebigdatax3e8pb1yv5.file.core.windows.net",
            "primary_location": "northeurope",
            "primary_queue_endpoint": "https://sourcebigdatax3e8pb1yv5.queue.core.windows.net/",
            "primary_queue_host": "sourcebigdatax3e8pb1yv5.queue.core.windows.net",
            "primary_table_endpoint": "https://sourcebigdatax3e8pb1yv5.table.core.windows.net/",
            "primary_table_host": "sourcebigdatax3e8pb1yv5.table.core.windows.net",
            "primary_web_endpoint": "https://sourcebigdatax3e8pb1yv5.z16.web.core.windows.net/",
            "primary_web_host": "sourcebigdatax3e8pb1yv5.z16.web.core.windows.net",
            "public_network_access_enabled": true,
            "queue_encryption_key_type": "Service",
            "queue_properties": [
              {
                "cors_rule": [],
                "hour_metrics": [
                  {
                    "enabled": true,
                    "include_apis": true,
                    "retention_policy_days": 7,
                    "version": "1.0"
                  }
                ],
                "logging": [
                  {
                    "delete": false,
                    "read": false,
                    "retention_policy_days": 0,
                    "version": "1.0",
                    "write": false
                  }
                ],
                "minute_metrics": [
                  {
                    "enabled": false,
                    "include_apis": false,
                    "retention_policy_days": 0,
                    "version": "1.0"
                  }
                ]
              }
            ],
            "resource_group_name": "bigdatax3e8pb1yv5_rg",
            "routing": [],
            "sas_policy": [],
            "secondary_access_key": "I0s28vRXNWUsweU3c988rMcma49x0VOZ7W+BSz0/c1wv56saTVHoO7RoWqqogs0d9P14hrjAxUl6+AStHRiawA==",
            "secondary_blob_connection_string": "",
            "secondary_blob_endpoint": null,
            "secondary_blob_host": null,
            "secondary_connection_string": "DefaultEndpointsProtocol=https;AccountName=sourcebigdatax3e8pb1yv5;AccountKey=I0s28vRXNWUsweU3c988rMcma49x0VOZ7W+BSz0/c1wv56saTVHoO7RoWqqogs0d9P14hrjAxUl6+AStHRiawA==;EndpointSuffix=core.windows.net",
            "secondary_dfs_endpoint": null,
            "secondary_dfs_host": null,
            "secondary_file_endpoint": null,
            "secondary_file_host": null,
            "secondary_location": "",
            "secondary_queue_endpoint": null,
            "secondary_queue_host": null,
            "secondary_table_endpoint": null,
            "secondary_table_host": null,
            "secondary_web_endpoint": null,
            "secondary_web_host": null,
            "sftp_enabled": false,
            "share_properties": [
              {
                "cors_rule": [],
                "retention_policy": [
                  {
                    "days": 7
                  }
                ],
                "smb": []
              }
            ],
            "shared_access_key_enabled": true,
            "static_website": [],
            "table_encryption_key_type": "Service",
            "tags": {
              "Environment": "Big Data Reference Lab"
            },
            "timeouts": null
          },
          "sensitive_attributes": [],
          "private": "eyJlMmJmYjczMC1lY2FhLTExZTYtOGY4OC0zNDM2M2JjN2M0YzAiOnsiY3JlYXRlIjozNjAwMDAwMDAwMDAwLCJkZWxldGUiOjM2MDAwMDAwMDAwMDAsInJlYWQiOjMwMDAwMDAwMDAwMCwidXBkYXRlIjozNjAwMDAwMDAwMDAwfSwic2NoZW1hX3ZlcnNpb24iOiI0In0=",
          "dependencies": [
            "azurerm_resource_group.resource_group",
            "random_string.random_prefix"
          ]
        }
      ]
    },
    {
      "mode": "managed",
      "type": "azurerm_storage_blob",
      "name": "storage_blob_function",
      "provider": "provider[\"registry.terraform.io/hashicorp/azurerm\"]",
      "instances": [
        {
          "schema_version": 1,
          "attributes": {
            "access_tier": "Hot",
            "cache_control": "",
            "content_md5": "135bb692c12b83307fd9238b5caecad5",
            "content_type": "application/octet-stream",
            "id": "https://sourcebigdatax3e8pb1yv5.blob.core.windows.net/custom-function-releases/functions-135bb6.zip",
            "metadata": {},
            "name": "functions-135bb6.zip",
            "parallelism": 8,
            "size": 0,
            "source": "../../function.zip",
            "source_content": null,
            "source_uri": null,
            "storage_account_name": "sourcebigdatax3e8pb1yv5",
            "storage_container_name": "custom-function-releases",
            "timeouts": null,
            "type": "Block",
            "url": "https://sourcebigdatax3e8pb1yv5.blob.core.windows.net/custom-function-releases/functions-135bb6.zip"
          },
          "sensitive_attributes": [],
          "private": "eyJlMmJmYjczMC1lY2FhLTExZTYtOGY4OC0zNDM2M2JjN2M0YzAiOnsiY3JlYXRlIjoxODAwMDAwMDAwMDAwLCJkZWxldGUiOjE4MDAwMDAwMDAwMDAsInJlYWQiOjMwMDAwMDAwMDAwMCwidXBkYXRlIjoxODAwMDAwMDAwMDAwfSwic2NoZW1hX3ZlcnNpb24iOiIxIn0=",
          "dependencies": [
            "azurerm_resource_group.resource_group",
            "azurerm_storage_account.source_storage_account",
            "azurerm_storage_container.storage_container_function",
            "data.archive_file.function",
            "random_string.random_prefix"
          ]
        }
      ]
    },
    {
      "mode": "managed",
      "type": "azurerm_storage_container",
      "name": "source_container",
      "provider": "provider[\"registry.terraform.io/hashicorp/azurerm\"]",
      "instances": [
        {
          "schema_version": 1,
          "attributes": {
            "container_access_type": "private",
            "has_immutability_policy": false,
            "has_legal_hold": false,
            "id": "https://sourcebigdatax3e8pb1yv5.blob.core.windows.net/patient-data-source",
            "metadata": {},
            "name": "patient-data-source",
            "resource_manager_id": "/subscriptions/28b08140-f0c6-4a37-94d7-45edc468886d/resourceGroups/bigdatax3e8pb1yv5_rg/providers/Microsoft.Storage/storageAccounts/sourcebigdatax3e8pb1yv5/blobServices/default/containers/patient-data-source",
            "storage_account_name": "sourcebigdatax3e8pb1yv5",
            "timeouts": null
          },
          "sensitive_attributes": [],
          "private": "eyJlMmJmYjczMC1lY2FhLTExZTYtOGY4OC0zNDM2M2JjN2M0YzAiOnsiY3JlYXRlIjoxODAwMDAwMDAwMDAwLCJkZWxldGUiOjE4MDAwMDAwMDAwMDAsInJlYWQiOjMwMDAwMDAwMDAwMCwidXBkYXRlIjoxODAwMDAwMDAwMDAwfSwic2NoZW1hX3ZlcnNpb24iOiIxIn0=",
          "dependencies": [
            "azurerm_resource_group.resource_group",
            "azurerm_storage_account.source_storage_account",
            "random_string.random_prefix"
          ]
        }
      ]
    },
    {
      "mode": "managed",
      "type": "azurerm_storage_container",
      "name": "storage_container_function",
      "provider": "provider[\"registry.terraform.io/hashicorp/azurerm\"]",
      "instances": [
        {
          "schema_version": 1,
          "attributes": {
            "container_access_type": "private",
            "has_immutability_policy": false,
            "has_legal_hold": false,
            "id": "https://sourcebigdatax3e8pb1yv5.blob.core.windows.net/custom-function-releases",
            "metadata": {},
            "name": "custom-function-releases",
            "resource_manager_id": "/subscriptions/28b08140-f0c6-4a37-94d7-45edc468886d/resourceGroups/bigdatax3e8pb1yv5_rg/providers/Microsoft.Storage/storageAccounts/sourcebigdatax3e8pb1yv5/blobServices/default/containers/custom-function-releases",
            "storage_account_name": "sourcebigdatax3e8pb1yv5",
            "timeouts": null
          },
          "sensitive_attributes": [],
          "private": "eyJlMmJmYjczMC1lY2FhLTExZTYtOGY4OC0zNDM2M2JjN2M0YzAiOnsiY3JlYXRlIjoxODAwMDAwMDAwMDAwLCJkZWxldGUiOjE4MDAwMDAwMDAwMDAsInJlYWQiOjMwMDAwMDAwMDAwMCwidXBkYXRlIjoxODAwMDAwMDAwMDAwfSwic2NoZW1hX3ZlcnNpb24iOiIxIn0=",
          "dependencies": [
            "azurerm_resource_group.resource_group",
            "azurerm_storage_account.source_storage_account",
            "random_string.random_prefix"
          ]
        }
      ]
    },
    {
      "mode": "managed",
      "type": "azurerm_storage_data_lake_gen2_filesystem",
      "name": "adls",
      "provider": "provider[\"registry.terraform.io/hashicorp/azurerm\"]",
      "instances": [
        {
          "schema_version": 0,
          "attributes": {
            "ace": [
              {
                "id": "662169e8-7af6-4b12-a00a-0e288b59bdc4",
                "permissions": "rwx",
                "scope": "access",
                "type": "user"
              }
            ],
            "group": "662169e8-7af6-4b12-a00a-0e288b59bdc4",
            "id": "https://datalakebigdatax3e8pb1yv.dfs.core.windows.net/datalake",
            "name": "datalake",
            "owner": "662169e8-7af6-4b12-a00a-0e288b59bdc4",
            "properties": null,
            "storage_account_id": "/subscriptions/28b08140-f0c6-4a37-94d7-45edc468886d/resourceGroups/bigdatax3e8pb1yv5_rg/providers/Microsoft.Storage/storageAccounts/datalakebigdatax3e8pb1yv",
            "timeouts": null
          },
          "sensitive_attributes": [],
          "private": "eyJlMmJmYjczMC1lY2FhLTExZTYtOGY4OC0zNDM2M2JjN2M0YzAiOnsiY3JlYXRlIjoxODAwMDAwMDAwMDAwLCJkZWxldGUiOjE4MDAwMDAwMDAwMDAsInJlYWQiOjMwMDAwMDAwMDAwMCwidXBkYXRlIjoxODAwMDAwMDAwMDAwfX0=",
          "dependencies": [
            "azurerm_resource_group.resource_group",
            "azurerm_role_assignment.user_datalake_role_assignement",
            "azurerm_storage_account.datalake_storage_account",
            "data.azuread_client_config.current",
            "random_string.random_prefix",
            "time_sleep.role_assignment_sleep"
          ]
        }
      ]
    },
    {
      "mode": "managed",
      "type": "azurerm_storage_data_lake_gen2_path",
      "name": "datalake_path",
      "provider": "provider[\"registry.terraform.io/hashicorp/azurerm\"]",
      "instances": [
        {
          "index_key": "bronze",
          "schema_version": 0,
          "attributes": {
            "ace": [
              {
                "id": "59750769-b80f-4a5e-b399-a930cb9a43bd",
                "permissions": "rwx",
                "scope": "access",
                "type": "user"
              },
              {
                "id": "662169e8-7af6-4b12-a00a-0e288b59bdc4",
                "permissions": "rwx",
                "scope": "access",
                "type": "user"
              },
              {
                "id": "81c57d45-8c90-4036-889f-4733e3a768cd",
                "permissions": "rwx",
                "scope": "access",
                "type": "user"
              },
              {
                "id": "a20da45c-38b4-4e8a-a816-968e3f0d7bc4",
                "permissions": "rwx",
                "scope": "access",
                "type": "user"
              }
            ],
            "filesystem_name": "datalake",
            "group": "662169e8-7af6-4b12-a00a-0e288b59bdc4",
            "id": "https://datalakebigdatax3e8pb1yv.dfs.core.windows.net/datalake/bronze",
            "owner": "662169e8-7af6-4b12-a00a-0e288b59bdc4",
            "path": "bronze",
            "resource": "directory",
            "storage_account_id": "/subscriptions/28b08140-f0c6-4a37-94d7-45edc468886d/resourceGroups/bigdatax3e8pb1yv5_rg/providers/Microsoft.Storage/storageAccounts/datalakebigdatax3e8pb1yv",
            "timeouts": null
          },
          "sensitive_attributes": [],
          "private": "eyJlMmJmYjczMC1lY2FhLTExZTYtOGY4OC0zNDM2M2JjN2M0YzAiOnsiY3JlYXRlIjoxODAwMDAwMDAwMDAwLCJkZWxldGUiOjE4MDAwMDAwMDAwMDAsInJlYWQiOjMwMDAwMDAwMDAwMCwidXBkYXRlIjoxODAwMDAwMDAwMDAwfX0=",
          "dependencies": [
            "azuread_application.databricks_service_application",
            "azuread_service_principal.aad_service_sp",
            "azurerm_data_factory.data_factory",
            "azurerm_resource_group.resource_group",
            "azurerm_role_assignment.user_datalake_role_assignement",
            "azurerm_storage_account.datalake_storage_account",
            "azurerm_storage_data_lake_gen2_filesystem.adls",
            "azurerm_synapse_workspace.synapse_workspace",
            "data.azuread_client_config.current",
            "random_string.random_prefix",
            "time_sleep.role_assignment_sleep"
          ]
        },
        {
          "index_key": "gold",
          "schema_version": 0,
          "attributes": {
            "ace": [
              {
                "id": "59750769-b80f-4a5e-b399-a930cb9a43bd",
                "permissions": "rwx",
                "scope": "access",
                "type": "user"
              },
              {
                "id": "662169e8-7af6-4b12-a00a-0e288b59bdc4",
                "permissions": "rwx",
                "scope": "access",
                "type": "user"
              },
              {
                "id": "81c57d45-8c90-4036-889f-4733e3a768cd",
                "permissions": "rwx",
                "scope": "access",
                "type": "user"
              },
              {
                "id": "a20da45c-38b4-4e8a-a816-968e3f0d7bc4",
                "permissions": "rwx",
                "scope": "access",
                "type": "user"
              }
            ],
            "filesystem_name": "datalake",
            "group": "662169e8-7af6-4b12-a00a-0e288b59bdc4",
            "id": "https://datalakebigdatax3e8pb1yv.dfs.core.windows.net/datalake/gold",
            "owner": "662169e8-7af6-4b12-a00a-0e288b59bdc4",
            "path": "gold",
            "resource": "directory",
            "storage_account_id": "/subscriptions/28b08140-f0c6-4a37-94d7-45edc468886d/resourceGroups/bigdatax3e8pb1yv5_rg/providers/Microsoft.Storage/storageAccounts/datalakebigdatax3e8pb1yv",
            "timeouts": null
          },
          "sensitive_attributes": [],
          "private": "eyJlMmJmYjczMC1lY2FhLTExZTYtOGY4OC0zNDM2M2JjN2M0YzAiOnsiY3JlYXRlIjoxODAwMDAwMDAwMDAwLCJkZWxldGUiOjE4MDAwMDAwMDAwMDAsInJlYWQiOjMwMDAwMDAwMDAwMCwidXBkYXRlIjoxODAwMDAwMDAwMDAwfX0=",
          "dependencies": [
            "azuread_application.databricks_service_application",
            "azuread_service_principal.aad_service_sp",
            "azurerm_data_factory.data_factory",
            "azurerm_resource_group.resource_group",
            "azurerm_role_assignment.user_datalake_role_assignement",
            "azurerm_storage_account.datalake_storage_account",
            "azurerm_storage_data_lake_gen2_filesystem.adls",
            "azurerm_synapse_workspace.synapse_workspace",
            "data.azuread_client_config.current",
            "random_string.random_prefix",
            "time_sleep.role_assignment_sleep"
          ]
        },
        {
          "index_key": "silver",
          "schema_version": 0,
          "attributes": {
            "ace": [
              {
                "id": "59750769-b80f-4a5e-b399-a930cb9a43bd",
                "permissions": "rwx",
                "scope": "access",
                "type": "user"
              },
              {
                "id": "662169e8-7af6-4b12-a00a-0e288b59bdc4",
                "permissions": "rwx",
                "scope": "access",
                "type": "user"
              },
              {
                "id": "81c57d45-8c90-4036-889f-4733e3a768cd",
                "permissions": "rwx",
                "scope": "access",
                "type": "user"
              },
              {
                "id": "a20da45c-38b4-4e8a-a816-968e3f0d7bc4",
                "permissions": "rwx",
                "scope": "access",
                "type": "user"
              }
            ],
            "filesystem_name": "datalake",
            "group": "662169e8-7af6-4b12-a00a-0e288b59bdc4",
            "id": "https://datalakebigdatax3e8pb1yv.dfs.core.windows.net/datalake/silver",
            "owner": "662169e8-7af6-4b12-a00a-0e288b59bdc4",
            "path": "silver",
            "resource": "directory",
            "storage_account_id": "/subscriptions/28b08140-f0c6-4a37-94d7-45edc468886d/resourceGroups/bigdatax3e8pb1yv5_rg/providers/Microsoft.Storage/storageAccounts/datalakebigdatax3e8pb1yv",
            "timeouts": null
          },
          "sensitive_attributes": [],
          "private": "eyJlMmJmYjczMC1lY2FhLTExZTYtOGY4OC0zNDM2M2JjN2M0YzAiOnsiY3JlYXRlIjoxODAwMDAwMDAwMDAwLCJkZWxldGUiOjE4MDAwMDAwMDAwMDAsInJlYWQiOjMwMDAwMDAwMDAwMCwidXBkYXRlIjoxODAwMDAwMDAwMDAwfX0=",
          "dependencies": [
            "azuread_application.databricks_service_application",
            "azuread_service_principal.aad_service_sp",
            "azurerm_data_factory.data_factory",
            "azurerm_resource_group.resource_group",
            "azurerm_role_assignment.user_datalake_role_assignement",
            "azurerm_storage_account.datalake_storage_account",
            "azurerm_storage_data_lake_gen2_filesystem.adls",
            "azurerm_synapse_workspace.synapse_workspace",
            "data.azuread_client_config.current",
            "random_string.random_prefix",
            "time_sleep.role_assignment_sleep"
          ]
        }
      ]
    },
    {
      "mode": "managed",
      "type": "azurerm_stream_analytics_job",
      "name": "stream_analytics_job",
      "provider": "provider[\"registry.terraform.io/hashicorp/azurerm\"]",
      "instances": [
        {
          "schema_version": 1,
          "attributes": {
            "compatibility_level": "1.2",
            "content_storage_policy": "SystemAccount",
            "data_locale": "en-US",
            "events_late_arrival_max_delay_in_seconds": 60,
            "events_out_of_order_max_delay_in_seconds": 50,
            "events_out_of_order_policy": "Adjust",
            "id": "/subscriptions/28b08140-f0c6-4a37-94d7-45edc468886d/resourceGroups/bigdatax3e8pb1yv5_rg/providers/Microsoft.StreamAnalytics/streamingJobs/streamanalyticsbb-bigdatax3e8pb1yv5",
            "identity": [
              {
                "principal_id": "d4fe515a-a939-4d1a-99c6-1bed65ad856b",
                "tenant_id": "349f24ea-f393-48c0-a0b5-31d041139cb4",
                "type": "SystemAssigned"
              }
            ],
            "job_id": "64c11a68-4a38-491e-bcde-d0b68ec7a360",
            "job_storage_account": [],
            "location": "northeurope",
            "name": "streamanalyticsbb-bigdatax3e8pb1yv5",
            "output_error_policy": "Drop",
            "resource_group_name": "bigdatax3e8pb1yv5_rg",
            "stream_analytics_cluster_id": "",
            "streaming_units": 1,
            "tags": {
              "Environment": "Big Data Reference Lab"
            },
            "timeouts": null,
            "transformation_query": "    SELECT *\n    INTO [YourOutputAlias]\n    FROM [YourInputAlias]\n",
            "type": "Cloud"
          },
          "sensitive_attributes": [],
          "private": "eyJlMmJmYjczMC1lY2FhLTExZTYtOGY4OC0zNDM2M2JjN2M0YzAiOnsiY3JlYXRlIjoxODAwMDAwMDAwMDAwLCJkZWxldGUiOjE4MDAwMDAwMDAwMDAsInJlYWQiOjMwMDAwMDAwMDAwMCwidXBkYXRlIjoxODAwMDAwMDAwMDAwfSwic2NoZW1hX3ZlcnNpb24iOiIxIn0=",
          "dependencies": [
            "azurerm_resource_group.resource_group",
            "random_string.random_prefix"
          ]
        }
      ]
    },
    {
      "mode": "managed",
      "type": "azurerm_synapse_firewall_rule",
      "name": "allow_all_rule",
      "provider": "provider[\"registry.terraform.io/hashicorp/azurerm\"]",
      "instances": [
        {
          "schema_version": 0,
          "attributes": {
            "end_ip_address": "255.255.255.255",
            "id": "/subscriptions/28b08140-f0c6-4a37-94d7-45edc468886d/resourceGroups/bigdatax3e8pb1yv5_rg/providers/Microsoft.Synapse/workspaces/synapse-workspace-bigdatax3e8pb1yv5/firewallRules/AllowAll",
            "name": "AllowAll",
            "start_ip_address": "0.0.0.0",
            "synapse_workspace_id": "/subscriptions/28b08140-f0c6-4a37-94d7-45edc468886d/resourceGroups/bigdatax3e8pb1yv5_rg/providers/Microsoft.Synapse/workspaces/synapse-workspace-bigdatax3e8pb1yv5",
            "timeouts": null
          },
          "sensitive_attributes": [],
          "private": "eyJlMmJmYjczMC1lY2FhLTExZTYtOGY4OC0zNDM2M2JjN2M0YzAiOnsiY3JlYXRlIjoxODAwMDAwMDAwMDAwLCJkZWxldGUiOjE4MDAwMDAwMDAwMDAsInJlYWQiOjMwMDAwMDAwMDAwMCwidXBkYXRlIjoxODAwMDAwMDAwMDAwfX0=",
          "dependencies": [
            "azurerm_resource_group.resource_group",
            "azurerm_role_assignment.user_datalake_role_assignement",
            "azurerm_storage_account.datalake_storage_account",
            "azurerm_storage_data_lake_gen2_filesystem.adls",
            "azurerm_synapse_workspace.synapse_workspace",
            "data.azuread_client_config.current",
            "random_string.random_prefix",
            "time_sleep.role_assignment_sleep"
          ]
        }
      ]
    },
    {
      "mode": "managed",
      "type": "azurerm_synapse_workspace",
      "name": "synapse_workspace",
      "provider": "provider[\"registry.terraform.io/hashicorp/azurerm\"]",
      "instances": [
        {
          "schema_version": 0,
          "attributes": {
            "aad_admin": [
              {
                "login": "live.com#d.marudau@gmail.com",
                "object_id": "662169e8-7af6-4b12-a00a-0e288b59bdc4",
                "tenant_id": "349f24ea-f393-48c0-a0b5-31d041139cb4"
              }
            ],
            "azure_devops_repo": [],
            "compute_subnet_id": null,
            "connectivity_endpoints": {
              "dev": "https://synapse-workspace-bigdatax3e8pb1yv5.dev.azuresynapse.net",
              "sql": "synapse-workspace-bigdatax3e8pb1yv5.sql.azuresynapse.net",
              "sqlOnDemand": "synapse-workspace-bigdatax3e8pb1yv5-ondemand.sql.azuresynapse.net",
              "web": "https://web.azuresynapse.net?workspace=%2fsubscriptions%2f28b08140-f0c6-4a37-94d7-45edc468886d%2fresourceGroups%2fbigdatax3e8pb1yv5_rg%2fproviders%2fMicrosoft.Synapse%2fworkspaces%2fsynapse-workspace-bigdatax3e8pb1yv5"
            },
            "customer_managed_key": [],
            "data_exfiltration_protection_enabled": null,
            "github_repo": [],
            "id": "/subscriptions/28b08140-f0c6-4a37-94d7-45edc468886d/resourceGroups/bigdatax3e8pb1yv5_rg/providers/Microsoft.Synapse/workspaces/synapse-workspace-bigdatax3e8pb1yv5",
            "identity": [
              {
                "identity_ids": null,
                "principal_id": "81c57d45-8c90-4036-889f-4733e3a768cd",
                "tenant_id": "349f24ea-f393-48c0-a0b5-31d041139cb4",
                "type": "SystemAssigned"
              }
            ],
            "linking_allowed_for_aad_tenant_ids": null,
            "location": "northeurope",
            "managed_resource_group_name": "synapseworkspace-managedrg-33418af3-a71d-4483-9bf0-ca08bf5a9b81",
            "managed_virtual_network_enabled": false,
            "name": "synapse-workspace-bigdatax3e8pb1yv5",
            "public_network_access_enabled": true,
            "purview_id": null,
            "resource_group_name": "bigdatax3e8pb1yv5_rg",
            "sql_aad_admin": [
              {
                "login": "live.com#d.marudau@gmail.com",
                "object_id": "662169e8-7af6-4b12-a00a-0e288b59bdc4",
                "tenant_id": "349f24ea-f393-48c0-a0b5-31d041139cb4"
              }
            ],
            "sql_administrator_login": "sqladminuser",
            "sql_administrator_login_password": "H@Sh1CoR3!",
            "sql_identity_control_enabled": false,
            "storage_data_lake_gen2_filesystem_id": "https://datalakebigdatax3e8pb1yv.dfs.core.windows.net/datalake",
            "tags": {
              "Environment": "Big Data Reference Lab"
            },
            "timeouts": null
          },
          "sensitive_attributes": [],
          "private": "eyJlMmJmYjczMC1lY2FhLTExZTYtOGY4OC0zNDM2M2JjN2M0YzAiOnsiY3JlYXRlIjoxODAwMDAwMDAwMDAwLCJkZWxldGUiOjE4MDAwMDAwMDAwMDAsInJlYWQiOjMwMDAwMDAwMDAwMCwidXBkYXRlIjoxODAwMDAwMDAwMDAwfX0=",
          "dependencies": [
            "azurerm_resource_group.resource_group",
            "azurerm_role_assignment.user_datalake_role_assignement",
            "azurerm_storage_account.datalake_storage_account",
            "azurerm_storage_data_lake_gen2_filesystem.adls",
            "data.azuread_client_config.current",
            "random_string.random_prefix",
            "time_sleep.role_assignment_sleep"
          ]
        }
      ]
    },
    {
      "mode": "managed",
      "type": "databricks_cluster",
      "name": "databricks_cluster",
      "provider": "provider[\"registry.terraform.io/databricks/databricks\"]",
      "instances": [
        {
          "schema_version": 2,
          "attributes": {
            "apply_policy_default_values": null,
            "autoscale": [],
            "autotermination_minutes": 15,
            "aws_attributes": [],
            "azure_attributes": [
              {
                "availability": "ON_DEMAND_AZURE",
                "first_on_demand": 1,
                "spot_bid_max_price": -1
              }
            ],
            "cluster_id": "1104-134938-vfoymik6",
            "cluster_log_conf": [],
            "cluster_name": "databricks-cluster-bigdatax3e8pb1yv5",
            "custom_tags": {
              "ResourceClass": "SingleNode"
            },
            "data_security_mode": "NO_ISOLATION",
            "default_tags": {
              "ClusterId": "1104-134938-vfoymik6",
              "ClusterName": "databricks-cluster-bigdatax3e8pb1yv5",
              "Creator": "d.marudau@gmail.com",
              "Environment": "Big Data Reference Lab",
              "Vendor": "Databricks"
            },
            "docker_image": [],
            "driver_instance_pool_id": null,
            "driver_node_type_id": "Standard_F4",
            "enable_elastic_disk": true,
            "enable_local_disk_encryption": false,
            "gcp_attributes": [],
            "id": "1104-134938-vfoymik6",
            "idempotency_token": null,
            "init_scripts": [],
            "instance_pool_id": null,
            "is_pinned": false,
            "library": [],
            "node_type_id": "Standard_F4",
            "num_workers": 0,
            "policy_id": null,
            "single_user_name": null,
            "spark_conf": {
              "spark.databricks.cluster.profile": "singleNode",
              "spark.master": "local[*]"
            },
            "spark_env_vars": null,
            "spark_version": "15.4.x-scala2.12",
            "ssh_public_keys": null,
            "state": "RUNNING",
            "timeouts": null,
            "url": "https://adb-356941338561125.5.azuredatabricks.net/#setting/clusters/1104-134938-vfoymik6/configuration",
            "workload_type": []
          },
          "sensitive_attributes": [],
          "private": "eyJlMmJmYjczMC1lY2FhLTExZTYtOGY4OC0zNDM2M2JjN2M0YzAiOnsiY3JlYXRlIjoxODAwMDAwMDAwMDAwLCJkZWxldGUiOjE4MDAwMDAwMDAwMDAsInVwZGF0ZSI6MTgwMDAwMDAwMDAwMH0sInNjaGVtYV92ZXJzaW9uIjoiMiJ9",
          "dependencies": [
            "azurerm_databricks_workspace.databricks_workspace",
            "azurerm_resource_group.resource_group",
            "data.databricks_spark_version.latest",
            "random_string.random_prefix"
          ]
        }
      ]
    },
    {
      "mode": "managed",
      "type": "databricks_library",
      "name": "eventhub_library",
      "provider": "provider[\"registry.terraform.io/databricks/databricks\"]",
      "instances": [
        {
          "schema_version": 0,
          "attributes": {
            "cluster_id": "1104-134938-vfoymik6",
            "cran": [],
            "egg": null,
            "id": "1104-134938-vfoymik6/mvn:com.microsoft.azure:azure-eventhubs-spark_2.12:2.3.22",
            "jar": null,
            "maven": [
              {
                "coordinates": "com.microsoft.azure:azure-eventhubs-spark_2.12:2.3.22",
                "exclusions": null,
                "repo": ""
              }
            ],
            "pypi": [],
            "whl": null
          },
          "sensitive_attributes": [],
          "private": "bnVsbA==",
          "dependencies": [
            "azurerm_databricks_workspace.databricks_workspace",
            "azurerm_resource_group.resource_group",
            "data.databricks_spark_version.latest",
            "databricks_cluster.databricks_cluster",
            "random_string.random_prefix"
          ]
        }
      ]
    },
    {
      "mode": "managed",
      "type": "databricks_mount",
      "name": "databricks_mount",
      "provider": "provider[\"registry.terraform.io/databricks/databricks\"]",
      "instances": [
        {
          "schema_version": 2,
          "attributes": {
            "abfs": [],
            "adl": [],
            "cluster_id": "1104-134938-vfoymik6",
            "encryption_type": null,
            "extra_configs": {
              "fs.azure.account.auth.type": "OAuth",
              "fs.azure.account.oauth.provider.type": "org.apache.hadoop.fs.azurebfs.oauth2.ClientCredsTokenProvider",
              "fs.azure.account.oauth2.client.endpoint": "https://login.microsoftonline.com/349f24ea-f393-48c0-a0b5-31d041139cb4/oauth2/token",
              "fs.azure.account.oauth2.client.id": "a20da45c-38b4-4e8a-a816-968e3f0d7bc4",
              "fs.azure.account.oauth2.client.secret": "{{secrets/keyvault-managed/client-secret}}",
              "fs.azure.createRemoteFileSystemDuringInitialization": "false"
            },
            "gs": [],
            "id": "datalake_mount",
            "name": "datalake_mount",
            "resource_id": null,
            "s3": [],
            "source": "abfss://datalake@datalakebigdatax3e8pb1yv.dfs.core.windows.net",
            "timeouts": null,
            "uri": "abfss://datalake@datalakebigdatax3e8pb1yv.dfs.core.windows.net",
            "wasb": []
          },
          "sensitive_attributes": [],
          "private": "eyJlMmJmYjczMC1lY2FhLTExZTYtOGY4OC0zNDM2M2JjN2M0YzAiOnsiY3JlYXRlIjoxMjAwMDAwMDAwMDAwLCJkZWZhdWx0IjoxMjAwMDAwMDAwMDAwLCJkZWxldGUiOjEyMDAwMDAwMDAwMDAsInJlYWQiOjEyMDAwMDAwMDAwMDAsInVwZGF0ZSI6MTIwMDAwMDAwMDAwMH0sInNjaGVtYV92ZXJzaW9uIjoiMiJ9",
          "dependencies": [
            "azuread_application.databricks_service_application",
            "azuread_service_principal.aad_service_sp",
            "azurerm_databricks_workspace.databricks_workspace",
            "azurerm_key_vault.key_vault",
            "azurerm_resource_group.resource_group",
            "azurerm_role_assignment.user_datalake_role_assignement",
            "azurerm_storage_account.datalake_storage_account",
            "azurerm_storage_data_lake_gen2_filesystem.adls",
            "data.azuread_client_config.current",
            "data.databricks_spark_version.latest",
            "databricks_cluster.databricks_cluster",
            "random_string.random_prefix",
            "time_sleep.role_assignment_sleep"
          ]
        }
      ]
    },
    {
      "mode": "managed",
      "type": "databricks_notebook",
      "name": "notebooks",
      "provider": "provider[\"registry.terraform.io/databricks/databricks\"]",
      "instances": [
        {
          "index_key": "/pipeline/copyFromBronzeToSilver.py",
          "schema_version": 1,
          "attributes": {
            "content_base64": null,
            "format": "SOURCE",
            "id": "/Users/d.marudau@gmail.com/pipeline/copyFromBronzeToSilver.py",
            "language": "PYTHON",
            "md5": "45c350e23c952f87fe16d10dbceb5f24",
            "object_id": 4111502524761475,
            "object_type": "NOTEBOOK",
            "path": "/Users/d.marudau@gmail.com/pipeline/copyFromBronzeToSilver.py",
            "source": "../../databricks/src/pipeline/copyFromBronzeToSilver.py",
            "url": "https://adb-356941338561125.5.azuredatabricks.net/#workspace/Users/d.marudau@gmail.com/pipeline/copyFromBronzeToSilver.py"
          },
          "sensitive_attributes": [],
          "private": "eyJzY2hlbWFfdmVyc2lvbiI6IjEifQ==",
          "dependencies": [
            "azurerm_databricks_workspace.databricks_workspace",
            "azurerm_resource_group.resource_group",
            "data.databricks_current_user.current",
            "data.databricks_spark_version.latest",
            "databricks_cluster.databricks_cluster",
            "random_string.random_prefix"
          ]
        },
        {
          "index_key": "/pipeline/copyFromSilverToGold.py",
          "schema_version": 1,
          "attributes": {
            "content_base64": null,
            "format": "SOURCE",
            "id": "/Users/d.marudau@gmail.com/pipeline/copyFromSilverToGold.py",
            "language": "PYTHON",
            "md5": "dccff6370a49cf51013a0654445b1da5",
            "object_id": 4111502524761487,
            "object_type": "NOTEBOOK",
            "path": "/Users/d.marudau@gmail.com/pipeline/copyFromSilverToGold.py",
            "source": "../../databricks/src/pipeline/copyFromSilverToGold.py",
            "url": "https://adb-356941338561125.5.azuredatabricks.net/#workspace/Users/d.marudau@gmail.com/pipeline/copyFromSilverToGold.py"
          },
          "sensitive_attributes": [],
          "private": "eyJzY2hlbWFfdmVyc2lvbiI6IjEifQ==",
          "dependencies": [
            "azurerm_databricks_workspace.databricks_workspace",
            "azurerm_resource_group.resource_group",
            "data.databricks_current_user.current",
            "data.databricks_spark_version.latest",
            "databricks_cluster.databricks_cluster",
            "random_string.random_prefix"
          ]
        },
        {
          "index_key": "/pipeline/properties.py",
          "schema_version": 1,
          "attributes": {
            "content_base64": null,
            "format": "SOURCE",
            "id": "/Users/d.marudau@gmail.com/pipeline/properties.py",
            "language": "PYTHON",
            "md5": "b0e40979e301d8779c23159fb5543440",
            "object_id": 4111502524761463,
            "object_type": "NOTEBOOK",
            "path": "/Users/d.marudau@gmail.com/pipeline/properties.py",
            "source": "../../databricks/src/pipeline/properties.py",
            "url": "https://adb-356941338561125.5.azuredatabricks.net/#workspace/Users/d.marudau@gmail.com/pipeline/properties.py"
          },
          "sensitive_attributes": [],
          "private": "eyJzY2hlbWFfdmVyc2lvbiI6IjEifQ==",
          "dependencies": [
            "azurerm_databricks_workspace.databricks_workspace",
            "azurerm_resource_group.resource_group",
            "data.databricks_current_user.current",
            "data.databricks_spark_version.latest",
            "databricks_cluster.databricks_cluster",
            "random_string.random_prefix"
          ]
        },
        {
          "index_key": "/pipeline/readFromEventHub.py",
          "schema_version": 1,
          "attributes": {
            "content_base64": null,
            "format": "SOURCE",
            "id": "/Users/d.marudau@gmail.com/pipeline/readFromEventHub.py",
            "language": "PYTHON",
            "md5": "2899cfa09acbad9ad47e951b59268ab3",
            "object_id": 4111502524761467,
            "object_type": "NOTEBOOK",
            "path": "/Users/d.marudau@gmail.com/pipeline/readFromEventHub.py",
            "source": "../../databricks/src/pipeline/readFromEventHub.py",
            "url": "https://adb-356941338561125.5.azuredatabricks.net/#workspace/Users/d.marudau@gmail.com/pipeline/readFromEventHub.py"
          },
          "sensitive_attributes": [],
          "private": "eyJzY2hlbWFfdmVyc2lvbiI6IjEifQ==",
          "dependencies": [
            "azurerm_databricks_workspace.databricks_workspace",
            "azurerm_resource_group.resource_group",
            "data.databricks_current_user.current",
            "data.databricks_spark_version.latest",
            "databricks_cluster.databricks_cluster",
            "random_string.random_prefix"
          ]
        },
        {
          "index_key": "/pipeline/schema/observation.py",
          "schema_version": 1,
          "attributes": {
            "content_base64": null,
            "format": "SOURCE",
            "id": "/Users/d.marudau@gmail.com/pipeline/schema/observation.py",
            "language": "PYTHON",
            "md5": "d067de4fb0247c34b00a1d11edb9ec06",
            "object_id": 4111502524761465,
            "object_type": "NOTEBOOK",
            "path": "/Users/d.marudau@gmail.com/pipeline/schema/observation.py",
            "source": "../../databricks/src/pipeline/schema/observation.py",
            "url": "https://adb-356941338561125.5.azuredatabricks.net/#workspace/Users/d.marudau@gmail.com/pipeline/schema/observation.py"
          },
          "sensitive_attributes": [],
          "private": "eyJzY2hlbWFfdmVyc2lvbiI6IjEifQ==",
          "dependencies": [
            "azurerm_databricks_workspace.databricks_workspace",
            "azurerm_resource_group.resource_group",
            "data.databricks_current_user.current",
            "data.databricks_spark_version.latest",
            "databricks_cluster.databricks_cluster",
            "random_string.random_prefix"
          ]
        },
        {
          "index_key": "/pipeline/schema/patient.py",
          "schema_version": 1,
          "attributes": {
            "content_base64": null,
            "format": "SOURCE",
            "id": "/Users/d.marudau@gmail.com/pipeline/schema/patient.py",
            "language": "PYTHON",
            "md5": "3fdbc6d75a694aeb38476484ca671a68",
            "object_id": 4111502524761493,
            "object_type": "NOTEBOOK",
            "path": "/Users/d.marudau@gmail.com/pipeline/schema/patient.py",
            "source": "../../databricks/src/pipeline/schema/patient.py",
            "url": "https://adb-356941338561125.5.azuredatabricks.net/#workspace/Users/d.marudau@gmail.com/pipeline/schema/patient.py"
          },
          "sensitive_attributes": [],
          "private": "eyJzY2hlbWFfdmVyc2lvbiI6IjEifQ==",
          "dependencies": [
            "azurerm_databricks_workspace.databricks_workspace",
            "azurerm_resource_group.resource_group",
            "data.databricks_current_user.current",
            "data.databricks_spark_version.latest",
            "databricks_cluster.databricks_cluster",
            "random_string.random_prefix"
          ]
        },
        {
          "index_key": "/pipeline/writeToOutboundEventHub.py",
          "schema_version": 1,
          "attributes": {
            "content_base64": null,
            "format": "SOURCE",
            "id": "/Users/d.marudau@gmail.com/pipeline/writeToOutboundEventHub.py",
            "language": "PYTHON",
            "md5": "711fb296032bf85a108fee8658000e77",
            "object_id": 4111502524761454,
            "object_type": "NOTEBOOK",
            "path": "/Users/d.marudau@gmail.com/pipeline/writeToOutboundEventHub.py",
            "source": "../../databricks/src/pipeline/writeToOutboundEventHub.py",
            "url": "https://adb-356941338561125.5.azuredatabricks.net/#workspace/Users/d.marudau@gmail.com/pipeline/writeToOutboundEventHub.py"
          },
          "sensitive_attributes": [],
          "private": "eyJzY2hlbWFfdmVyc2lvbiI6IjEifQ==",
          "dependencies": [
            "azurerm_databricks_workspace.databricks_workspace",
            "azurerm_resource_group.resource_group",
            "data.databricks_current_user.current",
            "data.databricks_spark_version.latest",
            "databricks_cluster.databricks_cluster",
            "random_string.random_prefix"
          ]
        }
      ]
    },
    {
      "mode": "managed",
      "type": "databricks_secret_scope",
      "name": "kv",
      "provider": "provider[\"registry.terraform.io/databricks/databricks\"]",
      "instances": [
        {
          "schema_version": 2,
          "attributes": {
            "backend_type": "AZURE_KEYVAULT",
            "id": "keyvault-managed",
            "initial_manage_principal": "users",
            "keyvault_metadata": [
              {
                "dns_name": "https://bigdatax3e8pb1yv5-kv.vault.azure.net/",
                "resource_id": "/subscriptions/28b08140-f0c6-4a37-94d7-45edc468886d/resourceGroups/bigdatax3e8pb1yv5_rg/providers/Microsoft.KeyVault/vaults/bigdatax3e8pb1yv5-kv"
              }
            ],
            "name": "keyvault-managed"
          },
          "sensitive_attributes": [],
          "private": "eyJzY2hlbWFfdmVyc2lvbiI6IjIifQ==",
          "dependencies": [
            "azurerm_databricks_workspace.databricks_workspace",
            "azurerm_key_vault.key_vault",
            "azurerm_resource_group.resource_group",
            "data.azuread_client_config.current",
            "data.databricks_spark_version.latest",
            "databricks_cluster.databricks_cluster",
            "random_string.random_prefix"
          ]
        }
      ]
    },
    {
      "mode": "managed",
      "type": "random_string",
      "name": "random_prefix",
      "provider": "provider[\"registry.terraform.io/hashicorp/random\"]",
      "instances": [
        {
          "schema_version": 2,
          "attributes": {
            "id": "x3e8pb1yv5",
            "keepers": null,
            "length": 10,
            "lower": true,
            "min_lower": 0,
            "min_numeric": 0,
            "min_special": 0,
            "min_upper": 0,
            "number": true,
            "numeric": true,
            "override_special": null,
            "result": "x3e8pb1yv5",
            "special": false,
            "upper": false
          },
          "sensitive_attributes": []
        }
      ]
    },
    {
      "mode": "managed",
      "type": "time_sleep",
      "name": "databricks_role_assignment_sleep",
      "provider": "provider[\"registry.terraform.io/hashicorp/time\"]",
      "instances": [
        {
          "schema_version": 0,
          "attributes": {
            "create_duration": "60s",
            "destroy_duration": null,
            "id": "2024-11-04T13:50:45Z",
            "triggers": {
              "role_assignment": "/subscriptions/28b08140-f0c6-4a37-94d7-45edc468886d/resourceGroups/bigdatax3e8pb1yv5_rg/providers/Microsoft.Databricks/workspaces/databricks-workspace-bigdatax3e8pb1yv5/providers/Microsoft.Authorization/roleAssignments/f6351afa-8d03-ba22-4aa4-528bb6d69446"
            }
          },
          "sensitive_attributes": [],
          "dependencies": [
            "azurerm_databricks_workspace.databricks_workspace",
            "azurerm_resource_group.resource_group",
            "azurerm_role_assignment.deployer_databricks_role_assignement",
            "data.azuread_client_config.current",
            "random_string.random_prefix"
          ]
        }
      ]
    },
    {
      "mode": "managed",
      "type": "time_sleep",
      "name": "role_assignment_sleep",
      "provider": "provider[\"registry.terraform.io/hashicorp/time\"]",
      "instances": [
        {
          "schema_version": 0,
          "attributes": {
            "create_duration": "60s",
            "destroy_duration": null,
            "id": "2024-11-04T13:48:32Z",
            "triggers": {
              "role_assignment": "/subscriptions/28b08140-f0c6-4a37-94d7-45edc468886d/resourceGroups/bigdatax3e8pb1yv5_rg/providers/Microsoft.Storage/storageAccounts/datalakebigdatax3e8pb1yv/providers/Microsoft.Authorization/roleAssignments/80764dfa-ff2e-1826-31cc-f67479c1be52"
            }
          },
          "sensitive_attributes": [],
          "dependencies": [
            "azurerm_resource_group.resource_group",
            "azurerm_role_assignment.user_datalake_role_assignement",
            "azurerm_storage_account.datalake_storage_account",
            "data.azuread_client_config.current",
            "random_string.random_prefix"
          ]
        }
      ]
    }
  ],
  "check_results": null
}
