{
  "version": 4,
  "terraform_version": "1.4.5",
  "serial": 464,
  "lineage": "457d2fdd-0f40-8341-60ad-fcfa7263b916",
  "outputs": {},
  "resources": [
    {
      "mode": "data",
      "type": "azuread_client_config",
      "name": "current",
      "provider": "provider[\"registry.terraform.io/hashicorp/azuread\"]",
      "instances": [
        {
          "schema_version": 0,
          "attributes": {
            "client_id": "04b07795-8ddb-461a-bbee-02f9e1bf7b46",
            "id": "728ec391-9e63-400e-883f-f7fd4a75ac01-04b07795-8ddb-461a-bbee-02f9e1bf7b46-881efb1c-9e27-4b58-823a-230f51d9a8f4",
            "object_id": "881efb1c-9e27-4b58-823a-230f51d9a8f4",
            "tenant_id": "728ec391-9e63-400e-883f-f7fd4a75ac01",
            "timeouts": null
          },
          "sensitive_attributes": []
        }
      ]
    },
    {
      "mode": "data",
      "type": "databricks_spark_version",
      "name": "latest",
      "provider": "provider[\"registry.terraform.io/databricks/databricks\"]",
      "instances": [
        {
          "schema_version": 0,
          "attributes": {
            "beta": null,
            "genomics": null,
            "gpu": null,
            "graviton": null,
            "id": "13.3.x-scala2.12",
            "latest": true,
            "long_term_support": true,
            "ml": null,
            "photon": null,
            "scala": "2.12",
            "spark_version": null
          },
          "sensitive_attributes": []
        }
      ]
    },
    {
      "mode": "managed",
      "type": "azuread_application",
      "name": "databricks_service_application",
      "provider": "provider[\"registry.terraform.io/hashicorp/azuread\"]",
      "instances": [
        {
          "schema_version": 1,
          "attributes": {
            "api": [
              {
                "known_client_applications": [],
                "mapped_claims_enabled": false,
                "oauth2_permission_scope": [],
                "requested_access_token_version": 1
              }
            ],
            "app_role": [],
            "app_role_ids": {},
            "application_id": "ba89665b-0026-47e2-9c97-0b1dddfa794a",
            "description": "",
            "device_only_auth_enabled": false,
            "disabled_by_microsoft": "\u003cnil\u003e",
            "display_name": "databricks_service_applicationbigdatawhsfut4ggg",
            "fallback_public_client_enabled": false,
            "feature_tags": [
              {
                "custom_single_sign_on": false,
                "enterprise": false,
                "gallery": false,
                "hide": false
              }
            ],
            "group_membership_claims": [],
            "id": "0fe69d4c-3b1b-40f4-bbb0-39cbd82328dd",
            "identifier_uris": [
              "api://databricks_service_applicationbigdatawhsfut4ggg"
            ],
            "logo_image": "",
            "logo_url": "",
            "marketing_url": "",
            "notes": "",
            "oauth2_permission_scope_ids": {},
            "oauth2_post_response_required": false,
            "object_id": "0fe69d4c-3b1b-40f4-bbb0-39cbd82328dd",
            "optional_claims": [
              {
                "access_token": [],
                "id_token": [],
                "saml2_token": []
              }
            ],
            "owners": [
              "881efb1c-9e27-4b58-823a-230f51d9a8f4"
            ],
            "prevent_duplicate_names": false,
            "privacy_statement_url": "",
            "public_client": [
              {
                "redirect_uris": []
              }
            ],
            "publisher_domain": "stanislavzhurichgmail.onmicrosoft.com",
            "required_resource_access": [],
            "service_management_reference": "",
            "sign_in_audience": "AzureADMyOrg",
            "single_page_application": [
              {
                "redirect_uris": []
              }
            ],
            "support_url": "",
            "tags": [],
            "template_id": "",
            "terms_of_service_url": "",
            "timeouts": null,
            "web": [
              {
                "homepage_url": "",
                "implicit_grant": [
                  {
                    "access_token_issuance_enabled": false,
                    "id_token_issuance_enabled": false
                  }
                ],
                "logout_url": "",
                "redirect_uris": []
              }
            ]
          },
          "sensitive_attributes": [],
          "private": "eyJlMmJmYjczMC1lY2FhLTExZTYtOGY4OC0zNDM2M2JjN2M0YzAiOnsiY3JlYXRlIjo2MDAwMDAwMDAwMDAsImRlbGV0ZSI6MzAwMDAwMDAwMDAwLCJyZWFkIjozMDAwMDAwMDAwMDAsInVwZGF0ZSI6NjAwMDAwMDAwMDAwfSwic2NoZW1hX3ZlcnNpb24iOiIxIn0=",
          "dependencies": [
            "data.azuread_client_config.current",
            "random_string.random_prefix"
          ]
        }
      ]
    },
    {
      "mode": "managed",
      "type": "azuread_service_principal",
      "name": "aad_service_sp",
      "provider": "provider[\"registry.terraform.io/hashicorp/azuread\"]",
      "instances": [
        {
          "schema_version": 0,
          "attributes": {
            "account_enabled": true,
            "alternative_names": [],
            "app_role_assignment_required": false,
            "app_role_ids": {},
            "app_roles": [],
            "application_id": "ba89665b-0026-47e2-9c97-0b1dddfa794a",
            "application_tenant_id": "728ec391-9e63-400e-883f-f7fd4a75ac01",
            "description": "",
            "display_name": "databricks_service_applicationbigdatawhsfut4ggg",
            "feature_tags": [
              {
                "custom_single_sign_on": false,
                "enterprise": false,
                "gallery": false,
                "hide": false
              }
            ],
            "features": [
              {
                "custom_single_sign_on_app": false,
                "enterprise_application": false,
                "gallery_application": false,
                "visible_to_users": true
              }
            ],
            "homepage_url": "",
            "id": "b3947c5d-5ec6-4952-a3ac-95b859438756",
            "login_url": "",
            "logout_url": "",
            "notes": "",
            "notification_email_addresses": [],
            "oauth2_permission_scope_ids": {},
            "oauth2_permission_scopes": [],
            "object_id": "b3947c5d-5ec6-4952-a3ac-95b859438756",
            "owners": [
              "881efb1c-9e27-4b58-823a-230f51d9a8f4"
            ],
            "preferred_single_sign_on_mode": "",
            "redirect_uris": [],
            "saml_metadata_url": "",
            "saml_single_sign_on": [
              {
                "relay_state": ""
              }
            ],
            "service_principal_names": [
              "api://databricks_service_applicationbigdatawhsfut4ggg"
            ],
            "sign_in_audience": "AzureADMyOrg",
            "tags": [],
            "timeouts": null,
            "type": "Application",
            "use_existing": null
          },
          "sensitive_attributes": [],
          "private": "eyJlMmJmYjczMC1lY2FhLTExZTYtOGY4OC0zNDM2M2JjN2M0YzAiOnsiY3JlYXRlIjo2MDAwMDAwMDAwMDAsImRlbGV0ZSI6MzAwMDAwMDAwMDAwLCJyZWFkIjozMDAwMDAwMDAwMDAsInVwZGF0ZSI6NjAwMDAwMDAwMDAwfX0=",
          "dependencies": [
            "azuread_application.databricks_service_application",
            "data.azuread_client_config.current",
            "random_string.random_prefix"
          ]
        }
      ]
    },
    {
      "mode": "managed",
      "type": "azurerm_data_factory",
      "name": "data_factory",
      "provider": "provider[\"registry.terraform.io/hashicorp/azurerm\"]",
      "instances": [
        {
          "schema_version": 2,
          "attributes": {
            "customer_managed_key_id": "",
            "customer_managed_key_identity_id": "",
            "github_configuration": [],
            "global_parameter": [],
            "id": "/subscriptions/8b41bb3a-73a0-4041-90c2-d82d4d3cbc5f/resourceGroups/bigdatawhsfut4ggg_rg/providers/Microsoft.DataFactory/factories/data-factory-bigdatawhsfut4ggg",
            "identity": [
              {
                "identity_ids": [],
                "principal_id": "448f09b6-92d2-49ed-b9ca-b26f310c0183",
                "tenant_id": "728ec391-9e63-400e-883f-f7fd4a75ac01",
                "type": "SystemAssigned"
              }
            ],
            "location": "westeurope",
            "managed_virtual_network_enabled": false,
            "name": "data-factory-bigdatawhsfut4ggg",
            "public_network_enabled": true,
            "purview_id": "",
            "resource_group_name": "bigdatawhsfut4ggg_rg",
            "tags": {
              "Environment": "Big Data Reference Lab"
            },
            "timeouts": null,
            "vsts_configuration": []
          },
          "sensitive_attributes": [],
          "private": "eyJlMmJmYjczMC1lY2FhLTExZTYtOGY4OC0zNDM2M2JjN2M0YzAiOnsiY3JlYXRlIjoxODAwMDAwMDAwMDAwLCJkZWxldGUiOjE4MDAwMDAwMDAwMDAsInJlYWQiOjMwMDAwMDAwMDAwMCwidXBkYXRlIjoxODAwMDAwMDAwMDAwfSwic2NoZW1hX3ZlcnNpb24iOiIyIn0=",
          "dependencies": [
            "azurerm_resource_group.resource_group",
            "random_string.random_prefix"
          ]
        }
      ]
    },
    {
      "mode": "managed",
      "type": "azurerm_data_factory_linked_service_azure_blob_storage",
      "name": "patient_blob_data_source_linked_service",
      "provider": "provider[\"registry.terraform.io/hashicorp/azurerm\"]",
      "instances": [
        {
          "schema_version": 0,
          "attributes": {
            "additional_properties": {},
            "annotations": [],
            "connection_string": null,
            "connection_string_insecure": null,
            "data_factory_id": "/subscriptions/8b41bb3a-73a0-4041-90c2-d82d4d3cbc5f/resourceGroups/bigdatawhsfut4ggg_rg/providers/Microsoft.DataFactory/factories/data-factory-bigdatawhsfut4ggg",
            "description": "",
            "id": "/subscriptions/8b41bb3a-73a0-4041-90c2-d82d4d3cbc5f/resourceGroups/bigdatawhsfut4ggg_rg/providers/Microsoft.DataFactory/factories/data-factory-bigdatawhsfut4ggg/linkedservices/blobSourceBlobStorageLinkedService",
            "integration_runtime_name": null,
            "key_vault_sas_token": [],
            "name": "blobSourceBlobStorageLinkedService",
            "parameters": {},
            "sas_uri": null,
            "service_endpoint": "https://sourcebigdatawhsfut4ggg.blob.core.windows.net",
            "service_principal_id": null,
            "service_principal_key": null,
            "service_principal_linked_key_vault_key": [],
            "storage_kind": "",
            "tenant_id": null,
            "timeouts": null,
            "use_managed_identity": true
          },
          "sensitive_attributes": [],
          "private": "eyJlMmJmYjczMC1lY2FhLTExZTYtOGY4OC0zNDM2M2JjN2M0YzAiOnsiY3JlYXRlIjoxODAwMDAwMDAwMDAwLCJkZWxldGUiOjE4MDAwMDAwMDAwMDAsInJlYWQiOjMwMDAwMDAwMDAwMCwidXBkYXRlIjoxODAwMDAwMDAwMDAwfX0=",
          "dependencies": [
            "azurerm_data_factory.data_factory",
            "azurerm_resource_group.resource_group",
            "azurerm_storage_account.source_storage_account",
            "random_string.random_prefix"
          ]
        }
      ]
    },
    {
      "mode": "managed",
      "type": "azurerm_data_factory_linked_service_azure_databricks",
      "name": "databricks_cluster_linked_servie",
      "provider": "provider[\"registry.terraform.io/hashicorp/azurerm\"]",
      "instances": [
        {
          "schema_version": 0,
          "attributes": {
            "access_token": null,
            "adb_domain": "https://adb-2352946090432169.9.azuredatabricks.net",
            "additional_properties": {},
            "annotations": [],
            "data_factory_id": "/subscriptions/8b41bb3a-73a0-4041-90c2-d82d4d3cbc5f/resourceGroups/bigdatawhsfut4ggg_rg/providers/Microsoft.DataFactory/factories/data-factory-bigdatawhsfut4ggg",
            "description": "",
            "existing_cluster_id": "0828-065354-6etrteog",
            "id": "/subscriptions/8b41bb3a-73a0-4041-90c2-d82d4d3cbc5f/resourceGroups/bigdatawhsfut4ggg_rg/providers/Microsoft.DataFactory/factories/data-factory-bigdatawhsfut4ggg/linkedservices/databricksClusterLinkedService",
            "instance_pool": [],
            "integration_runtime_name": null,
            "key_vault_password": [],
            "msi_work_space_resource_id": "/subscriptions/8b41bb3a-73a0-4041-90c2-d82d4d3cbc5f/resourceGroups/bigdatawhsfut4ggg_rg/providers/Microsoft.Databricks/workspaces/databricks-workspace-bigdatawhsfut4ggg",
            "name": "databricksClusterLinkedService",
            "new_cluster_config": [],
            "parameters": {},
            "timeouts": null
          },
          "sensitive_attributes": [],
          "private": "eyJlMmJmYjczMC1lY2FhLTExZTYtOGY4OC0zNDM2M2JjN2M0YzAiOnsiY3JlYXRlIjoxODAwMDAwMDAwMDAwLCJkZWxldGUiOjE4MDAwMDAwMDAwMDAsInJlYWQiOjMwMDAwMDAwMDAwMCwidXBkYXRlIjoxODAwMDAwMDAwMDAwfX0=",
          "dependencies": [
            "azurerm_data_factory.data_factory",
            "azurerm_databricks_workspace.databricks_workspace",
            "azurerm_resource_group.resource_group",
            "data.databricks_spark_version.latest",
            "databricks_cluster.databricks_cluster",
            "random_string.random_prefix"
          ]
        }
      ]
    },
    {
      "mode": "managed",
      "type": "azurerm_data_factory_linked_service_data_lake_storage_gen2",
      "name": "datalake_linked_service",
      "provider": "provider[\"registry.terraform.io/hashicorp/azurerm\"]",
      "instances": [
        {
          "schema_version": 0,
          "attributes": {
            "additional_properties": {},
            "annotations": [],
            "data_factory_id": "/subscriptions/8b41bb3a-73a0-4041-90c2-d82d4d3cbc5f/resourceGroups/bigdatawhsfut4ggg_rg/providers/Microsoft.DataFactory/factories/data-factory-bigdatawhsfut4ggg",
            "description": "",
            "id": "/subscriptions/8b41bb3a-73a0-4041-90c2-d82d4d3cbc5f/resourceGroups/bigdatawhsfut4ggg_rg/providers/Microsoft.DataFactory/factories/data-factory-bigdatawhsfut4ggg/linkedservices/datalakeLinkedService",
            "integration_runtime_name": null,
            "name": "datalakeLinkedService",
            "parameters": {},
            "service_principal_id": null,
            "service_principal_key": null,
            "storage_account_key": null,
            "tenant": null,
            "timeouts": null,
            "url": "https://datalakebigdatawhsfut4gg.dfs.core.windows.net/",
            "use_managed_identity": true
          },
          "sensitive_attributes": [],
          "private": "eyJlMmJmYjczMC1lY2FhLTExZTYtOGY4OC0zNDM2M2JjN2M0YzAiOnsiY3JlYXRlIjoxODAwMDAwMDAwMDAwLCJkZWxldGUiOjE4MDAwMDAwMDAwMDAsInJlYWQiOjMwMDAwMDAwMDAwMCwidXBkYXRlIjoxODAwMDAwMDAwMDAwfX0=",
          "dependencies": [
            "azurerm_data_factory.data_factory",
            "azurerm_resource_group.resource_group",
            "azurerm_storage_account.datalake_storage_account",
            "random_string.random_prefix"
          ]
        }
      ]
    },
    {
      "mode": "managed",
      "type": "azurerm_databricks_workspace",
      "name": "databricks_workspace",
      "provider": "provider[\"registry.terraform.io/hashicorp/azurerm\"]",
      "instances": [
        {
          "schema_version": 0,
          "attributes": {
            "custom_parameters": [
              {
                "machine_learning_workspace_id": "",
                "nat_gateway_name": "nat-gateway",
                "no_public_ip": false,
                "private_subnet_name": "",
                "private_subnet_network_security_group_association_id": "",
                "public_ip_name": "nat-gw-public-ip",
                "public_subnet_name": "",
                "public_subnet_network_security_group_association_id": "",
                "storage_account_name": "dbstorageqav7izfnqszku",
                "storage_account_sku_name": "Standard_GRS",
                "virtual_network_id": "",
                "vnet_address_prefix": "10.139"
              }
            ],
            "customer_managed_key_enabled": false,
            "disk_encryption_set_id": null,
            "id": "/subscriptions/8b41bb3a-73a0-4041-90c2-d82d4d3cbc5f/resourceGroups/bigdatawhsfut4ggg_rg/providers/Microsoft.Databricks/workspaces/databricks-workspace-bigdatawhsfut4ggg",
            "infrastructure_encryption_enabled": false,
            "load_balancer_backend_address_pool_id": "",
            "location": "westeurope",
            "managed_disk_cmk_key_vault_key_id": null,
            "managed_disk_cmk_rotation_to_latest_version_enabled": null,
            "managed_disk_identity": [],
            "managed_resource_group_id": "/subscriptions/8b41bb3a-73a0-4041-90c2-d82d4d3cbc5f/resourceGroups/adb_bigdatawhsfut4ggg_rg",
            "managed_resource_group_name": "adb_bigdatawhsfut4ggg_rg",
            "managed_services_cmk_key_vault_key_id": null,
            "name": "databricks-workspace-bigdatawhsfut4ggg",
            "network_security_group_rules_required": null,
            "public_network_access_enabled": true,
            "resource_group_name": "bigdatawhsfut4ggg_rg",
            "sku": "standard",
            "storage_account_identity": [],
            "tags": {
              "Environment": "Big Data Reference Lab"
            },
            "timeouts": null,
            "workspace_id": "2352946090432169",
            "workspace_url": "adb-2352946090432169.9.azuredatabricks.net"
          },
          "sensitive_attributes": [],
          "private": "eyJlMmJmYjczMC1lY2FhLTExZTYtOGY4OC0zNDM2M2JjN2M0YzAiOnsiY3JlYXRlIjoxODAwMDAwMDAwMDAwLCJkZWxldGUiOjE4MDAwMDAwMDAwMDAsInJlYWQiOjMwMDAwMDAwMDAwMCwidXBkYXRlIjoxODAwMDAwMDAwMDAwfX0=",
          "dependencies": [
            "azurerm_resource_group.resource_group",
            "random_string.random_prefix"
          ]
        }
      ]
    },
    {
      "mode": "managed",
      "type": "azurerm_resource_group",
      "name": "resource_group",
      "provider": "provider[\"registry.terraform.io/hashicorp/azurerm\"]",
      "instances": [
        {
          "schema_version": 0,
          "attributes": {
            "id": "/subscriptions/8b41bb3a-73a0-4041-90c2-d82d4d3cbc5f/resourceGroups/bigdatawhsfut4ggg_rg",
            "location": "westeurope",
            "managed_by": "",
            "name": "bigdatawhsfut4ggg_rg",
            "tags": {},
            "timeouts": null
          },
          "sensitive_attributes": [],
          "private": "eyJlMmJmYjczMC1lY2FhLTExZTYtOGY4OC0zNDM2M2JjN2M0YzAiOnsiY3JlYXRlIjo1NDAwMDAwMDAwMDAwLCJkZWxldGUiOjU0MDAwMDAwMDAwMDAsInJlYWQiOjMwMDAwMDAwMDAwMCwidXBkYXRlIjo1NDAwMDAwMDAwMDAwfX0=",
          "dependencies": [
            "random_string.random_prefix"
          ]
        }
      ]
    },
    {
      "mode": "managed",
      "type": "azurerm_role_assignment",
      "name": "user_datalake_role_assignement",
      "provider": "provider[\"registry.terraform.io/hashicorp/azurerm\"]",
      "instances": [
        {
          "index_key": "Contributor",
          "schema_version": 0,
          "attributes": {
            "condition": "",
            "condition_version": "",
            "delegated_managed_identity_resource_id": "",
            "description": "",
            "id": "/subscriptions/8b41bb3a-73a0-4041-90c2-d82d4d3cbc5f/resourceGroups/bigdatawhsfut4ggg_rg/providers/Microsoft.Storage/storageAccounts/datalakebigdatawhsfut4gg/providers/Microsoft.Authorization/roleAssignments/011bc141-03f7-c56a-db88-ea185a99585c",
            "name": "011bc141-03f7-c56a-db88-ea185a99585c",
            "principal_id": "881efb1c-9e27-4b58-823a-230f51d9a8f4",
            "principal_type": "User",
            "role_definition_id": "/subscriptions/8b41bb3a-73a0-4041-90c2-d82d4d3cbc5f/providers/Microsoft.Authorization/roleDefinitions/b24988ac-6180-42a0-ab88-20f7382dd24c",
            "role_definition_name": "Contributor",
            "scope": "/subscriptions/8b41bb3a-73a0-4041-90c2-d82d4d3cbc5f/resourceGroups/bigdatawhsfut4ggg_rg/providers/Microsoft.Storage/storageAccounts/datalakebigdatawhsfut4gg",
            "skip_service_principal_aad_check": null,
            "timeouts": null
          },
          "sensitive_attributes": [],
          "private": "eyJlMmJmYjczMC1lY2FhLTExZTYtOGY4OC0zNDM2M2JjN2M0YzAiOnsiY3JlYXRlIjoxODAwMDAwMDAwMDAwLCJkZWxldGUiOjE4MDAwMDAwMDAwMDAsInJlYWQiOjMwMDAwMDAwMDAwMCwidXBkYXRlIjoxODAwMDAwMDAwMDAwfX0=",
          "dependencies": [
            "azurerm_resource_group.resource_group",
            "azurerm_storage_account.datalake_storage_account",
            "data.azuread_client_config.current",
            "random_string.random_prefix"
          ]
        },
        {
          "index_key": "Storage Blob Data Owner",
          "schema_version": 0,
          "attributes": {
            "condition": "",
            "condition_version": "",
            "delegated_managed_identity_resource_id": "",
            "description": "",
            "id": "/subscriptions/8b41bb3a-73a0-4041-90c2-d82d4d3cbc5f/resourceGroups/bigdatawhsfut4ggg_rg/providers/Microsoft.Storage/storageAccounts/datalakebigdatawhsfut4gg/providers/Microsoft.Authorization/roleAssignments/045cd720-6e6c-413f-f829-b6e6bc1128d9",
            "name": "045cd720-6e6c-413f-f829-b6e6bc1128d9",
            "principal_id": "881efb1c-9e27-4b58-823a-230f51d9a8f4",
            "principal_type": "User",
            "role_definition_id": "/subscriptions/8b41bb3a-73a0-4041-90c2-d82d4d3cbc5f/providers/Microsoft.Authorization/roleDefinitions/b7e6dc6d-f1e8-4753-8033-0f276bb0955b",
            "role_definition_name": "Storage Blob Data Owner",
            "scope": "/subscriptions/8b41bb3a-73a0-4041-90c2-d82d4d3cbc5f/resourceGroups/bigdatawhsfut4ggg_rg/providers/Microsoft.Storage/storageAccounts/datalakebigdatawhsfut4gg",
            "skip_service_principal_aad_check": null,
            "timeouts": null
          },
          "sensitive_attributes": [],
          "private": "eyJlMmJmYjczMC1lY2FhLTExZTYtOGY4OC0zNDM2M2JjN2M0YzAiOnsiY3JlYXRlIjoxODAwMDAwMDAwMDAwLCJkZWxldGUiOjE4MDAwMDAwMDAwMDAsInJlYWQiOjMwMDAwMDAwMDAwMCwidXBkYXRlIjoxODAwMDAwMDAwMDAwfX0=",
          "dependencies": [
            "azurerm_resource_group.resource_group",
            "azurerm_storage_account.datalake_storage_account",
            "data.azuread_client_config.current",
            "random_string.random_prefix"
          ]
        }
      ]
    },
    {
      "mode": "managed",
      "type": "azurerm_storage_account",
      "name": "datalake_storage_account",
      "provider": "provider[\"registry.terraform.io/hashicorp/azurerm\"]",
      "instances": [
        {
          "schema_version": 4,
          "attributes": {
            "access_tier": "Hot",
            "account_kind": "StorageV2",
            "account_replication_type": "LRS",
            "account_tier": "Standard",
            "allow_nested_items_to_be_public": true,
            "allowed_copy_scope": "",
            "azure_files_authentication": [],
            "blob_properties": [
              {
                "change_feed_enabled": false,
                "change_feed_retention_in_days": 0,
                "container_delete_retention_policy": [],
                "cors_rule": [],
                "default_service_version": "",
                "delete_retention_policy": [],
                "last_access_time_enabled": false,
                "restore_policy": [],
                "versioning_enabled": false
              }
            ],
            "cross_tenant_replication_enabled": true,
            "custom_domain": [],
            "customer_managed_key": [],
            "default_to_oauth_authentication": false,
            "edge_zone": "",
            "enable_https_traffic_only": true,
            "id": "/subscriptions/8b41bb3a-73a0-4041-90c2-d82d4d3cbc5f/resourceGroups/bigdatawhsfut4ggg_rg/providers/Microsoft.Storage/storageAccounts/datalakebigdatawhsfut4gg",
            "identity": [],
            "immutability_policy": [],
            "infrastructure_encryption_enabled": false,
            "is_hns_enabled": true,
            "large_file_share_enabled": null,
            "location": "westeurope",
            "min_tls_version": "TLS1_2",
            "name": "datalakebigdatawhsfut4gg",
            "network_rules": [
              {
                "bypass": [
                  "AzureServices"
                ],
                "default_action": "Allow",
                "ip_rules": [],
                "private_link_access": [],
                "virtual_network_subnet_ids": []
              }
            ],
            "nfsv3_enabled": false,
            "primary_access_key": "tGO7+rKHtg1zEZqKjOMZx0EKgZNLrsEhEhJnLh5BL/++1mVq2kYApfpuD49hrj+ysLI2wxSYWW+o+AStDKIrvw==",
            "primary_blob_connection_string": "DefaultEndpointsProtocol=https;BlobEndpoint=https://datalakebigdatawhsfut4gg.blob.core.windows.net/;AccountName=datalakebigdatawhsfut4gg;AccountKey=tGO7+rKHtg1zEZqKjOMZx0EKgZNLrsEhEhJnLh5BL/++1mVq2kYApfpuD49hrj+ysLI2wxSYWW+o+AStDKIrvw==",
            "primary_blob_endpoint": "https://datalakebigdatawhsfut4gg.blob.core.windows.net/",
            "primary_blob_host": "datalakebigdatawhsfut4gg.blob.core.windows.net",
            "primary_connection_string": "DefaultEndpointsProtocol=https;AccountName=datalakebigdatawhsfut4gg;AccountKey=tGO7+rKHtg1zEZqKjOMZx0EKgZNLrsEhEhJnLh5BL/++1mVq2kYApfpuD49hrj+ysLI2wxSYWW+o+AStDKIrvw==;EndpointSuffix=core.windows.net",
            "primary_dfs_endpoint": "https://datalakebigdatawhsfut4gg.dfs.core.windows.net/",
            "primary_dfs_host": "datalakebigdatawhsfut4gg.dfs.core.windows.net",
            "primary_file_endpoint": "https://datalakebigdatawhsfut4gg.file.core.windows.net/",
            "primary_file_host": "datalakebigdatawhsfut4gg.file.core.windows.net",
            "primary_location": "westeurope",
            "primary_queue_endpoint": "https://datalakebigdatawhsfut4gg.queue.core.windows.net/",
            "primary_queue_host": "datalakebigdatawhsfut4gg.queue.core.windows.net",
            "primary_table_endpoint": "https://datalakebigdatawhsfut4gg.table.core.windows.net/",
            "primary_table_host": "datalakebigdatawhsfut4gg.table.core.windows.net",
            "primary_web_endpoint": "https://datalakebigdatawhsfut4gg.z6.web.core.windows.net/",
            "primary_web_host": "datalakebigdatawhsfut4gg.z6.web.core.windows.net",
            "public_network_access_enabled": true,
            "queue_encryption_key_type": "Service",
            "queue_properties": [
              {
                "cors_rule": [],
                "hour_metrics": [
                  {
                    "enabled": true,
                    "include_apis": true,
                    "retention_policy_days": 7,
                    "version": "1.0"
                  }
                ],
                "logging": [
                  {
                    "delete": false,
                    "read": false,
                    "retention_policy_days": 0,
                    "version": "1.0",
                    "write": false
                  }
                ],
                "minute_metrics": [
                  {
                    "enabled": false,
                    "include_apis": false,
                    "retention_policy_days": 0,
                    "version": "1.0"
                  }
                ]
              }
            ],
            "resource_group_name": "bigdatawhsfut4ggg_rg",
            "routing": [],
            "sas_policy": [],
            "secondary_access_key": "g9TtXCoCBAayhZ+f9RGOQS7i52Ks2nx/GiGRjnA1W4ITwYHZnvmY/fDG5FZ2zyqxvMfayRdHS1kR+AStiE2Auw==",
            "secondary_blob_connection_string": "",
            "secondary_blob_endpoint": null,
            "secondary_blob_host": null,
            "secondary_connection_string": "DefaultEndpointsProtocol=https;AccountName=datalakebigdatawhsfut4gg;AccountKey=g9TtXCoCBAayhZ+f9RGOQS7i52Ks2nx/GiGRjnA1W4ITwYHZnvmY/fDG5FZ2zyqxvMfayRdHS1kR+AStiE2Auw==;EndpointSuffix=core.windows.net",
            "secondary_dfs_endpoint": null,
            "secondary_dfs_host": null,
            "secondary_file_endpoint": null,
            "secondary_file_host": null,
            "secondary_location": "",
            "secondary_queue_endpoint": null,
            "secondary_queue_host": null,
            "secondary_table_endpoint": null,
            "secondary_table_host": null,
            "secondary_web_endpoint": null,
            "secondary_web_host": null,
            "sftp_enabled": false,
            "share_properties": [
              {
                "cors_rule": [],
                "retention_policy": [
                  {
                    "days": 7
                  }
                ],
                "smb": []
              }
            ],
            "shared_access_key_enabled": true,
            "static_website": [],
            "table_encryption_key_type": "Service",
            "tags": {
              "Environment": "Big Data Reference Lab"
            },
            "timeouts": null
          },
          "sensitive_attributes": [],
          "private": "eyJlMmJmYjczMC1lY2FhLTExZTYtOGY4OC0zNDM2M2JjN2M0YzAiOnsiY3JlYXRlIjozNjAwMDAwMDAwMDAwLCJkZWxldGUiOjM2MDAwMDAwMDAwMDAsInJlYWQiOjMwMDAwMDAwMDAwMCwidXBkYXRlIjozNjAwMDAwMDAwMDAwfSwic2NoZW1hX3ZlcnNpb24iOiI0In0=",
          "dependencies": [
            "azurerm_resource_group.resource_group",
            "random_string.random_prefix"
          ]
        }
      ]
    },
    {
      "mode": "managed",
      "type": "azurerm_storage_account",
      "name": "source_storage_account",
      "provider": "provider[\"registry.terraform.io/hashicorp/azurerm\"]",
      "instances": [
        {
          "schema_version": 4,
          "attributes": {
            "access_tier": "Hot",
            "account_kind": "StorageV2",
            "account_replication_type": "LRS",
            "account_tier": "Standard",
            "allow_nested_items_to_be_public": true,
            "allowed_copy_scope": "",
            "azure_files_authentication": [],
            "blob_properties": [
              {
                "change_feed_enabled": false,
                "change_feed_retention_in_days": 0,
                "container_delete_retention_policy": [],
                "cors_rule": [],
                "default_service_version": "",
                "delete_retention_policy": [],
                "last_access_time_enabled": false,
                "restore_policy": [],
                "versioning_enabled": false
              }
            ],
            "cross_tenant_replication_enabled": true,
            "custom_domain": [],
            "customer_managed_key": [],
            "default_to_oauth_authentication": false,
            "edge_zone": "",
            "enable_https_traffic_only": true,
            "id": "/subscriptions/8b41bb3a-73a0-4041-90c2-d82d4d3cbc5f/resourceGroups/bigdatawhsfut4ggg_rg/providers/Microsoft.Storage/storageAccounts/sourcebigdatawhsfut4ggg",
            "identity": [],
            "immutability_policy": [],
            "infrastructure_encryption_enabled": false,
            "is_hns_enabled": true,
            "large_file_share_enabled": null,
            "location": "westeurope",
            "min_tls_version": "TLS1_2",
            "name": "sourcebigdatawhsfut4ggg",
            "network_rules": [
              {
                "bypass": [
                  "AzureServices"
                ],
                "default_action": "Allow",
                "ip_rules": [],
                "private_link_access": [],
                "virtual_network_subnet_ids": []
              }
            ],
            "nfsv3_enabled": false,
            "primary_access_key": "sjVdqc5xbzzy8qzohDEhn9Kpiw1nGSElvmx90Nim/WanUqInIYM1XqvFXxsjXaIyw7P+MioHB+k2+AStaGGj9Q==",
            "primary_blob_connection_string": "DefaultEndpointsProtocol=https;BlobEndpoint=https://sourcebigdatawhsfut4ggg.blob.core.windows.net/;AccountName=sourcebigdatawhsfut4ggg;AccountKey=sjVdqc5xbzzy8qzohDEhn9Kpiw1nGSElvmx90Nim/WanUqInIYM1XqvFXxsjXaIyw7P+MioHB+k2+AStaGGj9Q==",
            "primary_blob_endpoint": "https://sourcebigdatawhsfut4ggg.blob.core.windows.net/",
            "primary_blob_host": "sourcebigdatawhsfut4ggg.blob.core.windows.net",
            "primary_connection_string": "DefaultEndpointsProtocol=https;AccountName=sourcebigdatawhsfut4ggg;AccountKey=sjVdqc5xbzzy8qzohDEhn9Kpiw1nGSElvmx90Nim/WanUqInIYM1XqvFXxsjXaIyw7P+MioHB+k2+AStaGGj9Q==;EndpointSuffix=core.windows.net",
            "primary_dfs_endpoint": "https://sourcebigdatawhsfut4ggg.dfs.core.windows.net/",
            "primary_dfs_host": "sourcebigdatawhsfut4ggg.dfs.core.windows.net",
            "primary_file_endpoint": "https://sourcebigdatawhsfut4ggg.file.core.windows.net/",
            "primary_file_host": "sourcebigdatawhsfut4ggg.file.core.windows.net",
            "primary_location": "westeurope",
            "primary_queue_endpoint": "https://sourcebigdatawhsfut4ggg.queue.core.windows.net/",
            "primary_queue_host": "sourcebigdatawhsfut4ggg.queue.core.windows.net",
            "primary_table_endpoint": "https://sourcebigdatawhsfut4ggg.table.core.windows.net/",
            "primary_table_host": "sourcebigdatawhsfut4ggg.table.core.windows.net",
            "primary_web_endpoint": "https://sourcebigdatawhsfut4ggg.z6.web.core.windows.net/",
            "primary_web_host": "sourcebigdatawhsfut4ggg.z6.web.core.windows.net",
            "public_network_access_enabled": true,
            "queue_encryption_key_type": "Service",
            "queue_properties": [
              {
                "cors_rule": [],
                "hour_metrics": [
                  {
                    "enabled": true,
                    "include_apis": true,
                    "retention_policy_days": 7,
                    "version": "1.0"
                  }
                ],
                "logging": [
                  {
                    "delete": false,
                    "read": false,
                    "retention_policy_days": 0,
                    "version": "1.0",
                    "write": false
                  }
                ],
                "minute_metrics": [
                  {
                    "enabled": false,
                    "include_apis": false,
                    "retention_policy_days": 0,
                    "version": "1.0"
                  }
                ]
              }
            ],
            "resource_group_name": "bigdatawhsfut4ggg_rg",
            "routing": [],
            "sas_policy": [],
            "secondary_access_key": "e8BZWu2OVZBWDNyO5Dn3u954tY23wlJlwVzDwpzHbE2GBzvMz9C33tJc6MX6JHguf8mO9cAnj7HJ+AStObTxwA==",
            "secondary_blob_connection_string": "",
            "secondary_blob_endpoint": null,
            "secondary_blob_host": null,
            "secondary_connection_string": "DefaultEndpointsProtocol=https;AccountName=sourcebigdatawhsfut4ggg;AccountKey=e8BZWu2OVZBWDNyO5Dn3u954tY23wlJlwVzDwpzHbE2GBzvMz9C33tJc6MX6JHguf8mO9cAnj7HJ+AStObTxwA==;EndpointSuffix=core.windows.net",
            "secondary_dfs_endpoint": null,
            "secondary_dfs_host": null,
            "secondary_file_endpoint": null,
            "secondary_file_host": null,
            "secondary_location": "",
            "secondary_queue_endpoint": null,
            "secondary_queue_host": null,
            "secondary_table_endpoint": null,
            "secondary_table_host": null,
            "secondary_web_endpoint": null,
            "secondary_web_host": null,
            "sftp_enabled": false,
            "share_properties": [
              {
                "cors_rule": [],
                "retention_policy": [
                  {
                    "days": 7
                  }
                ],
                "smb": []
              }
            ],
            "shared_access_key_enabled": true,
            "static_website": [],
            "table_encryption_key_type": "Service",
            "tags": {
              "Environment": "Big Data Reference Lab"
            },
            "timeouts": null
          },
          "sensitive_attributes": [],
          "private": "eyJlMmJmYjczMC1lY2FhLTExZTYtOGY4OC0zNDM2M2JjN2M0YzAiOnsiY3JlYXRlIjozNjAwMDAwMDAwMDAwLCJkZWxldGUiOjM2MDAwMDAwMDAwMDAsInJlYWQiOjMwMDAwMDAwMDAwMCwidXBkYXRlIjozNjAwMDAwMDAwMDAwfSwic2NoZW1hX3ZlcnNpb24iOiI0In0=",
          "dependencies": [
            "azurerm_resource_group.resource_group",
            "random_string.random_prefix"
          ]
        }
      ]
    },
    {
      "mode": "managed",
      "type": "azurerm_storage_data_lake_gen2_filesystem",
      "name": "adls",
      "provider": "provider[\"registry.terraform.io/hashicorp/azurerm\"]",
      "instances": [
        {
          "schema_version": 0,
          "attributes": {
            "ace": [
              {
                "id": "881efb1c-9e27-4b58-823a-230f51d9a8f4",
                "permissions": "rwx",
                "scope": "access",
                "type": "user"
              }
            ],
            "group": "881efb1c-9e27-4b58-823a-230f51d9a8f4",
            "id": "https://datalakebigdatawhsfut4gg.dfs.core.windows.net/datalake",
            "name": "datalake",
            "owner": "881efb1c-9e27-4b58-823a-230f51d9a8f4",
            "properties": {},
            "storage_account_id": "/subscriptions/8b41bb3a-73a0-4041-90c2-d82d4d3cbc5f/resourceGroups/bigdatawhsfut4ggg_rg/providers/Microsoft.Storage/storageAccounts/datalakebigdatawhsfut4gg",
            "timeouts": null
          },
          "sensitive_attributes": [],
          "private": "eyJlMmJmYjczMC1lY2FhLTExZTYtOGY4OC0zNDM2M2JjN2M0YzAiOnsiY3JlYXRlIjoxODAwMDAwMDAwMDAwLCJkZWxldGUiOjE4MDAwMDAwMDAwMDAsInJlYWQiOjMwMDAwMDAwMDAwMCwidXBkYXRlIjoxODAwMDAwMDAwMDAwfX0=",
          "dependencies": [
            "azurerm_resource_group.resource_group",
            "azurerm_role_assignment.user_datalake_role_assignement",
            "azurerm_storage_account.datalake_storage_account",
            "data.azuread_client_config.current",
            "random_string.random_prefix",
            "time_sleep.role_assignment_sleep"
          ]
        }
      ]
    },
    {
      "mode": "managed",
      "type": "azurerm_storage_data_lake_gen2_path",
      "name": "datalake_path",
      "provider": "provider[\"registry.terraform.io/hashicorp/azurerm\"]",
      "instances": [
        {
          "index_key": "bronze",
          "schema_version": 0,
          "attributes": {
            "ace": [
              {
                "id": "448f09b6-92d2-49ed-b9ca-b26f310c0183",
                "permissions": "rwx",
                "scope": "access",
                "type": "user"
              },
              {
                "id": "881efb1c-9e27-4b58-823a-230f51d9a8f4",
                "permissions": "rwx",
                "scope": "access",
                "type": "user"
              },
              {
                "id": "ba89665b-0026-47e2-9c97-0b1dddfa794a",
                "permissions": "rwx",
                "scope": "access",
                "type": "user"
              },
              {
                "id": "d45829a7-ab36-4065-9465-dc4430c69264",
                "permissions": "rwx",
                "scope": "access",
                "type": "user"
              }
            ],
            "filesystem_name": "datalake",
            "group": "881efb1c-9e27-4b58-823a-230f51d9a8f4",
            "id": "https://datalakebigdatawhsfut4gg.dfs.core.windows.net/datalake/bronze",
            "owner": "881efb1c-9e27-4b58-823a-230f51d9a8f4",
            "path": "bronze",
            "resource": "directory",
            "storage_account_id": "/subscriptions/8b41bb3a-73a0-4041-90c2-d82d4d3cbc5f/resourceGroups/bigdatawhsfut4ggg_rg/providers/Microsoft.Storage/storageAccounts/datalakebigdatawhsfut4gg",
            "timeouts": null
          },
          "sensitive_attributes": [],
          "private": "eyJlMmJmYjczMC1lY2FhLTExZTYtOGY4OC0zNDM2M2JjN2M0YzAiOnsiY3JlYXRlIjoxODAwMDAwMDAwMDAwLCJkZWxldGUiOjE4MDAwMDAwMDAwMDAsInJlYWQiOjMwMDAwMDAwMDAwMCwidXBkYXRlIjoxODAwMDAwMDAwMDAwfX0=",
          "dependencies": [
            "azuread_application.databricks_service_application",
            "azuread_service_principal.aad_service_sp",
            "azurerm_data_factory.data_factory",
            "azurerm_resource_group.resource_group",
            "azurerm_role_assignment.user_datalake_role_assignement",
            "azurerm_storage_account.datalake_storage_account",
            "azurerm_storage_data_lake_gen2_filesystem.adls",
            "azurerm_synapse_workspace.synapse_workspace",
            "data.azuread_client_config.current",
            "random_string.random_prefix",
            "time_sleep.role_assignment_sleep"
          ]
        },
        {
          "index_key": "gold",
          "schema_version": 0,
          "attributes": {
            "ace": [
              {
                "id": "448f09b6-92d2-49ed-b9ca-b26f310c0183",
                "permissions": "rwx",
                "scope": "access",
                "type": "user"
              },
              {
                "id": "881efb1c-9e27-4b58-823a-230f51d9a8f4",
                "permissions": "rwx",
                "scope": "access",
                "type": "user"
              },
              {
                "id": "ba89665b-0026-47e2-9c97-0b1dddfa794a",
                "permissions": "rwx",
                "scope": "access",
                "type": "user"
              },
              {
                "id": "d45829a7-ab36-4065-9465-dc4430c69264",
                "permissions": "rwx",
                "scope": "access",
                "type": "user"
              }
            ],
            "filesystem_name": "datalake",
            "group": "881efb1c-9e27-4b58-823a-230f51d9a8f4",
            "id": "https://datalakebigdatawhsfut4gg.dfs.core.windows.net/datalake/gold",
            "owner": "881efb1c-9e27-4b58-823a-230f51d9a8f4",
            "path": "gold",
            "resource": "directory",
            "storage_account_id": "/subscriptions/8b41bb3a-73a0-4041-90c2-d82d4d3cbc5f/resourceGroups/bigdatawhsfut4ggg_rg/providers/Microsoft.Storage/storageAccounts/datalakebigdatawhsfut4gg",
            "timeouts": null
          },
          "sensitive_attributes": [],
          "private": "eyJlMmJmYjczMC1lY2FhLTExZTYtOGY4OC0zNDM2M2JjN2M0YzAiOnsiY3JlYXRlIjoxODAwMDAwMDAwMDAwLCJkZWxldGUiOjE4MDAwMDAwMDAwMDAsInJlYWQiOjMwMDAwMDAwMDAwMCwidXBkYXRlIjoxODAwMDAwMDAwMDAwfX0=",
          "dependencies": [
            "azuread_application.databricks_service_application",
            "azuread_service_principal.aad_service_sp",
            "azurerm_data_factory.data_factory",
            "azurerm_resource_group.resource_group",
            "azurerm_role_assignment.user_datalake_role_assignement",
            "azurerm_storage_account.datalake_storage_account",
            "azurerm_storage_data_lake_gen2_filesystem.adls",
            "azurerm_synapse_workspace.synapse_workspace",
            "data.azuread_client_config.current",
            "random_string.random_prefix",
            "time_sleep.role_assignment_sleep"
          ]
        },
        {
          "index_key": "silver",
          "schema_version": 0,
          "attributes": {
            "ace": [
              {
                "id": "448f09b6-92d2-49ed-b9ca-b26f310c0183",
                "permissions": "rwx",
                "scope": "access",
                "type": "user"
              },
              {
                "id": "881efb1c-9e27-4b58-823a-230f51d9a8f4",
                "permissions": "rwx",
                "scope": "access",
                "type": "user"
              },
              {
                "id": "ba89665b-0026-47e2-9c97-0b1dddfa794a",
                "permissions": "rwx",
                "scope": "access",
                "type": "user"
              },
              {
                "id": "d45829a7-ab36-4065-9465-dc4430c69264",
                "permissions": "rwx",
                "scope": "access",
                "type": "user"
              }
            ],
            "filesystem_name": "datalake",
            "group": "881efb1c-9e27-4b58-823a-230f51d9a8f4",
            "id": "https://datalakebigdatawhsfut4gg.dfs.core.windows.net/datalake/silver",
            "owner": "881efb1c-9e27-4b58-823a-230f51d9a8f4",
            "path": "silver",
            "resource": "directory",
            "storage_account_id": "/subscriptions/8b41bb3a-73a0-4041-90c2-d82d4d3cbc5f/resourceGroups/bigdatawhsfut4ggg_rg/providers/Microsoft.Storage/storageAccounts/datalakebigdatawhsfut4gg",
            "timeouts": null
          },
          "sensitive_attributes": [],
          "private": "eyJlMmJmYjczMC1lY2FhLTExZTYtOGY4OC0zNDM2M2JjN2M0YzAiOnsiY3JlYXRlIjoxODAwMDAwMDAwMDAwLCJkZWxldGUiOjE4MDAwMDAwMDAwMDAsInJlYWQiOjMwMDAwMDAwMDAwMCwidXBkYXRlIjoxODAwMDAwMDAwMDAwfX0=",
          "dependencies": [
            "azuread_application.databricks_service_application",
            "azuread_service_principal.aad_service_sp",
            "azurerm_data_factory.data_factory",
            "azurerm_resource_group.resource_group",
            "azurerm_role_assignment.user_datalake_role_assignement",
            "azurerm_storage_account.datalake_storage_account",
            "azurerm_storage_data_lake_gen2_filesystem.adls",
            "azurerm_synapse_workspace.synapse_workspace",
            "data.azuread_client_config.current",
            "random_string.random_prefix",
            "time_sleep.role_assignment_sleep"
          ]
        }
      ]
    },
    {
      "mode": "managed",
      "type": "azurerm_synapse_workspace",
      "name": "synapse_workspace",
      "provider": "provider[\"registry.terraform.io/hashicorp/azurerm\"]",
      "instances": [
        {
          "schema_version": 0,
          "attributes": {
            "aad_admin": [
              {
                "login": "live.com#stanislav.zhurich@gmail.com",
                "object_id": "881efb1c-9e27-4b58-823a-230f51d9a8f4",
                "tenant_id": "728ec391-9e63-400e-883f-f7fd4a75ac01"
              }
            ],
            "azure_devops_repo": [],
            "compute_subnet_id": null,
            "connectivity_endpoints": {
              "dev": "https://synapse-workspace-bigdatawhsfut4ggg.dev.azuresynapse.net",
              "sql": "synapse-workspace-bigdatawhsfut4ggg.sql.azuresynapse.net",
              "sqlOnDemand": "synapse-workspace-bigdatawhsfut4ggg-ondemand.sql.azuresynapse.net",
              "web": "https://web.azuresynapse.net?workspace=%2fsubscriptions%2f8b41bb3a-73a0-4041-90c2-d82d4d3cbc5f%2fresourceGroups%2fbigdatawhsfut4ggg_rg%2fproviders%2fMicrosoft.Synapse%2fworkspaces%2fsynapse-workspace-bigdatawhsfut4ggg"
            },
            "customer_managed_key": [],
            "data_exfiltration_protection_enabled": null,
            "github_repo": [],
            "id": "/subscriptions/8b41bb3a-73a0-4041-90c2-d82d4d3cbc5f/resourceGroups/bigdatawhsfut4ggg_rg/providers/Microsoft.Synapse/workspaces/synapse-workspace-bigdatawhsfut4ggg",
            "identity": [
              {
                "identity_ids": [],
                "principal_id": "d45829a7-ab36-4065-9465-dc4430c69264",
                "tenant_id": "728ec391-9e63-400e-883f-f7fd4a75ac01",
                "type": "SystemAssigned"
              }
            ],
            "linking_allowed_for_aad_tenant_ids": null,
            "location": "westeurope",
            "managed_resource_group_name": "synapseworkspace-managedrg-7e8c9c65-50ad-4f39-abde-2441ad036c2c",
            "managed_virtual_network_enabled": false,
            "name": "synapse-workspace-bigdatawhsfut4ggg",
            "public_network_access_enabled": true,
            "purview_id": null,
            "resource_group_name": "bigdatawhsfut4ggg_rg",
            "sql_aad_admin": [
              {
                "login": "live.com#stanislav.zhurich@gmail.com",
                "object_id": "881efb1c-9e27-4b58-823a-230f51d9a8f4",
                "tenant_id": "728ec391-9e63-400e-883f-f7fd4a75ac01"
              }
            ],
            "sql_administrator_login": "sqladminuser",
            "sql_administrator_login_password": "H@Sh1CoR3!",
            "sql_identity_control_enabled": false,
            "storage_data_lake_gen2_filesystem_id": "https://datalakebigdatawhsfut4gg.dfs.core.windows.net/datalake",
            "tags": {
              "Environment": "Big Data Reference Lab"
            },
            "timeouts": null
          },
          "sensitive_attributes": [],
          "private": "eyJlMmJmYjczMC1lY2FhLTExZTYtOGY4OC0zNDM2M2JjN2M0YzAiOnsiY3JlYXRlIjoxODAwMDAwMDAwMDAwLCJkZWxldGUiOjE4MDAwMDAwMDAwMDAsInJlYWQiOjMwMDAwMDAwMDAwMCwidXBkYXRlIjoxODAwMDAwMDAwMDAwfX0=",
          "dependencies": [
            "azurerm_resource_group.resource_group",
            "azurerm_role_assignment.user_datalake_role_assignement",
            "azurerm_storage_account.datalake_storage_account",
            "azurerm_storage_data_lake_gen2_filesystem.adls",
            "data.azuread_client_config.current",
            "random_string.random_prefix",
            "time_sleep.role_assignment_sleep"
          ]
        }
      ]
    },
    {
      "mode": "managed",
      "type": "databricks_cluster",
      "name": "databricks_cluster",
      "provider": "provider[\"registry.terraform.io/databricks/databricks\"]",
      "instances": [
        {
          "schema_version": 2,
          "attributes": {
            "apply_policy_default_values": null,
            "autoscale": [],
            "autotermination_minutes": 15,
            "aws_attributes": [],
            "azure_attributes": [
              {
                "availability": "ON_DEMAND_AZURE",
                "first_on_demand": 1,
                "spot_bid_max_price": -1
              }
            ],
            "cluster_id": "0828-065354-6etrteog",
            "cluster_log_conf": [],
            "cluster_name": "databricks-cluster-bigdatawhsfut4ggg",
            "custom_tags": {
              "ResourceClass": "SingleNode"
            },
            "data_security_mode": "NO_ISOLATION",
            "default_tags": {
              "ClusterId": "0828-065354-6etrteog",
              "ClusterName": "databricks-cluster-bigdatawhsfut4ggg",
              "Creator": "stanislav.zhurich@gmail.com",
              "Environment": "Big Data Reference Lab",
              "Vendor": "Databricks"
            },
            "docker_image": [],
            "driver_instance_pool_id": null,
            "driver_node_type_id": "Standard_F4",
            "enable_elastic_disk": true,
            "enable_local_disk_encryption": false,
            "gcp_attributes": [],
            "id": "0828-065354-6etrteog",
            "idempotency_token": null,
            "init_scripts": [],
            "instance_pool_id": null,
            "is_pinned": false,
            "library": [],
            "node_type_id": "Standard_F4",
            "num_workers": 0,
            "policy_id": null,
            "single_user_name": null,
            "spark_conf": {
              "spark.databricks.cluster.profile": "singleNode",
              "spark.master": "local[*]"
            },
            "spark_env_vars": null,
            "spark_version": "13.3.x-scala2.12",
            "ssh_public_keys": null,
            "state": "TERMINATED",
            "timeouts": null,
            "url": "https://adb-2352946090432169.9.azuredatabricks.net/#setting/clusters/0828-065354-6etrteog/configuration",
            "workload_type": []
          },
          "sensitive_attributes": [],
          "private": "eyJlMmJmYjczMC1lY2FhLTExZTYtOGY4OC0zNDM2M2JjN2M0YzAiOnsiY3JlYXRlIjoxODAwMDAwMDAwMDAwLCJkZWxldGUiOjE4MDAwMDAwMDAwMDAsInVwZGF0ZSI6MTgwMDAwMDAwMDAwMH0sInNjaGVtYV92ZXJzaW9uIjoiMiJ9",
          "dependencies": [
            "azurerm_databricks_workspace.databricks_workspace",
            "azurerm_resource_group.resource_group",
            "data.databricks_spark_version.latest",
            "random_string.random_prefix"
          ]
        }
      ]
    },
    {
      "mode": "managed",
      "type": "random_string",
      "name": "random_prefix",
      "provider": "provider[\"registry.terraform.io/hashicorp/random\"]",
      "instances": [
        {
          "schema_version": 2,
          "attributes": {
            "id": "whsfut4ggg",
            "keepers": null,
            "length": 10,
            "lower": true,
            "min_lower": 0,
            "min_numeric": 0,
            "min_special": 0,
            "min_upper": 0,
            "number": true,
            "numeric": true,
            "override_special": null,
            "result": "whsfut4ggg",
            "special": false,
            "upper": false
          },
          "sensitive_attributes": []
        }
      ]
    },
    {
      "mode": "managed",
      "type": "time_sleep",
      "name": "role_assignment_sleep",
      "provider": "provider[\"registry.terraform.io/hashicorp/time\"]",
      "instances": [
        {
          "schema_version": 0,
          "attributes": {
            "create_duration": "60s",
            "destroy_duration": null,
            "id": "2023-08-28T06:52:53Z",
            "triggers": {
              "role_assignment": "/subscriptions/8b41bb3a-73a0-4041-90c2-d82d4d3cbc5f/resourceGroups/bigdatawhsfut4ggg_rg/providers/Microsoft.Storage/storageAccounts/datalakebigdatawhsfut4gg/providers/Microsoft.Authorization/roleAssignments/011bc141-03f7-c56a-db88-ea185a99585c"
            }
          },
          "sensitive_attributes": [],
          "dependencies": [
            "azurerm_resource_group.resource_group",
            "azurerm_role_assignment.user_datalake_role_assignement",
            "azurerm_storage_account.datalake_storage_account",
            "data.azuread_client_config.current",
            "random_string.random_prefix"
          ]
        }
      ]
    }
  ],
  "check_results": null
}
