{
  "version": 4,
  "terraform_version": "1.4.5",
  "serial": 79,
  "lineage": "cdcb6e68-9790-e1ca-9570-112a7a658bcb",
  "outputs": {
    "databricks_studio_url": {
      "value": "https://adb-874081770718147.7.azuredatabricks.net",
      "type": "string"
    },
    "datafactory_studio_url": {
      "value": "https://adf.azure.com/en/home",
      "type": "string"
    },
    "synapse_studio_url": {
      "value": "https://web.azuresynapse.net?workspace=%2fsubscriptions%2f8b41bb3a-73a0-4041-90c2-d82d4d3cbc5f%2fresourceGroups%2fbigdataheveh9ndfb_rg%2fproviders%2fMicrosoft.Synapse%2fworkspaces%2fsynapse-workspace-bigdataheveh9ndfb",
      "type": "string"
    }
  },
  "resources": [
    {
      "mode": "data",
      "type": "archive_file",
      "name": "function",
      "provider": "provider[\"registry.terraform.io/hashicorp/archive\"]",
      "instances": [
        {
          "schema_version": 0,
          "attributes": {
            "exclude_symlink_directories": null,
            "excludes": null,
            "id": "2050f858b9ac6feb947c6d83d2a3285dbf2304ce",
            "output_base64sha256": "2ssyI4mJNe+j6UXBGU5hEMugLPh6bymSiqiuXvGaaqo=",
            "output_base64sha512": "iHLTTo/G649qrNPMnXaFaQDaq7mis5idLzazM5kWjkUW11ATw3GxEivP+X1UPLMtNv43XZ/TRh4Ub58uEIXDTg==",
            "output_file_mode": null,
            "output_md5": "aba899c004ffdad8d56efdc427487765",
            "output_path": "../../function.zip",
            "output_sha": "2050f858b9ac6feb947c6d83d2a3285dbf2304ce",
            "output_sha256": "dacb3223898935efa3e945c1194e6110cba02cf87a6f29928aa8ae5ef19a6aaa",
            "output_sha512": "8872d34e8fc6eb8f6aacd3cc9d76856900daabb9a2b3989d2f36b33399168e4516d75013c371b1122bcff97d543cb32d36fe375d9fd3461e146f9f2e1085c34e",
            "output_size": 36601,
            "source": [],
            "source_content": null,
            "source_content_filename": null,
            "source_dir": "../../function/target/azure-functions/observation-generator",
            "source_file": null,
            "type": "zip"
          },
          "sensitive_attributes": []
        }
      ]
    },
    {
      "mode": "data",
      "type": "azuread_client_config",
      "name": "current",
      "provider": "provider[\"registry.terraform.io/hashicorp/azuread\"]",
      "instances": [
        {
          "schema_version": 0,
          "attributes": {
            "client_id": "04b07795-8ddb-461a-bbee-02f9e1bf7b46",
            "id": "728ec391-9e63-400e-883f-f7fd4a75ac01-04b07795-8ddb-461a-bbee-02f9e1bf7b46-881efb1c-9e27-4b58-823a-230f51d9a8f4",
            "object_id": "881efb1c-9e27-4b58-823a-230f51d9a8f4",
            "tenant_id": "728ec391-9e63-400e-883f-f7fd4a75ac01",
            "timeouts": null
          },
          "sensitive_attributes": []
        }
      ]
    },
    {
      "mode": "data",
      "type": "databricks_current_user",
      "name": "current",
      "provider": "provider[\"registry.terraform.io/databricks/databricks\"]",
      "instances": [
        {
          "schema_version": 0,
          "attributes": {
            "alphanumeric": "stanislav_zhurich",
            "external_id": "881efb1c-9e27-4b58-823a-230f51d9a8f4",
            "home": "/Users/stanislav.zhurich@gmail.com",
            "id": "5008168569270985",
            "repos": "/Repos/stanislav.zhurich@gmail.com",
            "user_name": "stanislav.zhurich@gmail.com",
            "workspace_url": "https://adb-874081770718147.7.azuredatabricks.net"
          },
          "sensitive_attributes": []
        }
      ]
    },
    {
      "mode": "data",
      "type": "databricks_node_type",
      "name": "smallest",
      "provider": "provider[\"registry.terraform.io/databricks/databricks\"]",
      "instances": [
        {
          "schema_version": 0,
          "attributes": {
            "category": null,
            "gb_per_core": null,
            "graviton": null,
            "id": "Standard_F4s",
            "is_io_cache_enabled": null,
            "local_disk": true,
            "min_cores": null,
            "min_gpus": null,
            "min_memory_gb": null,
            "photon_driver_capable": null,
            "photon_worker_capable": null,
            "support_port_forwarding": null,
            "vcpu": null
          },
          "sensitive_attributes": []
        }
      ]
    },
    {
      "mode": "data",
      "type": "databricks_spark_version",
      "name": "latest",
      "provider": "provider[\"registry.terraform.io/databricks/databricks\"]",
      "instances": [
        {
          "schema_version": 0,
          "attributes": {
            "beta": null,
            "genomics": null,
            "gpu": null,
            "graviton": null,
            "id": "14.3.x-scala2.12",
            "latest": true,
            "long_term_support": true,
            "ml": null,
            "photon": null,
            "scala": "2.12",
            "spark_version": null
          },
          "sensitive_attributes": []
        }
      ]
    },
    {
      "mode": "managed",
      "type": "azuread_application",
      "name": "databricks_service_application",
      "provider": "provider[\"registry.terraform.io/hashicorp/azuread\"]",
      "instances": [
        {
          "schema_version": 2,
          "attributes": {
            "api": [
              {
                "known_client_applications": [],
                "mapped_claims_enabled": false,
                "oauth2_permission_scope": [],
                "requested_access_token_version": 1
              }
            ],
            "app_role": [],
            "app_role_ids": {},
            "application_id": "166b8ff8-07ef-45a1-a74c-c531fd2b4111",
            "client_id": "166b8ff8-07ef-45a1-a74c-c531fd2b4111",
            "description": "",
            "device_only_auth_enabled": false,
            "disabled_by_microsoft": "\u003cnil\u003e",
            "display_name": "databricks_service_applicationbigdataheveh9ndfb",
            "fallback_public_client_enabled": false,
            "feature_tags": [
              {
                "custom_single_sign_on": false,
                "enterprise": false,
                "gallery": false,
                "hide": false
              }
            ],
            "group_membership_claims": null,
            "id": "/applications/e58b67c5-7891-433a-83c2-8c747c9b0f2e",
            "identifier_uris": [
              "api://databricks_service_applicationbigdataheveh9ndfb"
            ],
            "logo_image": "",
            "logo_url": "",
            "marketing_url": "",
            "notes": "",
            "oauth2_permission_scope_ids": {},
            "oauth2_post_response_required": false,
            "object_id": "e58b67c5-7891-433a-83c2-8c747c9b0f2e",
            "optional_claims": [
              {
                "access_token": [],
                "id_token": [],
                "saml2_token": []
              }
            ],
            "owners": [
              "881efb1c-9e27-4b58-823a-230f51d9a8f4"
            ],
            "prevent_duplicate_names": false,
            "privacy_statement_url": "",
            "public_client": [
              {
                "redirect_uris": []
              }
            ],
            "publisher_domain": "stanislavzhurichgmail.onmicrosoft.com",
            "required_resource_access": [],
            "service_management_reference": "",
            "sign_in_audience": "AzureADMyOrg",
            "single_page_application": [
              {
                "redirect_uris": []
              }
            ],
            "support_url": "",
            "tags": [],
            "template_id": "",
            "terms_of_service_url": "",
            "timeouts": null,
            "web": [
              {
                "homepage_url": "",
                "implicit_grant": [
                  {
                    "access_token_issuance_enabled": false,
                    "id_token_issuance_enabled": false
                  }
                ],
                "logout_url": "",
                "redirect_uris": []
              }
            ]
          },
          "sensitive_attributes": [],
          "private": "eyJlMmJmYjczMC1lY2FhLTExZTYtOGY4OC0zNDM2M2JjN2M0YzAiOnsiY3JlYXRlIjo2MDAwMDAwMDAwMDAsImRlbGV0ZSI6MzAwMDAwMDAwMDAwLCJyZWFkIjozMDAwMDAwMDAwMDAsInVwZGF0ZSI6NjAwMDAwMDAwMDAwfSwic2NoZW1hX3ZlcnNpb24iOiIyIn0=",
          "dependencies": [
            "data.azuread_client_config.current",
            "random_string.random_prefix"
          ]
        }
      ]
    },
    {
      "mode": "managed",
      "type": "azuread_service_principal",
      "name": "aad_service_sp",
      "provider": "provider[\"registry.terraform.io/hashicorp/azuread\"]",
      "instances": [
        {
          "schema_version": 0,
          "attributes": {
            "account_enabled": true,
            "alternative_names": null,
            "app_role_assignment_required": false,
            "app_role_ids": {},
            "app_roles": [],
            "application_id": "166b8ff8-07ef-45a1-a74c-c531fd2b4111",
            "application_tenant_id": "728ec391-9e63-400e-883f-f7fd4a75ac01",
            "client_id": "166b8ff8-07ef-45a1-a74c-c531fd2b4111",
            "description": "",
            "display_name": "databricks_service_applicationbigdataheveh9ndfb",
            "feature_tags": [
              {
                "custom_single_sign_on": false,
                "enterprise": false,
                "gallery": false,
                "hide": false
              }
            ],
            "features": [
              {
                "custom_single_sign_on_app": false,
                "enterprise_application": false,
                "gallery_application": false,
                "visible_to_users": true
              }
            ],
            "homepage_url": "",
            "id": "f4954188-4606-4c54-bef6-0503b4df2f39",
            "login_url": "",
            "logout_url": "",
            "notes": "",
            "notification_email_addresses": null,
            "oauth2_permission_scope_ids": {},
            "oauth2_permission_scopes": [],
            "object_id": "f4954188-4606-4c54-bef6-0503b4df2f39",
            "owners": [
              "881efb1c-9e27-4b58-823a-230f51d9a8f4"
            ],
            "preferred_single_sign_on_mode": "",
            "redirect_uris": [],
            "saml_metadata_url": "",
            "saml_single_sign_on": [
              {
                "relay_state": ""
              }
            ],
            "service_principal_names": [
              "api://databricks_service_applicationbigdataheveh9ndfb"
            ],
            "sign_in_audience": "AzureADMyOrg",
            "tags": [],
            "timeouts": null,
            "type": "Application",
            "use_existing": null
          },
          "sensitive_attributes": [],
          "private": "eyJlMmJmYjczMC1lY2FhLTExZTYtOGY4OC0zNDM2M2JjN2M0YzAiOnsiY3JlYXRlIjo2MDAwMDAwMDAwMDAsImRlbGV0ZSI6MzAwMDAwMDAwMDAwLCJyZWFkIjozMDAwMDAwMDAwMDAsInVwZGF0ZSI6NjAwMDAwMDAwMDAwfX0=",
          "dependencies": [
            "azuread_application.databricks_service_application",
            "data.azuread_client_config.current",
            "random_string.random_prefix"
          ]
        }
      ]
    },
    {
      "mode": "managed",
      "type": "azuread_service_principal_password",
      "name": "service_sp_pswd",
      "provider": "provider[\"registry.terraform.io/hashicorp/azuread\"]",
      "instances": [
        {
          "schema_version": 1,
          "attributes": {
            "display_name": null,
            "end_date": "2026-06-18T19:25:49Z",
            "end_date_relative": null,
            "id": "f4954188-4606-4c54-bef6-0503b4df2f39/password/55b00eee-858d-4a8c-9235-2157590ddca4",
            "key_id": "55b00eee-858d-4a8c-9235-2157590ddca4",
            "rotate_when_changed": null,
            "service_principal_id": "f4954188-4606-4c54-bef6-0503b4df2f39",
            "start_date": "2024-06-18T19:25:49Z",
            "timeouts": null,
            "value": "OYo8Q~jzlGrxKx-~myLY5q_mWw6Tsz1SzLAOLbgj"
          },
          "sensitive_attributes": [],
          "private": "eyJlMmJmYjczMC1lY2FhLTExZTYtOGY4OC0zNDM2M2JjN2M0YzAiOnsiY3JlYXRlIjozMDAwMDAwMDAwMDAsImRlbGV0ZSI6MzAwMDAwMDAwMDAwLCJyZWFkIjozMDAwMDAwMDAwMDAsInVwZGF0ZSI6MzAwMDAwMDAwMDAwfSwic2NoZW1hX3ZlcnNpb24iOiIxIn0=",
          "dependencies": [
            "azuread_application.databricks_service_application",
            "azuread_service_principal.aad_service_sp",
            "data.azuread_client_config.current",
            "random_string.random_prefix"
          ]
        }
      ]
    },
    {
      "mode": "managed",
      "type": "azurerm_data_factory",
      "name": "data_factory",
      "provider": "provider[\"registry.terraform.io/hashicorp/azurerm\"]",
      "instances": [
        {
          "schema_version": 2,
          "attributes": {
            "customer_managed_key_id": "",
            "customer_managed_key_identity_id": "",
            "github_configuration": [],
            "global_parameter": [],
            "id": "/subscriptions/8b41bb3a-73a0-4041-90c2-d82d4d3cbc5f/resourceGroups/bigdataheveh9ndfb_rg/providers/Microsoft.DataFactory/factories/data-factory-bigdataheveh9ndfb",
            "identity": [
              {
                "identity_ids": null,
                "principal_id": "2766ca3b-03dc-4d2f-9b22-20ede9944cea",
                "tenant_id": "728ec391-9e63-400e-883f-f7fd4a75ac01",
                "type": "SystemAssigned"
              }
            ],
            "location": "westeurope",
            "managed_virtual_network_enabled": false,
            "name": "data-factory-bigdataheveh9ndfb",
            "public_network_enabled": true,
            "purview_id": "",
            "resource_group_name": "bigdataheveh9ndfb_rg",
            "tags": {
              "Environment": "Big Data Reference Lab"
            },
            "timeouts": null,
            "vsts_configuration": []
          },
          "sensitive_attributes": [],
          "private": "eyJlMmJmYjczMC1lY2FhLTExZTYtOGY4OC0zNDM2M2JjN2M0YzAiOnsiY3JlYXRlIjoxODAwMDAwMDAwMDAwLCJkZWxldGUiOjE4MDAwMDAwMDAwMDAsInJlYWQiOjMwMDAwMDAwMDAwMCwidXBkYXRlIjoxODAwMDAwMDAwMDAwfSwic2NoZW1hX3ZlcnNpb24iOiIyIn0=",
          "dependencies": [
            "azurerm_resource_group.resource_group",
            "random_string.random_prefix"
          ]
        }
      ]
    },
    {
      "mode": "managed",
      "type": "azurerm_data_factory_linked_service_azure_blob_storage",
      "name": "patient_blob_data_source_linked_service",
      "provider": "provider[\"registry.terraform.io/hashicorp/azurerm\"]",
      "instances": [
        {
          "schema_version": 0,
          "attributes": {
            "additional_properties": null,
            "annotations": null,
            "connection_string": null,
            "connection_string_insecure": null,
            "data_factory_id": "/subscriptions/8b41bb3a-73a0-4041-90c2-d82d4d3cbc5f/resourceGroups/bigdataheveh9ndfb_rg/providers/Microsoft.DataFactory/factories/data-factory-bigdataheveh9ndfb",
            "description": "",
            "id": "/subscriptions/8b41bb3a-73a0-4041-90c2-d82d4d3cbc5f/resourceGroups/bigdataheveh9ndfb_rg/providers/Microsoft.DataFactory/factories/data-factory-bigdataheveh9ndfb/linkedservices/blobSourceBlobStorageLinkedService",
            "integration_runtime_name": null,
            "key_vault_sas_token": [],
            "name": "blobSourceBlobStorageLinkedService",
            "parameters": null,
            "sas_uri": null,
            "service_endpoint": "https://sourcebigdataheveh9ndfb.blob.core.windows.net",
            "service_principal_id": null,
            "service_principal_key": null,
            "service_principal_linked_key_vault_key": [],
            "storage_kind": "",
            "tenant_id": null,
            "timeouts": null,
            "use_managed_identity": true
          },
          "sensitive_attributes": [],
          "private": "eyJlMmJmYjczMC1lY2FhLTExZTYtOGY4OC0zNDM2M2JjN2M0YzAiOnsiY3JlYXRlIjoxODAwMDAwMDAwMDAwLCJkZWxldGUiOjE4MDAwMDAwMDAwMDAsInJlYWQiOjMwMDAwMDAwMDAwMCwidXBkYXRlIjoxODAwMDAwMDAwMDAwfX0=",
          "dependencies": [
            "azurerm_data_factory.data_factory",
            "azurerm_resource_group.resource_group",
            "azurerm_storage_account.source_storage_account",
            "random_string.random_prefix"
          ]
        }
      ]
    },
    {
      "mode": "managed",
      "type": "azurerm_data_factory_linked_service_azure_databricks",
      "name": "databricks_cluster_linked_servie",
      "provider": "provider[\"registry.terraform.io/hashicorp/azurerm\"]",
      "instances": [
        {
          "schema_version": 0,
          "attributes": {
            "access_token": null,
            "adb_domain": "https://adb-874081770718147.7.azuredatabricks.net",
            "additional_properties": null,
            "annotations": null,
            "data_factory_id": "/subscriptions/8b41bb3a-73a0-4041-90c2-d82d4d3cbc5f/resourceGroups/bigdataheveh9ndfb_rg/providers/Microsoft.DataFactory/factories/data-factory-bigdataheveh9ndfb",
            "description": "",
            "existing_cluster_id": "0618-192903-pn9rbine",
            "id": "/subscriptions/8b41bb3a-73a0-4041-90c2-d82d4d3cbc5f/resourceGroups/bigdataheveh9ndfb_rg/providers/Microsoft.DataFactory/factories/data-factory-bigdataheveh9ndfb/linkedservices/databricksClusterLinkedService",
            "instance_pool": [],
            "integration_runtime_name": null,
            "key_vault_password": [],
            "msi_work_space_resource_id": "/subscriptions/8b41bb3a-73a0-4041-90c2-d82d4d3cbc5f/resourceGroups/bigdataheveh9ndfb_rg/providers/Microsoft.Databricks/workspaces/databricks-workspace-bigdataheveh9ndfb",
            "name": "databricksClusterLinkedService",
            "new_cluster_config": [],
            "parameters": null,
            "timeouts": null
          },
          "sensitive_attributes": [],
          "private": "eyJlMmJmYjczMC1lY2FhLTExZTYtOGY4OC0zNDM2M2JjN2M0YzAiOnsiY3JlYXRlIjoxODAwMDAwMDAwMDAwLCJkZWxldGUiOjE4MDAwMDAwMDAwMDAsInJlYWQiOjMwMDAwMDAwMDAwMCwidXBkYXRlIjoxODAwMDAwMDAwMDAwfX0=",
          "dependencies": [
            "azurerm_data_factory.data_factory",
            "azurerm_databricks_workspace.databricks_workspace",
            "azurerm_resource_group.resource_group",
            "data.databricks_spark_version.latest",
            "databricks_cluster.databricks_cluster",
            "random_string.random_prefix"
          ]
        }
      ]
    },
    {
      "mode": "managed",
      "type": "azurerm_data_factory_linked_service_data_lake_storage_gen2",
      "name": "datalake_linked_service",
      "provider": "provider[\"registry.terraform.io/hashicorp/azurerm\"]",
      "instances": [
        {
          "schema_version": 0,
          "attributes": {
            "additional_properties": null,
            "annotations": null,
            "data_factory_id": "/subscriptions/8b41bb3a-73a0-4041-90c2-d82d4d3cbc5f/resourceGroups/bigdataheveh9ndfb_rg/providers/Microsoft.DataFactory/factories/data-factory-bigdataheveh9ndfb",
            "description": "",
            "id": "/subscriptions/8b41bb3a-73a0-4041-90c2-d82d4d3cbc5f/resourceGroups/bigdataheveh9ndfb_rg/providers/Microsoft.DataFactory/factories/data-factory-bigdataheveh9ndfb/linkedservices/datalakeLinkedService",
            "integration_runtime_name": null,
            "name": "datalakeLinkedService",
            "parameters": null,
            "service_principal_id": null,
            "service_principal_key": null,
            "storage_account_key": null,
            "tenant": null,
            "timeouts": null,
            "url": "https://datalakebigdataheveh9ndf.dfs.core.windows.net/",
            "use_managed_identity": true
          },
          "sensitive_attributes": [],
          "private": "eyJlMmJmYjczMC1lY2FhLTExZTYtOGY4OC0zNDM2M2JjN2M0YzAiOnsiY3JlYXRlIjoxODAwMDAwMDAwMDAwLCJkZWxldGUiOjE4MDAwMDAwMDAwMDAsInJlYWQiOjMwMDAwMDAwMDAwMCwidXBkYXRlIjoxODAwMDAwMDAwMDAwfX0=",
          "dependencies": [
            "azurerm_data_factory.data_factory",
            "azurerm_resource_group.resource_group",
            "azurerm_storage_account.datalake_storage_account",
            "random_string.random_prefix"
          ]
        }
      ]
    },
    {
      "mode": "managed",
      "type": "azurerm_data_factory_linked_service_key_vault",
      "name": "key_vault_linked_service",
      "provider": "provider[\"registry.terraform.io/hashicorp/azurerm\"]",
      "instances": [
        {
          "schema_version": 0,
          "attributes": {
            "additional_properties": null,
            "annotations": null,
            "data_factory_id": "/subscriptions/8b41bb3a-73a0-4041-90c2-d82d4d3cbc5f/resourceGroups/bigdataheveh9ndfb_rg/providers/Microsoft.DataFactory/factories/data-factory-bigdataheveh9ndfb",
            "description": "",
            "id": "/subscriptions/8b41bb3a-73a0-4041-90c2-d82d4d3cbc5f/resourceGroups/bigdataheveh9ndfb_rg/providers/Microsoft.DataFactory/factories/data-factory-bigdataheveh9ndfb/linkedservices/keyVaultLinkedService",
            "integration_runtime_name": null,
            "key_vault_id": "/subscriptions/8b41bb3a-73a0-4041-90c2-d82d4d3cbc5f/resourceGroups/bigdataheveh9ndfb_rg/providers/Microsoft.KeyVault/vaults/bigdataheveh9ndfb-kv",
            "name": "keyVaultLinkedService",
            "parameters": null,
            "timeouts": null
          },
          "sensitive_attributes": [],
          "private": "eyJlMmJmYjczMC1lY2FhLTExZTYtOGY4OC0zNDM2M2JjN2M0YzAiOnsiY3JlYXRlIjoxODAwMDAwMDAwMDAwLCJkZWxldGUiOjE4MDAwMDAwMDAwMDAsInJlYWQiOjMwMDAwMDAwMDAwMCwidXBkYXRlIjoxODAwMDAwMDAwMDAwfX0=",
          "dependencies": [
            "azurerm_data_factory.data_factory",
            "azurerm_key_vault.key_vault",
            "azurerm_resource_group.resource_group",
            "data.azuread_client_config.current",
            "random_string.random_prefix"
          ]
        }
      ]
    },
    {
      "mode": "managed",
      "type": "azurerm_databricks_workspace",
      "name": "databricks_workspace",
      "provider": "provider[\"registry.terraform.io/hashicorp/azurerm\"]",
      "instances": [
        {
          "schema_version": 0,
          "attributes": {
            "custom_parameters": [
              {
                "machine_learning_workspace_id": "",
                "nat_gateway_name": "",
                "no_public_ip": false,
                "private_subnet_name": "",
                "private_subnet_network_security_group_association_id": "",
                "public_ip_name": "nat-gw-public-ip",
                "public_subnet_name": "",
                "public_subnet_network_security_group_association_id": "",
                "storage_account_name": "dbstoragex2dl6cg5af7ts",
                "storage_account_sku_name": "Standard_GRS",
                "virtual_network_id": "",
                "vnet_address_prefix": "10.139"
              }
            ],
            "customer_managed_key_enabled": false,
            "disk_encryption_set_id": null,
            "id": "/subscriptions/8b41bb3a-73a0-4041-90c2-d82d4d3cbc5f/resourceGroups/bigdataheveh9ndfb_rg/providers/Microsoft.Databricks/workspaces/databricks-workspace-bigdataheveh9ndfb",
            "infrastructure_encryption_enabled": false,
            "load_balancer_backend_address_pool_id": "",
            "location": "westeurope",
            "managed_disk_cmk_key_vault_key_id": null,
            "managed_disk_cmk_rotation_to_latest_version_enabled": null,
            "managed_disk_identity": [],
            "managed_resource_group_id": "/subscriptions/8b41bb3a-73a0-4041-90c2-d82d4d3cbc5f/resourceGroups/adb_bigdataheveh9ndfb_rg",
            "managed_resource_group_name": "adb_bigdataheveh9ndfb_rg",
            "managed_services_cmk_key_vault_key_id": null,
            "name": "databricks-workspace-bigdataheveh9ndfb",
            "network_security_group_rules_required": null,
            "public_network_access_enabled": true,
            "resource_group_name": "bigdataheveh9ndfb_rg",
            "sku": "standard",
            "storage_account_identity": [],
            "tags": {
              "Environment": "Big Data Reference Lab"
            },
            "timeouts": null,
            "workspace_id": "874081770718147",
            "workspace_url": "adb-874081770718147.7.azuredatabricks.net"
          },
          "sensitive_attributes": [],
          "private": "eyJlMmJmYjczMC1lY2FhLTExZTYtOGY4OC0zNDM2M2JjN2M0YzAiOnsiY3JlYXRlIjoxODAwMDAwMDAwMDAwLCJkZWxldGUiOjE4MDAwMDAwMDAwMDAsInJlYWQiOjMwMDAwMDAwMDAwMCwidXBkYXRlIjoxODAwMDAwMDAwMDAwfX0=",
          "dependencies": [
            "azurerm_resource_group.resource_group",
            "random_string.random_prefix"
          ]
        }
      ]
    },
    {
      "mode": "managed",
      "type": "azurerm_eventhub",
      "name": "observation_eventhub",
      "provider": "provider[\"registry.terraform.io/hashicorp/azurerm\"]",
      "instances": [
        {
          "schema_version": 0,
          "attributes": {
            "capture_description": [],
            "id": "/subscriptions/8b41bb3a-73a0-4041-90c2-d82d4d3cbc5f/resourceGroups/bigdataheveh9ndfb_rg/providers/Microsoft.EventHub/namespaces/big-data-eventhub-namespace/eventhubs/observation-generator-event-hub",
            "message_retention": 1,
            "name": "observation-generator-event-hub",
            "namespace_name": "big-data-eventhub-namespace",
            "partition_count": 1,
            "partition_ids": [
              "0"
            ],
            "resource_group_name": "bigdataheveh9ndfb_rg",
            "status": "Active",
            "timeouts": null
          },
          "sensitive_attributes": [],
          "private": "eyJlMmJmYjczMC1lY2FhLTExZTYtOGY4OC0zNDM2M2JjN2M0YzAiOnsiY3JlYXRlIjoxODAwMDAwMDAwMDAwLCJkZWxldGUiOjE4MDAwMDAwMDAwMDAsInJlYWQiOjMwMDAwMDAwMDAwMCwidXBkYXRlIjoxODAwMDAwMDAwMDAwfX0=",
          "dependencies": [
            "azurerm_eventhub_namespace.eventhub_namespace",
            "azurerm_resource_group.resource_group",
            "random_string.random_prefix"
          ]
        }
      ]
    },
    {
      "mode": "managed",
      "type": "azurerm_eventhub",
      "name": "target_observation_eventhub",
      "provider": "provider[\"registry.terraform.io/hashicorp/azurerm\"]",
      "instances": [
        {
          "schema_version": 0,
          "attributes": {
            "capture_description": [],
            "id": "/subscriptions/8b41bb3a-73a0-4041-90c2-d82d4d3cbc5f/resourceGroups/bigdataheveh9ndfb_rg/providers/Microsoft.EventHub/namespaces/big-data-eventhub-namespace/eventhubs/target-event-hub",
            "message_retention": 1,
            "name": "target-event-hub",
            "namespace_name": "big-data-eventhub-namespace",
            "partition_count": 1,
            "partition_ids": [
              "0"
            ],
            "resource_group_name": "bigdataheveh9ndfb_rg",
            "status": "Active",
            "timeouts": null
          },
          "sensitive_attributes": [],
          "private": "eyJlMmJmYjczMC1lY2FhLTExZTYtOGY4OC0zNDM2M2JjN2M0YzAiOnsiY3JlYXRlIjoxODAwMDAwMDAwMDAwLCJkZWxldGUiOjE4MDAwMDAwMDAwMDAsInJlYWQiOjMwMDAwMDAwMDAwMCwidXBkYXRlIjoxODAwMDAwMDAwMDAwfX0=",
          "dependencies": [
            "azurerm_eventhub_namespace.eventhub_namespace",
            "azurerm_resource_group.resource_group",
            "random_string.random_prefix"
          ]
        }
      ]
    },
    {
      "mode": "managed",
      "type": "azurerm_eventhub_authorization_rule",
      "name": "observation_eventhub_auth_rule",
      "provider": "provider[\"registry.terraform.io/hashicorp/azurerm\"]",
      "instances": [
        {
          "schema_version": 1,
          "attributes": {
            "eventhub_name": "observation-generator-event-hub",
            "id": "/subscriptions/8b41bb3a-73a0-4041-90c2-d82d4d3cbc5f/resourceGroups/bigdataheveh9ndfb_rg/providers/Microsoft.EventHub/namespaces/big-data-eventhub-namespace/eventhubs/observation-generator-event-hub/authorizationRules/accessPolicy",
            "listen": true,
            "manage": true,
            "name": "accessPolicy",
            "namespace_name": "big-data-eventhub-namespace",
            "primary_connection_string": "Endpoint=sb://big-data-eventhub-namespace.servicebus.windows.net/;SharedAccessKeyName=accessPolicy;SharedAccessKey=DqW0mjpsyybfojQ1RZBFsX+eh2b3kXFs++AEhA82+w8=;EntityPath=observation-generator-event-hub",
            "primary_connection_string_alias": "",
            "primary_key": "DqW0mjpsyybfojQ1RZBFsX+eh2b3kXFs++AEhA82+w8=",
            "resource_group_name": "bigdataheveh9ndfb_rg",
            "secondary_connection_string": "Endpoint=sb://big-data-eventhub-namespace.servicebus.windows.net/;SharedAccessKeyName=accessPolicy;SharedAccessKey=bPCaT4cFjU9X/7t/TYKW4QRofnTNr1DmD+AEhDV1bzU=;EntityPath=observation-generator-event-hub",
            "secondary_connection_string_alias": "",
            "secondary_key": "bPCaT4cFjU9X/7t/TYKW4QRofnTNr1DmD+AEhDV1bzU=",
            "send": true,
            "timeouts": null
          },
          "sensitive_attributes": [],
          "private": "eyJlMmJmYjczMC1lY2FhLTExZTYtOGY4OC0zNDM2M2JjN2M0YzAiOnsiY3JlYXRlIjoxODAwMDAwMDAwMDAwLCJkZWxldGUiOjE4MDAwMDAwMDAwMDAsInJlYWQiOjMwMDAwMDAwMDAwMCwidXBkYXRlIjoxODAwMDAwMDAwMDAwfSwic2NoZW1hX3ZlcnNpb24iOiIxIn0=",
          "dependencies": [
            "azurerm_eventhub.observation_eventhub",
            "azurerm_eventhub_namespace.eventhub_namespace",
            "azurerm_resource_group.resource_group",
            "random_string.random_prefix"
          ]
        }
      ]
    },
    {
      "mode": "managed",
      "type": "azurerm_eventhub_authorization_rule",
      "name": "target_observation_eventhub_auth_rule",
      "provider": "provider[\"registry.terraform.io/hashicorp/azurerm\"]",
      "instances": [
        {
          "schema_version": 1,
          "attributes": {
            "eventhub_name": "target-event-hub",
            "id": "/subscriptions/8b41bb3a-73a0-4041-90c2-d82d4d3cbc5f/resourceGroups/bigdataheveh9ndfb_rg/providers/Microsoft.EventHub/namespaces/big-data-eventhub-namespace/eventhubs/target-event-hub/authorizationRules/accessPolicy",
            "listen": true,
            "manage": true,
            "name": "accessPolicy",
            "namespace_name": "big-data-eventhub-namespace",
            "primary_connection_string": "Endpoint=sb://big-data-eventhub-namespace.servicebus.windows.net/;SharedAccessKeyName=accessPolicy;SharedAccessKey=OjmNghI4VBZsyabsukpbRQ+kTyPasyobR+AEhNeNN2g=;EntityPath=target-event-hub",
            "primary_connection_string_alias": "",
            "primary_key": "OjmNghI4VBZsyabsukpbRQ+kTyPasyobR+AEhNeNN2g=",
            "resource_group_name": "bigdataheveh9ndfb_rg",
            "secondary_connection_string": "Endpoint=sb://big-data-eventhub-namespace.servicebus.windows.net/;SharedAccessKeyName=accessPolicy;SharedAccessKey=mXzfO5vsmVScjW+gbv5dp7DzBltWTszG4+AEhPay8dA=;EntityPath=target-event-hub",
            "secondary_connection_string_alias": "",
            "secondary_key": "mXzfO5vsmVScjW+gbv5dp7DzBltWTszG4+AEhPay8dA=",
            "send": true,
            "timeouts": null
          },
          "sensitive_attributes": [],
          "private": "eyJlMmJmYjczMC1lY2FhLTExZTYtOGY4OC0zNDM2M2JjN2M0YzAiOnsiY3JlYXRlIjoxODAwMDAwMDAwMDAwLCJkZWxldGUiOjE4MDAwMDAwMDAwMDAsInJlYWQiOjMwMDAwMDAwMDAwMCwidXBkYXRlIjoxODAwMDAwMDAwMDAwfSwic2NoZW1hX3ZlcnNpb24iOiIxIn0=",
          "dependencies": [
            "azurerm_eventhub.target_observation_eventhub",
            "azurerm_eventhub_namespace.eventhub_namespace",
            "azurerm_resource_group.resource_group",
            "random_string.random_prefix"
          ]
        }
      ]
    },
    {
      "mode": "managed",
      "type": "azurerm_eventhub_namespace",
      "name": "eventhub_namespace",
      "provider": "provider[\"registry.terraform.io/hashicorp/azurerm\"]",
      "instances": [
        {
          "schema_version": 0,
          "attributes": {
            "auto_inflate_enabled": false,
            "capacity": 1,
            "dedicated_cluster_id": "",
            "default_primary_connection_string": "Endpoint=sb://big-data-eventhub-namespace.servicebus.windows.net/;SharedAccessKeyName=RootManageSharedAccessKey;SharedAccessKey=vYrDr2wrr+dyVqbiJ5dyEhUxmift/zDJq+AEhGj3yjE=",
            "default_primary_connection_string_alias": "",
            "default_primary_key": "vYrDr2wrr+dyVqbiJ5dyEhUxmift/zDJq+AEhGj3yjE=",
            "default_secondary_connection_string": "Endpoint=sb://big-data-eventhub-namespace.servicebus.windows.net/;SharedAccessKeyName=RootManageSharedAccessKey;SharedAccessKey=TEdwMU59wy17ZgYf23NleW7YPZ4kRVRWF+AEhFmGCm0=",
            "default_secondary_connection_string_alias": "",
            "default_secondary_key": "TEdwMU59wy17ZgYf23NleW7YPZ4kRVRWF+AEhFmGCm0=",
            "id": "/subscriptions/8b41bb3a-73a0-4041-90c2-d82d4d3cbc5f/resourceGroups/bigdataheveh9ndfb_rg/providers/Microsoft.EventHub/namespaces/big-data-eventhub-namespace",
            "identity": [
              {
                "identity_ids": null,
                "principal_id": "6ff2d473-4a94-498a-b5be-980dc8faad28",
                "tenant_id": "728ec391-9e63-400e-883f-f7fd4a75ac01",
                "type": "SystemAssigned"
              }
            ],
            "local_authentication_enabled": true,
            "location": "westeurope",
            "maximum_throughput_units": 0,
            "minimum_tls_version": "1.2",
            "name": "big-data-eventhub-namespace",
            "network_rulesets": [
              {
                "default_action": "Allow",
                "ip_rule": [],
                "public_network_access_enabled": true,
                "trusted_service_access_enabled": false,
                "virtual_network_rule": []
              }
            ],
            "public_network_access_enabled": true,
            "resource_group_name": "bigdataheveh9ndfb_rg",
            "sku": "Basic",
            "tags": {
              "Environment": "Big Data Reference Lab"
            },
            "timeouts": null,
            "zone_redundant": false
          },
          "sensitive_attributes": [],
          "private": "eyJlMmJmYjczMC1lY2FhLTExZTYtOGY4OC0zNDM2M2JjN2M0YzAiOnsiY3JlYXRlIjoxODAwMDAwMDAwMDAwLCJkZWxldGUiOjE4MDAwMDAwMDAwMDAsInJlYWQiOjMwMDAwMDAwMDAwMCwidXBkYXRlIjoxODAwMDAwMDAwMDAwfX0=",
          "dependencies": [
            "azurerm_resource_group.resource_group",
            "random_string.random_prefix"
          ]
        }
      ]
    },
    {
      "mode": "managed",
      "type": "azurerm_key_vault",
      "name": "key_vault",
      "provider": "provider[\"registry.terraform.io/hashicorp/azurerm\"]",
      "instances": [
        {
          "schema_version": 2,
          "attributes": {
            "access_policy": [],
            "contact": [],
            "enable_rbac_authorization": false,
            "enabled_for_deployment": false,
            "enabled_for_disk_encryption": false,
            "enabled_for_template_deployment": false,
            "id": "/subscriptions/8b41bb3a-73a0-4041-90c2-d82d4d3cbc5f/resourceGroups/bigdataheveh9ndfb_rg/providers/Microsoft.KeyVault/vaults/bigdataheveh9ndfb-kv",
            "location": "westeurope",
            "name": "bigdataheveh9ndfb-kv",
            "network_acls": [
              {
                "bypass": "AzureServices",
                "default_action": "Allow",
                "ip_rules": [],
                "virtual_network_subnet_ids": []
              }
            ],
            "public_network_access_enabled": true,
            "purge_protection_enabled": false,
            "resource_group_name": "bigdataheveh9ndfb_rg",
            "sku_name": "standard",
            "soft_delete_retention_days": 90,
            "tags": {
              "Environment": "Big Data Reference Lab"
            },
            "tenant_id": "728ec391-9e63-400e-883f-f7fd4a75ac01",
            "timeouts": null,
            "vault_uri": "https://bigdataheveh9ndfb-kv.vault.azure.net/"
          },
          "sensitive_attributes": [],
          "private": "eyJlMmJmYjczMC1lY2FhLTExZTYtOGY4OC0zNDM2M2JjN2M0YzAiOnsiY3JlYXRlIjoxODAwMDAwMDAwMDAwLCJkZWxldGUiOjE4MDAwMDAwMDAwMDAsInJlYWQiOjMwMDAwMDAwMDAwMCwidXBkYXRlIjoxODAwMDAwMDAwMDAwfSwic2NoZW1hX3ZlcnNpb24iOiIyIn0=",
          "dependencies": [
            "azurerm_resource_group.resource_group",
            "data.azuread_client_config.current",
            "random_string.random_prefix"
          ]
        }
      ]
    },
    {
      "mode": "managed",
      "type": "azurerm_key_vault_access_policy",
      "name": "adb_keyvault_policy",
      "provider": "provider[\"registry.terraform.io/hashicorp/azurerm\"]",
      "instances": [
        {
          "schema_version": 0,
          "attributes": {
            "application_id": null,
            "certificate_permissions": null,
            "id": "/subscriptions/8b41bb3a-73a0-4041-90c2-d82d4d3cbc5f/resourceGroups/bigdataheveh9ndfb_rg/providers/Microsoft.KeyVault/vaults/bigdataheveh9ndfb-kv/objectId/f4954188-4606-4c54-bef6-0503b4df2f39",
            "key_permissions": null,
            "key_vault_id": "/subscriptions/8b41bb3a-73a0-4041-90c2-d82d4d3cbc5f/resourceGroups/bigdataheveh9ndfb_rg/providers/Microsoft.KeyVault/vaults/bigdataheveh9ndfb-kv",
            "object_id": "f4954188-4606-4c54-bef6-0503b4df2f39",
            "secret_permissions": [
              "Get",
              "List",
              "Set",
              "Delete",
              "Recover",
              "Purge"
            ],
            "storage_permissions": null,
            "tenant_id": "728ec391-9e63-400e-883f-f7fd4a75ac01",
            "timeouts": null
          },
          "sensitive_attributes": [],
          "private": "eyJlMmJmYjczMC1lY2FhLTExZTYtOGY4OC0zNDM2M2JjN2M0YzAiOnsiY3JlYXRlIjoxODAwMDAwMDAwMDAwLCJkZWxldGUiOjE4MDAwMDAwMDAwMDAsInJlYWQiOjMwMDAwMDAwMDAwMCwidXBkYXRlIjoxODAwMDAwMDAwMDAwfX0=",
          "dependencies": [
            "azuread_application.databricks_service_application",
            "azuread_service_principal.aad_service_sp",
            "azurerm_key_vault.key_vault",
            "azurerm_resource_group.resource_group",
            "data.azuread_client_config.current",
            "random_string.random_prefix"
          ]
        }
      ]
    },
    {
      "mode": "managed",
      "type": "azurerm_key_vault_access_policy",
      "name": "deployer_keyvault_policy",
      "provider": "provider[\"registry.terraform.io/hashicorp/azurerm\"]",
      "instances": [
        {
          "schema_version": 0,
          "attributes": {
            "application_id": null,
            "certificate_permissions": null,
            "id": "/subscriptions/8b41bb3a-73a0-4041-90c2-d82d4d3cbc5f/resourceGroups/bigdataheveh9ndfb_rg/providers/Microsoft.KeyVault/vaults/bigdataheveh9ndfb-kv/objectId/881efb1c-9e27-4b58-823a-230f51d9a8f4",
            "key_permissions": null,
            "key_vault_id": "/subscriptions/8b41bb3a-73a0-4041-90c2-d82d4d3cbc5f/resourceGroups/bigdataheveh9ndfb_rg/providers/Microsoft.KeyVault/vaults/bigdataheveh9ndfb-kv",
            "object_id": "881efb1c-9e27-4b58-823a-230f51d9a8f4",
            "secret_permissions": [
              "Get",
              "List",
              "Set",
              "Delete",
              "Recover",
              "Purge"
            ],
            "storage_permissions": null,
            "tenant_id": "728ec391-9e63-400e-883f-f7fd4a75ac01",
            "timeouts": null
          },
          "sensitive_attributes": [],
          "private": "eyJlMmJmYjczMC1lY2FhLTExZTYtOGY4OC0zNDM2M2JjN2M0YzAiOnsiY3JlYXRlIjoxODAwMDAwMDAwMDAwLCJkZWxldGUiOjE4MDAwMDAwMDAwMDAsInJlYWQiOjMwMDAwMDAwMDAwMCwidXBkYXRlIjoxODAwMDAwMDAwMDAwfX0=",
          "dependencies": [
            "azurerm_key_vault.key_vault",
            "azurerm_resource_group.resource_group",
            "data.azuread_client_config.current",
            "random_string.random_prefix"
          ]
        }
      ]
    },
    {
      "mode": "managed",
      "type": "azurerm_key_vault_access_policy",
      "name": "df_keyvault_policy",
      "provider": "provider[\"registry.terraform.io/hashicorp/azurerm\"]",
      "instances": [
        {
          "schema_version": 0,
          "attributes": {
            "application_id": null,
            "certificate_permissions": null,
            "id": "/subscriptions/8b41bb3a-73a0-4041-90c2-d82d4d3cbc5f/resourceGroups/bigdataheveh9ndfb_rg/providers/Microsoft.KeyVault/vaults/bigdataheveh9ndfb-kv/objectId/2766ca3b-03dc-4d2f-9b22-20ede9944cea",
            "key_permissions": null,
            "key_vault_id": "/subscriptions/8b41bb3a-73a0-4041-90c2-d82d4d3cbc5f/resourceGroups/bigdataheveh9ndfb_rg/providers/Microsoft.KeyVault/vaults/bigdataheveh9ndfb-kv",
            "object_id": "2766ca3b-03dc-4d2f-9b22-20ede9944cea",
            "secret_permissions": [
              "Get",
              "List",
              "Set",
              "Delete",
              "Recover",
              "Purge"
            ],
            "storage_permissions": null,
            "tenant_id": "728ec391-9e63-400e-883f-f7fd4a75ac01",
            "timeouts": null
          },
          "sensitive_attributes": [],
          "private": "eyJlMmJmYjczMC1lY2FhLTExZTYtOGY4OC0zNDM2M2JjN2M0YzAiOnsiY3JlYXRlIjoxODAwMDAwMDAwMDAwLCJkZWxldGUiOjE4MDAwMDAwMDAwMDAsInJlYWQiOjMwMDAwMDAwMDAwMCwidXBkYXRlIjoxODAwMDAwMDAwMDAwfX0=",
          "dependencies": [
            "azurerm_data_factory.data_factory",
            "azurerm_key_vault.key_vault",
            "azurerm_resource_group.resource_group",
            "data.azuread_client_config.current",
            "random_string.random_prefix"
          ]
        }
      ]
    },
    {
      "mode": "managed",
      "type": "azurerm_key_vault_secret",
      "name": "adb_client_id",
      "provider": "provider[\"registry.terraform.io/hashicorp/azurerm\"]",
      "instances": [
        {
          "schema_version": 0,
          "attributes": {
            "content_type": "",
            "expiration_date": null,
            "id": "https://bigdataheveh9ndfb-kv.vault.azure.net/secrets/client-id/64e1470cacfb4132ba98c3f0613b6b9a",
            "key_vault_id": "/subscriptions/8b41bb3a-73a0-4041-90c2-d82d4d3cbc5f/resourceGroups/bigdataheveh9ndfb_rg/providers/Microsoft.KeyVault/vaults/bigdataheveh9ndfb-kv",
            "name": "client-id",
            "not_before_date": null,
            "resource_id": "/subscriptions/8b41bb3a-73a0-4041-90c2-d82d4d3cbc5f/resourceGroups/bigdataheveh9ndfb_rg/providers/Microsoft.KeyVault/vaults/bigdataheveh9ndfb-kv/secrets/client-id/versions/64e1470cacfb4132ba98c3f0613b6b9a",
            "resource_versionless_id": "/subscriptions/8b41bb3a-73a0-4041-90c2-d82d4d3cbc5f/resourceGroups/bigdataheveh9ndfb_rg/providers/Microsoft.KeyVault/vaults/bigdataheveh9ndfb-kv/secrets/client-id",
            "tags": null,
            "timeouts": null,
            "value": "166b8ff8-07ef-45a1-a74c-c531fd2b4111",
            "version": "64e1470cacfb4132ba98c3f0613b6b9a",
            "versionless_id": "https://bigdataheveh9ndfb-kv.vault.azure.net/secrets/client-id"
          },
          "sensitive_attributes": [],
          "private": "eyJlMmJmYjczMC1lY2FhLTExZTYtOGY4OC0zNDM2M2JjN2M0YzAiOnsiY3JlYXRlIjoxODAwMDAwMDAwMDAwLCJkZWxldGUiOjE4MDAwMDAwMDAwMDAsInJlYWQiOjE4MDAwMDAwMDAwMDAsInVwZGF0ZSI6MTgwMDAwMDAwMDAwMH19",
          "dependencies": [
            "azuread_application.databricks_service_application",
            "azuread_service_principal.aad_service_sp",
            "azurerm_key_vault.key_vault",
            "azurerm_key_vault_access_policy.deployer_keyvault_policy",
            "azurerm_resource_group.resource_group",
            "data.azuread_client_config.current",
            "random_string.random_prefix"
          ]
        }
      ]
    },
    {
      "mode": "managed",
      "type": "azurerm_key_vault_secret",
      "name": "adb_client_secret",
      "provider": "provider[\"registry.terraform.io/hashicorp/azurerm\"]",
      "instances": [
        {
          "schema_version": 0,
          "attributes": {
            "content_type": "",
            "expiration_date": null,
            "id": "https://bigdataheveh9ndfb-kv.vault.azure.net/secrets/client-secret/11400f23ccd3484c8273cdc27498fdea",
            "key_vault_id": "/subscriptions/8b41bb3a-73a0-4041-90c2-d82d4d3cbc5f/resourceGroups/bigdataheveh9ndfb_rg/providers/Microsoft.KeyVault/vaults/bigdataheveh9ndfb-kv",
            "name": "client-secret",
            "not_before_date": null,
            "resource_id": "/subscriptions/8b41bb3a-73a0-4041-90c2-d82d4d3cbc5f/resourceGroups/bigdataheveh9ndfb_rg/providers/Microsoft.KeyVault/vaults/bigdataheveh9ndfb-kv/secrets/client-secret/versions/11400f23ccd3484c8273cdc27498fdea",
            "resource_versionless_id": "/subscriptions/8b41bb3a-73a0-4041-90c2-d82d4d3cbc5f/resourceGroups/bigdataheveh9ndfb_rg/providers/Microsoft.KeyVault/vaults/bigdataheveh9ndfb-kv/secrets/client-secret",
            "tags": null,
            "timeouts": null,
            "value": "OYo8Q~jzlGrxKx-~myLY5q_mWw6Tsz1SzLAOLbgj",
            "version": "11400f23ccd3484c8273cdc27498fdea",
            "versionless_id": "https://bigdataheveh9ndfb-kv.vault.azure.net/secrets/client-secret"
          },
          "sensitive_attributes": [
            [
              {
                "type": "get_attr",
                "value": "value"
              }
            ]
          ],
          "private": "eyJlMmJmYjczMC1lY2FhLTExZTYtOGY4OC0zNDM2M2JjN2M0YzAiOnsiY3JlYXRlIjoxODAwMDAwMDAwMDAwLCJkZWxldGUiOjE4MDAwMDAwMDAwMDAsInJlYWQiOjE4MDAwMDAwMDAwMDAsInVwZGF0ZSI6MTgwMDAwMDAwMDAwMH19",
          "dependencies": [
            "azuread_application.databricks_service_application",
            "azuread_service_principal.aad_service_sp",
            "azuread_service_principal_password.service_sp_pswd",
            "azurerm_key_vault.key_vault",
            "azurerm_key_vault_access_policy.deployer_keyvault_policy",
            "azurerm_resource_group.resource_group",
            "data.azuread_client_config.current",
            "random_string.random_prefix"
          ]
        }
      ]
    },
    {
      "mode": "managed",
      "type": "azurerm_key_vault_secret",
      "name": "adb_tenant_id",
      "provider": "provider[\"registry.terraform.io/hashicorp/azurerm\"]",
      "instances": [
        {
          "schema_version": 0,
          "attributes": {
            "content_type": "",
            "expiration_date": null,
            "id": "https://bigdataheveh9ndfb-kv.vault.azure.net/secrets/client-tenant-id/19038aa940a64be58a5e43b154fbf559",
            "key_vault_id": "/subscriptions/8b41bb3a-73a0-4041-90c2-d82d4d3cbc5f/resourceGroups/bigdataheveh9ndfb_rg/providers/Microsoft.KeyVault/vaults/bigdataheveh9ndfb-kv",
            "name": "client-tenant-id",
            "not_before_date": null,
            "resource_id": "/subscriptions/8b41bb3a-73a0-4041-90c2-d82d4d3cbc5f/resourceGroups/bigdataheveh9ndfb_rg/providers/Microsoft.KeyVault/vaults/bigdataheveh9ndfb-kv/secrets/client-tenant-id/versions/19038aa940a64be58a5e43b154fbf559",
            "resource_versionless_id": "/subscriptions/8b41bb3a-73a0-4041-90c2-d82d4d3cbc5f/resourceGroups/bigdataheveh9ndfb_rg/providers/Microsoft.KeyVault/vaults/bigdataheveh9ndfb-kv/secrets/client-tenant-id",
            "tags": null,
            "timeouts": null,
            "value": "728ec391-9e63-400e-883f-f7fd4a75ac01",
            "version": "19038aa940a64be58a5e43b154fbf559",
            "versionless_id": "https://bigdataheveh9ndfb-kv.vault.azure.net/secrets/client-tenant-id"
          },
          "sensitive_attributes": [],
          "private": "eyJlMmJmYjczMC1lY2FhLTExZTYtOGY4OC0zNDM2M2JjN2M0YzAiOnsiY3JlYXRlIjoxODAwMDAwMDAwMDAwLCJkZWxldGUiOjE4MDAwMDAwMDAwMDAsInJlYWQiOjE4MDAwMDAwMDAwMDAsInVwZGF0ZSI6MTgwMDAwMDAwMDAwMH19",
          "dependencies": [
            "azurerm_key_vault.key_vault",
            "azurerm_key_vault_access_policy.deployer_keyvault_policy",
            "azurerm_resource_group.resource_group",
            "data.azuread_client_config.current",
            "random_string.random_prefix"
          ]
        }
      ]
    },
    {
      "mode": "managed",
      "type": "azurerm_key_vault_secret",
      "name": "blob_connection_account_name",
      "provider": "provider[\"registry.terraform.io/hashicorp/azurerm\"]",
      "instances": [
        {
          "schema_version": 0,
          "attributes": {
            "content_type": "",
            "expiration_date": null,
            "id": "https://bigdataheveh9ndfb-kv.vault.azure.net/secrets/blob-storage-account-name/f87d4e1c0eed4198be625c8ec928da5a",
            "key_vault_id": "/subscriptions/8b41bb3a-73a0-4041-90c2-d82d4d3cbc5f/resourceGroups/bigdataheveh9ndfb_rg/providers/Microsoft.KeyVault/vaults/bigdataheveh9ndfb-kv",
            "name": "blob-storage-account-name",
            "not_before_date": null,
            "resource_id": "/subscriptions/8b41bb3a-73a0-4041-90c2-d82d4d3cbc5f/resourceGroups/bigdataheveh9ndfb_rg/providers/Microsoft.KeyVault/vaults/bigdataheveh9ndfb-kv/secrets/blob-storage-account-name/versions/f87d4e1c0eed4198be625c8ec928da5a",
            "resource_versionless_id": "/subscriptions/8b41bb3a-73a0-4041-90c2-d82d4d3cbc5f/resourceGroups/bigdataheveh9ndfb_rg/providers/Microsoft.KeyVault/vaults/bigdataheveh9ndfb-kv/secrets/blob-storage-account-name",
            "tags": null,
            "timeouts": null,
            "value": "sourcebigdataheveh9ndfb",
            "version": "f87d4e1c0eed4198be625c8ec928da5a",
            "versionless_id": "https://bigdataheveh9ndfb-kv.vault.azure.net/secrets/blob-storage-account-name"
          },
          "sensitive_attributes": [],
          "private": "eyJlMmJmYjczMC1lY2FhLTExZTYtOGY4OC0zNDM2M2JjN2M0YzAiOnsiY3JlYXRlIjoxODAwMDAwMDAwMDAwLCJkZWxldGUiOjE4MDAwMDAwMDAwMDAsInJlYWQiOjE4MDAwMDAwMDAwMDAsInVwZGF0ZSI6MTgwMDAwMDAwMDAwMH19",
          "dependencies": [
            "azurerm_key_vault.key_vault",
            "azurerm_key_vault_access_policy.deployer_keyvault_policy",
            "azurerm_resource_group.resource_group",
            "azurerm_storage_account.source_storage_account",
            "data.azuread_client_config.current",
            "random_string.random_prefix"
          ]
        }
      ]
    },
    {
      "mode": "managed",
      "type": "azurerm_key_vault_secret",
      "name": "blob_connection_string_secret",
      "provider": "provider[\"registry.terraform.io/hashicorp/azurerm\"]",
      "instances": [
        {
          "schema_version": 0,
          "attributes": {
            "content_type": "",
            "expiration_date": null,
            "id": "https://bigdataheveh9ndfb-kv.vault.azure.net/secrets/blob-storage-access-key/0891b1937cd3418cb72732c251e8529e",
            "key_vault_id": "/subscriptions/8b41bb3a-73a0-4041-90c2-d82d4d3cbc5f/resourceGroups/bigdataheveh9ndfb_rg/providers/Microsoft.KeyVault/vaults/bigdataheveh9ndfb-kv",
            "name": "blob-storage-access-key",
            "not_before_date": null,
            "resource_id": "/subscriptions/8b41bb3a-73a0-4041-90c2-d82d4d3cbc5f/resourceGroups/bigdataheveh9ndfb_rg/providers/Microsoft.KeyVault/vaults/bigdataheveh9ndfb-kv/secrets/blob-storage-access-key/versions/0891b1937cd3418cb72732c251e8529e",
            "resource_versionless_id": "/subscriptions/8b41bb3a-73a0-4041-90c2-d82d4d3cbc5f/resourceGroups/bigdataheveh9ndfb_rg/providers/Microsoft.KeyVault/vaults/bigdataheveh9ndfb-kv/secrets/blob-storage-access-key",
            "tags": null,
            "timeouts": null,
            "value": "DefaultEndpointsProtocol=https;AccountName=sourcebigdataheveh9ndfb;AccountKey=IUbL5GprGwCDtYWXiOWBFil6dXTQj99dwdWRZvYkb/uhgUKxJabeLprJOcpm+AUHNIDJAJM/pgQB+AStN/Gdow==;EndpointSuffix=core.windows.net",
            "version": "0891b1937cd3418cb72732c251e8529e",
            "versionless_id": "https://bigdataheveh9ndfb-kv.vault.azure.net/secrets/blob-storage-access-key"
          },
          "sensitive_attributes": [
            [
              {
                "type": "get_attr",
                "value": "value"
              }
            ]
          ],
          "private": "eyJlMmJmYjczMC1lY2FhLTExZTYtOGY4OC0zNDM2M2JjN2M0YzAiOnsiY3JlYXRlIjoxODAwMDAwMDAwMDAwLCJkZWxldGUiOjE4MDAwMDAwMDAwMDAsInJlYWQiOjE4MDAwMDAwMDAwMDAsInVwZGF0ZSI6MTgwMDAwMDAwMDAwMH19",
          "dependencies": [
            "azurerm_key_vault.key_vault",
            "azurerm_key_vault_access_policy.deployer_keyvault_policy",
            "azurerm_resource_group.resource_group",
            "azurerm_storage_account.source_storage_account",
            "data.azuread_client_config.current",
            "random_string.random_prefix"
          ]
        }
      ]
    },
    {
      "mode": "managed",
      "type": "azurerm_key_vault_secret",
      "name": "datalake-access-key-secret",
      "provider": "provider[\"registry.terraform.io/hashicorp/azurerm\"]",
      "instances": [
        {
          "schema_version": 0,
          "attributes": {
            "content_type": "",
            "expiration_date": null,
            "id": "https://bigdataheveh9ndfb-kv.vault.azure.net/secrets/datalake-access-key/0942524b7f5f423a87696d577210f4d0",
            "key_vault_id": "/subscriptions/8b41bb3a-73a0-4041-90c2-d82d4d3cbc5f/resourceGroups/bigdataheveh9ndfb_rg/providers/Microsoft.KeyVault/vaults/bigdataheveh9ndfb-kv",
            "name": "datalake-access-key",
            "not_before_date": null,
            "resource_id": "/subscriptions/8b41bb3a-73a0-4041-90c2-d82d4d3cbc5f/resourceGroups/bigdataheveh9ndfb_rg/providers/Microsoft.KeyVault/vaults/bigdataheveh9ndfb-kv/secrets/datalake-access-key/versions/0942524b7f5f423a87696d577210f4d0",
            "resource_versionless_id": "/subscriptions/8b41bb3a-73a0-4041-90c2-d82d4d3cbc5f/resourceGroups/bigdataheveh9ndfb_rg/providers/Microsoft.KeyVault/vaults/bigdataheveh9ndfb-kv/secrets/datalake-access-key",
            "tags": null,
            "timeouts": null,
            "value": "HwBf4BUncGvb1kHATMr6PrDNqNOSMjhAoSfXGPhw+hZP5wVewrx6TlTZmeYp7r7vceYmjeIeP83B+ASticcdHw==",
            "version": "0942524b7f5f423a87696d577210f4d0",
            "versionless_id": "https://bigdataheveh9ndfb-kv.vault.azure.net/secrets/datalake-access-key"
          },
          "sensitive_attributes": [
            [
              {
                "type": "get_attr",
                "value": "value"
              }
            ]
          ],
          "private": "eyJlMmJmYjczMC1lY2FhLTExZTYtOGY4OC0zNDM2M2JjN2M0YzAiOnsiY3JlYXRlIjoxODAwMDAwMDAwMDAwLCJkZWxldGUiOjE4MDAwMDAwMDAwMDAsInJlYWQiOjE4MDAwMDAwMDAwMDAsInVwZGF0ZSI6MTgwMDAwMDAwMDAwMH19",
          "dependencies": [
            "azurerm_key_vault.key_vault",
            "azurerm_key_vault_access_policy.deployer_keyvault_policy",
            "azurerm_resource_group.resource_group",
            "azurerm_storage_account.datalake_storage_account",
            "data.azuread_client_config.current",
            "random_string.random_prefix"
          ]
        }
      ]
    },
    {
      "mode": "managed",
      "type": "azurerm_key_vault_secret",
      "name": "source_event_hub_connection_string_secret",
      "provider": "provider[\"registry.terraform.io/hashicorp/azurerm\"]",
      "instances": [
        {
          "schema_version": 0,
          "attributes": {
            "content_type": "",
            "expiration_date": null,
            "id": "https://bigdataheveh9ndfb-kv.vault.azure.net/secrets/source-eventhub-connection-string/8a14b4c19b8b4f04a4c60af8066d7b7e",
            "key_vault_id": "/subscriptions/8b41bb3a-73a0-4041-90c2-d82d4d3cbc5f/resourceGroups/bigdataheveh9ndfb_rg/providers/Microsoft.KeyVault/vaults/bigdataheveh9ndfb-kv",
            "name": "source-eventhub-connection-string",
            "not_before_date": null,
            "resource_id": "/subscriptions/8b41bb3a-73a0-4041-90c2-d82d4d3cbc5f/resourceGroups/bigdataheveh9ndfb_rg/providers/Microsoft.KeyVault/vaults/bigdataheveh9ndfb-kv/secrets/source-eventhub-connection-string/versions/8a14b4c19b8b4f04a4c60af8066d7b7e",
            "resource_versionless_id": "/subscriptions/8b41bb3a-73a0-4041-90c2-d82d4d3cbc5f/resourceGroups/bigdataheveh9ndfb_rg/providers/Microsoft.KeyVault/vaults/bigdataheveh9ndfb-kv/secrets/source-eventhub-connection-string",
            "tags": null,
            "timeouts": null,
            "value": "Endpoint=sb://big-data-eventhub-namespace.servicebus.windows.net/;SharedAccessKeyName=accessPolicy;SharedAccessKey=DqW0mjpsyybfojQ1RZBFsX+eh2b3kXFs++AEhA82+w8=;EntityPath=observation-generator-event-hub",
            "version": "8a14b4c19b8b4f04a4c60af8066d7b7e",
            "versionless_id": "https://bigdataheveh9ndfb-kv.vault.azure.net/secrets/source-eventhub-connection-string"
          },
          "sensitive_attributes": [
            [
              {
                "type": "get_attr",
                "value": "value"
              }
            ]
          ],
          "private": "eyJlMmJmYjczMC1lY2FhLTExZTYtOGY4OC0zNDM2M2JjN2M0YzAiOnsiY3JlYXRlIjoxODAwMDAwMDAwMDAwLCJkZWxldGUiOjE4MDAwMDAwMDAwMDAsInJlYWQiOjE4MDAwMDAwMDAwMDAsInVwZGF0ZSI6MTgwMDAwMDAwMDAwMH19",
          "dependencies": [
            "azurerm_eventhub.observation_eventhub",
            "azurerm_eventhub_authorization_rule.observation_eventhub_auth_rule",
            "azurerm_eventhub_namespace.eventhub_namespace",
            "azurerm_key_vault.key_vault",
            "azurerm_key_vault_access_policy.deployer_keyvault_policy",
            "azurerm_resource_group.resource_group",
            "data.azuread_client_config.current",
            "random_string.random_prefix"
          ]
        }
      ]
    },
    {
      "mode": "managed",
      "type": "azurerm_key_vault_secret",
      "name": "target_event_hub_connection_string_secret",
      "provider": "provider[\"registry.terraform.io/hashicorp/azurerm\"]",
      "instances": [
        {
          "schema_version": 0,
          "attributes": {
            "content_type": "",
            "expiration_date": null,
            "id": "https://bigdataheveh9ndfb-kv.vault.azure.net/secrets/target-eventhub-connection-string/e739d7bc016247faa69e89386d9a9ba6",
            "key_vault_id": "/subscriptions/8b41bb3a-73a0-4041-90c2-d82d4d3cbc5f/resourceGroups/bigdataheveh9ndfb_rg/providers/Microsoft.KeyVault/vaults/bigdataheveh9ndfb-kv",
            "name": "target-eventhub-connection-string",
            "not_before_date": null,
            "resource_id": "/subscriptions/8b41bb3a-73a0-4041-90c2-d82d4d3cbc5f/resourceGroups/bigdataheveh9ndfb_rg/providers/Microsoft.KeyVault/vaults/bigdataheveh9ndfb-kv/secrets/target-eventhub-connection-string/versions/e739d7bc016247faa69e89386d9a9ba6",
            "resource_versionless_id": "/subscriptions/8b41bb3a-73a0-4041-90c2-d82d4d3cbc5f/resourceGroups/bigdataheveh9ndfb_rg/providers/Microsoft.KeyVault/vaults/bigdataheveh9ndfb-kv/secrets/target-eventhub-connection-string",
            "tags": null,
            "timeouts": null,
            "value": "Endpoint=sb://big-data-eventhub-namespace.servicebus.windows.net/;SharedAccessKeyName=accessPolicy;SharedAccessKey=OjmNghI4VBZsyabsukpbRQ+kTyPasyobR+AEhNeNN2g=;EntityPath=target-event-hub",
            "version": "e739d7bc016247faa69e89386d9a9ba6",
            "versionless_id": "https://bigdataheveh9ndfb-kv.vault.azure.net/secrets/target-eventhub-connection-string"
          },
          "sensitive_attributes": [
            [
              {
                "type": "get_attr",
                "value": "value"
              }
            ]
          ],
          "private": "eyJlMmJmYjczMC1lY2FhLTExZTYtOGY4OC0zNDM2M2JjN2M0YzAiOnsiY3JlYXRlIjoxODAwMDAwMDAwMDAwLCJkZWxldGUiOjE4MDAwMDAwMDAwMDAsInJlYWQiOjE4MDAwMDAwMDAwMDAsInVwZGF0ZSI6MTgwMDAwMDAwMDAwMH19",
          "dependencies": [
            "azurerm_eventhub.target_observation_eventhub",
            "azurerm_eventhub_authorization_rule.target_observation_eventhub_auth_rule",
            "azurerm_eventhub_namespace.eventhub_namespace",
            "azurerm_key_vault.key_vault",
            "azurerm_key_vault_access_policy.deployer_keyvault_policy",
            "azurerm_resource_group.resource_group",
            "data.azuread_client_config.current",
            "random_string.random_prefix"
          ]
        }
      ]
    },
    {
      "mode": "managed",
      "type": "azurerm_linux_function_app",
      "name": "observation_function",
      "provider": "provider[\"registry.terraform.io/hashicorp/azurerm\"]",
      "instances": [
        {
          "schema_version": 0,
          "attributes": {
            "app_settings": {
              "WEBSITE_RUN_FROM_PACKAGE": "https://sourcebigdataheveh9ndfb.blob.core.windows.net/custom-function-releases/functions-aba899.zip",
              "accessPolicy": "Endpoint=sb://big-data-eventhub-namespace.servicebus.windows.net/;SharedAccessKeyName=accessPolicy;SharedAccessKey=DqW0mjpsyybfojQ1RZBFsX+eh2b3kXFs++AEhA82+w8=;EntityPath=observation-generator-event-hub"
            },
            "auth_settings": [],
            "auth_settings_v2": [],
            "backup": [],
            "builtin_logging_enabled": true,
            "client_certificate_enabled": false,
            "client_certificate_exclusion_paths": "",
            "client_certificate_mode": "Optional",
            "connection_string": [
              {
                "name": "accessPolicy",
                "type": "EventHub",
                "value": "Endpoint=sb://big-data-eventhub-namespace.servicebus.windows.net/;SharedAccessKeyName=accessPolicy;SharedAccessKey=DqW0mjpsyybfojQ1RZBFsX+eh2b3kXFs++AEhA82+w8=;EntityPath=observation-generator-event-hub"
              }
            ],
            "content_share_force_disabled": false,
            "custom_domain_verification_id": "9FC6892A12FC2BF749F7CA00D33FCD5B3E2FFA6A253E0647B9D4D0133938F1AB",
            "daily_memory_time_quota": 0,
            "default_hostname": "observation-generator-function-app.azurewebsites.net",
            "enabled": true,
            "functions_extension_version": "~4",
            "hosting_environment_id": "",
            "https_only": false,
            "id": "/subscriptions/8b41bb3a-73a0-4041-90c2-d82d4d3cbc5f/resourceGroups/bigdataheveh9ndfb_rg/providers/Microsoft.Web/sites/observation-generator-function-app",
            "identity": [
              {
                "identity_ids": null,
                "principal_id": "d845cb43-aa0a-4f62-8e86-bf724e344e10",
                "tenant_id": "728ec391-9e63-400e-883f-f7fd4a75ac01",
                "type": "SystemAssigned"
              }
            ],
            "key_vault_reference_identity_id": "SystemAssigned",
            "kind": "functionapp,linux",
            "location": "westeurope",
            "name": "observation-generator-function-app",
            "outbound_ip_address_list": [
              "13.94.143.214",
              "13.94.150.186",
              "13.94.151.22",
              "13.69.121.116",
              "13.69.68.43"
            ],
            "outbound_ip_addresses": "13.94.143.214,13.94.150.186,13.94.151.22,13.69.121.116,13.69.68.43",
            "possible_outbound_ip_address_list": [
              "13.94.143.214",
              "13.94.150.186",
              "13.94.151.22",
              "13.69.121.116",
              "13.94.137.26",
              "40.68.188.89",
              "13.94.142.40",
              "13.94.144.225",
              "104.214.221.75",
              "20.126.166.50",
              "20.126.167.242",
              "20.31.80.228",
              "20.31.81.71",
              "20.126.166.39",
              "20.31.81.106",
              "20.31.81.158",
              "20.31.81.178",
              "20.31.81.227",
              "20.31.82.83",
              "20.31.83.194",
              "20.31.83.227",
              "13.69.68.43"
            ],
            "possible_outbound_ip_addresses": "13.94.143.214,13.94.150.186,13.94.151.22,13.69.121.116,13.94.137.26,40.68.188.89,13.94.142.40,13.94.144.225,104.214.221.75,20.126.166.50,20.126.167.242,20.31.80.228,20.31.81.71,20.126.166.39,20.31.81.106,20.31.81.158,20.31.81.178,20.31.81.227,20.31.82.83,20.31.83.194,20.31.83.227,13.69.68.43",
            "public_network_access_enabled": true,
            "resource_group_name": "bigdataheveh9ndfb_rg",
            "service_plan_id": "/subscriptions/8b41bb3a-73a0-4041-90c2-d82d4d3cbc5f/resourceGroups/bigdataheveh9ndfb_rg/providers/Microsoft.Web/serverfarms/app-service-plan",
            "site_config": [
              {
                "always_on": false,
                "api_definition_url": "",
                "api_management_api_id": "",
                "app_command_line": "",
                "app_scale_limit": 200,
                "app_service_logs": [],
                "application_insights_connection_string": "",
                "application_insights_key": "",
                "application_stack": [
                  {
                    "docker": [],
                    "dotnet_version": "",
                    "java_version": "17",
                    "node_version": "",
                    "powershell_core_version": "",
                    "python_version": "",
                    "use_custom_runtime": false,
                    "use_dotnet_isolated_runtime": false
                  }
                ],
                "container_registry_managed_identity_client_id": "",
                "container_registry_use_managed_identity": false,
                "cors": [],
                "default_documents": [
                  "Default.htm",
                  "Default.html",
                  "Default.asp",
                  "index.htm",
                  "index.html",
                  "iisstart.htm",
                  "default.aspx",
                  "index.php"
                ],
                "detailed_error_logging_enabled": false,
                "elastic_instance_minimum": 0,
                "ftps_state": "Disabled",
                "health_check_eviction_time_in_min": 0,
                "health_check_path": "",
                "http2_enabled": false,
                "ip_restriction": [],
                "linux_fx_version": "JAVA|17",
                "load_balancing_mode": "LeastRequests",
                "managed_pipeline_mode": "Integrated",
                "minimum_tls_version": "1.2",
                "pre_warmed_instance_count": 0,
                "remote_debugging_enabled": false,
                "remote_debugging_version": "",
                "runtime_scale_monitoring_enabled": false,
                "scm_ip_restriction": [],
                "scm_minimum_tls_version": "1.2",
                "scm_type": "None",
                "scm_use_main_ip_restriction": false,
                "use_32_bit_worker": false,
                "vnet_route_all_enabled": false,
                "websockets_enabled": false,
                "worker_count": 1
              }
            ],
            "site_credential": [
              {
                "name": "$observation-generator-function-app",
                "password": "Ploo1h90NvBZ2MhEDc7saLHwsyvGdog7d10jlbDks1pqLEsajsTZPbywngv6"
              }
            ],
            "sticky_settings": [],
            "storage_account": [],
            "storage_account_access_key": "IUbL5GprGwCDtYWXiOWBFil6dXTQj99dwdWRZvYkb/uhgUKxJabeLprJOcpm+AUHNIDJAJM/pgQB+AStN/Gdow==",
            "storage_account_name": "sourcebigdataheveh9ndfb",
            "storage_key_vault_secret_id": "",
            "storage_uses_managed_identity": false,
            "tags": {
              "Environment": "Big Data Reference Lab"
            },
            "timeouts": null,
            "virtual_network_subnet_id": "",
            "zip_deploy_file": ""
          },
          "sensitive_attributes": [
            [
              {
                "type": "get_attr",
                "value": "storage_account_access_key"
              }
            ],
            [
              {
                "type": "get_attr",
                "value": "app_settings"
              },
              {
                "type": "index",
                "value": {
                  "value": "accessPolicy",
                  "type": "string"
                }
              }
            ],
            [
              {
                "type": "get_attr",
                "value": "connection_string"
              }
            ]
          ],
          "private": "eyJlMmJmYjczMC1lY2FhLTExZTYtOGY4OC0zNDM2M2JjN2M0YzAiOnsiY3JlYXRlIjoxODAwMDAwMDAwMDAwLCJkZWxldGUiOjE4MDAwMDAwMDAwMDAsInJlYWQiOjMwMDAwMDAwMDAwMCwidXBkYXRlIjoxODAwMDAwMDAwMDAwfX0=",
          "dependencies": [
            "azurerm_eventhub.observation_eventhub",
            "azurerm_eventhub_authorization_rule.observation_eventhub_auth_rule",
            "azurerm_eventhub_namespace.eventhub_namespace",
            "azurerm_resource_group.resource_group",
            "azurerm_service_plan.service_plan",
            "azurerm_storage_account.source_storage_account",
            "azurerm_storage_blob.storage_blob_function",
            "azurerm_storage_container.storage_container_function",
            "data.archive_file.function",
            "random_string.random_prefix"
          ]
        }
      ]
    },
    {
      "mode": "managed",
      "type": "azurerm_resource_group",
      "name": "resource_group",
      "provider": "provider[\"registry.terraform.io/hashicorp/azurerm\"]",
      "instances": [
        {
          "schema_version": 0,
          "attributes": {
            "id": "/subscriptions/8b41bb3a-73a0-4041-90c2-d82d4d3cbc5f/resourceGroups/bigdataheveh9ndfb_rg",
            "location": "westeurope",
            "managed_by": "",
            "name": "bigdataheveh9ndfb_rg",
            "tags": null,
            "timeouts": null
          },
          "sensitive_attributes": [],
          "private": "eyJlMmJmYjczMC1lY2FhLTExZTYtOGY4OC0zNDM2M2JjN2M0YzAiOnsiY3JlYXRlIjo1NDAwMDAwMDAwMDAwLCJkZWxldGUiOjU0MDAwMDAwMDAwMDAsInJlYWQiOjMwMDAwMDAwMDAwMCwidXBkYXRlIjo1NDAwMDAwMDAwMDAwfX0=",
          "dependencies": [
            "random_string.random_prefix"
          ]
        }
      ]
    },
    {
      "mode": "managed",
      "type": "azurerm_role_assignment",
      "name": "databricks_dl_role_assignment",
      "provider": "provider[\"registry.terraform.io/hashicorp/azurerm\"]",
      "instances": [
        {
          "index_key": "Contributor",
          "schema_version": 0,
          "attributes": {
            "condition": "",
            "condition_version": "",
            "delegated_managed_identity_resource_id": "",
            "description": "",
            "id": "/subscriptions/8b41bb3a-73a0-4041-90c2-d82d4d3cbc5f/resourceGroups/bigdataheveh9ndfb_rg/providers/Microsoft.Storage/storageAccounts/datalakebigdataheveh9ndf/providers/Microsoft.Authorization/roleAssignments/57527b34-2b26-2555-c37f-e3b3139c579e",
            "name": "57527b34-2b26-2555-c37f-e3b3139c579e",
            "principal_id": "f4954188-4606-4c54-bef6-0503b4df2f39",
            "principal_type": "ServicePrincipal",
            "role_definition_id": "/subscriptions/8b41bb3a-73a0-4041-90c2-d82d4d3cbc5f/providers/Microsoft.Authorization/roleDefinitions/b24988ac-6180-42a0-ab88-20f7382dd24c",
            "role_definition_name": "Contributor",
            "scope": "/subscriptions/8b41bb3a-73a0-4041-90c2-d82d4d3cbc5f/resourceGroups/bigdataheveh9ndfb_rg/providers/Microsoft.Storage/storageAccounts/datalakebigdataheveh9ndf",
            "skip_service_principal_aad_check": null,
            "timeouts": null
          },
          "sensitive_attributes": [],
          "private": "eyJlMmJmYjczMC1lY2FhLTExZTYtOGY4OC0zNDM2M2JjN2M0YzAiOnsiY3JlYXRlIjoxODAwMDAwMDAwMDAwLCJkZWxldGUiOjE4MDAwMDAwMDAwMDAsInJlYWQiOjMwMDAwMDAwMDAwMCwidXBkYXRlIjoxODAwMDAwMDAwMDAwfX0=",
          "dependencies": [
            "azuread_application.databricks_service_application",
            "azuread_service_principal.aad_service_sp",
            "azurerm_resource_group.resource_group",
            "azurerm_storage_account.datalake_storage_account",
            "data.azuread_client_config.current",
            "random_string.random_prefix"
          ]
        },
        {
          "index_key": "Storage Blob Data Owner",
          "schema_version": 0,
          "attributes": {
            "condition": "",
            "condition_version": "",
            "delegated_managed_identity_resource_id": "",
            "description": "",
            "id": "/subscriptions/8b41bb3a-73a0-4041-90c2-d82d4d3cbc5f/resourceGroups/bigdataheveh9ndfb_rg/providers/Microsoft.Storage/storageAccounts/datalakebigdataheveh9ndf/providers/Microsoft.Authorization/roleAssignments/a51ba47e-6274-68e4-24ef-379eb229c80c",
            "name": "a51ba47e-6274-68e4-24ef-379eb229c80c",
            "principal_id": "f4954188-4606-4c54-bef6-0503b4df2f39",
            "principal_type": "ServicePrincipal",
            "role_definition_id": "/subscriptions/8b41bb3a-73a0-4041-90c2-d82d4d3cbc5f/providers/Microsoft.Authorization/roleDefinitions/b7e6dc6d-f1e8-4753-8033-0f276bb0955b",
            "role_definition_name": "Storage Blob Data Owner",
            "scope": "/subscriptions/8b41bb3a-73a0-4041-90c2-d82d4d3cbc5f/resourceGroups/bigdataheveh9ndfb_rg/providers/Microsoft.Storage/storageAccounts/datalakebigdataheveh9ndf",
            "skip_service_principal_aad_check": null,
            "timeouts": null
          },
          "sensitive_attributes": [],
          "private": "eyJlMmJmYjczMC1lY2FhLTExZTYtOGY4OC0zNDM2M2JjN2M0YzAiOnsiY3JlYXRlIjoxODAwMDAwMDAwMDAwLCJkZWxldGUiOjE4MDAwMDAwMDAwMDAsInJlYWQiOjMwMDAwMDAwMDAwMCwidXBkYXRlIjoxODAwMDAwMDAwMDAwfX0=",
          "dependencies": [
            "azuread_application.databricks_service_application",
            "azuread_service_principal.aad_service_sp",
            "azurerm_resource_group.resource_group",
            "azurerm_storage_account.datalake_storage_account",
            "data.azuread_client_config.current",
            "random_string.random_prefix"
          ]
        }
      ]
    },
    {
      "mode": "managed",
      "type": "azurerm_role_assignment",
      "name": "deployer_databricks_role_assignement",
      "provider": "provider[\"registry.terraform.io/hashicorp/azurerm\"]",
      "instances": [
        {
          "index_key": "Contributor",
          "schema_version": 0,
          "attributes": {
            "condition": "",
            "condition_version": "",
            "delegated_managed_identity_resource_id": "",
            "description": "",
            "id": "/subscriptions/8b41bb3a-73a0-4041-90c2-d82d4d3cbc5f/resourceGroups/bigdataheveh9ndfb_rg/providers/Microsoft.Databricks/workspaces/databricks-workspace-bigdataheveh9ndfb/providers/Microsoft.Authorization/roleAssignments/3bef2afd-7ffd-7c0c-35b3-9612e8775b1f",
            "name": "3bef2afd-7ffd-7c0c-35b3-9612e8775b1f",
            "principal_id": "881efb1c-9e27-4b58-823a-230f51d9a8f4",
            "principal_type": "User",
            "role_definition_id": "/subscriptions/8b41bb3a-73a0-4041-90c2-d82d4d3cbc5f/providers/Microsoft.Authorization/roleDefinitions/b24988ac-6180-42a0-ab88-20f7382dd24c",
            "role_definition_name": "Contributor",
            "scope": "/subscriptions/8b41bb3a-73a0-4041-90c2-d82d4d3cbc5f/resourceGroups/bigdataheveh9ndfb_rg/providers/Microsoft.Databricks/workspaces/databricks-workspace-bigdataheveh9ndfb",
            "skip_service_principal_aad_check": null,
            "timeouts": null
          },
          "sensitive_attributes": [],
          "private": "eyJlMmJmYjczMC1lY2FhLTExZTYtOGY4OC0zNDM2M2JjN2M0YzAiOnsiY3JlYXRlIjoxODAwMDAwMDAwMDAwLCJkZWxldGUiOjE4MDAwMDAwMDAwMDAsInJlYWQiOjMwMDAwMDAwMDAwMCwidXBkYXRlIjoxODAwMDAwMDAwMDAwfX0=",
          "dependencies": [
            "azurerm_databricks_workspace.databricks_workspace",
            "azurerm_resource_group.resource_group",
            "data.azuread_client_config.current",
            "random_string.random_prefix"
          ]
        },
        {
          "index_key": "Storage Blob Data Owner",
          "schema_version": 0,
          "attributes": {
            "condition": "",
            "condition_version": "",
            "delegated_managed_identity_resource_id": "",
            "description": "",
            "id": "/subscriptions/8b41bb3a-73a0-4041-90c2-d82d4d3cbc5f/resourceGroups/bigdataheveh9ndfb_rg/providers/Microsoft.Databricks/workspaces/databricks-workspace-bigdataheveh9ndfb/providers/Microsoft.Authorization/roleAssignments/ee2cdc9e-3d47-51e1-0c0e-10f097a95a7b",
            "name": "ee2cdc9e-3d47-51e1-0c0e-10f097a95a7b",
            "principal_id": "881efb1c-9e27-4b58-823a-230f51d9a8f4",
            "principal_type": "User",
            "role_definition_id": "/subscriptions/8b41bb3a-73a0-4041-90c2-d82d4d3cbc5f/providers/Microsoft.Authorization/roleDefinitions/b7e6dc6d-f1e8-4753-8033-0f276bb0955b",
            "role_definition_name": "Storage Blob Data Owner",
            "scope": "/subscriptions/8b41bb3a-73a0-4041-90c2-d82d4d3cbc5f/resourceGroups/bigdataheveh9ndfb_rg/providers/Microsoft.Databricks/workspaces/databricks-workspace-bigdataheveh9ndfb",
            "skip_service_principal_aad_check": null,
            "timeouts": null
          },
          "sensitive_attributes": [],
          "private": "eyJlMmJmYjczMC1lY2FhLTExZTYtOGY4OC0zNDM2M2JjN2M0YzAiOnsiY3JlYXRlIjoxODAwMDAwMDAwMDAwLCJkZWxldGUiOjE4MDAwMDAwMDAwMDAsInJlYWQiOjMwMDAwMDAwMDAwMCwidXBkYXRlIjoxODAwMDAwMDAwMDAwfX0=",
          "dependencies": [
            "azurerm_databricks_workspace.databricks_workspace",
            "azurerm_resource_group.resource_group",
            "data.azuread_client_config.current",
            "random_string.random_prefix"
          ]
        }
      ]
    },
    {
      "mode": "managed",
      "type": "azurerm_role_assignment",
      "name": "df_databricks_role_assignement",
      "provider": "provider[\"registry.terraform.io/hashicorp/azurerm\"]",
      "instances": [
        {
          "index_key": "Contributor",
          "schema_version": 0,
          "attributes": {
            "condition": "",
            "condition_version": "",
            "delegated_managed_identity_resource_id": "",
            "description": "",
            "id": "/subscriptions/8b41bb3a-73a0-4041-90c2-d82d4d3cbc5f/resourceGroups/bigdataheveh9ndfb_rg/providers/Microsoft.Databricks/workspaces/databricks-workspace-bigdataheveh9ndfb/providers/Microsoft.Authorization/roleAssignments/1ea55600-1a68-3066-c3b3-30f97423af48",
            "name": "1ea55600-1a68-3066-c3b3-30f97423af48",
            "principal_id": "2766ca3b-03dc-4d2f-9b22-20ede9944cea",
            "principal_type": "ServicePrincipal",
            "role_definition_id": "/subscriptions/8b41bb3a-73a0-4041-90c2-d82d4d3cbc5f/providers/Microsoft.Authorization/roleDefinitions/b24988ac-6180-42a0-ab88-20f7382dd24c",
            "role_definition_name": "Contributor",
            "scope": "/subscriptions/8b41bb3a-73a0-4041-90c2-d82d4d3cbc5f/resourceGroups/bigdataheveh9ndfb_rg/providers/Microsoft.Databricks/workspaces/databricks-workspace-bigdataheveh9ndfb",
            "skip_service_principal_aad_check": null,
            "timeouts": null
          },
          "sensitive_attributes": [],
          "private": "eyJlMmJmYjczMC1lY2FhLTExZTYtOGY4OC0zNDM2M2JjN2M0YzAiOnsiY3JlYXRlIjoxODAwMDAwMDAwMDAwLCJkZWxldGUiOjE4MDAwMDAwMDAwMDAsInJlYWQiOjMwMDAwMDAwMDAwMCwidXBkYXRlIjoxODAwMDAwMDAwMDAwfX0=",
          "dependencies": [
            "azurerm_data_factory.data_factory",
            "azurerm_databricks_workspace.databricks_workspace",
            "azurerm_resource_group.resource_group",
            "random_string.random_prefix"
          ]
        },
        {
          "index_key": "Storage Blob Data Owner",
          "schema_version": 0,
          "attributes": {
            "condition": "",
            "condition_version": "",
            "delegated_managed_identity_resource_id": "",
            "description": "",
            "id": "/subscriptions/8b41bb3a-73a0-4041-90c2-d82d4d3cbc5f/resourceGroups/bigdataheveh9ndfb_rg/providers/Microsoft.Databricks/workspaces/databricks-workspace-bigdataheveh9ndfb/providers/Microsoft.Authorization/roleAssignments/71e4ab46-a755-20e8-9c96-3330e948a648",
            "name": "71e4ab46-a755-20e8-9c96-3330e948a648",
            "principal_id": "2766ca3b-03dc-4d2f-9b22-20ede9944cea",
            "principal_type": "ServicePrincipal",
            "role_definition_id": "/subscriptions/8b41bb3a-73a0-4041-90c2-d82d4d3cbc5f/providers/Microsoft.Authorization/roleDefinitions/b7e6dc6d-f1e8-4753-8033-0f276bb0955b",
            "role_definition_name": "Storage Blob Data Owner",
            "scope": "/subscriptions/8b41bb3a-73a0-4041-90c2-d82d4d3cbc5f/resourceGroups/bigdataheveh9ndfb_rg/providers/Microsoft.Databricks/workspaces/databricks-workspace-bigdataheveh9ndfb",
            "skip_service_principal_aad_check": null,
            "timeouts": null
          },
          "sensitive_attributes": [],
          "private": "eyJlMmJmYjczMC1lY2FhLTExZTYtOGY4OC0zNDM2M2JjN2M0YzAiOnsiY3JlYXRlIjoxODAwMDAwMDAwMDAwLCJkZWxldGUiOjE4MDAwMDAwMDAwMDAsInJlYWQiOjMwMDAwMDAwMDAwMCwidXBkYXRlIjoxODAwMDAwMDAwMDAwfX0=",
          "dependencies": [
            "azurerm_data_factory.data_factory",
            "azurerm_databricks_workspace.databricks_workspace",
            "azurerm_resource_group.resource_group",
            "random_string.random_prefix"
          ]
        }
      ]
    },
    {
      "mode": "managed",
      "type": "azurerm_role_assignment",
      "name": "df_datalake_role_assignement",
      "provider": "provider[\"registry.terraform.io/hashicorp/azurerm\"]",
      "instances": [
        {
          "index_key": "Contributor",
          "schema_version": 0,
          "attributes": {
            "condition": "",
            "condition_version": "",
            "delegated_managed_identity_resource_id": "",
            "description": "",
            "id": "/subscriptions/8b41bb3a-73a0-4041-90c2-d82d4d3cbc5f/resourceGroups/bigdataheveh9ndfb_rg/providers/Microsoft.Storage/storageAccounts/datalakebigdataheveh9ndf/providers/Microsoft.Authorization/roleAssignments/3e77d81e-672f-5c67-e389-8dc318411922",
            "name": "3e77d81e-672f-5c67-e389-8dc318411922",
            "principal_id": "2766ca3b-03dc-4d2f-9b22-20ede9944cea",
            "principal_type": "ServicePrincipal",
            "role_definition_id": "/subscriptions/8b41bb3a-73a0-4041-90c2-d82d4d3cbc5f/providers/Microsoft.Authorization/roleDefinitions/b24988ac-6180-42a0-ab88-20f7382dd24c",
            "role_definition_name": "Contributor",
            "scope": "/subscriptions/8b41bb3a-73a0-4041-90c2-d82d4d3cbc5f/resourceGroups/bigdataheveh9ndfb_rg/providers/Microsoft.Storage/storageAccounts/datalakebigdataheveh9ndf",
            "skip_service_principal_aad_check": null,
            "timeouts": null
          },
          "sensitive_attributes": [],
          "private": "eyJlMmJmYjczMC1lY2FhLTExZTYtOGY4OC0zNDM2M2JjN2M0YzAiOnsiY3JlYXRlIjoxODAwMDAwMDAwMDAwLCJkZWxldGUiOjE4MDAwMDAwMDAwMDAsInJlYWQiOjMwMDAwMDAwMDAwMCwidXBkYXRlIjoxODAwMDAwMDAwMDAwfX0=",
          "dependencies": [
            "azurerm_data_factory.data_factory",
            "azurerm_resource_group.resource_group",
            "azurerm_storage_account.datalake_storage_account",
            "random_string.random_prefix"
          ]
        },
        {
          "index_key": "Storage Blob Data Owner",
          "schema_version": 0,
          "attributes": {
            "condition": "",
            "condition_version": "",
            "delegated_managed_identity_resource_id": "",
            "description": "",
            "id": "/subscriptions/8b41bb3a-73a0-4041-90c2-d82d4d3cbc5f/resourceGroups/bigdataheveh9ndfb_rg/providers/Microsoft.Storage/storageAccounts/datalakebigdataheveh9ndf/providers/Microsoft.Authorization/roleAssignments/ba801589-cafe-6879-f429-7cf51ee64cd2",
            "name": "ba801589-cafe-6879-f429-7cf51ee64cd2",
            "principal_id": "2766ca3b-03dc-4d2f-9b22-20ede9944cea",
            "principal_type": "ServicePrincipal",
            "role_definition_id": "/subscriptions/8b41bb3a-73a0-4041-90c2-d82d4d3cbc5f/providers/Microsoft.Authorization/roleDefinitions/b7e6dc6d-f1e8-4753-8033-0f276bb0955b",
            "role_definition_name": "Storage Blob Data Owner",
            "scope": "/subscriptions/8b41bb3a-73a0-4041-90c2-d82d4d3cbc5f/resourceGroups/bigdataheveh9ndfb_rg/providers/Microsoft.Storage/storageAccounts/datalakebigdataheveh9ndf",
            "skip_service_principal_aad_check": null,
            "timeouts": null
          },
          "sensitive_attributes": [],
          "private": "eyJlMmJmYjczMC1lY2FhLTExZTYtOGY4OC0zNDM2M2JjN2M0YzAiOnsiY3JlYXRlIjoxODAwMDAwMDAwMDAwLCJkZWxldGUiOjE4MDAwMDAwMDAwMDAsInJlYWQiOjMwMDAwMDAwMDAwMCwidXBkYXRlIjoxODAwMDAwMDAwMDAwfX0=",
          "dependencies": [
            "azurerm_data_factory.data_factory",
            "azurerm_resource_group.resource_group",
            "azurerm_storage_account.datalake_storage_account",
            "random_string.random_prefix"
          ]
        }
      ]
    },
    {
      "mode": "managed",
      "type": "azurerm_role_assignment",
      "name": "df_owner_role_assignement",
      "provider": "provider[\"registry.terraform.io/hashicorp/azurerm\"]",
      "instances": [
        {
          "schema_version": 0,
          "attributes": {
            "condition": "",
            "condition_version": "",
            "delegated_managed_identity_resource_id": "",
            "description": "",
            "id": "/subscriptions/8b41bb3a-73a0-4041-90c2-d82d4d3cbc5f/resourceGroups/bigdataheveh9ndfb_rg/providers/Microsoft.DataFactory/factories/data-factory-bigdataheveh9ndfb/providers/Microsoft.Authorization/roleAssignments/aaf947dd-2207-9733-7041-a453329d56e9",
            "name": "aaf947dd-2207-9733-7041-a453329d56e9",
            "principal_id": "881efb1c-9e27-4b58-823a-230f51d9a8f4",
            "principal_type": "User",
            "role_definition_id": "/subscriptions/8b41bb3a-73a0-4041-90c2-d82d4d3cbc5f/providers/Microsoft.Authorization/roleDefinitions/8e3af657-a8ff-443c-a75c-2fe8c4bcb635",
            "role_definition_name": "Owner",
            "scope": "/subscriptions/8b41bb3a-73a0-4041-90c2-d82d4d3cbc5f/resourceGroups/bigdataheveh9ndfb_rg/providers/Microsoft.DataFactory/factories/data-factory-bigdataheveh9ndfb",
            "skip_service_principal_aad_check": null,
            "timeouts": null
          },
          "sensitive_attributes": [],
          "private": "eyJlMmJmYjczMC1lY2FhLTExZTYtOGY4OC0zNDM2M2JjN2M0YzAiOnsiY3JlYXRlIjoxODAwMDAwMDAwMDAwLCJkZWxldGUiOjE4MDAwMDAwMDAwMDAsInJlYWQiOjMwMDAwMDAwMDAwMCwidXBkYXRlIjoxODAwMDAwMDAwMDAwfX0=",
          "dependencies": [
            "azurerm_data_factory.data_factory",
            "azurerm_resource_group.resource_group",
            "data.azuread_client_config.current",
            "random_string.random_prefix"
          ]
        }
      ]
    },
    {
      "mode": "managed",
      "type": "azurerm_role_assignment",
      "name": "df_source_role_assignement",
      "provider": "provider[\"registry.terraform.io/hashicorp/azurerm\"]",
      "instances": [
        {
          "index_key": "Contributor",
          "schema_version": 0,
          "attributes": {
            "condition": "",
            "condition_version": "",
            "delegated_managed_identity_resource_id": "",
            "description": "",
            "id": "/subscriptions/8b41bb3a-73a0-4041-90c2-d82d4d3cbc5f/resourceGroups/bigdataheveh9ndfb_rg/providers/Microsoft.Storage/storageAccounts/sourcebigdataheveh9ndfb/providers/Microsoft.Authorization/roleAssignments/2a96571a-f4df-4c58-a432-62781e81d247",
            "name": "2a96571a-f4df-4c58-a432-62781e81d247",
            "principal_id": "2766ca3b-03dc-4d2f-9b22-20ede9944cea",
            "principal_type": "ServicePrincipal",
            "role_definition_id": "/subscriptions/8b41bb3a-73a0-4041-90c2-d82d4d3cbc5f/providers/Microsoft.Authorization/roleDefinitions/b24988ac-6180-42a0-ab88-20f7382dd24c",
            "role_definition_name": "Contributor",
            "scope": "/subscriptions/8b41bb3a-73a0-4041-90c2-d82d4d3cbc5f/resourceGroups/bigdataheveh9ndfb_rg/providers/Microsoft.Storage/storageAccounts/sourcebigdataheveh9ndfb",
            "skip_service_principal_aad_check": null,
            "timeouts": null
          },
          "sensitive_attributes": [],
          "private": "eyJlMmJmYjczMC1lY2FhLTExZTYtOGY4OC0zNDM2M2JjN2M0YzAiOnsiY3JlYXRlIjoxODAwMDAwMDAwMDAwLCJkZWxldGUiOjE4MDAwMDAwMDAwMDAsInJlYWQiOjMwMDAwMDAwMDAwMCwidXBkYXRlIjoxODAwMDAwMDAwMDAwfX0=",
          "dependencies": [
            "azurerm_data_factory.data_factory",
            "azurerm_resource_group.resource_group",
            "azurerm_storage_account.source_storage_account",
            "random_string.random_prefix"
          ]
        },
        {
          "index_key": "Storage Blob Data Owner",
          "schema_version": 0,
          "attributes": {
            "condition": "",
            "condition_version": "",
            "delegated_managed_identity_resource_id": "",
            "description": "",
            "id": "/subscriptions/8b41bb3a-73a0-4041-90c2-d82d4d3cbc5f/resourceGroups/bigdataheveh9ndfb_rg/providers/Microsoft.Storage/storageAccounts/sourcebigdataheveh9ndfb/providers/Microsoft.Authorization/roleAssignments/6c29a996-a022-58c4-0045-fd5af743b3b3",
            "name": "6c29a996-a022-58c4-0045-fd5af743b3b3",
            "principal_id": "2766ca3b-03dc-4d2f-9b22-20ede9944cea",
            "principal_type": "ServicePrincipal",
            "role_definition_id": "/subscriptions/8b41bb3a-73a0-4041-90c2-d82d4d3cbc5f/providers/Microsoft.Authorization/roleDefinitions/b7e6dc6d-f1e8-4753-8033-0f276bb0955b",
            "role_definition_name": "Storage Blob Data Owner",
            "scope": "/subscriptions/8b41bb3a-73a0-4041-90c2-d82d4d3cbc5f/resourceGroups/bigdataheveh9ndfb_rg/providers/Microsoft.Storage/storageAccounts/sourcebigdataheveh9ndfb",
            "skip_service_principal_aad_check": null,
            "timeouts": null
          },
          "sensitive_attributes": [],
          "private": "eyJlMmJmYjczMC1lY2FhLTExZTYtOGY4OC0zNDM2M2JjN2M0YzAiOnsiY3JlYXRlIjoxODAwMDAwMDAwMDAwLCJkZWxldGUiOjE4MDAwMDAwMDAwMDAsInJlYWQiOjMwMDAwMDAwMDAwMCwidXBkYXRlIjoxODAwMDAwMDAwMDAwfX0=",
          "dependencies": [
            "azurerm_data_factory.data_factory",
            "azurerm_resource_group.resource_group",
            "azurerm_storage_account.source_storage_account",
            "random_string.random_prefix"
          ]
        }
      ]
    },
    {
      "mode": "managed",
      "type": "azurerm_role_assignment",
      "name": "observation_fn_role_assignement",
      "provider": "provider[\"registry.terraform.io/hashicorp/azurerm\"]",
      "instances": [
        {
          "schema_version": 0,
          "attributes": {
            "condition": "",
            "condition_version": "",
            "delegated_managed_identity_resource_id": "",
            "description": "",
            "id": "/subscriptions/8b41bb3a-73a0-4041-90c2-d82d4d3cbc5f/resourceGroups/bigdataheveh9ndfb_rg/providers/Microsoft.EventHub/namespaces/big-data-eventhub-namespace/eventhubs/observation-generator-event-hub/providers/Microsoft.Authorization/roleAssignments/10a45361-00d0-23c0-f1c7-4bc72c8e44a8",
            "name": "10a45361-00d0-23c0-f1c7-4bc72c8e44a8",
            "principal_id": "d845cb43-aa0a-4f62-8e86-bf724e344e10",
            "principal_type": "ServicePrincipal",
            "role_definition_id": "/subscriptions/8b41bb3a-73a0-4041-90c2-d82d4d3cbc5f/providers/Microsoft.Authorization/roleDefinitions/b24988ac-6180-42a0-ab88-20f7382dd24c",
            "role_definition_name": "Contributor",
            "scope": "/subscriptions/8b41bb3a-73a0-4041-90c2-d82d4d3cbc5f/resourceGroups/bigdataheveh9ndfb_rg/providers/Microsoft.EventHub/namespaces/big-data-eventhub-namespace/eventhubs/observation-generator-event-hub",
            "skip_service_principal_aad_check": null,
            "timeouts": null
          },
          "sensitive_attributes": [],
          "private": "eyJlMmJmYjczMC1lY2FhLTExZTYtOGY4OC0zNDM2M2JjN2M0YzAiOnsiY3JlYXRlIjoxODAwMDAwMDAwMDAwLCJkZWxldGUiOjE4MDAwMDAwMDAwMDAsInJlYWQiOjMwMDAwMDAwMDAwMCwidXBkYXRlIjoxODAwMDAwMDAwMDAwfX0=",
          "dependencies": [
            "azurerm_eventhub.observation_eventhub",
            "azurerm_eventhub_authorization_rule.observation_eventhub_auth_rule",
            "azurerm_eventhub_namespace.eventhub_namespace",
            "azurerm_linux_function_app.observation_function",
            "azurerm_resource_group.resource_group",
            "azurerm_service_plan.service_plan",
            "azurerm_storage_account.source_storage_account",
            "azurerm_storage_blob.storage_blob_function",
            "azurerm_storage_container.storage_container_function",
            "data.archive_file.function",
            "random_string.random_prefix"
          ]
        }
      ]
    },
    {
      "mode": "managed",
      "type": "azurerm_role_assignment",
      "name": "role_assignment_storage",
      "provider": "provider[\"registry.terraform.io/hashicorp/azurerm\"]",
      "instances": [
        {
          "schema_version": 0,
          "attributes": {
            "condition": "",
            "condition_version": "",
            "delegated_managed_identity_resource_id": "",
            "description": "",
            "id": "/subscriptions/8b41bb3a-73a0-4041-90c2-d82d4d3cbc5f/resourceGroups/bigdataheveh9ndfb_rg/providers/Microsoft.Storage/storageAccounts/sourcebigdataheveh9ndfb/providers/Microsoft.Authorization/roleAssignments/0d2f1edb-7d4a-06dc-7af2-9e5fbab9b27a",
            "name": "0d2f1edb-7d4a-06dc-7af2-9e5fbab9b27a",
            "principal_id": "d845cb43-aa0a-4f62-8e86-bf724e344e10",
            "principal_type": "ServicePrincipal",
            "role_definition_id": "/subscriptions/8b41bb3a-73a0-4041-90c2-d82d4d3cbc5f/providers/Microsoft.Authorization/roleDefinitions/ba92f5b4-2d11-453d-a403-e96b0029c9fe",
            "role_definition_name": "Storage Blob Data Contributor",
            "scope": "/subscriptions/8b41bb3a-73a0-4041-90c2-d82d4d3cbc5f/resourceGroups/bigdataheveh9ndfb_rg/providers/Microsoft.Storage/storageAccounts/sourcebigdataheveh9ndfb",
            "skip_service_principal_aad_check": null,
            "timeouts": null
          },
          "sensitive_attributes": [],
          "private": "eyJlMmJmYjczMC1lY2FhLTExZTYtOGY4OC0zNDM2M2JjN2M0YzAiOnsiY3JlYXRlIjoxODAwMDAwMDAwMDAwLCJkZWxldGUiOjE4MDAwMDAwMDAwMDAsInJlYWQiOjMwMDAwMDAwMDAwMCwidXBkYXRlIjoxODAwMDAwMDAwMDAwfX0=",
          "dependencies": [
            "azurerm_eventhub.observation_eventhub",
            "azurerm_eventhub_authorization_rule.observation_eventhub_auth_rule",
            "azurerm_eventhub_namespace.eventhub_namespace",
            "azurerm_linux_function_app.observation_function",
            "azurerm_resource_group.resource_group",
            "azurerm_service_plan.service_plan",
            "azurerm_storage_account.source_storage_account",
            "azurerm_storage_blob.storage_blob_function",
            "azurerm_storage_container.storage_container_function",
            "data.archive_file.function",
            "random_string.random_prefix"
          ]
        }
      ]
    },
    {
      "mode": "managed",
      "type": "azurerm_role_assignment",
      "name": "stream_analytics_event_hub_role_assignement",
      "provider": "provider[\"registry.terraform.io/hashicorp/azurerm\"]",
      "instances": [
        {
          "index_key": "Azure Event Hubs Data Owner",
          "schema_version": 0,
          "attributes": {
            "condition": "",
            "condition_version": "",
            "delegated_managed_identity_resource_id": "",
            "description": "",
            "id": "/subscriptions/8b41bb3a-73a0-4041-90c2-d82d4d3cbc5f/resourceGroups/bigdataheveh9ndfb_rg/providers/Microsoft.EventHub/namespaces/big-data-eventhub-namespace/eventhubs/target-event-hub/providers/Microsoft.Authorization/roleAssignments/47ed8e0c-5011-b47a-d483-89ced10b688c",
            "name": "47ed8e0c-5011-b47a-d483-89ced10b688c",
            "principal_id": "d6b582b4-cd65-4953-b238-523f67e2a516",
            "principal_type": "ServicePrincipal",
            "role_definition_id": "/subscriptions/8b41bb3a-73a0-4041-90c2-d82d4d3cbc5f/providers/Microsoft.Authorization/roleDefinitions/f526a384-b230-433a-b45c-95f59c4a2dec",
            "role_definition_name": "Azure Event Hubs Data Owner",
            "scope": "/subscriptions/8b41bb3a-73a0-4041-90c2-d82d4d3cbc5f/resourceGroups/bigdataheveh9ndfb_rg/providers/Microsoft.EventHub/namespaces/big-data-eventhub-namespace/eventhubs/target-event-hub",
            "skip_service_principal_aad_check": null,
            "timeouts": null
          },
          "sensitive_attributes": [],
          "private": "eyJlMmJmYjczMC1lY2FhLTExZTYtOGY4OC0zNDM2M2JjN2M0YzAiOnsiY3JlYXRlIjoxODAwMDAwMDAwMDAwLCJkZWxldGUiOjE4MDAwMDAwMDAwMDAsInJlYWQiOjMwMDAwMDAwMDAwMCwidXBkYXRlIjoxODAwMDAwMDAwMDAwfX0=",
          "dependencies": [
            "azurerm_eventhub.target_observation_eventhub",
            "azurerm_eventhub_namespace.eventhub_namespace",
            "azurerm_resource_group.resource_group",
            "azurerm_stream_analytics_job.stream_analytics_job",
            "random_string.random_prefix"
          ]
        },
        {
          "index_key": "Contributor",
          "schema_version": 0,
          "attributes": {
            "condition": "",
            "condition_version": "",
            "delegated_managed_identity_resource_id": "",
            "description": "",
            "id": "/subscriptions/8b41bb3a-73a0-4041-90c2-d82d4d3cbc5f/resourceGroups/bigdataheveh9ndfb_rg/providers/Microsoft.EventHub/namespaces/big-data-eventhub-namespace/eventhubs/target-event-hub/providers/Microsoft.Authorization/roleAssignments/d9cbae6b-56b5-d941-231c-3b24dac1bbdd",
            "name": "d9cbae6b-56b5-d941-231c-3b24dac1bbdd",
            "principal_id": "d6b582b4-cd65-4953-b238-523f67e2a516",
            "principal_type": "ServicePrincipal",
            "role_definition_id": "/subscriptions/8b41bb3a-73a0-4041-90c2-d82d4d3cbc5f/providers/Microsoft.Authorization/roleDefinitions/b24988ac-6180-42a0-ab88-20f7382dd24c",
            "role_definition_name": "Contributor",
            "scope": "/subscriptions/8b41bb3a-73a0-4041-90c2-d82d4d3cbc5f/resourceGroups/bigdataheveh9ndfb_rg/providers/Microsoft.EventHub/namespaces/big-data-eventhub-namespace/eventhubs/target-event-hub",
            "skip_service_principal_aad_check": null,
            "timeouts": null
          },
          "sensitive_attributes": [],
          "private": "eyJlMmJmYjczMC1lY2FhLTExZTYtOGY4OC0zNDM2M2JjN2M0YzAiOnsiY3JlYXRlIjoxODAwMDAwMDAwMDAwLCJkZWxldGUiOjE4MDAwMDAwMDAwMDAsInJlYWQiOjMwMDAwMDAwMDAwMCwidXBkYXRlIjoxODAwMDAwMDAwMDAwfX0=",
          "dependencies": [
            "azurerm_eventhub.target_observation_eventhub",
            "azurerm_eventhub_namespace.eventhub_namespace",
            "azurerm_resource_group.resource_group",
            "azurerm_stream_analytics_job.stream_analytics_job",
            "random_string.random_prefix"
          ]
        }
      ]
    },
    {
      "mode": "managed",
      "type": "azurerm_role_assignment",
      "name": "synapse_datalake_role_assignement",
      "provider": "provider[\"registry.terraform.io/hashicorp/azurerm\"]",
      "instances": [
        {
          "index_key": "Contributor",
          "schema_version": 0,
          "attributes": {
            "condition": "",
            "condition_version": "",
            "delegated_managed_identity_resource_id": "",
            "description": "",
            "id": "/subscriptions/8b41bb3a-73a0-4041-90c2-d82d4d3cbc5f/resourceGroups/bigdataheveh9ndfb_rg/providers/Microsoft.Storage/storageAccounts/datalakebigdataheveh9ndf/providers/Microsoft.Authorization/roleAssignments/8cdaa298-e76d-9c6b-584d-1589cd5f6476",
            "name": "8cdaa298-e76d-9c6b-584d-1589cd5f6476",
            "principal_id": "a59b021b-a174-477c-975c-afac90d323aa",
            "principal_type": "ServicePrincipal",
            "role_definition_id": "/subscriptions/8b41bb3a-73a0-4041-90c2-d82d4d3cbc5f/providers/Microsoft.Authorization/roleDefinitions/b24988ac-6180-42a0-ab88-20f7382dd24c",
            "role_definition_name": "Contributor",
            "scope": "/subscriptions/8b41bb3a-73a0-4041-90c2-d82d4d3cbc5f/resourceGroups/bigdataheveh9ndfb_rg/providers/Microsoft.Storage/storageAccounts/datalakebigdataheveh9ndf",
            "skip_service_principal_aad_check": null,
            "timeouts": null
          },
          "sensitive_attributes": [],
          "private": "eyJlMmJmYjczMC1lY2FhLTExZTYtOGY4OC0zNDM2M2JjN2M0YzAiOnsiY3JlYXRlIjoxODAwMDAwMDAwMDAwLCJkZWxldGUiOjE4MDAwMDAwMDAwMDAsInJlYWQiOjMwMDAwMDAwMDAwMCwidXBkYXRlIjoxODAwMDAwMDAwMDAwfX0=",
          "dependencies": [
            "azurerm_resource_group.resource_group",
            "azurerm_role_assignment.user_datalake_role_assignement",
            "azurerm_storage_account.datalake_storage_account",
            "azurerm_storage_data_lake_gen2_filesystem.adls",
            "azurerm_synapse_workspace.synapse_workspace",
            "data.azuread_client_config.current",
            "random_string.random_prefix",
            "time_sleep.role_assignment_sleep"
          ]
        },
        {
          "index_key": "Storage Blob Data Owner",
          "schema_version": 0,
          "attributes": {
            "condition": "",
            "condition_version": "",
            "delegated_managed_identity_resource_id": "",
            "description": "",
            "id": "/subscriptions/8b41bb3a-73a0-4041-90c2-d82d4d3cbc5f/resourceGroups/bigdataheveh9ndfb_rg/providers/Microsoft.Storage/storageAccounts/datalakebigdataheveh9ndf/providers/Microsoft.Authorization/roleAssignments/57e7672d-4189-857e-5f90-acd16bc31eaa",
            "name": "57e7672d-4189-857e-5f90-acd16bc31eaa",
            "principal_id": "a59b021b-a174-477c-975c-afac90d323aa",
            "principal_type": "ServicePrincipal",
            "role_definition_id": "/subscriptions/8b41bb3a-73a0-4041-90c2-d82d4d3cbc5f/providers/Microsoft.Authorization/roleDefinitions/b7e6dc6d-f1e8-4753-8033-0f276bb0955b",
            "role_definition_name": "Storage Blob Data Owner",
            "scope": "/subscriptions/8b41bb3a-73a0-4041-90c2-d82d4d3cbc5f/resourceGroups/bigdataheveh9ndfb_rg/providers/Microsoft.Storage/storageAccounts/datalakebigdataheveh9ndf",
            "skip_service_principal_aad_check": null,
            "timeouts": null
          },
          "sensitive_attributes": [],
          "private": "eyJlMmJmYjczMC1lY2FhLTExZTYtOGY4OC0zNDM2M2JjN2M0YzAiOnsiY3JlYXRlIjoxODAwMDAwMDAwMDAwLCJkZWxldGUiOjE4MDAwMDAwMDAwMDAsInJlYWQiOjMwMDAwMDAwMDAwMCwidXBkYXRlIjoxODAwMDAwMDAwMDAwfX0=",
          "dependencies": [
            "azurerm_resource_group.resource_group",
            "azurerm_role_assignment.user_datalake_role_assignement",
            "azurerm_storage_account.datalake_storage_account",
            "azurerm_storage_data_lake_gen2_filesystem.adls",
            "azurerm_synapse_workspace.synapse_workspace",
            "data.azuread_client_config.current",
            "random_string.random_prefix",
            "time_sleep.role_assignment_sleep"
          ]
        }
      ]
    },
    {
      "mode": "managed",
      "type": "azurerm_role_assignment",
      "name": "synapse_workspace_owner_role_assignement",
      "provider": "provider[\"registry.terraform.io/hashicorp/azurerm\"]",
      "instances": [
        {
          "schema_version": 0,
          "attributes": {
            "condition": "",
            "condition_version": "",
            "delegated_managed_identity_resource_id": "",
            "description": "",
            "id": "/subscriptions/8b41bb3a-73a0-4041-90c2-d82d4d3cbc5f/resourceGroups/bigdataheveh9ndfb_rg/providers/Microsoft.Synapse/workspaces/synapse-workspace-bigdataheveh9ndfb/providers/Microsoft.Authorization/roleAssignments/cd62e6da-cf49-6af3-d5d2-0959fe0cc936",
            "name": "cd62e6da-cf49-6af3-d5d2-0959fe0cc936",
            "principal_id": "881efb1c-9e27-4b58-823a-230f51d9a8f4",
            "principal_type": "User",
            "role_definition_id": "/subscriptions/8b41bb3a-73a0-4041-90c2-d82d4d3cbc5f/providers/Microsoft.Authorization/roleDefinitions/8e3af657-a8ff-443c-a75c-2fe8c4bcb635",
            "role_definition_name": "Owner",
            "scope": "/subscriptions/8b41bb3a-73a0-4041-90c2-d82d4d3cbc5f/resourceGroups/bigdataheveh9ndfb_rg/providers/Microsoft.Synapse/workspaces/synapse-workspace-bigdataheveh9ndfb",
            "skip_service_principal_aad_check": null,
            "timeouts": null
          },
          "sensitive_attributes": [],
          "private": "eyJlMmJmYjczMC1lY2FhLTExZTYtOGY4OC0zNDM2M2JjN2M0YzAiOnsiY3JlYXRlIjoxODAwMDAwMDAwMDAwLCJkZWxldGUiOjE4MDAwMDAwMDAwMDAsInJlYWQiOjMwMDAwMDAwMDAwMCwidXBkYXRlIjoxODAwMDAwMDAwMDAwfX0=",
          "dependencies": [
            "azurerm_resource_group.resource_group",
            "azurerm_role_assignment.user_datalake_role_assignement",
            "azurerm_storage_account.datalake_storage_account",
            "azurerm_storage_data_lake_gen2_filesystem.adls",
            "azurerm_synapse_workspace.synapse_workspace",
            "data.azuread_client_config.current",
            "random_string.random_prefix",
            "time_sleep.role_assignment_sleep"
          ]
        }
      ]
    },
    {
      "mode": "managed",
      "type": "azurerm_role_assignment",
      "name": "user_datalake_role_assignement",
      "provider": "provider[\"registry.terraform.io/hashicorp/azurerm\"]",
      "instances": [
        {
          "index_key": "Contributor",
          "schema_version": 0,
          "attributes": {
            "condition": "",
            "condition_version": "",
            "delegated_managed_identity_resource_id": "",
            "description": "",
            "id": "/subscriptions/8b41bb3a-73a0-4041-90c2-d82d4d3cbc5f/resourceGroups/bigdataheveh9ndfb_rg/providers/Microsoft.Storage/storageAccounts/datalakebigdataheveh9ndf/providers/Microsoft.Authorization/roleAssignments/9b61a368-8ea0-aadf-178c-bde8ceabf3ba",
            "name": "9b61a368-8ea0-aadf-178c-bde8ceabf3ba",
            "principal_id": "881efb1c-9e27-4b58-823a-230f51d9a8f4",
            "principal_type": "User",
            "role_definition_id": "/subscriptions/8b41bb3a-73a0-4041-90c2-d82d4d3cbc5f/providers/Microsoft.Authorization/roleDefinitions/b24988ac-6180-42a0-ab88-20f7382dd24c",
            "role_definition_name": "Contributor",
            "scope": "/subscriptions/8b41bb3a-73a0-4041-90c2-d82d4d3cbc5f/resourceGroups/bigdataheveh9ndfb_rg/providers/Microsoft.Storage/storageAccounts/datalakebigdataheveh9ndf",
            "skip_service_principal_aad_check": null,
            "timeouts": null
          },
          "sensitive_attributes": [],
          "private": "eyJlMmJmYjczMC1lY2FhLTExZTYtOGY4OC0zNDM2M2JjN2M0YzAiOnsiY3JlYXRlIjoxODAwMDAwMDAwMDAwLCJkZWxldGUiOjE4MDAwMDAwMDAwMDAsInJlYWQiOjMwMDAwMDAwMDAwMCwidXBkYXRlIjoxODAwMDAwMDAwMDAwfX0=",
          "dependencies": [
            "azurerm_resource_group.resource_group",
            "azurerm_storage_account.datalake_storage_account",
            "data.azuread_client_config.current",
            "random_string.random_prefix"
          ]
        },
        {
          "index_key": "Storage Blob Data Owner",
          "schema_version": 0,
          "attributes": {
            "condition": "",
            "condition_version": "",
            "delegated_managed_identity_resource_id": "",
            "description": "",
            "id": "/subscriptions/8b41bb3a-73a0-4041-90c2-d82d4d3cbc5f/resourceGroups/bigdataheveh9ndfb_rg/providers/Microsoft.Storage/storageAccounts/datalakebigdataheveh9ndf/providers/Microsoft.Authorization/roleAssignments/f6b651a8-86d6-379b-ac50-c819df0ce228",
            "name": "f6b651a8-86d6-379b-ac50-c819df0ce228",
            "principal_id": "881efb1c-9e27-4b58-823a-230f51d9a8f4",
            "principal_type": "User",
            "role_definition_id": "/subscriptions/8b41bb3a-73a0-4041-90c2-d82d4d3cbc5f/providers/Microsoft.Authorization/roleDefinitions/b7e6dc6d-f1e8-4753-8033-0f276bb0955b",
            "role_definition_name": "Storage Blob Data Owner",
            "scope": "/subscriptions/8b41bb3a-73a0-4041-90c2-d82d4d3cbc5f/resourceGroups/bigdataheveh9ndfb_rg/providers/Microsoft.Storage/storageAccounts/datalakebigdataheveh9ndf",
            "skip_service_principal_aad_check": null,
            "timeouts": null
          },
          "sensitive_attributes": [],
          "private": "eyJlMmJmYjczMC1lY2FhLTExZTYtOGY4OC0zNDM2M2JjN2M0YzAiOnsiY3JlYXRlIjoxODAwMDAwMDAwMDAwLCJkZWxldGUiOjE4MDAwMDAwMDAwMDAsInJlYWQiOjMwMDAwMDAwMDAwMCwidXBkYXRlIjoxODAwMDAwMDAwMDAwfX0=",
          "dependencies": [
            "azurerm_resource_group.resource_group",
            "azurerm_storage_account.datalake_storage_account",
            "data.azuread_client_config.current",
            "random_string.random_prefix"
          ]
        }
      ]
    },
    {
      "mode": "managed",
      "type": "azurerm_service_plan",
      "name": "service_plan",
      "provider": "provider[\"registry.terraform.io/hashicorp/azurerm\"]",
      "instances": [
        {
          "schema_version": 0,
          "attributes": {
            "app_service_environment_id": "",
            "id": "/subscriptions/8b41bb3a-73a0-4041-90c2-d82d4d3cbc5f/resourceGroups/bigdataheveh9ndfb_rg/providers/Microsoft.Web/serverfarms/app-service-plan",
            "kind": "functionapp",
            "location": "westeurope",
            "maximum_elastic_worker_count": 1,
            "name": "app-service-plan",
            "os_type": "Linux",
            "per_site_scaling_enabled": false,
            "reserved": true,
            "resource_group_name": "bigdataheveh9ndfb_rg",
            "sku_name": "Y1",
            "tags": {
              "Environment": "Big Data Reference Lab"
            },
            "timeouts": null,
            "worker_count": 0,
            "zone_balancing_enabled": false
          },
          "sensitive_attributes": [],
          "private": "eyJlMmJmYjczMC1lY2FhLTExZTYtOGY4OC0zNDM2M2JjN2M0YzAiOnsiY3JlYXRlIjozNjAwMDAwMDAwMDAwLCJkZWxldGUiOjM2MDAwMDAwMDAwMDAsInJlYWQiOjMwMDAwMDAwMDAwMCwidXBkYXRlIjozNjAwMDAwMDAwMDAwfX0=",
          "dependencies": [
            "azurerm_resource_group.resource_group",
            "random_string.random_prefix"
          ]
        }
      ]
    },
    {
      "mode": "managed",
      "type": "azurerm_storage_account",
      "name": "datalake_storage_account",
      "provider": "provider[\"registry.terraform.io/hashicorp/azurerm\"]",
      "instances": [
        {
          "schema_version": 4,
          "attributes": {
            "access_tier": "Hot",
            "account_kind": "StorageV2",
            "account_replication_type": "LRS",
            "account_tier": "Standard",
            "allow_nested_items_to_be_public": true,
            "allowed_copy_scope": "",
            "azure_files_authentication": [],
            "blob_properties": [
              {
                "change_feed_enabled": false,
                "change_feed_retention_in_days": 0,
                "container_delete_retention_policy": [],
                "cors_rule": [],
                "default_service_version": "",
                "delete_retention_policy": [],
                "last_access_time_enabled": false,
                "restore_policy": [],
                "versioning_enabled": false
              }
            ],
            "cross_tenant_replication_enabled": true,
            "custom_domain": [],
            "customer_managed_key": [],
            "default_to_oauth_authentication": false,
            "edge_zone": "",
            "enable_https_traffic_only": true,
            "id": "/subscriptions/8b41bb3a-73a0-4041-90c2-d82d4d3cbc5f/resourceGroups/bigdataheveh9ndfb_rg/providers/Microsoft.Storage/storageAccounts/datalakebigdataheveh9ndf",
            "identity": [],
            "immutability_policy": [],
            "infrastructure_encryption_enabled": false,
            "is_hns_enabled": true,
            "large_file_share_enabled": null,
            "location": "westeurope",
            "min_tls_version": "TLS1_2",
            "name": "datalakebigdataheveh9ndf",
            "network_rules": [
              {
                "bypass": [
                  "AzureServices"
                ],
                "default_action": "Allow",
                "ip_rules": [],
                "private_link_access": [],
                "virtual_network_subnet_ids": []
              }
            ],
            "nfsv3_enabled": false,
            "primary_access_key": "HwBf4BUncGvb1kHATMr6PrDNqNOSMjhAoSfXGPhw+hZP5wVewrx6TlTZmeYp7r7vceYmjeIeP83B+ASticcdHw==",
            "primary_blob_connection_string": "DefaultEndpointsProtocol=https;BlobEndpoint=https://datalakebigdataheveh9ndf.blob.core.windows.net/;AccountName=datalakebigdataheveh9ndf;AccountKey=HwBf4BUncGvb1kHATMr6PrDNqNOSMjhAoSfXGPhw+hZP5wVewrx6TlTZmeYp7r7vceYmjeIeP83B+ASticcdHw==",
            "primary_blob_endpoint": "https://datalakebigdataheveh9ndf.blob.core.windows.net/",
            "primary_blob_host": "datalakebigdataheveh9ndf.blob.core.windows.net",
            "primary_connection_string": "DefaultEndpointsProtocol=https;AccountName=datalakebigdataheveh9ndf;AccountKey=HwBf4BUncGvb1kHATMr6PrDNqNOSMjhAoSfXGPhw+hZP5wVewrx6TlTZmeYp7r7vceYmjeIeP83B+ASticcdHw==;EndpointSuffix=core.windows.net",
            "primary_dfs_endpoint": "https://datalakebigdataheveh9ndf.dfs.core.windows.net/",
            "primary_dfs_host": "datalakebigdataheveh9ndf.dfs.core.windows.net",
            "primary_file_endpoint": "https://datalakebigdataheveh9ndf.file.core.windows.net/",
            "primary_file_host": "datalakebigdataheveh9ndf.file.core.windows.net",
            "primary_location": "westeurope",
            "primary_queue_endpoint": "https://datalakebigdataheveh9ndf.queue.core.windows.net/",
            "primary_queue_host": "datalakebigdataheveh9ndf.queue.core.windows.net",
            "primary_table_endpoint": "https://datalakebigdataheveh9ndf.table.core.windows.net/",
            "primary_table_host": "datalakebigdataheveh9ndf.table.core.windows.net",
            "primary_web_endpoint": "https://datalakebigdataheveh9ndf.z6.web.core.windows.net/",
            "primary_web_host": "datalakebigdataheveh9ndf.z6.web.core.windows.net",
            "public_network_access_enabled": true,
            "queue_encryption_key_type": "Service",
            "queue_properties": [
              {
                "cors_rule": [],
                "hour_metrics": [
                  {
                    "enabled": true,
                    "include_apis": true,
                    "retention_policy_days": 7,
                    "version": "1.0"
                  }
                ],
                "logging": [
                  {
                    "delete": false,
                    "read": false,
                    "retention_policy_days": 0,
                    "version": "1.0",
                    "write": false
                  }
                ],
                "minute_metrics": [
                  {
                    "enabled": false,
                    "include_apis": false,
                    "retention_policy_days": 0,
                    "version": "1.0"
                  }
                ]
              }
            ],
            "resource_group_name": "bigdataheveh9ndfb_rg",
            "routing": [],
            "sas_policy": [],
            "secondary_access_key": "imie6EqtqBNa//PrB9XE/7f4jZzPL/sq6R5YVNqUYJI6XQ31Lz6HWChtYbxRStI4+HzSdF2AQgqb+AStLP9Zpg==",
            "secondary_blob_connection_string": "",
            "secondary_blob_endpoint": null,
            "secondary_blob_host": null,
            "secondary_connection_string": "DefaultEndpointsProtocol=https;AccountName=datalakebigdataheveh9ndf;AccountKey=imie6EqtqBNa//PrB9XE/7f4jZzPL/sq6R5YVNqUYJI6XQ31Lz6HWChtYbxRStI4+HzSdF2AQgqb+AStLP9Zpg==;EndpointSuffix=core.windows.net",
            "secondary_dfs_endpoint": null,
            "secondary_dfs_host": null,
            "secondary_file_endpoint": null,
            "secondary_file_host": null,
            "secondary_location": "",
            "secondary_queue_endpoint": null,
            "secondary_queue_host": null,
            "secondary_table_endpoint": null,
            "secondary_table_host": null,
            "secondary_web_endpoint": null,
            "secondary_web_host": null,
            "sftp_enabled": false,
            "share_properties": [
              {
                "cors_rule": [],
                "retention_policy": [
                  {
                    "days": 7
                  }
                ],
                "smb": []
              }
            ],
            "shared_access_key_enabled": true,
            "static_website": [],
            "table_encryption_key_type": "Service",
            "tags": {
              "Environment": "Big Data Reference Lab"
            },
            "timeouts": null
          },
          "sensitive_attributes": [],
          "private": "eyJlMmJmYjczMC1lY2FhLTExZTYtOGY4OC0zNDM2M2JjN2M0YzAiOnsiY3JlYXRlIjozNjAwMDAwMDAwMDAwLCJkZWxldGUiOjM2MDAwMDAwMDAwMDAsInJlYWQiOjMwMDAwMDAwMDAwMCwidXBkYXRlIjozNjAwMDAwMDAwMDAwfSwic2NoZW1hX3ZlcnNpb24iOiI0In0=",
          "dependencies": [
            "azurerm_resource_group.resource_group",
            "random_string.random_prefix"
          ]
        }
      ]
    },
    {
      "mode": "managed",
      "type": "azurerm_storage_account",
      "name": "source_storage_account",
      "provider": "provider[\"registry.terraform.io/hashicorp/azurerm\"]",
      "instances": [
        {
          "schema_version": 4,
          "attributes": {
            "access_tier": "Hot",
            "account_kind": "StorageV2",
            "account_replication_type": "LRS",
            "account_tier": "Standard",
            "allow_nested_items_to_be_public": true,
            "allowed_copy_scope": "",
            "azure_files_authentication": [],
            "blob_properties": [
              {
                "change_feed_enabled": false,
                "change_feed_retention_in_days": 0,
                "container_delete_retention_policy": [],
                "cors_rule": [],
                "default_service_version": "",
                "delete_retention_policy": [],
                "last_access_time_enabled": false,
                "restore_policy": [],
                "versioning_enabled": false
              }
            ],
            "cross_tenant_replication_enabled": true,
            "custom_domain": [],
            "customer_managed_key": [],
            "default_to_oauth_authentication": false,
            "edge_zone": "",
            "enable_https_traffic_only": true,
            "id": "/subscriptions/8b41bb3a-73a0-4041-90c2-d82d4d3cbc5f/resourceGroups/bigdataheveh9ndfb_rg/providers/Microsoft.Storage/storageAccounts/sourcebigdataheveh9ndfb",
            "identity": [],
            "immutability_policy": [],
            "infrastructure_encryption_enabled": false,
            "is_hns_enabled": true,
            "large_file_share_enabled": null,
            "location": "westeurope",
            "min_tls_version": "TLS1_2",
            "name": "sourcebigdataheveh9ndfb",
            "network_rules": [
              {
                "bypass": [
                  "AzureServices"
                ],
                "default_action": "Allow",
                "ip_rules": [],
                "private_link_access": [],
                "virtual_network_subnet_ids": []
              }
            ],
            "nfsv3_enabled": false,
            "primary_access_key": "IUbL5GprGwCDtYWXiOWBFil6dXTQj99dwdWRZvYkb/uhgUKxJabeLprJOcpm+AUHNIDJAJM/pgQB+AStN/Gdow==",
            "primary_blob_connection_string": "DefaultEndpointsProtocol=https;BlobEndpoint=https://sourcebigdataheveh9ndfb.blob.core.windows.net/;AccountName=sourcebigdataheveh9ndfb;AccountKey=IUbL5GprGwCDtYWXiOWBFil6dXTQj99dwdWRZvYkb/uhgUKxJabeLprJOcpm+AUHNIDJAJM/pgQB+AStN/Gdow==",
            "primary_blob_endpoint": "https://sourcebigdataheveh9ndfb.blob.core.windows.net/",
            "primary_blob_host": "sourcebigdataheveh9ndfb.blob.core.windows.net",
            "primary_connection_string": "DefaultEndpointsProtocol=https;AccountName=sourcebigdataheveh9ndfb;AccountKey=IUbL5GprGwCDtYWXiOWBFil6dXTQj99dwdWRZvYkb/uhgUKxJabeLprJOcpm+AUHNIDJAJM/pgQB+AStN/Gdow==;EndpointSuffix=core.windows.net",
            "primary_dfs_endpoint": "https://sourcebigdataheveh9ndfb.dfs.core.windows.net/",
            "primary_dfs_host": "sourcebigdataheveh9ndfb.dfs.core.windows.net",
            "primary_file_endpoint": "https://sourcebigdataheveh9ndfb.file.core.windows.net/",
            "primary_file_host": "sourcebigdataheveh9ndfb.file.core.windows.net",
            "primary_location": "westeurope",
            "primary_queue_endpoint": "https://sourcebigdataheveh9ndfb.queue.core.windows.net/",
            "primary_queue_host": "sourcebigdataheveh9ndfb.queue.core.windows.net",
            "primary_table_endpoint": "https://sourcebigdataheveh9ndfb.table.core.windows.net/",
            "primary_table_host": "sourcebigdataheveh9ndfb.table.core.windows.net",
            "primary_web_endpoint": "https://sourcebigdataheveh9ndfb.z6.web.core.windows.net/",
            "primary_web_host": "sourcebigdataheveh9ndfb.z6.web.core.windows.net",
            "public_network_access_enabled": true,
            "queue_encryption_key_type": "Service",
            "queue_properties": [
              {
                "cors_rule": [],
                "hour_metrics": [
                  {
                    "enabled": true,
                    "include_apis": true,
                    "retention_policy_days": 7,
                    "version": "1.0"
                  }
                ],
                "logging": [
                  {
                    "delete": false,
                    "read": false,
                    "retention_policy_days": 0,
                    "version": "1.0",
                    "write": false
                  }
                ],
                "minute_metrics": [
                  {
                    "enabled": false,
                    "include_apis": false,
                    "retention_policy_days": 0,
                    "version": "1.0"
                  }
                ]
              }
            ],
            "resource_group_name": "bigdataheveh9ndfb_rg",
            "routing": [],
            "sas_policy": [],
            "secondary_access_key": "QfypIGDdHWDb7SM2L3wljiDKC0MlbfqZ/epDGTjA8sbjF8vL5PW7O9MPKiNFPno+lCE98d83vhpv+AStuxE5lw==",
            "secondary_blob_connection_string": "",
            "secondary_blob_endpoint": null,
            "secondary_blob_host": null,
            "secondary_connection_string": "DefaultEndpointsProtocol=https;AccountName=sourcebigdataheveh9ndfb;AccountKey=QfypIGDdHWDb7SM2L3wljiDKC0MlbfqZ/epDGTjA8sbjF8vL5PW7O9MPKiNFPno+lCE98d83vhpv+AStuxE5lw==;EndpointSuffix=core.windows.net",
            "secondary_dfs_endpoint": null,
            "secondary_dfs_host": null,
            "secondary_file_endpoint": null,
            "secondary_file_host": null,
            "secondary_location": "",
            "secondary_queue_endpoint": null,
            "secondary_queue_host": null,
            "secondary_table_endpoint": null,
            "secondary_table_host": null,
            "secondary_web_endpoint": null,
            "secondary_web_host": null,
            "sftp_enabled": false,
            "share_properties": [
              {
                "cors_rule": [],
                "retention_policy": [
                  {
                    "days": 7
                  }
                ],
                "smb": []
              }
            ],
            "shared_access_key_enabled": true,
            "static_website": [],
            "table_encryption_key_type": "Service",
            "tags": {
              "Environment": "Big Data Reference Lab"
            },
            "timeouts": null
          },
          "sensitive_attributes": [],
          "private": "eyJlMmJmYjczMC1lY2FhLTExZTYtOGY4OC0zNDM2M2JjN2M0YzAiOnsiY3JlYXRlIjozNjAwMDAwMDAwMDAwLCJkZWxldGUiOjM2MDAwMDAwMDAwMDAsInJlYWQiOjMwMDAwMDAwMDAwMCwidXBkYXRlIjozNjAwMDAwMDAwMDAwfSwic2NoZW1hX3ZlcnNpb24iOiI0In0=",
          "dependencies": [
            "azurerm_resource_group.resource_group",
            "random_string.random_prefix"
          ]
        }
      ]
    },
    {
      "mode": "managed",
      "type": "azurerm_storage_blob",
      "name": "storage_blob_function",
      "provider": "provider[\"registry.terraform.io/hashicorp/azurerm\"]",
      "instances": [
        {
          "schema_version": 1,
          "attributes": {
            "access_tier": "Hot",
            "cache_control": "",
            "content_md5": "aba899c004ffdad8d56efdc427487765",
            "content_type": "application/octet-stream",
            "id": "https://sourcebigdataheveh9ndfb.blob.core.windows.net/custom-function-releases/functions-aba899.zip",
            "metadata": {},
            "name": "functions-aba899.zip",
            "parallelism": 8,
            "size": 0,
            "source": "../../function.zip",
            "source_content": null,
            "source_uri": null,
            "storage_account_name": "sourcebigdataheveh9ndfb",
            "storage_container_name": "custom-function-releases",
            "timeouts": null,
            "type": "Block",
            "url": "https://sourcebigdataheveh9ndfb.blob.core.windows.net/custom-function-releases/functions-aba899.zip"
          },
          "sensitive_attributes": [],
          "private": "eyJlMmJmYjczMC1lY2FhLTExZTYtOGY4OC0zNDM2M2JjN2M0YzAiOnsiY3JlYXRlIjoxODAwMDAwMDAwMDAwLCJkZWxldGUiOjE4MDAwMDAwMDAwMDAsInJlYWQiOjMwMDAwMDAwMDAwMCwidXBkYXRlIjoxODAwMDAwMDAwMDAwfSwic2NoZW1hX3ZlcnNpb24iOiIxIn0=",
          "dependencies": [
            "azurerm_resource_group.resource_group",
            "azurerm_storage_account.source_storage_account",
            "azurerm_storage_container.storage_container_function",
            "data.archive_file.function",
            "random_string.random_prefix"
          ]
        }
      ]
    },
    {
      "mode": "managed",
      "type": "azurerm_storage_container",
      "name": "source_container",
      "provider": "provider[\"registry.terraform.io/hashicorp/azurerm\"]",
      "instances": [
        {
          "schema_version": 1,
          "attributes": {
            "container_access_type": "private",
            "has_immutability_policy": false,
            "has_legal_hold": false,
            "id": "https://sourcebigdataheveh9ndfb.blob.core.windows.net/patient-data-source",
            "metadata": {},
            "name": "patient-data-source",
            "resource_manager_id": "/subscriptions/8b41bb3a-73a0-4041-90c2-d82d4d3cbc5f/resourceGroups/bigdataheveh9ndfb_rg/providers/Microsoft.Storage/storageAccounts/sourcebigdataheveh9ndfb/blobServices/default/containers/patient-data-source",
            "storage_account_name": "sourcebigdataheveh9ndfb",
            "timeouts": null
          },
          "sensitive_attributes": [],
          "private": "eyJlMmJmYjczMC1lY2FhLTExZTYtOGY4OC0zNDM2M2JjN2M0YzAiOnsiY3JlYXRlIjoxODAwMDAwMDAwMDAwLCJkZWxldGUiOjE4MDAwMDAwMDAwMDAsInJlYWQiOjMwMDAwMDAwMDAwMCwidXBkYXRlIjoxODAwMDAwMDAwMDAwfSwic2NoZW1hX3ZlcnNpb24iOiIxIn0=",
          "dependencies": [
            "azurerm_resource_group.resource_group",
            "azurerm_storage_account.source_storage_account",
            "random_string.random_prefix"
          ]
        }
      ]
    },
    {
      "mode": "managed",
      "type": "azurerm_storage_container",
      "name": "storage_container_function",
      "provider": "provider[\"registry.terraform.io/hashicorp/azurerm\"]",
      "instances": [
        {
          "schema_version": 1,
          "attributes": {
            "container_access_type": "private",
            "has_immutability_policy": false,
            "has_legal_hold": false,
            "id": "https://sourcebigdataheveh9ndfb.blob.core.windows.net/custom-function-releases",
            "metadata": {},
            "name": "custom-function-releases",
            "resource_manager_id": "/subscriptions/8b41bb3a-73a0-4041-90c2-d82d4d3cbc5f/resourceGroups/bigdataheveh9ndfb_rg/providers/Microsoft.Storage/storageAccounts/sourcebigdataheveh9ndfb/blobServices/default/containers/custom-function-releases",
            "storage_account_name": "sourcebigdataheveh9ndfb",
            "timeouts": null
          },
          "sensitive_attributes": [],
          "private": "eyJlMmJmYjczMC1lY2FhLTExZTYtOGY4OC0zNDM2M2JjN2M0YzAiOnsiY3JlYXRlIjoxODAwMDAwMDAwMDAwLCJkZWxldGUiOjE4MDAwMDAwMDAwMDAsInJlYWQiOjMwMDAwMDAwMDAwMCwidXBkYXRlIjoxODAwMDAwMDAwMDAwfSwic2NoZW1hX3ZlcnNpb24iOiIxIn0=",
          "dependencies": [
            "azurerm_resource_group.resource_group",
            "azurerm_storage_account.source_storage_account",
            "random_string.random_prefix"
          ]
        }
      ]
    },
    {
      "mode": "managed",
      "type": "azurerm_storage_data_lake_gen2_filesystem",
      "name": "adls",
      "provider": "provider[\"registry.terraform.io/hashicorp/azurerm\"]",
      "instances": [
        {
          "schema_version": 0,
          "attributes": {
            "ace": [
              {
                "id": "881efb1c-9e27-4b58-823a-230f51d9a8f4",
                "permissions": "rwx",
                "scope": "access",
                "type": "user"
              }
            ],
            "group": "881efb1c-9e27-4b58-823a-230f51d9a8f4",
            "id": "https://datalakebigdataheveh9ndf.dfs.core.windows.net/datalake",
            "name": "datalake",
            "owner": "881efb1c-9e27-4b58-823a-230f51d9a8f4",
            "properties": null,
            "storage_account_id": "/subscriptions/8b41bb3a-73a0-4041-90c2-d82d4d3cbc5f/resourceGroups/bigdataheveh9ndfb_rg/providers/Microsoft.Storage/storageAccounts/datalakebigdataheveh9ndf",
            "timeouts": null
          },
          "sensitive_attributes": [],
          "private": "eyJlMmJmYjczMC1lY2FhLTExZTYtOGY4OC0zNDM2M2JjN2M0YzAiOnsiY3JlYXRlIjoxODAwMDAwMDAwMDAwLCJkZWxldGUiOjE4MDAwMDAwMDAwMDAsInJlYWQiOjMwMDAwMDAwMDAwMCwidXBkYXRlIjoxODAwMDAwMDAwMDAwfX0=",
          "dependencies": [
            "azurerm_resource_group.resource_group",
            "azurerm_role_assignment.user_datalake_role_assignement",
            "azurerm_storage_account.datalake_storage_account",
            "data.azuread_client_config.current",
            "random_string.random_prefix",
            "time_sleep.role_assignment_sleep"
          ]
        }
      ]
    },
    {
      "mode": "managed",
      "type": "azurerm_storage_data_lake_gen2_path",
      "name": "datalake_path",
      "provider": "provider[\"registry.terraform.io/hashicorp/azurerm\"]",
      "instances": [
        {
          "index_key": "bronze",
          "schema_version": 0,
          "attributes": {
            "ace": [
              {
                "id": "166b8ff8-07ef-45a1-a74c-c531fd2b4111",
                "permissions": "rwx",
                "scope": "access",
                "type": "user"
              },
              {
                "id": "2766ca3b-03dc-4d2f-9b22-20ede9944cea",
                "permissions": "rwx",
                "scope": "access",
                "type": "user"
              },
              {
                "id": "881efb1c-9e27-4b58-823a-230f51d9a8f4",
                "permissions": "rwx",
                "scope": "access",
                "type": "user"
              },
              {
                "id": "a59b021b-a174-477c-975c-afac90d323aa",
                "permissions": "rwx",
                "scope": "access",
                "type": "user"
              }
            ],
            "filesystem_name": "datalake",
            "group": "881efb1c-9e27-4b58-823a-230f51d9a8f4",
            "id": "https://datalakebigdataheveh9ndf.dfs.core.windows.net/datalake/bronze",
            "owner": "881efb1c-9e27-4b58-823a-230f51d9a8f4",
            "path": "bronze",
            "resource": "directory",
            "storage_account_id": "/subscriptions/8b41bb3a-73a0-4041-90c2-d82d4d3cbc5f/resourceGroups/bigdataheveh9ndfb_rg/providers/Microsoft.Storage/storageAccounts/datalakebigdataheveh9ndf",
            "timeouts": null
          },
          "sensitive_attributes": [],
          "private": "eyJlMmJmYjczMC1lY2FhLTExZTYtOGY4OC0zNDM2M2JjN2M0YzAiOnsiY3JlYXRlIjoxODAwMDAwMDAwMDAwLCJkZWxldGUiOjE4MDAwMDAwMDAwMDAsInJlYWQiOjMwMDAwMDAwMDAwMCwidXBkYXRlIjoxODAwMDAwMDAwMDAwfX0=",
          "dependencies": [
            "azuread_application.databricks_service_application",
            "azuread_service_principal.aad_service_sp",
            "azurerm_data_factory.data_factory",
            "azurerm_resource_group.resource_group",
            "azurerm_role_assignment.user_datalake_role_assignement",
            "azurerm_storage_account.datalake_storage_account",
            "azurerm_storage_data_lake_gen2_filesystem.adls",
            "azurerm_synapse_workspace.synapse_workspace",
            "data.azuread_client_config.current",
            "random_string.random_prefix",
            "time_sleep.role_assignment_sleep"
          ]
        },
        {
          "index_key": "gold",
          "schema_version": 0,
          "attributes": {
            "ace": [
              {
                "id": "166b8ff8-07ef-45a1-a74c-c531fd2b4111",
                "permissions": "rwx",
                "scope": "access",
                "type": "user"
              },
              {
                "id": "2766ca3b-03dc-4d2f-9b22-20ede9944cea",
                "permissions": "rwx",
                "scope": "access",
                "type": "user"
              },
              {
                "id": "881efb1c-9e27-4b58-823a-230f51d9a8f4",
                "permissions": "rwx",
                "scope": "access",
                "type": "user"
              },
              {
                "id": "a59b021b-a174-477c-975c-afac90d323aa",
                "permissions": "rwx",
                "scope": "access",
                "type": "user"
              }
            ],
            "filesystem_name": "datalake",
            "group": "881efb1c-9e27-4b58-823a-230f51d9a8f4",
            "id": "https://datalakebigdataheveh9ndf.dfs.core.windows.net/datalake/gold",
            "owner": "881efb1c-9e27-4b58-823a-230f51d9a8f4",
            "path": "gold",
            "resource": "directory",
            "storage_account_id": "/subscriptions/8b41bb3a-73a0-4041-90c2-d82d4d3cbc5f/resourceGroups/bigdataheveh9ndfb_rg/providers/Microsoft.Storage/storageAccounts/datalakebigdataheveh9ndf",
            "timeouts": null
          },
          "sensitive_attributes": [],
          "private": "eyJlMmJmYjczMC1lY2FhLTExZTYtOGY4OC0zNDM2M2JjN2M0YzAiOnsiY3JlYXRlIjoxODAwMDAwMDAwMDAwLCJkZWxldGUiOjE4MDAwMDAwMDAwMDAsInJlYWQiOjMwMDAwMDAwMDAwMCwidXBkYXRlIjoxODAwMDAwMDAwMDAwfX0=",
          "dependencies": [
            "azuread_application.databricks_service_application",
            "azuread_service_principal.aad_service_sp",
            "azurerm_data_factory.data_factory",
            "azurerm_resource_group.resource_group",
            "azurerm_role_assignment.user_datalake_role_assignement",
            "azurerm_storage_account.datalake_storage_account",
            "azurerm_storage_data_lake_gen2_filesystem.adls",
            "azurerm_synapse_workspace.synapse_workspace",
            "data.azuread_client_config.current",
            "random_string.random_prefix",
            "time_sleep.role_assignment_sleep"
          ]
        },
        {
          "index_key": "silver",
          "schema_version": 0,
          "attributes": {
            "ace": [
              {
                "id": "166b8ff8-07ef-45a1-a74c-c531fd2b4111",
                "permissions": "rwx",
                "scope": "access",
                "type": "user"
              },
              {
                "id": "2766ca3b-03dc-4d2f-9b22-20ede9944cea",
                "permissions": "rwx",
                "scope": "access",
                "type": "user"
              },
              {
                "id": "881efb1c-9e27-4b58-823a-230f51d9a8f4",
                "permissions": "rwx",
                "scope": "access",
                "type": "user"
              },
              {
                "id": "a59b021b-a174-477c-975c-afac90d323aa",
                "permissions": "rwx",
                "scope": "access",
                "type": "user"
              }
            ],
            "filesystem_name": "datalake",
            "group": "881efb1c-9e27-4b58-823a-230f51d9a8f4",
            "id": "https://datalakebigdataheveh9ndf.dfs.core.windows.net/datalake/silver",
            "owner": "881efb1c-9e27-4b58-823a-230f51d9a8f4",
            "path": "silver",
            "resource": "directory",
            "storage_account_id": "/subscriptions/8b41bb3a-73a0-4041-90c2-d82d4d3cbc5f/resourceGroups/bigdataheveh9ndfb_rg/providers/Microsoft.Storage/storageAccounts/datalakebigdataheveh9ndf",
            "timeouts": null
          },
          "sensitive_attributes": [],
          "private": "eyJlMmJmYjczMC1lY2FhLTExZTYtOGY4OC0zNDM2M2JjN2M0YzAiOnsiY3JlYXRlIjoxODAwMDAwMDAwMDAwLCJkZWxldGUiOjE4MDAwMDAwMDAwMDAsInJlYWQiOjMwMDAwMDAwMDAwMCwidXBkYXRlIjoxODAwMDAwMDAwMDAwfX0=",
          "dependencies": [
            "azuread_application.databricks_service_application",
            "azuread_service_principal.aad_service_sp",
            "azurerm_data_factory.data_factory",
            "azurerm_resource_group.resource_group",
            "azurerm_role_assignment.user_datalake_role_assignement",
            "azurerm_storage_account.datalake_storage_account",
            "azurerm_storage_data_lake_gen2_filesystem.adls",
            "azurerm_synapse_workspace.synapse_workspace",
            "data.azuread_client_config.current",
            "random_string.random_prefix",
            "time_sleep.role_assignment_sleep"
          ]
        }
      ]
    },
    {
      "mode": "managed",
      "type": "azurerm_stream_analytics_job",
      "name": "stream_analytics_job",
      "provider": "provider[\"registry.terraform.io/hashicorp/azurerm\"]",
      "instances": [
        {
          "schema_version": 1,
          "attributes": {
            "compatibility_level": "1.2",
            "content_storage_policy": "SystemAccount",
            "data_locale": "en-US",
            "events_late_arrival_max_delay_in_seconds": 60,
            "events_out_of_order_max_delay_in_seconds": 50,
            "events_out_of_order_policy": "Adjust",
            "id": "/subscriptions/8b41bb3a-73a0-4041-90c2-d82d4d3cbc5f/resourceGroups/bigdataheveh9ndfb_rg/providers/Microsoft.StreamAnalytics/streamingJobs/streamanalyticsbb-bigdataheveh9ndfb",
            "identity": [
              {
                "principal_id": "d6b582b4-cd65-4953-b238-523f67e2a516",
                "tenant_id": "728ec391-9e63-400e-883f-f7fd4a75ac01",
                "type": "SystemAssigned"
              }
            ],
            "job_id": "f61dca7e-2213-4736-8b78-22928570f286",
            "job_storage_account": [],
            "location": "westeurope",
            "name": "streamanalyticsbb-bigdataheveh9ndfb",
            "output_error_policy": "Drop",
            "resource_group_name": "bigdataheveh9ndfb_rg",
            "stream_analytics_cluster_id": "",
            "streaming_units": 1,
            "tags": {
              "Environment": "Big Data Reference Lab"
            },
            "timeouts": null,
            "transformation_query": "    SELECT *\r\n    INTO [YourOutputAlias]\r\n    FROM [YourInputAlias]\r\n",
            "type": "Cloud"
          },
          "sensitive_attributes": [],
          "private": "eyJlMmJmYjczMC1lY2FhLTExZTYtOGY4OC0zNDM2M2JjN2M0YzAiOnsiY3JlYXRlIjoxODAwMDAwMDAwMDAwLCJkZWxldGUiOjE4MDAwMDAwMDAwMDAsInJlYWQiOjMwMDAwMDAwMDAwMCwidXBkYXRlIjoxODAwMDAwMDAwMDAwfSwic2NoZW1hX3ZlcnNpb24iOiIxIn0=",
          "dependencies": [
            "azurerm_resource_group.resource_group",
            "random_string.random_prefix"
          ]
        }
      ]
    },
    {
      "mode": "managed",
      "type": "azurerm_synapse_firewall_rule",
      "name": "allow_all_rule",
      "provider": "provider[\"registry.terraform.io/hashicorp/azurerm\"]",
      "instances": [
        {
          "schema_version": 0,
          "attributes": {
            "end_ip_address": "255.255.255.255",
            "id": "/subscriptions/8b41bb3a-73a0-4041-90c2-d82d4d3cbc5f/resourceGroups/bigdataheveh9ndfb_rg/providers/Microsoft.Synapse/workspaces/synapse-workspace-bigdataheveh9ndfb/firewallRules/AllowAll",
            "name": "AllowAll",
            "start_ip_address": "0.0.0.0",
            "synapse_workspace_id": "/subscriptions/8b41bb3a-73a0-4041-90c2-d82d4d3cbc5f/resourceGroups/bigdataheveh9ndfb_rg/providers/Microsoft.Synapse/workspaces/synapse-workspace-bigdataheveh9ndfb",
            "timeouts": null
          },
          "sensitive_attributes": [],
          "private": "eyJlMmJmYjczMC1lY2FhLTExZTYtOGY4OC0zNDM2M2JjN2M0YzAiOnsiY3JlYXRlIjoxODAwMDAwMDAwMDAwLCJkZWxldGUiOjE4MDAwMDAwMDAwMDAsInJlYWQiOjMwMDAwMDAwMDAwMCwidXBkYXRlIjoxODAwMDAwMDAwMDAwfX0=",
          "dependencies": [
            "azurerm_resource_group.resource_group",
            "azurerm_role_assignment.user_datalake_role_assignement",
            "azurerm_storage_account.datalake_storage_account",
            "azurerm_storage_data_lake_gen2_filesystem.adls",
            "azurerm_synapse_workspace.synapse_workspace",
            "data.azuread_client_config.current",
            "random_string.random_prefix",
            "time_sleep.role_assignment_sleep"
          ]
        }
      ]
    },
    {
      "mode": "managed",
      "type": "azurerm_synapse_workspace",
      "name": "synapse_workspace",
      "provider": "provider[\"registry.terraform.io/hashicorp/azurerm\"]",
      "instances": [
        {
          "schema_version": 0,
          "attributes": {
            "aad_admin": [
              {
                "login": "live.com#stanislav.zhurich@gmail.com",
                "object_id": "881efb1c-9e27-4b58-823a-230f51d9a8f4",
                "tenant_id": "728ec391-9e63-400e-883f-f7fd4a75ac01"
              }
            ],
            "azure_devops_repo": [],
            "compute_subnet_id": null,
            "connectivity_endpoints": {
              "dev": "https://synapse-workspace-bigdataheveh9ndfb.dev.azuresynapse.net",
              "sql": "synapse-workspace-bigdataheveh9ndfb.sql.azuresynapse.net",
              "sqlOnDemand": "synapse-workspace-bigdataheveh9ndfb-ondemand.sql.azuresynapse.net",
              "web": "https://web.azuresynapse.net?workspace=%2fsubscriptions%2f8b41bb3a-73a0-4041-90c2-d82d4d3cbc5f%2fresourceGroups%2fbigdataheveh9ndfb_rg%2fproviders%2fMicrosoft.Synapse%2fworkspaces%2fsynapse-workspace-bigdataheveh9ndfb"
            },
            "customer_managed_key": [],
            "data_exfiltration_protection_enabled": null,
            "github_repo": [],
            "id": "/subscriptions/8b41bb3a-73a0-4041-90c2-d82d4d3cbc5f/resourceGroups/bigdataheveh9ndfb_rg/providers/Microsoft.Synapse/workspaces/synapse-workspace-bigdataheveh9ndfb",
            "identity": [
              {
                "identity_ids": null,
                "principal_id": "a59b021b-a174-477c-975c-afac90d323aa",
                "tenant_id": "728ec391-9e63-400e-883f-f7fd4a75ac01",
                "type": "SystemAssigned"
              }
            ],
            "linking_allowed_for_aad_tenant_ids": null,
            "location": "westeurope",
            "managed_resource_group_name": "synapseworkspace-managedrg-973037e1-fed3-4381-ad46-d886e52c6d25",
            "managed_virtual_network_enabled": false,
            "name": "synapse-workspace-bigdataheveh9ndfb",
            "public_network_access_enabled": true,
            "purview_id": null,
            "resource_group_name": "bigdataheveh9ndfb_rg",
            "sql_aad_admin": [
              {
                "login": "live.com#stanislav.zhurich@gmail.com",
                "object_id": "881efb1c-9e27-4b58-823a-230f51d9a8f4",
                "tenant_id": "728ec391-9e63-400e-883f-f7fd4a75ac01"
              }
            ],
            "sql_administrator_login": "sqladminuser",
            "sql_administrator_login_password": "H@Sh1CoR3!",
            "sql_identity_control_enabled": false,
            "storage_data_lake_gen2_filesystem_id": "https://datalakebigdataheveh9ndf.dfs.core.windows.net/datalake",
            "tags": {
              "Environment": "Big Data Reference Lab"
            },
            "timeouts": null
          },
          "sensitive_attributes": [],
          "private": "eyJlMmJmYjczMC1lY2FhLTExZTYtOGY4OC0zNDM2M2JjN2M0YzAiOnsiY3JlYXRlIjoxODAwMDAwMDAwMDAwLCJkZWxldGUiOjE4MDAwMDAwMDAwMDAsInJlYWQiOjMwMDAwMDAwMDAwMCwidXBkYXRlIjoxODAwMDAwMDAwMDAwfX0=",
          "dependencies": [
            "azurerm_resource_group.resource_group",
            "azurerm_role_assignment.user_datalake_role_assignement",
            "azurerm_storage_account.datalake_storage_account",
            "azurerm_storage_data_lake_gen2_filesystem.adls",
            "data.azuread_client_config.current",
            "random_string.random_prefix",
            "time_sleep.role_assignment_sleep"
          ]
        }
      ]
    },
    {
      "mode": "managed",
      "type": "databricks_cluster",
      "name": "databricks_cluster",
      "provider": "provider[\"registry.terraform.io/databricks/databricks\"]",
      "instances": [
        {
          "schema_version": 2,
          "attributes": {
            "apply_policy_default_values": null,
            "autoscale": [],
            "autotermination_minutes": 15,
            "aws_attributes": [],
            "azure_attributes": [
              {
                "availability": "ON_DEMAND_AZURE",
                "first_on_demand": 1,
                "spot_bid_max_price": -1
              }
            ],
            "cluster_id": "0618-192903-pn9rbine",
            "cluster_log_conf": [],
            "cluster_name": "databricks-cluster-bigdataheveh9ndfb",
            "custom_tags": {
              "ResourceClass": "SingleNode"
            },
            "data_security_mode": "NO_ISOLATION",
            "default_tags": {
              "ClusterId": "0618-192903-pn9rbine",
              "ClusterName": "databricks-cluster-bigdataheveh9ndfb",
              "Creator": "stanislav.zhurich@gmail.com",
              "Environment": "Big Data Reference Lab",
              "Vendor": "Databricks"
            },
            "docker_image": [],
            "driver_instance_pool_id": null,
            "driver_node_type_id": "Standard_F4",
            "enable_elastic_disk": true,
            "enable_local_disk_encryption": false,
            "gcp_attributes": [],
            "id": "0618-192903-pn9rbine",
            "idempotency_token": null,
            "init_scripts": [],
            "instance_pool_id": null,
            "is_pinned": false,
            "library": [],
            "node_type_id": "Standard_F4",
            "num_workers": 0,
            "policy_id": null,
            "single_user_name": null,
            "spark_conf": {
              "spark.databricks.cluster.profile": "singleNode",
              "spark.master": "local[*]"
            },
            "spark_env_vars": null,
            "spark_version": "14.3.x-scala2.12",
            "ssh_public_keys": null,
            "state": "RUNNING",
            "timeouts": null,
            "url": "https://adb-874081770718147.7.azuredatabricks.net/#setting/clusters/0618-192903-pn9rbine/configuration",
            "workload_type": []
          },
          "sensitive_attributes": [],
          "private": "eyJlMmJmYjczMC1lY2FhLTExZTYtOGY4OC0zNDM2M2JjN2M0YzAiOnsiY3JlYXRlIjoxODAwMDAwMDAwMDAwLCJkZWxldGUiOjE4MDAwMDAwMDAwMDAsInVwZGF0ZSI6MTgwMDAwMDAwMDAwMH0sInNjaGVtYV92ZXJzaW9uIjoiMiJ9",
          "dependencies": [
            "azurerm_databricks_workspace.databricks_workspace",
            "azurerm_resource_group.resource_group",
            "data.databricks_spark_version.latest",
            "random_string.random_prefix"
          ]
        }
      ]
    },
    {
      "mode": "managed",
      "type": "databricks_library",
      "name": "eventhub_library",
      "provider": "provider[\"registry.terraform.io/databricks/databricks\"]",
      "instances": [
        {
          "schema_version": 0,
          "attributes": {
            "cluster_id": "0618-192903-pn9rbine",
            "cran": [],
            "egg": null,
            "id": "0618-192903-pn9rbine/mvn:com.microsoft.azure:azure-eventhubs-spark_2.12:2.3.22",
            "jar": null,
            "maven": [
              {
                "coordinates": "com.microsoft.azure:azure-eventhubs-spark_2.12:2.3.22",
                "exclusions": null,
                "repo": ""
              }
            ],
            "pypi": [],
            "whl": null
          },
          "sensitive_attributes": [],
          "private": "bnVsbA==",
          "dependencies": [
            "azurerm_databricks_workspace.databricks_workspace",
            "azurerm_resource_group.resource_group",
            "data.databricks_spark_version.latest",
            "databricks_cluster.databricks_cluster",
            "random_string.random_prefix"
          ]
        }
      ]
    },
    {
      "mode": "managed",
      "type": "databricks_mount",
      "name": "databricks_mount",
      "provider": "provider[\"registry.terraform.io/databricks/databricks\"]",
      "instances": [
        {
          "schema_version": 2,
          "attributes": {
            "abfs": [],
            "adl": [],
            "cluster_id": "0618-192903-pn9rbine",
            "encryption_type": null,
            "extra_configs": {
              "fs.azure.account.auth.type": "OAuth",
              "fs.azure.account.oauth.provider.type": "org.apache.hadoop.fs.azurebfs.oauth2.ClientCredsTokenProvider",
              "fs.azure.account.oauth2.client.endpoint": "https://login.microsoftonline.com/728ec391-9e63-400e-883f-f7fd4a75ac01/oauth2/token",
              "fs.azure.account.oauth2.client.id": "166b8ff8-07ef-45a1-a74c-c531fd2b4111",
              "fs.azure.account.oauth2.client.secret": "{{secrets/keyvault-managed/client-secret}}",
              "fs.azure.createRemoteFileSystemDuringInitialization": "false"
            },
            "gs": [],
            "id": "datalake_mount",
            "name": "datalake_mount",
            "resource_id": null,
            "s3": [],
            "source": "abfss://datalake@datalakebigdataheveh9ndf.dfs.core.windows.net",
            "timeouts": null,
            "uri": "abfss://datalake@datalakebigdataheveh9ndf.dfs.core.windows.net",
            "wasb": []
          },
          "sensitive_attributes": [],
          "private": "eyJlMmJmYjczMC1lY2FhLTExZTYtOGY4OC0zNDM2M2JjN2M0YzAiOnsiY3JlYXRlIjoxMjAwMDAwMDAwMDAwLCJkZWZhdWx0IjoxMjAwMDAwMDAwMDAwLCJkZWxldGUiOjEyMDAwMDAwMDAwMDAsInJlYWQiOjEyMDAwMDAwMDAwMDAsInVwZGF0ZSI6MTIwMDAwMDAwMDAwMH0sInNjaGVtYV92ZXJzaW9uIjoiMiJ9",
          "dependencies": [
            "azuread_application.databricks_service_application",
            "azuread_service_principal.aad_service_sp",
            "azurerm_databricks_workspace.databricks_workspace",
            "azurerm_key_vault.key_vault",
            "azurerm_resource_group.resource_group",
            "azurerm_role_assignment.user_datalake_role_assignement",
            "azurerm_storage_account.datalake_storage_account",
            "azurerm_storage_data_lake_gen2_filesystem.adls",
            "data.azuread_client_config.current",
            "data.databricks_spark_version.latest",
            "databricks_cluster.databricks_cluster",
            "random_string.random_prefix",
            "time_sleep.role_assignment_sleep"
          ]
        }
      ]
    },
    {
      "mode": "managed",
      "type": "databricks_notebook",
      "name": "notebooks",
      "provider": "provider[\"registry.terraform.io/databricks/databricks\"]",
      "instances": [
        {
          "index_key": "/pipeline/copyFromBronzeToSilver.py",
          "schema_version": 1,
          "attributes": {
            "content_base64": null,
            "format": "SOURCE",
            "id": "/Users/stanislav.zhurich@gmail.com/pipeline/copyFromBronzeToSilver.py",
            "language": "PYTHON",
            "md5": "477767485e7a514135cd25501ec5da5d",
            "object_id": 3709733835396231,
            "object_type": "NOTEBOOK",
            "path": "/Users/stanislav.zhurich@gmail.com/pipeline/copyFromBronzeToSilver.py",
            "source": "../../databricks/src/pipeline/copyFromBronzeToSilver.py",
            "url": "https://adb-874081770718147.7.azuredatabricks.net/#workspace/Users/stanislav.zhurich@gmail.com/pipeline/copyFromBronzeToSilver.py"
          },
          "sensitive_attributes": [],
          "private": "eyJzY2hlbWFfdmVyc2lvbiI6IjEifQ==",
          "dependencies": [
            "azurerm_databricks_workspace.databricks_workspace",
            "azurerm_resource_group.resource_group",
            "data.databricks_current_user.current",
            "data.databricks_spark_version.latest",
            "databricks_cluster.databricks_cluster",
            "random_string.random_prefix"
          ]
        },
        {
          "index_key": "/pipeline/copyFromSilverToGold.py",
          "schema_version": 1,
          "attributes": {
            "content_base64": null,
            "format": "SOURCE",
            "id": "/Users/stanislav.zhurich@gmail.com/pipeline/copyFromSilverToGold.py",
            "language": "PYTHON",
            "md5": "5c249b62ea0cccd8bf18682e1f1037e4",
            "object_id": 3709733835396211,
            "object_type": "NOTEBOOK",
            "path": "/Users/stanislav.zhurich@gmail.com/pipeline/copyFromSilverToGold.py",
            "source": "../../databricks/src/pipeline/copyFromSilverToGold.py",
            "url": "https://adb-874081770718147.7.azuredatabricks.net/#workspace/Users/stanislav.zhurich@gmail.com/pipeline/copyFromSilverToGold.py"
          },
          "sensitive_attributes": [],
          "private": "eyJzY2hlbWFfdmVyc2lvbiI6IjEifQ==",
          "dependencies": [
            "azurerm_databricks_workspace.databricks_workspace",
            "azurerm_resource_group.resource_group",
            "data.databricks_current_user.current",
            "data.databricks_spark_version.latest",
            "databricks_cluster.databricks_cluster",
            "random_string.random_prefix"
          ]
        },
        {
          "index_key": "/pipeline/properties.py",
          "schema_version": 1,
          "attributes": {
            "content_base64": null,
            "format": "SOURCE",
            "id": "/Users/stanislav.zhurich@gmail.com/pipeline/properties.py",
            "language": "PYTHON",
            "md5": "f115c7b2a28074bce8766198603af7ad",
            "object_id": 3709733835396227,
            "object_type": "NOTEBOOK",
            "path": "/Users/stanislav.zhurich@gmail.com/pipeline/properties.py",
            "source": "../../databricks/src/pipeline/properties.py",
            "url": "https://adb-874081770718147.7.azuredatabricks.net/#workspace/Users/stanislav.zhurich@gmail.com/pipeline/properties.py"
          },
          "sensitive_attributes": [],
          "private": "eyJzY2hlbWFfdmVyc2lvbiI6IjEifQ==",
          "dependencies": [
            "azurerm_databricks_workspace.databricks_workspace",
            "azurerm_resource_group.resource_group",
            "data.databricks_current_user.current",
            "data.databricks_spark_version.latest",
            "databricks_cluster.databricks_cluster",
            "random_string.random_prefix"
          ]
        },
        {
          "index_key": "/pipeline/readFromEventHub.py",
          "schema_version": 1,
          "attributes": {
            "content_base64": null,
            "format": "SOURCE",
            "id": "/Users/stanislav.zhurich@gmail.com/pipeline/readFromEventHub.py",
            "language": "PYTHON",
            "md5": "6852f65969cd605d52c4273d352d8189",
            "object_id": 3709733835396202,
            "object_type": "NOTEBOOK",
            "path": "/Users/stanislav.zhurich@gmail.com/pipeline/readFromEventHub.py",
            "source": "../../databricks/src/pipeline/readFromEventHub.py",
            "url": "https://adb-874081770718147.7.azuredatabricks.net/#workspace/Users/stanislav.zhurich@gmail.com/pipeline/readFromEventHub.py"
          },
          "sensitive_attributes": [],
          "private": "eyJzY2hlbWFfdmVyc2lvbiI6IjEifQ==",
          "dependencies": [
            "azurerm_databricks_workspace.databricks_workspace",
            "azurerm_resource_group.resource_group",
            "data.databricks_current_user.current",
            "data.databricks_spark_version.latest",
            "databricks_cluster.databricks_cluster",
            "random_string.random_prefix"
          ]
        },
        {
          "index_key": "/pipeline/schema/observation.py",
          "schema_version": 1,
          "attributes": {
            "content_base64": null,
            "format": "SOURCE",
            "id": "/Users/stanislav.zhurich@gmail.com/pipeline/schema/observation.py",
            "language": "PYTHON",
            "md5": "bf174279efe58d614bc0d091620f0c13",
            "object_id": 3709733835396229,
            "object_type": "NOTEBOOK",
            "path": "/Users/stanislav.zhurich@gmail.com/pipeline/schema/observation.py",
            "source": "../../databricks/src/pipeline/schema/observation.py",
            "url": "https://adb-874081770718147.7.azuredatabricks.net/#workspace/Users/stanislav.zhurich@gmail.com/pipeline/schema/observation.py"
          },
          "sensitive_attributes": [],
          "private": "eyJzY2hlbWFfdmVyc2lvbiI6IjEifQ==",
          "dependencies": [
            "azurerm_databricks_workspace.databricks_workspace",
            "azurerm_resource_group.resource_group",
            "data.databricks_current_user.current",
            "data.databricks_spark_version.latest",
            "databricks_cluster.databricks_cluster",
            "random_string.random_prefix"
          ]
        },
        {
          "index_key": "/pipeline/schema/patient.py",
          "schema_version": 1,
          "attributes": {
            "content_base64": null,
            "format": "SOURCE",
            "id": "/Users/stanislav.zhurich@gmail.com/pipeline/schema/patient.py",
            "language": "PYTHON",
            "md5": "09cea09498aa9014504974f84d11d4a7",
            "object_id": 3709733835396217,
            "object_type": "NOTEBOOK",
            "path": "/Users/stanislav.zhurich@gmail.com/pipeline/schema/patient.py",
            "source": "../../databricks/src/pipeline/schema/patient.py",
            "url": "https://adb-874081770718147.7.azuredatabricks.net/#workspace/Users/stanislav.zhurich@gmail.com/pipeline/schema/patient.py"
          },
          "sensitive_attributes": [],
          "private": "eyJzY2hlbWFfdmVyc2lvbiI6IjEifQ==",
          "dependencies": [
            "azurerm_databricks_workspace.databricks_workspace",
            "azurerm_resource_group.resource_group",
            "data.databricks_current_user.current",
            "data.databricks_spark_version.latest",
            "databricks_cluster.databricks_cluster",
            "random_string.random_prefix"
          ]
        },
        {
          "index_key": "/pipeline/writeToOutboundEventHub.py",
          "schema_version": 1,
          "attributes": {
            "content_base64": null,
            "format": "SOURCE",
            "id": "/Users/stanislav.zhurich@gmail.com/pipeline/writeToOutboundEventHub.py",
            "language": "PYTHON",
            "md5": "00706f3bd141517cceb9432ff4db8087",
            "object_id": 3709733835396219,
            "object_type": "NOTEBOOK",
            "path": "/Users/stanislav.zhurich@gmail.com/pipeline/writeToOutboundEventHub.py",
            "source": "../../databricks/src/pipeline/writeToOutboundEventHub.py",
            "url": "https://adb-874081770718147.7.azuredatabricks.net/#workspace/Users/stanislav.zhurich@gmail.com/pipeline/writeToOutboundEventHub.py"
          },
          "sensitive_attributes": [],
          "private": "eyJzY2hlbWFfdmVyc2lvbiI6IjEifQ==",
          "dependencies": [
            "azurerm_databricks_workspace.databricks_workspace",
            "azurerm_resource_group.resource_group",
            "data.databricks_current_user.current",
            "data.databricks_spark_version.latest",
            "databricks_cluster.databricks_cluster",
            "random_string.random_prefix"
          ]
        }
      ]
    },
    {
      "mode": "managed",
      "type": "databricks_secret_scope",
      "name": "kv",
      "provider": "provider[\"registry.terraform.io/databricks/databricks\"]",
      "instances": [
        {
          "schema_version": 2,
          "attributes": {
            "backend_type": "AZURE_KEYVAULT",
            "id": "keyvault-managed",
            "initial_manage_principal": "users",
            "keyvault_metadata": [
              {
                "dns_name": "https://bigdataheveh9ndfb-kv.vault.azure.net/",
                "resource_id": "/subscriptions/8b41bb3a-73a0-4041-90c2-d82d4d3cbc5f/resourceGroups/bigdataheveh9ndfb_rg/providers/Microsoft.KeyVault/vaults/bigdataheveh9ndfb-kv"
              }
            ],
            "name": "keyvault-managed"
          },
          "sensitive_attributes": [],
          "private": "eyJzY2hlbWFfdmVyc2lvbiI6IjIifQ==",
          "dependencies": [
            "azurerm_databricks_workspace.databricks_workspace",
            "azurerm_key_vault.key_vault",
            "azurerm_resource_group.resource_group",
            "data.azuread_client_config.current",
            "data.databricks_spark_version.latest",
            "databricks_cluster.databricks_cluster",
            "random_string.random_prefix"
          ]
        }
      ]
    },
    {
      "mode": "managed",
      "type": "random_string",
      "name": "random_prefix",
      "provider": "provider[\"registry.terraform.io/hashicorp/random\"]",
      "instances": [
        {
          "schema_version": 2,
          "attributes": {
            "id": "heveh9ndfb",
            "keepers": null,
            "length": 10,
            "lower": true,
            "min_lower": 0,
            "min_numeric": 0,
            "min_special": 0,
            "min_upper": 0,
            "number": true,
            "numeric": true,
            "override_special": null,
            "result": "heveh9ndfb",
            "special": false,
            "upper": false
          },
          "sensitive_attributes": []
        }
      ]
    },
    {
      "mode": "managed",
      "type": "time_sleep",
      "name": "databricks_role_assignment_sleep",
      "provider": "provider[\"registry.terraform.io/hashicorp/time\"]",
      "instances": [
        {
          "schema_version": 0,
          "attributes": {
            "create_duration": "60s",
            "destroy_duration": null,
            "id": "2024-06-18T19:30:14Z",
            "triggers": {
              "role_assignment": "/subscriptions/8b41bb3a-73a0-4041-90c2-d82d4d3cbc5f/resourceGroups/bigdataheveh9ndfb_rg/providers/Microsoft.Databricks/workspaces/databricks-workspace-bigdataheveh9ndfb/providers/Microsoft.Authorization/roleAssignments/3bef2afd-7ffd-7c0c-35b3-9612e8775b1f"
            }
          },
          "sensitive_attributes": [],
          "dependencies": [
            "azurerm_databricks_workspace.databricks_workspace",
            "azurerm_resource_group.resource_group",
            "azurerm_role_assignment.deployer_databricks_role_assignement",
            "data.azuread_client_config.current",
            "random_string.random_prefix"
          ]
        }
      ]
    },
    {
      "mode": "managed",
      "type": "time_sleep",
      "name": "role_assignment_sleep",
      "provider": "provider[\"registry.terraform.io/hashicorp/time\"]",
      "instances": [
        {
          "schema_version": 0,
          "attributes": {
            "create_duration": "60s",
            "destroy_duration": null,
            "id": "2024-06-18T19:28:11Z",
            "triggers": {
              "role_assignment": "/subscriptions/8b41bb3a-73a0-4041-90c2-d82d4d3cbc5f/resourceGroups/bigdataheveh9ndfb_rg/providers/Microsoft.Storage/storageAccounts/datalakebigdataheveh9ndf/providers/Microsoft.Authorization/roleAssignments/9b61a368-8ea0-aadf-178c-bde8ceabf3ba"
            }
          },
          "sensitive_attributes": [],
          "dependencies": [
            "azurerm_resource_group.resource_group",
            "azurerm_role_assignment.user_datalake_role_assignement",
            "azurerm_storage_account.datalake_storage_account",
            "data.azuread_client_config.current",
            "random_string.random_prefix"
          ]
        }
      ]
    }
  ],
  "check_results": null
}
