{
  "version": 4,
  "terraform_version": "1.8.5",
  "serial": 239,
  "lineage": "cdcb6e68-9790-e1ca-9570-112a7a658bcb",
  "outputs": {
    "databricks_studio_url": {
      "value": "https://adb-3625862807655190.10.azuredatabricks.net",
      "type": "string"
    },
    "datafactory_studio_url": {
      "value": "https://adf.azure.com/en/home",
      "type": "string"
    },
    "synapse_studio_url": {
      "value": "https://web.azuresynapse.net?workspace=%2fsubscriptions%2f8b41bb3a-73a0-4041-90c2-d82d4d3cbc5f%2fresourceGroups%2fbigdata8yu2klmmab_rg%2fproviders%2fMicrosoft.Synapse%2fworkspaces%2fsynapse-workspace-bigdata8yu2klmmab",
      "type": "string"
    }
  },
  "resources": [
    {
      "mode": "data",
      "type": "archive_file",
      "name": "function",
      "provider": "provider[\"registry.terraform.io/hashicorp/archive\"]",
      "instances": [
        {
          "schema_version": 0,
          "attributes": {
            "exclude_symlink_directories": null,
            "excludes": null,
            "id": "da1ddccc22051afdc1c0c296e66ef5eaa1b3269c",
            "output_base64sha256": "lrjukA5zEEKnelKA+wdjWud4U7gWDO7tcxDGVFkTv64=",
            "output_base64sha512": "I1DKjetkHgu0HERaZa8iXnNM/fIQ4pwVEPBcDXZ5S91iLU8R3+UOW87GfXkWQh9fhHEE6zSWnfu6lRQMnFZctQ==",
            "output_file_mode": null,
            "output_md5": "6609c6b11eab05d140989eb8d0512da7",
            "output_path": "../../function.zip",
            "output_sha": "da1ddccc22051afdc1c0c296e66ef5eaa1b3269c",
            "output_sha256": "96b8ee900e731042a77a5280fb07635ae77853b8160ceeed7310c6545913bfae",
            "output_sha512": "2350ca8deb641e0bb41c445a65af225e734cfdf210e29c1510f05c0d76794bdd622d4f11dfe50e5bcec67d7916421f5f847104eb34969dfbba95140c9c565cb5",
            "output_size": 36761,
            "source": [],
            "source_content": null,
            "source_content_filename": null,
            "source_dir": "../../function/target/azure-functions/observation-generator",
            "source_file": null,
            "type": "zip"
          },
          "sensitive_attributes": []
        }
      ]
    },
    {
      "mode": "data",
      "type": "azuread_client_config",
      "name": "current",
      "provider": "provider[\"registry.terraform.io/hashicorp/azuread\"]",
      "instances": [
        {
          "schema_version": 0,
          "attributes": {
            "client_id": "04b07795-8ddb-461a-bbee-02f9e1bf7b46",
            "id": "728ec391-9e63-400e-883f-f7fd4a75ac01-04b07795-8ddb-461a-bbee-02f9e1bf7b46-881efb1c-9e27-4b58-823a-230f51d9a8f4",
            "object_id": "881efb1c-9e27-4b58-823a-230f51d9a8f4",
            "tenant_id": "728ec391-9e63-400e-883f-f7fd4a75ac01",
            "timeouts": null
          },
          "sensitive_attributes": []
        }
      ]
    },
    {
      "mode": "data",
      "type": "databricks_current_user",
      "name": "current",
      "provider": "provider[\"registry.terraform.io/databricks/databricks\"]",
      "instances": [
        {
          "schema_version": 0,
          "attributes": {
            "alphanumeric": "stanislav_zhurich",
            "external_id": "881efb1c-9e27-4b58-823a-230f51d9a8f4",
            "home": "/Users/stanislav.zhurich@gmail.com",
            "id": "5008168569270985",
            "repos": "/Repos/stanislav.zhurich@gmail.com",
            "user_name": "stanislav.zhurich@gmail.com",
            "workspace_url": "https://adb-3625862807655190.10.azuredatabricks.net"
          },
          "sensitive_attributes": []
        }
      ]
    },
    {
      "mode": "data",
      "type": "databricks_node_type",
      "name": "smallest",
      "provider": "provider[\"registry.terraform.io/databricks/databricks\"]",
      "instances": [
        {
          "schema_version": 0,
          "attributes": {
            "category": null,
            "gb_per_core": null,
            "graviton": null,
            "id": "Standard_D4plds_v6",
            "is_io_cache_enabled": null,
            "local_disk": true,
            "min_cores": null,
            "min_gpus": null,
            "min_memory_gb": null,
            "photon_driver_capable": null,
            "photon_worker_capable": null,
            "support_port_forwarding": null,
            "vcpu": null
          },
          "sensitive_attributes": []
        }
      ]
    },
    {
      "mode": "data",
      "type": "databricks_spark_version",
      "name": "latest",
      "provider": "provider[\"registry.terraform.io/databricks/databricks\"]",
      "instances": [
        {
          "schema_version": 0,
          "attributes": {
            "beta": null,
            "genomics": null,
            "gpu": null,
            "graviton": null,
            "id": "15.4.x-scala2.12",
            "latest": true,
            "long_term_support": true,
            "ml": null,
            "photon": null,
            "scala": "2.12",
            "spark_version": null
          },
          "sensitive_attributes": []
        }
      ]
    },
    {
      "mode": "managed",
      "type": "azuread_application",
      "name": "databricks_service_application",
      "provider": "provider[\"registry.terraform.io/hashicorp/azuread\"]",
      "instances": [
        {
          "schema_version": 2,
          "attributes": {
            "api": [
              {
                "known_client_applications": [],
                "mapped_claims_enabled": false,
                "oauth2_permission_scope": [],
                "requested_access_token_version": 1
              }
            ],
            "app_role": [],
            "app_role_ids": {},
            "application_id": "d1f2fb0d-a1f9-4f2c-9ec0-55c16164b8d3",
            "client_id": "d1f2fb0d-a1f9-4f2c-9ec0-55c16164b8d3",
            "description": "",
            "device_only_auth_enabled": false,
            "disabled_by_microsoft": "\u003cnil\u003e",
            "display_name": "databricks_service_applicationbigdata8yu2klmmab",
            "fallback_public_client_enabled": false,
            "feature_tags": [
              {
                "custom_single_sign_on": false,
                "enterprise": false,
                "gallery": false,
                "hide": false
              }
            ],
            "group_membership_claims": null,
            "id": "/applications/1460157e-61d7-48fe-bd49-d5238602f72a",
            "identifier_uris": [
              "api://databricks_service_applicationbigdata8yu2klmmab"
            ],
            "logo_image": "",
            "logo_url": "",
            "marketing_url": "",
            "notes": "",
            "oauth2_permission_scope_ids": {},
            "oauth2_post_response_required": false,
            "object_id": "1460157e-61d7-48fe-bd49-d5238602f72a",
            "optional_claims": [
              {
                "access_token": [],
                "id_token": [],
                "saml2_token": []
              }
            ],
            "owners": [
              "881efb1c-9e27-4b58-823a-230f51d9a8f4"
            ],
            "prevent_duplicate_names": false,
            "privacy_statement_url": "",
            "public_client": [
              {
                "redirect_uris": []
              }
            ],
            "publisher_domain": "stanislavzhurichgmail.onmicrosoft.com",
            "required_resource_access": [],
            "service_management_reference": "",
            "sign_in_audience": "AzureADMyOrg",
            "single_page_application": [
              {
                "redirect_uris": []
              }
            ],
            "support_url": "",
            "tags": [],
            "template_id": "",
            "terms_of_service_url": "",
            "timeouts": null,
            "web": [
              {
                "homepage_url": "",
                "implicit_grant": [
                  {
                    "access_token_issuance_enabled": false,
                    "id_token_issuance_enabled": false
                  }
                ],
                "logout_url": "",
                "redirect_uris": []
              }
            ]
          },
          "sensitive_attributes": [],
          "private": "eyJlMmJmYjczMC1lY2FhLTExZTYtOGY4OC0zNDM2M2JjN2M0YzAiOnsiY3JlYXRlIjo2MDAwMDAwMDAwMDAsImRlbGV0ZSI6MzAwMDAwMDAwMDAwLCJyZWFkIjozMDAwMDAwMDAwMDAsInVwZGF0ZSI6NjAwMDAwMDAwMDAwfSwic2NoZW1hX3ZlcnNpb24iOiIyIn0=",
          "dependencies": [
            "data.azuread_client_config.current",
            "random_string.random_prefix"
          ]
        }
      ]
    },
    {
      "mode": "managed",
      "type": "azuread_service_principal",
      "name": "aad_service_sp",
      "provider": "provider[\"registry.terraform.io/hashicorp/azuread\"]",
      "instances": [
        {
          "schema_version": 0,
          "attributes": {
            "account_enabled": true,
            "alternative_names": null,
            "app_role_assignment_required": false,
            "app_role_ids": {},
            "app_roles": [],
            "application_id": "d1f2fb0d-a1f9-4f2c-9ec0-55c16164b8d3",
            "application_tenant_id": "728ec391-9e63-400e-883f-f7fd4a75ac01",
            "client_id": "d1f2fb0d-a1f9-4f2c-9ec0-55c16164b8d3",
            "description": "",
            "display_name": "databricks_service_applicationbigdata8yu2klmmab",
            "feature_tags": [
              {
                "custom_single_sign_on": false,
                "enterprise": false,
                "gallery": false,
                "hide": false
              }
            ],
            "features": [
              {
                "custom_single_sign_on_app": false,
                "enterprise_application": false,
                "gallery_application": false,
                "visible_to_users": true
              }
            ],
            "homepage_url": "",
            "id": "ce2f530c-6635-4656-9a18-ccb851a7a9e6",
            "login_url": "",
            "logout_url": "",
            "notes": "",
            "notification_email_addresses": null,
            "oauth2_permission_scope_ids": {},
            "oauth2_permission_scopes": [],
            "object_id": "ce2f530c-6635-4656-9a18-ccb851a7a9e6",
            "owners": [
              "881efb1c-9e27-4b58-823a-230f51d9a8f4"
            ],
            "preferred_single_sign_on_mode": "",
            "redirect_uris": [],
            "saml_metadata_url": "",
            "saml_single_sign_on": [
              {
                "relay_state": ""
              }
            ],
            "service_principal_names": [
              "api://databricks_service_applicationbigdata8yu2klmmab"
            ],
            "sign_in_audience": "AzureADMyOrg",
            "tags": [],
            "timeouts": null,
            "type": "Application",
            "use_existing": null
          },
          "sensitive_attributes": [],
          "private": "eyJlMmJmYjczMC1lY2FhLTExZTYtOGY4OC0zNDM2M2JjN2M0YzAiOnsiY3JlYXRlIjo2MDAwMDAwMDAwMDAsImRlbGV0ZSI6MzAwMDAwMDAwMDAwLCJyZWFkIjozMDAwMDAwMDAwMDAsInVwZGF0ZSI6NjAwMDAwMDAwMDAwfX0=",
          "dependencies": [
            "azuread_application.databricks_service_application",
            "data.azuread_client_config.current",
            "random_string.random_prefix"
          ]
        }
      ]
    },
    {
      "mode": "managed",
      "type": "azuread_service_principal_password",
      "name": "service_sp_pswd",
      "provider": "provider[\"registry.terraform.io/hashicorp/azuread\"]",
      "instances": [
        {
          "schema_version": 1,
          "attributes": {
            "display_name": null,
            "end_date": "2026-11-06T09:35:58Z",
            "end_date_relative": null,
            "id": "ce2f530c-6635-4656-9a18-ccb851a7a9e6/password/d92af2d5-cfb1-49fb-b169-71ef4734c713",
            "key_id": "d92af2d5-cfb1-49fb-b169-71ef4734c713",
            "rotate_when_changed": null,
            "service_principal_id": "ce2f530c-6635-4656-9a18-ccb851a7a9e6",
            "start_date": "2024-11-06T09:35:58Z",
            "timeouts": null,
            "value": "J1a8Q~uPF1PqOJlltRE8HjaeJmJhycvelRx4ZciJ"
          },
          "sensitive_attributes": [
            [
              {
                "type": "get_attr",
                "value": "value"
              }
            ]
          ],
          "private": "eyJlMmJmYjczMC1lY2FhLTExZTYtOGY4OC0zNDM2M2JjN2M0YzAiOnsiY3JlYXRlIjozMDAwMDAwMDAwMDAsImRlbGV0ZSI6MzAwMDAwMDAwMDAwLCJyZWFkIjozMDAwMDAwMDAwMDAsInVwZGF0ZSI6MzAwMDAwMDAwMDAwfSwic2NoZW1hX3ZlcnNpb24iOiIxIn0=",
          "dependencies": [
            "azuread_application.databricks_service_application",
            "azuread_service_principal.aad_service_sp",
            "data.azuread_client_config.current",
            "random_string.random_prefix"
          ]
        }
      ]
    },
    {
      "mode": "managed",
      "type": "azurerm_data_factory",
      "name": "data_factory",
      "provider": "provider[\"registry.terraform.io/hashicorp/azurerm\"]",
      "instances": [
        {
          "schema_version": 2,
          "attributes": {
            "customer_managed_key_id": "",
            "customer_managed_key_identity_id": "",
            "github_configuration": [],
            "global_parameter": [],
            "id": "/subscriptions/8b41bb3a-73a0-4041-90c2-d82d4d3cbc5f/resourceGroups/bigdata8yu2klmmab_rg/providers/Microsoft.DataFactory/factories/data-factory-bigdata8yu2klmmab",
            "identity": [
              {
                "identity_ids": null,
                "principal_id": "6fb1751e-a976-4344-adc4-216ad2c74ce7",
                "tenant_id": "728ec391-9e63-400e-883f-f7fd4a75ac01",
                "type": "SystemAssigned"
              }
            ],
            "location": "northeurope",
            "managed_virtual_network_enabled": false,
            "name": "data-factory-bigdata8yu2klmmab",
            "public_network_enabled": true,
            "purview_id": "",
            "resource_group_name": "bigdata8yu2klmmab_rg",
            "tags": {
              "Environment": "Big Data Reference Lab"
            },
            "timeouts": null,
            "vsts_configuration": []
          },
          "sensitive_attributes": [],
          "private": "eyJlMmJmYjczMC1lY2FhLTExZTYtOGY4OC0zNDM2M2JjN2M0YzAiOnsiY3JlYXRlIjoxODAwMDAwMDAwMDAwLCJkZWxldGUiOjE4MDAwMDAwMDAwMDAsInJlYWQiOjMwMDAwMDAwMDAwMCwidXBkYXRlIjoxODAwMDAwMDAwMDAwfSwic2NoZW1hX3ZlcnNpb24iOiIyIn0=",
          "dependencies": [
            "azurerm_resource_group.resource_group",
            "random_string.random_prefix"
          ]
        }
      ]
    },
    {
      "mode": "managed",
      "type": "azurerm_data_factory_linked_service_azure_blob_storage",
      "name": "patient_blob_data_source_linked_service",
      "provider": "provider[\"registry.terraform.io/hashicorp/azurerm\"]",
      "instances": [
        {
          "schema_version": 0,
          "attributes": {
            "additional_properties": null,
            "annotations": null,
            "connection_string": null,
            "connection_string_insecure": null,
            "data_factory_id": "/subscriptions/8b41bb3a-73a0-4041-90c2-d82d4d3cbc5f/resourceGroups/bigdata8yu2klmmab_rg/providers/Microsoft.DataFactory/factories/data-factory-bigdata8yu2klmmab",
            "description": "",
            "id": "/subscriptions/8b41bb3a-73a0-4041-90c2-d82d4d3cbc5f/resourceGroups/bigdata8yu2klmmab_rg/providers/Microsoft.DataFactory/factories/data-factory-bigdata8yu2klmmab/linkedservices/blobSourceBlobStorageLinkedService",
            "integration_runtime_name": null,
            "key_vault_sas_token": [],
            "name": "blobSourceBlobStorageLinkedService",
            "parameters": null,
            "sas_uri": null,
            "service_endpoint": "https://sourcebigdata8yu2klmmab.blob.core.windows.net",
            "service_principal_id": null,
            "service_principal_key": null,
            "service_principal_linked_key_vault_key": [],
            "storage_kind": "",
            "tenant_id": null,
            "timeouts": null,
            "use_managed_identity": true
          },
          "sensitive_attributes": [
            [
              {
                "type": "get_attr",
                "value": "service_endpoint"
              }
            ],
            [
              {
                "type": "get_attr",
                "value": "connection_string"
              }
            ],
            [
              {
                "type": "get_attr",
                "value": "sas_uri"
              }
            ]
          ],
          "private": "eyJlMmJmYjczMC1lY2FhLTExZTYtOGY4OC0zNDM2M2JjN2M0YzAiOnsiY3JlYXRlIjoxODAwMDAwMDAwMDAwLCJkZWxldGUiOjE4MDAwMDAwMDAwMDAsInJlYWQiOjMwMDAwMDAwMDAwMCwidXBkYXRlIjoxODAwMDAwMDAwMDAwfX0=",
          "dependencies": [
            "azurerm_data_factory.data_factory",
            "azurerm_resource_group.resource_group",
            "azurerm_storage_account.source_storage_account",
            "random_string.random_prefix"
          ]
        }
      ]
    },
    {
      "mode": "managed",
      "type": "azurerm_data_factory_linked_service_azure_databricks",
      "name": "databricks_cluster_linked_servie",
      "provider": "provider[\"registry.terraform.io/hashicorp/azurerm\"]",
      "instances": [
        {
          "schema_version": 0,
          "attributes": {
            "access_token": null,
            "adb_domain": "https://adb-3625862807655190.10.azuredatabricks.net",
            "additional_properties": null,
            "annotations": null,
            "data_factory_id": "/subscriptions/8b41bb3a-73a0-4041-90c2-d82d4d3cbc5f/resourceGroups/bigdata8yu2klmmab_rg/providers/Microsoft.DataFactory/factories/data-factory-bigdata8yu2klmmab",
            "description": "",
            "existing_cluster_id": "1106-093959-ux74uzbg",
            "id": "/subscriptions/8b41bb3a-73a0-4041-90c2-d82d4d3cbc5f/resourceGroups/bigdata8yu2klmmab_rg/providers/Microsoft.DataFactory/factories/data-factory-bigdata8yu2klmmab/linkedservices/databricksClusterLinkedService",
            "instance_pool": [],
            "integration_runtime_name": null,
            "key_vault_password": [],
            "msi_work_space_resource_id": "/subscriptions/8b41bb3a-73a0-4041-90c2-d82d4d3cbc5f/resourceGroups/bigdata8yu2klmmab_rg/providers/Microsoft.Databricks/workspaces/databricks-workspace-bigdata8yu2klmmab",
            "name": "databricksClusterLinkedService",
            "new_cluster_config": [],
            "parameters": null,
            "timeouts": null
          },
          "sensitive_attributes": [
            [
              {
                "type": "get_attr",
                "value": "access_token"
              }
            ]
          ],
          "private": "eyJlMmJmYjczMC1lY2FhLTExZTYtOGY4OC0zNDM2M2JjN2M0YzAiOnsiY3JlYXRlIjoxODAwMDAwMDAwMDAwLCJkZWxldGUiOjE4MDAwMDAwMDAwMDAsInJlYWQiOjMwMDAwMDAwMDAwMCwidXBkYXRlIjoxODAwMDAwMDAwMDAwfX0=",
          "dependencies": [
            "azurerm_data_factory.data_factory",
            "azurerm_databricks_workspace.databricks_workspace",
            "azurerm_resource_group.resource_group",
            "data.databricks_spark_version.latest",
            "databricks_cluster.databricks_cluster",
            "random_string.random_prefix"
          ]
        }
      ]
    },
    {
      "mode": "managed",
      "type": "azurerm_data_factory_linked_service_data_lake_storage_gen2",
      "name": "datalake_linked_service",
      "provider": "provider[\"registry.terraform.io/hashicorp/azurerm\"]",
      "instances": [
        {
          "schema_version": 0,
          "attributes": {
            "additional_properties": null,
            "annotations": null,
            "data_factory_id": "/subscriptions/8b41bb3a-73a0-4041-90c2-d82d4d3cbc5f/resourceGroups/bigdata8yu2klmmab_rg/providers/Microsoft.DataFactory/factories/data-factory-bigdata8yu2klmmab",
            "description": "",
            "id": "/subscriptions/8b41bb3a-73a0-4041-90c2-d82d4d3cbc5f/resourceGroups/bigdata8yu2klmmab_rg/providers/Microsoft.DataFactory/factories/data-factory-bigdata8yu2klmmab/linkedservices/datalakeLinkedService",
            "integration_runtime_name": null,
            "name": "datalakeLinkedService",
            "parameters": null,
            "service_principal_id": null,
            "service_principal_key": null,
            "storage_account_key": null,
            "tenant": null,
            "timeouts": null,
            "url": "https://datalakebigdata8yu2klmma.dfs.core.windows.net/",
            "use_managed_identity": true
          },
          "sensitive_attributes": [],
          "private": "eyJlMmJmYjczMC1lY2FhLTExZTYtOGY4OC0zNDM2M2JjN2M0YzAiOnsiY3JlYXRlIjoxODAwMDAwMDAwMDAwLCJkZWxldGUiOjE4MDAwMDAwMDAwMDAsInJlYWQiOjMwMDAwMDAwMDAwMCwidXBkYXRlIjoxODAwMDAwMDAwMDAwfX0=",
          "dependencies": [
            "azurerm_data_factory.data_factory",
            "azurerm_resource_group.resource_group",
            "azurerm_storage_account.datalake_storage_account",
            "random_string.random_prefix"
          ]
        }
      ]
    },
    {
      "mode": "managed",
      "type": "azurerm_data_factory_linked_service_key_vault",
      "name": "key_vault_linked_service",
      "provider": "provider[\"registry.terraform.io/hashicorp/azurerm\"]",
      "instances": [
        {
          "schema_version": 0,
          "attributes": {
            "additional_properties": null,
            "annotations": null,
            "data_factory_id": "/subscriptions/8b41bb3a-73a0-4041-90c2-d82d4d3cbc5f/resourceGroups/bigdata8yu2klmmab_rg/providers/Microsoft.DataFactory/factories/data-factory-bigdata8yu2klmmab",
            "description": "",
            "id": "/subscriptions/8b41bb3a-73a0-4041-90c2-d82d4d3cbc5f/resourceGroups/bigdata8yu2klmmab_rg/providers/Microsoft.DataFactory/factories/data-factory-bigdata8yu2klmmab/linkedservices/keyVaultLinkedService",
            "integration_runtime_name": null,
            "key_vault_id": "/subscriptions/8b41bb3a-73a0-4041-90c2-d82d4d3cbc5f/resourceGroups/bigdata8yu2klmmab_rg/providers/Microsoft.KeyVault/vaults/bigdata8yu2klmmab-kv",
            "name": "keyVaultLinkedService",
            "parameters": null,
            "timeouts": null
          },
          "sensitive_attributes": [],
          "private": "eyJlMmJmYjczMC1lY2FhLTExZTYtOGY4OC0zNDM2M2JjN2M0YzAiOnsiY3JlYXRlIjoxODAwMDAwMDAwMDAwLCJkZWxldGUiOjE4MDAwMDAwMDAwMDAsInJlYWQiOjMwMDAwMDAwMDAwMCwidXBkYXRlIjoxODAwMDAwMDAwMDAwfX0=",
          "dependencies": [
            "azurerm_data_factory.data_factory",
            "azurerm_key_vault.key_vault",
            "azurerm_resource_group.resource_group",
            "data.azuread_client_config.current",
            "random_string.random_prefix"
          ]
        }
      ]
    },
    {
      "mode": "managed",
      "type": "azurerm_databricks_workspace",
      "name": "databricks_workspace",
      "provider": "provider[\"registry.terraform.io/hashicorp/azurerm\"]",
      "instances": [
        {
          "schema_version": 0,
          "attributes": {
            "custom_parameters": [
              {
                "machine_learning_workspace_id": "",
                "nat_gateway_name": "",
                "no_public_ip": false,
                "private_subnet_name": "",
                "private_subnet_network_security_group_association_id": "",
                "public_ip_name": "nat-gw-public-ip",
                "public_subnet_name": "",
                "public_subnet_network_security_group_association_id": "",
                "storage_account_name": "dbstoragegv6bhlfomjrhs",
                "storage_account_sku_name": "Standard_GRS",
                "virtual_network_id": "",
                "vnet_address_prefix": "10.139"
              }
            ],
            "customer_managed_key_enabled": false,
            "disk_encryption_set_id": null,
            "id": "/subscriptions/8b41bb3a-73a0-4041-90c2-d82d4d3cbc5f/resourceGroups/bigdata8yu2klmmab_rg/providers/Microsoft.Databricks/workspaces/databricks-workspace-bigdata8yu2klmmab",
            "infrastructure_encryption_enabled": false,
            "load_balancer_backend_address_pool_id": "",
            "location": "northeurope",
            "managed_disk_cmk_key_vault_key_id": null,
            "managed_disk_cmk_rotation_to_latest_version_enabled": null,
            "managed_disk_identity": [],
            "managed_resource_group_id": "/subscriptions/8b41bb3a-73a0-4041-90c2-d82d4d3cbc5f/resourceGroups/adb_bigdata8yu2klmmab_rg",
            "managed_resource_group_name": "adb_bigdata8yu2klmmab_rg",
            "managed_services_cmk_key_vault_key_id": null,
            "name": "databricks-workspace-bigdata8yu2klmmab",
            "network_security_group_rules_required": null,
            "public_network_access_enabled": true,
            "resource_group_name": "bigdata8yu2klmmab_rg",
            "sku": "standard",
            "storage_account_identity": [],
            "tags": {
              "Environment": "Big Data Reference Lab"
            },
            "timeouts": null,
            "workspace_id": "3625862807655190",
            "workspace_url": "adb-3625862807655190.10.azuredatabricks.net"
          },
          "sensitive_attributes": [],
          "private": "eyJlMmJmYjczMC1lY2FhLTExZTYtOGY4OC0zNDM2M2JjN2M0YzAiOnsiY3JlYXRlIjoxODAwMDAwMDAwMDAwLCJkZWxldGUiOjE4MDAwMDAwMDAwMDAsInJlYWQiOjMwMDAwMDAwMDAwMCwidXBkYXRlIjoxODAwMDAwMDAwMDAwfX0=",
          "dependencies": [
            "azurerm_resource_group.resource_group",
            "random_string.random_prefix"
          ]
        }
      ]
    },
    {
      "mode": "managed",
      "type": "azurerm_eventhub",
      "name": "observation_eventhub",
      "provider": "provider[\"registry.terraform.io/hashicorp/azurerm\"]",
      "instances": [
        {
          "schema_version": 0,
          "attributes": {
            "capture_description": [],
            "id": "/subscriptions/8b41bb3a-73a0-4041-90c2-d82d4d3cbc5f/resourceGroups/bigdata8yu2klmmab_rg/providers/Microsoft.EventHub/namespaces/eventhub-namespace-bigdata8yu2klmmab/eventhubs/observation-generator-event-hub",
            "message_retention": 1,
            "name": "observation-generator-event-hub",
            "namespace_name": "eventhub-namespace-bigdata8yu2klmmab",
            "partition_count": 1,
            "partition_ids": [
              "0"
            ],
            "resource_group_name": "bigdata8yu2klmmab_rg",
            "status": "Active",
            "timeouts": null
          },
          "sensitive_attributes": [],
          "private": "eyJlMmJmYjczMC1lY2FhLTExZTYtOGY4OC0zNDM2M2JjN2M0YzAiOnsiY3JlYXRlIjoxODAwMDAwMDAwMDAwLCJkZWxldGUiOjE4MDAwMDAwMDAwMDAsInJlYWQiOjMwMDAwMDAwMDAwMCwidXBkYXRlIjoxODAwMDAwMDAwMDAwfX0=",
          "dependencies": [
            "azurerm_eventhub_namespace.eventhub_namespace",
            "azurerm_resource_group.resource_group",
            "random_string.random_prefix"
          ]
        }
      ]
    },
    {
      "mode": "managed",
      "type": "azurerm_eventhub",
      "name": "target_observation_eventhub",
      "provider": "provider[\"registry.terraform.io/hashicorp/azurerm\"]",
      "instances": [
        {
          "schema_version": 0,
          "attributes": {
            "capture_description": [],
            "id": "/subscriptions/8b41bb3a-73a0-4041-90c2-d82d4d3cbc5f/resourceGroups/bigdata8yu2klmmab_rg/providers/Microsoft.EventHub/namespaces/eventhub-namespace-bigdata8yu2klmmab/eventhubs/target-event-hub",
            "message_retention": 1,
            "name": "target-event-hub",
            "namespace_name": "eventhub-namespace-bigdata8yu2klmmab",
            "partition_count": 1,
            "partition_ids": [
              "0"
            ],
            "resource_group_name": "bigdata8yu2klmmab_rg",
            "status": "Active",
            "timeouts": null
          },
          "sensitive_attributes": [],
          "private": "eyJlMmJmYjczMC1lY2FhLTExZTYtOGY4OC0zNDM2M2JjN2M0YzAiOnsiY3JlYXRlIjoxODAwMDAwMDAwMDAwLCJkZWxldGUiOjE4MDAwMDAwMDAwMDAsInJlYWQiOjMwMDAwMDAwMDAwMCwidXBkYXRlIjoxODAwMDAwMDAwMDAwfX0=",
          "dependencies": [
            "azurerm_eventhub_namespace.eventhub_namespace",
            "azurerm_resource_group.resource_group",
            "random_string.random_prefix"
          ]
        }
      ]
    },
    {
      "mode": "managed",
      "type": "azurerm_eventhub_authorization_rule",
      "name": "observation_eventhub_auth_rule",
      "provider": "provider[\"registry.terraform.io/hashicorp/azurerm\"]",
      "instances": [
        {
          "schema_version": 1,
          "attributes": {
            "eventhub_name": "observation-generator-event-hub",
            "id": "/subscriptions/8b41bb3a-73a0-4041-90c2-d82d4d3cbc5f/resourceGroups/bigdata8yu2klmmab_rg/providers/Microsoft.EventHub/namespaces/eventhub-namespace-bigdata8yu2klmmab/eventhubs/observation-generator-event-hub/authorizationRules/accessPolicy",
            "listen": true,
            "manage": true,
            "name": "accessPolicy",
            "namespace_name": "eventhub-namespace-bigdata8yu2klmmab",
            "primary_connection_string": "Endpoint=sb://eventhub-namespace-bigdata8yu2klmmab.servicebus.windows.net/;SharedAccessKeyName=accessPolicy;SharedAccessKey=A2L4IeEw0Fj4wVEPUi3dGVPXP1a44VWpP+AEhHhRfVU=;EntityPath=observation-generator-event-hub",
            "primary_connection_string_alias": "",
            "primary_key": "A2L4IeEw0Fj4wVEPUi3dGVPXP1a44VWpP+AEhHhRfVU=",
            "resource_group_name": "bigdata8yu2klmmab_rg",
            "secondary_connection_string": "Endpoint=sb://eventhub-namespace-bigdata8yu2klmmab.servicebus.windows.net/;SharedAccessKeyName=accessPolicy;SharedAccessKey=6kOlAw/ZXlT0pAIbLjxvayJ1oXcuVp/vk+AEhATy0nM=;EntityPath=observation-generator-event-hub",
            "secondary_connection_string_alias": "",
            "secondary_key": "6kOlAw/ZXlT0pAIbLjxvayJ1oXcuVp/vk+AEhATy0nM=",
            "send": true,
            "timeouts": null
          },
          "sensitive_attributes": [
            [
              {
                "type": "get_attr",
                "value": "secondary_key"
              }
            ],
            [
              {
                "type": "get_attr",
                "value": "secondary_connection_string"
              }
            ],
            [
              {
                "type": "get_attr",
                "value": "secondary_connection_string_alias"
              }
            ],
            [
              {
                "type": "get_attr",
                "value": "primary_key"
              }
            ],
            [
              {
                "type": "get_attr",
                "value": "primary_connection_string_alias"
              }
            ],
            [
              {
                "type": "get_attr",
                "value": "primary_connection_string"
              }
            ]
          ],
          "private": "eyJlMmJmYjczMC1lY2FhLTExZTYtOGY4OC0zNDM2M2JjN2M0YzAiOnsiY3JlYXRlIjoxODAwMDAwMDAwMDAwLCJkZWxldGUiOjE4MDAwMDAwMDAwMDAsInJlYWQiOjMwMDAwMDAwMDAwMCwidXBkYXRlIjoxODAwMDAwMDAwMDAwfSwic2NoZW1hX3ZlcnNpb24iOiIxIn0=",
          "dependencies": [
            "azurerm_eventhub.observation_eventhub",
            "azurerm_eventhub_namespace.eventhub_namespace",
            "azurerm_resource_group.resource_group",
            "random_string.random_prefix"
          ]
        }
      ]
    },
    {
      "mode": "managed",
      "type": "azurerm_eventhub_authorization_rule",
      "name": "target_observation_eventhub_auth_rule",
      "provider": "provider[\"registry.terraform.io/hashicorp/azurerm\"]",
      "instances": [
        {
          "schema_version": 1,
          "attributes": {
            "eventhub_name": "target-event-hub",
            "id": "/subscriptions/8b41bb3a-73a0-4041-90c2-d82d4d3cbc5f/resourceGroups/bigdata8yu2klmmab_rg/providers/Microsoft.EventHub/namespaces/eventhub-namespace-bigdata8yu2klmmab/eventhubs/target-event-hub/authorizationRules/accessPolicy",
            "listen": true,
            "manage": true,
            "name": "accessPolicy",
            "namespace_name": "eventhub-namespace-bigdata8yu2klmmab",
            "primary_connection_string": "Endpoint=sb://eventhub-namespace-bigdata8yu2klmmab.servicebus.windows.net/;SharedAccessKeyName=accessPolicy;SharedAccessKey=qISicm67DsbSAuLtfM3SYrqwDKCafIR+V+AEhH1qt7o=;EntityPath=target-event-hub",
            "primary_connection_string_alias": "",
            "primary_key": "qISicm67DsbSAuLtfM3SYrqwDKCafIR+V+AEhH1qt7o=",
            "resource_group_name": "bigdata8yu2klmmab_rg",
            "secondary_connection_string": "Endpoint=sb://eventhub-namespace-bigdata8yu2klmmab.servicebus.windows.net/;SharedAccessKeyName=accessPolicy;SharedAccessKey=jwOFS4GlmYHbFI6exYfq5r3p7fqUNXDEQ+AEhMFaJhI=;EntityPath=target-event-hub",
            "secondary_connection_string_alias": "",
            "secondary_key": "jwOFS4GlmYHbFI6exYfq5r3p7fqUNXDEQ+AEhMFaJhI=",
            "send": true,
            "timeouts": null
          },
          "sensitive_attributes": [
            [
              {
                "type": "get_attr",
                "value": "secondary_key"
              }
            ],
            [
              {
                "type": "get_attr",
                "value": "primary_connection_string"
              }
            ],
            [
              {
                "type": "get_attr",
                "value": "primary_key"
              }
            ],
            [
              {
                "type": "get_attr",
                "value": "secondary_connection_string_alias"
              }
            ],
            [
              {
                "type": "get_attr",
                "value": "primary_connection_string_alias"
              }
            ],
            [
              {
                "type": "get_attr",
                "value": "secondary_connection_string"
              }
            ]
          ],
          "private": "eyJlMmJmYjczMC1lY2FhLTExZTYtOGY4OC0zNDM2M2JjN2M0YzAiOnsiY3JlYXRlIjoxODAwMDAwMDAwMDAwLCJkZWxldGUiOjE4MDAwMDAwMDAwMDAsInJlYWQiOjMwMDAwMDAwMDAwMCwidXBkYXRlIjoxODAwMDAwMDAwMDAwfSwic2NoZW1hX3ZlcnNpb24iOiIxIn0=",
          "dependencies": [
            "azurerm_eventhub.target_observation_eventhub",
            "azurerm_eventhub_namespace.eventhub_namespace",
            "azurerm_resource_group.resource_group",
            "random_string.random_prefix"
          ]
        }
      ]
    },
    {
      "mode": "managed",
      "type": "azurerm_eventhub_namespace",
      "name": "eventhub_namespace",
      "provider": "provider[\"registry.terraform.io/hashicorp/azurerm\"]",
      "instances": [
        {
          "schema_version": 0,
          "attributes": {
            "auto_inflate_enabled": false,
            "capacity": 1,
            "dedicated_cluster_id": "",
            "default_primary_connection_string": "Endpoint=sb://eventhub-namespace-bigdata8yu2klmmab.servicebus.windows.net/;SharedAccessKeyName=RootManageSharedAccessKey;SharedAccessKey=25peERjpLyhC+gnpnwEBtm785gb0YeKgq+AEhBUIiN0=",
            "default_primary_connection_string_alias": "",
            "default_primary_key": "25peERjpLyhC+gnpnwEBtm785gb0YeKgq+AEhBUIiN0=",
            "default_secondary_connection_string": "Endpoint=sb://eventhub-namespace-bigdata8yu2klmmab.servicebus.windows.net/;SharedAccessKeyName=RootManageSharedAccessKey;SharedAccessKey=RIifoUMOL737oaVMiiWRzQfKhRisnEHtD+AEhP8lq5A=",
            "default_secondary_connection_string_alias": "",
            "default_secondary_key": "RIifoUMOL737oaVMiiWRzQfKhRisnEHtD+AEhP8lq5A=",
            "id": "/subscriptions/8b41bb3a-73a0-4041-90c2-d82d4d3cbc5f/resourceGroups/bigdata8yu2klmmab_rg/providers/Microsoft.EventHub/namespaces/eventhub-namespace-bigdata8yu2klmmab",
            "identity": [
              {
                "identity_ids": null,
                "principal_id": "cbbb8a48-6582-4068-8e0f-72b302541bd6",
                "tenant_id": "728ec391-9e63-400e-883f-f7fd4a75ac01",
                "type": "SystemAssigned"
              }
            ],
            "local_authentication_enabled": true,
            "location": "northeurope",
            "maximum_throughput_units": 0,
            "minimum_tls_version": "1.2",
            "name": "eventhub-namespace-bigdata8yu2klmmab",
            "network_rulesets": [
              {
                "default_action": "Allow",
                "ip_rule": [],
                "public_network_access_enabled": true,
                "trusted_service_access_enabled": false,
                "virtual_network_rule": []
              }
            ],
            "public_network_access_enabled": true,
            "resource_group_name": "bigdata8yu2klmmab_rg",
            "sku": "Basic",
            "tags": {
              "Environment": "Big Data Reference Lab"
            },
            "timeouts": null,
            "zone_redundant": false
          },
          "sensitive_attributes": [
            [
              {
                "type": "get_attr",
                "value": "default_primary_connection_string_alias"
              }
            ],
            [
              {
                "type": "get_attr",
                "value": "default_secondary_connection_string"
              }
            ],
            [
              {
                "type": "get_attr",
                "value": "default_secondary_key"
              }
            ],
            [
              {
                "type": "get_attr",
                "value": "default_primary_key"
              }
            ],
            [
              {
                "type": "get_attr",
                "value": "default_primary_connection_string"
              }
            ],
            [
              {
                "type": "get_attr",
                "value": "default_secondary_connection_string_alias"
              }
            ]
          ],
          "private": "eyJlMmJmYjczMC1lY2FhLTExZTYtOGY4OC0zNDM2M2JjN2M0YzAiOnsiY3JlYXRlIjoxODAwMDAwMDAwMDAwLCJkZWxldGUiOjE4MDAwMDAwMDAwMDAsInJlYWQiOjMwMDAwMDAwMDAwMCwidXBkYXRlIjoxODAwMDAwMDAwMDAwfX0=",
          "dependencies": [
            "azurerm_resource_group.resource_group",
            "random_string.random_prefix"
          ]
        }
      ]
    },
    {
      "mode": "managed",
      "type": "azurerm_key_vault",
      "name": "key_vault",
      "provider": "provider[\"registry.terraform.io/hashicorp/azurerm\"]",
      "instances": [
        {
          "schema_version": 2,
          "attributes": {
            "access_policy": [],
            "contact": [],
            "enable_rbac_authorization": false,
            "enabled_for_deployment": false,
            "enabled_for_disk_encryption": false,
            "enabled_for_template_deployment": false,
            "id": "/subscriptions/8b41bb3a-73a0-4041-90c2-d82d4d3cbc5f/resourceGroups/bigdata8yu2klmmab_rg/providers/Microsoft.KeyVault/vaults/bigdata8yu2klmmab-kv",
            "location": "northeurope",
            "name": "bigdata8yu2klmmab-kv",
            "network_acls": [
              {
                "bypass": "AzureServices",
                "default_action": "Allow",
                "ip_rules": [],
                "virtual_network_subnet_ids": []
              }
            ],
            "public_network_access_enabled": true,
            "purge_protection_enabled": false,
            "resource_group_name": "bigdata8yu2klmmab_rg",
            "sku_name": "standard",
            "soft_delete_retention_days": 90,
            "tags": {
              "Environment": "Big Data Reference Lab"
            },
            "tenant_id": "728ec391-9e63-400e-883f-f7fd4a75ac01",
            "timeouts": null,
            "vault_uri": "https://bigdata8yu2klmmab-kv.vault.azure.net/"
          },
          "sensitive_attributes": [],
          "private": "eyJlMmJmYjczMC1lY2FhLTExZTYtOGY4OC0zNDM2M2JjN2M0YzAiOnsiY3JlYXRlIjoxODAwMDAwMDAwMDAwLCJkZWxldGUiOjE4MDAwMDAwMDAwMDAsInJlYWQiOjMwMDAwMDAwMDAwMCwidXBkYXRlIjoxODAwMDAwMDAwMDAwfSwic2NoZW1hX3ZlcnNpb24iOiIyIn0=",
          "dependencies": [
            "azurerm_resource_group.resource_group",
            "data.azuread_client_config.current",
            "random_string.random_prefix"
          ]
        }
      ]
    },
    {
      "mode": "managed",
      "type": "azurerm_key_vault_access_policy",
      "name": "adb_keyvault_policy",
      "provider": "provider[\"registry.terraform.io/hashicorp/azurerm\"]",
      "instances": [
        {
          "schema_version": 0,
          "attributes": {
            "application_id": null,
            "certificate_permissions": null,
            "id": "/subscriptions/8b41bb3a-73a0-4041-90c2-d82d4d3cbc5f/resourceGroups/bigdata8yu2klmmab_rg/providers/Microsoft.KeyVault/vaults/bigdata8yu2klmmab-kv/objectId/ce2f530c-6635-4656-9a18-ccb851a7a9e6",
            "key_permissions": null,
            "key_vault_id": "/subscriptions/8b41bb3a-73a0-4041-90c2-d82d4d3cbc5f/resourceGroups/bigdata8yu2klmmab_rg/providers/Microsoft.KeyVault/vaults/bigdata8yu2klmmab-kv",
            "object_id": "ce2f530c-6635-4656-9a18-ccb851a7a9e6",
            "secret_permissions": [
              "Get",
              "List",
              "Set",
              "Delete",
              "Recover",
              "Purge"
            ],
            "storage_permissions": null,
            "tenant_id": "728ec391-9e63-400e-883f-f7fd4a75ac01",
            "timeouts": null
          },
          "sensitive_attributes": [],
          "private": "eyJlMmJmYjczMC1lY2FhLTExZTYtOGY4OC0zNDM2M2JjN2M0YzAiOnsiY3JlYXRlIjoxODAwMDAwMDAwMDAwLCJkZWxldGUiOjE4MDAwMDAwMDAwMDAsInJlYWQiOjMwMDAwMDAwMDAwMCwidXBkYXRlIjoxODAwMDAwMDAwMDAwfX0=",
          "dependencies": [
            "azuread_application.databricks_service_application",
            "azuread_service_principal.aad_service_sp",
            "azurerm_key_vault.key_vault",
            "azurerm_resource_group.resource_group",
            "data.azuread_client_config.current",
            "random_string.random_prefix"
          ]
        }
      ]
    },
    {
      "mode": "managed",
      "type": "azurerm_key_vault_access_policy",
      "name": "deployer_keyvault_policy",
      "provider": "provider[\"registry.terraform.io/hashicorp/azurerm\"]",
      "instances": [
        {
          "schema_version": 0,
          "attributes": {
            "application_id": null,
            "certificate_permissions": null,
            "id": "/subscriptions/8b41bb3a-73a0-4041-90c2-d82d4d3cbc5f/resourceGroups/bigdata8yu2klmmab_rg/providers/Microsoft.KeyVault/vaults/bigdata8yu2klmmab-kv/objectId/881efb1c-9e27-4b58-823a-230f51d9a8f4",
            "key_permissions": null,
            "key_vault_id": "/subscriptions/8b41bb3a-73a0-4041-90c2-d82d4d3cbc5f/resourceGroups/bigdata8yu2klmmab_rg/providers/Microsoft.KeyVault/vaults/bigdata8yu2klmmab-kv",
            "object_id": "881efb1c-9e27-4b58-823a-230f51d9a8f4",
            "secret_permissions": [
              "Get",
              "List",
              "Set",
              "Delete",
              "Recover",
              "Purge"
            ],
            "storage_permissions": null,
            "tenant_id": "728ec391-9e63-400e-883f-f7fd4a75ac01",
            "timeouts": null
          },
          "sensitive_attributes": [],
          "private": "eyJlMmJmYjczMC1lY2FhLTExZTYtOGY4OC0zNDM2M2JjN2M0YzAiOnsiY3JlYXRlIjoxODAwMDAwMDAwMDAwLCJkZWxldGUiOjE4MDAwMDAwMDAwMDAsInJlYWQiOjMwMDAwMDAwMDAwMCwidXBkYXRlIjoxODAwMDAwMDAwMDAwfX0=",
          "dependencies": [
            "azurerm_key_vault.key_vault",
            "azurerm_resource_group.resource_group",
            "data.azuread_client_config.current",
            "random_string.random_prefix"
          ]
        }
      ]
    },
    {
      "mode": "managed",
      "type": "azurerm_key_vault_access_policy",
      "name": "df_keyvault_policy",
      "provider": "provider[\"registry.terraform.io/hashicorp/azurerm\"]",
      "instances": [
        {
          "schema_version": 0,
          "attributes": {
            "application_id": null,
            "certificate_permissions": null,
            "id": "/subscriptions/8b41bb3a-73a0-4041-90c2-d82d4d3cbc5f/resourceGroups/bigdata8yu2klmmab_rg/providers/Microsoft.KeyVault/vaults/bigdata8yu2klmmab-kv/objectId/6fb1751e-a976-4344-adc4-216ad2c74ce7",
            "key_permissions": null,
            "key_vault_id": "/subscriptions/8b41bb3a-73a0-4041-90c2-d82d4d3cbc5f/resourceGroups/bigdata8yu2klmmab_rg/providers/Microsoft.KeyVault/vaults/bigdata8yu2klmmab-kv",
            "object_id": "6fb1751e-a976-4344-adc4-216ad2c74ce7",
            "secret_permissions": [
              "Get",
              "List",
              "Set",
              "Delete",
              "Recover",
              "Purge"
            ],
            "storage_permissions": null,
            "tenant_id": "728ec391-9e63-400e-883f-f7fd4a75ac01",
            "timeouts": null
          },
          "sensitive_attributes": [],
          "private": "eyJlMmJmYjczMC1lY2FhLTExZTYtOGY4OC0zNDM2M2JjN2M0YzAiOnsiY3JlYXRlIjoxODAwMDAwMDAwMDAwLCJkZWxldGUiOjE4MDAwMDAwMDAwMDAsInJlYWQiOjMwMDAwMDAwMDAwMCwidXBkYXRlIjoxODAwMDAwMDAwMDAwfX0=",
          "dependencies": [
            "azurerm_data_factory.data_factory",
            "azurerm_key_vault.key_vault",
            "azurerm_resource_group.resource_group",
            "data.azuread_client_config.current",
            "random_string.random_prefix"
          ]
        }
      ]
    },
    {
      "mode": "managed",
      "type": "azurerm_key_vault_secret",
      "name": "adb_client_id",
      "provider": "provider[\"registry.terraform.io/hashicorp/azurerm\"]",
      "instances": [
        {
          "schema_version": 0,
          "attributes": {
            "content_type": "",
            "expiration_date": null,
            "id": "https://bigdata8yu2klmmab-kv.vault.azure.net/secrets/client-id/07589c2638e94bb99fc6dcf772e38d24",
            "key_vault_id": "/subscriptions/8b41bb3a-73a0-4041-90c2-d82d4d3cbc5f/resourceGroups/bigdata8yu2klmmab_rg/providers/Microsoft.KeyVault/vaults/bigdata8yu2klmmab-kv",
            "name": "client-id",
            "not_before_date": null,
            "resource_id": "/subscriptions/8b41bb3a-73a0-4041-90c2-d82d4d3cbc5f/resourceGroups/bigdata8yu2klmmab_rg/providers/Microsoft.KeyVault/vaults/bigdata8yu2klmmab-kv/secrets/client-id/versions/07589c2638e94bb99fc6dcf772e38d24",
            "resource_versionless_id": "/subscriptions/8b41bb3a-73a0-4041-90c2-d82d4d3cbc5f/resourceGroups/bigdata8yu2klmmab_rg/providers/Microsoft.KeyVault/vaults/bigdata8yu2klmmab-kv/secrets/client-id",
            "tags": null,
            "timeouts": null,
            "value": "d1f2fb0d-a1f9-4f2c-9ec0-55c16164b8d3",
            "version": "07589c2638e94bb99fc6dcf772e38d24",
            "versionless_id": "https://bigdata8yu2klmmab-kv.vault.azure.net/secrets/client-id"
          },
          "sensitive_attributes": [
            [
              {
                "type": "get_attr",
                "value": "value"
              }
            ]
          ],
          "private": "eyJlMmJmYjczMC1lY2FhLTExZTYtOGY4OC0zNDM2M2JjN2M0YzAiOnsiY3JlYXRlIjoxODAwMDAwMDAwMDAwLCJkZWxldGUiOjE4MDAwMDAwMDAwMDAsInJlYWQiOjE4MDAwMDAwMDAwMDAsInVwZGF0ZSI6MTgwMDAwMDAwMDAwMH19",
          "dependencies": [
            "azuread_application.databricks_service_application",
            "azuread_service_principal.aad_service_sp",
            "azurerm_key_vault.key_vault",
            "azurerm_key_vault_access_policy.deployer_keyvault_policy",
            "azurerm_resource_group.resource_group",
            "data.azuread_client_config.current",
            "random_string.random_prefix"
          ]
        }
      ]
    },
    {
      "mode": "managed",
      "type": "azurerm_key_vault_secret",
      "name": "adb_client_secret",
      "provider": "provider[\"registry.terraform.io/hashicorp/azurerm\"]",
      "instances": [
        {
          "schema_version": 0,
          "attributes": {
            "content_type": "",
            "expiration_date": null,
            "id": "https://bigdata8yu2klmmab-kv.vault.azure.net/secrets/client-secret/3c7299b94b324f1dbd5bbf523b648794",
            "key_vault_id": "/subscriptions/8b41bb3a-73a0-4041-90c2-d82d4d3cbc5f/resourceGroups/bigdata8yu2klmmab_rg/providers/Microsoft.KeyVault/vaults/bigdata8yu2klmmab-kv",
            "name": "client-secret",
            "not_before_date": null,
            "resource_id": "/subscriptions/8b41bb3a-73a0-4041-90c2-d82d4d3cbc5f/resourceGroups/bigdata8yu2klmmab_rg/providers/Microsoft.KeyVault/vaults/bigdata8yu2klmmab-kv/secrets/client-secret/versions/3c7299b94b324f1dbd5bbf523b648794",
            "resource_versionless_id": "/subscriptions/8b41bb3a-73a0-4041-90c2-d82d4d3cbc5f/resourceGroups/bigdata8yu2klmmab_rg/providers/Microsoft.KeyVault/vaults/bigdata8yu2klmmab-kv/secrets/client-secret",
            "tags": null,
            "timeouts": null,
            "value": "J1a8Q~uPF1PqOJlltRE8HjaeJmJhycvelRx4ZciJ",
            "version": "3c7299b94b324f1dbd5bbf523b648794",
            "versionless_id": "https://bigdata8yu2klmmab-kv.vault.azure.net/secrets/client-secret"
          },
          "sensitive_attributes": [
            [
              {
                "type": "get_attr",
                "value": "value"
              }
            ]
          ],
          "private": "eyJlMmJmYjczMC1lY2FhLTExZTYtOGY4OC0zNDM2M2JjN2M0YzAiOnsiY3JlYXRlIjoxODAwMDAwMDAwMDAwLCJkZWxldGUiOjE4MDAwMDAwMDAwMDAsInJlYWQiOjE4MDAwMDAwMDAwMDAsInVwZGF0ZSI6MTgwMDAwMDAwMDAwMH19",
          "dependencies": [
            "azuread_application.databricks_service_application",
            "azuread_service_principal.aad_service_sp",
            "azuread_service_principal_password.service_sp_pswd",
            "azurerm_key_vault.key_vault",
            "azurerm_key_vault_access_policy.deployer_keyvault_policy",
            "azurerm_resource_group.resource_group",
            "data.azuread_client_config.current",
            "random_string.random_prefix"
          ]
        }
      ]
    },
    {
      "mode": "managed",
      "type": "azurerm_key_vault_secret",
      "name": "adb_tenant_id",
      "provider": "provider[\"registry.terraform.io/hashicorp/azurerm\"]",
      "instances": [
        {
          "schema_version": 0,
          "attributes": {
            "content_type": "",
            "expiration_date": null,
            "id": "https://bigdata8yu2klmmab-kv.vault.azure.net/secrets/client-tenant-id/5397ff1af91b4547b2daafbcdb8bef32",
            "key_vault_id": "/subscriptions/8b41bb3a-73a0-4041-90c2-d82d4d3cbc5f/resourceGroups/bigdata8yu2klmmab_rg/providers/Microsoft.KeyVault/vaults/bigdata8yu2klmmab-kv",
            "name": "client-tenant-id",
            "not_before_date": null,
            "resource_id": "/subscriptions/8b41bb3a-73a0-4041-90c2-d82d4d3cbc5f/resourceGroups/bigdata8yu2klmmab_rg/providers/Microsoft.KeyVault/vaults/bigdata8yu2klmmab-kv/secrets/client-tenant-id/versions/5397ff1af91b4547b2daafbcdb8bef32",
            "resource_versionless_id": "/subscriptions/8b41bb3a-73a0-4041-90c2-d82d4d3cbc5f/resourceGroups/bigdata8yu2klmmab_rg/providers/Microsoft.KeyVault/vaults/bigdata8yu2klmmab-kv/secrets/client-tenant-id",
            "tags": null,
            "timeouts": null,
            "value": "728ec391-9e63-400e-883f-f7fd4a75ac01",
            "version": "5397ff1af91b4547b2daafbcdb8bef32",
            "versionless_id": "https://bigdata8yu2klmmab-kv.vault.azure.net/secrets/client-tenant-id"
          },
          "sensitive_attributes": [
            [
              {
                "type": "get_attr",
                "value": "value"
              }
            ]
          ],
          "private": "eyJlMmJmYjczMC1lY2FhLTExZTYtOGY4OC0zNDM2M2JjN2M0YzAiOnsiY3JlYXRlIjoxODAwMDAwMDAwMDAwLCJkZWxldGUiOjE4MDAwMDAwMDAwMDAsInJlYWQiOjE4MDAwMDAwMDAwMDAsInVwZGF0ZSI6MTgwMDAwMDAwMDAwMH19",
          "dependencies": [
            "azurerm_key_vault.key_vault",
            "azurerm_key_vault_access_policy.deployer_keyvault_policy",
            "azurerm_resource_group.resource_group",
            "data.azuread_client_config.current",
            "random_string.random_prefix"
          ]
        }
      ]
    },
    {
      "mode": "managed",
      "type": "azurerm_key_vault_secret",
      "name": "blob_connection_account_name",
      "provider": "provider[\"registry.terraform.io/hashicorp/azurerm\"]",
      "instances": [
        {
          "schema_version": 0,
          "attributes": {
            "content_type": "",
            "expiration_date": null,
            "id": "https://bigdata8yu2klmmab-kv.vault.azure.net/secrets/blob-storage-account-name/a2258702df3549b3b1d5dc108b2b80a4",
            "key_vault_id": "/subscriptions/8b41bb3a-73a0-4041-90c2-d82d4d3cbc5f/resourceGroups/bigdata8yu2klmmab_rg/providers/Microsoft.KeyVault/vaults/bigdata8yu2klmmab-kv",
            "name": "blob-storage-account-name",
            "not_before_date": null,
            "resource_id": "/subscriptions/8b41bb3a-73a0-4041-90c2-d82d4d3cbc5f/resourceGroups/bigdata8yu2klmmab_rg/providers/Microsoft.KeyVault/vaults/bigdata8yu2klmmab-kv/secrets/blob-storage-account-name/versions/a2258702df3549b3b1d5dc108b2b80a4",
            "resource_versionless_id": "/subscriptions/8b41bb3a-73a0-4041-90c2-d82d4d3cbc5f/resourceGroups/bigdata8yu2klmmab_rg/providers/Microsoft.KeyVault/vaults/bigdata8yu2klmmab-kv/secrets/blob-storage-account-name",
            "tags": null,
            "timeouts": null,
            "value": "sourcebigdata8yu2klmmab",
            "version": "a2258702df3549b3b1d5dc108b2b80a4",
            "versionless_id": "https://bigdata8yu2klmmab-kv.vault.azure.net/secrets/blob-storage-account-name"
          },
          "sensitive_attributes": [
            [
              {
                "type": "get_attr",
                "value": "value"
              }
            ]
          ],
          "private": "eyJlMmJmYjczMC1lY2FhLTExZTYtOGY4OC0zNDM2M2JjN2M0YzAiOnsiY3JlYXRlIjoxODAwMDAwMDAwMDAwLCJkZWxldGUiOjE4MDAwMDAwMDAwMDAsInJlYWQiOjE4MDAwMDAwMDAwMDAsInVwZGF0ZSI6MTgwMDAwMDAwMDAwMH19",
          "dependencies": [
            "azurerm_key_vault.key_vault",
            "azurerm_key_vault_access_policy.deployer_keyvault_policy",
            "azurerm_resource_group.resource_group",
            "azurerm_storage_account.source_storage_account",
            "data.azuread_client_config.current",
            "random_string.random_prefix"
          ]
        }
      ]
    },
    {
      "mode": "managed",
      "type": "azurerm_key_vault_secret",
      "name": "blob_connection_string_secret",
      "provider": "provider[\"registry.terraform.io/hashicorp/azurerm\"]",
      "instances": [
        {
          "schema_version": 0,
          "attributes": {
            "content_type": "",
            "expiration_date": null,
            "id": "https://bigdata8yu2klmmab-kv.vault.azure.net/secrets/blob-storage-access-key/059a37d81f7f4d73bcb20c4567a2a5f8",
            "key_vault_id": "/subscriptions/8b41bb3a-73a0-4041-90c2-d82d4d3cbc5f/resourceGroups/bigdata8yu2klmmab_rg/providers/Microsoft.KeyVault/vaults/bigdata8yu2klmmab-kv",
            "name": "blob-storage-access-key",
            "not_before_date": null,
            "resource_id": "/subscriptions/8b41bb3a-73a0-4041-90c2-d82d4d3cbc5f/resourceGroups/bigdata8yu2klmmab_rg/providers/Microsoft.KeyVault/vaults/bigdata8yu2klmmab-kv/secrets/blob-storage-access-key/versions/059a37d81f7f4d73bcb20c4567a2a5f8",
            "resource_versionless_id": "/subscriptions/8b41bb3a-73a0-4041-90c2-d82d4d3cbc5f/resourceGroups/bigdata8yu2klmmab_rg/providers/Microsoft.KeyVault/vaults/bigdata8yu2klmmab-kv/secrets/blob-storage-access-key",
            "tags": null,
            "timeouts": null,
            "value": "DefaultEndpointsProtocol=https;AccountName=sourcebigdata8yu2klmmab;AccountKey=umhKPVYr0b7+3i10EUjOcE52enWxLnvPvG4Q83A2hw55lMI58hhaq8RiMftScoyGXhiAU7RVhtfF+AStdnp0Cw==;EndpointSuffix=core.windows.net",
            "version": "059a37d81f7f4d73bcb20c4567a2a5f8",
            "versionless_id": "https://bigdata8yu2klmmab-kv.vault.azure.net/secrets/blob-storage-access-key"
          },
          "sensitive_attributes": [
            [
              {
                "type": "get_attr",
                "value": "value"
              }
            ]
          ],
          "private": "eyJlMmJmYjczMC1lY2FhLTExZTYtOGY4OC0zNDM2M2JjN2M0YzAiOnsiY3JlYXRlIjoxODAwMDAwMDAwMDAwLCJkZWxldGUiOjE4MDAwMDAwMDAwMDAsInJlYWQiOjE4MDAwMDAwMDAwMDAsInVwZGF0ZSI6MTgwMDAwMDAwMDAwMH19",
          "dependencies": [
            "azurerm_key_vault.key_vault",
            "azurerm_key_vault_access_policy.deployer_keyvault_policy",
            "azurerm_resource_group.resource_group",
            "azurerm_storage_account.source_storage_account",
            "data.azuread_client_config.current",
            "random_string.random_prefix"
          ]
        }
      ]
    },
    {
      "mode": "managed",
      "type": "azurerm_key_vault_secret",
      "name": "datalake-access-key-secret",
      "provider": "provider[\"registry.terraform.io/hashicorp/azurerm\"]",
      "instances": [
        {
          "schema_version": 0,
          "attributes": {
            "content_type": "",
            "expiration_date": null,
            "id": "https://bigdata8yu2klmmab-kv.vault.azure.net/secrets/datalake-access-key/e3babaa700d743a380d1083f345a848c",
            "key_vault_id": "/subscriptions/8b41bb3a-73a0-4041-90c2-d82d4d3cbc5f/resourceGroups/bigdata8yu2klmmab_rg/providers/Microsoft.KeyVault/vaults/bigdata8yu2klmmab-kv",
            "name": "datalake-access-key",
            "not_before_date": null,
            "resource_id": "/subscriptions/8b41bb3a-73a0-4041-90c2-d82d4d3cbc5f/resourceGroups/bigdata8yu2klmmab_rg/providers/Microsoft.KeyVault/vaults/bigdata8yu2klmmab-kv/secrets/datalake-access-key/versions/e3babaa700d743a380d1083f345a848c",
            "resource_versionless_id": "/subscriptions/8b41bb3a-73a0-4041-90c2-d82d4d3cbc5f/resourceGroups/bigdata8yu2klmmab_rg/providers/Microsoft.KeyVault/vaults/bigdata8yu2klmmab-kv/secrets/datalake-access-key",
            "tags": null,
            "timeouts": null,
            "value": "wfMX6SvqGnGo4JxhgGhvmmNnaZjNmIG8OvmxiMgUam/YLTu9jVE4BxNbKG70/VJrvQNMEczHlnwe+AStCkme+w==",
            "version": "e3babaa700d743a380d1083f345a848c",
            "versionless_id": "https://bigdata8yu2klmmab-kv.vault.azure.net/secrets/datalake-access-key"
          },
          "sensitive_attributes": [
            [
              {
                "type": "get_attr",
                "value": "value"
              }
            ]
          ],
          "private": "eyJlMmJmYjczMC1lY2FhLTExZTYtOGY4OC0zNDM2M2JjN2M0YzAiOnsiY3JlYXRlIjoxODAwMDAwMDAwMDAwLCJkZWxldGUiOjE4MDAwMDAwMDAwMDAsInJlYWQiOjE4MDAwMDAwMDAwMDAsInVwZGF0ZSI6MTgwMDAwMDAwMDAwMH19",
          "dependencies": [
            "azurerm_key_vault.key_vault",
            "azurerm_key_vault_access_policy.deployer_keyvault_policy",
            "azurerm_resource_group.resource_group",
            "azurerm_storage_account.datalake_storage_account",
            "data.azuread_client_config.current",
            "random_string.random_prefix"
          ]
        }
      ]
    },
    {
      "mode": "managed",
      "type": "azurerm_key_vault_secret",
      "name": "source_event_hub_connection_string_secret",
      "provider": "provider[\"registry.terraform.io/hashicorp/azurerm\"]",
      "instances": [
        {
          "schema_version": 0,
          "attributes": {
            "content_type": "",
            "expiration_date": null,
            "id": "https://bigdata8yu2klmmab-kv.vault.azure.net/secrets/source-eventhub-connection-string/53b837a5015745ebbbf9722e26d4af1d",
            "key_vault_id": "/subscriptions/8b41bb3a-73a0-4041-90c2-d82d4d3cbc5f/resourceGroups/bigdata8yu2klmmab_rg/providers/Microsoft.KeyVault/vaults/bigdata8yu2klmmab-kv",
            "name": "source-eventhub-connection-string",
            "not_before_date": null,
            "resource_id": "/subscriptions/8b41bb3a-73a0-4041-90c2-d82d4d3cbc5f/resourceGroups/bigdata8yu2klmmab_rg/providers/Microsoft.KeyVault/vaults/bigdata8yu2klmmab-kv/secrets/source-eventhub-connection-string/versions/53b837a5015745ebbbf9722e26d4af1d",
            "resource_versionless_id": "/subscriptions/8b41bb3a-73a0-4041-90c2-d82d4d3cbc5f/resourceGroups/bigdata8yu2klmmab_rg/providers/Microsoft.KeyVault/vaults/bigdata8yu2klmmab-kv/secrets/source-eventhub-connection-string",
            "tags": null,
            "timeouts": null,
            "value": "Endpoint=sb://eventhub-namespace-bigdata8yu2klmmab.servicebus.windows.net/;SharedAccessKeyName=accessPolicy;SharedAccessKey=A2L4IeEw0Fj4wVEPUi3dGVPXP1a44VWpP+AEhHhRfVU=;EntityPath=observation-generator-event-hub",
            "version": "53b837a5015745ebbbf9722e26d4af1d",
            "versionless_id": "https://bigdata8yu2klmmab-kv.vault.azure.net/secrets/source-eventhub-connection-string"
          },
          "sensitive_attributes": [
            [
              {
                "type": "get_attr",
                "value": "value"
              }
            ]
          ],
          "private": "eyJlMmJmYjczMC1lY2FhLTExZTYtOGY4OC0zNDM2M2JjN2M0YzAiOnsiY3JlYXRlIjoxODAwMDAwMDAwMDAwLCJkZWxldGUiOjE4MDAwMDAwMDAwMDAsInJlYWQiOjE4MDAwMDAwMDAwMDAsInVwZGF0ZSI6MTgwMDAwMDAwMDAwMH19",
          "dependencies": [
            "azurerm_eventhub.observation_eventhub",
            "azurerm_eventhub_authorization_rule.observation_eventhub_auth_rule",
            "azurerm_eventhub_namespace.eventhub_namespace",
            "azurerm_key_vault.key_vault",
            "azurerm_key_vault_access_policy.deployer_keyvault_policy",
            "azurerm_resource_group.resource_group",
            "data.azuread_client_config.current",
            "random_string.random_prefix"
          ]
        }
      ]
    },
    {
      "mode": "managed",
      "type": "azurerm_key_vault_secret",
      "name": "target_event_hub_connection_string_secret",
      "provider": "provider[\"registry.terraform.io/hashicorp/azurerm\"]",
      "instances": [
        {
          "schema_version": 0,
          "attributes": {
            "content_type": "",
            "expiration_date": null,
            "id": "https://bigdata8yu2klmmab-kv.vault.azure.net/secrets/target-eventhub-connection-string/f4705f39f5ff4b1c8df4cfd80e0bc155",
            "key_vault_id": "/subscriptions/8b41bb3a-73a0-4041-90c2-d82d4d3cbc5f/resourceGroups/bigdata8yu2klmmab_rg/providers/Microsoft.KeyVault/vaults/bigdata8yu2klmmab-kv",
            "name": "target-eventhub-connection-string",
            "not_before_date": null,
            "resource_id": "/subscriptions/8b41bb3a-73a0-4041-90c2-d82d4d3cbc5f/resourceGroups/bigdata8yu2klmmab_rg/providers/Microsoft.KeyVault/vaults/bigdata8yu2klmmab-kv/secrets/target-eventhub-connection-string/versions/f4705f39f5ff4b1c8df4cfd80e0bc155",
            "resource_versionless_id": "/subscriptions/8b41bb3a-73a0-4041-90c2-d82d4d3cbc5f/resourceGroups/bigdata8yu2klmmab_rg/providers/Microsoft.KeyVault/vaults/bigdata8yu2klmmab-kv/secrets/target-eventhub-connection-string",
            "tags": null,
            "timeouts": null,
            "value": "Endpoint=sb://eventhub-namespace-bigdata8yu2klmmab.servicebus.windows.net/;SharedAccessKeyName=accessPolicy;SharedAccessKey=qISicm67DsbSAuLtfM3SYrqwDKCafIR+V+AEhH1qt7o=;EntityPath=target-event-hub",
            "version": "f4705f39f5ff4b1c8df4cfd80e0bc155",
            "versionless_id": "https://bigdata8yu2klmmab-kv.vault.azure.net/secrets/target-eventhub-connection-string"
          },
          "sensitive_attributes": [
            [
              {
                "type": "get_attr",
                "value": "value"
              }
            ]
          ],
          "private": "eyJlMmJmYjczMC1lY2FhLTExZTYtOGY4OC0zNDM2M2JjN2M0YzAiOnsiY3JlYXRlIjoxODAwMDAwMDAwMDAwLCJkZWxldGUiOjE4MDAwMDAwMDAwMDAsInJlYWQiOjE4MDAwMDAwMDAwMDAsInVwZGF0ZSI6MTgwMDAwMDAwMDAwMH19",
          "dependencies": [
            "azurerm_eventhub.target_observation_eventhub",
            "azurerm_eventhub_authorization_rule.target_observation_eventhub_auth_rule",
            "azurerm_eventhub_namespace.eventhub_namespace",
            "azurerm_key_vault.key_vault",
            "azurerm_key_vault_access_policy.deployer_keyvault_policy",
            "azurerm_resource_group.resource_group",
            "data.azuread_client_config.current",
            "random_string.random_prefix"
          ]
        }
      ]
    },
    {
      "mode": "managed",
      "type": "azurerm_linux_function_app",
      "name": "observation_function",
      "provider": "provider[\"registry.terraform.io/hashicorp/azurerm\"]",
      "instances": [
        {
          "schema_version": 0,
          "attributes": {
            "app_settings": {
              "WEBSITE_RUN_FROM_PACKAGE": "https://sourcebigdata8yu2klmmab.blob.core.windows.net/custom-function-releases/functions-6609c6.zip",
              "accessPolicy": "Endpoint=sb://eventhub-namespace-bigdata8yu2klmmab.servicebus.windows.net/;SharedAccessKeyName=accessPolicy;SharedAccessKey=A2L4IeEw0Fj4wVEPUi3dGVPXP1a44VWpP+AEhHhRfVU=;EntityPath=observation-generator-event-hub"
            },
            "auth_settings": [],
            "auth_settings_v2": [],
            "backup": [],
            "builtin_logging_enabled": true,
            "client_certificate_enabled": false,
            "client_certificate_exclusion_paths": "",
            "client_certificate_mode": "Optional",
            "connection_string": [
              {
                "name": "accessPolicy",
                "type": "EventHub",
                "value": "Endpoint=sb://eventhub-namespace-bigdata8yu2klmmab.servicebus.windows.net/;SharedAccessKeyName=accessPolicy;SharedAccessKey=A2L4IeEw0Fj4wVEPUi3dGVPXP1a44VWpP+AEhHhRfVU=;EntityPath=observation-generator-event-hub"
              }
            ],
            "content_share_force_disabled": false,
            "custom_domain_verification_id": "9FC6892A12FC2BF749F7CA00D33FCD5B3E2FFA6A253E0647B9D4D0133938F1AB",
            "daily_memory_time_quota": 0,
            "default_hostname": "generator-function-app-bigdata8yu2klmmab.azurewebsites.net",
            "enabled": true,
            "functions_extension_version": "~4",
            "hosting_environment_id": "",
            "https_only": false,
            "id": "/subscriptions/8b41bb3a-73a0-4041-90c2-d82d4d3cbc5f/resourceGroups/bigdata8yu2klmmab_rg/providers/Microsoft.Web/sites/generator-function-app-bigdata8yu2klmmab",
            "identity": [
              {
                "identity_ids": null,
                "principal_id": "e617b73e-9845-4c2c-9e70-4817b875faf9",
                "tenant_id": "728ec391-9e63-400e-883f-f7fd4a75ac01",
                "type": "SystemAssigned"
              }
            ],
            "key_vault_reference_identity_id": "SystemAssigned",
            "kind": "functionapp,linux",
            "location": "northeurope",
            "name": "generator-function-app-bigdata8yu2klmmab",
            "outbound_ip_address_list": [
              "52.178.157.85",
              "52.178.154.170",
              "52.178.159.233",
              "52.178.157.162",
              "52.178.158.175"
            ],
            "outbound_ip_addresses": "52.178.157.85,52.178.154.170,52.178.159.233,52.178.157.162,52.178.158.175",
            "possible_outbound_ip_address_list": [
              "52.178.157.85",
              "52.178.154.170",
              "52.178.159.233",
              "52.178.157.162",
              "52.138.179.135",
              "52.169.12.39",
              "20.67.161.194",
              "20.67.161.249",
              "20.67.163.248",
              "20.67.164.8",
              "20.67.166.245",
              "20.67.167.165",
              "20.107.131.199",
              "20.234.72.202",
              "20.234.72.240",
              "20.234.76.254",
              "20.234.78.56",
              "20.234.78.158",
              "52.178.158.175"
            ],
            "possible_outbound_ip_addresses": "52.178.157.85,52.178.154.170,52.178.159.233,52.178.157.162,52.138.179.135,52.169.12.39,20.67.161.194,20.67.161.249,20.67.163.248,20.67.164.8,20.67.166.245,20.67.167.165,20.107.131.199,20.234.72.202,20.234.72.240,20.234.76.254,20.234.78.56,20.234.78.158,52.178.158.175",
            "public_network_access_enabled": true,
            "resource_group_name": "bigdata8yu2klmmab_rg",
            "service_plan_id": "/subscriptions/8b41bb3a-73a0-4041-90c2-d82d4d3cbc5f/resourceGroups/bigdata8yu2klmmab_rg/providers/Microsoft.Web/serverfarms/app-service-plan",
            "site_config": [
              {
                "always_on": false,
                "api_definition_url": "",
                "api_management_api_id": "",
                "app_command_line": "",
                "app_scale_limit": 200,
                "app_service_logs": [],
                "application_insights_connection_string": "",
                "application_insights_key": "",
                "application_stack": [
                  {
                    "docker": [],
                    "dotnet_version": "",
                    "java_version": "17",
                    "node_version": "",
                    "powershell_core_version": "",
                    "python_version": "",
                    "use_custom_runtime": false,
                    "use_dotnet_isolated_runtime": false
                  }
                ],
                "container_registry_managed_identity_client_id": "",
                "container_registry_use_managed_identity": false,
                "cors": [],
                "default_documents": [
                  "Default.htm",
                  "Default.html",
                  "Default.asp",
                  "index.htm",
                  "index.html",
                  "iisstart.htm",
                  "default.aspx",
                  "index.php"
                ],
                "detailed_error_logging_enabled": false,
                "elastic_instance_minimum": 0,
                "ftps_state": "Disabled",
                "health_check_eviction_time_in_min": 0,
                "health_check_path": "",
                "http2_enabled": false,
                "ip_restriction": [],
                "linux_fx_version": "JAVA|17",
                "load_balancing_mode": "LeastRequests",
                "managed_pipeline_mode": "Integrated",
                "minimum_tls_version": "1.2",
                "pre_warmed_instance_count": 0,
                "remote_debugging_enabled": false,
                "remote_debugging_version": "",
                "runtime_scale_monitoring_enabled": false,
                "scm_ip_restriction": [],
                "scm_minimum_tls_version": "1.2",
                "scm_type": "None",
                "scm_use_main_ip_restriction": false,
                "use_32_bit_worker": false,
                "vnet_route_all_enabled": false,
                "websockets_enabled": false,
                "worker_count": 1
              }
            ],
            "site_credential": [
              {
                "name": "$generator-function-app-bigdata8yu2klmmab",
                "password": "WMhnT1jdFRWg6qBi44KFakNqsRv9JBAukkyAuFSZ4Kur6jflNBwyE9LkbM7u"
              }
            ],
            "sticky_settings": [],
            "storage_account": [],
            "storage_account_access_key": "umhKPVYr0b7+3i10EUjOcE52enWxLnvPvG4Q83A2hw55lMI58hhaq8RiMftScoyGXhiAU7RVhtfF+AStdnp0Cw==",
            "storage_account_name": "sourcebigdata8yu2klmmab",
            "storage_key_vault_secret_id": "",
            "storage_uses_managed_identity": false,
            "tags": {
              "Environment": "Big Data Reference Lab"
            },
            "timeouts": null,
            "virtual_network_subnet_id": "",
            "zip_deploy_file": ""
          },
          "sensitive_attributes": [
            [
              {
                "type": "get_attr",
                "value": "site_credential"
              }
            ],
            [
              {
                "type": "get_attr",
                "value": "connection_string"
              }
            ],
            [
              {
                "type": "get_attr",
                "value": "site_config"
              },
              {
                "type": "index",
                "value": {
                  "value": 0,
                  "type": "number"
                }
              },
              {
                "type": "get_attr",
                "value": "application_insights_key"
              }
            ],
            [
              {
                "type": "get_attr",
                "value": "site_config"
              },
              {
                "type": "index",
                "value": {
                  "value": 0,
                  "type": "number"
                }
              },
              {
                "type": "get_attr",
                "value": "application_insights_connection_string"
              }
            ],
            [
              {
                "type": "get_attr",
                "value": "storage_account_access_key"
              }
            ],
            [
              {
                "type": "get_attr",
                "value": "app_settings"
              },
              {
                "type": "index",
                "value": {
                  "value": "accessPolicy",
                  "type": "string"
                }
              }
            ],
            [
              {
                "type": "get_attr",
                "value": "custom_domain_verification_id"
              }
            ]
          ],
          "private": "eyJlMmJmYjczMC1lY2FhLTExZTYtOGY4OC0zNDM2M2JjN2M0YzAiOnsiY3JlYXRlIjoxODAwMDAwMDAwMDAwLCJkZWxldGUiOjE4MDAwMDAwMDAwMDAsInJlYWQiOjMwMDAwMDAwMDAwMCwidXBkYXRlIjoxODAwMDAwMDAwMDAwfX0=",
          "dependencies": [
            "azurerm_eventhub.observation_eventhub",
            "azurerm_eventhub_authorization_rule.observation_eventhub_auth_rule",
            "azurerm_eventhub_namespace.eventhub_namespace",
            "azurerm_resource_group.resource_group",
            "azurerm_service_plan.service_plan",
            "azurerm_storage_account.source_storage_account",
            "azurerm_storage_blob.storage_blob_function",
            "azurerm_storage_container.storage_container_function",
            "data.archive_file.function",
            "random_string.random_prefix"
          ]
        }
      ]
    },
    {
      "mode": "managed",
      "type": "azurerm_resource_group",
      "name": "resource_group",
      "provider": "provider[\"registry.terraform.io/hashicorp/azurerm\"]",
      "instances": [
        {
          "schema_version": 0,
          "attributes": {
            "id": "/subscriptions/8b41bb3a-73a0-4041-90c2-d82d4d3cbc5f/resourceGroups/bigdata8yu2klmmab_rg",
            "location": "northeurope",
            "managed_by": "",
            "name": "bigdata8yu2klmmab_rg",
            "tags": null,
            "timeouts": null
          },
          "sensitive_attributes": [],
          "private": "eyJlMmJmYjczMC1lY2FhLTExZTYtOGY4OC0zNDM2M2JjN2M0YzAiOnsiY3JlYXRlIjo1NDAwMDAwMDAwMDAwLCJkZWxldGUiOjU0MDAwMDAwMDAwMDAsInJlYWQiOjMwMDAwMDAwMDAwMCwidXBkYXRlIjo1NDAwMDAwMDAwMDAwfX0=",
          "dependencies": [
            "random_string.random_prefix"
          ]
        }
      ]
    },
    {
      "mode": "managed",
      "type": "azurerm_role_assignment",
      "name": "databricks_dl_role_assignment",
      "provider": "provider[\"registry.terraform.io/hashicorp/azurerm\"]",
      "instances": [
        {
          "index_key": "Contributor",
          "schema_version": 0,
          "attributes": {
            "condition": "",
            "condition_version": "",
            "delegated_managed_identity_resource_id": "",
            "description": "",
            "id": "/subscriptions/8b41bb3a-73a0-4041-90c2-d82d4d3cbc5f/resourceGroups/bigdata8yu2klmmab_rg/providers/Microsoft.Storage/storageAccounts/datalakebigdata8yu2klmma/providers/Microsoft.Authorization/roleAssignments/461e1467-fa9c-bef0-79b9-db82872e82b2",
            "name": "461e1467-fa9c-bef0-79b9-db82872e82b2",
            "principal_id": "ce2f530c-6635-4656-9a18-ccb851a7a9e6",
            "principal_type": "ServicePrincipal",
            "role_definition_id": "/subscriptions/8b41bb3a-73a0-4041-90c2-d82d4d3cbc5f/providers/Microsoft.Authorization/roleDefinitions/b24988ac-6180-42a0-ab88-20f7382dd24c",
            "role_definition_name": "Contributor",
            "scope": "/subscriptions/8b41bb3a-73a0-4041-90c2-d82d4d3cbc5f/resourceGroups/bigdata8yu2klmmab_rg/providers/Microsoft.Storage/storageAccounts/datalakebigdata8yu2klmma",
            "skip_service_principal_aad_check": null,
            "timeouts": null
          },
          "sensitive_attributes": [],
          "private": "eyJlMmJmYjczMC1lY2FhLTExZTYtOGY4OC0zNDM2M2JjN2M0YzAiOnsiY3JlYXRlIjoxODAwMDAwMDAwMDAwLCJkZWxldGUiOjE4MDAwMDAwMDAwMDAsInJlYWQiOjMwMDAwMDAwMDAwMCwidXBkYXRlIjoxODAwMDAwMDAwMDAwfX0=",
          "dependencies": [
            "azuread_application.databricks_service_application",
            "azuread_service_principal.aad_service_sp",
            "azurerm_resource_group.resource_group",
            "azurerm_storage_account.datalake_storage_account",
            "data.azuread_client_config.current",
            "random_string.random_prefix"
          ]
        },
        {
          "index_key": "Storage Blob Data Owner",
          "schema_version": 0,
          "attributes": {
            "condition": "",
            "condition_version": "",
            "delegated_managed_identity_resource_id": "",
            "description": "",
            "id": "/subscriptions/8b41bb3a-73a0-4041-90c2-d82d4d3cbc5f/resourceGroups/bigdata8yu2klmmab_rg/providers/Microsoft.Storage/storageAccounts/datalakebigdata8yu2klmma/providers/Microsoft.Authorization/roleAssignments/eb5f379f-413c-147f-723d-ce85ceb9be75",
            "name": "eb5f379f-413c-147f-723d-ce85ceb9be75",
            "principal_id": "ce2f530c-6635-4656-9a18-ccb851a7a9e6",
            "principal_type": "ServicePrincipal",
            "role_definition_id": "/subscriptions/8b41bb3a-73a0-4041-90c2-d82d4d3cbc5f/providers/Microsoft.Authorization/roleDefinitions/b7e6dc6d-f1e8-4753-8033-0f276bb0955b",
            "role_definition_name": "Storage Blob Data Owner",
            "scope": "/subscriptions/8b41bb3a-73a0-4041-90c2-d82d4d3cbc5f/resourceGroups/bigdata8yu2klmmab_rg/providers/Microsoft.Storage/storageAccounts/datalakebigdata8yu2klmma",
            "skip_service_principal_aad_check": null,
            "timeouts": null
          },
          "sensitive_attributes": [],
          "private": "eyJlMmJmYjczMC1lY2FhLTExZTYtOGY4OC0zNDM2M2JjN2M0YzAiOnsiY3JlYXRlIjoxODAwMDAwMDAwMDAwLCJkZWxldGUiOjE4MDAwMDAwMDAwMDAsInJlYWQiOjMwMDAwMDAwMDAwMCwidXBkYXRlIjoxODAwMDAwMDAwMDAwfX0=",
          "dependencies": [
            "azuread_application.databricks_service_application",
            "azuread_service_principal.aad_service_sp",
            "azurerm_resource_group.resource_group",
            "azurerm_storage_account.datalake_storage_account",
            "data.azuread_client_config.current",
            "random_string.random_prefix"
          ]
        }
      ]
    },
    {
      "mode": "managed",
      "type": "azurerm_role_assignment",
      "name": "deployer_databricks_role_assignement",
      "provider": "provider[\"registry.terraform.io/hashicorp/azurerm\"]",
      "instances": [
        {
          "index_key": "Contributor",
          "schema_version": 0,
          "attributes": {
            "condition": "",
            "condition_version": "",
            "delegated_managed_identity_resource_id": "",
            "description": "",
            "id": "/subscriptions/8b41bb3a-73a0-4041-90c2-d82d4d3cbc5f/resourceGroups/bigdata8yu2klmmab_rg/providers/Microsoft.Databricks/workspaces/databricks-workspace-bigdata8yu2klmmab/providers/Microsoft.Authorization/roleAssignments/63e7d6fe-71bb-e888-1ac0-95f41ca8a211",
            "name": "63e7d6fe-71bb-e888-1ac0-95f41ca8a211",
            "principal_id": "881efb1c-9e27-4b58-823a-230f51d9a8f4",
            "principal_type": "User",
            "role_definition_id": "/subscriptions/8b41bb3a-73a0-4041-90c2-d82d4d3cbc5f/providers/Microsoft.Authorization/roleDefinitions/b24988ac-6180-42a0-ab88-20f7382dd24c",
            "role_definition_name": "Contributor",
            "scope": "/subscriptions/8b41bb3a-73a0-4041-90c2-d82d4d3cbc5f/resourceGroups/bigdata8yu2klmmab_rg/providers/Microsoft.Databricks/workspaces/databricks-workspace-bigdata8yu2klmmab",
            "skip_service_principal_aad_check": null,
            "timeouts": null
          },
          "sensitive_attributes": [],
          "private": "eyJlMmJmYjczMC1lY2FhLTExZTYtOGY4OC0zNDM2M2JjN2M0YzAiOnsiY3JlYXRlIjoxODAwMDAwMDAwMDAwLCJkZWxldGUiOjE4MDAwMDAwMDAwMDAsInJlYWQiOjMwMDAwMDAwMDAwMCwidXBkYXRlIjoxODAwMDAwMDAwMDAwfX0=",
          "dependencies": [
            "azurerm_databricks_workspace.databricks_workspace",
            "azurerm_resource_group.resource_group",
            "data.azuread_client_config.current",
            "random_string.random_prefix"
          ]
        },
        {
          "index_key": "Storage Blob Data Owner",
          "schema_version": 0,
          "attributes": {
            "condition": "",
            "condition_version": "",
            "delegated_managed_identity_resource_id": "",
            "description": "",
            "id": "/subscriptions/8b41bb3a-73a0-4041-90c2-d82d4d3cbc5f/resourceGroups/bigdata8yu2klmmab_rg/providers/Microsoft.Databricks/workspaces/databricks-workspace-bigdata8yu2klmmab/providers/Microsoft.Authorization/roleAssignments/ec4e0f9c-9439-6632-96b8-626993f3a43a",
            "name": "ec4e0f9c-9439-6632-96b8-626993f3a43a",
            "principal_id": "881efb1c-9e27-4b58-823a-230f51d9a8f4",
            "principal_type": "User",
            "role_definition_id": "/subscriptions/8b41bb3a-73a0-4041-90c2-d82d4d3cbc5f/providers/Microsoft.Authorization/roleDefinitions/b7e6dc6d-f1e8-4753-8033-0f276bb0955b",
            "role_definition_name": "Storage Blob Data Owner",
            "scope": "/subscriptions/8b41bb3a-73a0-4041-90c2-d82d4d3cbc5f/resourceGroups/bigdata8yu2klmmab_rg/providers/Microsoft.Databricks/workspaces/databricks-workspace-bigdata8yu2klmmab",
            "skip_service_principal_aad_check": null,
            "timeouts": null
          },
          "sensitive_attributes": [],
          "private": "eyJlMmJmYjczMC1lY2FhLTExZTYtOGY4OC0zNDM2M2JjN2M0YzAiOnsiY3JlYXRlIjoxODAwMDAwMDAwMDAwLCJkZWxldGUiOjE4MDAwMDAwMDAwMDAsInJlYWQiOjMwMDAwMDAwMDAwMCwidXBkYXRlIjoxODAwMDAwMDAwMDAwfX0=",
          "dependencies": [
            "azurerm_databricks_workspace.databricks_workspace",
            "azurerm_resource_group.resource_group",
            "data.azuread_client_config.current",
            "random_string.random_prefix"
          ]
        }
      ]
    },
    {
      "mode": "managed",
      "type": "azurerm_role_assignment",
      "name": "df_databricks_role_assignement",
      "provider": "provider[\"registry.terraform.io/hashicorp/azurerm\"]",
      "instances": [
        {
          "index_key": "Contributor",
          "schema_version": 0,
          "attributes": {
            "condition": "",
            "condition_version": "",
            "delegated_managed_identity_resource_id": "",
            "description": "",
            "id": "/subscriptions/8b41bb3a-73a0-4041-90c2-d82d4d3cbc5f/resourceGroups/bigdata8yu2klmmab_rg/providers/Microsoft.Databricks/workspaces/databricks-workspace-bigdata8yu2klmmab/providers/Microsoft.Authorization/roleAssignments/436cd1df-fe9c-64d5-dce9-23cb4418a883",
            "name": "436cd1df-fe9c-64d5-dce9-23cb4418a883",
            "principal_id": "6fb1751e-a976-4344-adc4-216ad2c74ce7",
            "principal_type": "ServicePrincipal",
            "role_definition_id": "/subscriptions/8b41bb3a-73a0-4041-90c2-d82d4d3cbc5f/providers/Microsoft.Authorization/roleDefinitions/b24988ac-6180-42a0-ab88-20f7382dd24c",
            "role_definition_name": "Contributor",
            "scope": "/subscriptions/8b41bb3a-73a0-4041-90c2-d82d4d3cbc5f/resourceGroups/bigdata8yu2klmmab_rg/providers/Microsoft.Databricks/workspaces/databricks-workspace-bigdata8yu2klmmab",
            "skip_service_principal_aad_check": null,
            "timeouts": null
          },
          "sensitive_attributes": [],
          "private": "eyJlMmJmYjczMC1lY2FhLTExZTYtOGY4OC0zNDM2M2JjN2M0YzAiOnsiY3JlYXRlIjoxODAwMDAwMDAwMDAwLCJkZWxldGUiOjE4MDAwMDAwMDAwMDAsInJlYWQiOjMwMDAwMDAwMDAwMCwidXBkYXRlIjoxODAwMDAwMDAwMDAwfX0=",
          "dependencies": [
            "azurerm_data_factory.data_factory",
            "azurerm_databricks_workspace.databricks_workspace",
            "azurerm_resource_group.resource_group",
            "random_string.random_prefix"
          ]
        },
        {
          "index_key": "Storage Blob Data Owner",
          "schema_version": 0,
          "attributes": {
            "condition": "",
            "condition_version": "",
            "delegated_managed_identity_resource_id": "",
            "description": "",
            "id": "/subscriptions/8b41bb3a-73a0-4041-90c2-d82d4d3cbc5f/resourceGroups/bigdata8yu2klmmab_rg/providers/Microsoft.Databricks/workspaces/databricks-workspace-bigdata8yu2klmmab/providers/Microsoft.Authorization/roleAssignments/b4e1596f-7cf9-13c8-f7ed-cc1da543864b",
            "name": "b4e1596f-7cf9-13c8-f7ed-cc1da543864b",
            "principal_id": "6fb1751e-a976-4344-adc4-216ad2c74ce7",
            "principal_type": "ServicePrincipal",
            "role_definition_id": "/subscriptions/8b41bb3a-73a0-4041-90c2-d82d4d3cbc5f/providers/Microsoft.Authorization/roleDefinitions/b7e6dc6d-f1e8-4753-8033-0f276bb0955b",
            "role_definition_name": "Storage Blob Data Owner",
            "scope": "/subscriptions/8b41bb3a-73a0-4041-90c2-d82d4d3cbc5f/resourceGroups/bigdata8yu2klmmab_rg/providers/Microsoft.Databricks/workspaces/databricks-workspace-bigdata8yu2klmmab",
            "skip_service_principal_aad_check": null,
            "timeouts": null
          },
          "sensitive_attributes": [],
          "private": "eyJlMmJmYjczMC1lY2FhLTExZTYtOGY4OC0zNDM2M2JjN2M0YzAiOnsiY3JlYXRlIjoxODAwMDAwMDAwMDAwLCJkZWxldGUiOjE4MDAwMDAwMDAwMDAsInJlYWQiOjMwMDAwMDAwMDAwMCwidXBkYXRlIjoxODAwMDAwMDAwMDAwfX0=",
          "dependencies": [
            "azurerm_data_factory.data_factory",
            "azurerm_databricks_workspace.databricks_workspace",
            "azurerm_resource_group.resource_group",
            "random_string.random_prefix"
          ]
        }
      ]
    },
    {
      "mode": "managed",
      "type": "azurerm_role_assignment",
      "name": "df_datalake_role_assignement",
      "provider": "provider[\"registry.terraform.io/hashicorp/azurerm\"]",
      "instances": [
        {
          "index_key": "Contributor",
          "schema_version": 0,
          "attributes": {
            "condition": "",
            "condition_version": "",
            "delegated_managed_identity_resource_id": "",
            "description": "",
            "id": "/subscriptions/8b41bb3a-73a0-4041-90c2-d82d4d3cbc5f/resourceGroups/bigdata8yu2klmmab_rg/providers/Microsoft.Storage/storageAccounts/datalakebigdata8yu2klmma/providers/Microsoft.Authorization/roleAssignments/0f04241e-5ccb-73a9-7ca4-063809d91a6c",
            "name": "0f04241e-5ccb-73a9-7ca4-063809d91a6c",
            "principal_id": "6fb1751e-a976-4344-adc4-216ad2c74ce7",
            "principal_type": "ServicePrincipal",
            "role_definition_id": "/subscriptions/8b41bb3a-73a0-4041-90c2-d82d4d3cbc5f/providers/Microsoft.Authorization/roleDefinitions/b24988ac-6180-42a0-ab88-20f7382dd24c",
            "role_definition_name": "Contributor",
            "scope": "/subscriptions/8b41bb3a-73a0-4041-90c2-d82d4d3cbc5f/resourceGroups/bigdata8yu2klmmab_rg/providers/Microsoft.Storage/storageAccounts/datalakebigdata8yu2klmma",
            "skip_service_principal_aad_check": null,
            "timeouts": null
          },
          "sensitive_attributes": [],
          "private": "eyJlMmJmYjczMC1lY2FhLTExZTYtOGY4OC0zNDM2M2JjN2M0YzAiOnsiY3JlYXRlIjoxODAwMDAwMDAwMDAwLCJkZWxldGUiOjE4MDAwMDAwMDAwMDAsInJlYWQiOjMwMDAwMDAwMDAwMCwidXBkYXRlIjoxODAwMDAwMDAwMDAwfX0=",
          "dependencies": [
            "azurerm_data_factory.data_factory",
            "azurerm_resource_group.resource_group",
            "azurerm_storage_account.datalake_storage_account",
            "random_string.random_prefix"
          ]
        },
        {
          "index_key": "Storage Blob Data Owner",
          "schema_version": 0,
          "attributes": {
            "condition": "",
            "condition_version": "",
            "delegated_managed_identity_resource_id": "",
            "description": "",
            "id": "/subscriptions/8b41bb3a-73a0-4041-90c2-d82d4d3cbc5f/resourceGroups/bigdata8yu2klmmab_rg/providers/Microsoft.Storage/storageAccounts/datalakebigdata8yu2klmma/providers/Microsoft.Authorization/roleAssignments/42bbdf2e-9ea5-f5be-81d0-c18250b27b75",
            "name": "42bbdf2e-9ea5-f5be-81d0-c18250b27b75",
            "principal_id": "6fb1751e-a976-4344-adc4-216ad2c74ce7",
            "principal_type": "ServicePrincipal",
            "role_definition_id": "/subscriptions/8b41bb3a-73a0-4041-90c2-d82d4d3cbc5f/providers/Microsoft.Authorization/roleDefinitions/b7e6dc6d-f1e8-4753-8033-0f276bb0955b",
            "role_definition_name": "Storage Blob Data Owner",
            "scope": "/subscriptions/8b41bb3a-73a0-4041-90c2-d82d4d3cbc5f/resourceGroups/bigdata8yu2klmmab_rg/providers/Microsoft.Storage/storageAccounts/datalakebigdata8yu2klmma",
            "skip_service_principal_aad_check": null,
            "timeouts": null
          },
          "sensitive_attributes": [],
          "private": "eyJlMmJmYjczMC1lY2FhLTExZTYtOGY4OC0zNDM2M2JjN2M0YzAiOnsiY3JlYXRlIjoxODAwMDAwMDAwMDAwLCJkZWxldGUiOjE4MDAwMDAwMDAwMDAsInJlYWQiOjMwMDAwMDAwMDAwMCwidXBkYXRlIjoxODAwMDAwMDAwMDAwfX0=",
          "dependencies": [
            "azurerm_data_factory.data_factory",
            "azurerm_resource_group.resource_group",
            "azurerm_storage_account.datalake_storage_account",
            "random_string.random_prefix"
          ]
        }
      ]
    },
    {
      "mode": "managed",
      "type": "azurerm_role_assignment",
      "name": "df_owner_role_assignement",
      "provider": "provider[\"registry.terraform.io/hashicorp/azurerm\"]",
      "instances": [
        {
          "schema_version": 0,
          "attributes": {
            "condition": "",
            "condition_version": "",
            "delegated_managed_identity_resource_id": "",
            "description": "",
            "id": "/subscriptions/8b41bb3a-73a0-4041-90c2-d82d4d3cbc5f/resourceGroups/bigdata8yu2klmmab_rg/providers/Microsoft.DataFactory/factories/data-factory-bigdata8yu2klmmab/providers/Microsoft.Authorization/roleAssignments/f401065f-d58b-98ce-54f6-35cc628529d5",
            "name": "f401065f-d58b-98ce-54f6-35cc628529d5",
            "principal_id": "881efb1c-9e27-4b58-823a-230f51d9a8f4",
            "principal_type": "User",
            "role_definition_id": "/subscriptions/8b41bb3a-73a0-4041-90c2-d82d4d3cbc5f/providers/Microsoft.Authorization/roleDefinitions/8e3af657-a8ff-443c-a75c-2fe8c4bcb635",
            "role_definition_name": "Owner",
            "scope": "/subscriptions/8b41bb3a-73a0-4041-90c2-d82d4d3cbc5f/resourceGroups/bigdata8yu2klmmab_rg/providers/Microsoft.DataFactory/factories/data-factory-bigdata8yu2klmmab",
            "skip_service_principal_aad_check": null,
            "timeouts": null
          },
          "sensitive_attributes": [],
          "private": "eyJlMmJmYjczMC1lY2FhLTExZTYtOGY4OC0zNDM2M2JjN2M0YzAiOnsiY3JlYXRlIjoxODAwMDAwMDAwMDAwLCJkZWxldGUiOjE4MDAwMDAwMDAwMDAsInJlYWQiOjMwMDAwMDAwMDAwMCwidXBkYXRlIjoxODAwMDAwMDAwMDAwfX0=",
          "dependencies": [
            "azurerm_data_factory.data_factory",
            "azurerm_resource_group.resource_group",
            "data.azuread_client_config.current",
            "random_string.random_prefix"
          ]
        }
      ]
    },
    {
      "mode": "managed",
      "type": "azurerm_role_assignment",
      "name": "df_source_role_assignement",
      "provider": "provider[\"registry.terraform.io/hashicorp/azurerm\"]",
      "instances": [
        {
          "index_key": "Contributor",
          "schema_version": 0,
          "attributes": {
            "condition": "",
            "condition_version": "",
            "delegated_managed_identity_resource_id": "",
            "description": "",
            "id": "/subscriptions/8b41bb3a-73a0-4041-90c2-d82d4d3cbc5f/resourceGroups/bigdata8yu2klmmab_rg/providers/Microsoft.Storage/storageAccounts/sourcebigdata8yu2klmmab/providers/Microsoft.Authorization/roleAssignments/3f6f8e2e-a5bc-7f2b-e66b-7e577e053337",
            "name": "3f6f8e2e-a5bc-7f2b-e66b-7e577e053337",
            "principal_id": "6fb1751e-a976-4344-adc4-216ad2c74ce7",
            "principal_type": "ServicePrincipal",
            "role_definition_id": "/subscriptions/8b41bb3a-73a0-4041-90c2-d82d4d3cbc5f/providers/Microsoft.Authorization/roleDefinitions/b24988ac-6180-42a0-ab88-20f7382dd24c",
            "role_definition_name": "Contributor",
            "scope": "/subscriptions/8b41bb3a-73a0-4041-90c2-d82d4d3cbc5f/resourceGroups/bigdata8yu2klmmab_rg/providers/Microsoft.Storage/storageAccounts/sourcebigdata8yu2klmmab",
            "skip_service_principal_aad_check": null,
            "timeouts": null
          },
          "sensitive_attributes": [],
          "private": "eyJlMmJmYjczMC1lY2FhLTExZTYtOGY4OC0zNDM2M2JjN2M0YzAiOnsiY3JlYXRlIjoxODAwMDAwMDAwMDAwLCJkZWxldGUiOjE4MDAwMDAwMDAwMDAsInJlYWQiOjMwMDAwMDAwMDAwMCwidXBkYXRlIjoxODAwMDAwMDAwMDAwfX0=",
          "dependencies": [
            "azurerm_data_factory.data_factory",
            "azurerm_resource_group.resource_group",
            "azurerm_storage_account.source_storage_account",
            "random_string.random_prefix"
          ]
        },
        {
          "index_key": "Storage Blob Data Owner",
          "schema_version": 0,
          "attributes": {
            "condition": "",
            "condition_version": "",
            "delegated_managed_identity_resource_id": "",
            "description": "",
            "id": "/subscriptions/8b41bb3a-73a0-4041-90c2-d82d4d3cbc5f/resourceGroups/bigdata8yu2klmmab_rg/providers/Microsoft.Storage/storageAccounts/sourcebigdata8yu2klmmab/providers/Microsoft.Authorization/roleAssignments/466a036d-52d8-8332-b11a-888307349c13",
            "name": "466a036d-52d8-8332-b11a-888307349c13",
            "principal_id": "6fb1751e-a976-4344-adc4-216ad2c74ce7",
            "principal_type": "ServicePrincipal",
            "role_definition_id": "/subscriptions/8b41bb3a-73a0-4041-90c2-d82d4d3cbc5f/providers/Microsoft.Authorization/roleDefinitions/b7e6dc6d-f1e8-4753-8033-0f276bb0955b",
            "role_definition_name": "Storage Blob Data Owner",
            "scope": "/subscriptions/8b41bb3a-73a0-4041-90c2-d82d4d3cbc5f/resourceGroups/bigdata8yu2klmmab_rg/providers/Microsoft.Storage/storageAccounts/sourcebigdata8yu2klmmab",
            "skip_service_principal_aad_check": null,
            "timeouts": null
          },
          "sensitive_attributes": [],
          "private": "eyJlMmJmYjczMC1lY2FhLTExZTYtOGY4OC0zNDM2M2JjN2M0YzAiOnsiY3JlYXRlIjoxODAwMDAwMDAwMDAwLCJkZWxldGUiOjE4MDAwMDAwMDAwMDAsInJlYWQiOjMwMDAwMDAwMDAwMCwidXBkYXRlIjoxODAwMDAwMDAwMDAwfX0=",
          "dependencies": [
            "azurerm_data_factory.data_factory",
            "azurerm_resource_group.resource_group",
            "azurerm_storage_account.source_storage_account",
            "random_string.random_prefix"
          ]
        }
      ]
    },
    {
      "mode": "managed",
      "type": "azurerm_role_assignment",
      "name": "observation_fn_role_assignement",
      "provider": "provider[\"registry.terraform.io/hashicorp/azurerm\"]",
      "instances": [
        {
          "schema_version": 0,
          "attributes": {
            "condition": "",
            "condition_version": "",
            "delegated_managed_identity_resource_id": "",
            "description": "",
            "id": "/subscriptions/8b41bb3a-73a0-4041-90c2-d82d4d3cbc5f/resourceGroups/bigdata8yu2klmmab_rg/providers/Microsoft.EventHub/namespaces/eventhub-namespace-bigdata8yu2klmmab/eventhubs/observation-generator-event-hub/providers/Microsoft.Authorization/roleAssignments/0ded0d4f-c9fe-8c3e-6711-99d4d0da6cfb",
            "name": "0ded0d4f-c9fe-8c3e-6711-99d4d0da6cfb",
            "principal_id": "e617b73e-9845-4c2c-9e70-4817b875faf9",
            "principal_type": "ServicePrincipal",
            "role_definition_id": "/subscriptions/8b41bb3a-73a0-4041-90c2-d82d4d3cbc5f/providers/Microsoft.Authorization/roleDefinitions/b24988ac-6180-42a0-ab88-20f7382dd24c",
            "role_definition_name": "Contributor",
            "scope": "/subscriptions/8b41bb3a-73a0-4041-90c2-d82d4d3cbc5f/resourceGroups/bigdata8yu2klmmab_rg/providers/Microsoft.EventHub/namespaces/eventhub-namespace-bigdata8yu2klmmab/eventhubs/observation-generator-event-hub",
            "skip_service_principal_aad_check": null,
            "timeouts": null
          },
          "sensitive_attributes": [],
          "private": "eyJlMmJmYjczMC1lY2FhLTExZTYtOGY4OC0zNDM2M2JjN2M0YzAiOnsiY3JlYXRlIjoxODAwMDAwMDAwMDAwLCJkZWxldGUiOjE4MDAwMDAwMDAwMDAsInJlYWQiOjMwMDAwMDAwMDAwMCwidXBkYXRlIjoxODAwMDAwMDAwMDAwfX0=",
          "dependencies": [
            "azurerm_eventhub.observation_eventhub",
            "azurerm_eventhub_authorization_rule.observation_eventhub_auth_rule",
            "azurerm_eventhub_namespace.eventhub_namespace",
            "azurerm_linux_function_app.observation_function",
            "azurerm_resource_group.resource_group",
            "azurerm_service_plan.service_plan",
            "azurerm_storage_account.source_storage_account",
            "azurerm_storage_blob.storage_blob_function",
            "azurerm_storage_container.storage_container_function",
            "data.archive_file.function",
            "random_string.random_prefix"
          ]
        }
      ]
    },
    {
      "mode": "managed",
      "type": "azurerm_role_assignment",
      "name": "role_assignment_storage",
      "provider": "provider[\"registry.terraform.io/hashicorp/azurerm\"]",
      "instances": [
        {
          "schema_version": 0,
          "attributes": {
            "condition": "",
            "condition_version": "",
            "delegated_managed_identity_resource_id": "",
            "description": "",
            "id": "/subscriptions/8b41bb3a-73a0-4041-90c2-d82d4d3cbc5f/resourceGroups/bigdata8yu2klmmab_rg/providers/Microsoft.Storage/storageAccounts/sourcebigdata8yu2klmmab/providers/Microsoft.Authorization/roleAssignments/4e9b6f8c-a1f0-e675-4e3c-f651e55c67f5",
            "name": "4e9b6f8c-a1f0-e675-4e3c-f651e55c67f5",
            "principal_id": "e617b73e-9845-4c2c-9e70-4817b875faf9",
            "principal_type": "ServicePrincipal",
            "role_definition_id": "/subscriptions/8b41bb3a-73a0-4041-90c2-d82d4d3cbc5f/providers/Microsoft.Authorization/roleDefinitions/ba92f5b4-2d11-453d-a403-e96b0029c9fe",
            "role_definition_name": "Storage Blob Data Contributor",
            "scope": "/subscriptions/8b41bb3a-73a0-4041-90c2-d82d4d3cbc5f/resourceGroups/bigdata8yu2klmmab_rg/providers/Microsoft.Storage/storageAccounts/sourcebigdata8yu2klmmab",
            "skip_service_principal_aad_check": null,
            "timeouts": null
          },
          "sensitive_attributes": [],
          "private": "eyJlMmJmYjczMC1lY2FhLTExZTYtOGY4OC0zNDM2M2JjN2M0YzAiOnsiY3JlYXRlIjoxODAwMDAwMDAwMDAwLCJkZWxldGUiOjE4MDAwMDAwMDAwMDAsInJlYWQiOjMwMDAwMDAwMDAwMCwidXBkYXRlIjoxODAwMDAwMDAwMDAwfX0=",
          "dependencies": [
            "azurerm_eventhub.observation_eventhub",
            "azurerm_eventhub_authorization_rule.observation_eventhub_auth_rule",
            "azurerm_eventhub_namespace.eventhub_namespace",
            "azurerm_linux_function_app.observation_function",
            "azurerm_resource_group.resource_group",
            "azurerm_service_plan.service_plan",
            "azurerm_storage_account.source_storage_account",
            "azurerm_storage_blob.storage_blob_function",
            "azurerm_storage_container.storage_container_function",
            "data.archive_file.function",
            "random_string.random_prefix"
          ]
        }
      ]
    },
    {
      "mode": "managed",
      "type": "azurerm_role_assignment",
      "name": "stream_analytics_event_hub_role_assignement",
      "provider": "provider[\"registry.terraform.io/hashicorp/azurerm\"]",
      "instances": [
        {
          "index_key": "Azure Event Hubs Data Owner",
          "schema_version": 0,
          "attributes": {
            "condition": "",
            "condition_version": "",
            "delegated_managed_identity_resource_id": "",
            "description": "",
            "id": "/subscriptions/8b41bb3a-73a0-4041-90c2-d82d4d3cbc5f/resourceGroups/bigdata8yu2klmmab_rg/providers/Microsoft.EventHub/namespaces/eventhub-namespace-bigdata8yu2klmmab/eventhubs/target-event-hub/providers/Microsoft.Authorization/roleAssignments/95e5500b-1fc2-9b94-471c-bfec5fb01c25",
            "name": "95e5500b-1fc2-9b94-471c-bfec5fb01c25",
            "principal_id": "bc1b64d6-8381-4f35-8790-6bdaeb0eba31",
            "principal_type": "ServicePrincipal",
            "role_definition_id": "/subscriptions/8b41bb3a-73a0-4041-90c2-d82d4d3cbc5f/providers/Microsoft.Authorization/roleDefinitions/f526a384-b230-433a-b45c-95f59c4a2dec",
            "role_definition_name": "Azure Event Hubs Data Owner",
            "scope": "/subscriptions/8b41bb3a-73a0-4041-90c2-d82d4d3cbc5f/resourceGroups/bigdata8yu2klmmab_rg/providers/Microsoft.EventHub/namespaces/eventhub-namespace-bigdata8yu2klmmab/eventhubs/target-event-hub",
            "skip_service_principal_aad_check": null,
            "timeouts": null
          },
          "sensitive_attributes": [],
          "private": "eyJlMmJmYjczMC1lY2FhLTExZTYtOGY4OC0zNDM2M2JjN2M0YzAiOnsiY3JlYXRlIjoxODAwMDAwMDAwMDAwLCJkZWxldGUiOjE4MDAwMDAwMDAwMDAsInJlYWQiOjMwMDAwMDAwMDAwMCwidXBkYXRlIjoxODAwMDAwMDAwMDAwfX0=",
          "dependencies": [
            "azurerm_eventhub.target_observation_eventhub",
            "azurerm_eventhub_namespace.eventhub_namespace",
            "azurerm_resource_group.resource_group",
            "azurerm_stream_analytics_job.stream_analytics_job",
            "random_string.random_prefix"
          ]
        },
        {
          "index_key": "Contributor",
          "schema_version": 0,
          "attributes": {
            "condition": "",
            "condition_version": "",
            "delegated_managed_identity_resource_id": "",
            "description": "",
            "id": "/subscriptions/8b41bb3a-73a0-4041-90c2-d82d4d3cbc5f/resourceGroups/bigdata8yu2klmmab_rg/providers/Microsoft.EventHub/namespaces/eventhub-namespace-bigdata8yu2klmmab/eventhubs/target-event-hub/providers/Microsoft.Authorization/roleAssignments/71f86710-89a8-3b8d-9416-a4d19c277901",
            "name": "71f86710-89a8-3b8d-9416-a4d19c277901",
            "principal_id": "bc1b64d6-8381-4f35-8790-6bdaeb0eba31",
            "principal_type": "ServicePrincipal",
            "role_definition_id": "/subscriptions/8b41bb3a-73a0-4041-90c2-d82d4d3cbc5f/providers/Microsoft.Authorization/roleDefinitions/b24988ac-6180-42a0-ab88-20f7382dd24c",
            "role_definition_name": "Contributor",
            "scope": "/subscriptions/8b41bb3a-73a0-4041-90c2-d82d4d3cbc5f/resourceGroups/bigdata8yu2klmmab_rg/providers/Microsoft.EventHub/namespaces/eventhub-namespace-bigdata8yu2klmmab/eventhubs/target-event-hub",
            "skip_service_principal_aad_check": null,
            "timeouts": null
          },
          "sensitive_attributes": [],
          "private": "eyJlMmJmYjczMC1lY2FhLTExZTYtOGY4OC0zNDM2M2JjN2M0YzAiOnsiY3JlYXRlIjoxODAwMDAwMDAwMDAwLCJkZWxldGUiOjE4MDAwMDAwMDAwMDAsInJlYWQiOjMwMDAwMDAwMDAwMCwidXBkYXRlIjoxODAwMDAwMDAwMDAwfX0=",
          "dependencies": [
            "azurerm_eventhub.target_observation_eventhub",
            "azurerm_eventhub_namespace.eventhub_namespace",
            "azurerm_resource_group.resource_group",
            "azurerm_stream_analytics_job.stream_analytics_job",
            "random_string.random_prefix"
          ]
        }
      ]
    },
    {
      "mode": "managed",
      "type": "azurerm_role_assignment",
      "name": "synapse_datalake_role_assignement",
      "provider": "provider[\"registry.terraform.io/hashicorp/azurerm\"]",
      "instances": [
        {
          "index_key": "Contributor",
          "schema_version": 0,
          "attributes": {
            "condition": "",
            "condition_version": "",
            "delegated_managed_identity_resource_id": "",
            "description": "",
            "id": "/subscriptions/8b41bb3a-73a0-4041-90c2-d82d4d3cbc5f/resourceGroups/bigdata8yu2klmmab_rg/providers/Microsoft.Storage/storageAccounts/datalakebigdata8yu2klmma/providers/Microsoft.Authorization/roleAssignments/4361e011-8e11-69ee-c1a4-9c10d67173b6",
            "name": "4361e011-8e11-69ee-c1a4-9c10d67173b6",
            "principal_id": "070c8228-e65e-4e9c-a3a4-123474b593b4",
            "principal_type": "ServicePrincipal",
            "role_definition_id": "/subscriptions/8b41bb3a-73a0-4041-90c2-d82d4d3cbc5f/providers/Microsoft.Authorization/roleDefinitions/b24988ac-6180-42a0-ab88-20f7382dd24c",
            "role_definition_name": "Contributor",
            "scope": "/subscriptions/8b41bb3a-73a0-4041-90c2-d82d4d3cbc5f/resourceGroups/bigdata8yu2klmmab_rg/providers/Microsoft.Storage/storageAccounts/datalakebigdata8yu2klmma",
            "skip_service_principal_aad_check": null,
            "timeouts": null
          },
          "sensitive_attributes": [],
          "private": "eyJlMmJmYjczMC1lY2FhLTExZTYtOGY4OC0zNDM2M2JjN2M0YzAiOnsiY3JlYXRlIjoxODAwMDAwMDAwMDAwLCJkZWxldGUiOjE4MDAwMDAwMDAwMDAsInJlYWQiOjMwMDAwMDAwMDAwMCwidXBkYXRlIjoxODAwMDAwMDAwMDAwfX0=",
          "dependencies": [
            "azurerm_resource_group.resource_group",
            "azurerm_role_assignment.user_datalake_role_assignement",
            "azurerm_storage_account.datalake_storage_account",
            "azurerm_storage_data_lake_gen2_filesystem.adls",
            "azurerm_synapse_workspace.synapse_workspace",
            "data.azuread_client_config.current",
            "random_string.random_prefix",
            "time_sleep.role_assignment_sleep"
          ]
        },
        {
          "index_key": "Storage Blob Data Owner",
          "schema_version": 0,
          "attributes": {
            "condition": "",
            "condition_version": "",
            "delegated_managed_identity_resource_id": "",
            "description": "",
            "id": "/subscriptions/8b41bb3a-73a0-4041-90c2-d82d4d3cbc5f/resourceGroups/bigdata8yu2klmmab_rg/providers/Microsoft.Storage/storageAccounts/datalakebigdata8yu2klmma/providers/Microsoft.Authorization/roleAssignments/a9c625c8-046d-bb67-1426-aae4b20b7523",
            "name": "a9c625c8-046d-bb67-1426-aae4b20b7523",
            "principal_id": "070c8228-e65e-4e9c-a3a4-123474b593b4",
            "principal_type": "ServicePrincipal",
            "role_definition_id": "/subscriptions/8b41bb3a-73a0-4041-90c2-d82d4d3cbc5f/providers/Microsoft.Authorization/roleDefinitions/b7e6dc6d-f1e8-4753-8033-0f276bb0955b",
            "role_definition_name": "Storage Blob Data Owner",
            "scope": "/subscriptions/8b41bb3a-73a0-4041-90c2-d82d4d3cbc5f/resourceGroups/bigdata8yu2klmmab_rg/providers/Microsoft.Storage/storageAccounts/datalakebigdata8yu2klmma",
            "skip_service_principal_aad_check": null,
            "timeouts": null
          },
          "sensitive_attributes": [],
          "private": "eyJlMmJmYjczMC1lY2FhLTExZTYtOGY4OC0zNDM2M2JjN2M0YzAiOnsiY3JlYXRlIjoxODAwMDAwMDAwMDAwLCJkZWxldGUiOjE4MDAwMDAwMDAwMDAsInJlYWQiOjMwMDAwMDAwMDAwMCwidXBkYXRlIjoxODAwMDAwMDAwMDAwfX0=",
          "dependencies": [
            "azurerm_resource_group.resource_group",
            "azurerm_role_assignment.user_datalake_role_assignement",
            "azurerm_storage_account.datalake_storage_account",
            "azurerm_storage_data_lake_gen2_filesystem.adls",
            "azurerm_synapse_workspace.synapse_workspace",
            "data.azuread_client_config.current",
            "random_string.random_prefix",
            "time_sleep.role_assignment_sleep"
          ]
        }
      ]
    },
    {
      "mode": "managed",
      "type": "azurerm_role_assignment",
      "name": "synapse_workspace_owner_role_assignment",
      "provider": "provider[\"registry.terraform.io/hashicorp/azurerm\"]",
      "instances": [
        {
          "schema_version": 0,
          "attributes": {
            "condition": "",
            "condition_version": "",
            "delegated_managed_identity_resource_id": "",
            "description": "",
            "id": "/subscriptions/8b41bb3a-73a0-4041-90c2-d82d4d3cbc5f/resourceGroups/bigdata8yu2klmmab_rg/providers/Microsoft.Synapse/workspaces/synapse-workspace-bigdata8yu2klmmab/providers/Microsoft.Authorization/roleAssignments/58bdc3ee-c24b-4fa3-c738-0d8438e07145",
            "name": "58bdc3ee-c24b-4fa3-c738-0d8438e07145",
            "principal_id": "881efb1c-9e27-4b58-823a-230f51d9a8f4",
            "principal_type": "User",
            "role_definition_id": "/subscriptions/8b41bb3a-73a0-4041-90c2-d82d4d3cbc5f/providers/Microsoft.Authorization/roleDefinitions/8e3af657-a8ff-443c-a75c-2fe8c4bcb635",
            "role_definition_name": "Owner",
            "scope": "/subscriptions/8b41bb3a-73a0-4041-90c2-d82d4d3cbc5f/resourceGroups/bigdata8yu2klmmab_rg/providers/Microsoft.Synapse/workspaces/synapse-workspace-bigdata8yu2klmmab",
            "skip_service_principal_aad_check": null,
            "timeouts": null
          },
          "sensitive_attributes": [],
          "private": "eyJlMmJmYjczMC1lY2FhLTExZTYtOGY4OC0zNDM2M2JjN2M0YzAiOnsiY3JlYXRlIjoxODAwMDAwMDAwMDAwLCJkZWxldGUiOjE4MDAwMDAwMDAwMDAsInJlYWQiOjMwMDAwMDAwMDAwMCwidXBkYXRlIjoxODAwMDAwMDAwMDAwfX0=",
          "dependencies": [
            "azurerm_resource_group.resource_group",
            "azurerm_role_assignment.user_datalake_role_assignement",
            "azurerm_storage_account.datalake_storage_account",
            "azurerm_storage_data_lake_gen2_filesystem.adls",
            "azurerm_synapse_workspace.synapse_workspace",
            "data.azuread_client_config.current",
            "random_string.random_prefix",
            "time_sleep.role_assignment_sleep"
          ]
        }
      ]
    },
    {
      "mode": "managed",
      "type": "azurerm_role_assignment",
      "name": "user_datalake_role_assignement",
      "provider": "provider[\"registry.terraform.io/hashicorp/azurerm\"]",
      "instances": [
        {
          "index_key": "Contributor",
          "schema_version": 0,
          "attributes": {
            "condition": "",
            "condition_version": "",
            "delegated_managed_identity_resource_id": "",
            "description": "",
            "id": "/subscriptions/8b41bb3a-73a0-4041-90c2-d82d4d3cbc5f/resourceGroups/bigdata8yu2klmmab_rg/providers/Microsoft.Storage/storageAccounts/datalakebigdata8yu2klmma/providers/Microsoft.Authorization/roleAssignments/eab6ea3a-9334-32a2-2add-70b12126f40f",
            "name": "eab6ea3a-9334-32a2-2add-70b12126f40f",
            "principal_id": "881efb1c-9e27-4b58-823a-230f51d9a8f4",
            "principal_type": "User",
            "role_definition_id": "/subscriptions/8b41bb3a-73a0-4041-90c2-d82d4d3cbc5f/providers/Microsoft.Authorization/roleDefinitions/b24988ac-6180-42a0-ab88-20f7382dd24c",
            "role_definition_name": "Contributor",
            "scope": "/subscriptions/8b41bb3a-73a0-4041-90c2-d82d4d3cbc5f/resourceGroups/bigdata8yu2klmmab_rg/providers/Microsoft.Storage/storageAccounts/datalakebigdata8yu2klmma",
            "skip_service_principal_aad_check": null,
            "timeouts": null
          },
          "sensitive_attributes": [],
          "private": "eyJlMmJmYjczMC1lY2FhLTExZTYtOGY4OC0zNDM2M2JjN2M0YzAiOnsiY3JlYXRlIjoxODAwMDAwMDAwMDAwLCJkZWxldGUiOjE4MDAwMDAwMDAwMDAsInJlYWQiOjMwMDAwMDAwMDAwMCwidXBkYXRlIjoxODAwMDAwMDAwMDAwfX0=",
          "dependencies": [
            "azurerm_resource_group.resource_group",
            "azurerm_storage_account.datalake_storage_account",
            "data.azuread_client_config.current",
            "random_string.random_prefix"
          ]
        },
        {
          "index_key": "Storage Blob Data Owner",
          "schema_version": 0,
          "attributes": {
            "condition": "",
            "condition_version": "",
            "delegated_managed_identity_resource_id": "",
            "description": "",
            "id": "/subscriptions/8b41bb3a-73a0-4041-90c2-d82d4d3cbc5f/resourceGroups/bigdata8yu2klmmab_rg/providers/Microsoft.Storage/storageAccounts/datalakebigdata8yu2klmma/providers/Microsoft.Authorization/roleAssignments/44477458-54ad-2b4a-ed73-4e707f824bbd",
            "name": "44477458-54ad-2b4a-ed73-4e707f824bbd",
            "principal_id": "881efb1c-9e27-4b58-823a-230f51d9a8f4",
            "principal_type": "User",
            "role_definition_id": "/subscriptions/8b41bb3a-73a0-4041-90c2-d82d4d3cbc5f/providers/Microsoft.Authorization/roleDefinitions/b7e6dc6d-f1e8-4753-8033-0f276bb0955b",
            "role_definition_name": "Storage Blob Data Owner",
            "scope": "/subscriptions/8b41bb3a-73a0-4041-90c2-d82d4d3cbc5f/resourceGroups/bigdata8yu2klmmab_rg/providers/Microsoft.Storage/storageAccounts/datalakebigdata8yu2klmma",
            "skip_service_principal_aad_check": null,
            "timeouts": null
          },
          "sensitive_attributes": [],
          "private": "eyJlMmJmYjczMC1lY2FhLTExZTYtOGY4OC0zNDM2M2JjN2M0YzAiOnsiY3JlYXRlIjoxODAwMDAwMDAwMDAwLCJkZWxldGUiOjE4MDAwMDAwMDAwMDAsInJlYWQiOjMwMDAwMDAwMDAwMCwidXBkYXRlIjoxODAwMDAwMDAwMDAwfX0=",
          "dependencies": [
            "azurerm_resource_group.resource_group",
            "azurerm_storage_account.datalake_storage_account",
            "data.azuread_client_config.current",
            "random_string.random_prefix"
          ]
        }
      ]
    },
    {
      "mode": "managed",
      "type": "azurerm_service_plan",
      "name": "service_plan",
      "provider": "provider[\"registry.terraform.io/hashicorp/azurerm\"]",
      "instances": [
        {
          "schema_version": 0,
          "attributes": {
            "app_service_environment_id": "",
            "id": "/subscriptions/8b41bb3a-73a0-4041-90c2-d82d4d3cbc5f/resourceGroups/bigdata8yu2klmmab_rg/providers/Microsoft.Web/serverfarms/app-service-plan",
            "kind": "functionapp",
            "location": "northeurope",
            "maximum_elastic_worker_count": 1,
            "name": "app-service-plan",
            "os_type": "Linux",
            "per_site_scaling_enabled": false,
            "reserved": true,
            "resource_group_name": "bigdata8yu2klmmab_rg",
            "sku_name": "Y1",
            "tags": {
              "Environment": "Big Data Reference Lab"
            },
            "timeouts": null,
            "worker_count": 0,
            "zone_balancing_enabled": false
          },
          "sensitive_attributes": [],
          "private": "eyJlMmJmYjczMC1lY2FhLTExZTYtOGY4OC0zNDM2M2JjN2M0YzAiOnsiY3JlYXRlIjozNjAwMDAwMDAwMDAwLCJkZWxldGUiOjM2MDAwMDAwMDAwMDAsInJlYWQiOjMwMDAwMDAwMDAwMCwidXBkYXRlIjozNjAwMDAwMDAwMDAwfX0=",
          "dependencies": [
            "azurerm_resource_group.resource_group",
            "random_string.random_prefix"
          ]
        }
      ]
    },
    {
      "mode": "managed",
      "type": "azurerm_storage_account",
      "name": "datalake_storage_account",
      "provider": "provider[\"registry.terraform.io/hashicorp/azurerm\"]",
      "instances": [
        {
          "schema_version": 4,
          "attributes": {
            "access_tier": "Hot",
            "account_kind": "StorageV2",
            "account_replication_type": "LRS",
            "account_tier": "Standard",
            "allow_nested_items_to_be_public": true,
            "allowed_copy_scope": "",
            "azure_files_authentication": [],
            "blob_properties": [
              {
                "change_feed_enabled": false,
                "change_feed_retention_in_days": 0,
                "container_delete_retention_policy": [],
                "cors_rule": [],
                "default_service_version": "",
                "delete_retention_policy": [],
                "last_access_time_enabled": false,
                "restore_policy": [],
                "versioning_enabled": false
              }
            ],
            "cross_tenant_replication_enabled": true,
            "custom_domain": [],
            "customer_managed_key": [],
            "default_to_oauth_authentication": false,
            "edge_zone": "",
            "enable_https_traffic_only": true,
            "id": "/subscriptions/8b41bb3a-73a0-4041-90c2-d82d4d3cbc5f/resourceGroups/bigdata8yu2klmmab_rg/providers/Microsoft.Storage/storageAccounts/datalakebigdata8yu2klmma",
            "identity": [],
            "immutability_policy": [],
            "infrastructure_encryption_enabled": false,
            "is_hns_enabled": true,
            "large_file_share_enabled": null,
            "location": "northeurope",
            "min_tls_version": "TLS1_2",
            "name": "datalakebigdata8yu2klmma",
            "network_rules": [
              {
                "bypass": [
                  "AzureServices"
                ],
                "default_action": "Allow",
                "ip_rules": [],
                "private_link_access": [],
                "virtual_network_subnet_ids": []
              }
            ],
            "nfsv3_enabled": false,
            "primary_access_key": "wfMX6SvqGnGo4JxhgGhvmmNnaZjNmIG8OvmxiMgUam/YLTu9jVE4BxNbKG70/VJrvQNMEczHlnwe+AStCkme+w==",
            "primary_blob_connection_string": "DefaultEndpointsProtocol=https;BlobEndpoint=https://datalakebigdata8yu2klmma.blob.core.windows.net/;AccountName=datalakebigdata8yu2klmma;AccountKey=wfMX6SvqGnGo4JxhgGhvmmNnaZjNmIG8OvmxiMgUam/YLTu9jVE4BxNbKG70/VJrvQNMEczHlnwe+AStCkme+w==",
            "primary_blob_endpoint": "https://datalakebigdata8yu2klmma.blob.core.windows.net/",
            "primary_blob_host": "datalakebigdata8yu2klmma.blob.core.windows.net",
            "primary_connection_string": "DefaultEndpointsProtocol=https;AccountName=datalakebigdata8yu2klmma;AccountKey=wfMX6SvqGnGo4JxhgGhvmmNnaZjNmIG8OvmxiMgUam/YLTu9jVE4BxNbKG70/VJrvQNMEczHlnwe+AStCkme+w==;EndpointSuffix=core.windows.net",
            "primary_dfs_endpoint": "https://datalakebigdata8yu2klmma.dfs.core.windows.net/",
            "primary_dfs_host": "datalakebigdata8yu2klmma.dfs.core.windows.net",
            "primary_file_endpoint": "https://datalakebigdata8yu2klmma.file.core.windows.net/",
            "primary_file_host": "datalakebigdata8yu2klmma.file.core.windows.net",
            "primary_location": "northeurope",
            "primary_queue_endpoint": "https://datalakebigdata8yu2klmma.queue.core.windows.net/",
            "primary_queue_host": "datalakebigdata8yu2klmma.queue.core.windows.net",
            "primary_table_endpoint": "https://datalakebigdata8yu2klmma.table.core.windows.net/",
            "primary_table_host": "datalakebigdata8yu2klmma.table.core.windows.net",
            "primary_web_endpoint": "https://datalakebigdata8yu2klmma.z16.web.core.windows.net/",
            "primary_web_host": "datalakebigdata8yu2klmma.z16.web.core.windows.net",
            "public_network_access_enabled": true,
            "queue_encryption_key_type": "Service",
            "queue_properties": [
              {
                "cors_rule": [],
                "hour_metrics": [
                  {
                    "enabled": true,
                    "include_apis": true,
                    "retention_policy_days": 7,
                    "version": "1.0"
                  }
                ],
                "logging": [
                  {
                    "delete": false,
                    "read": false,
                    "retention_policy_days": 0,
                    "version": "1.0",
                    "write": false
                  }
                ],
                "minute_metrics": [
                  {
                    "enabled": false,
                    "include_apis": false,
                    "retention_policy_days": 0,
                    "version": "1.0"
                  }
                ]
              }
            ],
            "resource_group_name": "bigdata8yu2klmmab_rg",
            "routing": [],
            "sas_policy": [],
            "secondary_access_key": "ryxd4tax2kQeunkNNK5UsukWoysaUU8WzCVJqqu7irtD8+SM4c62Is8GAgvhJUN8iKRAXpNUTqRH+ASt41BqnQ==",
            "secondary_blob_connection_string": "",
            "secondary_blob_endpoint": null,
            "secondary_blob_host": null,
            "secondary_connection_string": "DefaultEndpointsProtocol=https;AccountName=datalakebigdata8yu2klmma;AccountKey=ryxd4tax2kQeunkNNK5UsukWoysaUU8WzCVJqqu7irtD8+SM4c62Is8GAgvhJUN8iKRAXpNUTqRH+ASt41BqnQ==;EndpointSuffix=core.windows.net",
            "secondary_dfs_endpoint": null,
            "secondary_dfs_host": null,
            "secondary_file_endpoint": null,
            "secondary_file_host": null,
            "secondary_location": "",
            "secondary_queue_endpoint": null,
            "secondary_queue_host": null,
            "secondary_table_endpoint": null,
            "secondary_table_host": null,
            "secondary_web_endpoint": null,
            "secondary_web_host": null,
            "sftp_enabled": false,
            "share_properties": [
              {
                "cors_rule": [],
                "retention_policy": [
                  {
                    "days": 7
                  }
                ],
                "smb": []
              }
            ],
            "shared_access_key_enabled": true,
            "static_website": [],
            "table_encryption_key_type": "Service",
            "tags": {
              "Environment": "Big Data Reference Lab"
            },
            "timeouts": null
          },
          "sensitive_attributes": [
            [
              {
                "type": "get_attr",
                "value": "secondary_blob_connection_string"
              }
            ],
            [
              {
                "type": "get_attr",
                "value": "primary_connection_string"
              }
            ],
            [
              {
                "type": "get_attr",
                "value": "secondary_connection_string"
              }
            ],
            [
              {
                "type": "get_attr",
                "value": "primary_access_key"
              }
            ],
            [
              {
                "type": "get_attr",
                "value": "secondary_access_key"
              }
            ],
            [
              {
                "type": "get_attr",
                "value": "primary_blob_connection_string"
              }
            ]
          ],
          "private": "eyJlMmJmYjczMC1lY2FhLTExZTYtOGY4OC0zNDM2M2JjN2M0YzAiOnsiY3JlYXRlIjozNjAwMDAwMDAwMDAwLCJkZWxldGUiOjM2MDAwMDAwMDAwMDAsInJlYWQiOjMwMDAwMDAwMDAwMCwidXBkYXRlIjozNjAwMDAwMDAwMDAwfSwic2NoZW1hX3ZlcnNpb24iOiI0In0=",
          "dependencies": [
            "azurerm_resource_group.resource_group",
            "random_string.random_prefix"
          ]
        }
      ]
    },
    {
      "mode": "managed",
      "type": "azurerm_storage_account",
      "name": "source_storage_account",
      "provider": "provider[\"registry.terraform.io/hashicorp/azurerm\"]",
      "instances": [
        {
          "schema_version": 4,
          "attributes": {
            "access_tier": "Hot",
            "account_kind": "StorageV2",
            "account_replication_type": "LRS",
            "account_tier": "Standard",
            "allow_nested_items_to_be_public": true,
            "allowed_copy_scope": "",
            "azure_files_authentication": [],
            "blob_properties": [
              {
                "change_feed_enabled": false,
                "change_feed_retention_in_days": 0,
                "container_delete_retention_policy": [],
                "cors_rule": [],
                "default_service_version": "",
                "delete_retention_policy": [],
                "last_access_time_enabled": false,
                "restore_policy": [],
                "versioning_enabled": false
              }
            ],
            "cross_tenant_replication_enabled": true,
            "custom_domain": [],
            "customer_managed_key": [],
            "default_to_oauth_authentication": false,
            "edge_zone": "",
            "enable_https_traffic_only": true,
            "id": "/subscriptions/8b41bb3a-73a0-4041-90c2-d82d4d3cbc5f/resourceGroups/bigdata8yu2klmmab_rg/providers/Microsoft.Storage/storageAccounts/sourcebigdata8yu2klmmab",
            "identity": [],
            "immutability_policy": [],
            "infrastructure_encryption_enabled": false,
            "is_hns_enabled": true,
            "large_file_share_enabled": null,
            "location": "northeurope",
            "min_tls_version": "TLS1_2",
            "name": "sourcebigdata8yu2klmmab",
            "network_rules": [
              {
                "bypass": [
                  "AzureServices"
                ],
                "default_action": "Allow",
                "ip_rules": [],
                "private_link_access": [],
                "virtual_network_subnet_ids": []
              }
            ],
            "nfsv3_enabled": false,
            "primary_access_key": "umhKPVYr0b7+3i10EUjOcE52enWxLnvPvG4Q83A2hw55lMI58hhaq8RiMftScoyGXhiAU7RVhtfF+AStdnp0Cw==",
            "primary_blob_connection_string": "DefaultEndpointsProtocol=https;BlobEndpoint=https://sourcebigdata8yu2klmmab.blob.core.windows.net/;AccountName=sourcebigdata8yu2klmmab;AccountKey=umhKPVYr0b7+3i10EUjOcE52enWxLnvPvG4Q83A2hw55lMI58hhaq8RiMftScoyGXhiAU7RVhtfF+AStdnp0Cw==",
            "primary_blob_endpoint": "https://sourcebigdata8yu2klmmab.blob.core.windows.net/",
            "primary_blob_host": "sourcebigdata8yu2klmmab.blob.core.windows.net",
            "primary_connection_string": "DefaultEndpointsProtocol=https;AccountName=sourcebigdata8yu2klmmab;AccountKey=umhKPVYr0b7+3i10EUjOcE52enWxLnvPvG4Q83A2hw55lMI58hhaq8RiMftScoyGXhiAU7RVhtfF+AStdnp0Cw==;EndpointSuffix=core.windows.net",
            "primary_dfs_endpoint": "https://sourcebigdata8yu2klmmab.dfs.core.windows.net/",
            "primary_dfs_host": "sourcebigdata8yu2klmmab.dfs.core.windows.net",
            "primary_file_endpoint": "https://sourcebigdata8yu2klmmab.file.core.windows.net/",
            "primary_file_host": "sourcebigdata8yu2klmmab.file.core.windows.net",
            "primary_location": "northeurope",
            "primary_queue_endpoint": "https://sourcebigdata8yu2klmmab.queue.core.windows.net/",
            "primary_queue_host": "sourcebigdata8yu2klmmab.queue.core.windows.net",
            "primary_table_endpoint": "https://sourcebigdata8yu2klmmab.table.core.windows.net/",
            "primary_table_host": "sourcebigdata8yu2klmmab.table.core.windows.net",
            "primary_web_endpoint": "https://sourcebigdata8yu2klmmab.z16.web.core.windows.net/",
            "primary_web_host": "sourcebigdata8yu2klmmab.z16.web.core.windows.net",
            "public_network_access_enabled": true,
            "queue_encryption_key_type": "Service",
            "queue_properties": [
              {
                "cors_rule": [],
                "hour_metrics": [
                  {
                    "enabled": true,
                    "include_apis": true,
                    "retention_policy_days": 7,
                    "version": "1.0"
                  }
                ],
                "logging": [
                  {
                    "delete": false,
                    "read": false,
                    "retention_policy_days": 0,
                    "version": "1.0",
                    "write": false
                  }
                ],
                "minute_metrics": [
                  {
                    "enabled": false,
                    "include_apis": false,
                    "retention_policy_days": 0,
                    "version": "1.0"
                  }
                ]
              }
            ],
            "resource_group_name": "bigdata8yu2klmmab_rg",
            "routing": [],
            "sas_policy": [],
            "secondary_access_key": "MIK1vRkDvfqjvVdZHGaCAXZDlLgfZ3lGu7NHBbRWbRDtHU+JNG5mvwOipvWVuzjB87G1vwZGxlw1+AStzkW0tw==",
            "secondary_blob_connection_string": "",
            "secondary_blob_endpoint": null,
            "secondary_blob_host": null,
            "secondary_connection_string": "DefaultEndpointsProtocol=https;AccountName=sourcebigdata8yu2klmmab;AccountKey=MIK1vRkDvfqjvVdZHGaCAXZDlLgfZ3lGu7NHBbRWbRDtHU+JNG5mvwOipvWVuzjB87G1vwZGxlw1+AStzkW0tw==;EndpointSuffix=core.windows.net",
            "secondary_dfs_endpoint": null,
            "secondary_dfs_host": null,
            "secondary_file_endpoint": null,
            "secondary_file_host": null,
            "secondary_location": "",
            "secondary_queue_endpoint": null,
            "secondary_queue_host": null,
            "secondary_table_endpoint": null,
            "secondary_table_host": null,
            "secondary_web_endpoint": null,
            "secondary_web_host": null,
            "sftp_enabled": false,
            "share_properties": [
              {
                "cors_rule": [],
                "retention_policy": [
                  {
                    "days": 7
                  }
                ],
                "smb": []
              }
            ],
            "shared_access_key_enabled": true,
            "static_website": [],
            "table_encryption_key_type": "Service",
            "tags": {
              "Environment": "Big Data Reference Lab"
            },
            "timeouts": null
          },
          "sensitive_attributes": [
            [
              {
                "type": "get_attr",
                "value": "secondary_blob_connection_string"
              }
            ],
            [
              {
                "type": "get_attr",
                "value": "primary_blob_connection_string"
              }
            ],
            [
              {
                "type": "get_attr",
                "value": "primary_access_key"
              }
            ],
            [
              {
                "type": "get_attr",
                "value": "secondary_connection_string"
              }
            ],
            [
              {
                "type": "get_attr",
                "value": "primary_connection_string"
              }
            ],
            [
              {
                "type": "get_attr",
                "value": "secondary_access_key"
              }
            ]
          ],
          "private": "eyJlMmJmYjczMC1lY2FhLTExZTYtOGY4OC0zNDM2M2JjN2M0YzAiOnsiY3JlYXRlIjozNjAwMDAwMDAwMDAwLCJkZWxldGUiOjM2MDAwMDAwMDAwMDAsInJlYWQiOjMwMDAwMDAwMDAwMCwidXBkYXRlIjozNjAwMDAwMDAwMDAwfSwic2NoZW1hX3ZlcnNpb24iOiI0In0=",
          "dependencies": [
            "azurerm_resource_group.resource_group",
            "random_string.random_prefix"
          ]
        }
      ]
    },
    {
      "mode": "managed",
      "type": "azurerm_storage_blob",
      "name": "storage_blob_function",
      "provider": "provider[\"registry.terraform.io/hashicorp/azurerm\"]",
      "instances": [
        {
          "schema_version": 1,
          "attributes": {
            "access_tier": "Hot",
            "cache_control": "",
            "content_md5": "6609c6b11eab05d140989eb8d0512da7",
            "content_type": "application/octet-stream",
            "id": "https://sourcebigdata8yu2klmmab.blob.core.windows.net/custom-function-releases/functions-6609c6.zip",
            "metadata": {},
            "name": "functions-6609c6.zip",
            "parallelism": 8,
            "size": 0,
            "source": "../../function.zip",
            "source_content": null,
            "source_uri": null,
            "storage_account_name": "sourcebigdata8yu2klmmab",
            "storage_container_name": "custom-function-releases",
            "timeouts": null,
            "type": "Block",
            "url": "https://sourcebigdata8yu2klmmab.blob.core.windows.net/custom-function-releases/functions-6609c6.zip"
          },
          "sensitive_attributes": [],
          "private": "eyJlMmJmYjczMC1lY2FhLTExZTYtOGY4OC0zNDM2M2JjN2M0YzAiOnsiY3JlYXRlIjoxODAwMDAwMDAwMDAwLCJkZWxldGUiOjE4MDAwMDAwMDAwMDAsInJlYWQiOjMwMDAwMDAwMDAwMCwidXBkYXRlIjoxODAwMDAwMDAwMDAwfSwic2NoZW1hX3ZlcnNpb24iOiIxIn0=",
          "dependencies": [
            "azurerm_resource_group.resource_group",
            "azurerm_storage_account.source_storage_account",
            "azurerm_storage_container.storage_container_function",
            "data.archive_file.function",
            "random_string.random_prefix"
          ]
        }
      ]
    },
    {
      "mode": "managed",
      "type": "azurerm_storage_container",
      "name": "source_container",
      "provider": "provider[\"registry.terraform.io/hashicorp/azurerm\"]",
      "instances": [
        {
          "schema_version": 1,
          "attributes": {
            "container_access_type": "private",
            "has_immutability_policy": false,
            "has_legal_hold": false,
            "id": "https://sourcebigdata8yu2klmmab.blob.core.windows.net/patient-data-source",
            "metadata": {},
            "name": "patient-data-source",
            "resource_manager_id": "/subscriptions/8b41bb3a-73a0-4041-90c2-d82d4d3cbc5f/resourceGroups/bigdata8yu2klmmab_rg/providers/Microsoft.Storage/storageAccounts/sourcebigdata8yu2klmmab/blobServices/default/containers/patient-data-source",
            "storage_account_name": "sourcebigdata8yu2klmmab",
            "timeouts": null
          },
          "sensitive_attributes": [],
          "private": "eyJlMmJmYjczMC1lY2FhLTExZTYtOGY4OC0zNDM2M2JjN2M0YzAiOnsiY3JlYXRlIjoxODAwMDAwMDAwMDAwLCJkZWxldGUiOjE4MDAwMDAwMDAwMDAsInJlYWQiOjMwMDAwMDAwMDAwMCwidXBkYXRlIjoxODAwMDAwMDAwMDAwfSwic2NoZW1hX3ZlcnNpb24iOiIxIn0=",
          "dependencies": [
            "azurerm_resource_group.resource_group",
            "azurerm_storage_account.source_storage_account",
            "random_string.random_prefix"
          ]
        }
      ]
    },
    {
      "mode": "managed",
      "type": "azurerm_storage_container",
      "name": "storage_container_function",
      "provider": "provider[\"registry.terraform.io/hashicorp/azurerm\"]",
      "instances": [
        {
          "schema_version": 1,
          "attributes": {
            "container_access_type": "private",
            "has_immutability_policy": false,
            "has_legal_hold": false,
            "id": "https://sourcebigdata8yu2klmmab.blob.core.windows.net/custom-function-releases",
            "metadata": {},
            "name": "custom-function-releases",
            "resource_manager_id": "/subscriptions/8b41bb3a-73a0-4041-90c2-d82d4d3cbc5f/resourceGroups/bigdata8yu2klmmab_rg/providers/Microsoft.Storage/storageAccounts/sourcebigdata8yu2klmmab/blobServices/default/containers/custom-function-releases",
            "storage_account_name": "sourcebigdata8yu2klmmab",
            "timeouts": null
          },
          "sensitive_attributes": [],
          "private": "eyJlMmJmYjczMC1lY2FhLTExZTYtOGY4OC0zNDM2M2JjN2M0YzAiOnsiY3JlYXRlIjoxODAwMDAwMDAwMDAwLCJkZWxldGUiOjE4MDAwMDAwMDAwMDAsInJlYWQiOjMwMDAwMDAwMDAwMCwidXBkYXRlIjoxODAwMDAwMDAwMDAwfSwic2NoZW1hX3ZlcnNpb24iOiIxIn0=",
          "dependencies": [
            "azurerm_resource_group.resource_group",
            "azurerm_storage_account.source_storage_account",
            "random_string.random_prefix"
          ]
        }
      ]
    },
    {
      "mode": "managed",
      "type": "azurerm_storage_data_lake_gen2_filesystem",
      "name": "adls",
      "provider": "provider[\"registry.terraform.io/hashicorp/azurerm\"]",
      "instances": [
        {
          "schema_version": 0,
          "attributes": {
            "ace": [
              {
                "id": "881efb1c-9e27-4b58-823a-230f51d9a8f4",
                "permissions": "rwx",
                "scope": "access",
                "type": "user"
              }
            ],
            "group": "881efb1c-9e27-4b58-823a-230f51d9a8f4",
            "id": "https://datalakebigdata8yu2klmma.dfs.core.windows.net/datalake",
            "name": "datalake",
            "owner": "881efb1c-9e27-4b58-823a-230f51d9a8f4",
            "properties": null,
            "storage_account_id": "/subscriptions/8b41bb3a-73a0-4041-90c2-d82d4d3cbc5f/resourceGroups/bigdata8yu2klmmab_rg/providers/Microsoft.Storage/storageAccounts/datalakebigdata8yu2klmma",
            "timeouts": null
          },
          "sensitive_attributes": [],
          "private": "eyJlMmJmYjczMC1lY2FhLTExZTYtOGY4OC0zNDM2M2JjN2M0YzAiOnsiY3JlYXRlIjoxODAwMDAwMDAwMDAwLCJkZWxldGUiOjE4MDAwMDAwMDAwMDAsInJlYWQiOjMwMDAwMDAwMDAwMCwidXBkYXRlIjoxODAwMDAwMDAwMDAwfX0=",
          "dependencies": [
            "azurerm_resource_group.resource_group",
            "azurerm_role_assignment.user_datalake_role_assignement",
            "azurerm_storage_account.datalake_storage_account",
            "data.azuread_client_config.current",
            "random_string.random_prefix",
            "time_sleep.role_assignment_sleep"
          ]
        }
      ]
    },
    {
      "mode": "managed",
      "type": "azurerm_storage_data_lake_gen2_path",
      "name": "datalake_path",
      "provider": "provider[\"registry.terraform.io/hashicorp/azurerm\"]",
      "instances": [
        {
          "index_key": "bronze",
          "schema_version": 0,
          "attributes": {
            "ace": [
              {
                "id": "070c8228-e65e-4e9c-a3a4-123474b593b4",
                "permissions": "rwx",
                "scope": "access",
                "type": "user"
              },
              {
                "id": "6fb1751e-a976-4344-adc4-216ad2c74ce7",
                "permissions": "rwx",
                "scope": "access",
                "type": "user"
              },
              {
                "id": "881efb1c-9e27-4b58-823a-230f51d9a8f4",
                "permissions": "rwx",
                "scope": "access",
                "type": "user"
              },
              {
                "id": "d1f2fb0d-a1f9-4f2c-9ec0-55c16164b8d3",
                "permissions": "rwx",
                "scope": "access",
                "type": "user"
              }
            ],
            "filesystem_name": "datalake",
            "group": "881efb1c-9e27-4b58-823a-230f51d9a8f4",
            "id": "https://datalakebigdata8yu2klmma.dfs.core.windows.net/datalake/bronze",
            "owner": "881efb1c-9e27-4b58-823a-230f51d9a8f4",
            "path": "bronze",
            "resource": "directory",
            "storage_account_id": "/subscriptions/8b41bb3a-73a0-4041-90c2-d82d4d3cbc5f/resourceGroups/bigdata8yu2klmmab_rg/providers/Microsoft.Storage/storageAccounts/datalakebigdata8yu2klmma",
            "timeouts": null
          },
          "sensitive_attributes": [],
          "private": "eyJlMmJmYjczMC1lY2FhLTExZTYtOGY4OC0zNDM2M2JjN2M0YzAiOnsiY3JlYXRlIjoxODAwMDAwMDAwMDAwLCJkZWxldGUiOjE4MDAwMDAwMDAwMDAsInJlYWQiOjMwMDAwMDAwMDAwMCwidXBkYXRlIjoxODAwMDAwMDAwMDAwfX0=",
          "dependencies": [
            "azuread_application.databricks_service_application",
            "azuread_service_principal.aad_service_sp",
            "azurerm_data_factory.data_factory",
            "azurerm_resource_group.resource_group",
            "azurerm_role_assignment.user_datalake_role_assignement",
            "azurerm_storage_account.datalake_storage_account",
            "azurerm_storage_data_lake_gen2_filesystem.adls",
            "azurerm_synapse_workspace.synapse_workspace",
            "data.azuread_client_config.current",
            "random_string.random_prefix",
            "time_sleep.role_assignment_sleep"
          ]
        },
        {
          "index_key": "gold",
          "schema_version": 0,
          "attributes": {
            "ace": [
              {
                "id": "070c8228-e65e-4e9c-a3a4-123474b593b4",
                "permissions": "rwx",
                "scope": "access",
                "type": "user"
              },
              {
                "id": "6fb1751e-a976-4344-adc4-216ad2c74ce7",
                "permissions": "rwx",
                "scope": "access",
                "type": "user"
              },
              {
                "id": "881efb1c-9e27-4b58-823a-230f51d9a8f4",
                "permissions": "rwx",
                "scope": "access",
                "type": "user"
              },
              {
                "id": "d1f2fb0d-a1f9-4f2c-9ec0-55c16164b8d3",
                "permissions": "rwx",
                "scope": "access",
                "type": "user"
              }
            ],
            "filesystem_name": "datalake",
            "group": "881efb1c-9e27-4b58-823a-230f51d9a8f4",
            "id": "https://datalakebigdata8yu2klmma.dfs.core.windows.net/datalake/gold",
            "owner": "881efb1c-9e27-4b58-823a-230f51d9a8f4",
            "path": "gold",
            "resource": "directory",
            "storage_account_id": "/subscriptions/8b41bb3a-73a0-4041-90c2-d82d4d3cbc5f/resourceGroups/bigdata8yu2klmmab_rg/providers/Microsoft.Storage/storageAccounts/datalakebigdata8yu2klmma",
            "timeouts": null
          },
          "sensitive_attributes": [],
          "private": "eyJlMmJmYjczMC1lY2FhLTExZTYtOGY4OC0zNDM2M2JjN2M0YzAiOnsiY3JlYXRlIjoxODAwMDAwMDAwMDAwLCJkZWxldGUiOjE4MDAwMDAwMDAwMDAsInJlYWQiOjMwMDAwMDAwMDAwMCwidXBkYXRlIjoxODAwMDAwMDAwMDAwfX0=",
          "dependencies": [
            "azuread_application.databricks_service_application",
            "azuread_service_principal.aad_service_sp",
            "azurerm_data_factory.data_factory",
            "azurerm_resource_group.resource_group",
            "azurerm_role_assignment.user_datalake_role_assignement",
            "azurerm_storage_account.datalake_storage_account",
            "azurerm_storage_data_lake_gen2_filesystem.adls",
            "azurerm_synapse_workspace.synapse_workspace",
            "data.azuread_client_config.current",
            "random_string.random_prefix",
            "time_sleep.role_assignment_sleep"
          ]
        },
        {
          "index_key": "silver",
          "schema_version": 0,
          "attributes": {
            "ace": [
              {
                "id": "070c8228-e65e-4e9c-a3a4-123474b593b4",
                "permissions": "rwx",
                "scope": "access",
                "type": "user"
              },
              {
                "id": "6fb1751e-a976-4344-adc4-216ad2c74ce7",
                "permissions": "rwx",
                "scope": "access",
                "type": "user"
              },
              {
                "id": "881efb1c-9e27-4b58-823a-230f51d9a8f4",
                "permissions": "rwx",
                "scope": "access",
                "type": "user"
              },
              {
                "id": "d1f2fb0d-a1f9-4f2c-9ec0-55c16164b8d3",
                "permissions": "rwx",
                "scope": "access",
                "type": "user"
              }
            ],
            "filesystem_name": "datalake",
            "group": "881efb1c-9e27-4b58-823a-230f51d9a8f4",
            "id": "https://datalakebigdata8yu2klmma.dfs.core.windows.net/datalake/silver",
            "owner": "881efb1c-9e27-4b58-823a-230f51d9a8f4",
            "path": "silver",
            "resource": "directory",
            "storage_account_id": "/subscriptions/8b41bb3a-73a0-4041-90c2-d82d4d3cbc5f/resourceGroups/bigdata8yu2klmmab_rg/providers/Microsoft.Storage/storageAccounts/datalakebigdata8yu2klmma",
            "timeouts": null
          },
          "sensitive_attributes": [],
          "private": "eyJlMmJmYjczMC1lY2FhLTExZTYtOGY4OC0zNDM2M2JjN2M0YzAiOnsiY3JlYXRlIjoxODAwMDAwMDAwMDAwLCJkZWxldGUiOjE4MDAwMDAwMDAwMDAsInJlYWQiOjMwMDAwMDAwMDAwMCwidXBkYXRlIjoxODAwMDAwMDAwMDAwfX0=",
          "dependencies": [
            "azuread_application.databricks_service_application",
            "azuread_service_principal.aad_service_sp",
            "azurerm_data_factory.data_factory",
            "azurerm_resource_group.resource_group",
            "azurerm_role_assignment.user_datalake_role_assignement",
            "azurerm_storage_account.datalake_storage_account",
            "azurerm_storage_data_lake_gen2_filesystem.adls",
            "azurerm_synapse_workspace.synapse_workspace",
            "data.azuread_client_config.current",
            "random_string.random_prefix",
            "time_sleep.role_assignment_sleep"
          ]
        }
      ]
    },
    {
      "mode": "managed",
      "type": "azurerm_stream_analytics_job",
      "name": "stream_analytics_job",
      "provider": "provider[\"registry.terraform.io/hashicorp/azurerm\"]",
      "instances": [
        {
          "schema_version": 1,
          "attributes": {
            "compatibility_level": "1.2",
            "content_storage_policy": "SystemAccount",
            "data_locale": "en-US",
            "events_late_arrival_max_delay_in_seconds": 60,
            "events_out_of_order_max_delay_in_seconds": 50,
            "events_out_of_order_policy": "Adjust",
            "id": "/subscriptions/8b41bb3a-73a0-4041-90c2-d82d4d3cbc5f/resourceGroups/bigdata8yu2klmmab_rg/providers/Microsoft.StreamAnalytics/streamingJobs/streamanalyticsbb-bigdata8yu2klmmab",
            "identity": [
              {
                "principal_id": "bc1b64d6-8381-4f35-8790-6bdaeb0eba31",
                "tenant_id": "728ec391-9e63-400e-883f-f7fd4a75ac01",
                "type": "SystemAssigned"
              }
            ],
            "job_id": "9027ee5a-f33a-4c24-ae88-ae96ba35efcd",
            "job_storage_account": [],
            "location": "northeurope",
            "name": "streamanalyticsbb-bigdata8yu2klmmab",
            "output_error_policy": "Drop",
            "resource_group_name": "bigdata8yu2klmmab_rg",
            "stream_analytics_cluster_id": "",
            "streaming_units": 1,
            "tags": {
              "Environment": "Big Data Reference Lab"
            },
            "timeouts": null,
            "transformation_query": "    SELECT *\r\n    INTO [YourOutputAlias]\r\n    FROM [YourInputAlias]\r\n",
            "type": "Cloud"
          },
          "sensitive_attributes": [],
          "private": "eyJlMmJmYjczMC1lY2FhLTExZTYtOGY4OC0zNDM2M2JjN2M0YzAiOnsiY3JlYXRlIjoxODAwMDAwMDAwMDAwLCJkZWxldGUiOjE4MDAwMDAwMDAwMDAsInJlYWQiOjMwMDAwMDAwMDAwMCwidXBkYXRlIjoxODAwMDAwMDAwMDAwfSwic2NoZW1hX3ZlcnNpb24iOiIxIn0=",
          "dependencies": [
            "azurerm_resource_group.resource_group",
            "random_string.random_prefix"
          ]
        }
      ]
    },
    {
      "mode": "managed",
      "type": "azurerm_synapse_firewall_rule",
      "name": "allow_all_rule",
      "provider": "provider[\"registry.terraform.io/hashicorp/azurerm\"]",
      "instances": [
        {
          "schema_version": 0,
          "attributes": {
            "end_ip_address": "255.255.255.255",
            "id": "/subscriptions/8b41bb3a-73a0-4041-90c2-d82d4d3cbc5f/resourceGroups/bigdata8yu2klmmab_rg/providers/Microsoft.Synapse/workspaces/synapse-workspace-bigdata8yu2klmmab/firewallRules/AllowAll",
            "name": "AllowAll",
            "start_ip_address": "0.0.0.0",
            "synapse_workspace_id": "/subscriptions/8b41bb3a-73a0-4041-90c2-d82d4d3cbc5f/resourceGroups/bigdata8yu2klmmab_rg/providers/Microsoft.Synapse/workspaces/synapse-workspace-bigdata8yu2klmmab",
            "timeouts": null
          },
          "sensitive_attributes": [],
          "private": "eyJlMmJmYjczMC1lY2FhLTExZTYtOGY4OC0zNDM2M2JjN2M0YzAiOnsiY3JlYXRlIjoxODAwMDAwMDAwMDAwLCJkZWxldGUiOjE4MDAwMDAwMDAwMDAsInJlYWQiOjMwMDAwMDAwMDAwMCwidXBkYXRlIjoxODAwMDAwMDAwMDAwfX0=",
          "dependencies": [
            "azurerm_resource_group.resource_group",
            "azurerm_role_assignment.user_datalake_role_assignement",
            "azurerm_storage_account.datalake_storage_account",
            "azurerm_storage_data_lake_gen2_filesystem.adls",
            "azurerm_synapse_workspace.synapse_workspace",
            "data.azuread_client_config.current",
            "random_string.random_prefix",
            "time_sleep.role_assignment_sleep"
          ]
        }
      ]
    },
    {
      "mode": "managed",
      "type": "azurerm_synapse_workspace",
      "name": "synapse_workspace",
      "provider": "provider[\"registry.terraform.io/hashicorp/azurerm\"]",
      "instances": [
        {
          "schema_version": 0,
          "attributes": {
            "aad_admin": [
              {
                "login": "live.com#stanislav.zhurich@gmail.com",
                "object_id": "881efb1c-9e27-4b58-823a-230f51d9a8f4",
                "tenant_id": "728ec391-9e63-400e-883f-f7fd4a75ac01"
              }
            ],
            "azure_devops_repo": [],
            "compute_subnet_id": null,
            "connectivity_endpoints": {
              "dev": "https://synapse-workspace-bigdata8yu2klmmab.dev.azuresynapse.net",
              "sql": "synapse-workspace-bigdata8yu2klmmab.sql.azuresynapse.net",
              "sqlOnDemand": "synapse-workspace-bigdata8yu2klmmab-ondemand.sql.azuresynapse.net",
              "web": "https://web.azuresynapse.net?workspace=%2fsubscriptions%2f8b41bb3a-73a0-4041-90c2-d82d4d3cbc5f%2fresourceGroups%2fbigdata8yu2klmmab_rg%2fproviders%2fMicrosoft.Synapse%2fworkspaces%2fsynapse-workspace-bigdata8yu2klmmab"
            },
            "customer_managed_key": [],
            "data_exfiltration_protection_enabled": null,
            "github_repo": [],
            "id": "/subscriptions/8b41bb3a-73a0-4041-90c2-d82d4d3cbc5f/resourceGroups/bigdata8yu2klmmab_rg/providers/Microsoft.Synapse/workspaces/synapse-workspace-bigdata8yu2klmmab",
            "identity": [
              {
                "identity_ids": null,
                "principal_id": "070c8228-e65e-4e9c-a3a4-123474b593b4",
                "tenant_id": "728ec391-9e63-400e-883f-f7fd4a75ac01",
                "type": "SystemAssigned"
              }
            ],
            "linking_allowed_for_aad_tenant_ids": null,
            "location": "northeurope",
            "managed_resource_group_name": "synapseworkspace-managedrg-7ff67efb-9004-43d2-bd1d-dbeac928be61",
            "managed_virtual_network_enabled": false,
            "name": "synapse-workspace-bigdata8yu2klmmab",
            "public_network_access_enabled": true,
            "purview_id": null,
            "resource_group_name": "bigdata8yu2klmmab_rg",
            "sql_aad_admin": [
              {
                "login": "live.com#stanislav.zhurich@gmail.com",
                "object_id": "881efb1c-9e27-4b58-823a-230f51d9a8f4",
                "tenant_id": "728ec391-9e63-400e-883f-f7fd4a75ac01"
              }
            ],
            "sql_administrator_login": "sqladminuser",
            "sql_administrator_login_password": "H@Sh1CoR3!",
            "sql_identity_control_enabled": false,
            "storage_data_lake_gen2_filesystem_id": "https://datalakebigdata8yu2klmma.dfs.core.windows.net/datalake",
            "tags": {
              "Environment": "Big Data Reference Lab"
            },
            "timeouts": null
          },
          "sensitive_attributes": [
            [
              {
                "type": "get_attr",
                "value": "sql_administrator_login_password"
              }
            ]
          ],
          "private": "eyJlMmJmYjczMC1lY2FhLTExZTYtOGY4OC0zNDM2M2JjN2M0YzAiOnsiY3JlYXRlIjoxODAwMDAwMDAwMDAwLCJkZWxldGUiOjE4MDAwMDAwMDAwMDAsInJlYWQiOjMwMDAwMDAwMDAwMCwidXBkYXRlIjoxODAwMDAwMDAwMDAwfX0=",
          "dependencies": [
            "azurerm_resource_group.resource_group",
            "azurerm_role_assignment.user_datalake_role_assignement",
            "azurerm_storage_account.datalake_storage_account",
            "azurerm_storage_data_lake_gen2_filesystem.adls",
            "data.azuread_client_config.current",
            "random_string.random_prefix",
            "time_sleep.role_assignment_sleep"
          ]
        }
      ]
    },
    {
      "mode": "managed",
      "type": "databricks_cluster",
      "name": "databricks_cluster",
      "provider": "provider[\"registry.terraform.io/databricks/databricks\"]",
      "instances": [
        {
          "schema_version": 2,
          "attributes": {
            "apply_policy_default_values": null,
            "autoscale": [],
            "autotermination_minutes": 15,
            "aws_attributes": [],
            "azure_attributes": [
              {
                "availability": "ON_DEMAND_AZURE",
                "first_on_demand": 1,
                "spot_bid_max_price": -1
              }
            ],
            "cluster_id": "1106-093959-ux74uzbg",
            "cluster_log_conf": [],
            "cluster_name": "databricks-cluster-bigdata8yu2klmmab",
            "custom_tags": {
              "ResourceClass": "SingleNode"
            },
            "data_security_mode": "NO_ISOLATION",
            "default_tags": {
              "ClusterId": "1106-093959-ux74uzbg",
              "ClusterName": "databricks-cluster-bigdata8yu2klmmab",
              "Creator": "stanislav.zhurich@gmail.com",
              "Environment": "Big Data Reference Lab",
              "Vendor": "Databricks"
            },
            "docker_image": [],
            "driver_instance_pool_id": null,
            "driver_node_type_id": "Standard_F4",
            "enable_elastic_disk": true,
            "enable_local_disk_encryption": false,
            "gcp_attributes": [],
            "id": "1106-093959-ux74uzbg",
            "idempotency_token": null,
            "init_scripts": [],
            "instance_pool_id": null,
            "is_pinned": false,
            "library": [],
            "node_type_id": "Standard_F4",
            "num_workers": 0,
            "policy_id": null,
            "single_user_name": null,
            "spark_conf": {
              "spark.databricks.cluster.profile": "singleNode",
              "spark.master": "local[*]"
            },
            "spark_env_vars": null,
            "spark_version": "15.4.x-scala2.12",
            "ssh_public_keys": null,
            "state": "RUNNING",
            "timeouts": null,
            "url": "https://adb-3625862807655190.10.azuredatabricks.net/#setting/clusters/1106-093959-ux74uzbg/configuration",
            "workload_type": []
          },
          "sensitive_attributes": [],
          "private": "eyJlMmJmYjczMC1lY2FhLTExZTYtOGY4OC0zNDM2M2JjN2M0YzAiOnsiY3JlYXRlIjoxODAwMDAwMDAwMDAwLCJkZWxldGUiOjE4MDAwMDAwMDAwMDAsInVwZGF0ZSI6MTgwMDAwMDAwMDAwMH0sInNjaGVtYV92ZXJzaW9uIjoiMiJ9",
          "dependencies": [
            "azurerm_databricks_workspace.databricks_workspace",
            "azurerm_resource_group.resource_group",
            "data.databricks_spark_version.latest",
            "random_string.random_prefix"
          ]
        }
      ]
    },
    {
      "mode": "managed",
      "type": "databricks_library",
      "name": "eventhub_library",
      "provider": "provider[\"registry.terraform.io/databricks/databricks\"]",
      "instances": [
        {
          "schema_version": 0,
          "attributes": {
            "cluster_id": "1106-093959-ux74uzbg",
            "cran": [],
            "egg": null,
            "id": "1106-093959-ux74uzbg/mvn:com.microsoft.azure:azure-eventhubs-spark_2.12:2.3.22",
            "jar": null,
            "maven": [
              {
                "coordinates": "com.microsoft.azure:azure-eventhubs-spark_2.12:2.3.22",
                "exclusions": null,
                "repo": ""
              }
            ],
            "pypi": [],
            "whl": null
          },
          "sensitive_attributes": [],
          "private": "bnVsbA==",
          "dependencies": [
            "azurerm_databricks_workspace.databricks_workspace",
            "azurerm_resource_group.resource_group",
            "data.databricks_spark_version.latest",
            "databricks_cluster.databricks_cluster",
            "random_string.random_prefix"
          ]
        }
      ]
    },
    {
      "mode": "managed",
      "type": "databricks_mount",
      "name": "databricks_mount",
      "provider": "provider[\"registry.terraform.io/databricks/databricks\"]",
      "instances": [
        {
          "schema_version": 2,
          "attributes": {
            "abfs": [],
            "adl": [],
            "cluster_id": "1106-093959-ux74uzbg",
            "encryption_type": null,
            "extra_configs": {
              "fs.azure.account.auth.type": "OAuth",
              "fs.azure.account.oauth.provider.type": "org.apache.hadoop.fs.azurebfs.oauth2.ClientCredsTokenProvider",
              "fs.azure.account.oauth2.client.endpoint": "https://login.microsoftonline.com/728ec391-9e63-400e-883f-f7fd4a75ac01/oauth2/token",
              "fs.azure.account.oauth2.client.id": "d1f2fb0d-a1f9-4f2c-9ec0-55c16164b8d3",
              "fs.azure.account.oauth2.client.secret": "{{secrets/keyvault-managed/client-secret}}",
              "fs.azure.createRemoteFileSystemDuringInitialization": "false"
            },
            "gs": [],
            "id": "datalake_mount",
            "name": "datalake_mount",
            "resource_id": null,
            "s3": [],
            "source": "abfss://datalake@datalakebigdata8yu2klmma.dfs.core.windows.net",
            "timeouts": null,
            "uri": "abfss://datalake@datalakebigdata8yu2klmma.dfs.core.windows.net",
            "wasb": []
          },
          "sensitive_attributes": [],
          "private": "eyJlMmJmYjczMC1lY2FhLTExZTYtOGY4OC0zNDM2M2JjN2M0YzAiOnsiY3JlYXRlIjoxMjAwMDAwMDAwMDAwLCJkZWZhdWx0IjoxMjAwMDAwMDAwMDAwLCJkZWxldGUiOjEyMDAwMDAwMDAwMDAsInJlYWQiOjEyMDAwMDAwMDAwMDAsInVwZGF0ZSI6MTIwMDAwMDAwMDAwMH0sInNjaGVtYV92ZXJzaW9uIjoiMiJ9",
          "dependencies": [
            "azuread_application.databricks_service_application",
            "azuread_service_principal.aad_service_sp",
            "azurerm_databricks_workspace.databricks_workspace",
            "azurerm_key_vault.key_vault",
            "azurerm_resource_group.resource_group",
            "azurerm_role_assignment.user_datalake_role_assignement",
            "azurerm_storage_account.datalake_storage_account",
            "azurerm_storage_data_lake_gen2_filesystem.adls",
            "data.azuread_client_config.current",
            "data.databricks_spark_version.latest",
            "databricks_cluster.databricks_cluster",
            "random_string.random_prefix",
            "time_sleep.role_assignment_sleep"
          ]
        }
      ]
    },
    {
      "mode": "managed",
      "type": "databricks_notebook",
      "name": "notebooks",
      "provider": "provider[\"registry.terraform.io/databricks/databricks\"]",
      "instances": [
        {
          "index_key": "/pipeline/copyFromBronzeToSilver.py",
          "schema_version": 1,
          "attributes": {
            "content_base64": null,
            "format": "SOURCE",
            "id": "/Users/stanislav.zhurich@gmail.com/pipeline/copyFromBronzeToSilver.py",
            "language": "PYTHON",
            "md5": "477767485e7a514135cd25501ec5da5d",
            "object_id": 987756184852051,
            "object_type": "NOTEBOOK",
            "path": "/Users/stanislav.zhurich@gmail.com/pipeline/copyFromBronzeToSilver.py",
            "source": "../../databricks/src/pipeline/copyFromBronzeToSilver.py",
            "url": "https://adb-3625862807655190.10.azuredatabricks.net/#workspace/Users/stanislav.zhurich@gmail.com/pipeline/copyFromBronzeToSilver.py"
          },
          "sensitive_attributes": [],
          "private": "eyJzY2hlbWFfdmVyc2lvbiI6IjEifQ==",
          "dependencies": [
            "azurerm_databricks_workspace.databricks_workspace",
            "azurerm_resource_group.resource_group",
            "data.databricks_current_user.current",
            "data.databricks_spark_version.latest",
            "databricks_cluster.databricks_cluster",
            "random_string.random_prefix"
          ]
        },
        {
          "index_key": "/pipeline/copyFromSilverToGold.py",
          "schema_version": 1,
          "attributes": {
            "content_base64": null,
            "format": "SOURCE",
            "id": "/Users/stanislav.zhurich@gmail.com/pipeline/copyFromSilverToGold.py",
            "language": "PYTHON",
            "md5": "5c249b62ea0cccd8bf18682e1f1037e4",
            "object_id": 987756184852035,
            "object_type": "NOTEBOOK",
            "path": "/Users/stanislav.zhurich@gmail.com/pipeline/copyFromSilverToGold.py",
            "source": "../../databricks/src/pipeline/copyFromSilverToGold.py",
            "url": "https://adb-3625862807655190.10.azuredatabricks.net/#workspace/Users/stanislav.zhurich@gmail.com/pipeline/copyFromSilverToGold.py"
          },
          "sensitive_attributes": [],
          "private": "eyJzY2hlbWFfdmVyc2lvbiI6IjEifQ==",
          "dependencies": [
            "azurerm_databricks_workspace.databricks_workspace",
            "azurerm_resource_group.resource_group",
            "data.databricks_current_user.current",
            "data.databricks_spark_version.latest",
            "databricks_cluster.databricks_cluster",
            "random_string.random_prefix"
          ]
        },
        {
          "index_key": "/pipeline/properties.py",
          "schema_version": 1,
          "attributes": {
            "content_base64": null,
            "format": "SOURCE",
            "id": "/Users/stanislav.zhurich@gmail.com/pipeline/properties.py",
            "language": "PYTHON",
            "md5": "f115c7b2a28074bce8766198603af7ad",
            "object_id": 987756184852031,
            "object_type": "NOTEBOOK",
            "path": "/Users/stanislav.zhurich@gmail.com/pipeline/properties.py",
            "source": "../../databricks/src/pipeline/properties.py",
            "url": "https://adb-3625862807655190.10.azuredatabricks.net/#workspace/Users/stanislav.zhurich@gmail.com/pipeline/properties.py"
          },
          "sensitive_attributes": [],
          "private": "eyJzY2hlbWFfdmVyc2lvbiI6IjEifQ==",
          "dependencies": [
            "azurerm_databricks_workspace.databricks_workspace",
            "azurerm_resource_group.resource_group",
            "data.databricks_current_user.current",
            "data.databricks_spark_version.latest",
            "databricks_cluster.databricks_cluster",
            "random_string.random_prefix"
          ]
        },
        {
          "index_key": "/pipeline/readFromEventHub.py",
          "schema_version": 1,
          "attributes": {
            "content_base64": null,
            "format": "SOURCE",
            "id": "/Users/stanislav.zhurich@gmail.com/pipeline/readFromEventHub.py",
            "language": "PYTHON",
            "md5": "6852f65969cd605d52c4273d352d8189",
            "object_id": 987756184852041,
            "object_type": "NOTEBOOK",
            "path": "/Users/stanislav.zhurich@gmail.com/pipeline/readFromEventHub.py",
            "source": "../../databricks/src/pipeline/readFromEventHub.py",
            "url": "https://adb-3625862807655190.10.azuredatabricks.net/#workspace/Users/stanislav.zhurich@gmail.com/pipeline/readFromEventHub.py"
          },
          "sensitive_attributes": [],
          "private": "eyJzY2hlbWFfdmVyc2lvbiI6IjEifQ==",
          "dependencies": [
            "azurerm_databricks_workspace.databricks_workspace",
            "azurerm_resource_group.resource_group",
            "data.databricks_current_user.current",
            "data.databricks_spark_version.latest",
            "databricks_cluster.databricks_cluster",
            "random_string.random_prefix"
          ]
        },
        {
          "index_key": "/pipeline/schema/observation.py",
          "schema_version": 1,
          "attributes": {
            "content_base64": null,
            "format": "SOURCE",
            "id": "/Users/stanislav.zhurich@gmail.com/pipeline/schema/observation.py",
            "language": "PYTHON",
            "md5": "bf174279efe58d614bc0d091620f0c13",
            "object_id": 987756184852049,
            "object_type": "NOTEBOOK",
            "path": "/Users/stanislav.zhurich@gmail.com/pipeline/schema/observation.py",
            "source": "../../databricks/src/pipeline/schema/observation.py",
            "url": "https://adb-3625862807655190.10.azuredatabricks.net/#workspace/Users/stanislav.zhurich@gmail.com/pipeline/schema/observation.py"
          },
          "sensitive_attributes": [],
          "private": "eyJzY2hlbWFfdmVyc2lvbiI6IjEifQ==",
          "dependencies": [
            "azurerm_databricks_workspace.databricks_workspace",
            "azurerm_resource_group.resource_group",
            "data.databricks_current_user.current",
            "data.databricks_spark_version.latest",
            "databricks_cluster.databricks_cluster",
            "random_string.random_prefix"
          ]
        },
        {
          "index_key": "/pipeline/schema/patient.py",
          "schema_version": 1,
          "attributes": {
            "content_base64": null,
            "format": "SOURCE",
            "id": "/Users/stanislav.zhurich@gmail.com/pipeline/schema/patient.py",
            "language": "PYTHON",
            "md5": "09cea09498aa9014504974f84d11d4a7",
            "object_id": 987756184852033,
            "object_type": "NOTEBOOK",
            "path": "/Users/stanislav.zhurich@gmail.com/pipeline/schema/patient.py",
            "source": "../../databricks/src/pipeline/schema/patient.py",
            "url": "https://adb-3625862807655190.10.azuredatabricks.net/#workspace/Users/stanislav.zhurich@gmail.com/pipeline/schema/patient.py"
          },
          "sensitive_attributes": [],
          "private": "eyJzY2hlbWFfdmVyc2lvbiI6IjEifQ==",
          "dependencies": [
            "azurerm_databricks_workspace.databricks_workspace",
            "azurerm_resource_group.resource_group",
            "data.databricks_current_user.current",
            "data.databricks_spark_version.latest",
            "databricks_cluster.databricks_cluster",
            "random_string.random_prefix"
          ]
        },
        {
          "index_key": "/pipeline/writeToOutboundEventHub.py",
          "schema_version": 1,
          "attributes": {
            "content_base64": null,
            "format": "SOURCE",
            "id": "/Users/stanislav.zhurich@gmail.com/pipeline/writeToOutboundEventHub.py",
            "language": "PYTHON",
            "md5": "00706f3bd141517cceb9432ff4db8087",
            "object_id": 987756184852022,
            "object_type": "NOTEBOOK",
            "path": "/Users/stanislav.zhurich@gmail.com/pipeline/writeToOutboundEventHub.py",
            "source": "../../databricks/src/pipeline/writeToOutboundEventHub.py",
            "url": "https://adb-3625862807655190.10.azuredatabricks.net/#workspace/Users/stanislav.zhurich@gmail.com/pipeline/writeToOutboundEventHub.py"
          },
          "sensitive_attributes": [],
          "private": "eyJzY2hlbWFfdmVyc2lvbiI6IjEifQ==",
          "dependencies": [
            "azurerm_databricks_workspace.databricks_workspace",
            "azurerm_resource_group.resource_group",
            "data.databricks_current_user.current",
            "data.databricks_spark_version.latest",
            "databricks_cluster.databricks_cluster",
            "random_string.random_prefix"
          ]
        }
      ]
    },
    {
      "mode": "managed",
      "type": "databricks_secret_scope",
      "name": "kv",
      "provider": "provider[\"registry.terraform.io/databricks/databricks\"]",
      "instances": [
        {
          "schema_version": 2,
          "attributes": {
            "backend_type": "AZURE_KEYVAULT",
            "id": "keyvault-managed",
            "initial_manage_principal": "users",
            "keyvault_metadata": [
              {
                "dns_name": "https://bigdata8yu2klmmab-kv.vault.azure.net/",
                "resource_id": "/subscriptions/8b41bb3a-73a0-4041-90c2-d82d4d3cbc5f/resourceGroups/bigdata8yu2klmmab_rg/providers/Microsoft.KeyVault/vaults/bigdata8yu2klmmab-kv"
              }
            ],
            "name": "keyvault-managed"
          },
          "sensitive_attributes": [],
          "private": "eyJzY2hlbWFfdmVyc2lvbiI6IjIifQ==",
          "dependencies": [
            "azurerm_databricks_workspace.databricks_workspace",
            "azurerm_key_vault.key_vault",
            "azurerm_resource_group.resource_group",
            "data.azuread_client_config.current",
            "data.databricks_spark_version.latest",
            "databricks_cluster.databricks_cluster",
            "random_string.random_prefix"
          ]
        }
      ]
    },
    {
      "mode": "managed",
      "type": "random_string",
      "name": "random_prefix",
      "provider": "provider[\"registry.terraform.io/hashicorp/random\"]",
      "instances": [
        {
          "schema_version": 2,
          "attributes": {
            "id": "8yu2klmmab",
            "keepers": null,
            "length": 10,
            "lower": true,
            "min_lower": 0,
            "min_numeric": 0,
            "min_special": 0,
            "min_upper": 0,
            "number": true,
            "numeric": true,
            "override_special": null,
            "result": "8yu2klmmab",
            "special": false,
            "upper": false
          },
          "sensitive_attributes": []
        }
      ]
    },
    {
      "mode": "managed",
      "type": "time_sleep",
      "name": "databricks_role_assignment_sleep",
      "provider": "provider[\"registry.terraform.io/hashicorp/time\"]",
      "instances": [
        {
          "schema_version": 0,
          "attributes": {
            "create_duration": "60s",
            "destroy_duration": null,
            "id": "2024-11-06T09:41:08Z",
            "triggers": {
              "role_assignment": "/subscriptions/8b41bb3a-73a0-4041-90c2-d82d4d3cbc5f/resourceGroups/bigdata8yu2klmmab_rg/providers/Microsoft.Databricks/workspaces/databricks-workspace-bigdata8yu2klmmab/providers/Microsoft.Authorization/roleAssignments/63e7d6fe-71bb-e888-1ac0-95f41ca8a211"
            }
          },
          "sensitive_attributes": [],
          "dependencies": [
            "azurerm_databricks_workspace.databricks_workspace",
            "azurerm_resource_group.resource_group",
            "azurerm_role_assignment.deployer_databricks_role_assignement",
            "data.azuread_client_config.current",
            "random_string.random_prefix"
          ]
        }
      ]
    },
    {
      "mode": "managed",
      "type": "time_sleep",
      "name": "role_assignment_sleep",
      "provider": "provider[\"registry.terraform.io/hashicorp/time\"]",
      "instances": [
        {
          "schema_version": 0,
          "attributes": {
            "create_duration": "60s",
            "destroy_duration": null,
            "id": "2024-11-06T09:40:50Z",
            "triggers": {
              "role_assignment": "/subscriptions/8b41bb3a-73a0-4041-90c2-d82d4d3cbc5f/resourceGroups/bigdata8yu2klmmab_rg/providers/Microsoft.Storage/storageAccounts/datalakebigdata8yu2klmma/providers/Microsoft.Authorization/roleAssignments/eab6ea3a-9334-32a2-2add-70b12126f40f"
            }
          },
          "sensitive_attributes": [],
          "dependencies": [
            "azurerm_resource_group.resource_group",
            "azurerm_role_assignment.user_datalake_role_assignement",
            "azurerm_storage_account.datalake_storage_account",
            "data.azuread_client_config.current",
            "random_string.random_prefix"
          ]
        }
      ]
    }
  ],
  "check_results": null
}
