{
  "version": 4,
  "terraform_version": "1.4.5",
  "serial": 399,
  "lineage": "457d2fdd-0f40-8341-60ad-fcfa7263b916",
  "outputs": {
    "databricks_studio_url": {
      "value": "https://adb-2352946090432169.9.azuredatabricks.net",
      "type": "string"
    },
    "datafactory_studio_url": {
      "value": "https://adf.azure.com/en/home",
      "type": "string"
    },
    "synapse_studio_url": {
      "value": "https://web.azuresynapse.net?workspace=%2fsubscriptions%2f8b41bb3a-73a0-4041-90c2-d82d4d3cbc5f%2fresourceGroups%2fbigdatawhsfut4ggg_rg%2fproviders%2fMicrosoft.Synapse%2fworkspaces%2fsynapse-workspace-bigdatawhsfut4ggg",
      "type": "string"
    }
  },
  "resources": [
    {
      "mode": "data",
      "type": "archive_file",
      "name": "function",
      "provider": "provider[\"registry.terraform.io/hashicorp/archive\"]",
      "instances": [
        {
          "schema_version": 0,
          "attributes": {
            "exclude_symlink_directories": null,
            "excludes": null,
            "id": "8d6e3a93c88bbc8d65de11d1dffd2e2649b560e0",
            "output_base64sha256": "I6ldspRcznNIyaKplK9RrqXPJ9KjEpC0EJ2aGO1Ml+g=",
            "output_base64sha512": "hqeTQmezoejNQw6u5YjZEWPyqSIPHPfojFZI3V0Zl9hREj5gNJSRabAND2RgyI+5GIyFKTchLaSw9V4o2zrXKQ==",
            "output_file_mode": null,
            "output_md5": "b74a6fd5460f212f04a29aa95248a2b6",
            "output_path": "../../function.zip",
            "output_sha": "8d6e3a93c88bbc8d65de11d1dffd2e2649b560e0",
            "output_sha256": "23a95db2945cce7348c9a2a994af51aea5cf27d2a31290b4109d9a18ed4c97e8",
            "output_sha512": "86a7934267b3a1e8cd430eaee588d91163f2a9220f1cf7e88c5648dd5d1997d851123e6034949169b00d0f6460c88fb9188c852937212da4b0f55e28db3ad729",
            "output_size": 36905,
            "source": [],
            "source_content": null,
            "source_content_filename": null,
            "source_dir": "../../function/target/azure-functions/observation-generator",
            "source_file": null,
            "type": "zip"
          },
          "sensitive_attributes": []
        }
      ]
    },
    {
      "mode": "data",
      "type": "azuread_client_config",
      "name": "current",
      "provider": "provider[\"registry.terraform.io/hashicorp/azuread\"]",
      "instances": [
        {
          "schema_version": 0,
          "attributes": {
            "client_id": "04b07795-8ddb-461a-bbee-02f9e1bf7b46",
            "id": "728ec391-9e63-400e-883f-f7fd4a75ac01-04b07795-8ddb-461a-bbee-02f9e1bf7b46-881efb1c-9e27-4b58-823a-230f51d9a8f4",
            "object_id": "881efb1c-9e27-4b58-823a-230f51d9a8f4",
            "tenant_id": "728ec391-9e63-400e-883f-f7fd4a75ac01",
            "timeouts": null
          },
          "sensitive_attributes": []
        }
      ]
    },
    {
      "mode": "data",
      "type": "databricks_current_user",
      "name": "current",
      "provider": "provider[\"registry.terraform.io/databricks/databricks\"]",
      "instances": [
        {
          "schema_version": 0,
          "attributes": {
            "alphanumeric": "stanislav_zhurich",
            "external_id": "881efb1c-9e27-4b58-823a-230f51d9a8f4",
            "home": "/Users/stanislav.zhurich@gmail.com",
            "id": "5008168569270985",
            "repos": "/Repos/stanislav.zhurich@gmail.com",
            "user_name": "stanislav.zhurich@gmail.com",
            "workspace_url": "https://adb-2352946090432169.9.azuredatabricks.net"
          },
          "sensitive_attributes": []
        }
      ]
    },
    {
      "mode": "data",
      "type": "databricks_node_type",
      "name": "smallest",
      "provider": "provider[\"registry.terraform.io/databricks/databricks\"]",
      "instances": [
        {
          "schema_version": 0,
          "attributes": {
            "category": null,
            "gb_per_core": null,
            "graviton": null,
            "id": "Standard_NC24ads_A100_v4",
            "is_io_cache_enabled": null,
            "local_disk": true,
            "min_cores": null,
            "min_gpus": null,
            "min_memory_gb": null,
            "photon_driver_capable": null,
            "photon_worker_capable": null,
            "support_port_forwarding": null,
            "vcpu": null
          },
          "sensitive_attributes": []
        }
      ]
    },
    {
      "mode": "data",
      "type": "databricks_spark_version",
      "name": "latest",
      "provider": "provider[\"registry.terraform.io/databricks/databricks\"]",
      "instances": [
        {
          "schema_version": 0,
          "attributes": {
            "beta": null,
            "genomics": null,
            "gpu": null,
            "graviton": null,
            "id": "13.3.x-scala2.12",
            "latest": true,
            "long_term_support": true,
            "ml": null,
            "photon": null,
            "scala": "2.12",
            "spark_version": null
          },
          "sensitive_attributes": []
        }
      ]
    },
    {
      "mode": "managed",
      "type": "azuread_application",
      "name": "databricks_service_application",
      "provider": "provider[\"registry.terraform.io/hashicorp/azuread\"]",
      "instances": [
        {
          "schema_version": 1,
          "attributes": {
            "api": [
              {
                "known_client_applications": [],
                "mapped_claims_enabled": false,
                "oauth2_permission_scope": [],
                "requested_access_token_version": 1
              }
            ],
            "app_role": [],
            "app_role_ids": {},
            "application_id": "ba89665b-0026-47e2-9c97-0b1dddfa794a",
            "description": "",
            "device_only_auth_enabled": false,
            "disabled_by_microsoft": "\u003cnil\u003e",
            "display_name": "databricks_service_applicationbigdatawhsfut4ggg",
            "fallback_public_client_enabled": false,
            "feature_tags": [
              {
                "custom_single_sign_on": false,
                "enterprise": false,
                "gallery": false,
                "hide": false
              }
            ],
            "group_membership_claims": null,
            "id": "0fe69d4c-3b1b-40f4-bbb0-39cbd82328dd",
            "identifier_uris": [
              "api://databricks_service_applicationbigdatawhsfut4ggg"
            ],
            "logo_image": "",
            "logo_url": "",
            "marketing_url": "",
            "notes": "",
            "oauth2_permission_scope_ids": {},
            "oauth2_post_response_required": false,
            "object_id": "0fe69d4c-3b1b-40f4-bbb0-39cbd82328dd",
            "optional_claims": [
              {
                "access_token": [],
                "id_token": [],
                "saml2_token": []
              }
            ],
            "owners": [
              "881efb1c-9e27-4b58-823a-230f51d9a8f4"
            ],
            "prevent_duplicate_names": false,
            "privacy_statement_url": "",
            "public_client": [
              {
                "redirect_uris": []
              }
            ],
            "publisher_domain": "stanislavzhurichgmail.onmicrosoft.com",
            "required_resource_access": [],
            "service_management_reference": "",
            "sign_in_audience": "AzureADMyOrg",
            "single_page_application": [
              {
                "redirect_uris": []
              }
            ],
            "support_url": "",
            "tags": [],
            "template_id": "",
            "terms_of_service_url": "",
            "timeouts": null,
            "web": [
              {
                "homepage_url": "",
                "implicit_grant": [
                  {
                    "access_token_issuance_enabled": false,
                    "id_token_issuance_enabled": false
                  }
                ],
                "logout_url": "",
                "redirect_uris": []
              }
            ]
          },
          "sensitive_attributes": [],
          "private": "eyJlMmJmYjczMC1lY2FhLTExZTYtOGY4OC0zNDM2M2JjN2M0YzAiOnsiY3JlYXRlIjo2MDAwMDAwMDAwMDAsImRlbGV0ZSI6MzAwMDAwMDAwMDAwLCJyZWFkIjozMDAwMDAwMDAwMDAsInVwZGF0ZSI6NjAwMDAwMDAwMDAwfSwic2NoZW1hX3ZlcnNpb24iOiIxIn0=",
          "dependencies": [
            "data.azuread_client_config.current",
            "random_string.random_prefix"
          ]
        }
      ]
    },
    {
      "mode": "managed",
      "type": "azuread_service_principal",
      "name": "aad_service_sp",
      "provider": "provider[\"registry.terraform.io/hashicorp/azuread\"]",
      "instances": [
        {
          "schema_version": 0,
          "attributes": {
            "account_enabled": true,
            "alternative_names": null,
            "app_role_assignment_required": false,
            "app_role_ids": {},
            "app_roles": [],
            "application_id": "ba89665b-0026-47e2-9c97-0b1dddfa794a",
            "application_tenant_id": "728ec391-9e63-400e-883f-f7fd4a75ac01",
            "description": "",
            "display_name": "databricks_service_applicationbigdatawhsfut4ggg",
            "feature_tags": [
              {
                "custom_single_sign_on": false,
                "enterprise": false,
                "gallery": false,
                "hide": false
              }
            ],
            "features": [
              {
                "custom_single_sign_on_app": false,
                "enterprise_application": false,
                "gallery_application": false,
                "visible_to_users": true
              }
            ],
            "homepage_url": "",
            "id": "b3947c5d-5ec6-4952-a3ac-95b859438756",
            "login_url": "",
            "logout_url": "",
            "notes": "",
            "notification_email_addresses": null,
            "oauth2_permission_scope_ids": {},
            "oauth2_permission_scopes": [],
            "object_id": "b3947c5d-5ec6-4952-a3ac-95b859438756",
            "owners": [
              "881efb1c-9e27-4b58-823a-230f51d9a8f4"
            ],
            "preferred_single_sign_on_mode": "",
            "redirect_uris": [],
            "saml_metadata_url": "",
            "saml_single_sign_on": [
              {
                "relay_state": ""
              }
            ],
            "service_principal_names": [
              "api://databricks_service_applicationbigdatawhsfut4ggg"
            ],
            "sign_in_audience": "AzureADMyOrg",
            "tags": [],
            "timeouts": null,
            "type": "Application",
            "use_existing": null
          },
          "sensitive_attributes": [],
          "private": "eyJlMmJmYjczMC1lY2FhLTExZTYtOGY4OC0zNDM2M2JjN2M0YzAiOnsiY3JlYXRlIjo2MDAwMDAwMDAwMDAsImRlbGV0ZSI6MzAwMDAwMDAwMDAwLCJyZWFkIjozMDAwMDAwMDAwMDAsInVwZGF0ZSI6NjAwMDAwMDAwMDAwfX0=",
          "dependencies": [
            "azuread_application.databricks_service_application",
            "data.azuread_client_config.current",
            "random_string.random_prefix"
          ]
        }
      ]
    },
    {
      "mode": "managed",
      "type": "azuread_service_principal_password",
      "name": "service_sp_pswd",
      "provider": "provider[\"registry.terraform.io/hashicorp/azuread\"]",
      "instances": [
        {
          "schema_version": 1,
          "attributes": {
            "display_name": null,
            "end_date": "2025-08-28T06:50:46Z",
            "end_date_relative": null,
            "id": "b3947c5d-5ec6-4952-a3ac-95b859438756/password/1bd21df1-5cb2-405a-9fd7-2a45f3b23fc4",
            "key_id": "1bd21df1-5cb2-405a-9fd7-2a45f3b23fc4",
            "rotate_when_changed": null,
            "service_principal_id": "b3947c5d-5ec6-4952-a3ac-95b859438756",
            "start_date": "2023-08-28T06:50:46Z",
            "timeouts": null,
            "value": "m2w8Q~EjZOTXUoL0cK~pPB9gFy-uDyit~V0n.a-s"
          },
          "sensitive_attributes": [],
          "private": "eyJlMmJmYjczMC1lY2FhLTExZTYtOGY4OC0zNDM2M2JjN2M0YzAiOnsiY3JlYXRlIjozMDAwMDAwMDAwMDAsImRlbGV0ZSI6MzAwMDAwMDAwMDAwLCJyZWFkIjozMDAwMDAwMDAwMDAsInVwZGF0ZSI6MzAwMDAwMDAwMDAwfSwic2NoZW1hX3ZlcnNpb24iOiIxIn0=",
          "dependencies": [
            "azuread_application.databricks_service_application",
            "azuread_service_principal.aad_service_sp",
            "data.azuread_client_config.current",
            "random_string.random_prefix"
          ]
        }
      ]
    },
    {
      "mode": "managed",
      "type": "azurerm_data_factory",
      "name": "data_factory",
      "provider": "provider[\"registry.terraform.io/hashicorp/azurerm\"]",
      "instances": [
        {
          "schema_version": 2,
          "attributes": {
            "customer_managed_key_id": "",
            "customer_managed_key_identity_id": "",
            "github_configuration": [],
            "global_parameter": [],
            "id": "/subscriptions/8b41bb3a-73a0-4041-90c2-d82d4d3cbc5f/resourceGroups/bigdatawhsfut4ggg_rg/providers/Microsoft.DataFactory/factories/data-factory-bigdatawhsfut4ggg",
            "identity": [
              {
                "identity_ids": null,
                "principal_id": "448f09b6-92d2-49ed-b9ca-b26f310c0183",
                "tenant_id": "728ec391-9e63-400e-883f-f7fd4a75ac01",
                "type": "SystemAssigned"
              }
            ],
            "location": "westeurope",
            "managed_virtual_network_enabled": false,
            "name": "data-factory-bigdatawhsfut4ggg",
            "public_network_enabled": true,
            "purview_id": "",
            "resource_group_name": "bigdatawhsfut4ggg_rg",
            "tags": {
              "Environment": "Big Data Reference Lab"
            },
            "timeouts": null,
            "vsts_configuration": []
          },
          "sensitive_attributes": [],
          "private": "eyJlMmJmYjczMC1lY2FhLTExZTYtOGY4OC0zNDM2M2JjN2M0YzAiOnsiY3JlYXRlIjoxODAwMDAwMDAwMDAwLCJkZWxldGUiOjE4MDAwMDAwMDAwMDAsInJlYWQiOjMwMDAwMDAwMDAwMCwidXBkYXRlIjoxODAwMDAwMDAwMDAwfSwic2NoZW1hX3ZlcnNpb24iOiIyIn0=",
          "dependencies": [
            "azurerm_resource_group.resource_group",
            "random_string.random_prefix"
          ]
        }
      ]
    },
    {
      "mode": "managed",
      "type": "azurerm_data_factory_linked_service_azure_blob_storage",
      "name": "patient_blob_data_source_linked_service",
      "provider": "provider[\"registry.terraform.io/hashicorp/azurerm\"]",
      "instances": [
        {
          "schema_version": 0,
          "attributes": {
            "additional_properties": null,
            "annotations": null,
            "connection_string": null,
            "connection_string_insecure": null,
            "data_factory_id": "/subscriptions/8b41bb3a-73a0-4041-90c2-d82d4d3cbc5f/resourceGroups/bigdatawhsfut4ggg_rg/providers/Microsoft.DataFactory/factories/data-factory-bigdatawhsfut4ggg",
            "description": "",
            "id": "/subscriptions/8b41bb3a-73a0-4041-90c2-d82d4d3cbc5f/resourceGroups/bigdatawhsfut4ggg_rg/providers/Microsoft.DataFactory/factories/data-factory-bigdatawhsfut4ggg/linkedservices/blobSourceBlobStorageLinkedService",
            "integration_runtime_name": null,
            "key_vault_sas_token": [],
            "name": "blobSourceBlobStorageLinkedService",
            "parameters": null,
            "sas_uri": null,
            "service_endpoint": "https://sourcebigdatawhsfut4ggg.blob.core.windows.net",
            "service_principal_id": null,
            "service_principal_key": null,
            "service_principal_linked_key_vault_key": [],
            "storage_kind": "",
            "tenant_id": null,
            "timeouts": null,
            "use_managed_identity": true
          },
          "sensitive_attributes": [],
          "private": "eyJlMmJmYjczMC1lY2FhLTExZTYtOGY4OC0zNDM2M2JjN2M0YzAiOnsiY3JlYXRlIjoxODAwMDAwMDAwMDAwLCJkZWxldGUiOjE4MDAwMDAwMDAwMDAsInJlYWQiOjMwMDAwMDAwMDAwMCwidXBkYXRlIjoxODAwMDAwMDAwMDAwfX0=",
          "dependencies": [
            "azurerm_data_factory.data_factory",
            "azurerm_resource_group.resource_group",
            "azurerm_storage_account.source_storage_account",
            "random_string.random_prefix"
          ]
        }
      ]
    },
    {
      "mode": "managed",
      "type": "azurerm_data_factory_linked_service_azure_databricks",
      "name": "databricks_cluster_linked_servie",
      "provider": "provider[\"registry.terraform.io/hashicorp/azurerm\"]",
      "instances": [
        {
          "schema_version": 0,
          "attributes": {
            "access_token": null,
            "adb_domain": "https://adb-2352946090432169.9.azuredatabricks.net",
            "additional_properties": null,
            "annotations": null,
            "data_factory_id": "/subscriptions/8b41bb3a-73a0-4041-90c2-d82d4d3cbc5f/resourceGroups/bigdatawhsfut4ggg_rg/providers/Microsoft.DataFactory/factories/data-factory-bigdatawhsfut4ggg",
            "description": "",
            "existing_cluster_id": "0828-065354-6etrteog",
            "id": "/subscriptions/8b41bb3a-73a0-4041-90c2-d82d4d3cbc5f/resourceGroups/bigdatawhsfut4ggg_rg/providers/Microsoft.DataFactory/factories/data-factory-bigdatawhsfut4ggg/linkedservices/databricksClusterLinkedService",
            "instance_pool": [],
            "integration_runtime_name": null,
            "key_vault_password": [],
            "msi_work_space_resource_id": "/subscriptions/8b41bb3a-73a0-4041-90c2-d82d4d3cbc5f/resourceGroups/bigdatawhsfut4ggg_rg/providers/Microsoft.Databricks/workspaces/databricks-workspace-bigdatawhsfut4ggg",
            "name": "databricksClusterLinkedService",
            "new_cluster_config": [],
            "parameters": null,
            "timeouts": null
          },
          "sensitive_attributes": [],
          "private": "eyJlMmJmYjczMC1lY2FhLTExZTYtOGY4OC0zNDM2M2JjN2M0YzAiOnsiY3JlYXRlIjoxODAwMDAwMDAwMDAwLCJkZWxldGUiOjE4MDAwMDAwMDAwMDAsInJlYWQiOjMwMDAwMDAwMDAwMCwidXBkYXRlIjoxODAwMDAwMDAwMDAwfX0=",
          "dependencies": [
            "azurerm_data_factory.data_factory",
            "azurerm_databricks_workspace.databricks_workspace",
            "azurerm_resource_group.resource_group",
            "data.databricks_spark_version.latest",
            "databricks_cluster.databricks_cluster",
            "random_string.random_prefix"
          ]
        }
      ]
    },
    {
      "mode": "managed",
      "type": "azurerm_data_factory_linked_service_data_lake_storage_gen2",
      "name": "datalake_linked_service",
      "provider": "provider[\"registry.terraform.io/hashicorp/azurerm\"]",
      "instances": [
        {
          "schema_version": 0,
          "attributes": {
            "additional_properties": null,
            "annotations": null,
            "data_factory_id": "/subscriptions/8b41bb3a-73a0-4041-90c2-d82d4d3cbc5f/resourceGroups/bigdatawhsfut4ggg_rg/providers/Microsoft.DataFactory/factories/data-factory-bigdatawhsfut4ggg",
            "description": "",
            "id": "/subscriptions/8b41bb3a-73a0-4041-90c2-d82d4d3cbc5f/resourceGroups/bigdatawhsfut4ggg_rg/providers/Microsoft.DataFactory/factories/data-factory-bigdatawhsfut4ggg/linkedservices/datalakeLinkedService",
            "integration_runtime_name": null,
            "name": "datalakeLinkedService",
            "parameters": null,
            "service_principal_id": null,
            "service_principal_key": null,
            "storage_account_key": null,
            "tenant": null,
            "timeouts": null,
            "url": "https://datalakebigdatawhsfut4gg.dfs.core.windows.net/",
            "use_managed_identity": true
          },
          "sensitive_attributes": [],
          "private": "eyJlMmJmYjczMC1lY2FhLTExZTYtOGY4OC0zNDM2M2JjN2M0YzAiOnsiY3JlYXRlIjoxODAwMDAwMDAwMDAwLCJkZWxldGUiOjE4MDAwMDAwMDAwMDAsInJlYWQiOjMwMDAwMDAwMDAwMCwidXBkYXRlIjoxODAwMDAwMDAwMDAwfX0=",
          "dependencies": [
            "azurerm_data_factory.data_factory",
            "azurerm_resource_group.resource_group",
            "azurerm_storage_account.datalake_storage_account",
            "random_string.random_prefix"
          ]
        }
      ]
    },
    {
      "mode": "managed",
      "type": "azurerm_data_factory_linked_service_key_vault",
      "name": "key_vault_linked_service",
      "provider": "provider[\"registry.terraform.io/hashicorp/azurerm\"]",
      "instances": [
        {
          "schema_version": 0,
          "attributes": {
            "additional_properties": null,
            "annotations": null,
            "data_factory_id": "/subscriptions/8b41bb3a-73a0-4041-90c2-d82d4d3cbc5f/resourceGroups/bigdatawhsfut4ggg_rg/providers/Microsoft.DataFactory/factories/data-factory-bigdatawhsfut4ggg",
            "description": "",
            "id": "/subscriptions/8b41bb3a-73a0-4041-90c2-d82d4d3cbc5f/resourceGroups/bigdatawhsfut4ggg_rg/providers/Microsoft.DataFactory/factories/data-factory-bigdatawhsfut4ggg/linkedservices/keyVaultLinkedService",
            "integration_runtime_name": null,
            "key_vault_id": "/subscriptions/8b41bb3a-73a0-4041-90c2-d82d4d3cbc5f/resourceGroups/bigdatawhsfut4ggg_rg/providers/Microsoft.KeyVault/vaults/bigdatawhsfut4ggg-kv",
            "name": "keyVaultLinkedService",
            "parameters": null,
            "timeouts": null
          },
          "sensitive_attributes": [],
          "private": "eyJlMmJmYjczMC1lY2FhLTExZTYtOGY4OC0zNDM2M2JjN2M0YzAiOnsiY3JlYXRlIjoxODAwMDAwMDAwMDAwLCJkZWxldGUiOjE4MDAwMDAwMDAwMDAsInJlYWQiOjMwMDAwMDAwMDAwMCwidXBkYXRlIjoxODAwMDAwMDAwMDAwfX0=",
          "dependencies": [
            "azurerm_data_factory.data_factory",
            "azurerm_key_vault.key_vault",
            "azurerm_resource_group.resource_group",
            "data.azuread_client_config.current",
            "random_string.random_prefix"
          ]
        }
      ]
    },
    {
      "mode": "managed",
      "type": "azurerm_databricks_workspace",
      "name": "databricks_workspace",
      "provider": "provider[\"registry.terraform.io/hashicorp/azurerm\"]",
      "instances": [
        {
          "schema_version": 0,
          "attributes": {
            "custom_parameters": [
              {
                "machine_learning_workspace_id": "",
                "nat_gateway_name": "nat-gateway",
                "no_public_ip": false,
                "private_subnet_name": "",
                "private_subnet_network_security_group_association_id": "",
                "public_ip_name": "nat-gw-public-ip",
                "public_subnet_name": "",
                "public_subnet_network_security_group_association_id": "",
                "storage_account_name": "dbstorageqav7izfnqszku",
                "storage_account_sku_name": "Standard_GRS",
                "virtual_network_id": "",
                "vnet_address_prefix": "10.139"
              }
            ],
            "customer_managed_key_enabled": false,
            "disk_encryption_set_id": null,
            "id": "/subscriptions/8b41bb3a-73a0-4041-90c2-d82d4d3cbc5f/resourceGroups/bigdatawhsfut4ggg_rg/providers/Microsoft.Databricks/workspaces/databricks-workspace-bigdatawhsfut4ggg",
            "infrastructure_encryption_enabled": false,
            "load_balancer_backend_address_pool_id": "",
            "location": "westeurope",
            "managed_disk_cmk_key_vault_key_id": null,
            "managed_disk_cmk_rotation_to_latest_version_enabled": null,
            "managed_disk_identity": [],
            "managed_resource_group_id": "/subscriptions/8b41bb3a-73a0-4041-90c2-d82d4d3cbc5f/resourceGroups/adb_bigdatawhsfut4ggg_rg",
            "managed_resource_group_name": "adb_bigdatawhsfut4ggg_rg",
            "managed_services_cmk_key_vault_key_id": null,
            "name": "databricks-workspace-bigdatawhsfut4ggg",
            "network_security_group_rules_required": null,
            "public_network_access_enabled": true,
            "resource_group_name": "bigdatawhsfut4ggg_rg",
            "sku": "standard",
            "storage_account_identity": [],
            "tags": {
              "Environment": "Big Data Reference Lab"
            },
            "timeouts": null,
            "workspace_id": "2352946090432169",
            "workspace_url": "adb-2352946090432169.9.azuredatabricks.net"
          },
          "sensitive_attributes": [],
          "private": "eyJlMmJmYjczMC1lY2FhLTExZTYtOGY4OC0zNDM2M2JjN2M0YzAiOnsiY3JlYXRlIjoxODAwMDAwMDAwMDAwLCJkZWxldGUiOjE4MDAwMDAwMDAwMDAsInJlYWQiOjMwMDAwMDAwMDAwMCwidXBkYXRlIjoxODAwMDAwMDAwMDAwfX0=",
          "dependencies": [
            "azurerm_resource_group.resource_group",
            "random_string.random_prefix"
          ]
        }
      ]
    },
    {
      "mode": "managed",
      "type": "azurerm_eventhub",
      "name": "observation_eventhub",
      "provider": "provider[\"registry.terraform.io/hashicorp/azurerm\"]",
      "instances": [
        {
          "schema_version": 0,
          "attributes": {
            "capture_description": [],
            "id": "/subscriptions/8b41bb3a-73a0-4041-90c2-d82d4d3cbc5f/resourceGroups/bigdatawhsfut4ggg_rg/providers/Microsoft.EventHub/namespaces/big-data-eventhub-namespace/eventhubs/observation-generator-event-hub",
            "message_retention": 1,
            "name": "observation-generator-event-hub",
            "namespace_name": "big-data-eventhub-namespace",
            "partition_count": 1,
            "partition_ids": [
              "0"
            ],
            "resource_group_name": "bigdatawhsfut4ggg_rg",
            "status": "Active",
            "timeouts": null
          },
          "sensitive_attributes": [],
          "private": "eyJlMmJmYjczMC1lY2FhLTExZTYtOGY4OC0zNDM2M2JjN2M0YzAiOnsiY3JlYXRlIjoxODAwMDAwMDAwMDAwLCJkZWxldGUiOjE4MDAwMDAwMDAwMDAsInJlYWQiOjMwMDAwMDAwMDAwMCwidXBkYXRlIjoxODAwMDAwMDAwMDAwfX0=",
          "dependencies": [
            "azurerm_eventhub_namespace.eventhub_namespace",
            "azurerm_resource_group.resource_group",
            "random_string.random_prefix"
          ]
        }
      ]
    },
    {
      "mode": "managed",
      "type": "azurerm_eventhub",
      "name": "target_observation_eventhub",
      "provider": "provider[\"registry.terraform.io/hashicorp/azurerm\"]",
      "instances": [
        {
          "schema_version": 0,
          "attributes": {
            "capture_description": [],
            "id": "/subscriptions/8b41bb3a-73a0-4041-90c2-d82d4d3cbc5f/resourceGroups/bigdatawhsfut4ggg_rg/providers/Microsoft.EventHub/namespaces/big-data-eventhub-namespace/eventhubs/target-event-hub",
            "message_retention": 1,
            "name": "target-event-hub",
            "namespace_name": "big-data-eventhub-namespace",
            "partition_count": 1,
            "partition_ids": [
              "0"
            ],
            "resource_group_name": "bigdatawhsfut4ggg_rg",
            "status": "Active",
            "timeouts": null
          },
          "sensitive_attributes": [],
          "private": "eyJlMmJmYjczMC1lY2FhLTExZTYtOGY4OC0zNDM2M2JjN2M0YzAiOnsiY3JlYXRlIjoxODAwMDAwMDAwMDAwLCJkZWxldGUiOjE4MDAwMDAwMDAwMDAsInJlYWQiOjMwMDAwMDAwMDAwMCwidXBkYXRlIjoxODAwMDAwMDAwMDAwfX0=",
          "dependencies": [
            "azurerm_eventhub_namespace.eventhub_namespace",
            "azurerm_resource_group.resource_group",
            "random_string.random_prefix"
          ]
        }
      ]
    },
    {
      "mode": "managed",
      "type": "azurerm_eventhub_authorization_rule",
      "name": "observation_eventhub_auth_rule",
      "provider": "provider[\"registry.terraform.io/hashicorp/azurerm\"]",
      "instances": [
        {
          "schema_version": 1,
          "attributes": {
            "eventhub_name": "observation-generator-event-hub",
            "id": "/subscriptions/8b41bb3a-73a0-4041-90c2-d82d4d3cbc5f/resourceGroups/bigdatawhsfut4ggg_rg/providers/Microsoft.EventHub/namespaces/big-data-eventhub-namespace/eventhubs/observation-generator-event-hub/authorizationRules/accessPolicy",
            "listen": true,
            "manage": true,
            "name": "accessPolicy",
            "namespace_name": "big-data-eventhub-namespace",
            "primary_connection_string": "Endpoint=sb://big-data-eventhub-namespace.servicebus.windows.net/;SharedAccessKeyName=accessPolicy;SharedAccessKey=qpAz5TGEm0UV5A4co3RVAKfCXHIlxZ93P+AEhMJ9ieQ=;EntityPath=observation-generator-event-hub",
            "primary_connection_string_alias": "",
            "primary_key": "qpAz5TGEm0UV5A4co3RVAKfCXHIlxZ93P+AEhMJ9ieQ=",
            "resource_group_name": "bigdatawhsfut4ggg_rg",
            "secondary_connection_string": "Endpoint=sb://big-data-eventhub-namespace.servicebus.windows.net/;SharedAccessKeyName=accessPolicy;SharedAccessKey=QTXaXUkD0UD6ZyVeL4MVHwORJEKY8Nif0+AEhEJnTTs=;EntityPath=observation-generator-event-hub",
            "secondary_connection_string_alias": "",
            "secondary_key": "QTXaXUkD0UD6ZyVeL4MVHwORJEKY8Nif0+AEhEJnTTs=",
            "send": true,
            "timeouts": null
          },
          "sensitive_attributes": [],
          "private": "eyJlMmJmYjczMC1lY2FhLTExZTYtOGY4OC0zNDM2M2JjN2M0YzAiOnsiY3JlYXRlIjoxODAwMDAwMDAwMDAwLCJkZWxldGUiOjE4MDAwMDAwMDAwMDAsInJlYWQiOjMwMDAwMDAwMDAwMCwidXBkYXRlIjoxODAwMDAwMDAwMDAwfSwic2NoZW1hX3ZlcnNpb24iOiIxIn0=",
          "dependencies": [
            "azurerm_eventhub.observation_eventhub",
            "azurerm_eventhub_namespace.eventhub_namespace",
            "azurerm_resource_group.resource_group",
            "random_string.random_prefix"
          ]
        }
      ]
    },
    {
      "mode": "managed",
      "type": "azurerm_eventhub_authorization_rule",
      "name": "target_observation_eventhub_auth_rule",
      "provider": "provider[\"registry.terraform.io/hashicorp/azurerm\"]",
      "instances": [
        {
          "schema_version": 1,
          "attributes": {
            "eventhub_name": "target-event-hub",
            "id": "/subscriptions/8b41bb3a-73a0-4041-90c2-d82d4d3cbc5f/resourceGroups/bigdatawhsfut4ggg_rg/providers/Microsoft.EventHub/namespaces/big-data-eventhub-namespace/eventhubs/target-event-hub/authorizationRules/accessPolicy",
            "listen": true,
            "manage": true,
            "name": "accessPolicy",
            "namespace_name": "big-data-eventhub-namespace",
            "primary_connection_string": "Endpoint=sb://big-data-eventhub-namespace.servicebus.windows.net/;SharedAccessKeyName=accessPolicy;SharedAccessKey=boWgPA4VR0N1Hj5aBUkBxGxzDllsWdUPU+AEhAoqFIU=;EntityPath=target-event-hub",
            "primary_connection_string_alias": "",
            "primary_key": "boWgPA4VR0N1Hj5aBUkBxGxzDllsWdUPU+AEhAoqFIU=",
            "resource_group_name": "bigdatawhsfut4ggg_rg",
            "secondary_connection_string": "Endpoint=sb://big-data-eventhub-namespace.servicebus.windows.net/;SharedAccessKeyName=accessPolicy;SharedAccessKey=tV5EkN0M7D+cpFzS7pCvZJ6J9n7fsVDYJ+AEhLWTqp0=;EntityPath=target-event-hub",
            "secondary_connection_string_alias": "",
            "secondary_key": "tV5EkN0M7D+cpFzS7pCvZJ6J9n7fsVDYJ+AEhLWTqp0=",
            "send": true,
            "timeouts": null
          },
          "sensitive_attributes": [],
          "private": "eyJlMmJmYjczMC1lY2FhLTExZTYtOGY4OC0zNDM2M2JjN2M0YzAiOnsiY3JlYXRlIjoxODAwMDAwMDAwMDAwLCJkZWxldGUiOjE4MDAwMDAwMDAwMDAsInJlYWQiOjMwMDAwMDAwMDAwMCwidXBkYXRlIjoxODAwMDAwMDAwMDAwfSwic2NoZW1hX3ZlcnNpb24iOiIxIn0=",
          "dependencies": [
            "azurerm_eventhub.target_observation_eventhub",
            "azurerm_eventhub_namespace.eventhub_namespace",
            "azurerm_resource_group.resource_group",
            "random_string.random_prefix"
          ]
        }
      ]
    },
    {
      "mode": "managed",
      "type": "azurerm_eventhub_namespace",
      "name": "eventhub_namespace",
      "provider": "provider[\"registry.terraform.io/hashicorp/azurerm\"]",
      "instances": [
        {
          "schema_version": 0,
          "attributes": {
            "auto_inflate_enabled": false,
            "capacity": 1,
            "dedicated_cluster_id": "",
            "default_primary_connection_string": "Endpoint=sb://big-data-eventhub-namespace.servicebus.windows.net/;SharedAccessKeyName=RootManageSharedAccessKey;SharedAccessKey=VViRWrl08kMCWn5cgUCDES70aAkw9okR1+AEhJOb4dw=",
            "default_primary_connection_string_alias": "",
            "default_primary_key": "VViRWrl08kMCWn5cgUCDES70aAkw9okR1+AEhJOb4dw=",
            "default_secondary_connection_string": "Endpoint=sb://big-data-eventhub-namespace.servicebus.windows.net/;SharedAccessKeyName=RootManageSharedAccessKey;SharedAccessKey=XpH/DUT/G5TvuNrqALl8XT3oJxxrGyXZC+AEhMbPc3I=",
            "default_secondary_connection_string_alias": "",
            "default_secondary_key": "XpH/DUT/G5TvuNrqALl8XT3oJxxrGyXZC+AEhMbPc3I=",
            "id": "/subscriptions/8b41bb3a-73a0-4041-90c2-d82d4d3cbc5f/resourceGroups/bigdatawhsfut4ggg_rg/providers/Microsoft.EventHub/namespaces/big-data-eventhub-namespace",
            "identity": [
              {
                "identity_ids": null,
                "principal_id": "37b7dc33-07c0-4d3e-ae0f-2856785e99d7",
                "tenant_id": "728ec391-9e63-400e-883f-f7fd4a75ac01",
                "type": "SystemAssigned"
              }
            ],
            "local_authentication_enabled": true,
            "location": "westeurope",
            "maximum_throughput_units": 0,
            "minimum_tls_version": "1.2",
            "name": "big-data-eventhub-namespace",
            "network_rulesets": [
              {
                "default_action": "Allow",
                "ip_rule": [],
                "public_network_access_enabled": true,
                "trusted_service_access_enabled": false,
                "virtual_network_rule": []
              }
            ],
            "public_network_access_enabled": true,
            "resource_group_name": "bigdatawhsfut4ggg_rg",
            "sku": "Basic",
            "tags": {
              "Environment": "Big Data Reference Lab"
            },
            "timeouts": null,
            "zone_redundant": false
          },
          "sensitive_attributes": [],
          "private": "eyJlMmJmYjczMC1lY2FhLTExZTYtOGY4OC0zNDM2M2JjN2M0YzAiOnsiY3JlYXRlIjoxODAwMDAwMDAwMDAwLCJkZWxldGUiOjE4MDAwMDAwMDAwMDAsInJlYWQiOjMwMDAwMDAwMDAwMCwidXBkYXRlIjoxODAwMDAwMDAwMDAwfX0=",
          "dependencies": [
            "azurerm_resource_group.resource_group",
            "random_string.random_prefix"
          ]
        }
      ]
    },
    {
      "mode": "managed",
      "type": "azurerm_key_vault",
      "name": "key_vault",
      "provider": "provider[\"registry.terraform.io/hashicorp/azurerm\"]",
      "instances": [
        {
          "schema_version": 2,
          "attributes": {
            "access_policy": [],
            "contact": [],
            "enable_rbac_authorization": false,
            "enabled_for_deployment": false,
            "enabled_for_disk_encryption": false,
            "enabled_for_template_deployment": false,
            "id": "/subscriptions/8b41bb3a-73a0-4041-90c2-d82d4d3cbc5f/resourceGroups/bigdatawhsfut4ggg_rg/providers/Microsoft.KeyVault/vaults/bigdatawhsfut4ggg-kv",
            "location": "westeurope",
            "name": "bigdatawhsfut4ggg-kv",
            "network_acls": [
              {
                "bypass": "AzureServices",
                "default_action": "Allow",
                "ip_rules": [],
                "virtual_network_subnet_ids": []
              }
            ],
            "public_network_access_enabled": true,
            "purge_protection_enabled": false,
            "resource_group_name": "bigdatawhsfut4ggg_rg",
            "sku_name": "standard",
            "soft_delete_retention_days": 90,
            "tags": {
              "Environment": "Big Data Reference Lab"
            },
            "tenant_id": "728ec391-9e63-400e-883f-f7fd4a75ac01",
            "timeouts": null,
            "vault_uri": "https://bigdatawhsfut4ggg-kv.vault.azure.net/"
          },
          "sensitive_attributes": [],
          "private": "eyJlMmJmYjczMC1lY2FhLTExZTYtOGY4OC0zNDM2M2JjN2M0YzAiOnsiY3JlYXRlIjoxODAwMDAwMDAwMDAwLCJkZWxldGUiOjE4MDAwMDAwMDAwMDAsInJlYWQiOjMwMDAwMDAwMDAwMCwidXBkYXRlIjoxODAwMDAwMDAwMDAwfSwic2NoZW1hX3ZlcnNpb24iOiIyIn0=",
          "dependencies": [
            "azurerm_resource_group.resource_group",
            "data.azuread_client_config.current",
            "random_string.random_prefix"
          ]
        }
      ]
    },
    {
      "mode": "managed",
      "type": "azurerm_key_vault_access_policy",
      "name": "adb_keyvault_policy",
      "provider": "provider[\"registry.terraform.io/hashicorp/azurerm\"]",
      "instances": [
        {
          "schema_version": 0,
          "attributes": {
            "application_id": null,
            "certificate_permissions": null,
            "id": "/subscriptions/8b41bb3a-73a0-4041-90c2-d82d4d3cbc5f/resourceGroups/bigdatawhsfut4ggg_rg/providers/Microsoft.KeyVault/vaults/bigdatawhsfut4ggg-kv/objectId/b3947c5d-5ec6-4952-a3ac-95b859438756",
            "key_permissions": null,
            "key_vault_id": "/subscriptions/8b41bb3a-73a0-4041-90c2-d82d4d3cbc5f/resourceGroups/bigdatawhsfut4ggg_rg/providers/Microsoft.KeyVault/vaults/bigdatawhsfut4ggg-kv",
            "object_id": "b3947c5d-5ec6-4952-a3ac-95b859438756",
            "secret_permissions": [
              "Get",
              "List",
              "Set",
              "Delete",
              "Recover",
              "Purge"
            ],
            "storage_permissions": null,
            "tenant_id": "728ec391-9e63-400e-883f-f7fd4a75ac01",
            "timeouts": null
          },
          "sensitive_attributes": [],
          "private": "eyJlMmJmYjczMC1lY2FhLTExZTYtOGY4OC0zNDM2M2JjN2M0YzAiOnsiY3JlYXRlIjoxODAwMDAwMDAwMDAwLCJkZWxldGUiOjE4MDAwMDAwMDAwMDAsInJlYWQiOjMwMDAwMDAwMDAwMCwidXBkYXRlIjoxODAwMDAwMDAwMDAwfX0=",
          "dependencies": [
            "azuread_application.databricks_service_application",
            "azuread_service_principal.aad_service_sp",
            "azurerm_key_vault.key_vault",
            "azurerm_resource_group.resource_group",
            "data.azuread_client_config.current",
            "random_string.random_prefix"
          ]
        }
      ]
    },
    {
      "mode": "managed",
      "type": "azurerm_key_vault_access_policy",
      "name": "deployer_keyvault_policy",
      "provider": "provider[\"registry.terraform.io/hashicorp/azurerm\"]",
      "instances": [
        {
          "schema_version": 0,
          "attributes": {
            "application_id": null,
            "certificate_permissions": null,
            "id": "/subscriptions/8b41bb3a-73a0-4041-90c2-d82d4d3cbc5f/resourceGroups/bigdatawhsfut4ggg_rg/providers/Microsoft.KeyVault/vaults/bigdatawhsfut4ggg-kv/objectId/881efb1c-9e27-4b58-823a-230f51d9a8f4",
            "key_permissions": null,
            "key_vault_id": "/subscriptions/8b41bb3a-73a0-4041-90c2-d82d4d3cbc5f/resourceGroups/bigdatawhsfut4ggg_rg/providers/Microsoft.KeyVault/vaults/bigdatawhsfut4ggg-kv",
            "object_id": "881efb1c-9e27-4b58-823a-230f51d9a8f4",
            "secret_permissions": [
              "Get",
              "List",
              "Set",
              "Delete",
              "Recover",
              "Purge"
            ],
            "storage_permissions": null,
            "tenant_id": "728ec391-9e63-400e-883f-f7fd4a75ac01",
            "timeouts": null
          },
          "sensitive_attributes": [],
          "private": "eyJlMmJmYjczMC1lY2FhLTExZTYtOGY4OC0zNDM2M2JjN2M0YzAiOnsiY3JlYXRlIjoxODAwMDAwMDAwMDAwLCJkZWxldGUiOjE4MDAwMDAwMDAwMDAsInJlYWQiOjMwMDAwMDAwMDAwMCwidXBkYXRlIjoxODAwMDAwMDAwMDAwfX0=",
          "dependencies": [
            "azurerm_key_vault.key_vault",
            "azurerm_resource_group.resource_group",
            "data.azuread_client_config.current",
            "random_string.random_prefix"
          ]
        }
      ]
    },
    {
      "mode": "managed",
      "type": "azurerm_key_vault_access_policy",
      "name": "df_keyvault_policy",
      "provider": "provider[\"registry.terraform.io/hashicorp/azurerm\"]",
      "instances": [
        {
          "schema_version": 0,
          "attributes": {
            "application_id": null,
            "certificate_permissions": null,
            "id": "/subscriptions/8b41bb3a-73a0-4041-90c2-d82d4d3cbc5f/resourceGroups/bigdatawhsfut4ggg_rg/providers/Microsoft.KeyVault/vaults/bigdatawhsfut4ggg-kv/objectId/448f09b6-92d2-49ed-b9ca-b26f310c0183",
            "key_permissions": null,
            "key_vault_id": "/subscriptions/8b41bb3a-73a0-4041-90c2-d82d4d3cbc5f/resourceGroups/bigdatawhsfut4ggg_rg/providers/Microsoft.KeyVault/vaults/bigdatawhsfut4ggg-kv",
            "object_id": "448f09b6-92d2-49ed-b9ca-b26f310c0183",
            "secret_permissions": [
              "Get",
              "List",
              "Set",
              "Delete",
              "Recover",
              "Purge"
            ],
            "storage_permissions": null,
            "tenant_id": "728ec391-9e63-400e-883f-f7fd4a75ac01",
            "timeouts": null
          },
          "sensitive_attributes": [],
          "private": "eyJlMmJmYjczMC1lY2FhLTExZTYtOGY4OC0zNDM2M2JjN2M0YzAiOnsiY3JlYXRlIjoxODAwMDAwMDAwMDAwLCJkZWxldGUiOjE4MDAwMDAwMDAwMDAsInJlYWQiOjMwMDAwMDAwMDAwMCwidXBkYXRlIjoxODAwMDAwMDAwMDAwfX0=",
          "dependencies": [
            "azurerm_data_factory.data_factory",
            "azurerm_key_vault.key_vault",
            "azurerm_resource_group.resource_group",
            "data.azuread_client_config.current",
            "random_string.random_prefix"
          ]
        }
      ]
    },
    {
      "mode": "managed",
      "type": "azurerm_key_vault_secret",
      "name": "adb_client_id",
      "provider": "provider[\"registry.terraform.io/hashicorp/azurerm\"]",
      "instances": [
        {
          "schema_version": 0,
          "attributes": {
            "content_type": "",
            "expiration_date": null,
            "id": "https://bigdatawhsfut4ggg-kv.vault.azure.net/secrets/client-id/4842ebb7de8d423e9932ac4c3741819d",
            "key_vault_id": "/subscriptions/8b41bb3a-73a0-4041-90c2-d82d4d3cbc5f/resourceGroups/bigdatawhsfut4ggg_rg/providers/Microsoft.KeyVault/vaults/bigdatawhsfut4ggg-kv",
            "name": "client-id",
            "not_before_date": null,
            "resource_id": "/subscriptions/8b41bb3a-73a0-4041-90c2-d82d4d3cbc5f/resourceGroups/bigdatawhsfut4ggg_rg/providers/Microsoft.KeyVault/vaults/bigdatawhsfut4ggg-kv/secrets/client-id/versions/4842ebb7de8d423e9932ac4c3741819d",
            "resource_versionless_id": "/subscriptions/8b41bb3a-73a0-4041-90c2-d82d4d3cbc5f/resourceGroups/bigdatawhsfut4ggg_rg/providers/Microsoft.KeyVault/vaults/bigdatawhsfut4ggg-kv/secrets/client-id",
            "tags": null,
            "timeouts": null,
            "value": "ba89665b-0026-47e2-9c97-0b1dddfa794a",
            "version": "4842ebb7de8d423e9932ac4c3741819d",
            "versionless_id": "https://bigdatawhsfut4ggg-kv.vault.azure.net/secrets/client-id"
          },
          "sensitive_attributes": [],
          "private": "eyJlMmJmYjczMC1lY2FhLTExZTYtOGY4OC0zNDM2M2JjN2M0YzAiOnsiY3JlYXRlIjoxODAwMDAwMDAwMDAwLCJkZWxldGUiOjE4MDAwMDAwMDAwMDAsInJlYWQiOjE4MDAwMDAwMDAwMDAsInVwZGF0ZSI6MTgwMDAwMDAwMDAwMH19",
          "dependencies": [
            "azuread_application.databricks_service_application",
            "azuread_service_principal.aad_service_sp",
            "azurerm_key_vault.key_vault",
            "azurerm_key_vault_access_policy.deployer_keyvault_policy",
            "azurerm_resource_group.resource_group",
            "data.azuread_client_config.current",
            "random_string.random_prefix"
          ]
        }
      ]
    },
    {
      "mode": "managed",
      "type": "azurerm_key_vault_secret",
      "name": "adb_client_secret",
      "provider": "provider[\"registry.terraform.io/hashicorp/azurerm\"]",
      "instances": [
        {
          "schema_version": 0,
          "attributes": {
            "content_type": "",
            "expiration_date": null,
            "id": "https://bigdatawhsfut4ggg-kv.vault.azure.net/secrets/client-secret/4321d19a9e4641078c9dfe212705c146",
            "key_vault_id": "/subscriptions/8b41bb3a-73a0-4041-90c2-d82d4d3cbc5f/resourceGroups/bigdatawhsfut4ggg_rg/providers/Microsoft.KeyVault/vaults/bigdatawhsfut4ggg-kv",
            "name": "client-secret",
            "not_before_date": null,
            "resource_id": "/subscriptions/8b41bb3a-73a0-4041-90c2-d82d4d3cbc5f/resourceGroups/bigdatawhsfut4ggg_rg/providers/Microsoft.KeyVault/vaults/bigdatawhsfut4ggg-kv/secrets/client-secret/versions/4321d19a9e4641078c9dfe212705c146",
            "resource_versionless_id": "/subscriptions/8b41bb3a-73a0-4041-90c2-d82d4d3cbc5f/resourceGroups/bigdatawhsfut4ggg_rg/providers/Microsoft.KeyVault/vaults/bigdatawhsfut4ggg-kv/secrets/client-secret",
            "tags": null,
            "timeouts": null,
            "value": "m2w8Q~EjZOTXUoL0cK~pPB9gFy-uDyit~V0n.a-s",
            "version": "4321d19a9e4641078c9dfe212705c146",
            "versionless_id": "https://bigdatawhsfut4ggg-kv.vault.azure.net/secrets/client-secret"
          },
          "sensitive_attributes": [
            [
              {
                "type": "get_attr",
                "value": "value"
              }
            ]
          ],
          "private": "eyJlMmJmYjczMC1lY2FhLTExZTYtOGY4OC0zNDM2M2JjN2M0YzAiOnsiY3JlYXRlIjoxODAwMDAwMDAwMDAwLCJkZWxldGUiOjE4MDAwMDAwMDAwMDAsInJlYWQiOjE4MDAwMDAwMDAwMDAsInVwZGF0ZSI6MTgwMDAwMDAwMDAwMH19",
          "dependencies": [
            "azuread_application.databricks_service_application",
            "azuread_service_principal.aad_service_sp",
            "azuread_service_principal_password.service_sp_pswd",
            "azurerm_key_vault.key_vault",
            "azurerm_key_vault_access_policy.deployer_keyvault_policy",
            "azurerm_resource_group.resource_group",
            "data.azuread_client_config.current",
            "random_string.random_prefix"
          ]
        }
      ]
    },
    {
      "mode": "managed",
      "type": "azurerm_key_vault_secret",
      "name": "adb_tenant_id",
      "provider": "provider[\"registry.terraform.io/hashicorp/azurerm\"]",
      "instances": [
        {
          "schema_version": 0,
          "attributes": {
            "content_type": "",
            "expiration_date": null,
            "id": "https://bigdatawhsfut4ggg-kv.vault.azure.net/secrets/client-tenant-id/0f3139a1cd43457da6de24fa6c064aed",
            "key_vault_id": "/subscriptions/8b41bb3a-73a0-4041-90c2-d82d4d3cbc5f/resourceGroups/bigdatawhsfut4ggg_rg/providers/Microsoft.KeyVault/vaults/bigdatawhsfut4ggg-kv",
            "name": "client-tenant-id",
            "not_before_date": null,
            "resource_id": "/subscriptions/8b41bb3a-73a0-4041-90c2-d82d4d3cbc5f/resourceGroups/bigdatawhsfut4ggg_rg/providers/Microsoft.KeyVault/vaults/bigdatawhsfut4ggg-kv/secrets/client-tenant-id/versions/0f3139a1cd43457da6de24fa6c064aed",
            "resource_versionless_id": "/subscriptions/8b41bb3a-73a0-4041-90c2-d82d4d3cbc5f/resourceGroups/bigdatawhsfut4ggg_rg/providers/Microsoft.KeyVault/vaults/bigdatawhsfut4ggg-kv/secrets/client-tenant-id",
            "tags": null,
            "timeouts": null,
            "value": "728ec391-9e63-400e-883f-f7fd4a75ac01",
            "version": "0f3139a1cd43457da6de24fa6c064aed",
            "versionless_id": "https://bigdatawhsfut4ggg-kv.vault.azure.net/secrets/client-tenant-id"
          },
          "sensitive_attributes": [],
          "private": "eyJlMmJmYjczMC1lY2FhLTExZTYtOGY4OC0zNDM2M2JjN2M0YzAiOnsiY3JlYXRlIjoxODAwMDAwMDAwMDAwLCJkZWxldGUiOjE4MDAwMDAwMDAwMDAsInJlYWQiOjE4MDAwMDAwMDAwMDAsInVwZGF0ZSI6MTgwMDAwMDAwMDAwMH19",
          "dependencies": [
            "azurerm_key_vault.key_vault",
            "azurerm_key_vault_access_policy.deployer_keyvault_policy",
            "azurerm_resource_group.resource_group",
            "data.azuread_client_config.current",
            "random_string.random_prefix"
          ]
        }
      ]
    },
    {
      "mode": "managed",
      "type": "azurerm_key_vault_secret",
      "name": "blob_connection_account_name",
      "provider": "provider[\"registry.terraform.io/hashicorp/azurerm\"]",
      "instances": [
        {
          "schema_version": 0,
          "attributes": {
            "content_type": "",
            "expiration_date": null,
            "id": "https://bigdatawhsfut4ggg-kv.vault.azure.net/secrets/blob-storage-account-name/17db7ca7452d49f1abc6804513deaabb",
            "key_vault_id": "/subscriptions/8b41bb3a-73a0-4041-90c2-d82d4d3cbc5f/resourceGroups/bigdatawhsfut4ggg_rg/providers/Microsoft.KeyVault/vaults/bigdatawhsfut4ggg-kv",
            "name": "blob-storage-account-name",
            "not_before_date": null,
            "resource_id": "/subscriptions/8b41bb3a-73a0-4041-90c2-d82d4d3cbc5f/resourceGroups/bigdatawhsfut4ggg_rg/providers/Microsoft.KeyVault/vaults/bigdatawhsfut4ggg-kv/secrets/blob-storage-account-name/versions/17db7ca7452d49f1abc6804513deaabb",
            "resource_versionless_id": "/subscriptions/8b41bb3a-73a0-4041-90c2-d82d4d3cbc5f/resourceGroups/bigdatawhsfut4ggg_rg/providers/Microsoft.KeyVault/vaults/bigdatawhsfut4ggg-kv/secrets/blob-storage-account-name",
            "tags": null,
            "timeouts": null,
            "value": "sourcebigdatawhsfut4ggg",
            "version": "17db7ca7452d49f1abc6804513deaabb",
            "versionless_id": "https://bigdatawhsfut4ggg-kv.vault.azure.net/secrets/blob-storage-account-name"
          },
          "sensitive_attributes": [],
          "private": "eyJlMmJmYjczMC1lY2FhLTExZTYtOGY4OC0zNDM2M2JjN2M0YzAiOnsiY3JlYXRlIjoxODAwMDAwMDAwMDAwLCJkZWxldGUiOjE4MDAwMDAwMDAwMDAsInJlYWQiOjE4MDAwMDAwMDAwMDAsInVwZGF0ZSI6MTgwMDAwMDAwMDAwMH19",
          "dependencies": [
            "azurerm_key_vault.key_vault",
            "azurerm_key_vault_access_policy.deployer_keyvault_policy",
            "azurerm_resource_group.resource_group",
            "azurerm_storage_account.source_storage_account",
            "data.azuread_client_config.current",
            "random_string.random_prefix"
          ]
        }
      ]
    },
    {
      "mode": "managed",
      "type": "azurerm_key_vault_secret",
      "name": "blob_connection_string_secret",
      "provider": "provider[\"registry.terraform.io/hashicorp/azurerm\"]",
      "instances": [
        {
          "schema_version": 0,
          "attributes": {
            "content_type": "",
            "expiration_date": null,
            "id": "https://bigdatawhsfut4ggg-kv.vault.azure.net/secrets/blob-storage-access-key/d76a12fa50884c568fa34d8d373ef8f2",
            "key_vault_id": "/subscriptions/8b41bb3a-73a0-4041-90c2-d82d4d3cbc5f/resourceGroups/bigdatawhsfut4ggg_rg/providers/Microsoft.KeyVault/vaults/bigdatawhsfut4ggg-kv",
            "name": "blob-storage-access-key",
            "not_before_date": null,
            "resource_id": "/subscriptions/8b41bb3a-73a0-4041-90c2-d82d4d3cbc5f/resourceGroups/bigdatawhsfut4ggg_rg/providers/Microsoft.KeyVault/vaults/bigdatawhsfut4ggg-kv/secrets/blob-storage-access-key/versions/d76a12fa50884c568fa34d8d373ef8f2",
            "resource_versionless_id": "/subscriptions/8b41bb3a-73a0-4041-90c2-d82d4d3cbc5f/resourceGroups/bigdatawhsfut4ggg_rg/providers/Microsoft.KeyVault/vaults/bigdatawhsfut4ggg-kv/secrets/blob-storage-access-key",
            "tags": null,
            "timeouts": null,
            "value": "DefaultEndpointsProtocol=https;AccountName=sourcebigdatawhsfut4ggg;AccountKey=sjVdqc5xbzzy8qzohDEhn9Kpiw1nGSElvmx90Nim/WanUqInIYM1XqvFXxsjXaIyw7P+MioHB+k2+AStaGGj9Q==;EndpointSuffix=core.windows.net",
            "version": "d76a12fa50884c568fa34d8d373ef8f2",
            "versionless_id": "https://bigdatawhsfut4ggg-kv.vault.azure.net/secrets/blob-storage-access-key"
          },
          "sensitive_attributes": [
            [
              {
                "type": "get_attr",
                "value": "value"
              }
            ]
          ],
          "private": "eyJlMmJmYjczMC1lY2FhLTExZTYtOGY4OC0zNDM2M2JjN2M0YzAiOnsiY3JlYXRlIjoxODAwMDAwMDAwMDAwLCJkZWxldGUiOjE4MDAwMDAwMDAwMDAsInJlYWQiOjE4MDAwMDAwMDAwMDAsInVwZGF0ZSI6MTgwMDAwMDAwMDAwMH19",
          "dependencies": [
            "azurerm_key_vault.key_vault",
            "azurerm_key_vault_access_policy.deployer_keyvault_policy",
            "azurerm_resource_group.resource_group",
            "azurerm_storage_account.source_storage_account",
            "data.azuread_client_config.current",
            "random_string.random_prefix"
          ]
        }
      ]
    },
    {
      "mode": "managed",
      "type": "azurerm_key_vault_secret",
      "name": "datalake-access-key-secret",
      "provider": "provider[\"registry.terraform.io/hashicorp/azurerm\"]",
      "instances": [
        {
          "schema_version": 0,
          "attributes": {
            "content_type": "",
            "expiration_date": null,
            "id": "https://bigdatawhsfut4ggg-kv.vault.azure.net/secrets/datalake-access-key/597964ee508444768d0c4f2eb2b1e235",
            "key_vault_id": "/subscriptions/8b41bb3a-73a0-4041-90c2-d82d4d3cbc5f/resourceGroups/bigdatawhsfut4ggg_rg/providers/Microsoft.KeyVault/vaults/bigdatawhsfut4ggg-kv",
            "name": "datalake-access-key",
            "not_before_date": null,
            "resource_id": "/subscriptions/8b41bb3a-73a0-4041-90c2-d82d4d3cbc5f/resourceGroups/bigdatawhsfut4ggg_rg/providers/Microsoft.KeyVault/vaults/bigdatawhsfut4ggg-kv/secrets/datalake-access-key/versions/597964ee508444768d0c4f2eb2b1e235",
            "resource_versionless_id": "/subscriptions/8b41bb3a-73a0-4041-90c2-d82d4d3cbc5f/resourceGroups/bigdatawhsfut4ggg_rg/providers/Microsoft.KeyVault/vaults/bigdatawhsfut4ggg-kv/secrets/datalake-access-key",
            "tags": null,
            "timeouts": null,
            "value": "tGO7+rKHtg1zEZqKjOMZx0EKgZNLrsEhEhJnLh5BL/++1mVq2kYApfpuD49hrj+ysLI2wxSYWW+o+AStDKIrvw==",
            "version": "597964ee508444768d0c4f2eb2b1e235",
            "versionless_id": "https://bigdatawhsfut4ggg-kv.vault.azure.net/secrets/datalake-access-key"
          },
          "sensitive_attributes": [
            [
              {
                "type": "get_attr",
                "value": "value"
              }
            ]
          ],
          "private": "eyJlMmJmYjczMC1lY2FhLTExZTYtOGY4OC0zNDM2M2JjN2M0YzAiOnsiY3JlYXRlIjoxODAwMDAwMDAwMDAwLCJkZWxldGUiOjE4MDAwMDAwMDAwMDAsInJlYWQiOjE4MDAwMDAwMDAwMDAsInVwZGF0ZSI6MTgwMDAwMDAwMDAwMH19",
          "dependencies": [
            "azurerm_key_vault.key_vault",
            "azurerm_key_vault_access_policy.deployer_keyvault_policy",
            "azurerm_resource_group.resource_group",
            "azurerm_storage_account.datalake_storage_account",
            "data.azuread_client_config.current",
            "random_string.random_prefix"
          ]
        }
      ]
    },
    {
      "mode": "managed",
      "type": "azurerm_key_vault_secret",
      "name": "source_event_hub_connection_string_secret",
      "provider": "provider[\"registry.terraform.io/hashicorp/azurerm\"]",
      "instances": [
        {
          "schema_version": 0,
          "attributes": {
            "content_type": "",
            "expiration_date": null,
            "id": "https://bigdatawhsfut4ggg-kv.vault.azure.net/secrets/source-eventhub-connection-string/38feedc70d3d473fb4c1b9406dd33f71",
            "key_vault_id": "/subscriptions/8b41bb3a-73a0-4041-90c2-d82d4d3cbc5f/resourceGroups/bigdatawhsfut4ggg_rg/providers/Microsoft.KeyVault/vaults/bigdatawhsfut4ggg-kv",
            "name": "source-eventhub-connection-string",
            "not_before_date": null,
            "resource_id": "/subscriptions/8b41bb3a-73a0-4041-90c2-d82d4d3cbc5f/resourceGroups/bigdatawhsfut4ggg_rg/providers/Microsoft.KeyVault/vaults/bigdatawhsfut4ggg-kv/secrets/source-eventhub-connection-string/versions/38feedc70d3d473fb4c1b9406dd33f71",
            "resource_versionless_id": "/subscriptions/8b41bb3a-73a0-4041-90c2-d82d4d3cbc5f/resourceGroups/bigdatawhsfut4ggg_rg/providers/Microsoft.KeyVault/vaults/bigdatawhsfut4ggg-kv/secrets/source-eventhub-connection-string",
            "tags": null,
            "timeouts": null,
            "value": "Endpoint=sb://big-data-eventhub-namespace.servicebus.windows.net/;SharedAccessKeyName=accessPolicy;SharedAccessKey=qpAz5TGEm0UV5A4co3RVAKfCXHIlxZ93P+AEhMJ9ieQ=;EntityPath=observation-generator-event-hub",
            "version": "38feedc70d3d473fb4c1b9406dd33f71",
            "versionless_id": "https://bigdatawhsfut4ggg-kv.vault.azure.net/secrets/source-eventhub-connection-string"
          },
          "sensitive_attributes": [
            [
              {
                "type": "get_attr",
                "value": "value"
              }
            ]
          ],
          "private": "eyJlMmJmYjczMC1lY2FhLTExZTYtOGY4OC0zNDM2M2JjN2M0YzAiOnsiY3JlYXRlIjoxODAwMDAwMDAwMDAwLCJkZWxldGUiOjE4MDAwMDAwMDAwMDAsInJlYWQiOjE4MDAwMDAwMDAwMDAsInVwZGF0ZSI6MTgwMDAwMDAwMDAwMH19",
          "dependencies": [
            "azurerm_eventhub.observation_eventhub",
            "azurerm_eventhub_authorization_rule.observation_eventhub_auth_rule",
            "azurerm_eventhub_namespace.eventhub_namespace",
            "azurerm_key_vault.key_vault",
            "azurerm_key_vault_access_policy.deployer_keyvault_policy",
            "azurerm_resource_group.resource_group",
            "data.azuread_client_config.current",
            "random_string.random_prefix"
          ]
        }
      ]
    },
    {
      "mode": "managed",
      "type": "azurerm_key_vault_secret",
      "name": "target_event_hub_connection_string_secret",
      "provider": "provider[\"registry.terraform.io/hashicorp/azurerm\"]",
      "instances": [
        {
          "schema_version": 0,
          "attributes": {
            "content_type": "",
            "expiration_date": null,
            "id": "https://bigdatawhsfut4ggg-kv.vault.azure.net/secrets/target-eventhub-connection-string/26b2454115e743b384894fee378b46f1",
            "key_vault_id": "/subscriptions/8b41bb3a-73a0-4041-90c2-d82d4d3cbc5f/resourceGroups/bigdatawhsfut4ggg_rg/providers/Microsoft.KeyVault/vaults/bigdatawhsfut4ggg-kv",
            "name": "target-eventhub-connection-string",
            "not_before_date": null,
            "resource_id": "/subscriptions/8b41bb3a-73a0-4041-90c2-d82d4d3cbc5f/resourceGroups/bigdatawhsfut4ggg_rg/providers/Microsoft.KeyVault/vaults/bigdatawhsfut4ggg-kv/secrets/target-eventhub-connection-string/versions/26b2454115e743b384894fee378b46f1",
            "resource_versionless_id": "/subscriptions/8b41bb3a-73a0-4041-90c2-d82d4d3cbc5f/resourceGroups/bigdatawhsfut4ggg_rg/providers/Microsoft.KeyVault/vaults/bigdatawhsfut4ggg-kv/secrets/target-eventhub-connection-string",
            "tags": null,
            "timeouts": null,
            "value": "Endpoint=sb://big-data-eventhub-namespace.servicebus.windows.net/;SharedAccessKeyName=accessPolicy;SharedAccessKey=boWgPA4VR0N1Hj5aBUkBxGxzDllsWdUPU+AEhAoqFIU=;EntityPath=target-event-hub",
            "version": "26b2454115e743b384894fee378b46f1",
            "versionless_id": "https://bigdatawhsfut4ggg-kv.vault.azure.net/secrets/target-eventhub-connection-string"
          },
          "sensitive_attributes": [
            [
              {
                "type": "get_attr",
                "value": "value"
              }
            ]
          ],
          "private": "eyJlMmJmYjczMC1lY2FhLTExZTYtOGY4OC0zNDM2M2JjN2M0YzAiOnsiY3JlYXRlIjoxODAwMDAwMDAwMDAwLCJkZWxldGUiOjE4MDAwMDAwMDAwMDAsInJlYWQiOjE4MDAwMDAwMDAwMDAsInVwZGF0ZSI6MTgwMDAwMDAwMDAwMH19",
          "dependencies": [
            "azurerm_eventhub.target_observation_eventhub",
            "azurerm_eventhub_authorization_rule.target_observation_eventhub_auth_rule",
            "azurerm_eventhub_namespace.eventhub_namespace",
            "azurerm_key_vault.key_vault",
            "azurerm_key_vault_access_policy.deployer_keyvault_policy",
            "azurerm_resource_group.resource_group",
            "data.azuread_client_config.current",
            "random_string.random_prefix"
          ]
        }
      ]
    },
    {
      "mode": "managed",
      "type": "azurerm_linux_function_app",
      "name": "observation_function",
      "provider": "provider[\"registry.terraform.io/hashicorp/azurerm\"]",
      "instances": [
        {
          "schema_version": 0,
          "attributes": {
            "app_settings": {
              "WEBSITE_RUN_FROM_PACKAGE": "https://sourcebigdatawhsfut4ggg.blob.core.windows.net/custom-function-releases/functions-b74a6f.zip",
              "accessPolicy": "Endpoint=sb://big-data-eventhub-namespace.servicebus.windows.net/;SharedAccessKeyName=accessPolicy;SharedAccessKey=qpAz5TGEm0UV5A4co3RVAKfCXHIlxZ93P+AEhMJ9ieQ=;EntityPath=observation-generator-event-hub"
            },
            "auth_settings": [],
            "auth_settings_v2": [],
            "backup": [],
            "builtin_logging_enabled": true,
            "client_certificate_enabled": false,
            "client_certificate_exclusion_paths": "",
            "client_certificate_mode": "Optional",
            "connection_string": [
              {
                "name": "accessPolicy",
                "type": "EventHub",
                "value": "Endpoint=sb://big-data-eventhub-namespace.servicebus.windows.net/;SharedAccessKeyName=accessPolicy;SharedAccessKey=qpAz5TGEm0UV5A4co3RVAKfCXHIlxZ93P+AEhMJ9ieQ=;EntityPath=observation-generator-event-hub"
              }
            ],
            "content_share_force_disabled": false,
            "custom_domain_verification_id": "9FC6892A12FC2BF749F7CA00D33FCD5B3E2FFA6A253E0647B9D4D0133938F1AB",
            "daily_memory_time_quota": 0,
            "default_hostname": "observation-generator-function-app.azurewebsites.net",
            "enabled": true,
            "functions_extension_version": "~4",
            "hosting_environment_id": "",
            "https_only": false,
            "id": "/subscriptions/8b41bb3a-73a0-4041-90c2-d82d4d3cbc5f/resourceGroups/bigdatawhsfut4ggg_rg/providers/Microsoft.Web/sites/observation-generator-function-app",
            "identity": [
              {
                "identity_ids": null,
                "principal_id": "a4d29642-9115-4ba5-8261-bcfbfd5ae239",
                "tenant_id": "728ec391-9e63-400e-883f-f7fd4a75ac01",
                "type": "SystemAssigned"
              }
            ],
            "key_vault_reference_identity_id": "SystemAssigned",
            "kind": "functionapp,linux",
            "location": "westeurope",
            "name": "observation-generator-function-app",
            "outbound_ip_address_list": [
              "51.124.131.236",
              "51.124.132.46",
              "51.124.135.51",
              "51.124.135.221",
              "51.124.80.160",
              "51.124.80.255",
              "20.50.2.34"
            ],
            "outbound_ip_addresses": "51.124.131.236,51.124.132.46,51.124.135.51,51.124.135.221,51.124.80.160,51.124.80.255,20.50.2.34",
            "possible_outbound_ip_address_list": [
              "51.124.131.236",
              "51.124.132.46",
              "51.124.135.51",
              "51.124.135.221",
              "51.124.80.160",
              "51.124.80.255",
              "51.124.81.190",
              "51.124.81.214",
              "51.124.84.83",
              "51.124.84.155",
              "51.137.27.146",
              "51.137.28.57",
              "51.137.28.94",
              "51.137.28.97",
              "51.137.28.234",
              "51.124.135.182",
              "51.137.28.252",
              "51.137.31.148",
              "20.76.244.116",
              "20.76.246.168",
              "20.76.247.109",
              "20.93.168.112",
              "20.93.168.166",
              "20.93.169.48",
              "20.50.2.34"
            ],
            "possible_outbound_ip_addresses": "51.124.131.236,51.124.132.46,51.124.135.51,51.124.135.221,51.124.80.160,51.124.80.255,51.124.81.190,51.124.81.214,51.124.84.83,51.124.84.155,51.137.27.146,51.137.28.57,51.137.28.94,51.137.28.97,51.137.28.234,51.124.135.182,51.137.28.252,51.137.31.148,20.76.244.116,20.76.246.168,20.76.247.109,20.93.168.112,20.93.168.166,20.93.169.48,20.50.2.34",
            "public_network_access_enabled": true,
            "resource_group_name": "bigdatawhsfut4ggg_rg",
            "service_plan_id": "/subscriptions/8b41bb3a-73a0-4041-90c2-d82d4d3cbc5f/resourceGroups/bigdatawhsfut4ggg_rg/providers/Microsoft.Web/serverfarms/app-service-plan",
            "site_config": [
              {
                "always_on": false,
                "api_definition_url": "",
                "api_management_api_id": "",
                "app_command_line": "",
                "app_scale_limit": 200,
                "app_service_logs": [],
                "application_insights_connection_string": "",
                "application_insights_key": "",
                "application_stack": [
                  {
                    "docker": [],
                    "dotnet_version": "",
                    "java_version": "17",
                    "node_version": "",
                    "powershell_core_version": "",
                    "python_version": "",
                    "use_custom_runtime": false,
                    "use_dotnet_isolated_runtime": false
                  }
                ],
                "container_registry_managed_identity_client_id": "",
                "container_registry_use_managed_identity": false,
                "cors": [],
                "default_documents": [
                  "Default.htm",
                  "Default.html",
                  "Default.asp",
                  "index.htm",
                  "index.html",
                  "iisstart.htm",
                  "default.aspx",
                  "index.php"
                ],
                "detailed_error_logging_enabled": false,
                "elastic_instance_minimum": 0,
                "ftps_state": "Disabled",
                "health_check_eviction_time_in_min": 0,
                "health_check_path": "",
                "http2_enabled": false,
                "ip_restriction": [],
                "linux_fx_version": "JAVA|17",
                "load_balancing_mode": "LeastRequests",
                "managed_pipeline_mode": "Integrated",
                "minimum_tls_version": "1.2",
                "pre_warmed_instance_count": 0,
                "remote_debugging_enabled": false,
                "remote_debugging_version": "",
                "runtime_scale_monitoring_enabled": false,
                "scm_ip_restriction": [],
                "scm_minimum_tls_version": "1.2",
                "scm_type": "None",
                "scm_use_main_ip_restriction": false,
                "use_32_bit_worker": false,
                "vnet_route_all_enabled": false,
                "websockets_enabled": false,
                "worker_count": 1
              }
            ],
            "site_credential": [
              {
                "name": "$observation-generator-function-app",
                "password": "s4Qwrta8z1DkegvQb0oHotZT0xRJskgsclMabTQMWt95dSkzx4x3gYQlknXT"
              }
            ],
            "sticky_settings": [],
            "storage_account": [],
            "storage_account_access_key": "sjVdqc5xbzzy8qzohDEhn9Kpiw1nGSElvmx90Nim/WanUqInIYM1XqvFXxsjXaIyw7P+MioHB+k2+AStaGGj9Q==",
            "storage_account_name": "sourcebigdatawhsfut4ggg",
            "storage_key_vault_secret_id": "",
            "storage_uses_managed_identity": false,
            "tags": {
              "Environment": "Big Data Reference Lab"
            },
            "timeouts": null,
            "virtual_network_subnet_id": "",
            "zip_deploy_file": ""
          },
          "sensitive_attributes": [
            [
              {
                "type": "get_attr",
                "value": "app_settings"
              },
              {
                "type": "index",
                "value": {
                  "value": "accessPolicy",
                  "type": "string"
                }
              }
            ],
            [
              {
                "type": "get_attr",
                "value": "connection_string"
              }
            ],
            [
              {
                "type": "get_attr",
                "value": "storage_account_access_key"
              }
            ]
          ],
          "private": "eyJlMmJmYjczMC1lY2FhLTExZTYtOGY4OC0zNDM2M2JjN2M0YzAiOnsiY3JlYXRlIjoxODAwMDAwMDAwMDAwLCJkZWxldGUiOjE4MDAwMDAwMDAwMDAsInJlYWQiOjMwMDAwMDAwMDAwMCwidXBkYXRlIjoxODAwMDAwMDAwMDAwfX0=",
          "dependencies": [
            "azurerm_eventhub.observation_eventhub",
            "azurerm_eventhub_authorization_rule.observation_eventhub_auth_rule",
            "azurerm_eventhub_namespace.eventhub_namespace",
            "azurerm_resource_group.resource_group",
            "azurerm_service_plan.service_plan",
            "azurerm_storage_account.source_storage_account",
            "azurerm_storage_blob.storage_blob_function",
            "azurerm_storage_container.storage_container_function",
            "data.archive_file.function",
            "random_string.random_prefix"
          ]
        }
      ]
    },
    {
      "mode": "managed",
      "type": "azurerm_resource_group",
      "name": "resource_group",
      "provider": "provider[\"registry.terraform.io/hashicorp/azurerm\"]",
      "instances": [
        {
          "schema_version": 0,
          "attributes": {
            "id": "/subscriptions/8b41bb3a-73a0-4041-90c2-d82d4d3cbc5f/resourceGroups/bigdatawhsfut4ggg_rg",
            "location": "westeurope",
            "managed_by": "",
            "name": "bigdatawhsfut4ggg_rg",
            "tags": null,
            "timeouts": null
          },
          "sensitive_attributes": [],
          "private": "eyJlMmJmYjczMC1lY2FhLTExZTYtOGY4OC0zNDM2M2JjN2M0YzAiOnsiY3JlYXRlIjo1NDAwMDAwMDAwMDAwLCJkZWxldGUiOjU0MDAwMDAwMDAwMDAsInJlYWQiOjMwMDAwMDAwMDAwMCwidXBkYXRlIjo1NDAwMDAwMDAwMDAwfX0=",
          "dependencies": [
            "random_string.random_prefix"
          ]
        }
      ]
    },
    {
      "mode": "managed",
      "type": "azurerm_role_assignment",
      "name": "databricks_dl_role_assignment",
      "provider": "provider[\"registry.terraform.io/hashicorp/azurerm\"]",
      "instances": [
        {
          "index_key": "Contributor",
          "schema_version": 0,
          "attributes": {
            "condition": "",
            "condition_version": "",
            "delegated_managed_identity_resource_id": "",
            "description": "",
            "id": "/subscriptions/8b41bb3a-73a0-4041-90c2-d82d4d3cbc5f/resourceGroups/bigdatawhsfut4ggg_rg/providers/Microsoft.Storage/storageAccounts/datalakebigdatawhsfut4gg/providers/Microsoft.Authorization/roleAssignments/d85b584b-1db4-2d39-7bab-cd27208b86fc",
            "name": "d85b584b-1db4-2d39-7bab-cd27208b86fc",
            "principal_id": "b3947c5d-5ec6-4952-a3ac-95b859438756",
            "principal_type": "ServicePrincipal",
            "role_definition_id": "/subscriptions/8b41bb3a-73a0-4041-90c2-d82d4d3cbc5f/providers/Microsoft.Authorization/roleDefinitions/b24988ac-6180-42a0-ab88-20f7382dd24c",
            "role_definition_name": "Contributor",
            "scope": "/subscriptions/8b41bb3a-73a0-4041-90c2-d82d4d3cbc5f/resourceGroups/bigdatawhsfut4ggg_rg/providers/Microsoft.Storage/storageAccounts/datalakebigdatawhsfut4gg",
            "skip_service_principal_aad_check": null,
            "timeouts": null
          },
          "sensitive_attributes": [],
          "private": "eyJlMmJmYjczMC1lY2FhLTExZTYtOGY4OC0zNDM2M2JjN2M0YzAiOnsiY3JlYXRlIjoxODAwMDAwMDAwMDAwLCJkZWxldGUiOjE4MDAwMDAwMDAwMDAsInJlYWQiOjMwMDAwMDAwMDAwMCwidXBkYXRlIjoxODAwMDAwMDAwMDAwfX0=",
          "dependencies": [
            "azuread_application.databricks_service_application",
            "azuread_service_principal.aad_service_sp",
            "azurerm_resource_group.resource_group",
            "azurerm_storage_account.datalake_storage_account",
            "data.azuread_client_config.current",
            "random_string.random_prefix"
          ]
        },
        {
          "index_key": "Storage Blob Data Owner",
          "schema_version": 0,
          "attributes": {
            "condition": "",
            "condition_version": "",
            "delegated_managed_identity_resource_id": "",
            "description": "",
            "id": "/subscriptions/8b41bb3a-73a0-4041-90c2-d82d4d3cbc5f/resourceGroups/bigdatawhsfut4ggg_rg/providers/Microsoft.Storage/storageAccounts/datalakebigdatawhsfut4gg/providers/Microsoft.Authorization/roleAssignments/73f07409-bc9a-31b3-ea68-00040ad63372",
            "name": "73f07409-bc9a-31b3-ea68-00040ad63372",
            "principal_id": "b3947c5d-5ec6-4952-a3ac-95b859438756",
            "principal_type": "ServicePrincipal",
            "role_definition_id": "/subscriptions/8b41bb3a-73a0-4041-90c2-d82d4d3cbc5f/providers/Microsoft.Authorization/roleDefinitions/b7e6dc6d-f1e8-4753-8033-0f276bb0955b",
            "role_definition_name": "Storage Blob Data Owner",
            "scope": "/subscriptions/8b41bb3a-73a0-4041-90c2-d82d4d3cbc5f/resourceGroups/bigdatawhsfut4ggg_rg/providers/Microsoft.Storage/storageAccounts/datalakebigdatawhsfut4gg",
            "skip_service_principal_aad_check": null,
            "timeouts": null
          },
          "sensitive_attributes": [],
          "private": "eyJlMmJmYjczMC1lY2FhLTExZTYtOGY4OC0zNDM2M2JjN2M0YzAiOnsiY3JlYXRlIjoxODAwMDAwMDAwMDAwLCJkZWxldGUiOjE4MDAwMDAwMDAwMDAsInJlYWQiOjMwMDAwMDAwMDAwMCwidXBkYXRlIjoxODAwMDAwMDAwMDAwfX0=",
          "dependencies": [
            "azuread_application.databricks_service_application",
            "azuread_service_principal.aad_service_sp",
            "azurerm_resource_group.resource_group",
            "azurerm_storage_account.datalake_storage_account",
            "data.azuread_client_config.current",
            "random_string.random_prefix"
          ]
        }
      ]
    },
    {
      "mode": "managed",
      "type": "azurerm_role_assignment",
      "name": "deployer_databricks_role_assignement",
      "provider": "provider[\"registry.terraform.io/hashicorp/azurerm\"]",
      "instances": [
        {
          "index_key": "Contributor",
          "schema_version": 0,
          "attributes": {
            "condition": "",
            "condition_version": "",
            "delegated_managed_identity_resource_id": "",
            "description": "",
            "id": "/subscriptions/8b41bb3a-73a0-4041-90c2-d82d4d3cbc5f/resourceGroups/bigdatawhsfut4ggg_rg/providers/Microsoft.Databricks/workspaces/databricks-workspace-bigdatawhsfut4ggg/providers/Microsoft.Authorization/roleAssignments/4709e68f-af2c-a3fe-b56b-fda7399a730f",
            "name": "4709e68f-af2c-a3fe-b56b-fda7399a730f",
            "principal_id": "881efb1c-9e27-4b58-823a-230f51d9a8f4",
            "principal_type": "User",
            "role_definition_id": "/subscriptions/8b41bb3a-73a0-4041-90c2-d82d4d3cbc5f/providers/Microsoft.Authorization/roleDefinitions/b24988ac-6180-42a0-ab88-20f7382dd24c",
            "role_definition_name": "Contributor",
            "scope": "/subscriptions/8b41bb3a-73a0-4041-90c2-d82d4d3cbc5f/resourceGroups/bigdatawhsfut4ggg_rg/providers/Microsoft.Databricks/workspaces/databricks-workspace-bigdatawhsfut4ggg",
            "skip_service_principal_aad_check": null,
            "timeouts": null
          },
          "sensitive_attributes": [],
          "private": "eyJlMmJmYjczMC1lY2FhLTExZTYtOGY4OC0zNDM2M2JjN2M0YzAiOnsiY3JlYXRlIjoxODAwMDAwMDAwMDAwLCJkZWxldGUiOjE4MDAwMDAwMDAwMDAsInJlYWQiOjMwMDAwMDAwMDAwMCwidXBkYXRlIjoxODAwMDAwMDAwMDAwfX0=",
          "dependencies": [
            "azurerm_databricks_workspace.databricks_workspace",
            "azurerm_resource_group.resource_group",
            "data.azuread_client_config.current",
            "random_string.random_prefix"
          ]
        },
        {
          "index_key": "Storage Blob Data Owner",
          "schema_version": 0,
          "attributes": {
            "condition": "",
            "condition_version": "",
            "delegated_managed_identity_resource_id": "",
            "description": "",
            "id": "/subscriptions/8b41bb3a-73a0-4041-90c2-d82d4d3cbc5f/resourceGroups/bigdatawhsfut4ggg_rg/providers/Microsoft.Databricks/workspaces/databricks-workspace-bigdatawhsfut4ggg/providers/Microsoft.Authorization/roleAssignments/0db0fdf9-ed9e-45be-c410-45bf0f7dd89a",
            "name": "0db0fdf9-ed9e-45be-c410-45bf0f7dd89a",
            "principal_id": "881efb1c-9e27-4b58-823a-230f51d9a8f4",
            "principal_type": "User",
            "role_definition_id": "/subscriptions/8b41bb3a-73a0-4041-90c2-d82d4d3cbc5f/providers/Microsoft.Authorization/roleDefinitions/b7e6dc6d-f1e8-4753-8033-0f276bb0955b",
            "role_definition_name": "Storage Blob Data Owner",
            "scope": "/subscriptions/8b41bb3a-73a0-4041-90c2-d82d4d3cbc5f/resourceGroups/bigdatawhsfut4ggg_rg/providers/Microsoft.Databricks/workspaces/databricks-workspace-bigdatawhsfut4ggg",
            "skip_service_principal_aad_check": null,
            "timeouts": null
          },
          "sensitive_attributes": [],
          "private": "eyJlMmJmYjczMC1lY2FhLTExZTYtOGY4OC0zNDM2M2JjN2M0YzAiOnsiY3JlYXRlIjoxODAwMDAwMDAwMDAwLCJkZWxldGUiOjE4MDAwMDAwMDAwMDAsInJlYWQiOjMwMDAwMDAwMDAwMCwidXBkYXRlIjoxODAwMDAwMDAwMDAwfX0=",
          "dependencies": [
            "azurerm_databricks_workspace.databricks_workspace",
            "azurerm_resource_group.resource_group",
            "data.azuread_client_config.current",
            "random_string.random_prefix"
          ]
        }
      ]
    },
    {
      "mode": "managed",
      "type": "azurerm_role_assignment",
      "name": "df_databricks_role_assignement",
      "provider": "provider[\"registry.terraform.io/hashicorp/azurerm\"]",
      "instances": [
        {
          "index_key": "Contributor",
          "schema_version": 0,
          "attributes": {
            "condition": "",
            "condition_version": "",
            "delegated_managed_identity_resource_id": "",
            "description": "",
            "id": "/subscriptions/8b41bb3a-73a0-4041-90c2-d82d4d3cbc5f/resourceGroups/bigdatawhsfut4ggg_rg/providers/Microsoft.Databricks/workspaces/databricks-workspace-bigdatawhsfut4ggg/providers/Microsoft.Authorization/roleAssignments/c82a742c-5325-0dbe-d33e-242ce7b5076a",
            "name": "c82a742c-5325-0dbe-d33e-242ce7b5076a",
            "principal_id": "448f09b6-92d2-49ed-b9ca-b26f310c0183",
            "principal_type": "ServicePrincipal",
            "role_definition_id": "/subscriptions/8b41bb3a-73a0-4041-90c2-d82d4d3cbc5f/providers/Microsoft.Authorization/roleDefinitions/b24988ac-6180-42a0-ab88-20f7382dd24c",
            "role_definition_name": "Contributor",
            "scope": "/subscriptions/8b41bb3a-73a0-4041-90c2-d82d4d3cbc5f/resourceGroups/bigdatawhsfut4ggg_rg/providers/Microsoft.Databricks/workspaces/databricks-workspace-bigdatawhsfut4ggg",
            "skip_service_principal_aad_check": null,
            "timeouts": null
          },
          "sensitive_attributes": [],
          "private": "eyJlMmJmYjczMC1lY2FhLTExZTYtOGY4OC0zNDM2M2JjN2M0YzAiOnsiY3JlYXRlIjoxODAwMDAwMDAwMDAwLCJkZWxldGUiOjE4MDAwMDAwMDAwMDAsInJlYWQiOjMwMDAwMDAwMDAwMCwidXBkYXRlIjoxODAwMDAwMDAwMDAwfX0=",
          "dependencies": [
            "azurerm_data_factory.data_factory",
            "azurerm_databricks_workspace.databricks_workspace",
            "azurerm_resource_group.resource_group",
            "random_string.random_prefix"
          ]
        },
        {
          "index_key": "Storage Blob Data Owner",
          "schema_version": 0,
          "attributes": {
            "condition": "",
            "condition_version": "",
            "delegated_managed_identity_resource_id": "",
            "description": "",
            "id": "/subscriptions/8b41bb3a-73a0-4041-90c2-d82d4d3cbc5f/resourceGroups/bigdatawhsfut4ggg_rg/providers/Microsoft.Databricks/workspaces/databricks-workspace-bigdatawhsfut4ggg/providers/Microsoft.Authorization/roleAssignments/e9f9de97-b50f-e689-e9a1-9dc72677cfaa",
            "name": "e9f9de97-b50f-e689-e9a1-9dc72677cfaa",
            "principal_id": "448f09b6-92d2-49ed-b9ca-b26f310c0183",
            "principal_type": "ServicePrincipal",
            "role_definition_id": "/subscriptions/8b41bb3a-73a0-4041-90c2-d82d4d3cbc5f/providers/Microsoft.Authorization/roleDefinitions/b7e6dc6d-f1e8-4753-8033-0f276bb0955b",
            "role_definition_name": "Storage Blob Data Owner",
            "scope": "/subscriptions/8b41bb3a-73a0-4041-90c2-d82d4d3cbc5f/resourceGroups/bigdatawhsfut4ggg_rg/providers/Microsoft.Databricks/workspaces/databricks-workspace-bigdatawhsfut4ggg",
            "skip_service_principal_aad_check": null,
            "timeouts": null
          },
          "sensitive_attributes": [],
          "private": "eyJlMmJmYjczMC1lY2FhLTExZTYtOGY4OC0zNDM2M2JjN2M0YzAiOnsiY3JlYXRlIjoxODAwMDAwMDAwMDAwLCJkZWxldGUiOjE4MDAwMDAwMDAwMDAsInJlYWQiOjMwMDAwMDAwMDAwMCwidXBkYXRlIjoxODAwMDAwMDAwMDAwfX0=",
          "dependencies": [
            "azurerm_data_factory.data_factory",
            "azurerm_databricks_workspace.databricks_workspace",
            "azurerm_resource_group.resource_group",
            "random_string.random_prefix"
          ]
        }
      ]
    },
    {
      "mode": "managed",
      "type": "azurerm_role_assignment",
      "name": "df_datalake_role_assignement",
      "provider": "provider[\"registry.terraform.io/hashicorp/azurerm\"]",
      "instances": [
        {
          "index_key": "Contributor",
          "schema_version": 0,
          "attributes": {
            "condition": "",
            "condition_version": "",
            "delegated_managed_identity_resource_id": "",
            "description": "",
            "id": "/subscriptions/8b41bb3a-73a0-4041-90c2-d82d4d3cbc5f/resourceGroups/bigdatawhsfut4ggg_rg/providers/Microsoft.Storage/storageAccounts/datalakebigdatawhsfut4gg/providers/Microsoft.Authorization/roleAssignments/4df3643c-05ef-7645-a4ce-52697a250af5",
            "name": "4df3643c-05ef-7645-a4ce-52697a250af5",
            "principal_id": "448f09b6-92d2-49ed-b9ca-b26f310c0183",
            "principal_type": "ServicePrincipal",
            "role_definition_id": "/subscriptions/8b41bb3a-73a0-4041-90c2-d82d4d3cbc5f/providers/Microsoft.Authorization/roleDefinitions/b24988ac-6180-42a0-ab88-20f7382dd24c",
            "role_definition_name": "Contributor",
            "scope": "/subscriptions/8b41bb3a-73a0-4041-90c2-d82d4d3cbc5f/resourceGroups/bigdatawhsfut4ggg_rg/providers/Microsoft.Storage/storageAccounts/datalakebigdatawhsfut4gg",
            "skip_service_principal_aad_check": null,
            "timeouts": null
          },
          "sensitive_attributes": [],
          "private": "eyJlMmJmYjczMC1lY2FhLTExZTYtOGY4OC0zNDM2M2JjN2M0YzAiOnsiY3JlYXRlIjoxODAwMDAwMDAwMDAwLCJkZWxldGUiOjE4MDAwMDAwMDAwMDAsInJlYWQiOjMwMDAwMDAwMDAwMCwidXBkYXRlIjoxODAwMDAwMDAwMDAwfX0=",
          "dependencies": [
            "azurerm_data_factory.data_factory",
            "azurerm_resource_group.resource_group",
            "azurerm_storage_account.datalake_storage_account",
            "random_string.random_prefix"
          ]
        },
        {
          "index_key": "Storage Blob Data Owner",
          "schema_version": 0,
          "attributes": {
            "condition": "",
            "condition_version": "",
            "delegated_managed_identity_resource_id": "",
            "description": "",
            "id": "/subscriptions/8b41bb3a-73a0-4041-90c2-d82d4d3cbc5f/resourceGroups/bigdatawhsfut4ggg_rg/providers/Microsoft.Storage/storageAccounts/datalakebigdatawhsfut4gg/providers/Microsoft.Authorization/roleAssignments/9128fc48-0049-10f2-a714-819c15376cce",
            "name": "9128fc48-0049-10f2-a714-819c15376cce",
            "principal_id": "448f09b6-92d2-49ed-b9ca-b26f310c0183",
            "principal_type": "ServicePrincipal",
            "role_definition_id": "/subscriptions/8b41bb3a-73a0-4041-90c2-d82d4d3cbc5f/providers/Microsoft.Authorization/roleDefinitions/b7e6dc6d-f1e8-4753-8033-0f276bb0955b",
            "role_definition_name": "Storage Blob Data Owner",
            "scope": "/subscriptions/8b41bb3a-73a0-4041-90c2-d82d4d3cbc5f/resourceGroups/bigdatawhsfut4ggg_rg/providers/Microsoft.Storage/storageAccounts/datalakebigdatawhsfut4gg",
            "skip_service_principal_aad_check": null,
            "timeouts": null
          },
          "sensitive_attributes": [],
          "private": "eyJlMmJmYjczMC1lY2FhLTExZTYtOGY4OC0zNDM2M2JjN2M0YzAiOnsiY3JlYXRlIjoxODAwMDAwMDAwMDAwLCJkZWxldGUiOjE4MDAwMDAwMDAwMDAsInJlYWQiOjMwMDAwMDAwMDAwMCwidXBkYXRlIjoxODAwMDAwMDAwMDAwfX0=",
          "dependencies": [
            "azurerm_data_factory.data_factory",
            "azurerm_resource_group.resource_group",
            "azurerm_storage_account.datalake_storage_account",
            "random_string.random_prefix"
          ]
        }
      ]
    },
    {
      "mode": "managed",
      "type": "azurerm_role_assignment",
      "name": "df_owner_role_assignement",
      "provider": "provider[\"registry.terraform.io/hashicorp/azurerm\"]",
      "instances": [
        {
          "schema_version": 0,
          "attributes": {
            "condition": "",
            "condition_version": "",
            "delegated_managed_identity_resource_id": "",
            "description": "",
            "id": "/subscriptions/8b41bb3a-73a0-4041-90c2-d82d4d3cbc5f/resourceGroups/bigdatawhsfut4ggg_rg/providers/Microsoft.DataFactory/factories/data-factory-bigdatawhsfut4ggg/providers/Microsoft.Authorization/roleAssignments/18dfe374-783e-a3a0-b03d-60da775d8b5e",
            "name": "18dfe374-783e-a3a0-b03d-60da775d8b5e",
            "principal_id": "881efb1c-9e27-4b58-823a-230f51d9a8f4",
            "principal_type": "User",
            "role_definition_id": "/subscriptions/8b41bb3a-73a0-4041-90c2-d82d4d3cbc5f/providers/Microsoft.Authorization/roleDefinitions/8e3af657-a8ff-443c-a75c-2fe8c4bcb635",
            "role_definition_name": "Owner",
            "scope": "/subscriptions/8b41bb3a-73a0-4041-90c2-d82d4d3cbc5f/resourceGroups/bigdatawhsfut4ggg_rg/providers/Microsoft.DataFactory/factories/data-factory-bigdatawhsfut4ggg",
            "skip_service_principal_aad_check": null,
            "timeouts": null
          },
          "sensitive_attributes": [],
          "private": "eyJlMmJmYjczMC1lY2FhLTExZTYtOGY4OC0zNDM2M2JjN2M0YzAiOnsiY3JlYXRlIjoxODAwMDAwMDAwMDAwLCJkZWxldGUiOjE4MDAwMDAwMDAwMDAsInJlYWQiOjMwMDAwMDAwMDAwMCwidXBkYXRlIjoxODAwMDAwMDAwMDAwfX0=",
          "dependencies": [
            "azurerm_data_factory.data_factory",
            "azurerm_resource_group.resource_group",
            "data.azuread_client_config.current",
            "random_string.random_prefix"
          ]
        }
      ]
    },
    {
      "mode": "managed",
      "type": "azurerm_role_assignment",
      "name": "df_source_role_assignement",
      "provider": "provider[\"registry.terraform.io/hashicorp/azurerm\"]",
      "instances": [
        {
          "index_key": "Contributor",
          "schema_version": 0,
          "attributes": {
            "condition": "",
            "condition_version": "",
            "delegated_managed_identity_resource_id": "",
            "description": "",
            "id": "/subscriptions/8b41bb3a-73a0-4041-90c2-d82d4d3cbc5f/resourceGroups/bigdatawhsfut4ggg_rg/providers/Microsoft.Storage/storageAccounts/sourcebigdatawhsfut4ggg/providers/Microsoft.Authorization/roleAssignments/5e6eb2cb-d9ad-0d20-89c0-ea3d9ba3f272",
            "name": "5e6eb2cb-d9ad-0d20-89c0-ea3d9ba3f272",
            "principal_id": "448f09b6-92d2-49ed-b9ca-b26f310c0183",
            "principal_type": "ServicePrincipal",
            "role_definition_id": "/subscriptions/8b41bb3a-73a0-4041-90c2-d82d4d3cbc5f/providers/Microsoft.Authorization/roleDefinitions/b24988ac-6180-42a0-ab88-20f7382dd24c",
            "role_definition_name": "Contributor",
            "scope": "/subscriptions/8b41bb3a-73a0-4041-90c2-d82d4d3cbc5f/resourceGroups/bigdatawhsfut4ggg_rg/providers/Microsoft.Storage/storageAccounts/sourcebigdatawhsfut4ggg",
            "skip_service_principal_aad_check": null,
            "timeouts": null
          },
          "sensitive_attributes": [],
          "private": "eyJlMmJmYjczMC1lY2FhLTExZTYtOGY4OC0zNDM2M2JjN2M0YzAiOnsiY3JlYXRlIjoxODAwMDAwMDAwMDAwLCJkZWxldGUiOjE4MDAwMDAwMDAwMDAsInJlYWQiOjMwMDAwMDAwMDAwMCwidXBkYXRlIjoxODAwMDAwMDAwMDAwfX0=",
          "dependencies": [
            "azurerm_data_factory.data_factory",
            "azurerm_resource_group.resource_group",
            "azurerm_storage_account.source_storage_account",
            "random_string.random_prefix"
          ]
        },
        {
          "index_key": "Storage Blob Data Owner",
          "schema_version": 0,
          "attributes": {
            "condition": "",
            "condition_version": "",
            "delegated_managed_identity_resource_id": "",
            "description": "",
            "id": "/subscriptions/8b41bb3a-73a0-4041-90c2-d82d4d3cbc5f/resourceGroups/bigdatawhsfut4ggg_rg/providers/Microsoft.Storage/storageAccounts/sourcebigdatawhsfut4ggg/providers/Microsoft.Authorization/roleAssignments/72a6269e-246e-1cd3-df8e-91d67c1d427e",
            "name": "72a6269e-246e-1cd3-df8e-91d67c1d427e",
            "principal_id": "448f09b6-92d2-49ed-b9ca-b26f310c0183",
            "principal_type": "ServicePrincipal",
            "role_definition_id": "/subscriptions/8b41bb3a-73a0-4041-90c2-d82d4d3cbc5f/providers/Microsoft.Authorization/roleDefinitions/b7e6dc6d-f1e8-4753-8033-0f276bb0955b",
            "role_definition_name": "Storage Blob Data Owner",
            "scope": "/subscriptions/8b41bb3a-73a0-4041-90c2-d82d4d3cbc5f/resourceGroups/bigdatawhsfut4ggg_rg/providers/Microsoft.Storage/storageAccounts/sourcebigdatawhsfut4ggg",
            "skip_service_principal_aad_check": null,
            "timeouts": null
          },
          "sensitive_attributes": [],
          "private": "eyJlMmJmYjczMC1lY2FhLTExZTYtOGY4OC0zNDM2M2JjN2M0YzAiOnsiY3JlYXRlIjoxODAwMDAwMDAwMDAwLCJkZWxldGUiOjE4MDAwMDAwMDAwMDAsInJlYWQiOjMwMDAwMDAwMDAwMCwidXBkYXRlIjoxODAwMDAwMDAwMDAwfX0=",
          "dependencies": [
            "azurerm_data_factory.data_factory",
            "azurerm_resource_group.resource_group",
            "azurerm_storage_account.source_storage_account",
            "random_string.random_prefix"
          ]
        }
      ]
    },
    {
      "mode": "managed",
      "type": "azurerm_role_assignment",
      "name": "observation_fn_role_assignement",
      "provider": "provider[\"registry.terraform.io/hashicorp/azurerm\"]",
      "instances": [
        {
          "schema_version": 0,
          "attributes": {
            "condition": "",
            "condition_version": "",
            "delegated_managed_identity_resource_id": "",
            "description": "",
            "id": "/subscriptions/8b41bb3a-73a0-4041-90c2-d82d4d3cbc5f/resourceGroups/bigdatawhsfut4ggg_rg/providers/Microsoft.EventHub/namespaces/big-data-eventhub-namespace/eventhubs/observation-generator-event-hub/providers/Microsoft.Authorization/roleAssignments/faaedd91-e331-120c-7bde-4902e306c699",
            "name": "faaedd91-e331-120c-7bde-4902e306c699",
            "principal_id": "a4d29642-9115-4ba5-8261-bcfbfd5ae239",
            "principal_type": "ServicePrincipal",
            "role_definition_id": "/subscriptions/8b41bb3a-73a0-4041-90c2-d82d4d3cbc5f/providers/Microsoft.Authorization/roleDefinitions/b24988ac-6180-42a0-ab88-20f7382dd24c",
            "role_definition_name": "Contributor",
            "scope": "/subscriptions/8b41bb3a-73a0-4041-90c2-d82d4d3cbc5f/resourceGroups/bigdatawhsfut4ggg_rg/providers/Microsoft.EventHub/namespaces/big-data-eventhub-namespace/eventhubs/observation-generator-event-hub",
            "skip_service_principal_aad_check": null,
            "timeouts": null
          },
          "sensitive_attributes": [],
          "private": "eyJlMmJmYjczMC1lY2FhLTExZTYtOGY4OC0zNDM2M2JjN2M0YzAiOnsiY3JlYXRlIjoxODAwMDAwMDAwMDAwLCJkZWxldGUiOjE4MDAwMDAwMDAwMDAsInJlYWQiOjMwMDAwMDAwMDAwMCwidXBkYXRlIjoxODAwMDAwMDAwMDAwfX0=",
          "dependencies": [
            "azurerm_eventhub.observation_eventhub",
            "azurerm_eventhub_authorization_rule.observation_eventhub_auth_rule",
            "azurerm_eventhub_namespace.eventhub_namespace",
            "azurerm_linux_function_app.observation_function",
            "azurerm_resource_group.resource_group",
            "azurerm_service_plan.service_plan",
            "azurerm_storage_account.source_storage_account",
            "azurerm_storage_blob.storage_blob_function",
            "azurerm_storage_container.storage_container_function",
            "data.archive_file.function",
            "random_string.random_prefix"
          ]
        }
      ]
    },
    {
      "mode": "managed",
      "type": "azurerm_role_assignment",
      "name": "role_assignment_storage",
      "provider": "provider[\"registry.terraform.io/hashicorp/azurerm\"]",
      "instances": [
        {
          "schema_version": 0,
          "attributes": {
            "condition": "",
            "condition_version": "",
            "delegated_managed_identity_resource_id": "",
            "description": "",
            "id": "/subscriptions/8b41bb3a-73a0-4041-90c2-d82d4d3cbc5f/resourceGroups/bigdatawhsfut4ggg_rg/providers/Microsoft.Storage/storageAccounts/sourcebigdatawhsfut4ggg/providers/Microsoft.Authorization/roleAssignments/e789ec17-a70c-a6e0-eb41-e9cfef9f6b59",
            "name": "e789ec17-a70c-a6e0-eb41-e9cfef9f6b59",
            "principal_id": "a4d29642-9115-4ba5-8261-bcfbfd5ae239",
            "principal_type": "ServicePrincipal",
            "role_definition_id": "/subscriptions/8b41bb3a-73a0-4041-90c2-d82d4d3cbc5f/providers/Microsoft.Authorization/roleDefinitions/ba92f5b4-2d11-453d-a403-e96b0029c9fe",
            "role_definition_name": "Storage Blob Data Contributor",
            "scope": "/subscriptions/8b41bb3a-73a0-4041-90c2-d82d4d3cbc5f/resourceGroups/bigdatawhsfut4ggg_rg/providers/Microsoft.Storage/storageAccounts/sourcebigdatawhsfut4ggg",
            "skip_service_principal_aad_check": null,
            "timeouts": null
          },
          "sensitive_attributes": [],
          "private": "eyJlMmJmYjczMC1lY2FhLTExZTYtOGY4OC0zNDM2M2JjN2M0YzAiOnsiY3JlYXRlIjoxODAwMDAwMDAwMDAwLCJkZWxldGUiOjE4MDAwMDAwMDAwMDAsInJlYWQiOjMwMDAwMDAwMDAwMCwidXBkYXRlIjoxODAwMDAwMDAwMDAwfX0=",
          "dependencies": [
            "azurerm_eventhub.observation_eventhub",
            "azurerm_eventhub_authorization_rule.observation_eventhub_auth_rule",
            "azurerm_eventhub_namespace.eventhub_namespace",
            "azurerm_linux_function_app.observation_function",
            "azurerm_resource_group.resource_group",
            "azurerm_service_plan.service_plan",
            "azurerm_storage_account.source_storage_account",
            "azurerm_storage_blob.storage_blob_function",
            "azurerm_storage_container.storage_container_function",
            "data.archive_file.function",
            "random_string.random_prefix"
          ]
        }
      ]
    },
    {
      "mode": "managed",
      "type": "azurerm_role_assignment",
      "name": "stream_analytics_event_hub_role_assignement",
      "provider": "provider[\"registry.terraform.io/hashicorp/azurerm\"]",
      "instances": [
        {
          "index_key": "Azure Event Hubs Data Owner",
          "schema_version": 0,
          "attributes": {
            "condition": "",
            "condition_version": "",
            "delegated_managed_identity_resource_id": "",
            "description": "",
            "id": "/subscriptions/8b41bb3a-73a0-4041-90c2-d82d4d3cbc5f/resourceGroups/bigdatawhsfut4ggg_rg/providers/Microsoft.EventHub/namespaces/big-data-eventhub-namespace/eventhubs/target-event-hub/providers/Microsoft.Authorization/roleAssignments/f8dc535c-5f55-6743-2719-6efee7663ee3",
            "name": "f8dc535c-5f55-6743-2719-6efee7663ee3",
            "principal_id": "d02f0782-1998-4c2b-8433-9e2a32704bd8",
            "principal_type": "ServicePrincipal",
            "role_definition_id": "/subscriptions/8b41bb3a-73a0-4041-90c2-d82d4d3cbc5f/providers/Microsoft.Authorization/roleDefinitions/f526a384-b230-433a-b45c-95f59c4a2dec",
            "role_definition_name": "Azure Event Hubs Data Owner",
            "scope": "/subscriptions/8b41bb3a-73a0-4041-90c2-d82d4d3cbc5f/resourceGroups/bigdatawhsfut4ggg_rg/providers/Microsoft.EventHub/namespaces/big-data-eventhub-namespace/eventhubs/target-event-hub",
            "skip_service_principal_aad_check": null,
            "timeouts": null
          },
          "sensitive_attributes": [],
          "private": "eyJlMmJmYjczMC1lY2FhLTExZTYtOGY4OC0zNDM2M2JjN2M0YzAiOnsiY3JlYXRlIjoxODAwMDAwMDAwMDAwLCJkZWxldGUiOjE4MDAwMDAwMDAwMDAsInJlYWQiOjMwMDAwMDAwMDAwMCwidXBkYXRlIjoxODAwMDAwMDAwMDAwfX0=",
          "dependencies": [
            "azurerm_eventhub.target_observation_eventhub",
            "azurerm_eventhub_namespace.eventhub_namespace",
            "azurerm_resource_group.resource_group",
            "azurerm_stream_analytics_job.stream_analytics_job",
            "random_string.random_prefix"
          ]
        },
        {
          "index_key": "Contributor",
          "schema_version": 0,
          "attributes": {
            "condition": "",
            "condition_version": "",
            "delegated_managed_identity_resource_id": "",
            "description": "",
            "id": "/subscriptions/8b41bb3a-73a0-4041-90c2-d82d4d3cbc5f/resourceGroups/bigdatawhsfut4ggg_rg/providers/Microsoft.EventHub/namespaces/big-data-eventhub-namespace/eventhubs/target-event-hub/providers/Microsoft.Authorization/roleAssignments/662fde62-4177-8970-2ea6-51d060460c2e",
            "name": "662fde62-4177-8970-2ea6-51d060460c2e",
            "principal_id": "d02f0782-1998-4c2b-8433-9e2a32704bd8",
            "principal_type": "ServicePrincipal",
            "role_definition_id": "/subscriptions/8b41bb3a-73a0-4041-90c2-d82d4d3cbc5f/providers/Microsoft.Authorization/roleDefinitions/b24988ac-6180-42a0-ab88-20f7382dd24c",
            "role_definition_name": "Contributor",
            "scope": "/subscriptions/8b41bb3a-73a0-4041-90c2-d82d4d3cbc5f/resourceGroups/bigdatawhsfut4ggg_rg/providers/Microsoft.EventHub/namespaces/big-data-eventhub-namespace/eventhubs/target-event-hub",
            "skip_service_principal_aad_check": null,
            "timeouts": null
          },
          "sensitive_attributes": [],
          "private": "eyJlMmJmYjczMC1lY2FhLTExZTYtOGY4OC0zNDM2M2JjN2M0YzAiOnsiY3JlYXRlIjoxODAwMDAwMDAwMDAwLCJkZWxldGUiOjE4MDAwMDAwMDAwMDAsInJlYWQiOjMwMDAwMDAwMDAwMCwidXBkYXRlIjoxODAwMDAwMDAwMDAwfX0=",
          "dependencies": [
            "azurerm_eventhub.target_observation_eventhub",
            "azurerm_eventhub_namespace.eventhub_namespace",
            "azurerm_resource_group.resource_group",
            "azurerm_stream_analytics_job.stream_analytics_job",
            "random_string.random_prefix"
          ]
        }
      ]
    },
    {
      "mode": "managed",
      "type": "azurerm_role_assignment",
      "name": "synapse_datalake_role_assignement",
      "provider": "provider[\"registry.terraform.io/hashicorp/azurerm\"]",
      "instances": [
        {
          "index_key": "Contributor",
          "schema_version": 0,
          "attributes": {
            "condition": "",
            "condition_version": "",
            "delegated_managed_identity_resource_id": "",
            "description": "",
            "id": "/subscriptions/8b41bb3a-73a0-4041-90c2-d82d4d3cbc5f/resourceGroups/bigdatawhsfut4ggg_rg/providers/Microsoft.Storage/storageAccounts/datalakebigdatawhsfut4gg/providers/Microsoft.Authorization/roleAssignments/b91fbac9-05f3-65b5-42d2-228d2676779d",
            "name": "b91fbac9-05f3-65b5-42d2-228d2676779d",
            "principal_id": "d45829a7-ab36-4065-9465-dc4430c69264",
            "principal_type": "ServicePrincipal",
            "role_definition_id": "/subscriptions/8b41bb3a-73a0-4041-90c2-d82d4d3cbc5f/providers/Microsoft.Authorization/roleDefinitions/b24988ac-6180-42a0-ab88-20f7382dd24c",
            "role_definition_name": "Contributor",
            "scope": "/subscriptions/8b41bb3a-73a0-4041-90c2-d82d4d3cbc5f/resourceGroups/bigdatawhsfut4ggg_rg/providers/Microsoft.Storage/storageAccounts/datalakebigdatawhsfut4gg",
            "skip_service_principal_aad_check": null,
            "timeouts": null
          },
          "sensitive_attributes": [],
          "private": "eyJlMmJmYjczMC1lY2FhLTExZTYtOGY4OC0zNDM2M2JjN2M0YzAiOnsiY3JlYXRlIjoxODAwMDAwMDAwMDAwLCJkZWxldGUiOjE4MDAwMDAwMDAwMDAsInJlYWQiOjMwMDAwMDAwMDAwMCwidXBkYXRlIjoxODAwMDAwMDAwMDAwfX0=",
          "dependencies": [
            "azurerm_resource_group.resource_group",
            "azurerm_role_assignment.user_datalake_role_assignement",
            "azurerm_storage_account.datalake_storage_account",
            "azurerm_storage_data_lake_gen2_filesystem.adls",
            "azurerm_synapse_workspace.synapse_workspace",
            "data.azuread_client_config.current",
            "random_string.random_prefix",
            "time_sleep.role_assignment_sleep"
          ]
        },
        {
          "index_key": "Storage Blob Data Owner",
          "schema_version": 0,
          "attributes": {
            "condition": "",
            "condition_version": "",
            "delegated_managed_identity_resource_id": "",
            "description": "",
            "id": "/subscriptions/8b41bb3a-73a0-4041-90c2-d82d4d3cbc5f/resourceGroups/bigdatawhsfut4ggg_rg/providers/Microsoft.Storage/storageAccounts/datalakebigdatawhsfut4gg/providers/Microsoft.Authorization/roleAssignments/9954477a-8778-172f-ce08-a66eadfac2a9",
            "name": "9954477a-8778-172f-ce08-a66eadfac2a9",
            "principal_id": "d45829a7-ab36-4065-9465-dc4430c69264",
            "principal_type": "ServicePrincipal",
            "role_definition_id": "/subscriptions/8b41bb3a-73a0-4041-90c2-d82d4d3cbc5f/providers/Microsoft.Authorization/roleDefinitions/b7e6dc6d-f1e8-4753-8033-0f276bb0955b",
            "role_definition_name": "Storage Blob Data Owner",
            "scope": "/subscriptions/8b41bb3a-73a0-4041-90c2-d82d4d3cbc5f/resourceGroups/bigdatawhsfut4ggg_rg/providers/Microsoft.Storage/storageAccounts/datalakebigdatawhsfut4gg",
            "skip_service_principal_aad_check": null,
            "timeouts": null
          },
          "sensitive_attributes": [],
          "private": "eyJlMmJmYjczMC1lY2FhLTExZTYtOGY4OC0zNDM2M2JjN2M0YzAiOnsiY3JlYXRlIjoxODAwMDAwMDAwMDAwLCJkZWxldGUiOjE4MDAwMDAwMDAwMDAsInJlYWQiOjMwMDAwMDAwMDAwMCwidXBkYXRlIjoxODAwMDAwMDAwMDAwfX0=",
          "dependencies": [
            "azurerm_resource_group.resource_group",
            "azurerm_role_assignment.user_datalake_role_assignement",
            "azurerm_storage_account.datalake_storage_account",
            "azurerm_storage_data_lake_gen2_filesystem.adls",
            "azurerm_synapse_workspace.synapse_workspace",
            "data.azuread_client_config.current",
            "random_string.random_prefix",
            "time_sleep.role_assignment_sleep"
          ]
        }
      ]
    },
    {
      "mode": "managed",
      "type": "azurerm_role_assignment",
      "name": "synapse_workspace_owner_role_assignement",
      "provider": "provider[\"registry.terraform.io/hashicorp/azurerm\"]",
      "instances": [
        {
          "schema_version": 0,
          "attributes": {
            "condition": "",
            "condition_version": "",
            "delegated_managed_identity_resource_id": "",
            "description": "",
            "id": "/subscriptions/8b41bb3a-73a0-4041-90c2-d82d4d3cbc5f/resourceGroups/bigdatawhsfut4ggg_rg/providers/Microsoft.Synapse/workspaces/synapse-workspace-bigdatawhsfut4ggg/providers/Microsoft.Authorization/roleAssignments/3cb4367c-a315-eabc-3c97-55aeb37ecf3a",
            "name": "3cb4367c-a315-eabc-3c97-55aeb37ecf3a",
            "principal_id": "881efb1c-9e27-4b58-823a-230f51d9a8f4",
            "principal_type": "User",
            "role_definition_id": "/subscriptions/8b41bb3a-73a0-4041-90c2-d82d4d3cbc5f/providers/Microsoft.Authorization/roleDefinitions/8e3af657-a8ff-443c-a75c-2fe8c4bcb635",
            "role_definition_name": "Owner",
            "scope": "/subscriptions/8b41bb3a-73a0-4041-90c2-d82d4d3cbc5f/resourceGroups/bigdatawhsfut4ggg_rg/providers/Microsoft.Synapse/workspaces/synapse-workspace-bigdatawhsfut4ggg",
            "skip_service_principal_aad_check": null,
            "timeouts": null
          },
          "sensitive_attributes": [],
          "private": "eyJlMmJmYjczMC1lY2FhLTExZTYtOGY4OC0zNDM2M2JjN2M0YzAiOnsiY3JlYXRlIjoxODAwMDAwMDAwMDAwLCJkZWxldGUiOjE4MDAwMDAwMDAwMDAsInJlYWQiOjMwMDAwMDAwMDAwMCwidXBkYXRlIjoxODAwMDAwMDAwMDAwfX0=",
          "dependencies": [
            "azurerm_resource_group.resource_group",
            "azurerm_role_assignment.user_datalake_role_assignement",
            "azurerm_storage_account.datalake_storage_account",
            "azurerm_storage_data_lake_gen2_filesystem.adls",
            "azurerm_synapse_workspace.synapse_workspace",
            "data.azuread_client_config.current",
            "random_string.random_prefix",
            "time_sleep.role_assignment_sleep"
          ]
        }
      ]
    },
    {
      "mode": "managed",
      "type": "azurerm_role_assignment",
      "name": "user_datalake_role_assignement",
      "provider": "provider[\"registry.terraform.io/hashicorp/azurerm\"]",
      "instances": [
        {
          "index_key": "Contributor",
          "schema_version": 0,
          "attributes": {
            "condition": "",
            "condition_version": "",
            "delegated_managed_identity_resource_id": "",
            "description": "",
            "id": "/subscriptions/8b41bb3a-73a0-4041-90c2-d82d4d3cbc5f/resourceGroups/bigdatawhsfut4ggg_rg/providers/Microsoft.Storage/storageAccounts/datalakebigdatawhsfut4gg/providers/Microsoft.Authorization/roleAssignments/011bc141-03f7-c56a-db88-ea185a99585c",
            "name": "011bc141-03f7-c56a-db88-ea185a99585c",
            "principal_id": "881efb1c-9e27-4b58-823a-230f51d9a8f4",
            "principal_type": "User",
            "role_definition_id": "/subscriptions/8b41bb3a-73a0-4041-90c2-d82d4d3cbc5f/providers/Microsoft.Authorization/roleDefinitions/b24988ac-6180-42a0-ab88-20f7382dd24c",
            "role_definition_name": "Contributor",
            "scope": "/subscriptions/8b41bb3a-73a0-4041-90c2-d82d4d3cbc5f/resourceGroups/bigdatawhsfut4ggg_rg/providers/Microsoft.Storage/storageAccounts/datalakebigdatawhsfut4gg",
            "skip_service_principal_aad_check": null,
            "timeouts": null
          },
          "sensitive_attributes": [],
          "private": "eyJlMmJmYjczMC1lY2FhLTExZTYtOGY4OC0zNDM2M2JjN2M0YzAiOnsiY3JlYXRlIjoxODAwMDAwMDAwMDAwLCJkZWxldGUiOjE4MDAwMDAwMDAwMDAsInJlYWQiOjMwMDAwMDAwMDAwMCwidXBkYXRlIjoxODAwMDAwMDAwMDAwfX0=",
          "dependencies": [
            "azurerm_resource_group.resource_group",
            "azurerm_storage_account.datalake_storage_account",
            "data.azuread_client_config.current",
            "random_string.random_prefix"
          ]
        },
        {
          "index_key": "Storage Blob Data Owner",
          "schema_version": 0,
          "attributes": {
            "condition": "",
            "condition_version": "",
            "delegated_managed_identity_resource_id": "",
            "description": "",
            "id": "/subscriptions/8b41bb3a-73a0-4041-90c2-d82d4d3cbc5f/resourceGroups/bigdatawhsfut4ggg_rg/providers/Microsoft.Storage/storageAccounts/datalakebigdatawhsfut4gg/providers/Microsoft.Authorization/roleAssignments/045cd720-6e6c-413f-f829-b6e6bc1128d9",
            "name": "045cd720-6e6c-413f-f829-b6e6bc1128d9",
            "principal_id": "881efb1c-9e27-4b58-823a-230f51d9a8f4",
            "principal_type": "User",
            "role_definition_id": "/subscriptions/8b41bb3a-73a0-4041-90c2-d82d4d3cbc5f/providers/Microsoft.Authorization/roleDefinitions/b7e6dc6d-f1e8-4753-8033-0f276bb0955b",
            "role_definition_name": "Storage Blob Data Owner",
            "scope": "/subscriptions/8b41bb3a-73a0-4041-90c2-d82d4d3cbc5f/resourceGroups/bigdatawhsfut4ggg_rg/providers/Microsoft.Storage/storageAccounts/datalakebigdatawhsfut4gg",
            "skip_service_principal_aad_check": null,
            "timeouts": null
          },
          "sensitive_attributes": [],
          "private": "eyJlMmJmYjczMC1lY2FhLTExZTYtOGY4OC0zNDM2M2JjN2M0YzAiOnsiY3JlYXRlIjoxODAwMDAwMDAwMDAwLCJkZWxldGUiOjE4MDAwMDAwMDAwMDAsInJlYWQiOjMwMDAwMDAwMDAwMCwidXBkYXRlIjoxODAwMDAwMDAwMDAwfX0=",
          "dependencies": [
            "azurerm_resource_group.resource_group",
            "azurerm_storage_account.datalake_storage_account",
            "data.azuread_client_config.current",
            "random_string.random_prefix"
          ]
        }
      ]
    },
    {
      "mode": "managed",
      "type": "azurerm_service_plan",
      "name": "service_plan",
      "provider": "provider[\"registry.terraform.io/hashicorp/azurerm\"]",
      "instances": [
        {
          "schema_version": 0,
          "attributes": {
            "app_service_environment_id": "",
            "id": "/subscriptions/8b41bb3a-73a0-4041-90c2-d82d4d3cbc5f/resourceGroups/bigdatawhsfut4ggg_rg/providers/Microsoft.Web/serverfarms/app-service-plan",
            "kind": "functionapp",
            "location": "westeurope",
            "maximum_elastic_worker_count": 1,
            "name": "app-service-plan",
            "os_type": "Linux",
            "per_site_scaling_enabled": false,
            "reserved": true,
            "resource_group_name": "bigdatawhsfut4ggg_rg",
            "sku_name": "Y1",
            "tags": {
              "Environment": "Big Data Reference Lab"
            },
            "timeouts": null,
            "worker_count": 0,
            "zone_balancing_enabled": false
          },
          "sensitive_attributes": [],
          "private": "eyJlMmJmYjczMC1lY2FhLTExZTYtOGY4OC0zNDM2M2JjN2M0YzAiOnsiY3JlYXRlIjozNjAwMDAwMDAwMDAwLCJkZWxldGUiOjM2MDAwMDAwMDAwMDAsInJlYWQiOjMwMDAwMDAwMDAwMCwidXBkYXRlIjozNjAwMDAwMDAwMDAwfX0=",
          "dependencies": [
            "azurerm_resource_group.resource_group",
            "random_string.random_prefix"
          ]
        }
      ]
    },
    {
      "mode": "managed",
      "type": "azurerm_storage_account",
      "name": "datalake_storage_account",
      "provider": "provider[\"registry.terraform.io/hashicorp/azurerm\"]",
      "instances": [
        {
          "schema_version": 4,
          "attributes": {
            "access_tier": "Hot",
            "account_kind": "StorageV2",
            "account_replication_type": "LRS",
            "account_tier": "Standard",
            "allow_nested_items_to_be_public": true,
            "allowed_copy_scope": "",
            "azure_files_authentication": [],
            "blob_properties": [
              {
                "change_feed_enabled": false,
                "change_feed_retention_in_days": 0,
                "container_delete_retention_policy": [],
                "cors_rule": [],
                "default_service_version": "",
                "delete_retention_policy": [],
                "last_access_time_enabled": false,
                "restore_policy": [],
                "versioning_enabled": false
              }
            ],
            "cross_tenant_replication_enabled": true,
            "custom_domain": [],
            "customer_managed_key": [],
            "default_to_oauth_authentication": false,
            "edge_zone": "",
            "enable_https_traffic_only": true,
            "id": "/subscriptions/8b41bb3a-73a0-4041-90c2-d82d4d3cbc5f/resourceGroups/bigdatawhsfut4ggg_rg/providers/Microsoft.Storage/storageAccounts/datalakebigdatawhsfut4gg",
            "identity": [],
            "immutability_policy": [],
            "infrastructure_encryption_enabled": false,
            "is_hns_enabled": true,
            "large_file_share_enabled": null,
            "location": "westeurope",
            "min_tls_version": "TLS1_2",
            "name": "datalakebigdatawhsfut4gg",
            "network_rules": [
              {
                "bypass": [
                  "AzureServices"
                ],
                "default_action": "Allow",
                "ip_rules": [],
                "private_link_access": [],
                "virtual_network_subnet_ids": []
              }
            ],
            "nfsv3_enabled": false,
            "primary_access_key": "tGO7+rKHtg1zEZqKjOMZx0EKgZNLrsEhEhJnLh5BL/++1mVq2kYApfpuD49hrj+ysLI2wxSYWW+o+AStDKIrvw==",
            "primary_blob_connection_string": "DefaultEndpointsProtocol=https;BlobEndpoint=https://datalakebigdatawhsfut4gg.blob.core.windows.net/;AccountName=datalakebigdatawhsfut4gg;AccountKey=tGO7+rKHtg1zEZqKjOMZx0EKgZNLrsEhEhJnLh5BL/++1mVq2kYApfpuD49hrj+ysLI2wxSYWW+o+AStDKIrvw==",
            "primary_blob_endpoint": "https://datalakebigdatawhsfut4gg.blob.core.windows.net/",
            "primary_blob_host": "datalakebigdatawhsfut4gg.blob.core.windows.net",
            "primary_connection_string": "DefaultEndpointsProtocol=https;AccountName=datalakebigdatawhsfut4gg;AccountKey=tGO7+rKHtg1zEZqKjOMZx0EKgZNLrsEhEhJnLh5BL/++1mVq2kYApfpuD49hrj+ysLI2wxSYWW+o+AStDKIrvw==;EndpointSuffix=core.windows.net",
            "primary_dfs_endpoint": "https://datalakebigdatawhsfut4gg.dfs.core.windows.net/",
            "primary_dfs_host": "datalakebigdatawhsfut4gg.dfs.core.windows.net",
            "primary_file_endpoint": "https://datalakebigdatawhsfut4gg.file.core.windows.net/",
            "primary_file_host": "datalakebigdatawhsfut4gg.file.core.windows.net",
            "primary_location": "westeurope",
            "primary_queue_endpoint": "https://datalakebigdatawhsfut4gg.queue.core.windows.net/",
            "primary_queue_host": "datalakebigdatawhsfut4gg.queue.core.windows.net",
            "primary_table_endpoint": "https://datalakebigdatawhsfut4gg.table.core.windows.net/",
            "primary_table_host": "datalakebigdatawhsfut4gg.table.core.windows.net",
            "primary_web_endpoint": "https://datalakebigdatawhsfut4gg.z6.web.core.windows.net/",
            "primary_web_host": "datalakebigdatawhsfut4gg.z6.web.core.windows.net",
            "public_network_access_enabled": true,
            "queue_encryption_key_type": "Service",
            "queue_properties": [
              {
                "cors_rule": [],
                "hour_metrics": [
                  {
                    "enabled": true,
                    "include_apis": true,
                    "retention_policy_days": 7,
                    "version": "1.0"
                  }
                ],
                "logging": [
                  {
                    "delete": false,
                    "read": false,
                    "retention_policy_days": 0,
                    "version": "1.0",
                    "write": false
                  }
                ],
                "minute_metrics": [
                  {
                    "enabled": false,
                    "include_apis": false,
                    "retention_policy_days": 0,
                    "version": "1.0"
                  }
                ]
              }
            ],
            "resource_group_name": "bigdatawhsfut4ggg_rg",
            "routing": [],
            "sas_policy": [],
            "secondary_access_key": "g9TtXCoCBAayhZ+f9RGOQS7i52Ks2nx/GiGRjnA1W4ITwYHZnvmY/fDG5FZ2zyqxvMfayRdHS1kR+AStiE2Auw==",
            "secondary_blob_connection_string": "",
            "secondary_blob_endpoint": null,
            "secondary_blob_host": null,
            "secondary_connection_string": "DefaultEndpointsProtocol=https;AccountName=datalakebigdatawhsfut4gg;AccountKey=g9TtXCoCBAayhZ+f9RGOQS7i52Ks2nx/GiGRjnA1W4ITwYHZnvmY/fDG5FZ2zyqxvMfayRdHS1kR+AStiE2Auw==;EndpointSuffix=core.windows.net",
            "secondary_dfs_endpoint": null,
            "secondary_dfs_host": null,
            "secondary_file_endpoint": null,
            "secondary_file_host": null,
            "secondary_location": "",
            "secondary_queue_endpoint": null,
            "secondary_queue_host": null,
            "secondary_table_endpoint": null,
            "secondary_table_host": null,
            "secondary_web_endpoint": null,
            "secondary_web_host": null,
            "sftp_enabled": false,
            "share_properties": [
              {
                "cors_rule": [],
                "retention_policy": [
                  {
                    "days": 7
                  }
                ],
                "smb": []
              }
            ],
            "shared_access_key_enabled": true,
            "static_website": [],
            "table_encryption_key_type": "Service",
            "tags": {
              "Environment": "Big Data Reference Lab"
            },
            "timeouts": null
          },
          "sensitive_attributes": [],
          "private": "eyJlMmJmYjczMC1lY2FhLTExZTYtOGY4OC0zNDM2M2JjN2M0YzAiOnsiY3JlYXRlIjozNjAwMDAwMDAwMDAwLCJkZWxldGUiOjM2MDAwMDAwMDAwMDAsInJlYWQiOjMwMDAwMDAwMDAwMCwidXBkYXRlIjozNjAwMDAwMDAwMDAwfSwic2NoZW1hX3ZlcnNpb24iOiI0In0=",
          "dependencies": [
            "azurerm_resource_group.resource_group",
            "random_string.random_prefix"
          ]
        }
      ]
    },
    {
      "mode": "managed",
      "type": "azurerm_storage_account",
      "name": "source_storage_account",
      "provider": "provider[\"registry.terraform.io/hashicorp/azurerm\"]",
      "instances": [
        {
          "schema_version": 4,
          "attributes": {
            "access_tier": "Hot",
            "account_kind": "StorageV2",
            "account_replication_type": "LRS",
            "account_tier": "Standard",
            "allow_nested_items_to_be_public": true,
            "allowed_copy_scope": "",
            "azure_files_authentication": [],
            "blob_properties": [
              {
                "change_feed_enabled": false,
                "change_feed_retention_in_days": 0,
                "container_delete_retention_policy": [],
                "cors_rule": [],
                "default_service_version": "",
                "delete_retention_policy": [],
                "last_access_time_enabled": false,
                "restore_policy": [],
                "versioning_enabled": false
              }
            ],
            "cross_tenant_replication_enabled": true,
            "custom_domain": [],
            "customer_managed_key": [],
            "default_to_oauth_authentication": false,
            "edge_zone": "",
            "enable_https_traffic_only": true,
            "id": "/subscriptions/8b41bb3a-73a0-4041-90c2-d82d4d3cbc5f/resourceGroups/bigdatawhsfut4ggg_rg/providers/Microsoft.Storage/storageAccounts/sourcebigdatawhsfut4ggg",
            "identity": [],
            "immutability_policy": [],
            "infrastructure_encryption_enabled": false,
            "is_hns_enabled": true,
            "large_file_share_enabled": null,
            "location": "westeurope",
            "min_tls_version": "TLS1_2",
            "name": "sourcebigdatawhsfut4ggg",
            "network_rules": [
              {
                "bypass": [
                  "AzureServices"
                ],
                "default_action": "Allow",
                "ip_rules": [],
                "private_link_access": [],
                "virtual_network_subnet_ids": []
              }
            ],
            "nfsv3_enabled": false,
            "primary_access_key": "sjVdqc5xbzzy8qzohDEhn9Kpiw1nGSElvmx90Nim/WanUqInIYM1XqvFXxsjXaIyw7P+MioHB+k2+AStaGGj9Q==",
            "primary_blob_connection_string": "DefaultEndpointsProtocol=https;BlobEndpoint=https://sourcebigdatawhsfut4ggg.blob.core.windows.net/;AccountName=sourcebigdatawhsfut4ggg;AccountKey=sjVdqc5xbzzy8qzohDEhn9Kpiw1nGSElvmx90Nim/WanUqInIYM1XqvFXxsjXaIyw7P+MioHB+k2+AStaGGj9Q==",
            "primary_blob_endpoint": "https://sourcebigdatawhsfut4ggg.blob.core.windows.net/",
            "primary_blob_host": "sourcebigdatawhsfut4ggg.blob.core.windows.net",
            "primary_connection_string": "DefaultEndpointsProtocol=https;AccountName=sourcebigdatawhsfut4ggg;AccountKey=sjVdqc5xbzzy8qzohDEhn9Kpiw1nGSElvmx90Nim/WanUqInIYM1XqvFXxsjXaIyw7P+MioHB+k2+AStaGGj9Q==;EndpointSuffix=core.windows.net",
            "primary_dfs_endpoint": "https://sourcebigdatawhsfut4ggg.dfs.core.windows.net/",
            "primary_dfs_host": "sourcebigdatawhsfut4ggg.dfs.core.windows.net",
            "primary_file_endpoint": "https://sourcebigdatawhsfut4ggg.file.core.windows.net/",
            "primary_file_host": "sourcebigdatawhsfut4ggg.file.core.windows.net",
            "primary_location": "westeurope",
            "primary_queue_endpoint": "https://sourcebigdatawhsfut4ggg.queue.core.windows.net/",
            "primary_queue_host": "sourcebigdatawhsfut4ggg.queue.core.windows.net",
            "primary_table_endpoint": "https://sourcebigdatawhsfut4ggg.table.core.windows.net/",
            "primary_table_host": "sourcebigdatawhsfut4ggg.table.core.windows.net",
            "primary_web_endpoint": "https://sourcebigdatawhsfut4ggg.z6.web.core.windows.net/",
            "primary_web_host": "sourcebigdatawhsfut4ggg.z6.web.core.windows.net",
            "public_network_access_enabled": true,
            "queue_encryption_key_type": "Service",
            "queue_properties": [
              {
                "cors_rule": [],
                "hour_metrics": [
                  {
                    "enabled": true,
                    "include_apis": true,
                    "retention_policy_days": 7,
                    "version": "1.0"
                  }
                ],
                "logging": [
                  {
                    "delete": false,
                    "read": false,
                    "retention_policy_days": 0,
                    "version": "1.0",
                    "write": false
                  }
                ],
                "minute_metrics": [
                  {
                    "enabled": false,
                    "include_apis": false,
                    "retention_policy_days": 0,
                    "version": "1.0"
                  }
                ]
              }
            ],
            "resource_group_name": "bigdatawhsfut4ggg_rg",
            "routing": [],
            "sas_policy": [],
            "secondary_access_key": "e8BZWu2OVZBWDNyO5Dn3u954tY23wlJlwVzDwpzHbE2GBzvMz9C33tJc6MX6JHguf8mO9cAnj7HJ+AStObTxwA==",
            "secondary_blob_connection_string": "",
            "secondary_blob_endpoint": null,
            "secondary_blob_host": null,
            "secondary_connection_string": "DefaultEndpointsProtocol=https;AccountName=sourcebigdatawhsfut4ggg;AccountKey=e8BZWu2OVZBWDNyO5Dn3u954tY23wlJlwVzDwpzHbE2GBzvMz9C33tJc6MX6JHguf8mO9cAnj7HJ+AStObTxwA==;EndpointSuffix=core.windows.net",
            "secondary_dfs_endpoint": null,
            "secondary_dfs_host": null,
            "secondary_file_endpoint": null,
            "secondary_file_host": null,
            "secondary_location": "",
            "secondary_queue_endpoint": null,
            "secondary_queue_host": null,
            "secondary_table_endpoint": null,
            "secondary_table_host": null,
            "secondary_web_endpoint": null,
            "secondary_web_host": null,
            "sftp_enabled": false,
            "share_properties": [
              {
                "cors_rule": [],
                "retention_policy": [
                  {
                    "days": 7
                  }
                ],
                "smb": []
              }
            ],
            "shared_access_key_enabled": true,
            "static_website": [],
            "table_encryption_key_type": "Service",
            "tags": {
              "Environment": "Big Data Reference Lab"
            },
            "timeouts": null
          },
          "sensitive_attributes": [],
          "private": "eyJlMmJmYjczMC1lY2FhLTExZTYtOGY4OC0zNDM2M2JjN2M0YzAiOnsiY3JlYXRlIjozNjAwMDAwMDAwMDAwLCJkZWxldGUiOjM2MDAwMDAwMDAwMDAsInJlYWQiOjMwMDAwMDAwMDAwMCwidXBkYXRlIjozNjAwMDAwMDAwMDAwfSwic2NoZW1hX3ZlcnNpb24iOiI0In0=",
          "dependencies": [
            "azurerm_resource_group.resource_group",
            "random_string.random_prefix"
          ]
        }
      ]
    },
    {
      "mode": "managed",
      "type": "azurerm_storage_blob",
      "name": "storage_blob_function",
      "provider": "provider[\"registry.terraform.io/hashicorp/azurerm\"]",
      "instances": [
        {
          "schema_version": 1,
          "attributes": {
            "access_tier": "Hot",
            "cache_control": "",
            "content_md5": "b74a6fd5460f212f04a29aa95248a2b6",
            "content_type": "application/octet-stream",
            "id": "https://sourcebigdatawhsfut4ggg.blob.core.windows.net/custom-function-releases/functions-b74a6f.zip",
            "metadata": {},
            "name": "functions-b74a6f.zip",
            "parallelism": 8,
            "size": 0,
            "source": "../../function.zip",
            "source_content": null,
            "source_uri": null,
            "storage_account_name": "sourcebigdatawhsfut4ggg",
            "storage_container_name": "custom-function-releases",
            "timeouts": null,
            "type": "Block",
            "url": "https://sourcebigdatawhsfut4ggg.blob.core.windows.net/custom-function-releases/functions-b74a6f.zip"
          },
          "sensitive_attributes": [],
          "private": "eyJlMmJmYjczMC1lY2FhLTExZTYtOGY4OC0zNDM2M2JjN2M0YzAiOnsiY3JlYXRlIjoxODAwMDAwMDAwMDAwLCJkZWxldGUiOjE4MDAwMDAwMDAwMDAsInJlYWQiOjMwMDAwMDAwMDAwMCwidXBkYXRlIjoxODAwMDAwMDAwMDAwfSwic2NoZW1hX3ZlcnNpb24iOiIxIn0=",
          "dependencies": [
            "azurerm_resource_group.resource_group",
            "azurerm_storage_account.source_storage_account",
            "azurerm_storage_container.storage_container_function",
            "data.archive_file.function",
            "random_string.random_prefix"
          ]
        }
      ]
    },
    {
      "mode": "managed",
      "type": "azurerm_storage_container",
      "name": "source_container",
      "provider": "provider[\"registry.terraform.io/hashicorp/azurerm\"]",
      "instances": [
        {
          "schema_version": 1,
          "attributes": {
            "container_access_type": "private",
            "has_immutability_policy": false,
            "has_legal_hold": false,
            "id": "https://sourcebigdatawhsfut4ggg.blob.core.windows.net/patient-data-source",
            "metadata": {},
            "name": "patient-data-source",
            "resource_manager_id": "/subscriptions/8b41bb3a-73a0-4041-90c2-d82d4d3cbc5f/resourceGroups/bigdatawhsfut4ggg_rg/providers/Microsoft.Storage/storageAccounts/sourcebigdatawhsfut4ggg/blobServices/default/containers/patient-data-source",
            "storage_account_name": "sourcebigdatawhsfut4ggg",
            "timeouts": null
          },
          "sensitive_attributes": [],
          "private": "eyJlMmJmYjczMC1lY2FhLTExZTYtOGY4OC0zNDM2M2JjN2M0YzAiOnsiY3JlYXRlIjoxODAwMDAwMDAwMDAwLCJkZWxldGUiOjE4MDAwMDAwMDAwMDAsInJlYWQiOjMwMDAwMDAwMDAwMCwidXBkYXRlIjoxODAwMDAwMDAwMDAwfSwic2NoZW1hX3ZlcnNpb24iOiIxIn0=",
          "dependencies": [
            "azurerm_resource_group.resource_group",
            "azurerm_storage_account.source_storage_account",
            "random_string.random_prefix"
          ]
        }
      ]
    },
    {
      "mode": "managed",
      "type": "azurerm_storage_container",
      "name": "storage_container_function",
      "provider": "provider[\"registry.terraform.io/hashicorp/azurerm\"]",
      "instances": [
        {
          "schema_version": 1,
          "attributes": {
            "container_access_type": "private",
            "has_immutability_policy": false,
            "has_legal_hold": false,
            "id": "https://sourcebigdatawhsfut4ggg.blob.core.windows.net/custom-function-releases",
            "metadata": {},
            "name": "custom-function-releases",
            "resource_manager_id": "/subscriptions/8b41bb3a-73a0-4041-90c2-d82d4d3cbc5f/resourceGroups/bigdatawhsfut4ggg_rg/providers/Microsoft.Storage/storageAccounts/sourcebigdatawhsfut4ggg/blobServices/default/containers/custom-function-releases",
            "storage_account_name": "sourcebigdatawhsfut4ggg",
            "timeouts": null
          },
          "sensitive_attributes": [],
          "private": "eyJlMmJmYjczMC1lY2FhLTExZTYtOGY4OC0zNDM2M2JjN2M0YzAiOnsiY3JlYXRlIjoxODAwMDAwMDAwMDAwLCJkZWxldGUiOjE4MDAwMDAwMDAwMDAsInJlYWQiOjMwMDAwMDAwMDAwMCwidXBkYXRlIjoxODAwMDAwMDAwMDAwfSwic2NoZW1hX3ZlcnNpb24iOiIxIn0=",
          "dependencies": [
            "azurerm_resource_group.resource_group",
            "azurerm_storage_account.source_storage_account",
            "random_string.random_prefix"
          ]
        }
      ]
    },
    {
      "mode": "managed",
      "type": "azurerm_storage_data_lake_gen2_filesystem",
      "name": "adls",
      "provider": "provider[\"registry.terraform.io/hashicorp/azurerm\"]",
      "instances": [
        {
          "schema_version": 0,
          "attributes": {
            "ace": [
              {
                "id": "881efb1c-9e27-4b58-823a-230f51d9a8f4",
                "permissions": "rwx",
                "scope": "access",
                "type": "user"
              }
            ],
            "group": "881efb1c-9e27-4b58-823a-230f51d9a8f4",
            "id": "https://datalakebigdatawhsfut4gg.dfs.core.windows.net/datalake",
            "name": "datalake",
            "owner": "881efb1c-9e27-4b58-823a-230f51d9a8f4",
            "properties": null,
            "storage_account_id": "/subscriptions/8b41bb3a-73a0-4041-90c2-d82d4d3cbc5f/resourceGroups/bigdatawhsfut4ggg_rg/providers/Microsoft.Storage/storageAccounts/datalakebigdatawhsfut4gg",
            "timeouts": null
          },
          "sensitive_attributes": [],
          "private": "eyJlMmJmYjczMC1lY2FhLTExZTYtOGY4OC0zNDM2M2JjN2M0YzAiOnsiY3JlYXRlIjoxODAwMDAwMDAwMDAwLCJkZWxldGUiOjE4MDAwMDAwMDAwMDAsInJlYWQiOjMwMDAwMDAwMDAwMCwidXBkYXRlIjoxODAwMDAwMDAwMDAwfX0=",
          "dependencies": [
            "azurerm_resource_group.resource_group",
            "azurerm_role_assignment.user_datalake_role_assignement",
            "azurerm_storage_account.datalake_storage_account",
            "data.azuread_client_config.current",
            "random_string.random_prefix",
            "time_sleep.role_assignment_sleep"
          ]
        }
      ]
    },
    {
      "mode": "managed",
      "type": "azurerm_storage_data_lake_gen2_path",
      "name": "datalake_path",
      "provider": "provider[\"registry.terraform.io/hashicorp/azurerm\"]",
      "instances": [
        {
          "index_key": "bronze",
          "schema_version": 0,
          "attributes": {
            "ace": [
              {
                "id": "448f09b6-92d2-49ed-b9ca-b26f310c0183",
                "permissions": "rwx",
                "scope": "access",
                "type": "user"
              },
              {
                "id": "881efb1c-9e27-4b58-823a-230f51d9a8f4",
                "permissions": "rwx",
                "scope": "access",
                "type": "user"
              },
              {
                "id": "ba89665b-0026-47e2-9c97-0b1dddfa794a",
                "permissions": "rwx",
                "scope": "access",
                "type": "user"
              },
              {
                "id": "d45829a7-ab36-4065-9465-dc4430c69264",
                "permissions": "rwx",
                "scope": "access",
                "type": "user"
              }
            ],
            "filesystem_name": "datalake",
            "group": "881efb1c-9e27-4b58-823a-230f51d9a8f4",
            "id": "https://datalakebigdatawhsfut4gg.dfs.core.windows.net/datalake/bronze",
            "owner": "881efb1c-9e27-4b58-823a-230f51d9a8f4",
            "path": "bronze",
            "resource": "directory",
            "storage_account_id": "/subscriptions/8b41bb3a-73a0-4041-90c2-d82d4d3cbc5f/resourceGroups/bigdatawhsfut4ggg_rg/providers/Microsoft.Storage/storageAccounts/datalakebigdatawhsfut4gg",
            "timeouts": null
          },
          "sensitive_attributes": [],
          "private": "eyJlMmJmYjczMC1lY2FhLTExZTYtOGY4OC0zNDM2M2JjN2M0YzAiOnsiY3JlYXRlIjoxODAwMDAwMDAwMDAwLCJkZWxldGUiOjE4MDAwMDAwMDAwMDAsInJlYWQiOjMwMDAwMDAwMDAwMCwidXBkYXRlIjoxODAwMDAwMDAwMDAwfX0=",
          "dependencies": [
            "azuread_application.databricks_service_application",
            "azuread_service_principal.aad_service_sp",
            "azurerm_data_factory.data_factory",
            "azurerm_resource_group.resource_group",
            "azurerm_role_assignment.user_datalake_role_assignement",
            "azurerm_storage_account.datalake_storage_account",
            "azurerm_storage_data_lake_gen2_filesystem.adls",
            "azurerm_synapse_workspace.synapse_workspace",
            "data.azuread_client_config.current",
            "random_string.random_prefix",
            "time_sleep.role_assignment_sleep"
          ]
        },
        {
          "index_key": "gold",
          "schema_version": 0,
          "attributes": {
            "ace": [
              {
                "id": "448f09b6-92d2-49ed-b9ca-b26f310c0183",
                "permissions": "rwx",
                "scope": "access",
                "type": "user"
              },
              {
                "id": "881efb1c-9e27-4b58-823a-230f51d9a8f4",
                "permissions": "rwx",
                "scope": "access",
                "type": "user"
              },
              {
                "id": "ba89665b-0026-47e2-9c97-0b1dddfa794a",
                "permissions": "rwx",
                "scope": "access",
                "type": "user"
              },
              {
                "id": "d45829a7-ab36-4065-9465-dc4430c69264",
                "permissions": "rwx",
                "scope": "access",
                "type": "user"
              }
            ],
            "filesystem_name": "datalake",
            "group": "881efb1c-9e27-4b58-823a-230f51d9a8f4",
            "id": "https://datalakebigdatawhsfut4gg.dfs.core.windows.net/datalake/gold",
            "owner": "881efb1c-9e27-4b58-823a-230f51d9a8f4",
            "path": "gold",
            "resource": "directory",
            "storage_account_id": "/subscriptions/8b41bb3a-73a0-4041-90c2-d82d4d3cbc5f/resourceGroups/bigdatawhsfut4ggg_rg/providers/Microsoft.Storage/storageAccounts/datalakebigdatawhsfut4gg",
            "timeouts": null
          },
          "sensitive_attributes": [],
          "private": "eyJlMmJmYjczMC1lY2FhLTExZTYtOGY4OC0zNDM2M2JjN2M0YzAiOnsiY3JlYXRlIjoxODAwMDAwMDAwMDAwLCJkZWxldGUiOjE4MDAwMDAwMDAwMDAsInJlYWQiOjMwMDAwMDAwMDAwMCwidXBkYXRlIjoxODAwMDAwMDAwMDAwfX0=",
          "dependencies": [
            "azuread_application.databricks_service_application",
            "azuread_service_principal.aad_service_sp",
            "azurerm_data_factory.data_factory",
            "azurerm_resource_group.resource_group",
            "azurerm_role_assignment.user_datalake_role_assignement",
            "azurerm_storage_account.datalake_storage_account",
            "azurerm_storage_data_lake_gen2_filesystem.adls",
            "azurerm_synapse_workspace.synapse_workspace",
            "data.azuread_client_config.current",
            "random_string.random_prefix",
            "time_sleep.role_assignment_sleep"
          ]
        },
        {
          "index_key": "silver",
          "schema_version": 0,
          "attributes": {
            "ace": [
              {
                "id": "448f09b6-92d2-49ed-b9ca-b26f310c0183",
                "permissions": "rwx",
                "scope": "access",
                "type": "user"
              },
              {
                "id": "881efb1c-9e27-4b58-823a-230f51d9a8f4",
                "permissions": "rwx",
                "scope": "access",
                "type": "user"
              },
              {
                "id": "ba89665b-0026-47e2-9c97-0b1dddfa794a",
                "permissions": "rwx",
                "scope": "access",
                "type": "user"
              },
              {
                "id": "d45829a7-ab36-4065-9465-dc4430c69264",
                "permissions": "rwx",
                "scope": "access",
                "type": "user"
              }
            ],
            "filesystem_name": "datalake",
            "group": "881efb1c-9e27-4b58-823a-230f51d9a8f4",
            "id": "https://datalakebigdatawhsfut4gg.dfs.core.windows.net/datalake/silver",
            "owner": "881efb1c-9e27-4b58-823a-230f51d9a8f4",
            "path": "silver",
            "resource": "directory",
            "storage_account_id": "/subscriptions/8b41bb3a-73a0-4041-90c2-d82d4d3cbc5f/resourceGroups/bigdatawhsfut4ggg_rg/providers/Microsoft.Storage/storageAccounts/datalakebigdatawhsfut4gg",
            "timeouts": null
          },
          "sensitive_attributes": [],
          "private": "eyJlMmJmYjczMC1lY2FhLTExZTYtOGY4OC0zNDM2M2JjN2M0YzAiOnsiY3JlYXRlIjoxODAwMDAwMDAwMDAwLCJkZWxldGUiOjE4MDAwMDAwMDAwMDAsInJlYWQiOjMwMDAwMDAwMDAwMCwidXBkYXRlIjoxODAwMDAwMDAwMDAwfX0=",
          "dependencies": [
            "azuread_application.databricks_service_application",
            "azuread_service_principal.aad_service_sp",
            "azurerm_data_factory.data_factory",
            "azurerm_resource_group.resource_group",
            "azurerm_role_assignment.user_datalake_role_assignement",
            "azurerm_storage_account.datalake_storage_account",
            "azurerm_storage_data_lake_gen2_filesystem.adls",
            "azurerm_synapse_workspace.synapse_workspace",
            "data.azuread_client_config.current",
            "random_string.random_prefix",
            "time_sleep.role_assignment_sleep"
          ]
        }
      ]
    },
    {
      "mode": "managed",
      "type": "azurerm_stream_analytics_job",
      "name": "stream_analytics_job",
      "provider": "provider[\"registry.terraform.io/hashicorp/azurerm\"]",
      "instances": [
        {
          "schema_version": 1,
          "attributes": {
            "compatibility_level": "1.2",
            "content_storage_policy": "SystemAccount",
            "data_locale": "en-US",
            "events_late_arrival_max_delay_in_seconds": 60,
            "events_out_of_order_max_delay_in_seconds": 50,
            "events_out_of_order_policy": "Adjust",
            "id": "/subscriptions/8b41bb3a-73a0-4041-90c2-d82d4d3cbc5f/resourceGroups/bigdatawhsfut4ggg_rg/providers/Microsoft.StreamAnalytics/streamingJobs/streamanalyticsbb-bigdatawhsfut4ggg",
            "identity": [
              {
                "principal_id": "d02f0782-1998-4c2b-8433-9e2a32704bd8",
                "tenant_id": "728ec391-9e63-400e-883f-f7fd4a75ac01",
                "type": "SystemAssigned"
              }
            ],
            "job_id": "8a927e6b-b478-4a47-9532-02664f995b5e",
            "job_storage_account": [],
            "location": "westeurope",
            "name": "streamanalyticsbb-bigdatawhsfut4ggg",
            "output_error_policy": "Drop",
            "resource_group_name": "bigdatawhsfut4ggg_rg",
            "stream_analytics_cluster_id": "",
            "streaming_units": 1,
            "tags": {
              "Environment": "Big Data Reference Lab"
            },
            "timeouts": null,
            "transformation_query": "    SELECT *\r\n    INTO [YourOutputAlias]\r\n    FROM [YourInputAlias]\r\n",
            "type": "Cloud"
          },
          "sensitive_attributes": [],
          "private": "eyJlMmJmYjczMC1lY2FhLTExZTYtOGY4OC0zNDM2M2JjN2M0YzAiOnsiY3JlYXRlIjoxODAwMDAwMDAwMDAwLCJkZWxldGUiOjE4MDAwMDAwMDAwMDAsInJlYWQiOjMwMDAwMDAwMDAwMCwidXBkYXRlIjoxODAwMDAwMDAwMDAwfSwic2NoZW1hX3ZlcnNpb24iOiIxIn0=",
          "dependencies": [
            "azurerm_resource_group.resource_group",
            "random_string.random_prefix"
          ]
        }
      ]
    },
    {
      "mode": "managed",
      "type": "azurerm_synapse_firewall_rule",
      "name": "allow_all_rule",
      "provider": "provider[\"registry.terraform.io/hashicorp/azurerm\"]",
      "instances": [
        {
          "schema_version": 0,
          "attributes": {
            "end_ip_address": "255.255.255.255",
            "id": "/subscriptions/8b41bb3a-73a0-4041-90c2-d82d4d3cbc5f/resourceGroups/bigdatawhsfut4ggg_rg/providers/Microsoft.Synapse/workspaces/synapse-workspace-bigdatawhsfut4ggg/firewallRules/AllowAll",
            "name": "AllowAll",
            "start_ip_address": "0.0.0.0",
            "synapse_workspace_id": "/subscriptions/8b41bb3a-73a0-4041-90c2-d82d4d3cbc5f/resourceGroups/bigdatawhsfut4ggg_rg/providers/Microsoft.Synapse/workspaces/synapse-workspace-bigdatawhsfut4ggg",
            "timeouts": null
          },
          "sensitive_attributes": [],
          "private": "eyJlMmJmYjczMC1lY2FhLTExZTYtOGY4OC0zNDM2M2JjN2M0YzAiOnsiY3JlYXRlIjoxODAwMDAwMDAwMDAwLCJkZWxldGUiOjE4MDAwMDAwMDAwMDAsInJlYWQiOjMwMDAwMDAwMDAwMCwidXBkYXRlIjoxODAwMDAwMDAwMDAwfX0=",
          "dependencies": [
            "azurerm_resource_group.resource_group",
            "azurerm_role_assignment.user_datalake_role_assignement",
            "azurerm_storage_account.datalake_storage_account",
            "azurerm_storage_data_lake_gen2_filesystem.adls",
            "azurerm_synapse_workspace.synapse_workspace",
            "data.azuread_client_config.current",
            "random_string.random_prefix",
            "time_sleep.role_assignment_sleep"
          ]
        }
      ]
    },
    {
      "mode": "managed",
      "type": "azurerm_synapse_workspace",
      "name": "synapse_workspace",
      "provider": "provider[\"registry.terraform.io/hashicorp/azurerm\"]",
      "instances": [
        {
          "schema_version": 0,
          "attributes": {
            "aad_admin": [
              {
                "login": "live.com#stanislav.zhurich@gmail.com",
                "object_id": "881efb1c-9e27-4b58-823a-230f51d9a8f4",
                "tenant_id": "728ec391-9e63-400e-883f-f7fd4a75ac01"
              }
            ],
            "azure_devops_repo": [],
            "compute_subnet_id": null,
            "connectivity_endpoints": {
              "dev": "https://synapse-workspace-bigdatawhsfut4ggg.dev.azuresynapse.net",
              "sql": "synapse-workspace-bigdatawhsfut4ggg.sql.azuresynapse.net",
              "sqlOnDemand": "synapse-workspace-bigdatawhsfut4ggg-ondemand.sql.azuresynapse.net",
              "web": "https://web.azuresynapse.net?workspace=%2fsubscriptions%2f8b41bb3a-73a0-4041-90c2-d82d4d3cbc5f%2fresourceGroups%2fbigdatawhsfut4ggg_rg%2fproviders%2fMicrosoft.Synapse%2fworkspaces%2fsynapse-workspace-bigdatawhsfut4ggg"
            },
            "customer_managed_key": [],
            "data_exfiltration_protection_enabled": null,
            "github_repo": [],
            "id": "/subscriptions/8b41bb3a-73a0-4041-90c2-d82d4d3cbc5f/resourceGroups/bigdatawhsfut4ggg_rg/providers/Microsoft.Synapse/workspaces/synapse-workspace-bigdatawhsfut4ggg",
            "identity": [
              {
                "identity_ids": null,
                "principal_id": "d45829a7-ab36-4065-9465-dc4430c69264",
                "tenant_id": "728ec391-9e63-400e-883f-f7fd4a75ac01",
                "type": "SystemAssigned"
              }
            ],
            "linking_allowed_for_aad_tenant_ids": null,
            "location": "westeurope",
            "managed_resource_group_name": "synapseworkspace-managedrg-7e8c9c65-50ad-4f39-abde-2441ad036c2c",
            "managed_virtual_network_enabled": false,
            "name": "synapse-workspace-bigdatawhsfut4ggg",
            "public_network_access_enabled": true,
            "purview_id": null,
            "resource_group_name": "bigdatawhsfut4ggg_rg",
            "sql_aad_admin": [
              {
                "login": "live.com#stanislav.zhurich@gmail.com",
                "object_id": "881efb1c-9e27-4b58-823a-230f51d9a8f4",
                "tenant_id": "728ec391-9e63-400e-883f-f7fd4a75ac01"
              }
            ],
            "sql_administrator_login": "sqladminuser",
            "sql_administrator_login_password": "H@Sh1CoR3!",
            "sql_identity_control_enabled": false,
            "storage_data_lake_gen2_filesystem_id": "https://datalakebigdatawhsfut4gg.dfs.core.windows.net/datalake",
            "tags": {
              "Environment": "Big Data Reference Lab"
            },
            "timeouts": null
          },
          "sensitive_attributes": [],
          "private": "eyJlMmJmYjczMC1lY2FhLTExZTYtOGY4OC0zNDM2M2JjN2M0YzAiOnsiY3JlYXRlIjoxODAwMDAwMDAwMDAwLCJkZWxldGUiOjE4MDAwMDAwMDAwMDAsInJlYWQiOjMwMDAwMDAwMDAwMCwidXBkYXRlIjoxODAwMDAwMDAwMDAwfX0=",
          "dependencies": [
            "azurerm_resource_group.resource_group",
            "azurerm_role_assignment.user_datalake_role_assignement",
            "azurerm_storage_account.datalake_storage_account",
            "azurerm_storage_data_lake_gen2_filesystem.adls",
            "data.azuread_client_config.current",
            "random_string.random_prefix",
            "time_sleep.role_assignment_sleep"
          ]
        }
      ]
    },
    {
      "mode": "managed",
      "type": "databricks_cluster",
      "name": "databricks_cluster",
      "provider": "provider[\"registry.terraform.io/databricks/databricks\"]",
      "instances": [
        {
          "schema_version": 2,
          "attributes": {
            "apply_policy_default_values": null,
            "autoscale": [],
            "autotermination_minutes": 15,
            "aws_attributes": [],
            "azure_attributes": [
              {
                "availability": "ON_DEMAND_AZURE",
                "first_on_demand": 1,
                "spot_bid_max_price": -1
              }
            ],
            "cluster_id": "0828-065354-6etrteog",
            "cluster_log_conf": [],
            "cluster_name": "databricks-cluster-bigdatawhsfut4ggg",
            "custom_tags": {
              "ResourceClass": "SingleNode"
            },
            "data_security_mode": "NO_ISOLATION",
            "default_tags": {
              "ClusterId": "0828-065354-6etrteog",
              "ClusterName": "databricks-cluster-bigdatawhsfut4ggg",
              "Creator": "stanislav.zhurich@gmail.com",
              "Environment": "Big Data Reference Lab",
              "Vendor": "Databricks"
            },
            "docker_image": [],
            "driver_instance_pool_id": null,
            "driver_node_type_id": "Standard_F4",
            "enable_elastic_disk": true,
            "enable_local_disk_encryption": false,
            "gcp_attributes": [],
            "id": "0828-065354-6etrteog",
            "idempotency_token": null,
            "init_scripts": [],
            "instance_pool_id": null,
            "is_pinned": false,
            "library": [],
            "node_type_id": "Standard_F4",
            "num_workers": 0,
            "policy_id": null,
            "single_user_name": null,
            "spark_conf": {
              "spark.databricks.cluster.profile": "singleNode",
              "spark.master": "local[*]"
            },
            "spark_env_vars": null,
            "spark_version": "13.3.x-scala2.12",
            "ssh_public_keys": null,
            "state": "RUNNING",
            "timeouts": null,
            "url": "https://adb-2352946090432169.9.azuredatabricks.net/#setting/clusters/0828-065354-6etrteog/configuration",
            "workload_type": []
          },
          "sensitive_attributes": [],
          "private": "eyJlMmJmYjczMC1lY2FhLTExZTYtOGY4OC0zNDM2M2JjN2M0YzAiOnsiY3JlYXRlIjoxODAwMDAwMDAwMDAwLCJkZWxldGUiOjE4MDAwMDAwMDAwMDAsInVwZGF0ZSI6MTgwMDAwMDAwMDAwMH0sInNjaGVtYV92ZXJzaW9uIjoiMiJ9",
          "dependencies": [
            "azurerm_databricks_workspace.databricks_workspace",
            "azurerm_resource_group.resource_group",
            "data.databricks_spark_version.latest",
            "random_string.random_prefix"
          ]
        }
      ]
    },
    {
      "mode": "managed",
      "type": "databricks_library",
      "name": "eventhub_library",
      "provider": "provider[\"registry.terraform.io/databricks/databricks\"]",
      "instances": [
        {
          "schema_version": 0,
          "attributes": {
            "cluster_id": "0828-065354-6etrteog",
            "cran": [],
            "egg": null,
            "id": "0828-065354-6etrteog/mvn:com.microsoft.azure:azure-eventhubs-spark_2.12:2.3.22",
            "jar": null,
            "maven": [
              {
                "coordinates": "com.microsoft.azure:azure-eventhubs-spark_2.12:2.3.22",
                "exclusions": null,
                "repo": ""
              }
            ],
            "pypi": [],
            "whl": null
          },
          "sensitive_attributes": [],
          "private": "bnVsbA==",
          "dependencies": [
            "azurerm_databricks_workspace.databricks_workspace",
            "azurerm_resource_group.resource_group",
            "data.databricks_spark_version.latest",
            "databricks_cluster.databricks_cluster",
            "random_string.random_prefix"
          ]
        }
      ]
    },
    {
      "mode": "managed",
      "type": "databricks_mount",
      "name": "databricks_mount",
      "provider": "provider[\"registry.terraform.io/databricks/databricks\"]",
      "instances": [
        {
          "schema_version": 2,
          "attributes": {
            "abfs": [],
            "adl": [],
            "cluster_id": "0828-065354-6etrteog",
            "encryption_type": null,
            "extra_configs": {
              "fs.azure.account.auth.type": "OAuth",
              "fs.azure.account.oauth.provider.type": "org.apache.hadoop.fs.azurebfs.oauth2.ClientCredsTokenProvider",
              "fs.azure.account.oauth2.client.endpoint": "https://login.microsoftonline.com/728ec391-9e63-400e-883f-f7fd4a75ac01/oauth2/token",
              "fs.azure.account.oauth2.client.id": "ba89665b-0026-47e2-9c97-0b1dddfa794a",
              "fs.azure.account.oauth2.client.secret": "{{secrets/keyvault-managed/client-secret}}",
              "fs.azure.createRemoteFileSystemDuringInitialization": "false"
            },
            "gs": [],
            "id": "datalake_mount",
            "name": "datalake_mount",
            "resource_id": null,
            "s3": [],
            "source": "abfss://datalake@datalakebigdatawhsfut4gg.dfs.core.windows.net",
            "timeouts": null,
            "uri": "abfss://datalake@datalakebigdatawhsfut4gg.dfs.core.windows.net",
            "wasb": []
          },
          "sensitive_attributes": [],
          "private": "eyJlMmJmYjczMC1lY2FhLTExZTYtOGY4OC0zNDM2M2JjN2M0YzAiOnsiY3JlYXRlIjoxMjAwMDAwMDAwMDAwLCJkZWZhdWx0IjoxMjAwMDAwMDAwMDAwLCJkZWxldGUiOjEyMDAwMDAwMDAwMDAsInJlYWQiOjEyMDAwMDAwMDAwMDAsInVwZGF0ZSI6MTIwMDAwMDAwMDAwMH0sInNjaGVtYV92ZXJzaW9uIjoiMiJ9",
          "dependencies": [
            "azuread_application.databricks_service_application",
            "azuread_service_principal.aad_service_sp",
            "azurerm_databricks_workspace.databricks_workspace",
            "azurerm_key_vault.key_vault",
            "azurerm_resource_group.resource_group",
            "azurerm_role_assignment.user_datalake_role_assignement",
            "azurerm_storage_account.datalake_storage_account",
            "azurerm_storage_data_lake_gen2_filesystem.adls",
            "data.azuread_client_config.current",
            "data.databricks_spark_version.latest",
            "databricks_cluster.databricks_cluster",
            "random_string.random_prefix",
            "time_sleep.role_assignment_sleep"
          ]
        }
      ]
    },
    {
      "mode": "managed",
      "type": "databricks_notebook",
      "name": "notebooks",
      "provider": "provider[\"registry.terraform.io/databricks/databricks\"]",
      "instances": [
        {
          "index_key": "/pipeline/copyFromBronzeToSilver.py",
          "schema_version": 1,
          "attributes": {
            "content_base64": null,
            "format": "SOURCE",
            "id": "/Users/stanislav.zhurich@gmail.com/pipeline/copyFromBronzeToSilver.py",
            "language": "PYTHON",
            "md5": "98f892678e010f2eb0dfe98b4d02d14b",
            "object_id": 4442764459910604,
            "object_type": "NOTEBOOK",
            "path": "/Users/stanislav.zhurich@gmail.com/pipeline/copyFromBronzeToSilver.py",
            "source": "../../databricks/src/pipeline/copyFromBronzeToSilver.py",
            "url": "https://adb-2352946090432169.9.azuredatabricks.net/#workspace/Users/stanislav.zhurich@gmail.com/pipeline/copyFromBronzeToSilver.py"
          },
          "sensitive_attributes": [],
          "private": "eyJzY2hlbWFfdmVyc2lvbiI6IjEifQ==",
          "dependencies": [
            "azurerm_databricks_workspace.databricks_workspace",
            "azurerm_resource_group.resource_group",
            "data.databricks_current_user.current",
            "data.databricks_spark_version.latest",
            "databricks_cluster.databricks_cluster",
            "random_string.random_prefix"
          ]
        },
        {
          "index_key": "/pipeline/copyFromSilverToGold.py",
          "schema_version": 1,
          "attributes": {
            "content_base64": null,
            "format": "SOURCE",
            "id": "/Users/stanislav.zhurich@gmail.com/pipeline/copyFromSilverToGold.py",
            "language": "PYTHON",
            "md5": "661e40053643c8a4586a0dedf0016617",
            "object_id": 4442764459910600,
            "object_type": "NOTEBOOK",
            "path": "/Users/stanislav.zhurich@gmail.com/pipeline/copyFromSilverToGold.py",
            "source": "../../databricks/src/pipeline/copyFromSilverToGold.py",
            "url": "https://adb-2352946090432169.9.azuredatabricks.net/#workspace/Users/stanislav.zhurich@gmail.com/pipeline/copyFromSilverToGold.py"
          },
          "sensitive_attributes": [],
          "private": "eyJzY2hlbWFfdmVyc2lvbiI6IjEifQ==",
          "dependencies": [
            "azurerm_databricks_workspace.databricks_workspace",
            "azurerm_resource_group.resource_group",
            "data.databricks_current_user.current",
            "data.databricks_spark_version.latest",
            "databricks_cluster.databricks_cluster",
            "random_string.random_prefix"
          ]
        },
        {
          "index_key": "/pipeline/properties.py",
          "schema_version": 1,
          "attributes": {
            "content_base64": null,
            "format": "SOURCE",
            "id": "/Users/stanislav.zhurich@gmail.com/pipeline/properties.py",
            "language": "PYTHON",
            "md5": "f115c7b2a28074bce8766198603af7ad",
            "object_id": 4442764459910606,
            "object_type": "NOTEBOOK",
            "path": "/Users/stanislav.zhurich@gmail.com/pipeline/properties.py",
            "source": "../../databricks/src/pipeline/properties.py",
            "url": "https://adb-2352946090432169.9.azuredatabricks.net/#workspace/Users/stanislav.zhurich@gmail.com/pipeline/properties.py"
          },
          "sensitive_attributes": [],
          "private": "eyJzY2hlbWFfdmVyc2lvbiI6IjEifQ==",
          "dependencies": [
            "azurerm_databricks_workspace.databricks_workspace",
            "azurerm_resource_group.resource_group",
            "data.databricks_current_user.current",
            "data.databricks_spark_version.latest",
            "databricks_cluster.databricks_cluster",
            "random_string.random_prefix"
          ]
        },
        {
          "index_key": "/pipeline/readFromEventHub.py",
          "schema_version": 1,
          "attributes": {
            "content_base64": null,
            "format": "SOURCE",
            "id": "/Users/stanislav.zhurich@gmail.com/pipeline/readFromEventHub.py",
            "language": "PYTHON",
            "md5": "0548b4af8c08f2b96627f734270eec1e",
            "object_id": 4442764459910595,
            "object_type": "NOTEBOOK",
            "path": "/Users/stanislav.zhurich@gmail.com/pipeline/readFromEventHub.py",
            "source": "../../databricks/src/pipeline/readFromEventHub.py",
            "url": "https://adb-2352946090432169.9.azuredatabricks.net/#workspace/Users/stanislav.zhurich@gmail.com/pipeline/readFromEventHub.py"
          },
          "sensitive_attributes": [],
          "private": "eyJzY2hlbWFfdmVyc2lvbiI6IjEifQ==",
          "dependencies": [
            "azurerm_databricks_workspace.databricks_workspace",
            "azurerm_resource_group.resource_group",
            "data.databricks_current_user.current",
            "data.databricks_spark_version.latest",
            "databricks_cluster.databricks_cluster",
            "random_string.random_prefix"
          ]
        },
        {
          "index_key": "/pipeline/schema/observation.py",
          "schema_version": 1,
          "attributes": {
            "content_base64": null,
            "format": "SOURCE",
            "id": "/Users/stanislav.zhurich@gmail.com/pipeline/schema/observation.py",
            "language": "PYTHON",
            "md5": "bf174279efe58d614bc0d091620f0c13",
            "object_id": 4442764459910602,
            "object_type": "NOTEBOOK",
            "path": "/Users/stanislav.zhurich@gmail.com/pipeline/schema/observation.py",
            "source": "../../databricks/src/pipeline/schema/observation.py",
            "url": "https://adb-2352946090432169.9.azuredatabricks.net/#workspace/Users/stanislav.zhurich@gmail.com/pipeline/schema/observation.py"
          },
          "sensitive_attributes": [],
          "private": "eyJzY2hlbWFfdmVyc2lvbiI6IjEifQ==",
          "dependencies": [
            "azurerm_databricks_workspace.databricks_workspace",
            "azurerm_resource_group.resource_group",
            "data.databricks_current_user.current",
            "data.databricks_spark_version.latest",
            "databricks_cluster.databricks_cluster",
            "random_string.random_prefix"
          ]
        },
        {
          "index_key": "/pipeline/schema/patient.py",
          "schema_version": 1,
          "attributes": {
            "content_base64": null,
            "format": "SOURCE",
            "id": "/Users/stanislav.zhurich@gmail.com/pipeline/schema/patient.py",
            "language": "PYTHON",
            "md5": "09cea09498aa9014504974f84d11d4a7",
            "object_id": 4442764459910608,
            "object_type": "NOTEBOOK",
            "path": "/Users/stanislav.zhurich@gmail.com/pipeline/schema/patient.py",
            "source": "../../databricks/src/pipeline/schema/patient.py",
            "url": "https://adb-2352946090432169.9.azuredatabricks.net/#workspace/Users/stanislav.zhurich@gmail.com/pipeline/schema/patient.py"
          },
          "sensitive_attributes": [],
          "private": "eyJzY2hlbWFfdmVyc2lvbiI6IjEifQ==",
          "dependencies": [
            "azurerm_databricks_workspace.databricks_workspace",
            "azurerm_resource_group.resource_group",
            "data.databricks_current_user.current",
            "data.databricks_spark_version.latest",
            "databricks_cluster.databricks_cluster",
            "random_string.random_prefix"
          ]
        },
        {
          "index_key": "/pipeline/writeToOutboundEventHub.py",
          "schema_version": 1,
          "attributes": {
            "content_base64": null,
            "format": "SOURCE",
            "id": "/Users/stanislav.zhurich@gmail.com/pipeline/writeToOutboundEventHub.py",
            "language": "PYTHON",
            "md5": "69a599ddd9d504e3837124f7ca16ae41",
            "object_id": 4442764459910598,
            "object_type": "NOTEBOOK",
            "path": "/Users/stanislav.zhurich@gmail.com/pipeline/writeToOutboundEventHub.py",
            "source": "../../databricks/src/pipeline/writeToOutboundEventHub.py",
            "url": "https://adb-2352946090432169.9.azuredatabricks.net/#workspace/Users/stanislav.zhurich@gmail.com/pipeline/writeToOutboundEventHub.py"
          },
          "sensitive_attributes": [],
          "private": "eyJzY2hlbWFfdmVyc2lvbiI6IjEifQ==",
          "dependencies": [
            "azurerm_databricks_workspace.databricks_workspace",
            "azurerm_resource_group.resource_group",
            "data.databricks_current_user.current",
            "data.databricks_spark_version.latest",
            "databricks_cluster.databricks_cluster",
            "random_string.random_prefix"
          ]
        }
      ]
    },
    {
      "mode": "managed",
      "type": "databricks_secret_scope",
      "name": "kv",
      "provider": "provider[\"registry.terraform.io/databricks/databricks\"]",
      "instances": [
        {
          "schema_version": 2,
          "attributes": {
            "backend_type": "AZURE_KEYVAULT",
            "id": "keyvault-managed",
            "initial_manage_principal": "users",
            "keyvault_metadata": [
              {
                "dns_name": "https://bigdatawhsfut4ggg-kv.vault.azure.net/",
                "resource_id": "/subscriptions/8b41bb3a-73a0-4041-90c2-d82d4d3cbc5f/resourceGroups/bigdatawhsfut4ggg_rg/providers/Microsoft.KeyVault/vaults/bigdatawhsfut4ggg-kv"
              }
            ],
            "name": "keyvault-managed"
          },
          "sensitive_attributes": [],
          "private": "eyJzY2hlbWFfdmVyc2lvbiI6IjIifQ==",
          "dependencies": [
            "azurerm_databricks_workspace.databricks_workspace",
            "azurerm_key_vault.key_vault",
            "azurerm_resource_group.resource_group",
            "data.azuread_client_config.current",
            "data.databricks_spark_version.latest",
            "databricks_cluster.databricks_cluster",
            "random_string.random_prefix"
          ]
        }
      ]
    },
    {
      "mode": "managed",
      "type": "random_string",
      "name": "random_prefix",
      "provider": "provider[\"registry.terraform.io/hashicorp/random\"]",
      "instances": [
        {
          "schema_version": 2,
          "attributes": {
            "id": "whsfut4ggg",
            "keepers": null,
            "length": 10,
            "lower": true,
            "min_lower": 0,
            "min_numeric": 0,
            "min_special": 0,
            "min_upper": 0,
            "number": true,
            "numeric": true,
            "override_special": null,
            "result": "whsfut4ggg",
            "special": false,
            "upper": false
          },
          "sensitive_attributes": []
        }
      ]
    },
    {
      "mode": "managed",
      "type": "time_sleep",
      "name": "databricks_role_assignment_sleep",
      "provider": "provider[\"registry.terraform.io/hashicorp/time\"]",
      "instances": [
        {
          "schema_version": 0,
          "attributes": {
            "create_duration": "60s",
            "destroy_duration": null,
            "id": "2023-08-28T06:55:10Z",
            "triggers": {
              "role_assignment": "/subscriptions/8b41bb3a-73a0-4041-90c2-d82d4d3cbc5f/resourceGroups/bigdatawhsfut4ggg_rg/providers/Microsoft.Databricks/workspaces/databricks-workspace-bigdatawhsfut4ggg/providers/Microsoft.Authorization/roleAssignments/4709e68f-af2c-a3fe-b56b-fda7399a730f"
            }
          },
          "sensitive_attributes": [],
          "dependencies": [
            "azurerm_databricks_workspace.databricks_workspace",
            "azurerm_resource_group.resource_group",
            "azurerm_role_assignment.deployer_databricks_role_assignement",
            "data.azuread_client_config.current",
            "random_string.random_prefix"
          ]
        }
      ]
    },
    {
      "mode": "managed",
      "type": "time_sleep",
      "name": "role_assignment_sleep",
      "provider": "provider[\"registry.terraform.io/hashicorp/time\"]",
      "instances": [
        {
          "schema_version": 0,
          "attributes": {
            "create_duration": "60s",
            "destroy_duration": null,
            "id": "2023-08-28T06:52:53Z",
            "triggers": {
              "role_assignment": "/subscriptions/8b41bb3a-73a0-4041-90c2-d82d4d3cbc5f/resourceGroups/bigdatawhsfut4ggg_rg/providers/Microsoft.Storage/storageAccounts/datalakebigdatawhsfut4gg/providers/Microsoft.Authorization/roleAssignments/011bc141-03f7-c56a-db88-ea185a99585c"
            }
          },
          "sensitive_attributes": [],
          "dependencies": [
            "azurerm_resource_group.resource_group",
            "azurerm_role_assignment.user_datalake_role_assignement",
            "azurerm_storage_account.datalake_storage_account",
            "data.azuread_client_config.current",
            "random_string.random_prefix"
          ]
        }
      ]
    }
  ],
  "check_results": null
}
