{
  "version": 4,
  "terraform_version": "1.4.5",
  "serial": 598,
  "lineage": "a7837daf-6cdc-c9ea-fcc8-c25e245ffa8f",
  "outputs": {},
  "resources": [
    {
      "mode": "data",
      "type": "azuread_client_config",
      "name": "current",
      "provider": "provider[\"registry.terraform.io/hashicorp/azuread\"]",
      "instances": [
        {
          "schema_version": 0,
          "attributes": {
            "client_id": "04b07795-8ddb-461a-bbee-02f9e1bf7b46",
            "id": "728ec391-9e63-400e-883f-f7fd4a75ac01-04b07795-8ddb-461a-bbee-02f9e1bf7b46-881efb1c-9e27-4b58-823a-230f51d9a8f4",
            "object_id": "881efb1c-9e27-4b58-823a-230f51d9a8f4",
            "tenant_id": "728ec391-9e63-400e-883f-f7fd4a75ac01",
            "timeouts": null
          },
          "sensitive_attributes": []
        }
      ]
    },
    {
      "mode": "managed",
      "type": "azuread_application",
      "name": "databricks_service_application",
      "provider": "provider[\"registry.terraform.io/hashicorp/azuread\"]",
      "instances": [
        {
          "schema_version": 1,
          "attributes": {
            "api": [
              {
                "known_client_applications": [],
                "mapped_claims_enabled": false,
                "oauth2_permission_scope": [],
                "requested_access_token_version": 1
              }
            ],
            "app_role": [],
            "app_role_ids": {},
            "application_id": "5c02e905-ebc7-45c2-b59a-172a39f4e083",
            "description": "",
            "device_only_auth_enabled": false,
            "disabled_by_microsoft": "\u003cnil\u003e",
            "display_name": "databricks_service_application",
            "fallback_public_client_enabled": false,
            "feature_tags": [
              {
                "custom_single_sign_on": false,
                "enterprise": false,
                "gallery": false,
                "hide": false
              }
            ],
            "group_membership_claims": [],
            "id": "91bd0686-fc00-4862-a18b-c25148af19aa",
            "identifier_uris": [
              "api://databricks_service_application"
            ],
            "logo_image": "",
            "logo_url": "",
            "marketing_url": "",
            "notes": "",
            "oauth2_permission_scope_ids": {},
            "oauth2_post_response_required": false,
            "object_id": "91bd0686-fc00-4862-a18b-c25148af19aa",
            "optional_claims": [
              {
                "access_token": [],
                "id_token": [],
                "saml2_token": []
              }
            ],
            "owners": [
              "881efb1c-9e27-4b58-823a-230f51d9a8f4"
            ],
            "prevent_duplicate_names": false,
            "privacy_statement_url": "",
            "public_client": [
              {
                "redirect_uris": []
              }
            ],
            "publisher_domain": "stanislavzhurichgmail.onmicrosoft.com",
            "required_resource_access": [],
            "service_management_reference": "",
            "sign_in_audience": "AzureADMyOrg",
            "single_page_application": [
              {
                "redirect_uris": []
              }
            ],
            "support_url": "",
            "tags": [],
            "template_id": "",
            "terms_of_service_url": "",
            "timeouts": null,
            "web": [
              {
                "homepage_url": "",
                "implicit_grant": [
                  {
                    "access_token_issuance_enabled": false,
                    "id_token_issuance_enabled": false
                  }
                ],
                "logout_url": "",
                "redirect_uris": []
              }
            ]
          },
          "sensitive_attributes": [],
          "private": "eyJlMmJmYjczMC1lY2FhLTExZTYtOGY4OC0zNDM2M2JjN2M0YzAiOnsiY3JlYXRlIjo2MDAwMDAwMDAwMDAsImRlbGV0ZSI6MzAwMDAwMDAwMDAwLCJyZWFkIjozMDAwMDAwMDAwMDAsInVwZGF0ZSI6NjAwMDAwMDAwMDAwfSwic2NoZW1hX3ZlcnNpb24iOiIxIn0=",
          "dependencies": [
            "data.azuread_client_config.current"
          ]
        }
      ]
    },
    {
      "mode": "managed",
      "type": "azuread_service_principal",
      "name": "aad_service_sp",
      "provider": "provider[\"registry.terraform.io/hashicorp/azuread\"]",
      "instances": [
        {
          "schema_version": 0,
          "attributes": {
            "account_enabled": true,
            "alternative_names": [],
            "app_role_assignment_required": false,
            "app_role_ids": {},
            "app_roles": [],
            "application_id": "5c02e905-ebc7-45c2-b59a-172a39f4e083",
            "application_tenant_id": "728ec391-9e63-400e-883f-f7fd4a75ac01",
            "description": "",
            "display_name": "databricks_service_application",
            "feature_tags": [
              {
                "custom_single_sign_on": false,
                "enterprise": false,
                "gallery": false,
                "hide": false
              }
            ],
            "features": [
              {
                "custom_single_sign_on_app": false,
                "enterprise_application": false,
                "gallery_application": false,
                "visible_to_users": true
              }
            ],
            "homepage_url": "",
            "id": "ccacbf13-afda-4404-958a-ce27d6f807d5",
            "login_url": "",
            "logout_url": "",
            "notes": "",
            "notification_email_addresses": [],
            "oauth2_permission_scope_ids": {},
            "oauth2_permission_scopes": [],
            "object_id": "ccacbf13-afda-4404-958a-ce27d6f807d5",
            "owners": [
              "881efb1c-9e27-4b58-823a-230f51d9a8f4"
            ],
            "preferred_single_sign_on_mode": "",
            "redirect_uris": [],
            "saml_metadata_url": "",
            "saml_single_sign_on": [
              {
                "relay_state": ""
              }
            ],
            "service_principal_names": [
              "api://databricks_service_application"
            ],
            "sign_in_audience": "AzureADMyOrg",
            "tags": [],
            "timeouts": null,
            "type": "Application",
            "use_existing": null
          },
          "sensitive_attributes": [],
          "private": "eyJlMmJmYjczMC1lY2FhLTExZTYtOGY4OC0zNDM2M2JjN2M0YzAiOnsiY3JlYXRlIjo2MDAwMDAwMDAwMDAsImRlbGV0ZSI6MzAwMDAwMDAwMDAwLCJyZWFkIjozMDAwMDAwMDAwMDAsInVwZGF0ZSI6NjAwMDAwMDAwMDAwfX0=",
          "dependencies": [
            "azuread_application.databricks_service_application",
            "data.azuread_client_config.current"
          ]
        }
      ]
    },
    {
      "mode": "managed",
      "type": "azuread_service_principal_password",
      "name": "service_sp_pswd",
      "provider": "provider[\"registry.terraform.io/hashicorp/azuread\"]",
      "instances": [
        {
          "schema_version": 1,
          "attributes": {
            "display_name": null,
            "end_date": "2025-08-02T10:20:50Z",
            "end_date_relative": null,
            "id": "ccacbf13-afda-4404-958a-ce27d6f807d5/password/0a5bb590-b1da-43dc-b52d-f004f082fc87",
            "key_id": "0a5bb590-b1da-43dc-b52d-f004f082fc87",
            "rotate_when_changed": null,
            "service_principal_id": "ccacbf13-afda-4404-958a-ce27d6f807d5",
            "start_date": "2023-08-02T10:20:50Z",
            "timeouts": null,
            "value": "LLu8Q~Ud~IzJ03l0qndakPeXIyH4tmgg2L8Trc0~"
          },
          "sensitive_attributes": [],
          "private": "eyJlMmJmYjczMC1lY2FhLTExZTYtOGY4OC0zNDM2M2JjN2M0YzAiOnsiY3JlYXRlIjozMDAwMDAwMDAwMDAsImRlbGV0ZSI6MzAwMDAwMDAwMDAwLCJyZWFkIjozMDAwMDAwMDAwMDAsInVwZGF0ZSI6MzAwMDAwMDAwMDAwfSwic2NoZW1hX3ZlcnNpb24iOiIxIn0=",
          "dependencies": [
            "azuread_application.databricks_service_application",
            "azuread_service_principal.aad_service_sp",
            "data.azuread_client_config.current"
          ]
        }
      ]
    },
    {
      "mode": "managed",
      "type": "azurerm_data_factory_linked_service_azure_blob_storage",
      "name": "patient_blob_data_source_linked_service",
      "provider": "provider[\"registry.terraform.io/hashicorp/azurerm\"]",
      "instances": []
    },
    {
      "mode": "managed",
      "type": "azurerm_data_factory_linked_service_azure_databricks",
      "name": "databricks_cluster_linked_servie",
      "provider": "provider[\"registry.terraform.io/hashicorp/azurerm\"]",
      "instances": []
    },
    {
      "mode": "managed",
      "type": "azurerm_data_factory_linked_service_data_lake_storage_gen2",
      "name": "datalake_linked_service",
      "provider": "provider[\"registry.terraform.io/hashicorp/azurerm\"]",
      "instances": []
    },
    {
      "mode": "managed",
      "type": "azurerm_data_factory_linked_service_key_vault",
      "name": "key_vault_linked_service",
      "provider": "provider[\"registry.terraform.io/hashicorp/azurerm\"]",
      "instances": []
    },
    {
      "mode": "managed",
      "type": "azurerm_databricks_workspace",
      "name": "databricks_workspace",
      "provider": "provider[\"registry.terraform.io/hashicorp/azurerm\"]",
      "instances": [
        {
          "schema_version": 0,
          "attributes": {
            "custom_parameters": [
              {
                "machine_learning_workspace_id": "",
                "nat_gateway_name": "nat-gateway",
                "no_public_ip": false,
                "private_subnet_name": "",
                "private_subnet_network_security_group_association_id": "",
                "public_ip_name": "nat-gw-public-ip",
                "public_subnet_name": "",
                "public_subnet_network_security_group_association_id": "",
                "storage_account_name": "dbstorage55j7eq5cwmtmi",
                "storage_account_sku_name": "Standard_GRS",
                "virtual_network_id": "",
                "vnet_address_prefix": "10.139"
              }
            ],
            "customer_managed_key_enabled": false,
            "id": "/subscriptions/8b41bb3a-73a0-4041-90c2-d82d4d3cbc5f/resourceGroups/bigdataocyy02m3ug_rg/providers/Microsoft.Databricks/workspaces/databricks-workspace-bigdataocyy02m3ug",
            "infrastructure_encryption_enabled": false,
            "load_balancer_backend_address_pool_id": "",
            "location": "westeurope",
            "managed_resource_group_id": "/subscriptions/8b41bb3a-73a0-4041-90c2-d82d4d3cbc5f/resourceGroups/databricks-rg-bigdataocyy02m3ug_rg",
            "managed_resource_group_name": "databricks-rg-bigdataocyy02m3ug_rg",
            "managed_services_cmk_key_vault_key_id": null,
            "name": "databricks-workspace-bigdataocyy02m3ug",
            "network_security_group_rules_required": null,
            "public_network_access_enabled": true,
            "resource_group_name": "bigdataocyy02m3ug_rg",
            "sku": "standard",
            "storage_account_identity": [],
            "tags": {
              "Environment": "Production"
            },
            "timeouts": null,
            "workspace_id": "6359789674302886",
            "workspace_url": "adb-6359789674302886.6.azuredatabricks.net"
          },
          "sensitive_attributes": [],
          "private": "eyJlMmJmYjczMC1lY2FhLTExZTYtOGY4OC0zNDM2M2JjN2M0YzAiOnsiY3JlYXRlIjoxODAwMDAwMDAwMDAwLCJkZWxldGUiOjE4MDAwMDAwMDAwMDAsInJlYWQiOjMwMDAwMDAwMDAwMCwidXBkYXRlIjoxODAwMDAwMDAwMDAwfX0=",
          "dependencies": [
            "azurerm_resource_group.resource_group",
            "random_string.random_prefix"
          ]
        }
      ]
    },
    {
      "mode": "managed",
      "type": "azurerm_key_vault",
      "name": "key_vault",
      "provider": "provider[\"registry.terraform.io/hashicorp/azurerm\"]",
      "instances": [
        {
          "schema_version": 2,
          "attributes": {
            "access_policy": [
              {
                "application_id": "",
                "certificate_permissions": [],
                "key_permissions": [],
                "object_id": "ccacbf13-afda-4404-958a-ce27d6f807d5",
                "secret_permissions": [
                  "Get",
                  "List",
                  "Set",
                  "Delete",
                  "Recover",
                  "Purge"
                ],
                "storage_permissions": [],
                "tenant_id": "728ec391-9e63-400e-883f-f7fd4a75ac01"
              },
              {
                "application_id": "",
                "certificate_permissions": [],
                "key_permissions": [],
                "object_id": "881efb1c-9e27-4b58-823a-230f51d9a8f4",
                "secret_permissions": [
                  "Get",
                  "List",
                  "Set",
                  "Delete",
                  "Recover",
                  "Purge"
                ],
                "storage_permissions": [],
                "tenant_id": "728ec391-9e63-400e-883f-f7fd4a75ac01"
              }
            ],
            "contact": [],
            "enable_rbac_authorization": false,
            "enabled_for_deployment": false,
            "enabled_for_disk_encryption": false,
            "enabled_for_template_deployment": false,
            "id": "/subscriptions/8b41bb3a-73a0-4041-90c2-d82d4d3cbc5f/resourceGroups/bigdataocyy02m3ug_rg/providers/Microsoft.KeyVault/vaults/bigdataocyy02m3ug-kv",
            "location": "westeurope",
            "name": "bigdataocyy02m3ug-kv",
            "network_acls": [
              {
                "bypass": "AzureServices",
                "default_action": "Allow",
                "ip_rules": [],
                "virtual_network_subnet_ids": []
              }
            ],
            "public_network_access_enabled": true,
            "purge_protection_enabled": false,
            "resource_group_name": "bigdataocyy02m3ug_rg",
            "sku_name": "standard",
            "soft_delete_retention_days": 90,
            "tags": {},
            "tenant_id": "728ec391-9e63-400e-883f-f7fd4a75ac01",
            "timeouts": null,
            "vault_uri": "https://bigdataocyy02m3ug-kv.vault.azure.net/"
          },
          "sensitive_attributes": [],
          "private": "eyJlMmJmYjczMC1lY2FhLTExZTYtOGY4OC0zNDM2M2JjN2M0YzAiOnsiY3JlYXRlIjoxODAwMDAwMDAwMDAwLCJkZWxldGUiOjE4MDAwMDAwMDAwMDAsInJlYWQiOjMwMDAwMDAwMDAwMCwidXBkYXRlIjoxODAwMDAwMDAwMDAwfSwic2NoZW1hX3ZlcnNpb24iOiIyIn0=",
          "dependencies": [
            "azurerm_resource_group.resource_group",
            "data.azuread_client_config.current",
            "random_string.random_prefix"
          ]
        }
      ]
    },
    {
      "mode": "managed",
      "type": "azurerm_key_vault_access_policy",
      "name": "adb_keyvault_policy",
      "provider": "provider[\"registry.terraform.io/hashicorp/azurerm\"]",
      "instances": [
        {
          "schema_version": 0,
          "attributes": {
            "application_id": "",
            "certificate_permissions": [],
            "id": "/subscriptions/8b41bb3a-73a0-4041-90c2-d82d4d3cbc5f/resourceGroups/bigdataocyy02m3ug_rg/providers/Microsoft.KeyVault/vaults/bigdataocyy02m3ug-kv/objectId/ccacbf13-afda-4404-958a-ce27d6f807d5",
            "key_permissions": [],
            "key_vault_id": "/subscriptions/8b41bb3a-73a0-4041-90c2-d82d4d3cbc5f/resourceGroups/bigdataocyy02m3ug_rg/providers/Microsoft.KeyVault/vaults/bigdataocyy02m3ug-kv",
            "object_id": "ccacbf13-afda-4404-958a-ce27d6f807d5",
            "secret_permissions": [
              "Get",
              "List",
              "Set",
              "Delete",
              "Recover",
              "Purge"
            ],
            "storage_permissions": [],
            "tenant_id": "728ec391-9e63-400e-883f-f7fd4a75ac01",
            "timeouts": null
          },
          "sensitive_attributes": [],
          "private": "eyJlMmJmYjczMC1lY2FhLTExZTYtOGY4OC0zNDM2M2JjN2M0YzAiOnsiY3JlYXRlIjoxODAwMDAwMDAwMDAwLCJkZWxldGUiOjE4MDAwMDAwMDAwMDAsInJlYWQiOjMwMDAwMDAwMDAwMCwidXBkYXRlIjoxODAwMDAwMDAwMDAwfX0=",
          "dependencies": [
            "azuread_application.databricks_service_application",
            "azuread_service_principal.aad_service_sp",
            "azurerm_key_vault.key_vault",
            "azurerm_resource_group.resource_group",
            "data.azuread_client_config.current",
            "random_string.random_prefix"
          ]
        }
      ]
    },
    {
      "mode": "managed",
      "type": "azurerm_key_vault_access_policy",
      "name": "deployer_keyvault_policy",
      "provider": "provider[\"registry.terraform.io/hashicorp/azurerm\"]",
      "instances": [
        {
          "schema_version": 0,
          "attributes": {
            "application_id": "",
            "certificate_permissions": [],
            "id": "/subscriptions/8b41bb3a-73a0-4041-90c2-d82d4d3cbc5f/resourceGroups/bigdataocyy02m3ug_rg/providers/Microsoft.KeyVault/vaults/bigdataocyy02m3ug-kv/objectId/881efb1c-9e27-4b58-823a-230f51d9a8f4",
            "key_permissions": [],
            "key_vault_id": "/subscriptions/8b41bb3a-73a0-4041-90c2-d82d4d3cbc5f/resourceGroups/bigdataocyy02m3ug_rg/providers/Microsoft.KeyVault/vaults/bigdataocyy02m3ug-kv",
            "object_id": "881efb1c-9e27-4b58-823a-230f51d9a8f4",
            "secret_permissions": [
              "Get",
              "List",
              "Set",
              "Delete",
              "Recover",
              "Purge"
            ],
            "storage_permissions": [],
            "tenant_id": "728ec391-9e63-400e-883f-f7fd4a75ac01",
            "timeouts": null
          },
          "sensitive_attributes": [],
          "private": "eyJlMmJmYjczMC1lY2FhLTExZTYtOGY4OC0zNDM2M2JjN2M0YzAiOnsiY3JlYXRlIjoxODAwMDAwMDAwMDAwLCJkZWxldGUiOjE4MDAwMDAwMDAwMDAsInJlYWQiOjMwMDAwMDAwMDAwMCwidXBkYXRlIjoxODAwMDAwMDAwMDAwfX0=",
          "dependencies": [
            "azurerm_key_vault.key_vault",
            "azurerm_resource_group.resource_group",
            "data.azuread_client_config.current",
            "random_string.random_prefix"
          ]
        }
      ]
    },
    {
      "mode": "managed",
      "type": "azurerm_key_vault_access_policy",
      "name": "df_keyvault_policy",
      "provider": "provider[\"registry.terraform.io/hashicorp/azurerm\"]",
      "instances": []
    },
    {
      "mode": "managed",
      "type": "azurerm_key_vault_secret",
      "name": "adb_client_id",
      "provider": "provider[\"registry.terraform.io/hashicorp/azurerm\"]",
      "instances": [
        {
          "schema_version": 0,
          "attributes": {
            "content_type": "",
            "expiration_date": null,
            "id": "https://bigdataocyy02m3ug-kv.vault.azure.net/secrets/client-id/15b8288b59e34d60927ed564d6ed0261",
            "key_vault_id": "/subscriptions/8b41bb3a-73a0-4041-90c2-d82d4d3cbc5f/resourceGroups/bigdataocyy02m3ug_rg/providers/Microsoft.KeyVault/vaults/bigdataocyy02m3ug-kv",
            "name": "client-id",
            "not_before_date": null,
            "resource_id": "/subscriptions/8b41bb3a-73a0-4041-90c2-d82d4d3cbc5f/resourceGroups/bigdataocyy02m3ug_rg/providers/Microsoft.KeyVault/vaults/bigdataocyy02m3ug-kv/secrets/client-id/versions/15b8288b59e34d60927ed564d6ed0261",
            "resource_versionless_id": "/subscriptions/8b41bb3a-73a0-4041-90c2-d82d4d3cbc5f/resourceGroups/bigdataocyy02m3ug_rg/providers/Microsoft.KeyVault/vaults/bigdataocyy02m3ug-kv/secrets/client-id",
            "tags": {},
            "timeouts": null,
            "value": "5c02e905-ebc7-45c2-b59a-172a39f4e083",
            "version": "15b8288b59e34d60927ed564d6ed0261",
            "versionless_id": "https://bigdataocyy02m3ug-kv.vault.azure.net/secrets/client-id"
          },
          "sensitive_attributes": [],
          "private": "eyJlMmJmYjczMC1lY2FhLTExZTYtOGY4OC0zNDM2M2JjN2M0YzAiOnsiY3JlYXRlIjoxODAwMDAwMDAwMDAwLCJkZWxldGUiOjE4MDAwMDAwMDAwMDAsInJlYWQiOjE4MDAwMDAwMDAwMDAsInVwZGF0ZSI6MTgwMDAwMDAwMDAwMH19",
          "dependencies": [
            "azuread_application.databricks_service_application",
            "azuread_service_principal.aad_service_sp",
            "azurerm_key_vault.key_vault",
            "azurerm_key_vault_access_policy.deployer_keyvault_policy",
            "azurerm_resource_group.resource_group",
            "data.azuread_client_config.current",
            "random_string.random_prefix"
          ]
        }
      ]
    },
    {
      "mode": "managed",
      "type": "azurerm_key_vault_secret",
      "name": "adb_client_secret",
      "provider": "provider[\"registry.terraform.io/hashicorp/azurerm\"]",
      "instances": [
        {
          "schema_version": 0,
          "attributes": {
            "content_type": "",
            "expiration_date": null,
            "id": "https://bigdataocyy02m3ug-kv.vault.azure.net/secrets/client-secret/de129e315e6d4e81a6af628e12d97a2e",
            "key_vault_id": "/subscriptions/8b41bb3a-73a0-4041-90c2-d82d4d3cbc5f/resourceGroups/bigdataocyy02m3ug_rg/providers/Microsoft.KeyVault/vaults/bigdataocyy02m3ug-kv",
            "name": "client-secret",
            "not_before_date": null,
            "resource_id": "/subscriptions/8b41bb3a-73a0-4041-90c2-d82d4d3cbc5f/resourceGroups/bigdataocyy02m3ug_rg/providers/Microsoft.KeyVault/vaults/bigdataocyy02m3ug-kv/secrets/client-secret/versions/de129e315e6d4e81a6af628e12d97a2e",
            "resource_versionless_id": "/subscriptions/8b41bb3a-73a0-4041-90c2-d82d4d3cbc5f/resourceGroups/bigdataocyy02m3ug_rg/providers/Microsoft.KeyVault/vaults/bigdataocyy02m3ug-kv/secrets/client-secret",
            "tags": {},
            "timeouts": null,
            "value": "LLu8Q~Ud~IzJ03l0qndakPeXIyH4tmgg2L8Trc0~",
            "version": "de129e315e6d4e81a6af628e12d97a2e",
            "versionless_id": "https://bigdataocyy02m3ug-kv.vault.azure.net/secrets/client-secret"
          },
          "sensitive_attributes": [
            [
              {
                "type": "get_attr",
                "value": "value"
              }
            ]
          ],
          "private": "eyJlMmJmYjczMC1lY2FhLTExZTYtOGY4OC0zNDM2M2JjN2M0YzAiOnsiY3JlYXRlIjoxODAwMDAwMDAwMDAwLCJkZWxldGUiOjE4MDAwMDAwMDAwMDAsInJlYWQiOjE4MDAwMDAwMDAwMDAsInVwZGF0ZSI6MTgwMDAwMDAwMDAwMH19",
          "dependencies": [
            "azuread_application.databricks_service_application",
            "azuread_service_principal.aad_service_sp",
            "azuread_service_principal_password.service_sp_pswd",
            "azurerm_key_vault.key_vault",
            "azurerm_key_vault_access_policy.deployer_keyvault_policy",
            "azurerm_resource_group.resource_group",
            "data.azuread_client_config.current",
            "random_string.random_prefix"
          ]
        }
      ]
    },
    {
      "mode": "managed",
      "type": "azurerm_key_vault_secret",
      "name": "adb_tenant_id",
      "provider": "provider[\"registry.terraform.io/hashicorp/azurerm\"]",
      "instances": [
        {
          "schema_version": 0,
          "attributes": {
            "content_type": "",
            "expiration_date": null,
            "id": "https://bigdataocyy02m3ug-kv.vault.azure.net/secrets/client-tenant-id/5f2098341dd84aa8a89ef608cd18458f",
            "key_vault_id": "/subscriptions/8b41bb3a-73a0-4041-90c2-d82d4d3cbc5f/resourceGroups/bigdataocyy02m3ug_rg/providers/Microsoft.KeyVault/vaults/bigdataocyy02m3ug-kv",
            "name": "client-tenant-id",
            "not_before_date": null,
            "resource_id": "/subscriptions/8b41bb3a-73a0-4041-90c2-d82d4d3cbc5f/resourceGroups/bigdataocyy02m3ug_rg/providers/Microsoft.KeyVault/vaults/bigdataocyy02m3ug-kv/secrets/client-tenant-id/versions/5f2098341dd84aa8a89ef608cd18458f",
            "resource_versionless_id": "/subscriptions/8b41bb3a-73a0-4041-90c2-d82d4d3cbc5f/resourceGroups/bigdataocyy02m3ug_rg/providers/Microsoft.KeyVault/vaults/bigdataocyy02m3ug-kv/secrets/client-tenant-id",
            "tags": {},
            "timeouts": null,
            "value": "728ec391-9e63-400e-883f-f7fd4a75ac01",
            "version": "5f2098341dd84aa8a89ef608cd18458f",
            "versionless_id": "https://bigdataocyy02m3ug-kv.vault.azure.net/secrets/client-tenant-id"
          },
          "sensitive_attributes": [],
          "private": "eyJlMmJmYjczMC1lY2FhLTExZTYtOGY4OC0zNDM2M2JjN2M0YzAiOnsiY3JlYXRlIjoxODAwMDAwMDAwMDAwLCJkZWxldGUiOjE4MDAwMDAwMDAwMDAsInJlYWQiOjE4MDAwMDAwMDAwMDAsInVwZGF0ZSI6MTgwMDAwMDAwMDAwMH19",
          "dependencies": [
            "azurerm_key_vault.key_vault",
            "azurerm_key_vault_access_policy.deployer_keyvault_policy",
            "azurerm_resource_group.resource_group",
            "data.azuread_client_config.current",
            "random_string.random_prefix"
          ]
        }
      ]
    },
    {
      "mode": "managed",
      "type": "azurerm_key_vault_secret",
      "name": "blob_connection_account_name",
      "provider": "provider[\"registry.terraform.io/hashicorp/azurerm\"]",
      "instances": [
        {
          "schema_version": 0,
          "attributes": {
            "content_type": "",
            "expiration_date": null,
            "id": "https://bigdataocyy02m3ug-kv.vault.azure.net/secrets/blob-storage-account-name/99f8670e620d44478405c3f55b65cdc7",
            "key_vault_id": "/subscriptions/8b41bb3a-73a0-4041-90c2-d82d4d3cbc5f/resourceGroups/bigdataocyy02m3ug_rg/providers/Microsoft.KeyVault/vaults/bigdataocyy02m3ug-kv",
            "name": "blob-storage-account-name",
            "not_before_date": null,
            "resource_id": "/subscriptions/8b41bb3a-73a0-4041-90c2-d82d4d3cbc5f/resourceGroups/bigdataocyy02m3ug_rg/providers/Microsoft.KeyVault/vaults/bigdataocyy02m3ug-kv/secrets/blob-storage-account-name/versions/99f8670e620d44478405c3f55b65cdc7",
            "resource_versionless_id": "/subscriptions/8b41bb3a-73a0-4041-90c2-d82d4d3cbc5f/resourceGroups/bigdataocyy02m3ug_rg/providers/Microsoft.KeyVault/vaults/bigdataocyy02m3ug-kv/secrets/blob-storage-account-name",
            "tags": {},
            "timeouts": null,
            "value": "sourcebigdataocyy02m3ug",
            "version": "99f8670e620d44478405c3f55b65cdc7",
            "versionless_id": "https://bigdataocyy02m3ug-kv.vault.azure.net/secrets/blob-storage-account-name"
          },
          "sensitive_attributes": [],
          "private": "eyJlMmJmYjczMC1lY2FhLTExZTYtOGY4OC0zNDM2M2JjN2M0YzAiOnsiY3JlYXRlIjoxODAwMDAwMDAwMDAwLCJkZWxldGUiOjE4MDAwMDAwMDAwMDAsInJlYWQiOjE4MDAwMDAwMDAwMDAsInVwZGF0ZSI6MTgwMDAwMDAwMDAwMH19",
          "dependencies": [
            "azurerm_key_vault.key_vault",
            "azurerm_key_vault_access_policy.deployer_keyvault_policy",
            "azurerm_resource_group.resource_group",
            "azurerm_storage_account.source_storage_account",
            "data.azuread_client_config.current",
            "random_string.random_prefix"
          ]
        }
      ]
    },
    {
      "mode": "managed",
      "type": "azurerm_key_vault_secret",
      "name": "blob_connection_string_secret",
      "provider": "provider[\"registry.terraform.io/hashicorp/azurerm\"]",
      "instances": [
        {
          "schema_version": 0,
          "attributes": {
            "content_type": "",
            "expiration_date": null,
            "id": "https://bigdataocyy02m3ug-kv.vault.azure.net/secrets/blob-storage-access-key/f852551f7af44ba182502bb9fe78895e",
            "key_vault_id": "/subscriptions/8b41bb3a-73a0-4041-90c2-d82d4d3cbc5f/resourceGroups/bigdataocyy02m3ug_rg/providers/Microsoft.KeyVault/vaults/bigdataocyy02m3ug-kv",
            "name": "blob-storage-access-key",
            "not_before_date": null,
            "resource_id": "/subscriptions/8b41bb3a-73a0-4041-90c2-d82d4d3cbc5f/resourceGroups/bigdataocyy02m3ug_rg/providers/Microsoft.KeyVault/vaults/bigdataocyy02m3ug-kv/secrets/blob-storage-access-key/versions/f852551f7af44ba182502bb9fe78895e",
            "resource_versionless_id": "/subscriptions/8b41bb3a-73a0-4041-90c2-d82d4d3cbc5f/resourceGroups/bigdataocyy02m3ug_rg/providers/Microsoft.KeyVault/vaults/bigdataocyy02m3ug-kv/secrets/blob-storage-access-key",
            "tags": {},
            "timeouts": null,
            "value": "DefaultEndpointsProtocol=https;AccountName=sourcebigdataocyy02m3ug;AccountKey=abX9frGUIfcte1vB86xurqwZ6YIGMWU2Bm6/kaXd6BtawfL2NgZfvW8kuSTpGtu+fNnoe34S/tAM+AStatB+iQ==;EndpointSuffix=core.windows.net",
            "version": "f852551f7af44ba182502bb9fe78895e",
            "versionless_id": "https://bigdataocyy02m3ug-kv.vault.azure.net/secrets/blob-storage-access-key"
          },
          "sensitive_attributes": [
            [
              {
                "type": "get_attr",
                "value": "value"
              }
            ]
          ],
          "private": "eyJlMmJmYjczMC1lY2FhLTExZTYtOGY4OC0zNDM2M2JjN2M0YzAiOnsiY3JlYXRlIjoxODAwMDAwMDAwMDAwLCJkZWxldGUiOjE4MDAwMDAwMDAwMDAsInJlYWQiOjE4MDAwMDAwMDAwMDAsInVwZGF0ZSI6MTgwMDAwMDAwMDAwMH19",
          "dependencies": [
            "azurerm_key_vault.key_vault",
            "azurerm_key_vault_access_policy.deployer_keyvault_policy",
            "azurerm_resource_group.resource_group",
            "azurerm_storage_account.source_storage_account",
            "data.azuread_client_config.current",
            "random_string.random_prefix"
          ]
        }
      ]
    },
    {
      "mode": "managed",
      "type": "azurerm_key_vault_secret",
      "name": "datalake-access-key-secret",
      "provider": "provider[\"registry.terraform.io/hashicorp/azurerm\"]",
      "instances": [
        {
          "schema_version": 0,
          "attributes": {
            "content_type": "",
            "expiration_date": null,
            "id": "https://bigdataocyy02m3ug-kv.vault.azure.net/secrets/datalake-access-key/d442cbd1bad2481e964df66810beaf37",
            "key_vault_id": "/subscriptions/8b41bb3a-73a0-4041-90c2-d82d4d3cbc5f/resourceGroups/bigdataocyy02m3ug_rg/providers/Microsoft.KeyVault/vaults/bigdataocyy02m3ug-kv",
            "name": "datalake-access-key",
            "not_before_date": null,
            "resource_id": "/subscriptions/8b41bb3a-73a0-4041-90c2-d82d4d3cbc5f/resourceGroups/bigdataocyy02m3ug_rg/providers/Microsoft.KeyVault/vaults/bigdataocyy02m3ug-kv/secrets/datalake-access-key/versions/d442cbd1bad2481e964df66810beaf37",
            "resource_versionless_id": "/subscriptions/8b41bb3a-73a0-4041-90c2-d82d4d3cbc5f/resourceGroups/bigdataocyy02m3ug_rg/providers/Microsoft.KeyVault/vaults/bigdataocyy02m3ug-kv/secrets/datalake-access-key",
            "tags": {},
            "timeouts": null,
            "value": "fWawXwunMaN6l4nSxxzxvoFq2O1N4ZVhgUSvMkLjw35yWOuX8QMc61/f3CcJ0a2yxYrUhJ0F3YNm+AStYaL9ew==",
            "version": "d442cbd1bad2481e964df66810beaf37",
            "versionless_id": "https://bigdataocyy02m3ug-kv.vault.azure.net/secrets/datalake-access-key"
          },
          "sensitive_attributes": [
            [
              {
                "type": "get_attr",
                "value": "value"
              }
            ]
          ],
          "private": "eyJlMmJmYjczMC1lY2FhLTExZTYtOGY4OC0zNDM2M2JjN2M0YzAiOnsiY3JlYXRlIjoxODAwMDAwMDAwMDAwLCJkZWxldGUiOjE4MDAwMDAwMDAwMDAsInJlYWQiOjE4MDAwMDAwMDAwMDAsInVwZGF0ZSI6MTgwMDAwMDAwMDAwMH19",
          "dependencies": [
            "azurerm_key_vault.key_vault",
            "azurerm_key_vault_access_policy.deployer_keyvault_policy",
            "azurerm_resource_group.resource_group",
            "azurerm_storage_account.datalake_storage_account",
            "data.azuread_client_config.current",
            "random_string.random_prefix"
          ]
        }
      ]
    },
    {
      "mode": "managed",
      "type": "azurerm_resource_group",
      "name": "resource_group",
      "provider": "provider[\"registry.terraform.io/hashicorp/azurerm\"]",
      "instances": [
        {
          "schema_version": 0,
          "attributes": {
            "id": "/subscriptions/8b41bb3a-73a0-4041-90c2-d82d4d3cbc5f/resourceGroups/bigdataocyy02m3ug_rg",
            "location": "westeurope",
            "name": "bigdataocyy02m3ug_rg",
            "tags": {},
            "timeouts": null
          },
          "sensitive_attributes": [],
          "private": "eyJlMmJmYjczMC1lY2FhLTExZTYtOGY4OC0zNDM2M2JjN2M0YzAiOnsiY3JlYXRlIjo1NDAwMDAwMDAwMDAwLCJkZWxldGUiOjU0MDAwMDAwMDAwMDAsInJlYWQiOjMwMDAwMDAwMDAwMCwidXBkYXRlIjo1NDAwMDAwMDAwMDAwfX0=",
          "dependencies": [
            "random_string.random_prefix"
          ]
        }
      ]
    },
    {
      "mode": "managed",
      "type": "azurerm_role_assignment",
      "name": "databricks_dl_role_assignment",
      "provider": "provider[\"registry.terraform.io/hashicorp/azurerm\"]",
      "instances": [
        {
          "index_key": "Contributor",
          "schema_version": 0,
          "attributes": {
            "condition": "",
            "condition_version": "",
            "delegated_managed_identity_resource_id": "",
            "description": "",
            "id": "/subscriptions/8b41bb3a-73a0-4041-90c2-d82d4d3cbc5f/resourceGroups/bigdataocyy02m3ug_rg/providers/Microsoft.Storage/storageAccounts/datalakebigdataocyy02m3u/providers/Microsoft.Authorization/roleAssignments/1caf1f95-5fdf-3dec-a8d9-09d744109aa9",
            "name": "1caf1f95-5fdf-3dec-a8d9-09d744109aa9",
            "principal_id": "ccacbf13-afda-4404-958a-ce27d6f807d5",
            "principal_type": "ServicePrincipal",
            "role_definition_id": "/subscriptions/8b41bb3a-73a0-4041-90c2-d82d4d3cbc5f/providers/Microsoft.Authorization/roleDefinitions/b24988ac-6180-42a0-ab88-20f7382dd24c",
            "role_definition_name": "Contributor",
            "scope": "/subscriptions/8b41bb3a-73a0-4041-90c2-d82d4d3cbc5f/resourceGroups/bigdataocyy02m3ug_rg/providers/Microsoft.Storage/storageAccounts/datalakebigdataocyy02m3u",
            "skip_service_principal_aad_check": null,
            "timeouts": null
          },
          "sensitive_attributes": [],
          "private": "eyJlMmJmYjczMC1lY2FhLTExZTYtOGY4OC0zNDM2M2JjN2M0YzAiOnsiY3JlYXRlIjoxODAwMDAwMDAwMDAwLCJkZWxldGUiOjE4MDAwMDAwMDAwMDAsInJlYWQiOjMwMDAwMDAwMDAwMCwidXBkYXRlIjoxODAwMDAwMDAwMDAwfX0=",
          "dependencies": [
            "azuread_application.databricks_service_application",
            "azuread_service_principal.aad_service_sp",
            "azurerm_resource_group.resource_group",
            "azurerm_storage_account.datalake_storage_account",
            "data.azuread_client_config.current",
            "random_string.random_prefix"
          ]
        },
        {
          "index_key": "Storage Blob Data Owner",
          "schema_version": 0,
          "attributes": {
            "condition": "",
            "condition_version": "",
            "delegated_managed_identity_resource_id": "",
            "description": "",
            "id": "/subscriptions/8b41bb3a-73a0-4041-90c2-d82d4d3cbc5f/resourceGroups/bigdataocyy02m3ug_rg/providers/Microsoft.Storage/storageAccounts/datalakebigdataocyy02m3u/providers/Microsoft.Authorization/roleAssignments/3af70a40-3384-5336-32d4-179578b0d178",
            "name": "3af70a40-3384-5336-32d4-179578b0d178",
            "principal_id": "ccacbf13-afda-4404-958a-ce27d6f807d5",
            "principal_type": "ServicePrincipal",
            "role_definition_id": "/subscriptions/8b41bb3a-73a0-4041-90c2-d82d4d3cbc5f/providers/Microsoft.Authorization/roleDefinitions/b7e6dc6d-f1e8-4753-8033-0f276bb0955b",
            "role_definition_name": "Storage Blob Data Owner",
            "scope": "/subscriptions/8b41bb3a-73a0-4041-90c2-d82d4d3cbc5f/resourceGroups/bigdataocyy02m3ug_rg/providers/Microsoft.Storage/storageAccounts/datalakebigdataocyy02m3u",
            "skip_service_principal_aad_check": null,
            "timeouts": null
          },
          "sensitive_attributes": [],
          "private": "eyJlMmJmYjczMC1lY2FhLTExZTYtOGY4OC0zNDM2M2JjN2M0YzAiOnsiY3JlYXRlIjoxODAwMDAwMDAwMDAwLCJkZWxldGUiOjE4MDAwMDAwMDAwMDAsInJlYWQiOjMwMDAwMDAwMDAwMCwidXBkYXRlIjoxODAwMDAwMDAwMDAwfX0=",
          "dependencies": [
            "azuread_application.databricks_service_application",
            "azuread_service_principal.aad_service_sp",
            "azurerm_resource_group.resource_group",
            "azurerm_storage_account.datalake_storage_account",
            "data.azuread_client_config.current",
            "random_string.random_prefix"
          ]
        }
      ]
    },
    {
      "mode": "managed",
      "type": "azurerm_role_assignment",
      "name": "deployer_databricks_role_assignement",
      "provider": "provider[\"registry.terraform.io/hashicorp/azurerm\"]",
      "instances": [
        {
          "index_key": "Contributor",
          "schema_version": 0,
          "attributes": {
            "condition": "",
            "condition_version": "",
            "delegated_managed_identity_resource_id": "",
            "description": "",
            "id": "/subscriptions/8b41bb3a-73a0-4041-90c2-d82d4d3cbc5f/resourceGroups/bigdataocyy02m3ug_rg/providers/Microsoft.Databricks/workspaces/databricks-workspace-bigdataocyy02m3ug/providers/Microsoft.Authorization/roleAssignments/feead05e-f9a2-d80e-2216-7f6d90e1c89e",
            "name": "feead05e-f9a2-d80e-2216-7f6d90e1c89e",
            "principal_id": "881efb1c-9e27-4b58-823a-230f51d9a8f4",
            "principal_type": "User",
            "role_definition_id": "/subscriptions/8b41bb3a-73a0-4041-90c2-d82d4d3cbc5f/providers/Microsoft.Authorization/roleDefinitions/b24988ac-6180-42a0-ab88-20f7382dd24c",
            "role_definition_name": "Contributor",
            "scope": "/subscriptions/8b41bb3a-73a0-4041-90c2-d82d4d3cbc5f/resourceGroups/bigdataocyy02m3ug_rg/providers/Microsoft.Databricks/workspaces/databricks-workspace-bigdataocyy02m3ug",
            "skip_service_principal_aad_check": null,
            "timeouts": null
          },
          "sensitive_attributes": [],
          "private": "eyJlMmJmYjczMC1lY2FhLTExZTYtOGY4OC0zNDM2M2JjN2M0YzAiOnsiY3JlYXRlIjoxODAwMDAwMDAwMDAwLCJkZWxldGUiOjE4MDAwMDAwMDAwMDAsInJlYWQiOjMwMDAwMDAwMDAwMCwidXBkYXRlIjoxODAwMDAwMDAwMDAwfX0=",
          "dependencies": [
            "azurerm_databricks_workspace.databricks_workspace",
            "azurerm_resource_group.resource_group",
            "data.azuread_client_config.current",
            "random_string.random_prefix"
          ]
        },
        {
          "index_key": "Storage Blob Data Owner",
          "schema_version": 0,
          "attributes": {
            "condition": "",
            "condition_version": "",
            "delegated_managed_identity_resource_id": "",
            "description": "",
            "id": "/subscriptions/8b41bb3a-73a0-4041-90c2-d82d4d3cbc5f/resourceGroups/bigdataocyy02m3ug_rg/providers/Microsoft.Databricks/workspaces/databricks-workspace-bigdataocyy02m3ug/providers/Microsoft.Authorization/roleAssignments/45fc3dae-181c-d3e1-fd6d-43d60304c651",
            "name": "45fc3dae-181c-d3e1-fd6d-43d60304c651",
            "principal_id": "881efb1c-9e27-4b58-823a-230f51d9a8f4",
            "principal_type": "User",
            "role_definition_id": "/subscriptions/8b41bb3a-73a0-4041-90c2-d82d4d3cbc5f/providers/Microsoft.Authorization/roleDefinitions/b7e6dc6d-f1e8-4753-8033-0f276bb0955b",
            "role_definition_name": "Storage Blob Data Owner",
            "scope": "/subscriptions/8b41bb3a-73a0-4041-90c2-d82d4d3cbc5f/resourceGroups/bigdataocyy02m3ug_rg/providers/Microsoft.Databricks/workspaces/databricks-workspace-bigdataocyy02m3ug",
            "skip_service_principal_aad_check": null,
            "timeouts": null
          },
          "sensitive_attributes": [],
          "private": "eyJlMmJmYjczMC1lY2FhLTExZTYtOGY4OC0zNDM2M2JjN2M0YzAiOnsiY3JlYXRlIjoxODAwMDAwMDAwMDAwLCJkZWxldGUiOjE4MDAwMDAwMDAwMDAsInJlYWQiOjMwMDAwMDAwMDAwMCwidXBkYXRlIjoxODAwMDAwMDAwMDAwfX0=",
          "dependencies": [
            "azurerm_databricks_workspace.databricks_workspace",
            "azurerm_resource_group.resource_group",
            "data.azuread_client_config.current",
            "random_string.random_prefix"
          ]
        }
      ]
    },
    {
      "mode": "managed",
      "type": "azurerm_role_assignment",
      "name": "df_databricks_role_assignement",
      "provider": "provider[\"registry.terraform.io/hashicorp/azurerm\"]",
      "instances": []
    },
    {
      "mode": "managed",
      "type": "azurerm_role_assignment",
      "name": "df_datalake_role_assignement",
      "provider": "provider[\"registry.terraform.io/hashicorp/azurerm\"]",
      "instances": []
    },
    {
      "mode": "managed",
      "type": "azurerm_role_assignment",
      "name": "df_owner_role_assignement",
      "provider": "provider[\"registry.terraform.io/hashicorp/azurerm\"]",
      "instances": []
    },
    {
      "mode": "managed",
      "type": "azurerm_role_assignment",
      "name": "df_source_role_assignement",
      "provider": "provider[\"registry.terraform.io/hashicorp/azurerm\"]",
      "instances": []
    },
    {
      "mode": "managed",
      "type": "azurerm_role_assignment",
      "name": "user_datalake_role_assignement",
      "provider": "provider[\"registry.terraform.io/hashicorp/azurerm\"]",
      "instances": [
        {
          "index_key": "Contributor",
          "schema_version": 0,
          "attributes": {
            "condition": "",
            "condition_version": "",
            "delegated_managed_identity_resource_id": "",
            "description": "",
            "id": "/subscriptions/8b41bb3a-73a0-4041-90c2-d82d4d3cbc5f/resourceGroups/bigdataocyy02m3ug_rg/providers/Microsoft.Storage/storageAccounts/datalakebigdataocyy02m3u/providers/Microsoft.Authorization/roleAssignments/f9b3d83f-a2b9-7c10-901c-d77e277c50e9",
            "name": "f9b3d83f-a2b9-7c10-901c-d77e277c50e9",
            "principal_id": "881efb1c-9e27-4b58-823a-230f51d9a8f4",
            "principal_type": "User",
            "role_definition_id": "/subscriptions/8b41bb3a-73a0-4041-90c2-d82d4d3cbc5f/providers/Microsoft.Authorization/roleDefinitions/b24988ac-6180-42a0-ab88-20f7382dd24c",
            "role_definition_name": "Contributor",
            "scope": "/subscriptions/8b41bb3a-73a0-4041-90c2-d82d4d3cbc5f/resourceGroups/bigdataocyy02m3ug_rg/providers/Microsoft.Storage/storageAccounts/datalakebigdataocyy02m3u",
            "skip_service_principal_aad_check": null,
            "timeouts": null
          },
          "sensitive_attributes": [],
          "private": "eyJlMmJmYjczMC1lY2FhLTExZTYtOGY4OC0zNDM2M2JjN2M0YzAiOnsiY3JlYXRlIjoxODAwMDAwMDAwMDAwLCJkZWxldGUiOjE4MDAwMDAwMDAwMDAsInJlYWQiOjMwMDAwMDAwMDAwMCwidXBkYXRlIjoxODAwMDAwMDAwMDAwfX0=",
          "dependencies": [
            "azurerm_resource_group.resource_group",
            "azurerm_storage_account.datalake_storage_account",
            "data.azuread_client_config.current",
            "random_string.random_prefix"
          ]
        },
        {
          "index_key": "Storage Blob Data Owner",
          "schema_version": 0,
          "attributes": {
            "condition": "",
            "condition_version": "",
            "delegated_managed_identity_resource_id": "",
            "description": "",
            "id": "/subscriptions/8b41bb3a-73a0-4041-90c2-d82d4d3cbc5f/resourceGroups/bigdataocyy02m3ug_rg/providers/Microsoft.Storage/storageAccounts/datalakebigdataocyy02m3u/providers/Microsoft.Authorization/roleAssignments/9d21dbea-96dd-254b-5198-2b09ab1cd6e0",
            "name": "9d21dbea-96dd-254b-5198-2b09ab1cd6e0",
            "principal_id": "881efb1c-9e27-4b58-823a-230f51d9a8f4",
            "principal_type": "User",
            "role_definition_id": "/subscriptions/8b41bb3a-73a0-4041-90c2-d82d4d3cbc5f/providers/Microsoft.Authorization/roleDefinitions/b7e6dc6d-f1e8-4753-8033-0f276bb0955b",
            "role_definition_name": "Storage Blob Data Owner",
            "scope": "/subscriptions/8b41bb3a-73a0-4041-90c2-d82d4d3cbc5f/resourceGroups/bigdataocyy02m3ug_rg/providers/Microsoft.Storage/storageAccounts/datalakebigdataocyy02m3u",
            "skip_service_principal_aad_check": null,
            "timeouts": null
          },
          "sensitive_attributes": [],
          "private": "eyJlMmJmYjczMC1lY2FhLTExZTYtOGY4OC0zNDM2M2JjN2M0YzAiOnsiY3JlYXRlIjoxODAwMDAwMDAwMDAwLCJkZWxldGUiOjE4MDAwMDAwMDAwMDAsInJlYWQiOjMwMDAwMDAwMDAwMCwidXBkYXRlIjoxODAwMDAwMDAwMDAwfX0=",
          "dependencies": [
            "azurerm_resource_group.resource_group",
            "azurerm_storage_account.datalake_storage_account",
            "data.azuread_client_config.current",
            "random_string.random_prefix"
          ]
        }
      ]
    },
    {
      "mode": "managed",
      "type": "azurerm_storage_account",
      "name": "datalake_storage_account",
      "provider": "provider[\"registry.terraform.io/hashicorp/azurerm\"]",
      "instances": [
        {
          "schema_version": 3,
          "attributes": {
            "access_tier": "Hot",
            "account_kind": "StorageV2",
            "account_replication_type": "LRS",
            "account_tier": "Standard",
            "allow_nested_items_to_be_public": true,
            "azure_files_authentication": [],
            "blob_properties": [
              {
                "change_feed_enabled": false,
                "change_feed_retention_in_days": 0,
                "container_delete_retention_policy": [],
                "cors_rule": [],
                "default_service_version": "",
                "delete_retention_policy": [],
                "last_access_time_enabled": false,
                "restore_policy": [],
                "versioning_enabled": false
              }
            ],
            "cross_tenant_replication_enabled": true,
            "custom_domain": [],
            "customer_managed_key": [],
            "default_to_oauth_authentication": false,
            "edge_zone": "",
            "enable_https_traffic_only": true,
            "id": "/subscriptions/8b41bb3a-73a0-4041-90c2-d82d4d3cbc5f/resourceGroups/bigdataocyy02m3ug_rg/providers/Microsoft.Storage/storageAccounts/datalakebigdataocyy02m3u",
            "identity": [],
            "immutability_policy": [],
            "infrastructure_encryption_enabled": false,
            "is_hns_enabled": true,
            "large_file_share_enabled": null,
            "location": "westeurope",
            "min_tls_version": "TLS1_2",
            "name": "datalakebigdataocyy02m3u",
            "network_rules": [
              {
                "bypass": [
                  "AzureServices"
                ],
                "default_action": "Allow",
                "ip_rules": [],
                "private_link_access": [],
                "virtual_network_subnet_ids": []
              }
            ],
            "nfsv3_enabled": false,
            "primary_access_key": "fWawXwunMaN6l4nSxxzxvoFq2O1N4ZVhgUSvMkLjw35yWOuX8QMc61/f3CcJ0a2yxYrUhJ0F3YNm+AStYaL9ew==",
            "primary_blob_connection_string": "DefaultEndpointsProtocol=https;BlobEndpoint=https://datalakebigdataocyy02m3u.blob.core.windows.net/;AccountName=datalakebigdataocyy02m3u;AccountKey=fWawXwunMaN6l4nSxxzxvoFq2O1N4ZVhgUSvMkLjw35yWOuX8QMc61/f3CcJ0a2yxYrUhJ0F3YNm+AStYaL9ew==",
            "primary_blob_endpoint": "https://datalakebigdataocyy02m3u.blob.core.windows.net/",
            "primary_blob_host": "datalakebigdataocyy02m3u.blob.core.windows.net",
            "primary_connection_string": "DefaultEndpointsProtocol=https;AccountName=datalakebigdataocyy02m3u;AccountKey=fWawXwunMaN6l4nSxxzxvoFq2O1N4ZVhgUSvMkLjw35yWOuX8QMc61/f3CcJ0a2yxYrUhJ0F3YNm+AStYaL9ew==;EndpointSuffix=core.windows.net",
            "primary_dfs_endpoint": "https://datalakebigdataocyy02m3u.dfs.core.windows.net/",
            "primary_dfs_host": "datalakebigdataocyy02m3u.dfs.core.windows.net",
            "primary_file_endpoint": "https://datalakebigdataocyy02m3u.file.core.windows.net/",
            "primary_file_host": "datalakebigdataocyy02m3u.file.core.windows.net",
            "primary_location": "westeurope",
            "primary_queue_endpoint": "https://datalakebigdataocyy02m3u.queue.core.windows.net/",
            "primary_queue_host": "datalakebigdataocyy02m3u.queue.core.windows.net",
            "primary_table_endpoint": "https://datalakebigdataocyy02m3u.table.core.windows.net/",
            "primary_table_host": "datalakebigdataocyy02m3u.table.core.windows.net",
            "primary_web_endpoint": "https://datalakebigdataocyy02m3u.z6.web.core.windows.net/",
            "primary_web_host": "datalakebigdataocyy02m3u.z6.web.core.windows.net",
            "public_network_access_enabled": true,
            "queue_encryption_key_type": "Service",
            "queue_properties": [
              {
                "cors_rule": [],
                "hour_metrics": [
                  {
                    "enabled": true,
                    "include_apis": true,
                    "retention_policy_days": 7,
                    "version": "1.0"
                  }
                ],
                "logging": [
                  {
                    "delete": false,
                    "read": false,
                    "retention_policy_days": 0,
                    "version": "1.0",
                    "write": false
                  }
                ],
                "minute_metrics": [
                  {
                    "enabled": false,
                    "include_apis": false,
                    "retention_policy_days": 0,
                    "version": "1.0"
                  }
                ]
              }
            ],
            "resource_group_name": "bigdataocyy02m3ug_rg",
            "routing": [],
            "sas_policy": [],
            "secondary_access_key": "OwVj9GiAAQdBA/RNf3+uXnXPCLudjFmpaYEYZZOcKEkl6yCAfTOL7MwGVGiYJE2tV5BJ87QWNuba+AStLYSaiA==",
            "secondary_blob_connection_string": "",
            "secondary_blob_endpoint": null,
            "secondary_blob_host": null,
            "secondary_connection_string": "DefaultEndpointsProtocol=https;AccountName=datalakebigdataocyy02m3u;AccountKey=OwVj9GiAAQdBA/RNf3+uXnXPCLudjFmpaYEYZZOcKEkl6yCAfTOL7MwGVGiYJE2tV5BJ87QWNuba+AStLYSaiA==;EndpointSuffix=core.windows.net",
            "secondary_dfs_endpoint": null,
            "secondary_dfs_host": null,
            "secondary_file_endpoint": null,
            "secondary_file_host": null,
            "secondary_location": "",
            "secondary_queue_endpoint": null,
            "secondary_queue_host": null,
            "secondary_table_endpoint": null,
            "secondary_table_host": null,
            "secondary_web_endpoint": null,
            "secondary_web_host": null,
            "sftp_enabled": false,
            "share_properties": [
              {
                "cors_rule": [],
                "retention_policy": [
                  {
                    "days": 7
                  }
                ],
                "smb": []
              }
            ],
            "shared_access_key_enabled": true,
            "static_website": [],
            "table_encryption_key_type": "Service",
            "tags": {},
            "timeouts": null
          },
          "sensitive_attributes": [],
          "private": "eyJlMmJmYjczMC1lY2FhLTExZTYtOGY4OC0zNDM2M2JjN2M0YzAiOnsiY3JlYXRlIjozNjAwMDAwMDAwMDAwLCJkZWxldGUiOjM2MDAwMDAwMDAwMDAsInJlYWQiOjMwMDAwMDAwMDAwMCwidXBkYXRlIjozNjAwMDAwMDAwMDAwfSwic2NoZW1hX3ZlcnNpb24iOiIzIn0=",
          "dependencies": [
            "azurerm_resource_group.resource_group",
            "random_string.random_prefix"
          ]
        }
      ]
    },
    {
      "mode": "managed",
      "type": "azurerm_storage_account",
      "name": "source_storage_account",
      "provider": "provider[\"registry.terraform.io/hashicorp/azurerm\"]",
      "instances": [
        {
          "schema_version": 3,
          "attributes": {
            "access_tier": "Hot",
            "account_kind": "StorageV2",
            "account_replication_type": "LRS",
            "account_tier": "Standard",
            "allow_nested_items_to_be_public": true,
            "azure_files_authentication": [],
            "blob_properties": [
              {
                "change_feed_enabled": false,
                "change_feed_retention_in_days": 0,
                "container_delete_retention_policy": [],
                "cors_rule": [],
                "default_service_version": "",
                "delete_retention_policy": [],
                "last_access_time_enabled": false,
                "restore_policy": [],
                "versioning_enabled": false
              }
            ],
            "cross_tenant_replication_enabled": true,
            "custom_domain": [],
            "customer_managed_key": [],
            "default_to_oauth_authentication": false,
            "edge_zone": "",
            "enable_https_traffic_only": true,
            "id": "/subscriptions/8b41bb3a-73a0-4041-90c2-d82d4d3cbc5f/resourceGroups/bigdataocyy02m3ug_rg/providers/Microsoft.Storage/storageAccounts/sourcebigdataocyy02m3ug",
            "identity": [],
            "immutability_policy": [],
            "infrastructure_encryption_enabled": false,
            "is_hns_enabled": true,
            "large_file_share_enabled": null,
            "location": "westeurope",
            "min_tls_version": "TLS1_2",
            "name": "sourcebigdataocyy02m3ug",
            "network_rules": [
              {
                "bypass": [
                  "AzureServices"
                ],
                "default_action": "Allow",
                "ip_rules": [],
                "private_link_access": [],
                "virtual_network_subnet_ids": []
              }
            ],
            "nfsv3_enabled": false,
            "primary_access_key": "abX9frGUIfcte1vB86xurqwZ6YIGMWU2Bm6/kaXd6BtawfL2NgZfvW8kuSTpGtu+fNnoe34S/tAM+AStatB+iQ==",
            "primary_blob_connection_string": "DefaultEndpointsProtocol=https;BlobEndpoint=https://sourcebigdataocyy02m3ug.blob.core.windows.net/;AccountName=sourcebigdataocyy02m3ug;AccountKey=abX9frGUIfcte1vB86xurqwZ6YIGMWU2Bm6/kaXd6BtawfL2NgZfvW8kuSTpGtu+fNnoe34S/tAM+AStatB+iQ==",
            "primary_blob_endpoint": "https://sourcebigdataocyy02m3ug.blob.core.windows.net/",
            "primary_blob_host": "sourcebigdataocyy02m3ug.blob.core.windows.net",
            "primary_connection_string": "DefaultEndpointsProtocol=https;AccountName=sourcebigdataocyy02m3ug;AccountKey=abX9frGUIfcte1vB86xurqwZ6YIGMWU2Bm6/kaXd6BtawfL2NgZfvW8kuSTpGtu+fNnoe34S/tAM+AStatB+iQ==;EndpointSuffix=core.windows.net",
            "primary_dfs_endpoint": "https://sourcebigdataocyy02m3ug.dfs.core.windows.net/",
            "primary_dfs_host": "sourcebigdataocyy02m3ug.dfs.core.windows.net",
            "primary_file_endpoint": "https://sourcebigdataocyy02m3ug.file.core.windows.net/",
            "primary_file_host": "sourcebigdataocyy02m3ug.file.core.windows.net",
            "primary_location": "westeurope",
            "primary_queue_endpoint": "https://sourcebigdataocyy02m3ug.queue.core.windows.net/",
            "primary_queue_host": "sourcebigdataocyy02m3ug.queue.core.windows.net",
            "primary_table_endpoint": "https://sourcebigdataocyy02m3ug.table.core.windows.net/",
            "primary_table_host": "sourcebigdataocyy02m3ug.table.core.windows.net",
            "primary_web_endpoint": "https://sourcebigdataocyy02m3ug.z6.web.core.windows.net/",
            "primary_web_host": "sourcebigdataocyy02m3ug.z6.web.core.windows.net",
            "public_network_access_enabled": true,
            "queue_encryption_key_type": "Service",
            "queue_properties": [
              {
                "cors_rule": [],
                "hour_metrics": [
                  {
                    "enabled": true,
                    "include_apis": true,
                    "retention_policy_days": 7,
                    "version": "1.0"
                  }
                ],
                "logging": [
                  {
                    "delete": false,
                    "read": false,
                    "retention_policy_days": 0,
                    "version": "1.0",
                    "write": false
                  }
                ],
                "minute_metrics": [
                  {
                    "enabled": false,
                    "include_apis": false,
                    "retention_policy_days": 0,
                    "version": "1.0"
                  }
                ]
              }
            ],
            "resource_group_name": "bigdataocyy02m3ug_rg",
            "routing": [],
            "sas_policy": [],
            "secondary_access_key": "RPsNtC7HN4YXlNeuz/l0j13eK6DNF0MAKnZLOx0HeH82KC1LgEukkOShYDzQACADthXzOueqzK7z+AStrWZxsw==",
            "secondary_blob_connection_string": "",
            "secondary_blob_endpoint": null,
            "secondary_blob_host": null,
            "secondary_connection_string": "DefaultEndpointsProtocol=https;AccountName=sourcebigdataocyy02m3ug;AccountKey=RPsNtC7HN4YXlNeuz/l0j13eK6DNF0MAKnZLOx0HeH82KC1LgEukkOShYDzQACADthXzOueqzK7z+AStrWZxsw==;EndpointSuffix=core.windows.net",
            "secondary_dfs_endpoint": null,
            "secondary_dfs_host": null,
            "secondary_file_endpoint": null,
            "secondary_file_host": null,
            "secondary_location": "",
            "secondary_queue_endpoint": null,
            "secondary_queue_host": null,
            "secondary_table_endpoint": null,
            "secondary_table_host": null,
            "secondary_web_endpoint": null,
            "secondary_web_host": null,
            "sftp_enabled": false,
            "share_properties": [
              {
                "cors_rule": [],
                "retention_policy": [
                  {
                    "days": 7
                  }
                ],
                "smb": []
              }
            ],
            "shared_access_key_enabled": true,
            "static_website": [],
            "table_encryption_key_type": "Service",
            "tags": {},
            "timeouts": null
          },
          "sensitive_attributes": [],
          "private": "eyJlMmJmYjczMC1lY2FhLTExZTYtOGY4OC0zNDM2M2JjN2M0YzAiOnsiY3JlYXRlIjozNjAwMDAwMDAwMDAwLCJkZWxldGUiOjM2MDAwMDAwMDAwMDAsInJlYWQiOjMwMDAwMDAwMDAwMCwidXBkYXRlIjozNjAwMDAwMDAwMDAwfSwic2NoZW1hX3ZlcnNpb24iOiIzIn0=",
          "dependencies": [
            "azurerm_resource_group.resource_group",
            "random_string.random_prefix"
          ]
        }
      ]
    },
    {
      "mode": "managed",
      "type": "azurerm_storage_container",
      "name": "source_container",
      "provider": "provider[\"registry.terraform.io/hashicorp/azurerm\"]",
      "instances": [
        {
          "schema_version": 1,
          "attributes": {
            "container_access_type": "private",
            "has_immutability_policy": false,
            "has_legal_hold": false,
            "id": "https://sourcebigdataocyy02m3ug.blob.core.windows.net/patient-data-source",
            "metadata": {},
            "name": "patient-data-source",
            "resource_manager_id": "/subscriptions/8b41bb3a-73a0-4041-90c2-d82d4d3cbc5f/resourceGroups/bigdataocyy02m3ug_rg/providers/Microsoft.Storage/storageAccounts/sourcebigdataocyy02m3ug/blobServices/default/containers/patient-data-source",
            "storage_account_name": "sourcebigdataocyy02m3ug",
            "timeouts": null
          },
          "sensitive_attributes": [],
          "private": "eyJlMmJmYjczMC1lY2FhLTExZTYtOGY4OC0zNDM2M2JjN2M0YzAiOnsiY3JlYXRlIjoxODAwMDAwMDAwMDAwLCJkZWxldGUiOjE4MDAwMDAwMDAwMDAsInJlYWQiOjMwMDAwMDAwMDAwMCwidXBkYXRlIjoxODAwMDAwMDAwMDAwfSwic2NoZW1hX3ZlcnNpb24iOiIxIn0=",
          "dependencies": [
            "azurerm_resource_group.resource_group",
            "azurerm_storage_account.source_storage_account",
            "random_string.random_prefix"
          ]
        }
      ]
    },
    {
      "mode": "managed",
      "type": "azurerm_storage_data_lake_gen2_filesystem",
      "name": "adls",
      "provider": "provider[\"registry.terraform.io/hashicorp/azurerm\"]",
      "instances": [
        {
          "schema_version": 0,
          "attributes": {
            "ace": [
              {
                "id": "881efb1c-9e27-4b58-823a-230f51d9a8f4",
                "permissions": "rwx",
                "scope": "access",
                "type": "user"
              }
            ],
            "group": "881efb1c-9e27-4b58-823a-230f51d9a8f4",
            "id": "https://datalakebigdataocyy02m3u.dfs.core.windows.net/datalake",
            "name": "datalake",
            "owner": "881efb1c-9e27-4b58-823a-230f51d9a8f4",
            "properties": {},
            "storage_account_id": "/subscriptions/8b41bb3a-73a0-4041-90c2-d82d4d3cbc5f/resourceGroups/bigdataocyy02m3ug_rg/providers/Microsoft.Storage/storageAccounts/datalakebigdataocyy02m3u",
            "timeouts": null
          },
          "sensitive_attributes": [],
          "private": "eyJlMmJmYjczMC1lY2FhLTExZTYtOGY4OC0zNDM2M2JjN2M0YzAiOnsiY3JlYXRlIjoxODAwMDAwMDAwMDAwLCJkZWxldGUiOjE4MDAwMDAwMDAwMDAsInJlYWQiOjMwMDAwMDAwMDAwMCwidXBkYXRlIjoxODAwMDAwMDAwMDAwfX0=",
          "dependencies": [
            "azurerm_storage_account.datalake_storage_account",
            "data.azuread_client_config.current",
            "time_sleep.role_assignment_sleep"
          ]
        }
      ]
    },
    {
      "mode": "managed",
      "type": "azurerm_storage_data_lake_gen2_path",
      "name": "datalake_path",
      "provider": "provider[\"registry.terraform.io/hashicorp/azurerm\"]",
      "instances": []
    },
    {
      "mode": "managed",
      "type": "databricks_mount",
      "name": "databricks_mound",
      "provider": "provider[\"registry.terraform.io/databricks/databricks\"]",
      "instances": []
    },
    {
      "mode": "managed",
      "type": "databricks_secret",
      "name": "token",
      "provider": "provider[\"registry.terraform.io/databricks/databricks\"]",
      "instances": []
    },
    {
      "mode": "managed",
      "type": "databricks_secret_scope",
      "name": "kv",
      "provider": "provider[\"registry.terraform.io/databricks/databricks\"]",
      "instances": []
    },
    {
      "mode": "managed",
      "type": "random_string",
      "name": "random_prefix",
      "provider": "provider[\"registry.terraform.io/hashicorp/random\"]",
      "instances": [
        {
          "schema_version": 2,
          "attributes": {
            "id": "ocyy02m3ug",
            "keepers": null,
            "length": 10,
            "lower": true,
            "min_lower": 0,
            "min_numeric": 0,
            "min_special": 0,
            "min_upper": 0,
            "number": true,
            "numeric": true,
            "override_special": null,
            "result": "ocyy02m3ug",
            "special": false,
            "upper": false
          },
          "sensitive_attributes": []
        }
      ]
    },
    {
      "mode": "managed",
      "type": "time_sleep",
      "name": "databricks_role_assignment_sleep",
      "provider": "provider[\"registry.terraform.io/hashicorp/time\"]",
      "instances": [
        {
          "schema_version": 0,
          "attributes": {
            "create_duration": "60s",
            "destroy_duration": null,
            "id": "2023-08-02T10:24:52Z",
            "triggers": {
              "role_assignment": "/subscriptions/8b41bb3a-73a0-4041-90c2-d82d4d3cbc5f/resourceGroups/bigdataocyy02m3ug_rg/providers/Microsoft.Databricks/workspaces/databricks-workspace-bigdataocyy02m3ug/providers/Microsoft.Authorization/roleAssignments/feead05e-f9a2-d80e-2216-7f6d90e1c89e"
            }
          },
          "sensitive_attributes": [],
          "dependencies": [
            "azurerm_databricks_workspace.databricks_workspace",
            "azurerm_resource_group.resource_group",
            "azurerm_role_assignment.deployer_databricks_role_assignement",
            "data.azuread_client_config.current",
            "random_string.random_prefix"
          ]
        }
      ]
    },
    {
      "mode": "managed",
      "type": "time_sleep",
      "name": "role_assignment_sleep",
      "provider": "provider[\"registry.terraform.io/hashicorp/time\"]",
      "instances": [
        {
          "schema_version": 0,
          "attributes": {
            "create_duration": "60s",
            "destroy_duration": null,
            "id": "2023-08-02T10:22:46Z",
            "triggers": {
              "role_assignment": "/subscriptions/8b41bb3a-73a0-4041-90c2-d82d4d3cbc5f/resourceGroups/bigdataocyy02m3ug_rg/providers/Microsoft.Storage/storageAccounts/datalakebigdataocyy02m3u/providers/Microsoft.Authorization/roleAssignments/f9b3d83f-a2b9-7c10-901c-d77e277c50e9"
            }
          },
          "sensitive_attributes": [],
          "dependencies": [
            "azurerm_resource_group.resource_group",
            "azurerm_role_assignment.user_datalake_role_assignement",
            "azurerm_storage_account.datalake_storage_account",
            "data.azuread_client_config.current",
            "random_string.random_prefix"
          ]
        }
      ]
    }
  ],
  "check_results": null
}
